{
  "version": 4,
  "terraform_version": "1.3.4",
  "serial": 4967,
  "lineage": "d3b26784-d75e-c2d5-abfd-2dd4291965db",
  "outputs": {
    "database_subnet_group_name": {
      "value": "spikademo-vpc",
      "type": "string"
    }
  },
  "resources": [
    {
      "mode": "managed",
      "type": "random_password",
      "name": "db_master_pass",
      "provider": "provider[\"registry.terraform.io/hashicorp/random\"]",
      "instances": [
        {
          "schema_version": 3,
          "attributes": {
            "bcrypt_hash": "$2a$10$iTATDgBzLNQQbdCLDzWXN.F63hCNMZY0zWz/MKBCnGv3k8YO4Lk9K",
            "id": "none",
            "keepers": {
              "pass_version": "1"
            },
            "length": 16,
            "lower": true,
            "min_lower": 0,
            "min_numeric": 0,
            "min_special": 3,
            "min_upper": 0,
            "number": true,
            "numeric": true,
            "override_special": "-_=",
            "result": "_Rry5=r9=5-TA_T1",
            "special": true,
            "upper": true
          },
          "sensitive_attributes": [],
          "create_before_destroy": true
        }
      ]
    },
    {
      "mode": "managed",
      "type": "random_password",
      "name": "queue_pass",
      "provider": "provider[\"registry.terraform.io/hashicorp/random\"]",
      "instances": [
        {
          "schema_version": 3,
          "attributes": {
            "bcrypt_hash": "$2a$10$xAnctF/8uFkF0jemGmpgk.fL7SyXBFqmRuJzVpTRyKiQ9Ho7QpOMS",
            "id": "none",
            "keepers": {
              "pass_version": "1"
            },
            "length": 16,
            "lower": true,
            "min_lower": 0,
            "min_numeric": 0,
            "min_special": 0,
            "min_upper": 0,
            "number": true,
            "numeric": true,
            "override_special": null,
            "result": "S6o2Q45ooNye1pkC",
            "special": false,
            "upper": true
          },
          "sensitive_attributes": [],
          "create_before_destroy": true
        }
      ]
    },
    {
      "module": "module.ec2",
      "mode": "data",
      "type": "aws_ami",
      "name": "ubuntu-linux-2204",
      "provider": "provider[\"registry.terraform.io/hashicorp/aws\"]",
      "instances": [
        {
          "schema_version": 0,
          "attributes": {
            "architecture": "x86_64",
            "arn": "arn:aws:ec2:us-west-2::image/ami-038241ba95c675888",
            "block_device_mappings": [
              {
                "device_name": "/dev/sda1",
                "ebs": {
                  "delete_on_termination": "true",
                  "encrypted": "false",
                  "iops": "0",
                  "snapshot_id": "snap-0a3aca1a4f1e74a10",
                  "throughput": "0",
                  "volume_size": "8",
                  "volume_type": "gp2"
                },
                "no_device": "",
                "virtual_name": ""
              },
              {
                "device_name": "/dev/sdb",
                "ebs": {},
                "no_device": "",
                "virtual_name": "ephemeral0"
              },
              {
                "device_name": "/dev/sdc",
                "ebs": {},
                "no_device": "",
                "virtual_name": "ephemeral1"
              }
            ],
            "boot_mode": "",
            "creation_date": "2022-11-01T18:10:36.000Z",
            "deprecation_time": "2024-11-01T18:10:36.000Z",
            "description": "Canonical, Ubuntu, 22.04 LTS, amd64 jammy image build on 2022-11-01",
            "ena_support": true,
            "executable_users": null,
            "filter": [
              {
                "name": "name",
                "values": [
                  "ubuntu/images/hvm-ssd/ubuntu-jammy-22.04-amd64-server-*"
                ]
              },
              {
                "name": "virtualization-type",
                "values": [
                  "hvm"
                ]
              }
            ],
            "hypervisor": "xen",
            "id": "ami-038241ba95c675888",
            "image_id": "ami-038241ba95c675888",
            "image_location": "amazon/ubuntu/images/hvm-ssd/ubuntu-jammy-22.04-amd64-server-20221101.1",
            "image_owner_alias": "amazon",
            "image_type": "machine",
            "imds_support": "",
            "include_deprecated": false,
            "kernel_id": "",
            "most_recent": true,
            "name": "ubuntu/images/hvm-ssd/ubuntu-jammy-22.04-amd64-server-20221101.1",
            "name_regex": null,
            "owner_id": "099720109477",
            "owners": [
              "099720109477"
            ],
            "platform": "",
            "platform_details": "Linux/UNIX",
            "product_codes": [],
            "public": true,
            "ramdisk_id": "",
            "root_device_name": "/dev/sda1",
            "root_device_type": "ebs",
            "root_snapshot_id": "snap-0a3aca1a4f1e74a10",
            "sriov_net_support": "simple",
            "state": "available",
            "state_reason": {
              "code": "UNSET",
              "message": "UNSET"
            },
            "tags": {},
            "timeouts": null,
            "tpm_support": "",
            "usage_operation": "RunInstances",
            "virtualization_type": "hvm"
          },
          "sensitive_attributes": []
        }
      ]
    },
    {
      "module": "module.ec2",
      "mode": "data",
      "type": "template_file",
      "name": "env",
      "provider": "provider[\"registry.terraform.io/hashicorp/template\"]",
      "instances": [
        {
          "schema_version": 0,
          "attributes": {
            "filename": null,
            "id": "c4ee1ac7ec177dc10fe3a6d2435c9142686df76b1c15bf1885358aba7e53044d",
            "rendered": "COMPOSE_PROJECT_NAME=spika3\nENV=production\nADMIN_USERNAME='admin'\nADMIN_PASSWORD='password'\nSERVER_PORT=8080\nCONFCALL_HOST_URL=wss://spika3mediasoup.spika.chat\n\nIS_TEST=0\nANDROID_SMS_VERIFICATION_HASH='K9rS/tfb305'\nIOS_SMS_VERIFICATION_URL='clover.st'\n\nUSE_MNG_API=1\nUSE_MSG_API=1\nUSE_SMS=1\nUSE_SSE=1\nUSE_UPLOAD=1\nUSE_PUSH=1\nUSE_CONFCALL=1\nUSE_MESSAGE_RECORDS_SSE=1\nUSE_WEBHOOK=1\nUSE_MESSAGING=1\n\nTEAM_MODE=1\n\nTWILIO_SID=AC22ef9d07bc79c3af873552bd7400623f\nTWILIO_TOKEN=00c763a417eb35b39fc4b5e3770fd3bb\nTWILIO_FROM_NUMBER=+16069560377\n\nLOG_INFO=1\nLOG_WARN=1\nLOG_ERROR=1\n\nFCM_PROJECT_ID=spika-ultimate\nFCM_API_KEY=AIzaSyD1EJGP17dwcRe4fKC0QaSbfxNglDelLNc\nFCM_AUTH_DOMAIN=spika-ultimate.firebaseapp.com\nFCM_STORAGE_BUCKET=spika-ultimate.appspot.com\nFCM_SENDER_ID=545730644006\nFCM_APP_ID=1:545730644006:web:385d470311a4d7fb0d3ee7\nFCM_MEASUREMENT_ID=G-TFYE1S6ZGT\nFCM_VAPID_KEY=\"BOBmllC0M3B9dJQcXkzv1PCroKRpRmp1laF9wDy23-ZH2j0Zb2KIStUouJdnfN5gysWUEAIEFSBAgoE3q2k-9U8\"\nFCM_HOST=fcm.googleapis.com\nFCM_PRIVATE_KEY=\"-----BEGIN PRIVATE KEY-----\\nMIIEvQIBADANBgkqhkiG9w0BAQEFAASCBKcwggSjAgEAAoIBAQCLz9snaeGuA/xz\\nOEsjGqZSGMNcJAFKQScV2uW+76o7Be0kEA0WDyzElXdSOeMy2kmbWkjfjm24BhmE\\neQlnUbu3F/ny4+wrL7GhfUx+s8r7OgnRcV6QzYy3/A+tXYr+HWh/rigtylyahoDW\\nc/7G716egDcg/YVoizfjy+x8PF5EcZfnOeGqvixNavU48QUbOaEWiaMtkDOa5E/5\\ni52hBBWqwblBBDnGHb+aPx0LkYVm8+etDneZPhdj3AZ7AYleHvJgv2rJmUhVi7Ye\\n4MpaNOaD2R6ENeyM8u8sQE8HlUMZBcatY+m+Hf1o7EgHpTIvD46iKonffX4gANiM\\n0N24ieM9AgMBAAECggEAAkch6y+4r1Ddz1PCt6DyxkIkhq8IfVj35c2B8j0t4RXM\\n4gpH6EzZfh9wSPzr9HNlgRw0tT25EGc7CbM+IbqNbCN+HUS035RAmOC1exf7TeIJ\\ncGngMExFB2daKwkr302D2xavjWVvYk4gMb5Ej6GtQThWDZnLz2L7R2EWaoTCRWut\\nMwBhZny5YUNnzgCfgMgul/UCEGjo5zBneiau5lj76ZJD3AgsB68cnaN3z+QtuqLb\\npCWLYGVUd2qZH7QYu2gGQoT2/fnA1VBI3ycwZvF7JrIdIW3phVqId3xz7WXWns2k\\nlCem44HuYL/KqLkGEm03M+JhK+vJFagkCzTCoPzq8QKBgQDB7FXAXCajEA7QcbUF\\n15/p0yYd0/gJNKiVdp0EZGhrlDRG8Xdj9dfZXs6ONggK43DNvu/l9assfy46pdJ/\\n4lm4eg5CofuK9dvayQowsOKYQjCvQ+h7bOZ6PskB9IlmMYH+AHU6JqYm763TCGEu\\nWcNV1o2W8ouwNuubGvYuoDCVTQKBgQC4kTMIlXhW9CpwFXjk2orw1NYt6yICsimW\\nS4KEIXvGPwdhGNFzXjweCRIbEMJU+e5TaSFCtqUctBzakL2HHXwPg3+0ToSNG1P8\\nURapdB+ibbWprnXaUIbGj2GBBHo03GxBj6/Mn7kUOkRpuaHtyZnAiJTYADH/bxzd\\nOB6xyvTNsQKBgQCjLGLHVoLoSHW+rT796H7VeGclSBv4WwfTpBfg/z/h7bXDUCD+\\nynlSnXS+svY3e0OKzDP+UqYy7d0PWkJyexq1oHZpWPVY6yGQygM6D0zLgz6F62Uu\\nneadTEFE1OfcRqI0AVyijqzWLG0eGnnzT3KOwtcnAXXK05uSSrCFcSMQLQKBgHRx\\nTvQ0cPbTFs8eDOa9pnjonrPbq9ptkuU6gH5iLZfWfg5ZPRN/OYhtipm+ygwYnq7L\\nHevcFXF1hNq0BI7xICsdeH1GKERqIGOIuTZxh9/PPZRu9/WjZlRxcz+VlpAxHK+E\\nOpJrlrXXSQA22J2P2kvpH5bjEKgp7tj2pg7fj/ERAoGALF3WMcu9idxyG2Ymh4Nt\\nz4T7fgG+GmQyIBmoEFp7/daFViB9yLoeh1mPiwLmHNoVg/7QAe/T7tWxd65yQN3n\\nHExX0rbv4wYbldzH4AzJWSHbRThYwuGhtQeQyG9nPKgpu9ZJ1h9lrgsD0cnLyF2O\\nm5Z4MZHgFUILe8vo18jxkkU=\\n-----END PRIVATE KEY-----\\n\"\nFCM_EMAIL=firebase-adminsdk-let7g@spika-ultimate.iam.gserviceaccount.com\n\nMEDIASOUP_ANNOUNCED_IP='54.215.115.153'\nMEDIASOUP_LISTEN_IP='0.0.0.0'\nMEDIASOUP_MIN_PORT=40000\nMEDIASOUP_MAX_PORT=49999\n\nUPLOAD_FOLDER=\"/var/spika\"",
            "template": "COMPOSE_PROJECT_NAME=spika3\nENV=production\nADMIN_USERNAME='admin'\nADMIN_PASSWORD='password'\nSERVER_PORT=8080\nCONFCALL_HOST_URL=wss://spika3mediasoup.spika.chat\n\nIS_TEST=0\nANDROID_SMS_VERIFICATION_HASH='K9rS/tfb305'\nIOS_SMS_VERIFICATION_URL='clover.st'\n\nUSE_MNG_API=1\nUSE_MSG_API=1\nUSE_SMS=1\nUSE_SSE=1\nUSE_UPLOAD=1\nUSE_PUSH=1\nUSE_CONFCALL=1\nUSE_MESSAGE_RECORDS_SSE=1\nUSE_WEBHOOK=1\nUSE_MESSAGING=1\n\nTEAM_MODE=1\n\nTWILIO_SID=AC22ef9d07bc79c3af873552bd7400623f\nTWILIO_TOKEN=00c763a417eb35b39fc4b5e3770fd3bb\nTWILIO_FROM_NUMBER=+16069560377\n\nLOG_INFO=1\nLOG_WARN=1\nLOG_ERROR=1\n\nFCM_PROJECT_ID=spika-ultimate\nFCM_API_KEY=AIzaSyD1EJGP17dwcRe4fKC0QaSbfxNglDelLNc\nFCM_AUTH_DOMAIN=spika-ultimate.firebaseapp.com\nFCM_STORAGE_BUCKET=spika-ultimate.appspot.com\nFCM_SENDER_ID=545730644006\nFCM_APP_ID=1:545730644006:web:385d470311a4d7fb0d3ee7\nFCM_MEASUREMENT_ID=G-TFYE1S6ZGT\nFCM_VAPID_KEY=\"BOBmllC0M3B9dJQcXkzv1PCroKRpRmp1laF9wDy23-ZH2j0Zb2KIStUouJdnfN5gysWUEAIEFSBAgoE3q2k-9U8\"\nFCM_HOST=fcm.googleapis.com\nFCM_PRIVATE_KEY=\"-----BEGIN PRIVATE KEY-----\\nMIIEvQIBADANBgkqhkiG9w0BAQEFAASCBKcwggSjAgEAAoIBAQCLz9snaeGuA/xz\\nOEsjGqZSGMNcJAFKQScV2uW+76o7Be0kEA0WDyzElXdSOeMy2kmbWkjfjm24BhmE\\neQlnUbu3F/ny4+wrL7GhfUx+s8r7OgnRcV6QzYy3/A+tXYr+HWh/rigtylyahoDW\\nc/7G716egDcg/YVoizfjy+x8PF5EcZfnOeGqvixNavU48QUbOaEWiaMtkDOa5E/5\\ni52hBBWqwblBBDnGHb+aPx0LkYVm8+etDneZPhdj3AZ7AYleHvJgv2rJmUhVi7Ye\\n4MpaNOaD2R6ENeyM8u8sQE8HlUMZBcatY+m+Hf1o7EgHpTIvD46iKonffX4gANiM\\n0N24ieM9AgMBAAECggEAAkch6y+4r1Ddz1PCt6DyxkIkhq8IfVj35c2B8j0t4RXM\\n4gpH6EzZfh9wSPzr9HNlgRw0tT25EGc7CbM+IbqNbCN+HUS035RAmOC1exf7TeIJ\\ncGngMExFB2daKwkr302D2xavjWVvYk4gMb5Ej6GtQThWDZnLz2L7R2EWaoTCRWut\\nMwBhZny5YUNnzgCfgMgul/UCEGjo5zBneiau5lj76ZJD3AgsB68cnaN3z+QtuqLb\\npCWLYGVUd2qZH7QYu2gGQoT2/fnA1VBI3ycwZvF7JrIdIW3phVqId3xz7WXWns2k\\nlCem44HuYL/KqLkGEm03M+JhK+vJFagkCzTCoPzq8QKBgQDB7FXAXCajEA7QcbUF\\n15/p0yYd0/gJNKiVdp0EZGhrlDRG8Xdj9dfZXs6ONggK43DNvu/l9assfy46pdJ/\\n4lm4eg5CofuK9dvayQowsOKYQjCvQ+h7bOZ6PskB9IlmMYH+AHU6JqYm763TCGEu\\nWcNV1o2W8ouwNuubGvYuoDCVTQKBgQC4kTMIlXhW9CpwFXjk2orw1NYt6yICsimW\\nS4KEIXvGPwdhGNFzXjweCRIbEMJU+e5TaSFCtqUctBzakL2HHXwPg3+0ToSNG1P8\\nURapdB+ibbWprnXaUIbGj2GBBHo03GxBj6/Mn7kUOkRpuaHtyZnAiJTYADH/bxzd\\nOB6xyvTNsQKBgQCjLGLHVoLoSHW+rT796H7VeGclSBv4WwfTpBfg/z/h7bXDUCD+\\nynlSnXS+svY3e0OKzDP+UqYy7d0PWkJyexq1oHZpWPVY6yGQygM6D0zLgz6F62Uu\\nneadTEFE1OfcRqI0AVyijqzWLG0eGnnzT3KOwtcnAXXK05uSSrCFcSMQLQKBgHRx\\nTvQ0cPbTFs8eDOa9pnjonrPbq9ptkuU6gH5iLZfWfg5ZPRN/OYhtipm+ygwYnq7L\\nHevcFXF1hNq0BI7xICsdeH1GKERqIGOIuTZxh9/PPZRu9/WjZlRxcz+VlpAxHK+E\\nOpJrlrXXSQA22J2P2kvpH5bjEKgp7tj2pg7fj/ERAoGALF3WMcu9idxyG2Ymh4Nt\\nz4T7fgG+GmQyIBmoEFp7/daFViB9yLoeh1mPiwLmHNoVg/7QAe/T7tWxd65yQN3n\\nHExX0rbv4wYbldzH4AzJWSHbRThYwuGhtQeQyG9nPKgpu9ZJ1h9lrgsD0cnLyF2O\\nm5Z4MZHgFUILe8vo18jxkkU=\\n-----END PRIVATE KEY-----\\n\"\nFCM_EMAIL=firebase-adminsdk-let7g@spika-ultimate.iam.gserviceaccount.com\n\nMEDIASOUP_ANNOUNCED_IP='54.215.115.153'\nMEDIASOUP_LISTEN_IP='0.0.0.0'\nMEDIASOUP_MIN_PORT=40000\nMEDIASOUP_MAX_PORT=49999\n\nUPLOAD_FOLDER=\"/var/spika\"",
            "vars": null
          },
          "sensitive_attributes": []
        }
      ]
    },
    {
      "module": "module.ec2",
      "mode": "data",
      "type": "template_file",
      "name": "init",
      "provider": "provider[\"registry.terraform.io/hashicorp/template\"]",
      "instances": []
    },
    {
      "module": "module.ec2",
      "mode": "managed",
      "type": "aws_instance",
      "name": "ec2_public1",
      "provider": "provider[\"registry.terraform.io/hashicorp/aws\"]",
      "instances": []
    },
    {
      "module": "module.ec2",
      "mode": "managed",
      "type": "aws_instance",
      "name": "ec2_public2",
      "provider": "provider[\"registry.terraform.io/hashicorp/aws\"]",
      "instances": []
    },
    {
      "module": "module.ec2",
      "mode": "managed",
      "type": "aws_instance",
      "name": "ec2_public3",
      "provider": "provider[\"registry.terraform.io/hashicorp/aws\"]",
      "instances": []
    },
    {
      "module": "module.elb.module.alb",
      "mode": "managed",
      "type": "aws_lb",
      "name": "this",
      "provider": "provider[\"registry.terraform.io/hashicorp/aws\"]",
      "instances": []
    },
    {
      "module": "module.elb.module.alb",
      "mode": "managed",
      "type": "aws_lb_listener",
      "name": "frontend_http_tcp",
      "provider": "provider[\"registry.terraform.io/hashicorp/aws\"]",
      "instances": []
    },
    {
      "module": "module.networking",
      "mode": "data",
      "type": "aws_availability_zones",
      "name": "available",
      "provider": "provider[\"registry.terraform.io/hashicorp/aws\"]",
      "instances": [
        {
          "schema_version": 0,
          "attributes": {
            "all_availability_zones": null,
            "exclude_names": null,
            "exclude_zone_ids": null,
            "filter": null,
            "group_names": [
              "us-west-2"
            ],
            "id": "us-west-2",
            "names": [
              "us-west-2a",
              "us-west-2b",
              "us-west-2c",
              "us-west-2d"
            ],
            "state": "available",
            "timeouts": null,
            "zone_ids": [
              "usw2-az2",
              "usw2-az1",
              "usw2-az3",
              "usw2-az4"
            ]
          },
          "sensitive_attributes": []
        }
      ]
    },
    {
      "module": "module.networking",
      "mode": "managed",
      "type": "aws_security_group",
      "name": "allow_pub",
      "provider": "provider[\"registry.terraform.io/hashicorp/aws\"]",
      "instances": [
        {
          "schema_version": 1,
          "attributes": {
            "arn": "arn:aws:ec2:us-west-2:872224457307:security-group/sg-0b65661d92ceb618f",
            "description": "Allow SSH inbound traffic",
            "egress": [
              {
                "cidr_blocks": [
                  "0.0.0.0/0"
                ],
                "description": "",
                "from_port": 0,
                "ipv6_cidr_blocks": [],
                "prefix_list_ids": [],
                "protocol": "-1",
                "security_groups": [],
                "self": false,
                "to_port": 0
              }
            ],
            "id": "sg-0b65661d92ceb618f",
            "ingress": [
              {
                "cidr_blocks": [
                  "0.0.0.0/0"
                ],
                "description": "EFS mount target",
                "from_port": 2049,
                "ipv6_cidr_blocks": [],
                "prefix_list_ids": [],
                "protocol": "tcp",
                "security_groups": [],
                "self": false,
                "to_port": 2049
              },
              {
                "cidr_blocks": [
                  "0.0.0.0/0"
                ],
                "description": "HTTP for app servers",
                "from_port": 8080,
                "ipv6_cidr_blocks": [],
                "prefix_list_ids": [],
                "protocol": "tcp",
                "security_groups": [],
                "self": false,
                "to_port": 8080
              },
              {
                "cidr_blocks": [
                  "0.0.0.0/0"
                ],
                "description": "HTTP from the internet",
                "from_port": 80,
                "ipv6_cidr_blocks": [],
                "prefix_list_ids": [],
                "protocol": "tcp",
                "security_groups": [],
                "self": false,
                "to_port": 80
              },
              {
                "cidr_blocks": [
                  "0.0.0.0/0"
                ],
                "description": "HTTPS from the internet",
                "from_port": 443,
                "ipv6_cidr_blocks": [],
                "prefix_list_ids": [],
                "protocol": "tcp",
                "security_groups": [],
                "self": false,
                "to_port": 443
              },
              {
                "cidr_blocks": [
                  "0.0.0.0/0"
                ],
                "description": "Mysql",
                "from_port": 3306,
                "ipv6_cidr_blocks": [],
                "prefix_list_ids": [],
                "protocol": "tcp",
                "security_groups": [],
                "self": false,
                "to_port": 3306
              },
              {
                "cidr_blocks": [
                  "0.0.0.0/0"
                ],
                "description": "RabbitMQ Erlang",
                "from_port": 4639,
                "ipv6_cidr_blocks": [],
                "prefix_list_ids": [],
                "protocol": "tcp",
                "security_groups": [],
                "self": false,
                "to_port": 4639
              },
              {
                "cidr_blocks": [
                  "0.0.0.0/0"
                ],
                "description": "RabbitMQ admin",
                "from_port": 15671,
                "ipv6_cidr_blocks": [],
                "prefix_list_ids": [],
                "protocol": "tcp",
                "security_groups": [],
                "self": false,
                "to_port": 15671
              },
              {
                "cidr_blocks": [
                  "0.0.0.0/0"
                ],
                "description": "RabbitMQ",
                "from_port": 5671,
                "ipv6_cidr_blocks": [],
                "prefix_list_ids": [],
                "protocol": "tcp",
                "security_groups": [],
                "self": false,
                "to_port": 5671
              },
              {
                "cidr_blocks": [
                  "0.0.0.0/0"
                ],
                "description": "Redis",
                "from_port": 6379,
                "ipv6_cidr_blocks": [],
                "prefix_list_ids": [],
                "protocol": "tcp",
                "security_groups": [],
                "self": false,
                "to_port": 6379
              },
              {
                "cidr_blocks": [
                  "0.0.0.0/0"
                ],
                "description": "SSH from the internet",
                "from_port": 22,
                "ipv6_cidr_blocks": [],
                "prefix_list_ids": [],
                "protocol": "tcp",
                "security_groups": [],
                "self": false,
                "to_port": 22
              }
            ],
            "name": "spikademo-public",
            "name_prefix": "",
            "owner_id": "872224457307",
            "revoke_rules_on_delete": false,
            "tags": {
              "Name": "spikademo-allow_pub"
            },
            "tags_all": {
              "Name": "spikademo-allow_pub"
            },
            "timeouts": null,
            "vpc_id": "vpc-0eaf4bc1bdedd7f53"
          },
          "sensitive_attributes": [],
          "private": "eyJlMmJmYjczMC1lY2FhLTExZTYtOGY4OC0zNDM2M2JjN2M0YzAiOnsiY3JlYXRlIjo2MDAwMDAwMDAwMDAsImRlbGV0ZSI6OTAwMDAwMDAwMDAwfSwic2NoZW1hX3ZlcnNpb24iOiIxIn0=",
          "dependencies": [
            "module.networking.module.vpc.aws_vpc.this"
          ],
          "create_before_destroy": true
        }
      ]
    },
    {
      "module": "module.networking",
      "mode": "managed",
      "type": "aws_security_group",
      "name": "allow_ssh_priv",
      "provider": "provider[\"registry.terraform.io/hashicorp/aws\"]",
      "instances": [
        {
          "schema_version": 1,
          "attributes": {
            "arn": "arn:aws:ec2:us-west-2:872224457307:security-group/sg-01b299b6769f8f13a",
            "description": "Allow SSH inbound traffic",
            "egress": [
              {
                "cidr_blocks": [
                  "0.0.0.0/0"
                ],
                "description": "",
                "from_port": 0,
                "ipv6_cidr_blocks": [],
                "prefix_list_ids": [],
                "protocol": "-1",
                "security_groups": [],
                "self": false,
                "to_port": 0
              }
            ],
            "id": "sg-01b299b6769f8f13a",
            "ingress": [
              {
                "cidr_blocks": [
                  "0.0.0.0/0"
                ],
                "description": "EFS mount target",
                "from_port": 2049,
                "ipv6_cidr_blocks": [],
                "prefix_list_ids": [],
                "protocol": "tcp",
                "security_groups": [],
                "self": false,
                "to_port": 2049
              },
              {
                "cidr_blocks": [
                  "10.0.0.0/16"
                ],
                "description": "SSH only from internal VPC clients",
                "from_port": 22,
                "ipv6_cidr_blocks": [],
                "prefix_list_ids": [],
                "protocol": "tcp",
                "security_groups": [],
                "self": false,
                "to_port": 22
              }
            ],
            "name": "spikademo-allow_ssh_priv",
            "name_prefix": "",
            "owner_id": "872224457307",
            "revoke_rules_on_delete": false,
            "tags": {
              "Name": "spikademo-allow_ssh_priv"
            },
            "tags_all": {
              "Name": "spikademo-allow_ssh_priv"
            },
            "timeouts": null,
            "vpc_id": "vpc-0eaf4bc1bdedd7f53"
          },
          "sensitive_attributes": [],
          "private": "eyJlMmJmYjczMC1lY2FhLTExZTYtOGY4OC0zNDM2M2JjN2M0YzAiOnsiY3JlYXRlIjo2MDAwMDAwMDAwMDAsImRlbGV0ZSI6OTAwMDAwMDAwMDAwfSwic2NoZW1hX3ZlcnNpb24iOiIxIn0=",
          "dependencies": [
            "module.networking.module.vpc.aws_vpc.this"
          ]
        }
      ]
    },
    {
      "module": "module.networking.module.vpc",
      "mode": "managed",
      "type": "aws_cloudwatch_log_group",
      "name": "flow_log",
      "provider": "provider[\"registry.terraform.io/hashicorp/aws\"]",
      "instances": []
    },
    {
      "module": "module.networking.module.vpc",
      "mode": "managed",
      "type": "aws_customer_gateway",
      "name": "this",
      "provider": "provider[\"registry.terraform.io/hashicorp/aws\"]",
      "instances": []
    },
    {
      "module": "module.networking.module.vpc",
      "mode": "managed",
      "type": "aws_db_subnet_group",
      "name": "database",
      "provider": "provider[\"registry.terraform.io/hashicorp/aws\"]",
      "instances": [
        {
          "index_key": 0,
          "schema_version": 0,
          "attributes": {
            "arn": "arn:aws:rds:us-west-2:872224457307:subgrp:spikademo-vpc",
            "description": "Database subnet group for spikademo-vpc",
            "id": "spikademo-vpc",
            "name": "spikademo-vpc",
            "name_prefix": "",
            "subnet_ids": [
              "subnet-0528bcab84c99249f",
              "subnet-0ab963858635308d1"
            ],
            "supported_network_types": [
              "IPV4"
            ],
            "tags": {
              "Name": "spikademo-vpc"
            },
            "tags_all": {
              "Name": "spikademo-vpc"
            }
          },
          "sensitive_attributes": [],
          "private": "bnVsbA==",
          "dependencies": [
            "module.networking.data.aws_availability_zones.available",
            "module.networking.module.vpc.aws_subnet.database",
            "module.networking.module.vpc.aws_vpc.this",
            "module.networking.module.vpc.aws_vpc_ipv4_cidr_block_association.this"
          ],
          "create_before_destroy": true
        }
      ]
    },
    {
      "module": "module.networking.module.vpc",
      "mode": "managed",
      "type": "aws_default_vpc",
      "name": "this",
      "provider": "provider[\"registry.terraform.io/hashicorp/aws\"]",
      "instances": []
    },
    {
      "module": "module.networking.module.vpc",
      "mode": "managed",
      "type": "aws_egress_only_internet_gateway",
      "name": "this",
      "provider": "provider[\"registry.terraform.io/hashicorp/aws\"]",
      "instances": []
    },
    {
      "module": "module.networking.module.vpc",
      "mode": "managed",
      "type": "aws_eip",
      "name": "nat",
      "provider": "provider[\"registry.terraform.io/hashicorp/aws\"]",
      "instances": [
        {
          "index_key": 0,
          "schema_version": 0,
          "attributes": {
            "address": null,
            "allocation_id": "eipalloc-0c2b0efadc0e127d6",
            "associate_with_private_ip": null,
            "association_id": "",
            "carrier_ip": "",
            "customer_owned_ip": "",
            "customer_owned_ipv4_pool": "",
            "domain": "vpc",
            "id": "eipalloc-0c2b0efadc0e127d6",
            "instance": "",
            "network_border_group": "us-west-2",
            "network_interface": "",
            "private_dns": null,
            "private_ip": "",
            "public_dns": "ec2-44-226-234-238.us-west-2.compute.amazonaws.com",
            "public_ip": "44.226.234.238",
            "public_ipv4_pool": "amazon",
            "tags": {
              "Name": "spikademo-vpc-us-west-2a"
            },
            "tags_all": {
              "Name": "spikademo-vpc-us-west-2a"
            },
            "timeouts": null,
            "vpc": true
          },
          "sensitive_attributes": [],
          "private": "eyJlMmJmYjczMC1lY2FhLTExZTYtOGY4OC0zNDM2M2JjN2M0YzAiOnsiZGVsZXRlIjoxODAwMDAwMDAwMDAsInJlYWQiOjkwMDAwMDAwMDAwMCwidXBkYXRlIjozMDAwMDAwMDAwMDB9fQ==",
          "dependencies": [
            "module.networking.data.aws_availability_zones.available"
          ],
          "create_before_destroy": true
        }
      ]
    },
    {
      "module": "module.networking.module.vpc",
      "mode": "managed",
      "type": "aws_elasticache_subnet_group",
      "name": "elasticache",
      "provider": "provider[\"registry.terraform.io/hashicorp/aws\"]",
      "instances": [
        {
          "index_key": 0,
          "schema_version": 0,
          "attributes": {
            "arn": "arn:aws:elasticache:us-west-2:872224457307:subnetgroup:spikademo-vpc",
            "description": "ElastiCache subnet group for spikademo-vpc",
            "id": "spikademo-vpc",
            "name": "spikademo-vpc",
            "subnet_ids": [
              "subnet-009ffd7cb3f77f970",
              "subnet-01f407e068cdab935"
            ],
            "tags": {
              "Name": "spikademo-vpc"
            },
            "tags_all": {
              "Name": "spikademo-vpc"
            }
          },
          "sensitive_attributes": [],
          "private": "bnVsbA==",
          "dependencies": [
            "module.networking.data.aws_availability_zones.available",
            "module.networking.module.vpc.aws_subnet.elasticache",
            "module.networking.module.vpc.aws_vpc.this",
            "module.networking.module.vpc.aws_vpc_ipv4_cidr_block_association.this"
          ],
          "create_before_destroy": true
        }
      ]
    },
    {
      "module": "module.networking.module.vpc",
      "mode": "managed",
      "type": "aws_flow_log",
      "name": "this",
      "provider": "provider[\"registry.terraform.io/hashicorp/aws\"]",
      "instances": []
    },
    {
      "module": "module.networking.module.vpc",
      "mode": "managed",
      "type": "aws_iam_role",
      "name": "vpc_flow_log_cloudwatch",
      "provider": "provider[\"registry.terraform.io/hashicorp/aws\"]",
      "instances": []
    },
    {
      "module": "module.networking.module.vpc",
      "mode": "managed",
      "type": "aws_internet_gateway",
      "name": "this",
      "provider": "provider[\"registry.terraform.io/hashicorp/aws\"]",
      "instances": [
        {
          "index_key": 0,
          "schema_version": 0,
          "attributes": {
            "arn": "arn:aws:ec2:us-west-2:872224457307:internet-gateway/igw-081c7986b28cf719b",
            "id": "igw-081c7986b28cf719b",
            "owner_id": "872224457307",
            "tags": {
              "Name": "spikademo-vpc"
            },
            "tags_all": {
              "Name": "spikademo-vpc"
            },
            "timeouts": null,
            "vpc_id": "vpc-0eaf4bc1bdedd7f53"
          },
          "sensitive_attributes": [],
          "private": "eyJlMmJmYjczMC1lY2FhLTExZTYtOGY4OC0zNDM2M2JjN2M0YzAiOnsiY3JlYXRlIjoxMjAwMDAwMDAwMDAwLCJkZWxldGUiOjEyMDAwMDAwMDAwMDAsInVwZGF0ZSI6MTIwMDAwMDAwMDAwMH19",
          "dependencies": [
            "module.networking.module.vpc.aws_vpc.this",
            "module.networking.module.vpc.aws_vpc_ipv4_cidr_block_association.this"
          ],
          "create_before_destroy": true
        }
      ]
    },
    {
      "module": "module.networking.module.vpc",
      "mode": "managed",
      "type": "aws_nat_gateway",
      "name": "this",
      "provider": "provider[\"registry.terraform.io/hashicorp/aws\"]",
      "instances": []
    },
    {
      "module": "module.networking.module.vpc",
      "mode": "managed",
      "type": "aws_network_acl",
      "name": "database",
      "provider": "provider[\"registry.terraform.io/hashicorp/aws\"]",
      "instances": []
    },
    {
      "module": "module.networking.module.vpc",
      "mode": "managed",
      "type": "aws_network_acl",
      "name": "elasticache",
      "provider": "provider[\"registry.terraform.io/hashicorp/aws\"]",
      "instances": []
    },
    {
      "module": "module.networking.module.vpc",
      "mode": "managed",
      "type": "aws_network_acl",
      "name": "intra",
      "provider": "provider[\"registry.terraform.io/hashicorp/aws\"]",
      "instances": []
    },
    {
      "module": "module.networking.module.vpc",
      "mode": "managed",
      "type": "aws_network_acl",
      "name": "outpost",
      "provider": "provider[\"registry.terraform.io/hashicorp/aws\"]",
      "instances": []
    },
    {
      "module": "module.networking.module.vpc",
      "mode": "managed",
      "type": "aws_network_acl",
      "name": "private",
      "provider": "provider[\"registry.terraform.io/hashicorp/aws\"]",
      "instances": []
    },
    {
      "module": "module.networking.module.vpc",
      "mode": "managed",
      "type": "aws_network_acl",
      "name": "public",
      "provider": "provider[\"registry.terraform.io/hashicorp/aws\"]",
      "instances": []
    },
    {
      "module": "module.networking.module.vpc",
      "mode": "managed",
      "type": "aws_network_acl",
      "name": "redshift",
      "provider": "provider[\"registry.terraform.io/hashicorp/aws\"]",
      "instances": []
    },
    {
      "module": "module.networking.module.vpc",
      "mode": "managed",
      "type": "aws_redshift_subnet_group",
      "name": "redshift",
      "provider": "provider[\"registry.terraform.io/hashicorp/aws\"]",
      "instances": []
    },
    {
      "module": "module.networking.module.vpc",
      "mode": "managed",
      "type": "aws_route",
      "name": "database_internet_gateway",
      "provider": "provider[\"registry.terraform.io/hashicorp/aws\"]",
      "instances": []
    },
    {
      "module": "module.networking.module.vpc",
      "mode": "managed",
      "type": "aws_route",
      "name": "database_ipv6_egress",
      "provider": "provider[\"registry.terraform.io/hashicorp/aws\"]",
      "instances": []
    },
    {
      "module": "module.networking.module.vpc",
      "mode": "managed",
      "type": "aws_route",
      "name": "database_nat_gateway",
      "provider": "provider[\"registry.terraform.io/hashicorp/aws\"]",
      "instances": []
    },
    {
      "module": "module.networking.module.vpc",
      "mode": "managed",
      "type": "aws_route",
      "name": "private_ipv6_egress",
      "provider": "provider[\"registry.terraform.io/hashicorp/aws\"]",
      "instances": []
    },
    {
      "module": "module.networking.module.vpc",
      "mode": "managed",
      "type": "aws_route",
      "name": "private_nat_gateway",
      "provider": "provider[\"registry.terraform.io/hashicorp/aws\"]",
      "instances": []
    },
    {
      "module": "module.networking.module.vpc",
      "mode": "managed",
      "type": "aws_route",
      "name": "public_internet_gateway",
      "provider": "provider[\"registry.terraform.io/hashicorp/aws\"]",
      "instances": [
        {
          "index_key": 0,
          "schema_version": 0,
          "attributes": {
            "carrier_gateway_id": "",
            "core_network_arn": "",
            "destination_cidr_block": "0.0.0.0/0",
            "destination_ipv6_cidr_block": "",
            "destination_prefix_list_id": "",
            "egress_only_gateway_id": "",
            "gateway_id": "igw-081c7986b28cf719b",
            "id": "r-rtb-0e49e73749d40f2bc1080289494",
            "instance_id": "",
            "instance_owner_id": "",
            "local_gateway_id": "",
            "nat_gateway_id": "",
            "network_interface_id": "",
            "origin": "CreateRoute",
            "route_table_id": "rtb-0e49e73749d40f2bc",
            "state": "active",
            "timeouts": {
              "create": "5m",
              "delete": null,
              "update": null
            },
            "transit_gateway_id": "",
            "vpc_endpoint_id": "",
            "vpc_peering_connection_id": ""
          },
          "sensitive_attributes": [],
          "private": "eyJlMmJmYjczMC1lY2FhLTExZTYtOGY4OC0zNDM2M2JjN2M0YzAiOnsiY3JlYXRlIjozMDAwMDAwMDAwMDAsImRlbGV0ZSI6MzAwMDAwMDAwMDAwLCJ1cGRhdGUiOjEyMDAwMDAwMDAwMH19",
          "dependencies": [
            "module.networking.module.vpc.aws_internet_gateway.this",
            "module.networking.module.vpc.aws_route_table.public",
            "module.networking.module.vpc.aws_vpc.this",
            "module.networking.module.vpc.aws_vpc_ipv4_cidr_block_association.this"
          ],
          "create_before_destroy": true
        }
      ]
    },
    {
      "module": "module.networking.module.vpc",
      "mode": "managed",
      "type": "aws_route",
      "name": "public_internet_gateway_ipv6",
      "provider": "provider[\"registry.terraform.io/hashicorp/aws\"]",
      "instances": []
    },
    {
      "module": "module.networking.module.vpc",
      "mode": "managed",
      "type": "aws_route_table",
      "name": "database",
      "provider": "provider[\"registry.terraform.io/hashicorp/aws\"]",
      "instances": []
    },
    {
      "module": "module.networking.module.vpc",
      "mode": "managed",
      "type": "aws_route_table",
      "name": "elasticache",
      "provider": "provider[\"registry.terraform.io/hashicorp/aws\"]",
      "instances": []
    },
    {
      "module": "module.networking.module.vpc",
      "mode": "managed",
      "type": "aws_route_table",
      "name": "intra",
      "provider": "provider[\"registry.terraform.io/hashicorp/aws\"]",
      "instances": []
    },
    {
      "module": "module.networking.module.vpc",
      "mode": "managed",
      "type": "aws_route_table",
      "name": "private",
      "provider": "provider[\"registry.terraform.io/hashicorp/aws\"]",
      "instances": [
        {
          "index_key": 0,
          "schema_version": 0,
          "attributes": {
            "arn": "arn:aws:ec2:us-west-2:872224457307:route-table/rtb-0d4866010da8c185e",
            "id": "rtb-0d4866010da8c185e",
            "owner_id": "872224457307",
            "propagating_vgws": [],
            "route": [],
            "tags": {
              "Name": "spikademo-vpc-private"
            },
            "tags_all": {
              "Name": "spikademo-vpc-private"
            },
            "timeouts": null,
            "vpc_id": "vpc-0eaf4bc1bdedd7f53"
          },
          "sensitive_attributes": [],
          "private": "eyJlMmJmYjczMC1lY2FhLTExZTYtOGY4OC0zNDM2M2JjN2M0YzAiOnsiY3JlYXRlIjozMDAwMDAwMDAwMDAsImRlbGV0ZSI6MzAwMDAwMDAwMDAwLCJ1cGRhdGUiOjEyMDAwMDAwMDAwMH19",
          "dependencies": [
            "module.networking.data.aws_availability_zones.available",
            "module.networking.module.vpc.aws_vpc.this",
            "module.networking.module.vpc.aws_vpc_ipv4_cidr_block_association.this"
          ],
          "create_before_destroy": true
        }
      ]
    },
    {
      "module": "module.networking.module.vpc",
      "mode": "managed",
      "type": "aws_route_table",
      "name": "public",
      "provider": "provider[\"registry.terraform.io/hashicorp/aws\"]",
      "instances": [
        {
          "index_key": 0,
          "schema_version": 0,
          "attributes": {
            "arn": "arn:aws:ec2:us-west-2:872224457307:route-table/rtb-0e49e73749d40f2bc",
            "id": "rtb-0e49e73749d40f2bc",
            "owner_id": "872224457307",
            "propagating_vgws": [],
            "route": [],
            "tags": {
              "Name": "spikademo-vpc-public"
            },
            "tags_all": {
              "Name": "spikademo-vpc-public"
            },
            "timeouts": null,
            "vpc_id": "vpc-0eaf4bc1bdedd7f53"
          },
          "sensitive_attributes": [],
          "private": "eyJlMmJmYjczMC1lY2FhLTExZTYtOGY4OC0zNDM2M2JjN2M0YzAiOnsiY3JlYXRlIjozMDAwMDAwMDAwMDAsImRlbGV0ZSI6MzAwMDAwMDAwMDAwLCJ1cGRhdGUiOjEyMDAwMDAwMDAwMH19",
          "dependencies": [
            "module.networking.module.vpc.aws_vpc.this",
            "module.networking.module.vpc.aws_vpc_ipv4_cidr_block_association.this"
          ],
          "create_before_destroy": true
        }
      ]
    },
    {
      "module": "module.networking.module.vpc",
      "mode": "managed",
      "type": "aws_route_table",
      "name": "redshift",
      "provider": "provider[\"registry.terraform.io/hashicorp/aws\"]",
      "instances": []
    },
    {
      "module": "module.networking.module.vpc",
      "mode": "managed",
      "type": "aws_route_table_association",
      "name": "database",
      "provider": "provider[\"registry.terraform.io/hashicorp/aws\"]",
      "instances": [
        {
          "index_key": 0,
          "schema_version": 0,
          "attributes": {
            "gateway_id": "",
            "id": "rtbassoc-0698ace459d88c259",
            "route_table_id": "rtb-0d4866010da8c185e",
            "subnet_id": "subnet-0ab963858635308d1"
          },
          "sensitive_attributes": [],
          "private": "bnVsbA==",
          "dependencies": [
            "module.networking.data.aws_availability_zones.available",
            "module.networking.module.vpc.aws_route_table.database",
            "module.networking.module.vpc.aws_route_table.private",
            "module.networking.module.vpc.aws_subnet.database",
            "module.networking.module.vpc.aws_vpc.this",
            "module.networking.module.vpc.aws_vpc_ipv4_cidr_block_association.this"
          ],
          "create_before_destroy": true
        },
        {
          "index_key": 1,
          "schema_version": 0,
          "attributes": {
            "gateway_id": "",
            "id": "rtbassoc-07a30db8ecd1ef763",
            "route_table_id": "rtb-0d4866010da8c185e",
            "subnet_id": "subnet-0528bcab84c99249f"
          },
          "sensitive_attributes": [],
          "private": "bnVsbA==",
          "dependencies": [
            "module.networking.data.aws_availability_zones.available",
            "module.networking.module.vpc.aws_route_table.database",
            "module.networking.module.vpc.aws_route_table.private",
            "module.networking.module.vpc.aws_subnet.database",
            "module.networking.module.vpc.aws_vpc.this",
            "module.networking.module.vpc.aws_vpc_ipv4_cidr_block_association.this"
          ],
          "create_before_destroy": true
        }
      ]
    },
    {
      "module": "module.networking.module.vpc",
      "mode": "managed",
      "type": "aws_route_table_association",
      "name": "elasticache",
      "provider": "provider[\"registry.terraform.io/hashicorp/aws\"]",
      "instances": [
        {
          "index_key": 0,
          "schema_version": 0,
          "attributes": {
            "gateway_id": "",
            "id": "rtbassoc-0ad3848120f92fd9c",
            "route_table_id": "rtb-0d4866010da8c185e",
            "subnet_id": "subnet-01f407e068cdab935"
          },
          "sensitive_attributes": [],
          "private": "bnVsbA==",
          "dependencies": [
            "module.networking.data.aws_availability_zones.available",
            "module.networking.module.vpc.aws_route_table.elasticache",
            "module.networking.module.vpc.aws_route_table.private",
            "module.networking.module.vpc.aws_subnet.elasticache",
            "module.networking.module.vpc.aws_vpc.this",
            "module.networking.module.vpc.aws_vpc_ipv4_cidr_block_association.this"
          ],
          "create_before_destroy": true
        },
        {
          "index_key": 1,
          "schema_version": 0,
          "attributes": {
            "gateway_id": "",
            "id": "rtbassoc-058672a0fdff3d006",
            "route_table_id": "rtb-0d4866010da8c185e",
            "subnet_id": "subnet-009ffd7cb3f77f970"
          },
          "sensitive_attributes": [],
          "private": "bnVsbA==",
          "dependencies": [
            "module.networking.data.aws_availability_zones.available",
            "module.networking.module.vpc.aws_route_table.elasticache",
            "module.networking.module.vpc.aws_route_table.private",
            "module.networking.module.vpc.aws_subnet.elasticache",
            "module.networking.module.vpc.aws_vpc.this",
            "module.networking.module.vpc.aws_vpc_ipv4_cidr_block_association.this"
          ],
          "create_before_destroy": true
        }
      ]
    },
    {
      "module": "module.networking.module.vpc",
      "mode": "managed",
      "type": "aws_route_table_association",
      "name": "intra",
      "provider": "provider[\"registry.terraform.io/hashicorp/aws\"]",
      "instances": []
    },
    {
      "module": "module.networking.module.vpc",
      "mode": "managed",
      "type": "aws_route_table_association",
      "name": "private",
      "provider": "provider[\"registry.terraform.io/hashicorp/aws\"]",
      "instances": [
        {
          "index_key": 0,
          "schema_version": 0,
          "attributes": {
            "gateway_id": "",
            "id": "rtbassoc-06231a2b1f2c5eeb0",
            "route_table_id": "rtb-0d4866010da8c185e",
            "subnet_id": "subnet-032f0f22faa7c5cd9"
          },
          "sensitive_attributes": [],
          "private": "bnVsbA==",
          "dependencies": [
            "module.networking.data.aws_availability_zones.available",
            "module.networking.module.vpc.aws_route_table.private",
            "module.networking.module.vpc.aws_subnet.private",
            "module.networking.module.vpc.aws_vpc.this",
            "module.networking.module.vpc.aws_vpc_ipv4_cidr_block_association.this"
          ],
          "create_before_destroy": true
        },
        {
          "index_key": 1,
          "schema_version": 0,
          "attributes": {
            "gateway_id": "",
            "id": "rtbassoc-094bd66c98cf41c1a",
            "route_table_id": "rtb-0d4866010da8c185e",
            "subnet_id": "subnet-080cef930068ccde5"
          },
          "sensitive_attributes": [],
          "private": "bnVsbA==",
          "dependencies": [
            "module.networking.data.aws_availability_zones.available",
            "module.networking.module.vpc.aws_route_table.private",
            "module.networking.module.vpc.aws_subnet.private",
            "module.networking.module.vpc.aws_vpc.this",
            "module.networking.module.vpc.aws_vpc_ipv4_cidr_block_association.this"
          ],
          "create_before_destroy": true
        }
      ]
    },
    {
      "module": "module.networking.module.vpc",
      "mode": "managed",
      "type": "aws_route_table_association",
      "name": "public",
      "provider": "provider[\"registry.terraform.io/hashicorp/aws\"]",
      "instances": [
        {
          "index_key": 0,
          "schema_version": 0,
          "attributes": {
            "gateway_id": "",
            "id": "rtbassoc-0ba873a22c6389dd9",
            "route_table_id": "rtb-0e49e73749d40f2bc",
            "subnet_id": "subnet-04e5b8d3a6bb2e157"
          },
          "sensitive_attributes": [],
          "private": "bnVsbA==",
          "dependencies": [
            "module.networking.data.aws_availability_zones.available",
            "module.networking.module.vpc.aws_route_table.public",
            "module.networking.module.vpc.aws_subnet.public",
            "module.networking.module.vpc.aws_vpc.this",
            "module.networking.module.vpc.aws_vpc_ipv4_cidr_block_association.this"
          ],
          "create_before_destroy": true
        },
        {
          "index_key": 1,
          "schema_version": 0,
          "attributes": {
            "gateway_id": "",
            "id": "rtbassoc-094d4c629cb5eaa03",
            "route_table_id": "rtb-0e49e73749d40f2bc",
            "subnet_id": "subnet-0bd6184044cf1da26"
          },
          "sensitive_attributes": [],
          "private": "bnVsbA==",
          "dependencies": [
            "module.networking.data.aws_availability_zones.available",
            "module.networking.module.vpc.aws_route_table.public",
            "module.networking.module.vpc.aws_subnet.public",
            "module.networking.module.vpc.aws_vpc.this",
            "module.networking.module.vpc.aws_vpc_ipv4_cidr_block_association.this"
          ],
          "create_before_destroy": true
        }
      ]
    },
    {
      "module": "module.networking.module.vpc",
      "mode": "managed",
      "type": "aws_route_table_association",
      "name": "redshift",
      "provider": "provider[\"registry.terraform.io/hashicorp/aws\"]",
      "instances": []
    },
    {
      "module": "module.networking.module.vpc",
      "mode": "managed",
      "type": "aws_route_table_association",
      "name": "redshift_public",
      "provider": "provider[\"registry.terraform.io/hashicorp/aws\"]",
      "instances": []
    },
    {
      "module": "module.networking.module.vpc",
      "mode": "managed",
      "type": "aws_subnet",
      "name": "database",
      "provider": "provider[\"registry.terraform.io/hashicorp/aws\"]",
      "instances": [
        {
          "index_key": 0,
          "schema_version": 1,
          "attributes": {
            "arn": "arn:aws:ec2:us-west-2:872224457307:subnet/subnet-0ab963858635308d1",
            "assign_ipv6_address_on_creation": false,
            "availability_zone": "us-west-2a",
            "availability_zone_id": "usw2-az2",
            "cidr_block": "10.0.3.0/24",
            "customer_owned_ipv4_pool": "",
            "enable_dns64": false,
            "enable_resource_name_dns_a_record_on_launch": false,
            "enable_resource_name_dns_aaaa_record_on_launch": false,
            "id": "subnet-0ab963858635308d1",
            "ipv6_cidr_block": "",
            "ipv6_cidr_block_association_id": "",
            "ipv6_native": false,
            "map_customer_owned_ip_on_launch": false,
            "map_public_ip_on_launch": false,
            "outpost_arn": "",
            "owner_id": "872224457307",
            "private_dns_hostname_type_on_launch": "ip-name",
            "tags": {
              "Name": "spikademo-vpc-db-us-west-2a"
            },
            "tags_all": {
              "Name": "spikademo-vpc-db-us-west-2a"
            },
            "timeouts": null,
            "vpc_id": "vpc-0eaf4bc1bdedd7f53"
          },
          "sensitive_attributes": [],
          "private": "eyJlMmJmYjczMC1lY2FhLTExZTYtOGY4OC0zNDM2M2JjN2M0YzAiOnsiY3JlYXRlIjo2MDAwMDAwMDAwMDAsImRlbGV0ZSI6MTIwMDAwMDAwMDAwMH0sInNjaGVtYV92ZXJzaW9uIjoiMSJ9",
          "dependencies": [
            "module.networking.data.aws_availability_zones.available",
            "module.networking.module.vpc.aws_vpc.this",
            "module.networking.module.vpc.aws_vpc_ipv4_cidr_block_association.this"
          ],
          "create_before_destroy": true
        },
        {
          "index_key": 1,
          "schema_version": 1,
          "attributes": {
            "arn": "arn:aws:ec2:us-west-2:872224457307:subnet/subnet-0528bcab84c99249f",
            "assign_ipv6_address_on_creation": false,
            "availability_zone": "us-west-2b",
            "availability_zone_id": "usw2-az1",
            "cidr_block": "10.0.4.0/24",
            "customer_owned_ipv4_pool": "",
            "enable_dns64": false,
            "enable_resource_name_dns_a_record_on_launch": false,
            "enable_resource_name_dns_aaaa_record_on_launch": false,
            "id": "subnet-0528bcab84c99249f",
            "ipv6_cidr_block": "",
            "ipv6_cidr_block_association_id": "",
            "ipv6_native": false,
            "map_customer_owned_ip_on_launch": false,
            "map_public_ip_on_launch": false,
            "outpost_arn": "",
            "owner_id": "872224457307",
            "private_dns_hostname_type_on_launch": "ip-name",
            "tags": {
              "Name": "spikademo-vpc-db-us-west-2b"
            },
            "tags_all": {
              "Name": "spikademo-vpc-db-us-west-2b"
            },
            "timeouts": null,
            "vpc_id": "vpc-0eaf4bc1bdedd7f53"
          },
          "sensitive_attributes": [],
          "private": "eyJlMmJmYjczMC1lY2FhLTExZTYtOGY4OC0zNDM2M2JjN2M0YzAiOnsiY3JlYXRlIjo2MDAwMDAwMDAwMDAsImRlbGV0ZSI6MTIwMDAwMDAwMDAwMH0sInNjaGVtYV92ZXJzaW9uIjoiMSJ9",
          "dependencies": [
            "module.networking.data.aws_availability_zones.available",
            "module.networking.module.vpc.aws_vpc.this",
            "module.networking.module.vpc.aws_vpc_ipv4_cidr_block_association.this"
          ],
          "create_before_destroy": true
        }
      ]
    },
    {
      "module": "module.networking.module.vpc",
      "mode": "managed",
      "type": "aws_subnet",
      "name": "elasticache",
      "provider": "provider[\"registry.terraform.io/hashicorp/aws\"]",
      "instances": [
        {
          "index_key": 0,
          "schema_version": 1,
          "attributes": {
            "arn": "arn:aws:ec2:us-west-2:872224457307:subnet/subnet-01f407e068cdab935",
            "assign_ipv6_address_on_creation": false,
            "availability_zone": "us-west-2a",
            "availability_zone_id": "usw2-az2",
            "cidr_block": "10.0.5.0/24",
            "customer_owned_ipv4_pool": "",
            "enable_dns64": false,
            "enable_resource_name_dns_a_record_on_launch": false,
            "enable_resource_name_dns_aaaa_record_on_launch": false,
            "id": "subnet-01f407e068cdab935",
            "ipv6_cidr_block": "",
            "ipv6_cidr_block_association_id": "",
            "ipv6_native": false,
            "map_customer_owned_ip_on_launch": false,
            "map_public_ip_on_launch": false,
            "outpost_arn": "",
            "owner_id": "872224457307",
            "private_dns_hostname_type_on_launch": "ip-name",
            "tags": {
              "Name": "spikademo-vpc-elasticache-us-west-2a"
            },
            "tags_all": {
              "Name": "spikademo-vpc-elasticache-us-west-2a"
            },
            "timeouts": null,
            "vpc_id": "vpc-0eaf4bc1bdedd7f53"
          },
          "sensitive_attributes": [],
          "private": "eyJlMmJmYjczMC1lY2FhLTExZTYtOGY4OC0zNDM2M2JjN2M0YzAiOnsiY3JlYXRlIjo2MDAwMDAwMDAwMDAsImRlbGV0ZSI6MTIwMDAwMDAwMDAwMH0sInNjaGVtYV92ZXJzaW9uIjoiMSJ9",
          "dependencies": [
            "module.networking.data.aws_availability_zones.available",
            "module.networking.module.vpc.aws_vpc.this",
            "module.networking.module.vpc.aws_vpc_ipv4_cidr_block_association.this"
          ],
          "create_before_destroy": true
        },
        {
          "index_key": 1,
          "schema_version": 1,
          "attributes": {
            "arn": "arn:aws:ec2:us-west-2:872224457307:subnet/subnet-009ffd7cb3f77f970",
            "assign_ipv6_address_on_creation": false,
            "availability_zone": "us-west-2b",
            "availability_zone_id": "usw2-az1",
            "cidr_block": "10.0.6.0/24",
            "customer_owned_ipv4_pool": "",
            "enable_dns64": false,
            "enable_resource_name_dns_a_record_on_launch": false,
            "enable_resource_name_dns_aaaa_record_on_launch": false,
            "id": "subnet-009ffd7cb3f77f970",
            "ipv6_cidr_block": "",
            "ipv6_cidr_block_association_id": "",
            "ipv6_native": false,
            "map_customer_owned_ip_on_launch": false,
            "map_public_ip_on_launch": false,
            "outpost_arn": "",
            "owner_id": "872224457307",
            "private_dns_hostname_type_on_launch": "ip-name",
            "tags": {
              "Name": "spikademo-vpc-elasticache-us-west-2b"
            },
            "tags_all": {
              "Name": "spikademo-vpc-elasticache-us-west-2b"
            },
            "timeouts": null,
            "vpc_id": "vpc-0eaf4bc1bdedd7f53"
          },
          "sensitive_attributes": [],
          "private": "eyJlMmJmYjczMC1lY2FhLTExZTYtOGY4OC0zNDM2M2JjN2M0YzAiOnsiY3JlYXRlIjo2MDAwMDAwMDAwMDAsImRlbGV0ZSI6MTIwMDAwMDAwMDAwMH0sInNjaGVtYV92ZXJzaW9uIjoiMSJ9",
          "dependencies": [
            "module.networking.data.aws_availability_zones.available",
            "module.networking.module.vpc.aws_vpc.this",
            "module.networking.module.vpc.aws_vpc_ipv4_cidr_block_association.this"
          ],
          "create_before_destroy": true
        }
      ]
    },
    {
      "module": "module.networking.module.vpc",
      "mode": "managed",
      "type": "aws_subnet",
      "name": "intra",
      "provider": "provider[\"registry.terraform.io/hashicorp/aws\"]",
      "instances": []
    },
    {
      "module": "module.networking.module.vpc",
      "mode": "managed",
      "type": "aws_subnet",
      "name": "outpost",
      "provider": "provider[\"registry.terraform.io/hashicorp/aws\"]",
      "instances": []
    },
    {
      "module": "module.networking.module.vpc",
      "mode": "managed",
      "type": "aws_subnet",
      "name": "private",
      "provider": "provider[\"registry.terraform.io/hashicorp/aws\"]",
      "instances": [
        {
          "index_key": 0,
          "schema_version": 1,
          "attributes": {
            "arn": "arn:aws:ec2:us-west-2:872224457307:subnet/subnet-032f0f22faa7c5cd9",
            "assign_ipv6_address_on_creation": false,
            "availability_zone": "us-west-2a",
            "availability_zone_id": "usw2-az2",
            "cidr_block": "10.0.1.0/24",
            "customer_owned_ipv4_pool": "",
            "enable_dns64": false,
            "enable_resource_name_dns_a_record_on_launch": false,
            "enable_resource_name_dns_aaaa_record_on_launch": false,
            "id": "subnet-032f0f22faa7c5cd9",
            "ipv6_cidr_block": "",
            "ipv6_cidr_block_association_id": "",
            "ipv6_native": false,
            "map_customer_owned_ip_on_launch": false,
            "map_public_ip_on_launch": false,
            "outpost_arn": "",
            "owner_id": "872224457307",
            "private_dns_hostname_type_on_launch": "ip-name",
            "tags": {
              "Name": "spikademo-vpc-private-us-west-2a"
            },
            "tags_all": {
              "Name": "spikademo-vpc-private-us-west-2a"
            },
            "timeouts": null,
            "vpc_id": "vpc-0eaf4bc1bdedd7f53"
          },
          "sensitive_attributes": [],
          "private": "eyJlMmJmYjczMC1lY2FhLTExZTYtOGY4OC0zNDM2M2JjN2M0YzAiOnsiY3JlYXRlIjo2MDAwMDAwMDAwMDAsImRlbGV0ZSI6MTIwMDAwMDAwMDAwMH0sInNjaGVtYV92ZXJzaW9uIjoiMSJ9",
          "dependencies": [
            "module.networking.data.aws_availability_zones.available",
            "module.networking.module.vpc.aws_vpc.this",
            "module.networking.module.vpc.aws_vpc_ipv4_cidr_block_association.this"
          ],
          "create_before_destroy": true
        },
        {
          "index_key": 1,
          "schema_version": 1,
          "attributes": {
            "arn": "arn:aws:ec2:us-west-2:872224457307:subnet/subnet-080cef930068ccde5",
            "assign_ipv6_address_on_creation": false,
            "availability_zone": "us-west-2b",
            "availability_zone_id": "usw2-az1",
            "cidr_block": "10.0.2.0/24",
            "customer_owned_ipv4_pool": "",
            "enable_dns64": false,
            "enable_resource_name_dns_a_record_on_launch": false,
            "enable_resource_name_dns_aaaa_record_on_launch": false,
            "id": "subnet-080cef930068ccde5",
            "ipv6_cidr_block": "",
            "ipv6_cidr_block_association_id": "",
            "ipv6_native": false,
            "map_customer_owned_ip_on_launch": false,
            "map_public_ip_on_launch": false,
            "outpost_arn": "",
            "owner_id": "872224457307",
            "private_dns_hostname_type_on_launch": "ip-name",
            "tags": {
              "Name": "spikademo-vpc-private-us-west-2b"
            },
            "tags_all": {
              "Name": "spikademo-vpc-private-us-west-2b"
            },
            "timeouts": null,
            "vpc_id": "vpc-0eaf4bc1bdedd7f53"
          },
          "sensitive_attributes": [],
          "private": "eyJlMmJmYjczMC1lY2FhLTExZTYtOGY4OC0zNDM2M2JjN2M0YzAiOnsiY3JlYXRlIjo2MDAwMDAwMDAwMDAsImRlbGV0ZSI6MTIwMDAwMDAwMDAwMH0sInNjaGVtYV92ZXJzaW9uIjoiMSJ9",
          "dependencies": [
            "module.networking.data.aws_availability_zones.available",
            "module.networking.module.vpc.aws_vpc.this",
            "module.networking.module.vpc.aws_vpc_ipv4_cidr_block_association.this"
          ],
          "create_before_destroy": true
        }
      ]
    },
    {
      "module": "module.networking.module.vpc",
      "mode": "managed",
      "type": "aws_subnet",
      "name": "public",
      "provider": "provider[\"registry.terraform.io/hashicorp/aws\"]",
      "instances": [
        {
          "index_key": 0,
          "schema_version": 1,
          "attributes": {
            "arn": "arn:aws:ec2:us-west-2:872224457307:subnet/subnet-04e5b8d3a6bb2e157",
            "assign_ipv6_address_on_creation": false,
            "availability_zone": "us-west-2a",
            "availability_zone_id": "usw2-az2",
            "cidr_block": "10.0.101.0/24",
            "customer_owned_ipv4_pool": "",
            "enable_dns64": false,
            "enable_resource_name_dns_a_record_on_launch": false,
            "enable_resource_name_dns_aaaa_record_on_launch": false,
            "id": "subnet-04e5b8d3a6bb2e157",
            "ipv6_cidr_block": "",
            "ipv6_cidr_block_association_id": "",
            "ipv6_native": false,
            "map_customer_owned_ip_on_launch": false,
            "map_public_ip_on_launch": true,
            "outpost_arn": "",
            "owner_id": "872224457307",
            "private_dns_hostname_type_on_launch": "ip-name",
            "tags": {
              "Name": "spikademo-vpc-public-us-west-2a"
            },
            "tags_all": {
              "Name": "spikademo-vpc-public-us-west-2a"
            },
            "timeouts": null,
            "vpc_id": "vpc-0eaf4bc1bdedd7f53"
          },
          "sensitive_attributes": [],
          "private": "eyJlMmJmYjczMC1lY2FhLTExZTYtOGY4OC0zNDM2M2JjN2M0YzAiOnsiY3JlYXRlIjo2MDAwMDAwMDAwMDAsImRlbGV0ZSI6MTIwMDAwMDAwMDAwMH0sInNjaGVtYV92ZXJzaW9uIjoiMSJ9",
          "dependencies": [
            "module.networking.data.aws_availability_zones.available",
            "module.networking.module.vpc.aws_vpc.this",
            "module.networking.module.vpc.aws_vpc_ipv4_cidr_block_association.this"
          ],
          "create_before_destroy": true
        },
        {
          "index_key": 1,
          "schema_version": 1,
          "attributes": {
            "arn": "arn:aws:ec2:us-west-2:872224457307:subnet/subnet-0bd6184044cf1da26",
            "assign_ipv6_address_on_creation": false,
            "availability_zone": "us-west-2b",
            "availability_zone_id": "usw2-az1",
            "cidr_block": "10.0.102.0/24",
            "customer_owned_ipv4_pool": "",
            "enable_dns64": false,
            "enable_resource_name_dns_a_record_on_launch": false,
            "enable_resource_name_dns_aaaa_record_on_launch": false,
            "id": "subnet-0bd6184044cf1da26",
            "ipv6_cidr_block": "",
            "ipv6_cidr_block_association_id": "",
            "ipv6_native": false,
            "map_customer_owned_ip_on_launch": false,
            "map_public_ip_on_launch": true,
            "outpost_arn": "",
            "owner_id": "872224457307",
            "private_dns_hostname_type_on_launch": "ip-name",
            "tags": {
              "Name": "spikademo-vpc-public-us-west-2b"
            },
            "tags_all": {
              "Name": "spikademo-vpc-public-us-west-2b"
            },
            "timeouts": null,
            "vpc_id": "vpc-0eaf4bc1bdedd7f53"
          },
          "sensitive_attributes": [],
          "private": "eyJlMmJmYjczMC1lY2FhLTExZTYtOGY4OC0zNDM2M2JjN2M0YzAiOnsiY3JlYXRlIjo2MDAwMDAwMDAwMDAsImRlbGV0ZSI6MTIwMDAwMDAwMDAwMH0sInNjaGVtYV92ZXJzaW9uIjoiMSJ9",
          "dependencies": [
            "module.networking.data.aws_availability_zones.available",
            "module.networking.module.vpc.aws_vpc.this",
            "module.networking.module.vpc.aws_vpc_ipv4_cidr_block_association.this"
          ],
          "create_before_destroy": true
        }
      ]
    },
    {
      "module": "module.networking.module.vpc",
      "mode": "managed",
      "type": "aws_subnet",
      "name": "redshift",
      "provider": "provider[\"registry.terraform.io/hashicorp/aws\"]",
      "instances": []
    },
    {
      "module": "module.networking.module.vpc",
      "mode": "managed",
      "type": "aws_vpc",
      "name": "this",
      "provider": "provider[\"registry.terraform.io/hashicorp/aws\"]",
      "instances": [
        {
          "index_key": 0,
          "schema_version": 1,
          "attributes": {
            "arn": "arn:aws:ec2:us-west-2:872224457307:vpc/vpc-0eaf4bc1bdedd7f53",
            "assign_generated_ipv6_cidr_block": false,
            "cidr_block": "10.0.0.0/16",
            "default_network_acl_id": "acl-08146f1804c1daa2e",
            "default_route_table_id": "rtb-065cc153e1f9cdd4d",
            "default_security_group_id": "sg-0ff7fb1b440db77d4",
            "dhcp_options_id": "dopt-47fee32f",
            "enable_classiclink": false,
            "enable_classiclink_dns_support": false,
            "enable_dns_hostnames": true,
            "enable_dns_support": true,
            "enable_network_address_usage_metrics": false,
            "id": "vpc-0eaf4bc1bdedd7f53",
            "instance_tenancy": "default",
            "ipv4_ipam_pool_id": null,
            "ipv4_netmask_length": null,
            "ipv6_association_id": "",
            "ipv6_cidr_block": "",
            "ipv6_cidr_block_network_border_group": "",
            "ipv6_ipam_pool_id": "",
            "ipv6_netmask_length": 0,
            "main_route_table_id": "rtb-065cc153e1f9cdd4d",
            "owner_id": "872224457307",
            "tags": {
              "Name": "spikademo-vpc"
            },
            "tags_all": {
              "Name": "spikademo-vpc"
            }
          },
          "sensitive_attributes": [],
          "private": "eyJzY2hlbWFfdmVyc2lvbiI6IjEifQ==",
          "create_before_destroy": true
        }
      ]
    },
    {
      "module": "module.networking.module.vpc",
      "mode": "managed",
      "type": "aws_vpc_dhcp_options",
      "name": "this",
      "provider": "provider[\"registry.terraform.io/hashicorp/aws\"]",
      "instances": []
    },
    {
      "module": "module.networking.module.vpc",
      "mode": "managed",
      "type": "aws_vpc_ipv4_cidr_block_association",
      "name": "this",
      "provider": "provider[\"registry.terraform.io/hashicorp/aws\"]",
      "instances": []
    },
    {
      "module": "module.networking.module.vpc",
      "mode": "managed",
      "type": "aws_vpn_gateway",
      "name": "this",
      "provider": "provider[\"registry.terraform.io/hashicorp/aws\"]",
      "instances": []
    },
    {
      "module": "module.networking.module.vpc",
      "mode": "managed",
      "type": "aws_vpn_gateway_attachment",
      "name": "this",
      "provider": "provider[\"registry.terraform.io/hashicorp/aws\"]",
      "instances": []
    },
    {
      "module": "module.queue",
      "mode": "managed",
      "type": "aws_mq_broker",
      "name": "main",
      "provider": "provider[\"registry.terraform.io/hashicorp/aws\"]",
      "instances": []
    },
    {
      "module": "module.ssh-key",
      "mode": "managed",
      "type": "aws_key_pair",
      "name": "key_pair",
      "provider": "provider[\"registry.terraform.io/hashicorp/aws\"]",
      "instances": [
        {
          "schema_version": 1,
          "attributes": {
            "arn": "arn:aws:ec2:us-west-2:872224457307:key-pair/spikademo-key",
            "fingerprint": "7d:80:2f:4a:d0:b4:7f:46:80:ea:c6:d7:22:b4:8a:cd",
            "id": "spikademo-key",
            "key_name": "spikademo-key",
            "key_name_prefix": "",
            "key_pair_id": "key-060e14f3c73e7e274",
            "key_type": "rsa",
            "public_key": "ssh-rsa AAAAB3NzaC1yc2EAAAADAQABAAABAQC8UeMpMYhCIjg+qkWsSaD6gHeJDuia9ZlPUwJBRzaYoALN5wgwJ1+9AjB4ROcGGqK7vxzXYfJUkja5qYem645pYIVYRdRpsKOAW5AI2mSHJ9c32WLx/XKNgfer/HEwHa4e6nunXRPFrmCjEzb2gPhCiIj4IsopyRdGxfLLDg5io5DPvg1T+ou+HbCEJEQcZQWHrfDEloTax3C887QkhOYkHEpTK0IAyHPwPcbLFoS2JwrT7V2sWfLM2ip7DRCkp5V0F5suIj3ltUIm2JRyJETwcbqZzNwXGxpFREu2DSAWJf0ZOTNPTFLF0QER42e+J8Xo1MxyeZdQ5/q8PK3XKoRt",
            "tags": null,
            "tags_all": {}
          },
          "sensitive_attributes": [],
          "private": "eyJzY2hlbWFfdmVyc2lvbiI6IjEifQ==",
          "dependencies": [
            "module.ssh-key.tls_private_key.key"
          ],
          "create_before_destroy": true
        }
      ]
    },
    {
      "module": "module.ssh-key",
      "mode": "managed",
      "type": "local_file",
      "name": "private_key",
      "provider": "provider[\"registry.terraform.io/hashicorp/local\"]",
      "instances": [
        {
          "schema_version": 0,
          "attributes": {
            "content": null,
            "content_base64": null,
            "directory_permission": "0777",
            "file_permission": "0400",
            "filename": "spikademo-key.pem",
            "id": "4ef043ca87b01d5273fa3d7732f47b7d0da277ae",
            "sensitive_content": "-----BEGIN RSA PRIVATE KEY-----\nMIIEpAIBAAKCAQEAvFHjKTGIQiI4PqpFrEmg+oB3iQ7omvWZT1MCQUc2mKACzecI\nMCdfvQIweETnBhqiu78c12HyVJI2uamHpuuOaWCFWEXUabCjgFuQCNpkhyfXN9li\n8f1yjYH3q/xxMB2uHup7p10Txa5goxM29oD4QoiI+CLKKckXRsXyyw4OYqOQz74N\nU/qLvh2whCREHGUFh63wxJaE2sdwvPO0JITmJBxKUytCAMhz8D3GyxaEticK0+1d\nrFnyzNoqew0QpKeVdBebLiI95bVCJtiUciRE8HG6mczcFxsaRURLtg0gFiX9GTkz\nT0xSxdEBEeNnvifF6NTMcnmXUOf6vDyt1yqEbQIDAQABAoIBAH2QF+dSeGioClp2\nC4iJe0UrPQhsoVkY4oTKcxl1UwjGv7fsEECTMDmE6S53upYOUmzeS2usifgrmUOH\nrsP0EXtfeOlXff6OYSXnZw0QGLEpNk2tq1RwSd3iR3IsGogbcgp5C8OWwuUulI6G\n9EG90koCYVkZUTQ1OUjeGTmcgKjxAPeR71JjOaxKDIhJPegu7u/DKNDWa3tWy0vS\n21fHA+W38vL9ogFmZPdqcP4evIQv1IlGcb8/yT6VsSMAjpTLeq7nHGsfwSXXVTu6\nkBBw2h5/NcQ+DtfXVAiARFltMiSXewlSa8geq0zRz8GnPpgcwHNemWpJPDXIYR7h\nUkx7e8ECgYEA+n+yhieZ02+JlpFzfQX/rF7H20BXrdj+ZQwTUeCMxBDHil5kDRao\nqs83Q1y5C6kivI8zblZ7OJHqhVxgiF1Ss6QrAVmr6n0NuL4UOwlT7Nyfg4J/UVgo\nMcSLdwKVtlN10dZ0uX/hXerceXYf0ZQNiz+VTA/OrcYb/SlfpKqREpECgYEAwHSe\n0V6kCLfSnOVUHLyUa7uqflxb93Jxc30ZE2lxtI1LdEytEmPbKyAsbulI0Vza0rkn\nJL/Y/rPWwPYZf1wihPbL948ho6TIlZI5HeMEb03vkJtNaB9ikowq9LC9MlEQcz7k\nbvgCRhw08NqpQEVBM97RcErv0T2r9+gvNNtFyh0CgYEAtunuAzYBhjno3vBgw0dR\nFZ20FC5cl85enIx/wwbT4wtZmXkpV8FW8jsTYHXhjVk4yzVJ2eT+XyV1eWIl/w0e\nKZzT5k2DUlt0XJU3kpBSHyBOvinZLB3SY9zf9cwGZDd3Tf1qCFYPy5OG4I5X16Jj\nbW3FZ+AXDB8gKvE+LLB79HECgYEAskfWD5GiVskie2Edh/lRbHNOPvwD3bfQTPGn\n1wmo4V66dSPKd+y0zMBjKONGJ1vjAa2vCyYFN/0UhW/0sryA5bdRvySCPvuZLKVl\n77+rDgieUdDr5fac87CQ4lcPDJt3p6qtJfbs9FGQ4UVN4FHHUuuoDGP+wFBnC6G0\niTxO7CkCgYASneFCwBbglb0QRH4sKR/VWHKPj4b1kO0tMnLOLpMa+mBRsnUbuwIg\ngvD344I97hAllT32UuNwgVaHigR1/cCRv3xpJdBEQPXr6nSQu18tBbypETBQK0gu\nY/WAvPG3LTpBvcImEbYknW5lsGeqEQKPpaK6B5OkgJ+j/Pwd04UQMg==\n-----END RSA PRIVATE KEY-----\n",
            "source": null
          },
          "sensitive_attributes": [
            [
              {
                "type": "get_attr",
                "value": "sensitive_content"
              }
            ]
          ],
          "private": "bnVsbA==",
          "dependencies": [
            "module.ssh-key.tls_private_key.key"
          ]
        }
      ]
    },
    {
      "module": "module.ssh-key",
      "mode": "managed",
      "type": "tls_private_key",
      "name": "key",
      "provider": "provider[\"registry.terraform.io/hashicorp/tls\"]",
      "instances": [
        {
          "schema_version": 1,
          "attributes": {
            "algorithm": "RSA",
            "ecdsa_curve": "P224",
            "id": "2270163d9cad980d3bf37af2746a25a97118a0a0",
            "private_key_openssh": "-----BEGIN OPENSSH PRIVATE KEY-----\nb3BlbnNzaC1rZXktdjEAAAAABG5vbmUAAAAEbm9uZQAAAAAAAAABAAABFwAAAAdz\nc2gtcnNhAAAAAwEAAQAAAQEAvFHjKTGIQiI4PqpFrEmg+oB3iQ7omvWZT1MCQUc2\nmKACzecIMCdfvQIweETnBhqiu78c12HyVJI2uamHpuuOaWCFWEXUabCjgFuQCNpk\nhyfXN9li8f1yjYH3q/xxMB2uHup7p10Txa5goxM29oD4QoiI+CLKKckXRsXyyw4O\nYqOQz74NU/qLvh2whCREHGUFh63wxJaE2sdwvPO0JITmJBxKUytCAMhz8D3GyxaE\nticK0+1drFnyzNoqew0QpKeVdBebLiI95bVCJtiUciRE8HG6mczcFxsaRURLtg0g\nFiX9GTkzT0xSxdEBEeNnvifF6NTMcnmXUOf6vDyt1yqEbQAAA7g/y7VKP8u1SgAA\nAAdzc2gtcnNhAAABAQC8UeMpMYhCIjg+qkWsSaD6gHeJDuia9ZlPUwJBRzaYoALN\n5wgwJ1+9AjB4ROcGGqK7vxzXYfJUkja5qYem645pYIVYRdRpsKOAW5AI2mSHJ9c3\n2WLx/XKNgfer/HEwHa4e6nunXRPFrmCjEzb2gPhCiIj4IsopyRdGxfLLDg5io5DP\nvg1T+ou+HbCEJEQcZQWHrfDEloTax3C887QkhOYkHEpTK0IAyHPwPcbLFoS2JwrT\n7V2sWfLM2ip7DRCkp5V0F5suIj3ltUIm2JRyJETwcbqZzNwXGxpFREu2DSAWJf0Z\nOTNPTFLF0QER42e+J8Xo1MxyeZdQ5/q8PK3XKoRtAAAAAwEAAQAAAQB9kBfnUnho\nqApadguIiXtFKz0IbKFZGOKEynMZdVMIxr+37BBAkzA5hOkud7qWDlJs3ktrrIn4\nK5lDh67D9BF7X3jpV33+jmEl52cNEBixKTZNratUcEnd4kdyLBqIG3IKeQvDlsLl\nLpSOhvRBvdJKAmFZGVE0NTlI3hk5nICo8QD3ke9SYzmsSgyIST3oLu7vwyjQ1mt7\nVstL0ttXxwPlt/Ly/aIBZmT3anD+HryEL9SJRnG/P8k+lbEjAI6Uy3qu5xxrH8El\n11U7upAQcNoefzXEPg7X11QIgERZbTIkl3sJUmvIHqtM0c/Bpz6YHMBzXplqSTw1\nyGEe4VJMe3vBAAAAgBKd4ULAFuCVvRBEfiwpH9VYco+PhvWQ7S0ycs4ukxr6YFGy\ndRu7AiCC8Pfjgj3uECWVPfZS43CBVoeKBHX9wJG/fGkl0ERA9evqdJC7Xy0FvKkR\nMFArSC5j9YC88bctOkG9wiYRtiSdbmWwZ6oRAo+loroHk6SAn6P8/B3ThRAyAAAA\ngQD6f7KGJ5nTb4mWkXN9Bf+sXsfbQFet2P5lDBNR4IzEEMeKXmQNFqiqzzdDXLkL\nqSK8jzNuVns4keqFXGCIXVKzpCsBWavqfQ24vhQ7CVPs3J+Dgn9RWCgxxIt3ApW2\nU3XR1nS5f+Fd6tx5dh/RlA2LP5VMD86txhv9KV+kqpESkQAAAIEAwHSe0V6kCLfS\nnOVUHLyUa7uqflxb93Jxc30ZE2lxtI1LdEytEmPbKyAsbulI0Vza0rknJL/Y/rPW\nwPYZf1wihPbL948ho6TIlZI5HeMEb03vkJtNaB9ikowq9LC9MlEQcz7kbvgCRhw0\n8NqpQEVBM97RcErv0T2r9+gvNNtFyh0AAAAAAQID\n-----END OPENSSH PRIVATE KEY-----\n",
            "private_key_pem": "-----BEGIN RSA PRIVATE KEY-----\nMIIEpAIBAAKCAQEAvFHjKTGIQiI4PqpFrEmg+oB3iQ7omvWZT1MCQUc2mKACzecI\nMCdfvQIweETnBhqiu78c12HyVJI2uamHpuuOaWCFWEXUabCjgFuQCNpkhyfXN9li\n8f1yjYH3q/xxMB2uHup7p10Txa5goxM29oD4QoiI+CLKKckXRsXyyw4OYqOQz74N\nU/qLvh2whCREHGUFh63wxJaE2sdwvPO0JITmJBxKUytCAMhz8D3GyxaEticK0+1d\nrFnyzNoqew0QpKeVdBebLiI95bVCJtiUciRE8HG6mczcFxsaRURLtg0gFiX9GTkz\nT0xSxdEBEeNnvifF6NTMcnmXUOf6vDyt1yqEbQIDAQABAoIBAH2QF+dSeGioClp2\nC4iJe0UrPQhsoVkY4oTKcxl1UwjGv7fsEECTMDmE6S53upYOUmzeS2usifgrmUOH\nrsP0EXtfeOlXff6OYSXnZw0QGLEpNk2tq1RwSd3iR3IsGogbcgp5C8OWwuUulI6G\n9EG90koCYVkZUTQ1OUjeGTmcgKjxAPeR71JjOaxKDIhJPegu7u/DKNDWa3tWy0vS\n21fHA+W38vL9ogFmZPdqcP4evIQv1IlGcb8/yT6VsSMAjpTLeq7nHGsfwSXXVTu6\nkBBw2h5/NcQ+DtfXVAiARFltMiSXewlSa8geq0zRz8GnPpgcwHNemWpJPDXIYR7h\nUkx7e8ECgYEA+n+yhieZ02+JlpFzfQX/rF7H20BXrdj+ZQwTUeCMxBDHil5kDRao\nqs83Q1y5C6kivI8zblZ7OJHqhVxgiF1Ss6QrAVmr6n0NuL4UOwlT7Nyfg4J/UVgo\nMcSLdwKVtlN10dZ0uX/hXerceXYf0ZQNiz+VTA/OrcYb/SlfpKqREpECgYEAwHSe\n0V6kCLfSnOVUHLyUa7uqflxb93Jxc30ZE2lxtI1LdEytEmPbKyAsbulI0Vza0rkn\nJL/Y/rPWwPYZf1wihPbL948ho6TIlZI5HeMEb03vkJtNaB9ikowq9LC9MlEQcz7k\nbvgCRhw08NqpQEVBM97RcErv0T2r9+gvNNtFyh0CgYEAtunuAzYBhjno3vBgw0dR\nFZ20FC5cl85enIx/wwbT4wtZmXkpV8FW8jsTYHXhjVk4yzVJ2eT+XyV1eWIl/w0e\nKZzT5k2DUlt0XJU3kpBSHyBOvinZLB3SY9zf9cwGZDd3Tf1qCFYPy5OG4I5X16Jj\nbW3FZ+AXDB8gKvE+LLB79HECgYEAskfWD5GiVskie2Edh/lRbHNOPvwD3bfQTPGn\n1wmo4V66dSPKd+y0zMBjKONGJ1vjAa2vCyYFN/0UhW/0sryA5bdRvySCPvuZLKVl\n77+rDgieUdDr5fac87CQ4lcPDJt3p6qtJfbs9FGQ4UVN4FHHUuuoDGP+wFBnC6G0\niTxO7CkCgYASneFCwBbglb0QRH4sKR/VWHKPj4b1kO0tMnLOLpMa+mBRsnUbuwIg\ngvD344I97hAllT32UuNwgVaHigR1/cCRv3xpJdBEQPXr6nSQu18tBbypETBQK0gu\nY/WAvPG3LTpBvcImEbYknW5lsGeqEQKPpaK6B5OkgJ+j/Pwd04UQMg==\n-----END RSA PRIVATE KEY-----\n",
            "private_key_pem_pkcs8": "-----BEGIN PRIVATE KEY-----\nMIIEvgIBADANBgkqhkiG9w0BAQEFAASCBKgwggSkAgEAAoIBAQC8UeMpMYhCIjg+\nqkWsSaD6gHeJDuia9ZlPUwJBRzaYoALN5wgwJ1+9AjB4ROcGGqK7vxzXYfJUkja5\nqYem645pYIVYRdRpsKOAW5AI2mSHJ9c32WLx/XKNgfer/HEwHa4e6nunXRPFrmCj\nEzb2gPhCiIj4IsopyRdGxfLLDg5io5DPvg1T+ou+HbCEJEQcZQWHrfDEloTax3C8\n87QkhOYkHEpTK0IAyHPwPcbLFoS2JwrT7V2sWfLM2ip7DRCkp5V0F5suIj3ltUIm\n2JRyJETwcbqZzNwXGxpFREu2DSAWJf0ZOTNPTFLF0QER42e+J8Xo1MxyeZdQ5/q8\nPK3XKoRtAgMBAAECggEAfZAX51J4aKgKWnYLiIl7RSs9CGyhWRjihMpzGXVTCMa/\nt+wQQJMwOYTpLne6lg5SbN5La6yJ+CuZQ4euw/QRe1946Vd9/o5hJednDRAYsSk2\nTa2rVHBJ3eJHciwaiBtyCnkLw5bC5S6Ujob0Qb3SSgJhWRlRNDU5SN4ZOZyAqPEA\n95HvUmM5rEoMiEk96C7u78Mo0NZre1bLS9LbV8cD5bfy8v2iAWZk92pw/h68hC/U\niUZxvz/JPpWxIwCOlMt6ruccax/BJddVO7qQEHDaHn81xD4O19dUCIBEWW0yJJd7\nCVJryB6rTNHPwac+mBzAc16Zakk8NchhHuFSTHt7wQKBgQD6f7KGJ5nTb4mWkXN9\nBf+sXsfbQFet2P5lDBNR4IzEEMeKXmQNFqiqzzdDXLkLqSK8jzNuVns4keqFXGCI\nXVKzpCsBWavqfQ24vhQ7CVPs3J+Dgn9RWCgxxIt3ApW2U3XR1nS5f+Fd6tx5dh/R\nlA2LP5VMD86txhv9KV+kqpESkQKBgQDAdJ7RXqQIt9Kc5VQcvJRru6p+XFv3cnFz\nfRkTaXG0jUt0TK0SY9srICxu6UjRXNrSuSckv9j+s9bA9hl/XCKE9sv3jyGjpMiV\nkjkd4wRvTe+Qm01oH2KSjCr0sL0yURBzPuRu+AJGHDTw2qlARUEz3tFwSu/RPav3\n6C8020XKHQKBgQC26e4DNgGGOeje8GDDR1EVnbQULlyXzl6cjH/DBtPjC1mZeSlX\nwVbyOxNgdeGNWTjLNUnZ5P5fJXV5YiX/DR4pnNPmTYNSW3RclTeSkFIfIE6+Kdks\nHdJj3N/1zAZkN3dN/WoIVg/Lk4bgjlfXomNtbcVn4BcMHyAq8T4ssHv0cQKBgQCy\nR9YPkaJWySJ7YR2H+VFsc04+/APdt9BM8afXCajhXrp1I8p37LTMwGMo40YnW+MB\nra8LJgU3/RSFb/SyvIDlt1G/JII++5kspWXvv6sOCJ5R0Ovl9pzzsJDiVw8Mm3en\nqq0l9uz0UZDhRU3gUcdS66gMY/7AUGcLobSJPE7sKQKBgBKd4ULAFuCVvRBEfiwp\nH9VYco+PhvWQ7S0ycs4ukxr6YFGydRu7AiCC8Pfjgj3uECWVPfZS43CBVoeKBHX9\nwJG/fGkl0ERA9evqdJC7Xy0FvKkRMFArSC5j9YC88bctOkG9wiYRtiSdbmWwZ6oR\nAo+loroHk6SAn6P8/B3ThRAy\n-----END PRIVATE KEY-----\n",
            "public_key_fingerprint_md5": "4e:34:fc:51:13:2c:df:9e:c4:4f:aa:1b:ca:9b:6b:03",
            "public_key_fingerprint_sha256": "SHA256:8qZK2eiXU2wYQufgxgHww+gKYHQDnHqSiTn+kqUyJAM",
            "public_key_openssh": "ssh-rsa AAAAB3NzaC1yc2EAAAADAQABAAABAQC8UeMpMYhCIjg+qkWsSaD6gHeJDuia9ZlPUwJBRzaYoALN5wgwJ1+9AjB4ROcGGqK7vxzXYfJUkja5qYem645pYIVYRdRpsKOAW5AI2mSHJ9c32WLx/XKNgfer/HEwHa4e6nunXRPFrmCjEzb2gPhCiIj4IsopyRdGxfLLDg5io5DPvg1T+ou+HbCEJEQcZQWHrfDEloTax3C887QkhOYkHEpTK0IAyHPwPcbLFoS2JwrT7V2sWfLM2ip7DRCkp5V0F5suIj3ltUIm2JRyJETwcbqZzNwXGxpFREu2DSAWJf0ZOTNPTFLF0QER42e+J8Xo1MxyeZdQ5/q8PK3XKoRt\n",
            "public_key_pem": "-----BEGIN PUBLIC KEY-----\nMIIBIjANBgkqhkiG9w0BAQEFAAOCAQ8AMIIBCgKCAQEAvFHjKTGIQiI4PqpFrEmg\n+oB3iQ7omvWZT1MCQUc2mKACzecIMCdfvQIweETnBhqiu78c12HyVJI2uamHpuuO\naWCFWEXUabCjgFuQCNpkhyfXN9li8f1yjYH3q/xxMB2uHup7p10Txa5goxM29oD4\nQoiI+CLKKckXRsXyyw4OYqOQz74NU/qLvh2whCREHGUFh63wxJaE2sdwvPO0JITm\nJBxKUytCAMhz8D3GyxaEticK0+1drFnyzNoqew0QpKeVdBebLiI95bVCJtiUciRE\n8HG6mczcFxsaRURLtg0gFiX9GTkzT0xSxdEBEeNnvifF6NTMcnmXUOf6vDyt1yqE\nbQIDAQAB\n-----END PUBLIC KEY-----\n",
            "rsa_bits": 2048
          },
          "sensitive_attributes": [],
          "create_before_destroy": true
        }
      ]
    },
    {
      "module": "module.storage",
      "mode": "managed",
      "type": "aws_db_instance",
      "name": "master_db",
      "provider": "provider[\"registry.terraform.io/hashicorp/aws\"]",
      "instances": []
    },
    {
      "module": "module.storage",
      "mode": "managed",
      "type": "aws_efs_file_system",
      "name": "efs",
      "provider": "provider[\"registry.terraform.io/hashicorp/aws\"]",
      "instances": [
        {
          "schema_version": 0,
          "attributes": {
            "arn": "arn:aws:elasticfilesystem:us-west-2:872224457307:file-system/fs-0cd5ac4fe50e7eb0c",
            "availability_zone_id": "",
            "availability_zone_name": "",
            "creation_token": "spikademo-efs",
            "dns_name": "fs-0cd5ac4fe50e7eb0c.efs.us-west-2.amazonaws.com",
            "encrypted": false,
            "id": "fs-0cd5ac4fe50e7eb0c",
            "kms_key_id": "",
            "lifecycle_policy": [],
            "number_of_mount_targets": 0,
            "owner_id": "872224457307",
            "performance_mode": "generalPurpose",
            "provisioned_throughput_in_mibps": 0,
            "size_in_bytes": [
              {
                "value": 6144,
                "value_in_ia": 0,
                "value_in_standard": 6144
              }
            ],
            "tags": {
              "Name": "spikademo-filestorage"
            },
            "tags_all": {
              "Name": "spikademo-filestorage"
            },
            "throughput_mode": "bursting"
          },
          "sensitive_attributes": [],
          "private": "bnVsbA==",
          "create_before_destroy": true
        }
      ]
    },
    {
      "module": "module.storage",
      "mode": "managed",
      "type": "aws_efs_mount_target",
      "name": "mount",
      "provider": "provider[\"registry.terraform.io/hashicorp/aws\"]",
      "instances": []
    },
    {
      "module": "module.storage",
      "mode": "managed",
      "type": "aws_elasticache_cluster",
      "name": "redis_cache",
      "provider": "provider[\"registry.terraform.io/hashicorp/aws\"]",
      "instances": []
    }
  ],
  "check_results": null
}
