{
  "version": 4,
  "terraform_version": "1.3.3",
  "serial": 4883,
  "lineage": "d3b26784-d75e-c2d5-abfd-2dd4291965db",
  "outputs": {
    "ELB_DNS_name": {
      "value": "spikademo-alb-893674677.us-west-2.elb.amazonaws.com",
      "type": "string"
    },
    "database_connection_string": {
      "value": "mysql://spikadb_user:K_oFnI_g0H_-BVq9@spikademodb.clopvvf6x1zj.us-west-2.rds.amazonaws.com:3306/spikadb",
      "type": "string",
      "sensitive": true
    },
    "database_subnet_group_name": {
      "value": "spikademo-vpc",
      "type": "string"
    },
    "public_connection_string1": {
      "value": "ssh -i spikademo-key.pem ubuntu@35.86.96.147",
      "type": "string"
    },
    "public_connection_string2": {
      "value": "ssh -i spikademo-key.pem ubuntu@52.39.240.39",
      "type": "string"
    },
    "public_connection_string3": {
      "value": "ssh -i spikademo-key.pem ubuntu@34.219.189.103",
      "type": "string"
    },
    "queue_connection_string": {
      "value": "amqps://spikaqueue:GXTbJq74D0FaEyFY@b-edc3cd87-3389-4495-b35a-85d1cb00f6c3.mq.us-west-2.amazonaws.com:5671",
      "type": "string",
      "sensitive": true
    },
    "redis_connection_string": {
      "value": "redis://spikademoredis.gbuz3d.0001.usw2.cache.amazonaws.com:6379",
      "type": "string"
    }
  },
  "resources": [
    {
      "mode": "managed",
      "type": "random_password",
      "name": "db_master_pass",
      "provider": "provider[\"registry.terraform.io/hashicorp/random\"]",
      "instances": [
        {
          "schema_version": 3,
          "attributes": {
            "bcrypt_hash": "$2a$10$BOU.g8p2RZcl4ZEjIvYCBeVBGBxhNj3bsNlOrhSYN01CFMb.BM/Ca",
            "id": "none",
            "keepers": {
              "pass_version": "1"
            },
            "length": 16,
            "lower": true,
            "min_lower": 0,
            "min_numeric": 0,
            "min_special": 3,
            "min_upper": 0,
            "number": true,
            "numeric": true,
            "override_special": "-_=",
            "result": "K_oFnI_g0H_-BVq9",
            "special": true,
            "upper": true
          },
          "sensitive_attributes": [],
          "create_before_destroy": true
        }
      ]
    },
    {
      "mode": "managed",
      "type": "random_password",
      "name": "queue_pass",
      "provider": "provider[\"registry.terraform.io/hashicorp/random\"]",
      "instances": [
        {
          "schema_version": 3,
          "attributes": {
            "bcrypt_hash": "$2a$10$rD3HVupBxZv9dfT2lKxvaOY8kqxU3/QlomCNODZAIePcnyIkYQeSa",
            "id": "none",
            "keepers": {
              "pass_version": "1"
            },
            "length": 16,
            "lower": true,
            "min_lower": 0,
            "min_numeric": 0,
            "min_special": 0,
            "min_upper": 0,
            "number": true,
            "numeric": true,
            "override_special": null,
            "result": "GXTbJq74D0FaEyFY",
            "special": false,
            "upper": true
          },
          "sensitive_attributes": [],
          "create_before_destroy": true
        }
      ]
    },
    {
      "module": "module.ec2",
      "mode": "data",
      "type": "aws_ami",
      "name": "ubuntu-linux-2204",
      "provider": "provider[\"registry.terraform.io/hashicorp/aws\"]",
      "instances": [
        {
          "schema_version": 0,
          "attributes": {
            "architecture": "x86_64",
            "arn": "arn:aws:ec2:us-west-2::image/ami-038241ba95c675888",
            "block_device_mappings": [
              {
                "device_name": "/dev/sda1",
                "ebs": {
                  "delete_on_termination": "true",
                  "encrypted": "false",
                  "iops": "0",
                  "snapshot_id": "snap-0a3aca1a4f1e74a10",
                  "throughput": "0",
                  "volume_size": "8",
                  "volume_type": "gp2"
                },
                "no_device": "",
                "virtual_name": ""
              },
              {
                "device_name": "/dev/sdb",
                "ebs": {},
                "no_device": "",
                "virtual_name": "ephemeral0"
              },
              {
                "device_name": "/dev/sdc",
                "ebs": {},
                "no_device": "",
                "virtual_name": "ephemeral1"
              }
            ],
            "boot_mode": "",
            "creation_date": "2022-11-01T18:10:36.000Z",
            "deprecation_time": "2024-11-01T18:10:36.000Z",
            "description": "Canonical, Ubuntu, 22.04 LTS, amd64 jammy image build on 2022-11-01",
            "ena_support": true,
            "executable_users": null,
            "filter": [
              {
                "name": "name",
                "values": [
                  "ubuntu/images/hvm-ssd/ubuntu-jammy-22.04-amd64-server-*"
                ]
              },
              {
                "name": "virtualization-type",
                "values": [
                  "hvm"
                ]
              }
            ],
            "hypervisor": "xen",
            "id": "ami-038241ba95c675888",
            "image_id": "ami-038241ba95c675888",
            "image_location": "amazon/ubuntu/images/hvm-ssd/ubuntu-jammy-22.04-amd64-server-20221101.1",
            "image_owner_alias": "amazon",
            "image_type": "machine",
            "imds_support": "",
            "include_deprecated": false,
            "kernel_id": "",
            "most_recent": true,
            "name": "ubuntu/images/hvm-ssd/ubuntu-jammy-22.04-amd64-server-20221101.1",
            "name_regex": null,
            "owner_id": "099720109477",
            "owners": [
              "099720109477"
            ],
            "platform": "",
            "platform_details": "Linux/UNIX",
            "product_codes": [],
            "public": true,
            "ramdisk_id": "",
            "root_device_name": "/dev/sda1",
            "root_device_type": "ebs",
            "root_snapshot_id": "snap-0a3aca1a4f1e74a10",
            "sriov_net_support": "simple",
            "state": "available",
            "state_reason": {
              "code": "UNSET",
              "message": "UNSET"
            },
            "tags": {},
            "timeouts": null,
            "tpm_support": "",
            "usage_operation": "RunInstances",
            "virtualization_type": "hvm"
          },
          "sensitive_attributes": []
        }
      ]
    },
    {
      "module": "module.ec2",
      "mode": "data",
      "type": "template_file",
      "name": "env",
      "provider": "provider[\"registry.terraform.io/hashicorp/template\"]",
      "instances": [
        {
          "schema_version": 0,
          "attributes": {
            "filename": null,
            "id": "1a022e77ff682bc7358282757aaa9cfac12464532af8e5deb166da8b1c549368",
            "rendered": "COMPOSE_PROJECT_NAME=spika3\nADMIN_USERNAME='admin'\nADMIN_PASSWORD='password'\nSERVER_PORT=8080\n#API_BASE_URL=http://localhost:3000/api\nCONFCALL_HOST_URL=wss://spika3mediasoup.spika.chat\n\nUSE_MNG_API=1\nUSE_MSG_API=1\nUSE_SMS=1\nUSE_SSE=1\nUSE_UPLOAD=1\nUSE_PUSH=1\nUSE_CONFCALL=1\nUSE_MESSAGE_RECORDS_SSE=1\nUSE_WEBHOOK=1\n\nTEAM_MODE=1\n\nIS_TEST=0\nTWILIO_SID=AC22ef9d07bc79c3af873552bd7400623f\nTWILIO_TOKEN=00c763a417eb35b39fc4b5e3770fd3bb\nTWILIO_FROM_NUMBER=+16069560377\n\nLOG_INFO=1\nLOG_WARN=0\nLOG_ERROR=1\n\nFCM_PROJECT_ID=spika3webpush\nFCM_API_KEY=AIzaSyCQ9QkNE1VEEDdDJb6p-bdrBizVLtiPZuY\nFCM_AUTH_DOMAIN=spika3webpush.firebaseapp.com\nFCM_STORAGE_BUCKET=spika3webpush.appspot.com\nFCM_SENDER_ID=1036008924550\nFCM_APP_ID=1:1036008924550:web:d151610b05a9eef0c23807\nFCM_VAPID_KEY=\"BMvl3iS7PxDkSXhCT_0goMH5-XK83JB5QveMI6QgYq7D-G8Es9FeSgQ7W-7T4vWQ6REaQblti2Kq4r3buyANoeI\"\nFCM_HOST=fcm.googleapis.com\nFCM_PRIVATE_KEY=\"-----BEGIN PRIVATE KEY-----\\nMIIEvQIBADANBgkqhkiG9w0BAQEFAASCBKcwggSjAgEAAoIBAQC0UuO9wangI3kQ\\niG4qIQos7ZkV8xNtquJ+y9063/Ku0rCrbH/iss4PS9CiduUbREoFheJVu+aI2noT\\nXcF2lLBjReJkDQczXnGL1O6l/EuFXgWRBNbJo6AMEUi4WyDON5Z2RT2a3oqbnJZS\\nNkd6NZwctx/k/6BIkpXXzTx1P4ISiARu6445HeTe46KIA03qhNGuUPI0evMiLwup\\noJiS+3XqZfgKaA2g2Dm2WsIGaIz4yKtkPOlGf17bAsPlho+uP3nPCC6jGbiey/sI\\nIXZhJ657mha7QtAijbeikwd03LsJN4jgDcYctvULIIuTnnvvLdc4Lr26czPOXWW8\\nEu2s4QKBAgMBAAECggEAQUHCAzjjpiaQOGh3Ha3pRcsSXHwkKsrtvp8+R4EmDRhY\\nMSFJwpucsLJqJXFLhiuXcho6h3ZBfoM6LGoAik5S6wouXLDOS0vBYa5EUzNTjUcy\\nUoHizQP29ocGvxjTbW12eQSjv7kLhjcLu2LDSTm/bjDjTPcpZToPGhK+71t1Ugjk\\n/VCIcLFT4dl3JltxixkOUpfDrT+2mLqgvrWGkOwAKLCeU+bdUf/dx+J+48uUBAAL\\nxGfBjaM4NMQZPiLyXwhJew0a/+Vaazg2QByWVqoPBRTvbEXpcAk2hGGMK45yjEsJ\\nadiKVI/Nr9jSBrxG+C40r7S+gLcrMPAseEI+6SRaJQKBgQDsqTqm1J8VZ0CZVYI1\\nBCiALfkSgQWLcuOYiavM60EjUwjd+qrngzQjFgn48Ri7UqW84b49MdTcKrCXUMgt\\nuG9F0tp5rOpDigUjXnzL7jfQJFTrDrkvds4BNtkAfvRw7ssYSUSuu142xElrlVrN\\nH3Q3EaXFsFFbRG+xzIK3jhyxAwKBgQDDDyCc8byT9Vml3M4EGBT0fmN8Nov/mA2N\\nVvWR2UmZv5APUN4RahpvgZqTSHhUphp4w7eLwmho+kylxd1o5qQEldAwBf6ky4Wv\\nYxA4/bijqdrrnBK/COpJ6eV6SC7WaqCI2CHvND+D39xRd3dg1L4Nc3Ky4Lgp0OfT\\nmb5lmTttKwKBgBqpKeFXfKB1pFJhzqxYTpO6GiAahtxh0gACKmeIbSsklJAlSBGS\\nt1HojrELwCSCOAeiSsMsFPXEnWY+hH6aE3cDPPeOIkn/h3qnj1mN+Z2qKiLc4sHV\\nGXoLisDCjJkYXarbvjANDZ0P2dGT3snS7E2z4D/4EAI/IHIgPu2cxeCvAoGBAIP8\\nI2wu4hQXqx5hBwGcLem176kn25kKEPl3Qtj6dyPSjC7g4DJWYibbQnWwTsOwVS8r\\n93FZDX8jBmQRO5z0mz0DBgjItaJamE2xsVNu0tXjY9+TDtg2txlma8FPQGoTYibW\\nYDfUWbno6tIxDRT3PtYpLQ4+oj6hPYxfdoaWpbBbAoGAbP66UJYuaB4GgVRLTqQ4\\ncOExtxh3L6aYhYGUCUtG0X2jK/55DnPMf79V4sMAiEb5G4xIZRdv7TIC0Fp0MEY5\\nh0YoQIyVrc8Dg66PSILwZKfCfUi4xzM/rmUaS++HsSlHWJEg4KLvPqvEkmOuEOs/\\n02ZdLtzD6f/WpNyBAQZJwTk=\\n-----END PRIVATE KEY-----\\n\"\nFCM_EMAIL=firebase-adminsdk-r6q19@spika3webpush.iam.gserviceaccount.com\n\n\nUPLOAD_FOLDER=/var/spika/uploads\n\n\nMEDIASOUP_ANNOUNCED_IP='127.0.0.1'\nMEDIASOUP_LISTEN_IP='0.0.0.0'\nMEDIASOUP_MIN_PORT=40000\nMEDIASOUP_MAX_PORT=49999\n\nENV='production'\n#DEBUG=\"mediasoup*\"\n\n#UPLOADS_BASE_URL=http://localhost:3000\n#API_BASE_URL=http://localhost:3000/api\n#DATABASE_URL=\"mysql://root:ZjP68Ygd@localhost:3306/db\"\n#RABBITMQ_URL=amqp://myuser:mypassword@localhost\n#REDIS_URL=redis://localhost:8018\n",
            "template": "COMPOSE_PROJECT_NAME=spika3\nADMIN_USERNAME='admin'\nADMIN_PASSWORD='password'\nSERVER_PORT=8080\n#API_BASE_URL=http://localhost:3000/api\nCONFCALL_HOST_URL=wss://spika3mediasoup.spika.chat\n\nUSE_MNG_API=1\nUSE_MSG_API=1\nUSE_SMS=1\nUSE_SSE=1\nUSE_UPLOAD=1\nUSE_PUSH=1\nUSE_CONFCALL=1\nUSE_MESSAGE_RECORDS_SSE=1\nUSE_WEBHOOK=1\n\nTEAM_MODE=1\n\nIS_TEST=0\nTWILIO_SID=AC22ef9d07bc79c3af873552bd7400623f\nTWILIO_TOKEN=00c763a417eb35b39fc4b5e3770fd3bb\nTWILIO_FROM_NUMBER=+16069560377\n\nLOG_INFO=1\nLOG_WARN=0\nLOG_ERROR=1\n\nFCM_PROJECT_ID=spika3webpush\nFCM_API_KEY=AIzaSyCQ9QkNE1VEEDdDJb6p-bdrBizVLtiPZuY\nFCM_AUTH_DOMAIN=spika3webpush.firebaseapp.com\nFCM_STORAGE_BUCKET=spika3webpush.appspot.com\nFCM_SENDER_ID=1036008924550\nFCM_APP_ID=1:1036008924550:web:d151610b05a9eef0c23807\nFCM_VAPID_KEY=\"BMvl3iS7PxDkSXhCT_0goMH5-XK83JB5QveMI6QgYq7D-G8Es9FeSgQ7W-7T4vWQ6REaQblti2Kq4r3buyANoeI\"\nFCM_HOST=fcm.googleapis.com\nFCM_PRIVATE_KEY=\"-----BEGIN PRIVATE KEY-----\\nMIIEvQIBADANBgkqhkiG9w0BAQEFAASCBKcwggSjAgEAAoIBAQC0UuO9wangI3kQ\\niG4qIQos7ZkV8xNtquJ+y9063/Ku0rCrbH/iss4PS9CiduUbREoFheJVu+aI2noT\\nXcF2lLBjReJkDQczXnGL1O6l/EuFXgWRBNbJo6AMEUi4WyDON5Z2RT2a3oqbnJZS\\nNkd6NZwctx/k/6BIkpXXzTx1P4ISiARu6445HeTe46KIA03qhNGuUPI0evMiLwup\\noJiS+3XqZfgKaA2g2Dm2WsIGaIz4yKtkPOlGf17bAsPlho+uP3nPCC6jGbiey/sI\\nIXZhJ657mha7QtAijbeikwd03LsJN4jgDcYctvULIIuTnnvvLdc4Lr26czPOXWW8\\nEu2s4QKBAgMBAAECggEAQUHCAzjjpiaQOGh3Ha3pRcsSXHwkKsrtvp8+R4EmDRhY\\nMSFJwpucsLJqJXFLhiuXcho6h3ZBfoM6LGoAik5S6wouXLDOS0vBYa5EUzNTjUcy\\nUoHizQP29ocGvxjTbW12eQSjv7kLhjcLu2LDSTm/bjDjTPcpZToPGhK+71t1Ugjk\\n/VCIcLFT4dl3JltxixkOUpfDrT+2mLqgvrWGkOwAKLCeU+bdUf/dx+J+48uUBAAL\\nxGfBjaM4NMQZPiLyXwhJew0a/+Vaazg2QByWVqoPBRTvbEXpcAk2hGGMK45yjEsJ\\nadiKVI/Nr9jSBrxG+C40r7S+gLcrMPAseEI+6SRaJQKBgQDsqTqm1J8VZ0CZVYI1\\nBCiALfkSgQWLcuOYiavM60EjUwjd+qrngzQjFgn48Ri7UqW84b49MdTcKrCXUMgt\\nuG9F0tp5rOpDigUjXnzL7jfQJFTrDrkvds4BNtkAfvRw7ssYSUSuu142xElrlVrN\\nH3Q3EaXFsFFbRG+xzIK3jhyxAwKBgQDDDyCc8byT9Vml3M4EGBT0fmN8Nov/mA2N\\nVvWR2UmZv5APUN4RahpvgZqTSHhUphp4w7eLwmho+kylxd1o5qQEldAwBf6ky4Wv\\nYxA4/bijqdrrnBK/COpJ6eV6SC7WaqCI2CHvND+D39xRd3dg1L4Nc3Ky4Lgp0OfT\\nmb5lmTttKwKBgBqpKeFXfKB1pFJhzqxYTpO6GiAahtxh0gACKmeIbSsklJAlSBGS\\nt1HojrELwCSCOAeiSsMsFPXEnWY+hH6aE3cDPPeOIkn/h3qnj1mN+Z2qKiLc4sHV\\nGXoLisDCjJkYXarbvjANDZ0P2dGT3snS7E2z4D/4EAI/IHIgPu2cxeCvAoGBAIP8\\nI2wu4hQXqx5hBwGcLem176kn25kKEPl3Qtj6dyPSjC7g4DJWYibbQnWwTsOwVS8r\\n93FZDX8jBmQRO5z0mz0DBgjItaJamE2xsVNu0tXjY9+TDtg2txlma8FPQGoTYibW\\nYDfUWbno6tIxDRT3PtYpLQ4+oj6hPYxfdoaWpbBbAoGAbP66UJYuaB4GgVRLTqQ4\\ncOExtxh3L6aYhYGUCUtG0X2jK/55DnPMf79V4sMAiEb5G4xIZRdv7TIC0Fp0MEY5\\nh0YoQIyVrc8Dg66PSILwZKfCfUi4xzM/rmUaS++HsSlHWJEg4KLvPqvEkmOuEOs/\\n02ZdLtzD6f/WpNyBAQZJwTk=\\n-----END PRIVATE KEY-----\\n\"\nFCM_EMAIL=firebase-adminsdk-r6q19@spika3webpush.iam.gserviceaccount.com\n\n\nUPLOAD_FOLDER=/var/spika/uploads\n\n\nMEDIASOUP_ANNOUNCED_IP='127.0.0.1'\nMEDIASOUP_LISTEN_IP='0.0.0.0'\nMEDIASOUP_MIN_PORT=40000\nMEDIASOUP_MAX_PORT=49999\n\nENV='production'\n#DEBUG=\"mediasoup*\"\n\n#UPLOADS_BASE_URL=http://localhost:3000\n#API_BASE_URL=http://localhost:3000/api\n#DATABASE_URL=\"mysql://root:ZjP68Ygd@localhost:3306/db\"\n#RABBITMQ_URL=amqp://myuser:mypassword@localhost\n#REDIS_URL=redis://localhost:8018\n",
            "vars": null
          },
          "sensitive_attributes": []
        }
      ]
    },
    {
      "module": "module.ec2",
      "mode": "data",
      "type": "template_file",
      "name": "init",
      "provider": "provider[\"registry.terraform.io/hashicorp/template\"]",
      "instances": [
        {
          "schema_version": 0,
          "attributes": {
            "filename": null,
            "id": "68372e7ebda46569aef3d806bf91c9e6980cfebf05bd962d8f3e94929cf7e124",
            "rendered": "#!/bin/bash -v\napt-get update -y\napt-get install -y nfs-common curl python3 build-essential pip\necho fs-0acc89898f99e4c0d.efs.us-west-2.amazonaws.com \u003e\u003e /home/ubuntu/installlog\nmkdir /var/spika\nmount -t nfs -o nfsvers=4.1,rsize=1048576,wsize=1048576,hard,timeo=600,retrans=2,noresvport fs-0acc89898f99e4c0d.efs.us-west-2.amazonaws.com:/  /var/spika\necho fs-0acc89898f99e4c0d.efs.us-west-2.amazonaws.com:/ /var/spika nfs4 defaults,_netdev 0 0  | sudo cat \u003e\u003e /etc/fstab\nchown ubuntu:ubuntu /var/spika\nchown -R ubuntu:ubuntu /home/ubuntu \u0026\u003e\u003e /home/ubuntu/installlog\n\n\n# Install nodejs and others\ncat \u003e /tmp/subscript.sh \u003c\u003c EOF\n# START UBUNTU USERSPACE\necho \"Setting up NodeJS Environment\"\ncurl -o- https://raw.githubusercontent.com/creationix/nvm/v0.33.9/install.sh | bash\necho 'export NVM_DIR=\"/home/ubuntu/.nvm\"' \u003e\u003e /home/ubuntu/.bashrc\necho '[ -s \"$NVM_DIR/nvm.sh\" ] \u0026\u0026 . \"$NVM_DIR/nvm.sh\"  # This loads nvm' \u003e\u003e /home/ubuntu/.bashrc\n# Dot source the files to ensure that variables are available within the current shell\n. /home/ubuntu/.nvm/nvm.sh\n. /home/ubuntu/.profile\n. /home/ubuntu/.bashrc\n# Install NVM, NPM, Node.JS \u0026 Grunt\nnvm install --lts\nnvm ls\nnvm install 18\nnvm use 18\nnvm alias defautl 18\n\ncd /home/ubuntu\ngit clone https://github.com/cloverstudio/Spika3.git\n\ncd /home/ubuntu/Spika3; \ngit checkout work/terraform_support \n\n\necho \"COMPOSE_PROJECT_NAME=spika3\nADMIN_USERNAME='admin'\nADMIN_PASSWORD='password'\nSERVER_PORT=8080\n#API_BASE_URL=http://localhost:3000/api\nCONFCALL_HOST_URL=wss://spika3mediasoup.spika.chat\n\nUSE_MNG_API=1\nUSE_MSG_API=1\nUSE_SMS=1\nUSE_SSE=1\nUSE_UPLOAD=1\nUSE_PUSH=1\nUSE_CONFCALL=1\nUSE_MESSAGE_RECORDS_SSE=1\nUSE_WEBHOOK=1\n\nTEAM_MODE=1\n\nIS_TEST=0\nTWILIO_SID=AC22ef9d07bc79c3af873552bd7400623f\nTWILIO_TOKEN=00c763a417eb35b39fc4b5e3770fd3bb\nTWILIO_FROM_NUMBER=+16069560377\n\nLOG_INFO=1\nLOG_WARN=0\nLOG_ERROR=1\n\nFCM_PROJECT_ID=spika3webpush\nFCM_API_KEY=AIzaSyCQ9QkNE1VEEDdDJb6p-bdrBizVLtiPZuY\nFCM_AUTH_DOMAIN=spika3webpush.firebaseapp.com\nFCM_STORAGE_BUCKET=spika3webpush.appspot.com\nFCM_SENDER_ID=1036008924550\nFCM_APP_ID=1:1036008924550:web:d151610b05a9eef0c23807\nFCM_VAPID_KEY=\"BMvl3iS7PxDkSXhCT_0goMH5-XK83JB5QveMI6QgYq7D-G8Es9FeSgQ7W-7T4vWQ6REaQblti2Kq4r3buyANoeI\"\nFCM_HOST=fcm.googleapis.com\nFCM_PRIVATE_KEY=\"-----BEGIN PRIVATE KEY-----\\nMIIEvQIBADANBgkqhkiG9w0BAQEFAASCBKcwggSjAgEAAoIBAQC0UuO9wangI3kQ\\niG4qIQos7ZkV8xNtquJ+y9063/Ku0rCrbH/iss4PS9CiduUbREoFheJVu+aI2noT\\nXcF2lLBjReJkDQczXnGL1O6l/EuFXgWRBNbJo6AMEUi4WyDON5Z2RT2a3oqbnJZS\\nNkd6NZwctx/k/6BIkpXXzTx1P4ISiARu6445HeTe46KIA03qhNGuUPI0evMiLwup\\noJiS+3XqZfgKaA2g2Dm2WsIGaIz4yKtkPOlGf17bAsPlho+uP3nPCC6jGbiey/sI\\nIXZhJ657mha7QtAijbeikwd03LsJN4jgDcYctvULIIuTnnvvLdc4Lr26czPOXWW8\\nEu2s4QKBAgMBAAECggEAQUHCAzjjpiaQOGh3Ha3pRcsSXHwkKsrtvp8+R4EmDRhY\\nMSFJwpucsLJqJXFLhiuXcho6h3ZBfoM6LGoAik5S6wouXLDOS0vBYa5EUzNTjUcy\\nUoHizQP29ocGvxjTbW12eQSjv7kLhjcLu2LDSTm/bjDjTPcpZToPGhK+71t1Ugjk\\n/VCIcLFT4dl3JltxixkOUpfDrT+2mLqgvrWGkOwAKLCeU+bdUf/dx+J+48uUBAAL\\nxGfBjaM4NMQZPiLyXwhJew0a/+Vaazg2QByWVqoPBRTvbEXpcAk2hGGMK45yjEsJ\\nadiKVI/Nr9jSBrxG+C40r7S+gLcrMPAseEI+6SRaJQKBgQDsqTqm1J8VZ0CZVYI1\\nBCiALfkSgQWLcuOYiavM60EjUwjd+qrngzQjFgn48Ri7UqW84b49MdTcKrCXUMgt\\nuG9F0tp5rOpDigUjXnzL7jfQJFTrDrkvds4BNtkAfvRw7ssYSUSuu142xElrlVrN\\nH3Q3EaXFsFFbRG+xzIK3jhyxAwKBgQDDDyCc8byT9Vml3M4EGBT0fmN8Nov/mA2N\\nVvWR2UmZv5APUN4RahpvgZqTSHhUphp4w7eLwmho+kylxd1o5qQEldAwBf6ky4Wv\\nYxA4/bijqdrrnBK/COpJ6eV6SC7WaqCI2CHvND+D39xRd3dg1L4Nc3Ky4Lgp0OfT\\nmb5lmTttKwKBgBqpKeFXfKB1pFJhzqxYTpO6GiAahtxh0gACKmeIbSsklJAlSBGS\\nt1HojrELwCSCOAeiSsMsFPXEnWY+hH6aE3cDPPeOIkn/h3qnj1mN+Z2qKiLc4sHV\\nGXoLisDCjJkYXarbvjANDZ0P2dGT3snS7E2z4D/4EAI/IHIgPu2cxeCvAoGBAIP8\\nI2wu4hQXqx5hBwGcLem176kn25kKEPl3Qtj6dyPSjC7g4DJWYibbQnWwTsOwVS8r\\n93FZDX8jBmQRO5z0mz0DBgjItaJamE2xsVNu0tXjY9+TDtg2txlma8FPQGoTYibW\\nYDfUWbno6tIxDRT3PtYpLQ4+oj6hPYxfdoaWpbBbAoGAbP66UJYuaB4GgVRLTqQ4\\ncOExtxh3L6aYhYGUCUtG0X2jK/55DnPMf79V4sMAiEb5G4xIZRdv7TIC0Fp0MEY5\\nh0YoQIyVrc8Dg66PSILwZKfCfUi4xzM/rmUaS++HsSlHWJEg4KLvPqvEkmOuEOs/\\n02ZdLtzD6f/WpNyBAQZJwTk=\\n-----END PRIVATE KEY-----\\n\"\nFCM_EMAIL=firebase-adminsdk-r6q19@spika3webpush.iam.gserviceaccount.com\n\n\nUPLOAD_FOLDER=/var/spika/uploads\n\n\nMEDIASOUP_ANNOUNCED_IP='127.0.0.1'\nMEDIASOUP_LISTEN_IP='0.0.0.0'\nMEDIASOUP_MIN_PORT=40000\nMEDIASOUP_MAX_PORT=49999\n\nENV='production'\n#DEBUG=\"mediasoup*\"\n\n#UPLOADS_BASE_URL=http://localhost:3000\n#API_BASE_URL=http://localhost:3000/api\n#DATABASE_URL=\"mysql://root:ZjP68Ygd@localhost:3306/db\"\n#RABBITMQ_URL=amqp://myuser:mypassword@localhost\n#REDIS_URL=redis://localhost:8018\n\" \u003e\u003e /home/ubuntu/Spika3/.env\necho \"DATABASE_URL=\\\"mysql://spikadb_user:K_oFnI_g0H_-BVq9@spikademodb.clopvvf6x1zj.us-west-2.rds.amazonaws.com:3306/spikadb\\\"\" \u003e\u003e /home/ubuntu/Spika3/.env\necho \"RABBITMQ_URL=\\\"amqps://spikaqueue:GXTbJq74D0FaEyFY@b-edc3cd87-3389-4495-b35a-85d1cb00f6c3.mq.us-west-2.amazonaws.com:5671\\\"\" \u003e\u003e /home/ubuntu/Spika3/.env\necho \"REDIS_URL=\\\"redis://spikademoredis.gbuz3d.0001.usw2.cache.amazonaws.com:6379\\\"\" \u003e\u003e /home/ubuntu/Spika3/.env\necho \"API_BASE_URL=\\\"http://spikademo-alb-893674677.us-west-2.elb.amazonaws.com/api\\\"\" \u003e\u003e /home/ubuntu/Spika3/.env\necho \"UPLOADS_BASE_URL=\\\"http://spikademo-alb-893674677.us-west-2.elb.amazonaws.com\\\"\" \u003e\u003e /home/ubuntu/Spika3/.env\n\n\nnpm install --prefix /home/ubuntu/Spika3\n\nnpx prisma migrate deploy\nnpx prisma generate\nnpm run build:messenger\nnpm run build:management\nnpm run build:server\n\nnpm install -g pm2 \n#pm2 start npm -i max --name \"Spika\" --log-date-format 'DD-MM HH:mm:ss' -- run start:server\npm2 start npm --name \"Spika\" --log-date-format 'DD-MM HH:mm:ss' -- run start:server\npm2 install pm2-logrotate\npm2 set pm2-logrotate:rotateInterval '0 0 0 * * *'\nEOF\n\nchown ubuntu:ubuntu /tmp/subscript.sh \u0026\u0026 chmod a+x /tmp/subscript.sh \u003e\u003e /home/ubuntu/installlog\nsleep 1; su - ubuntu -c \"/tmp/subscript.sh\" \u003e\u003e /home/ubuntu/installlog\n\necho \"all done\" \u003e\u003e /home/ubuntu/installlog\n",
            "template": "#!/bin/bash -v\napt-get update -y\napt-get install -y nfs-common curl python3 build-essential pip\necho ${efs_dns_name} \u003e\u003e /home/ubuntu/installlog\nmkdir /var/spika\nmount -t nfs -o nfsvers=4.1,rsize=1048576,wsize=1048576,hard,timeo=600,retrans=2,noresvport ${efs_dns_name}:/  /var/spika\necho ${efs_dns_name}:/ /var/spika nfs4 defaults,_netdev 0 0  | sudo cat \u003e\u003e /etc/fstab\nchown ubuntu:ubuntu /var/spika\nchown -R ubuntu:ubuntu /home/ubuntu \u0026\u003e\u003e /home/ubuntu/installlog\n\n\n# Install nodejs and others\ncat \u003e /tmp/subscript.sh \u003c\u003c EOF\n# START UBUNTU USERSPACE\necho \"Setting up NodeJS Environment\"\ncurl -o- https://raw.githubusercontent.com/creationix/nvm/v0.33.9/install.sh | bash\necho 'export NVM_DIR=\"/home/ubuntu/.nvm\"' \u003e\u003e /home/ubuntu/.bashrc\necho '[ -s \"$NVM_DIR/nvm.sh\" ] \u0026\u0026 . \"$NVM_DIR/nvm.sh\"  # This loads nvm' \u003e\u003e /home/ubuntu/.bashrc\n# Dot source the files to ensure that variables are available within the current shell\n. /home/ubuntu/.nvm/nvm.sh\n. /home/ubuntu/.profile\n. /home/ubuntu/.bashrc\n# Install NVM, NPM, Node.JS \u0026 Grunt\nnvm install --lts\nnvm ls\nnvm install 18\nnvm use 18\nnvm alias defautl 18\n\ncd /home/ubuntu\ngit clone https://github.com/cloverstudio/Spika3.git\n\ncd /home/ubuntu/Spika3; \ngit checkout work/terraform_support \n\n\necho \"${prefix}\" \u003e\u003e /home/ubuntu/Spika3/.env\necho \"DATABASE_URL=\\\"${db_connection_string}\\\"\" \u003e\u003e /home/ubuntu/Spika3/.env\necho \"RABBITMQ_URL=\\\"${rabbit_mq_connection_string}\\\"\" \u003e\u003e /home/ubuntu/Spika3/.env\necho \"REDIS_URL=\\\"${redis_connection_string}\\\"\" \u003e\u003e /home/ubuntu/Spika3/.env\necho \"API_BASE_URL=\\\"http://${lb_dns_name}/api\\\"\" \u003e\u003e /home/ubuntu/Spika3/.env\necho \"UPLOADS_BASE_URL=\\\"http://${lb_dns_name}\\\"\" \u003e\u003e /home/ubuntu/Spika3/.env\n\n\nnpm install --prefix /home/ubuntu/Spika3\n\nnpx prisma migrate deploy\nnpx prisma generate\nnpm run build:messenger\nnpm run build:management\nnpm run build:server\n\nnpm install -g pm2 \n#pm2 start npm -i max --name \"Spika\" --log-date-format 'DD-MM HH:mm:ss' -- run start:server\npm2 start npm --name \"Spika\" --log-date-format 'DD-MM HH:mm:ss' -- run start:server\npm2 install pm2-logrotate\npm2 set pm2-logrotate:rotateInterval '0 0 0 * * *'\nEOF\n\nchown ubuntu:ubuntu /tmp/subscript.sh \u0026\u0026 chmod a+x /tmp/subscript.sh \u003e\u003e /home/ubuntu/installlog\nsleep 1; su - ubuntu -c \"/tmp/subscript.sh\" \u003e\u003e /home/ubuntu/installlog\n\necho \"all done\" \u003e\u003e /home/ubuntu/installlog\n",
            "vars": {
              "db_connection_string": "mysql://spikadb_user:K_oFnI_g0H_-BVq9@spikademodb.clopvvf6x1zj.us-west-2.rds.amazonaws.com:3306/spikadb",
              "efs_dns_name": "fs-0acc89898f99e4c0d.efs.us-west-2.amazonaws.com",
              "lb_dns_name": "spikademo-alb-893674677.us-west-2.elb.amazonaws.com",
              "prefix": "COMPOSE_PROJECT_NAME=spika3\nADMIN_USERNAME='admin'\nADMIN_PASSWORD='password'\nSERVER_PORT=8080\n#API_BASE_URL=http://localhost:3000/api\nCONFCALL_HOST_URL=wss://spika3mediasoup.spika.chat\n\nUSE_MNG_API=1\nUSE_MSG_API=1\nUSE_SMS=1\nUSE_SSE=1\nUSE_UPLOAD=1\nUSE_PUSH=1\nUSE_CONFCALL=1\nUSE_MESSAGE_RECORDS_SSE=1\nUSE_WEBHOOK=1\n\nTEAM_MODE=1\n\nIS_TEST=0\nTWILIO_SID=AC22ef9d07bc79c3af873552bd7400623f\nTWILIO_TOKEN=00c763a417eb35b39fc4b5e3770fd3bb\nTWILIO_FROM_NUMBER=+16069560377\n\nLOG_INFO=1\nLOG_WARN=0\nLOG_ERROR=1\n\nFCM_PROJECT_ID=spika3webpush\nFCM_API_KEY=AIzaSyCQ9QkNE1VEEDdDJb6p-bdrBizVLtiPZuY\nFCM_AUTH_DOMAIN=spika3webpush.firebaseapp.com\nFCM_STORAGE_BUCKET=spika3webpush.appspot.com\nFCM_SENDER_ID=1036008924550\nFCM_APP_ID=1:1036008924550:web:d151610b05a9eef0c23807\nFCM_VAPID_KEY=\"BMvl3iS7PxDkSXhCT_0goMH5-XK83JB5QveMI6QgYq7D-G8Es9FeSgQ7W-7T4vWQ6REaQblti2Kq4r3buyANoeI\"\nFCM_HOST=fcm.googleapis.com\nFCM_PRIVATE_KEY=\"-----BEGIN PRIVATE KEY-----\\nMIIEvQIBADANBgkqhkiG9w0BAQEFAASCBKcwggSjAgEAAoIBAQC0UuO9wangI3kQ\\niG4qIQos7ZkV8xNtquJ+y9063/Ku0rCrbH/iss4PS9CiduUbREoFheJVu+aI2noT\\nXcF2lLBjReJkDQczXnGL1O6l/EuFXgWRBNbJo6AMEUi4WyDON5Z2RT2a3oqbnJZS\\nNkd6NZwctx/k/6BIkpXXzTx1P4ISiARu6445HeTe46KIA03qhNGuUPI0evMiLwup\\noJiS+3XqZfgKaA2g2Dm2WsIGaIz4yKtkPOlGf17bAsPlho+uP3nPCC6jGbiey/sI\\nIXZhJ657mha7QtAijbeikwd03LsJN4jgDcYctvULIIuTnnvvLdc4Lr26czPOXWW8\\nEu2s4QKBAgMBAAECggEAQUHCAzjjpiaQOGh3Ha3pRcsSXHwkKsrtvp8+R4EmDRhY\\nMSFJwpucsLJqJXFLhiuXcho6h3ZBfoM6LGoAik5S6wouXLDOS0vBYa5EUzNTjUcy\\nUoHizQP29ocGvxjTbW12eQSjv7kLhjcLu2LDSTm/bjDjTPcpZToPGhK+71t1Ugjk\\n/VCIcLFT4dl3JltxixkOUpfDrT+2mLqgvrWGkOwAKLCeU+bdUf/dx+J+48uUBAAL\\nxGfBjaM4NMQZPiLyXwhJew0a/+Vaazg2QByWVqoPBRTvbEXpcAk2hGGMK45yjEsJ\\nadiKVI/Nr9jSBrxG+C40r7S+gLcrMPAseEI+6SRaJQKBgQDsqTqm1J8VZ0CZVYI1\\nBCiALfkSgQWLcuOYiavM60EjUwjd+qrngzQjFgn48Ri7UqW84b49MdTcKrCXUMgt\\nuG9F0tp5rOpDigUjXnzL7jfQJFTrDrkvds4BNtkAfvRw7ssYSUSuu142xElrlVrN\\nH3Q3EaXFsFFbRG+xzIK3jhyxAwKBgQDDDyCc8byT9Vml3M4EGBT0fmN8Nov/mA2N\\nVvWR2UmZv5APUN4RahpvgZqTSHhUphp4w7eLwmho+kylxd1o5qQEldAwBf6ky4Wv\\nYxA4/bijqdrrnBK/COpJ6eV6SC7WaqCI2CHvND+D39xRd3dg1L4Nc3Ky4Lgp0OfT\\nmb5lmTttKwKBgBqpKeFXfKB1pFJhzqxYTpO6GiAahtxh0gACKmeIbSsklJAlSBGS\\nt1HojrELwCSCOAeiSsMsFPXEnWY+hH6aE3cDPPeOIkn/h3qnj1mN+Z2qKiLc4sHV\\nGXoLisDCjJkYXarbvjANDZ0P2dGT3snS7E2z4D/4EAI/IHIgPu2cxeCvAoGBAIP8\\nI2wu4hQXqx5hBwGcLem176kn25kKEPl3Qtj6dyPSjC7g4DJWYibbQnWwTsOwVS8r\\n93FZDX8jBmQRO5z0mz0DBgjItaJamE2xsVNu0tXjY9+TDtg2txlma8FPQGoTYibW\\nYDfUWbno6tIxDRT3PtYpLQ4+oj6hPYxfdoaWpbBbAoGAbP66UJYuaB4GgVRLTqQ4\\ncOExtxh3L6aYhYGUCUtG0X2jK/55DnPMf79V4sMAiEb5G4xIZRdv7TIC0Fp0MEY5\\nh0YoQIyVrc8Dg66PSILwZKfCfUi4xzM/rmUaS++HsSlHWJEg4KLvPqvEkmOuEOs/\\n02ZdLtzD6f/WpNyBAQZJwTk=\\n-----END PRIVATE KEY-----\\n\"\nFCM_EMAIL=firebase-adminsdk-r6q19@spika3webpush.iam.gserviceaccount.com\n\n\nUPLOAD_FOLDER=/var/spika/uploads\n\n\nMEDIASOUP_ANNOUNCED_IP='127.0.0.1'\nMEDIASOUP_LISTEN_IP='0.0.0.0'\nMEDIASOUP_MIN_PORT=40000\nMEDIASOUP_MAX_PORT=49999\n\nENV='production'\n#DEBUG=\"mediasoup*\"\n\n#UPLOADS_BASE_URL=http://localhost:3000\n#API_BASE_URL=http://localhost:3000/api\n#DATABASE_URL=\"mysql://root:ZjP68Ygd@localhost:3306/db\"\n#RABBITMQ_URL=amqp://myuser:mypassword@localhost\n#REDIS_URL=redis://localhost:8018\n",
              "rabbit_mq_connection_string": "amqps://spikaqueue:GXTbJq74D0FaEyFY@b-edc3cd87-3389-4495-b35a-85d1cb00f6c3.mq.us-west-2.amazonaws.com:5671",
              "redis_connection_string": "redis://spikademoredis.gbuz3d.0001.usw2.cache.amazonaws.com:6379"
            }
          },
          "sensitive_attributes": [
            [
              {
                "type": "get_attr",
                "value": "vars"
              },
              {
                "type": "index",
                "value": {
                  "value": "db_connection_string",
                  "type": "string"
                }
              }
            ],
            [
              {
                "type": "get_attr",
                "value": "vars"
              },
              {
                "type": "index",
                "value": {
                  "value": "rabbit_mq_connection_string",
                  "type": "string"
                }
              }
            ]
          ]
        }
      ]
    },
    {
      "module": "module.ec2",
      "mode": "managed",
      "type": "aws_instance",
      "name": "ec2_public1",
      "provider": "provider[\"registry.terraform.io/hashicorp/aws\"]",
      "instances": [
        {
          "schema_version": 1,
          "attributes": {
            "ami": "ami-038241ba95c675888",
            "arn": "arn:aws:ec2:us-west-2:872224457307:instance/i-0ab46a26535e1b92c",
            "associate_public_ip_address": true,
            "availability_zone": "us-west-2a",
            "capacity_reservation_specification": [
              {
                "capacity_reservation_preference": "open",
                "capacity_reservation_target": []
              }
            ],
            "cpu_core_count": 2,
            "cpu_threads_per_core": 1,
            "credit_specification": [
              {
                "cpu_credits": "standard"
              }
            ],
            "disable_api_stop": false,
            "disable_api_termination": false,
            "ebs_block_device": [],
            "ebs_optimized": false,
            "enclave_options": [
              {
                "enabled": false
              }
            ],
            "ephemeral_block_device": [],
            "get_password_data": false,
            "hibernation": false,
            "host_id": null,
            "host_resource_group_arn": null,
            "iam_instance_profile": "",
            "id": "i-0ab46a26535e1b92c",
            "instance_initiated_shutdown_behavior": "stop",
            "instance_state": "running",
            "instance_type": "t2.medium",
            "ipv6_address_count": 0,
            "ipv6_addresses": [],
            "key_name": "spikademo-key",
            "launch_template": [],
            "maintenance_options": [
              {
                "auto_recovery": "default"
              }
            ],
            "metadata_options": [
              {
                "http_endpoint": "enabled",
                "http_put_response_hop_limit": 1,
                "http_tokens": "optional",
                "instance_metadata_tags": "disabled"
              }
            ],
            "monitoring": false,
            "network_interface": [],
            "outpost_arn": "",
            "password_data": "",
            "placement_group": "",
            "placement_partition_number": null,
            "primary_network_interface_id": "eni-08aa304f89a550aca",
            "private_dns": "ip-10-0-101-190.us-west-2.compute.internal",
            "private_dns_name_options": [
              {
                "enable_resource_name_dns_a_record": false,
                "enable_resource_name_dns_aaaa_record": false,
                "hostname_type": "ip-name"
              }
            ],
            "private_ip": "10.0.101.190",
            "public_dns": "ec2-35-86-96-147.us-west-2.compute.amazonaws.com",
            "public_ip": "35.86.96.147",
            "root_block_device": [
              {
                "delete_on_termination": true,
                "device_name": "/dev/sda1",
                "encrypted": true,
                "iops": 100,
                "kms_key_id": "arn:aws:kms:us-west-2:872224457307:key/4ba760b6-0284-40ea-87af-3d8eee9bf783",
                "tags": null,
                "throughput": 0,
                "volume_id": "vol-0ac275e60986dcdc7",
                "volume_size": 20,
                "volume_type": "gp2"
              }
            ],
            "secondary_private_ips": [],
            "security_groups": [],
            "source_dest_check": true,
            "subnet_id": "subnet-0269c4b323f5f2ffc",
            "tags": {
              "Name": "spikademo-EC2-PUBLIC1"
            },
            "tags_all": {
              "Name": "spikademo-EC2-PUBLIC1"
            },
            "tenancy": "default",
            "timeouts": null,
            "user_data": "13b629a0daa7ef747cc635660bba817d19c05f64",
            "user_data_base64": null,
            "user_data_replace_on_change": false,
            "volume_tags": null,
            "vpc_security_group_ids": [
              "sg-061bda6333abfb4b1"
            ]
          },
          "sensitive_attributes": [],
          "private": "eyJlMmJmYjczMC1lY2FhLTExZTYtOGY4OC0zNDM2M2JjN2M0YzAiOnsiY3JlYXRlIjo2MDAwMDAwMDAwMDAsImRlbGV0ZSI6MTIwMDAwMDAwMDAwMCwidXBkYXRlIjo2MDAwMDAwMDAwMDB9LCJzY2hlbWFfdmVyc2lvbiI6IjEifQ==",
          "dependencies": [
            "module.ec2.data.aws_ami.ubuntu-linux-2204",
            "module.ec2.data.template_file.env",
            "module.ec2.data.template_file.init",
            "module.elb.module.alb.aws_lb.this",
            "module.networking.aws_security_group.allow_pub",
            "module.networking.data.aws_availability_zones.available",
            "module.networking.module.vpc.aws_cloudwatch_log_group.flow_log",
            "module.networking.module.vpc.aws_customer_gateway.this",
            "module.networking.module.vpc.aws_db_subnet_group.database",
            "module.networking.module.vpc.aws_default_network_acl.this",
            "module.networking.module.vpc.aws_default_route_table.default",
            "module.networking.module.vpc.aws_default_security_group.this",
            "module.networking.module.vpc.aws_default_vpc.this",
            "module.networking.module.vpc.aws_egress_only_internet_gateway.this",
            "module.networking.module.vpc.aws_eip.nat",
            "module.networking.module.vpc.aws_elasticache_subnet_group.elasticache",
            "module.networking.module.vpc.aws_flow_log.this",
            "module.networking.module.vpc.aws_iam_policy.vpc_flow_log_cloudwatch",
            "module.networking.module.vpc.aws_iam_role.vpc_flow_log_cloudwatch",
            "module.networking.module.vpc.aws_iam_role_policy_attachment.vpc_flow_log_cloudwatch",
            "module.networking.module.vpc.aws_internet_gateway.this",
            "module.networking.module.vpc.aws_nat_gateway.this",
            "module.networking.module.vpc.aws_network_acl.database",
            "module.networking.module.vpc.aws_network_acl.elasticache",
            "module.networking.module.vpc.aws_network_acl.intra",
            "module.networking.module.vpc.aws_network_acl.outpost",
            "module.networking.module.vpc.aws_network_acl.private",
            "module.networking.module.vpc.aws_network_acl.public",
            "module.networking.module.vpc.aws_network_acl.redshift",
            "module.networking.module.vpc.aws_network_acl_rule.database_inbound",
            "module.networking.module.vpc.aws_network_acl_rule.database_outbound",
            "module.networking.module.vpc.aws_network_acl_rule.elasticache_inbound",
            "module.networking.module.vpc.aws_network_acl_rule.elasticache_outbound",
            "module.networking.module.vpc.aws_network_acl_rule.intra_inbound",
            "module.networking.module.vpc.aws_network_acl_rule.intra_outbound",
            "module.networking.module.vpc.aws_network_acl_rule.outpost_inbound",
            "module.networking.module.vpc.aws_network_acl_rule.outpost_outbound",
            "module.networking.module.vpc.aws_network_acl_rule.private_inbound",
            "module.networking.module.vpc.aws_network_acl_rule.private_outbound",
            "module.networking.module.vpc.aws_network_acl_rule.public_inbound",
            "module.networking.module.vpc.aws_network_acl_rule.public_outbound",
            "module.networking.module.vpc.aws_network_acl_rule.redshift_inbound",
            "module.networking.module.vpc.aws_network_acl_rule.redshift_outbound",
            "module.networking.module.vpc.aws_redshift_subnet_group.redshift",
            "module.networking.module.vpc.aws_route.database_internet_gateway",
            "module.networking.module.vpc.aws_route.database_ipv6_egress",
            "module.networking.module.vpc.aws_route.database_nat_gateway",
            "module.networking.module.vpc.aws_route.private_ipv6_egress",
            "module.networking.module.vpc.aws_route.private_nat_gateway",
            "module.networking.module.vpc.aws_route.public_internet_gateway",
            "module.networking.module.vpc.aws_route.public_internet_gateway_ipv6",
            "module.networking.module.vpc.aws_route_table.database",
            "module.networking.module.vpc.aws_route_table.elasticache",
            "module.networking.module.vpc.aws_route_table.intra",
            "module.networking.module.vpc.aws_route_table.private",
            "module.networking.module.vpc.aws_route_table.public",
            "module.networking.module.vpc.aws_route_table.redshift",
            "module.networking.module.vpc.aws_route_table_association.database",
            "module.networking.module.vpc.aws_route_table_association.elasticache",
            "module.networking.module.vpc.aws_route_table_association.intra",
            "module.networking.module.vpc.aws_route_table_association.outpost",
            "module.networking.module.vpc.aws_route_table_association.private",
            "module.networking.module.vpc.aws_route_table_association.public",
            "module.networking.module.vpc.aws_route_table_association.redshift",
            "module.networking.module.vpc.aws_route_table_association.redshift_public",
            "module.networking.module.vpc.aws_subnet.database",
            "module.networking.module.vpc.aws_subnet.elasticache",
            "module.networking.module.vpc.aws_subnet.intra",
            "module.networking.module.vpc.aws_subnet.outpost",
            "module.networking.module.vpc.aws_subnet.private",
            "module.networking.module.vpc.aws_subnet.public",
            "module.networking.module.vpc.aws_subnet.redshift",
            "module.networking.module.vpc.aws_vpc.this",
            "module.networking.module.vpc.aws_vpc_dhcp_options.this",
            "module.networking.module.vpc.aws_vpc_dhcp_options_association.this",
            "module.networking.module.vpc.aws_vpc_ipv4_cidr_block_association.this",
            "module.networking.module.vpc.aws_vpn_gateway.this",
            "module.networking.module.vpc.aws_vpn_gateway_attachment.this",
            "module.networking.module.vpc.aws_vpn_gateway_route_propagation.intra",
            "module.networking.module.vpc.aws_vpn_gateway_route_propagation.private",
            "module.networking.module.vpc.aws_vpn_gateway_route_propagation.public",
            "module.networking.module.vpc.data.aws_iam_policy_document.flow_log_cloudwatch_assume_role",
            "module.networking.module.vpc.data.aws_iam_policy_document.vpc_flow_log_cloudwatch",
            "module.queue.aws_mq_broker.main",
            "module.ssh-key.aws_key_pair.key_pair",
            "module.ssh-key.tls_private_key.key",
            "module.storage.aws_db_instance.master_db",
            "module.storage.aws_efs_file_system.efs",
            "module.storage.aws_elasticache_cluster.redis_cache",
            "random_password.db_master_pass",
            "random_password.queue_pass"
          ],
          "create_before_destroy": true
        }
      ]
    },
    {
      "module": "module.ec2",
      "mode": "managed",
      "type": "aws_instance",
      "name": "ec2_public2",
      "provider": "provider[\"registry.terraform.io/hashicorp/aws\"]",
      "instances": [
        {
          "schema_version": 1,
          "attributes": {
            "ami": "ami-038241ba95c675888",
            "arn": "arn:aws:ec2:us-west-2:872224457307:instance/i-0e1ed7ea4cec59ef7",
            "associate_public_ip_address": true,
            "availability_zone": "us-west-2a",
            "capacity_reservation_specification": [
              {
                "capacity_reservation_preference": "open",
                "capacity_reservation_target": []
              }
            ],
            "cpu_core_count": 2,
            "cpu_threads_per_core": 1,
            "credit_specification": [
              {
                "cpu_credits": "standard"
              }
            ],
            "disable_api_stop": false,
            "disable_api_termination": false,
            "ebs_block_device": [],
            "ebs_optimized": false,
            "enclave_options": [
              {
                "enabled": false
              }
            ],
            "ephemeral_block_device": [],
            "get_password_data": false,
            "hibernation": false,
            "host_id": null,
            "host_resource_group_arn": null,
            "iam_instance_profile": "",
            "id": "i-0e1ed7ea4cec59ef7",
            "instance_initiated_shutdown_behavior": "stop",
            "instance_state": "running",
            "instance_type": "t2.medium",
            "ipv6_address_count": 0,
            "ipv6_addresses": [],
            "key_name": "spikademo-key",
            "launch_template": [],
            "maintenance_options": [
              {
                "auto_recovery": "default"
              }
            ],
            "metadata_options": [
              {
                "http_endpoint": "enabled",
                "http_put_response_hop_limit": 1,
                "http_tokens": "optional",
                "instance_metadata_tags": "disabled"
              }
            ],
            "monitoring": false,
            "network_interface": [],
            "outpost_arn": "",
            "password_data": "",
            "placement_group": "",
            "placement_partition_number": null,
            "primary_network_interface_id": "eni-0530d8b56070dcebe",
            "private_dns": "ip-10-0-101-8.us-west-2.compute.internal",
            "private_dns_name_options": [
              {
                "enable_resource_name_dns_a_record": false,
                "enable_resource_name_dns_aaaa_record": false,
                "hostname_type": "ip-name"
              }
            ],
            "private_ip": "10.0.101.8",
            "public_dns": "ec2-52-39-240-39.us-west-2.compute.amazonaws.com",
            "public_ip": "52.39.240.39",
            "root_block_device": [
              {
                "delete_on_termination": true,
                "device_name": "/dev/sda1",
                "encrypted": true,
                "iops": 100,
                "kms_key_id": "arn:aws:kms:us-west-2:872224457307:key/4ba760b6-0284-40ea-87af-3d8eee9bf783",
                "tags": null,
                "throughput": 0,
                "volume_id": "vol-04620bfba0b077184",
                "volume_size": 20,
                "volume_type": "gp2"
              }
            ],
            "secondary_private_ips": [],
            "security_groups": [],
            "source_dest_check": true,
            "subnet_id": "subnet-0269c4b323f5f2ffc",
            "tags": {
              "Name": "spikademo-EC2-PUBLIC2"
            },
            "tags_all": {
              "Name": "spikademo-EC2-PUBLIC2"
            },
            "tenancy": "default",
            "timeouts": null,
            "user_data": "13b629a0daa7ef747cc635660bba817d19c05f64",
            "user_data_base64": null,
            "user_data_replace_on_change": false,
            "volume_tags": null,
            "vpc_security_group_ids": [
              "sg-061bda6333abfb4b1"
            ]
          },
          "sensitive_attributes": [],
          "private": "eyJlMmJmYjczMC1lY2FhLTExZTYtOGY4OC0zNDM2M2JjN2M0YzAiOnsiY3JlYXRlIjo2MDAwMDAwMDAwMDAsImRlbGV0ZSI6MTIwMDAwMDAwMDAwMCwidXBkYXRlIjo2MDAwMDAwMDAwMDB9LCJzY2hlbWFfdmVyc2lvbiI6IjEifQ==",
          "dependencies": [
            "module.ec2.data.aws_ami.ubuntu-linux-2204",
            "module.ec2.data.template_file.env",
            "module.ec2.data.template_file.init",
            "module.elb.module.alb.aws_lb.this",
            "module.networking.aws_security_group.allow_pub",
            "module.networking.data.aws_availability_zones.available",
            "module.networking.module.vpc.aws_cloudwatch_log_group.flow_log",
            "module.networking.module.vpc.aws_customer_gateway.this",
            "module.networking.module.vpc.aws_db_subnet_group.database",
            "module.networking.module.vpc.aws_default_network_acl.this",
            "module.networking.module.vpc.aws_default_route_table.default",
            "module.networking.module.vpc.aws_default_security_group.this",
            "module.networking.module.vpc.aws_default_vpc.this",
            "module.networking.module.vpc.aws_egress_only_internet_gateway.this",
            "module.networking.module.vpc.aws_eip.nat",
            "module.networking.module.vpc.aws_elasticache_subnet_group.elasticache",
            "module.networking.module.vpc.aws_flow_log.this",
            "module.networking.module.vpc.aws_iam_policy.vpc_flow_log_cloudwatch",
            "module.networking.module.vpc.aws_iam_role.vpc_flow_log_cloudwatch",
            "module.networking.module.vpc.aws_iam_role_policy_attachment.vpc_flow_log_cloudwatch",
            "module.networking.module.vpc.aws_internet_gateway.this",
            "module.networking.module.vpc.aws_nat_gateway.this",
            "module.networking.module.vpc.aws_network_acl.database",
            "module.networking.module.vpc.aws_network_acl.elasticache",
            "module.networking.module.vpc.aws_network_acl.intra",
            "module.networking.module.vpc.aws_network_acl.outpost",
            "module.networking.module.vpc.aws_network_acl.private",
            "module.networking.module.vpc.aws_network_acl.public",
            "module.networking.module.vpc.aws_network_acl.redshift",
            "module.networking.module.vpc.aws_network_acl_rule.database_inbound",
            "module.networking.module.vpc.aws_network_acl_rule.database_outbound",
            "module.networking.module.vpc.aws_network_acl_rule.elasticache_inbound",
            "module.networking.module.vpc.aws_network_acl_rule.elasticache_outbound",
            "module.networking.module.vpc.aws_network_acl_rule.intra_inbound",
            "module.networking.module.vpc.aws_network_acl_rule.intra_outbound",
            "module.networking.module.vpc.aws_network_acl_rule.outpost_inbound",
            "module.networking.module.vpc.aws_network_acl_rule.outpost_outbound",
            "module.networking.module.vpc.aws_network_acl_rule.private_inbound",
            "module.networking.module.vpc.aws_network_acl_rule.private_outbound",
            "module.networking.module.vpc.aws_network_acl_rule.public_inbound",
            "module.networking.module.vpc.aws_network_acl_rule.public_outbound",
            "module.networking.module.vpc.aws_network_acl_rule.redshift_inbound",
            "module.networking.module.vpc.aws_network_acl_rule.redshift_outbound",
            "module.networking.module.vpc.aws_redshift_subnet_group.redshift",
            "module.networking.module.vpc.aws_route.database_internet_gateway",
            "module.networking.module.vpc.aws_route.database_ipv6_egress",
            "module.networking.module.vpc.aws_route.database_nat_gateway",
            "module.networking.module.vpc.aws_route.private_ipv6_egress",
            "module.networking.module.vpc.aws_route.private_nat_gateway",
            "module.networking.module.vpc.aws_route.public_internet_gateway",
            "module.networking.module.vpc.aws_route.public_internet_gateway_ipv6",
            "module.networking.module.vpc.aws_route_table.database",
            "module.networking.module.vpc.aws_route_table.elasticache",
            "module.networking.module.vpc.aws_route_table.intra",
            "module.networking.module.vpc.aws_route_table.private",
            "module.networking.module.vpc.aws_route_table.public",
            "module.networking.module.vpc.aws_route_table.redshift",
            "module.networking.module.vpc.aws_route_table_association.database",
            "module.networking.module.vpc.aws_route_table_association.elasticache",
            "module.networking.module.vpc.aws_route_table_association.intra",
            "module.networking.module.vpc.aws_route_table_association.outpost",
            "module.networking.module.vpc.aws_route_table_association.private",
            "module.networking.module.vpc.aws_route_table_association.public",
            "module.networking.module.vpc.aws_route_table_association.redshift",
            "module.networking.module.vpc.aws_route_table_association.redshift_public",
            "module.networking.module.vpc.aws_subnet.database",
            "module.networking.module.vpc.aws_subnet.elasticache",
            "module.networking.module.vpc.aws_subnet.intra",
            "module.networking.module.vpc.aws_subnet.outpost",
            "module.networking.module.vpc.aws_subnet.private",
            "module.networking.module.vpc.aws_subnet.public",
            "module.networking.module.vpc.aws_subnet.redshift",
            "module.networking.module.vpc.aws_vpc.this",
            "module.networking.module.vpc.aws_vpc_dhcp_options.this",
            "module.networking.module.vpc.aws_vpc_dhcp_options_association.this",
            "module.networking.module.vpc.aws_vpc_ipv4_cidr_block_association.this",
            "module.networking.module.vpc.aws_vpn_gateway.this",
            "module.networking.module.vpc.aws_vpn_gateway_attachment.this",
            "module.networking.module.vpc.aws_vpn_gateway_route_propagation.intra",
            "module.networking.module.vpc.aws_vpn_gateway_route_propagation.private",
            "module.networking.module.vpc.aws_vpn_gateway_route_propagation.public",
            "module.networking.module.vpc.data.aws_iam_policy_document.flow_log_cloudwatch_assume_role",
            "module.networking.module.vpc.data.aws_iam_policy_document.vpc_flow_log_cloudwatch",
            "module.queue.aws_mq_broker.main",
            "module.ssh-key.aws_key_pair.key_pair",
            "module.ssh-key.tls_private_key.key",
            "module.storage.aws_db_instance.master_db",
            "module.storage.aws_efs_file_system.efs",
            "module.storage.aws_elasticache_cluster.redis_cache",
            "random_password.db_master_pass",
            "random_password.queue_pass"
          ],
          "create_before_destroy": true
        }
      ]
    },
    {
      "module": "module.ec2",
      "mode": "managed",
      "type": "aws_instance",
      "name": "ec2_public3",
      "provider": "provider[\"registry.terraform.io/hashicorp/aws\"]",
      "instances": [
        {
          "schema_version": 1,
          "attributes": {
            "ami": "ami-038241ba95c675888",
            "arn": "arn:aws:ec2:us-west-2:872224457307:instance/i-05e58f6735d40a70b",
            "associate_public_ip_address": true,
            "availability_zone": "us-west-2a",
            "capacity_reservation_specification": [
              {
                "capacity_reservation_preference": "open",
                "capacity_reservation_target": []
              }
            ],
            "cpu_core_count": 2,
            "cpu_threads_per_core": 1,
            "credit_specification": [
              {
                "cpu_credits": "standard"
              }
            ],
            "disable_api_stop": false,
            "disable_api_termination": false,
            "ebs_block_device": [],
            "ebs_optimized": false,
            "enclave_options": [
              {
                "enabled": false
              }
            ],
            "ephemeral_block_device": [],
            "get_password_data": false,
            "hibernation": false,
            "host_id": null,
            "host_resource_group_arn": null,
            "iam_instance_profile": "",
            "id": "i-05e58f6735d40a70b",
            "instance_initiated_shutdown_behavior": "stop",
            "instance_state": "running",
            "instance_type": "t2.medium",
            "ipv6_address_count": 0,
            "ipv6_addresses": [],
            "key_name": "spikademo-key",
            "launch_template": [],
            "maintenance_options": [
              {
                "auto_recovery": "default"
              }
            ],
            "metadata_options": [
              {
                "http_endpoint": "enabled",
                "http_put_response_hop_limit": 1,
                "http_tokens": "optional",
                "instance_metadata_tags": "disabled"
              }
            ],
            "monitoring": false,
            "network_interface": [],
            "outpost_arn": "",
            "password_data": "",
            "placement_group": "",
            "placement_partition_number": null,
            "primary_network_interface_id": "eni-0d643c7237f2336ea",
            "private_dns": "ip-10-0-101-146.us-west-2.compute.internal",
            "private_dns_name_options": [
              {
                "enable_resource_name_dns_a_record": false,
                "enable_resource_name_dns_aaaa_record": false,
                "hostname_type": "ip-name"
              }
            ],
            "private_ip": "10.0.101.146",
            "public_dns": "ec2-34-219-189-103.us-west-2.compute.amazonaws.com",
            "public_ip": "34.219.189.103",
            "root_block_device": [
              {
                "delete_on_termination": true,
                "device_name": "/dev/sda1",
                "encrypted": true,
                "iops": 100,
                "kms_key_id": "arn:aws:kms:us-west-2:872224457307:key/4ba760b6-0284-40ea-87af-3d8eee9bf783",
                "tags": null,
                "throughput": 0,
                "volume_id": "vol-039a99cbe96311e76",
                "volume_size": 20,
                "volume_type": "gp2"
              }
            ],
            "secondary_private_ips": [],
            "security_groups": [],
            "source_dest_check": true,
            "subnet_id": "subnet-0269c4b323f5f2ffc",
            "tags": {
              "Name": "spikademo-EC2-PUBLIC3"
            },
            "tags_all": {
              "Name": "spikademo-EC2-PUBLIC3"
            },
            "tenancy": "default",
            "timeouts": null,
            "user_data": "13b629a0daa7ef747cc635660bba817d19c05f64",
            "user_data_base64": null,
            "user_data_replace_on_change": false,
            "volume_tags": null,
            "vpc_security_group_ids": [
              "sg-061bda6333abfb4b1"
            ]
          },
          "sensitive_attributes": [],
          "private": "eyJlMmJmYjczMC1lY2FhLTExZTYtOGY4OC0zNDM2M2JjN2M0YzAiOnsiY3JlYXRlIjo2MDAwMDAwMDAwMDAsImRlbGV0ZSI6MTIwMDAwMDAwMDAwMCwidXBkYXRlIjo2MDAwMDAwMDAwMDB9LCJzY2hlbWFfdmVyc2lvbiI6IjEifQ==",
          "dependencies": [
            "module.ec2.data.aws_ami.ubuntu-linux-2204",
            "module.ec2.data.template_file.env",
            "module.ec2.data.template_file.init",
            "module.elb.module.alb.aws_lb.this",
            "module.networking.aws_security_group.allow_pub",
            "module.networking.data.aws_availability_zones.available",
            "module.networking.module.vpc.aws_cloudwatch_log_group.flow_log",
            "module.networking.module.vpc.aws_customer_gateway.this",
            "module.networking.module.vpc.aws_db_subnet_group.database",
            "module.networking.module.vpc.aws_default_network_acl.this",
            "module.networking.module.vpc.aws_default_route_table.default",
            "module.networking.module.vpc.aws_default_security_group.this",
            "module.networking.module.vpc.aws_default_vpc.this",
            "module.networking.module.vpc.aws_egress_only_internet_gateway.this",
            "module.networking.module.vpc.aws_eip.nat",
            "module.networking.module.vpc.aws_elasticache_subnet_group.elasticache",
            "module.networking.module.vpc.aws_flow_log.this",
            "module.networking.module.vpc.aws_iam_policy.vpc_flow_log_cloudwatch",
            "module.networking.module.vpc.aws_iam_role.vpc_flow_log_cloudwatch",
            "module.networking.module.vpc.aws_iam_role_policy_attachment.vpc_flow_log_cloudwatch",
            "module.networking.module.vpc.aws_internet_gateway.this",
            "module.networking.module.vpc.aws_nat_gateway.this",
            "module.networking.module.vpc.aws_network_acl.database",
            "module.networking.module.vpc.aws_network_acl.elasticache",
            "module.networking.module.vpc.aws_network_acl.intra",
            "module.networking.module.vpc.aws_network_acl.outpost",
            "module.networking.module.vpc.aws_network_acl.private",
            "module.networking.module.vpc.aws_network_acl.public",
            "module.networking.module.vpc.aws_network_acl.redshift",
            "module.networking.module.vpc.aws_network_acl_rule.database_inbound",
            "module.networking.module.vpc.aws_network_acl_rule.database_outbound",
            "module.networking.module.vpc.aws_network_acl_rule.elasticache_inbound",
            "module.networking.module.vpc.aws_network_acl_rule.elasticache_outbound",
            "module.networking.module.vpc.aws_network_acl_rule.intra_inbound",
            "module.networking.module.vpc.aws_network_acl_rule.intra_outbound",
            "module.networking.module.vpc.aws_network_acl_rule.outpost_inbound",
            "module.networking.module.vpc.aws_network_acl_rule.outpost_outbound",
            "module.networking.module.vpc.aws_network_acl_rule.private_inbound",
            "module.networking.module.vpc.aws_network_acl_rule.private_outbound",
            "module.networking.module.vpc.aws_network_acl_rule.public_inbound",
            "module.networking.module.vpc.aws_network_acl_rule.public_outbound",
            "module.networking.module.vpc.aws_network_acl_rule.redshift_inbound",
            "module.networking.module.vpc.aws_network_acl_rule.redshift_outbound",
            "module.networking.module.vpc.aws_redshift_subnet_group.redshift",
            "module.networking.module.vpc.aws_route.database_internet_gateway",
            "module.networking.module.vpc.aws_route.database_ipv6_egress",
            "module.networking.module.vpc.aws_route.database_nat_gateway",
            "module.networking.module.vpc.aws_route.private_ipv6_egress",
            "module.networking.module.vpc.aws_route.private_nat_gateway",
            "module.networking.module.vpc.aws_route.public_internet_gateway",
            "module.networking.module.vpc.aws_route.public_internet_gateway_ipv6",
            "module.networking.module.vpc.aws_route_table.database",
            "module.networking.module.vpc.aws_route_table.elasticache",
            "module.networking.module.vpc.aws_route_table.intra",
            "module.networking.module.vpc.aws_route_table.private",
            "module.networking.module.vpc.aws_route_table.public",
            "module.networking.module.vpc.aws_route_table.redshift",
            "module.networking.module.vpc.aws_route_table_association.database",
            "module.networking.module.vpc.aws_route_table_association.elasticache",
            "module.networking.module.vpc.aws_route_table_association.intra",
            "module.networking.module.vpc.aws_route_table_association.outpost",
            "module.networking.module.vpc.aws_route_table_association.private",
            "module.networking.module.vpc.aws_route_table_association.public",
            "module.networking.module.vpc.aws_route_table_association.redshift",
            "module.networking.module.vpc.aws_route_table_association.redshift_public",
            "module.networking.module.vpc.aws_subnet.database",
            "module.networking.module.vpc.aws_subnet.elasticache",
            "module.networking.module.vpc.aws_subnet.intra",
            "module.networking.module.vpc.aws_subnet.outpost",
            "module.networking.module.vpc.aws_subnet.private",
            "module.networking.module.vpc.aws_subnet.public",
            "module.networking.module.vpc.aws_subnet.redshift",
            "module.networking.module.vpc.aws_vpc.this",
            "module.networking.module.vpc.aws_vpc_dhcp_options.this",
            "module.networking.module.vpc.aws_vpc_dhcp_options_association.this",
            "module.networking.module.vpc.aws_vpc_ipv4_cidr_block_association.this",
            "module.networking.module.vpc.aws_vpn_gateway.this",
            "module.networking.module.vpc.aws_vpn_gateway_attachment.this",
            "module.networking.module.vpc.aws_vpn_gateway_route_propagation.intra",
            "module.networking.module.vpc.aws_vpn_gateway_route_propagation.private",
            "module.networking.module.vpc.aws_vpn_gateway_route_propagation.public",
            "module.networking.module.vpc.data.aws_iam_policy_document.flow_log_cloudwatch_assume_role",
            "module.networking.module.vpc.data.aws_iam_policy_document.vpc_flow_log_cloudwatch",
            "module.queue.aws_mq_broker.main",
            "module.ssh-key.aws_key_pair.key_pair",
            "module.ssh-key.tls_private_key.key",
            "module.storage.aws_db_instance.master_db",
            "module.storage.aws_efs_file_system.efs",
            "module.storage.aws_elasticache_cluster.redis_cache",
            "random_password.db_master_pass",
            "random_password.queue_pass"
          ],
          "create_before_destroy": true
        }
      ]
    },
    {
      "module": "module.elb.module.alb",
      "mode": "managed",
      "type": "aws_lb",
      "name": "this",
      "provider": "provider[\"registry.terraform.io/hashicorp/aws\"]",
      "instances": [
        {
          "index_key": 0,
          "schema_version": 0,
          "attributes": {
            "access_logs": [
              {
                "bucket": "",
                "enabled": false,
                "prefix": ""
              }
            ],
            "arn": "arn:aws:elasticloadbalancing:us-west-2:872224457307:loadbalancer/app/spikademo-alb/21aca7cc14322f2c",
            "arn_suffix": "app/spikademo-alb/21aca7cc14322f2c",
            "customer_owned_ipv4_pool": "",
            "desync_mitigation_mode": "defensive",
            "dns_name": "spikademo-alb-893674677.us-west-2.elb.amazonaws.com",
            "drop_invalid_header_fields": false,
            "enable_cross_zone_load_balancing": null,
            "enable_deletion_protection": false,
            "enable_http2": true,
            "enable_waf_fail_open": false,
            "id": "arn:aws:elasticloadbalancing:us-west-2:872224457307:loadbalancer/app/spikademo-alb/21aca7cc14322f2c",
            "idle_timeout": 60,
            "internal": false,
            "ip_address_type": "ipv4",
            "load_balancer_type": "application",
            "name": "spikademo-alb",
            "name_prefix": null,
            "preserve_host_header": false,
            "security_groups": [
              "sg-061bda6333abfb4b1"
            ],
            "subnet_mapping": [
              {
                "allocation_id": "",
                "ipv6_address": "",
                "outpost_id": "",
                "private_ipv4_address": "",
                "subnet_id": "subnet-0269c4b323f5f2ffc"
              },
              {
                "allocation_id": "",
                "ipv6_address": "",
                "outpost_id": "",
                "private_ipv4_address": "",
                "subnet_id": "subnet-04ee7de7d2aa21c50"
              }
            ],
            "subnets": [
              "subnet-0269c4b323f5f2ffc",
              "subnet-04ee7de7d2aa21c50"
            ],
            "tags": {
              "Environment": "production",
              "Name": "spikademo-alb"
            },
            "tags_all": {
              "Environment": "production",
              "Name": "spikademo-alb"
            },
            "timeouts": {
              "create": "10m",
              "delete": "10m",
              "update": "10m"
            },
            "vpc_id": "vpc-071fc2fec4ef58be6",
            "zone_id": "Z1H1FL5HABSF5"
          },
          "sensitive_attributes": [],
          "private": "eyJlMmJmYjczMC1lY2FhLTExZTYtOGY4OC0zNDM2M2JjN2M0YzAiOnsiY3JlYXRlIjo2MDAwMDAwMDAwMDAsImRlbGV0ZSI6NjAwMDAwMDAwMDAwLCJ1cGRhdGUiOjYwMDAwMDAwMDAwMH19",
          "dependencies": [
            "module.networking.aws_security_group.allow_pub",
            "module.networking.data.aws_availability_zones.available",
            "module.networking.module.vpc.aws_cloudwatch_log_group.flow_log",
            "module.networking.module.vpc.aws_customer_gateway.this",
            "module.networking.module.vpc.aws_db_subnet_group.database",
            "module.networking.module.vpc.aws_default_network_acl.this",
            "module.networking.module.vpc.aws_default_route_table.default",
            "module.networking.module.vpc.aws_default_security_group.this",
            "module.networking.module.vpc.aws_default_vpc.this",
            "module.networking.module.vpc.aws_egress_only_internet_gateway.this",
            "module.networking.module.vpc.aws_eip.nat",
            "module.networking.module.vpc.aws_elasticache_subnet_group.elasticache",
            "module.networking.module.vpc.aws_flow_log.this",
            "module.networking.module.vpc.aws_iam_policy.vpc_flow_log_cloudwatch",
            "module.networking.module.vpc.aws_iam_role.vpc_flow_log_cloudwatch",
            "module.networking.module.vpc.aws_iam_role_policy_attachment.vpc_flow_log_cloudwatch",
            "module.networking.module.vpc.aws_internet_gateway.this",
            "module.networking.module.vpc.aws_nat_gateway.this",
            "module.networking.module.vpc.aws_network_acl.database",
            "module.networking.module.vpc.aws_network_acl.elasticache",
            "module.networking.module.vpc.aws_network_acl.intra",
            "module.networking.module.vpc.aws_network_acl.outpost",
            "module.networking.module.vpc.aws_network_acl.private",
            "module.networking.module.vpc.aws_network_acl.public",
            "module.networking.module.vpc.aws_network_acl.redshift",
            "module.networking.module.vpc.aws_network_acl_rule.database_inbound",
            "module.networking.module.vpc.aws_network_acl_rule.database_outbound",
            "module.networking.module.vpc.aws_network_acl_rule.elasticache_inbound",
            "module.networking.module.vpc.aws_network_acl_rule.elasticache_outbound",
            "module.networking.module.vpc.aws_network_acl_rule.intra_inbound",
            "module.networking.module.vpc.aws_network_acl_rule.intra_outbound",
            "module.networking.module.vpc.aws_network_acl_rule.outpost_inbound",
            "module.networking.module.vpc.aws_network_acl_rule.outpost_outbound",
            "module.networking.module.vpc.aws_network_acl_rule.private_inbound",
            "module.networking.module.vpc.aws_network_acl_rule.private_outbound",
            "module.networking.module.vpc.aws_network_acl_rule.public_inbound",
            "module.networking.module.vpc.aws_network_acl_rule.public_outbound",
            "module.networking.module.vpc.aws_network_acl_rule.redshift_inbound",
            "module.networking.module.vpc.aws_network_acl_rule.redshift_outbound",
            "module.networking.module.vpc.aws_redshift_subnet_group.redshift",
            "module.networking.module.vpc.aws_route.database_internet_gateway",
            "module.networking.module.vpc.aws_route.database_ipv6_egress",
            "module.networking.module.vpc.aws_route.database_nat_gateway",
            "module.networking.module.vpc.aws_route.private_ipv6_egress",
            "module.networking.module.vpc.aws_route.private_nat_gateway",
            "module.networking.module.vpc.aws_route.public_internet_gateway",
            "module.networking.module.vpc.aws_route.public_internet_gateway_ipv6",
            "module.networking.module.vpc.aws_route_table.database",
            "module.networking.module.vpc.aws_route_table.elasticache",
            "module.networking.module.vpc.aws_route_table.intra",
            "module.networking.module.vpc.aws_route_table.private",
            "module.networking.module.vpc.aws_route_table.public",
            "module.networking.module.vpc.aws_route_table.redshift",
            "module.networking.module.vpc.aws_route_table_association.database",
            "module.networking.module.vpc.aws_route_table_association.elasticache",
            "module.networking.module.vpc.aws_route_table_association.intra",
            "module.networking.module.vpc.aws_route_table_association.outpost",
            "module.networking.module.vpc.aws_route_table_association.private",
            "module.networking.module.vpc.aws_route_table_association.public",
            "module.networking.module.vpc.aws_route_table_association.redshift",
            "module.networking.module.vpc.aws_route_table_association.redshift_public",
            "module.networking.module.vpc.aws_subnet.database",
            "module.networking.module.vpc.aws_subnet.elasticache",
            "module.networking.module.vpc.aws_subnet.intra",
            "module.networking.module.vpc.aws_subnet.outpost",
            "module.networking.module.vpc.aws_subnet.private",
            "module.networking.module.vpc.aws_subnet.public",
            "module.networking.module.vpc.aws_subnet.redshift",
            "module.networking.module.vpc.aws_vpc.this",
            "module.networking.module.vpc.aws_vpc_dhcp_options.this",
            "module.networking.module.vpc.aws_vpc_dhcp_options_association.this",
            "module.networking.module.vpc.aws_vpc_ipv4_cidr_block_association.this",
            "module.networking.module.vpc.aws_vpn_gateway.this",
            "module.networking.module.vpc.aws_vpn_gateway_attachment.this",
            "module.networking.module.vpc.aws_vpn_gateway_route_propagation.intra",
            "module.networking.module.vpc.aws_vpn_gateway_route_propagation.private",
            "module.networking.module.vpc.aws_vpn_gateway_route_propagation.public",
            "module.networking.module.vpc.data.aws_iam_policy_document.flow_log_cloudwatch_assume_role",
            "module.networking.module.vpc.data.aws_iam_policy_document.vpc_flow_log_cloudwatch"
          ],
          "create_before_destroy": true
        }
      ]
    },
    {
      "module": "module.elb.module.alb",
      "mode": "managed",
      "type": "aws_lb_listener",
      "name": "frontend_http_tcp",
      "provider": "provider[\"registry.terraform.io/hashicorp/aws\"]",
      "instances": [
        {
          "index_key": 0,
          "schema_version": 0,
          "attributes": {
            "alpn_policy": null,
            "arn": "arn:aws:elasticloadbalancing:us-west-2:872224457307:listener/app/spikademo-alb/21aca7cc14322f2c/13c5bc95f8118bb6",
            "certificate_arn": null,
            "default_action": [
              {
                "authenticate_cognito": [],
                "authenticate_oidc": [],
                "fixed_response": [],
                "forward": [],
                "order": 1,
                "redirect": [],
                "target_group_arn": "arn:aws:elasticloadbalancing:us-west-2:872224457307:targetgroup/pref-20221103120054500500000002/0ddb2892cb5af671",
                "type": "forward"
              }
            ],
            "id": "arn:aws:elasticloadbalancing:us-west-2:872224457307:listener/app/spikademo-alb/21aca7cc14322f2c/13c5bc95f8118bb6",
            "load_balancer_arn": "arn:aws:elasticloadbalancing:us-west-2:872224457307:loadbalancer/app/spikademo-alb/21aca7cc14322f2c",
            "port": 80,
            "protocol": "HTTP",
            "ssl_policy": "",
            "tags": {
              "Environment": "production"
            },
            "tags_all": {
              "Environment": "production"
            },
            "timeouts": null
          },
          "sensitive_attributes": [],
          "private": "eyJlMmJmYjczMC1lY2FhLTExZTYtOGY4OC0zNDM2M2JjN2M0YzAiOnsicmVhZCI6NjAwMDAwMDAwMDAwfX0=",
          "dependencies": [
            "module.ec2.aws_instance.ec2_public1",
            "module.ec2.aws_instance.ec2_public2",
            "module.ec2.aws_instance.ec2_public3",
            "module.ec2.data.aws_ami.ubuntu-linux-2204",
            "module.ec2.data.template_file.env",
            "module.ec2.data.template_file.init",
            "module.elb.module.alb.aws_lb.this",
            "module.elb.module.alb.aws_lb_target_group.main",
            "module.networking.aws_security_group.allow_pub",
            "module.networking.data.aws_availability_zones.available",
            "module.networking.module.vpc.aws_cloudwatch_log_group.flow_log",
            "module.networking.module.vpc.aws_customer_gateway.this",
            "module.networking.module.vpc.aws_db_subnet_group.database",
            "module.networking.module.vpc.aws_default_network_acl.this",
            "module.networking.module.vpc.aws_default_route_table.default",
            "module.networking.module.vpc.aws_default_security_group.this",
            "module.networking.module.vpc.aws_default_vpc.this",
            "module.networking.module.vpc.aws_egress_only_internet_gateway.this",
            "module.networking.module.vpc.aws_eip.nat",
            "module.networking.module.vpc.aws_elasticache_subnet_group.elasticache",
            "module.networking.module.vpc.aws_flow_log.this",
            "module.networking.module.vpc.aws_iam_policy.vpc_flow_log_cloudwatch",
            "module.networking.module.vpc.aws_iam_role.vpc_flow_log_cloudwatch",
            "module.networking.module.vpc.aws_iam_role_policy_attachment.vpc_flow_log_cloudwatch",
            "module.networking.module.vpc.aws_internet_gateway.this",
            "module.networking.module.vpc.aws_nat_gateway.this",
            "module.networking.module.vpc.aws_network_acl.database",
            "module.networking.module.vpc.aws_network_acl.elasticache",
            "module.networking.module.vpc.aws_network_acl.intra",
            "module.networking.module.vpc.aws_network_acl.outpost",
            "module.networking.module.vpc.aws_network_acl.private",
            "module.networking.module.vpc.aws_network_acl.public",
            "module.networking.module.vpc.aws_network_acl.redshift",
            "module.networking.module.vpc.aws_network_acl_rule.database_inbound",
            "module.networking.module.vpc.aws_network_acl_rule.database_outbound",
            "module.networking.module.vpc.aws_network_acl_rule.elasticache_inbound",
            "module.networking.module.vpc.aws_network_acl_rule.elasticache_outbound",
            "module.networking.module.vpc.aws_network_acl_rule.intra_inbound",
            "module.networking.module.vpc.aws_network_acl_rule.intra_outbound",
            "module.networking.module.vpc.aws_network_acl_rule.outpost_inbound",
            "module.networking.module.vpc.aws_network_acl_rule.outpost_outbound",
            "module.networking.module.vpc.aws_network_acl_rule.private_inbound",
            "module.networking.module.vpc.aws_network_acl_rule.private_outbound",
            "module.networking.module.vpc.aws_network_acl_rule.public_inbound",
            "module.networking.module.vpc.aws_network_acl_rule.public_outbound",
            "module.networking.module.vpc.aws_network_acl_rule.redshift_inbound",
            "module.networking.module.vpc.aws_network_acl_rule.redshift_outbound",
            "module.networking.module.vpc.aws_redshift_subnet_group.redshift",
            "module.networking.module.vpc.aws_route.database_internet_gateway",
            "module.networking.module.vpc.aws_route.database_ipv6_egress",
            "module.networking.module.vpc.aws_route.database_nat_gateway",
            "module.networking.module.vpc.aws_route.private_ipv6_egress",
            "module.networking.module.vpc.aws_route.private_nat_gateway",
            "module.networking.module.vpc.aws_route.public_internet_gateway",
            "module.networking.module.vpc.aws_route.public_internet_gateway_ipv6",
            "module.networking.module.vpc.aws_route_table.database",
            "module.networking.module.vpc.aws_route_table.elasticache",
            "module.networking.module.vpc.aws_route_table.intra",
            "module.networking.module.vpc.aws_route_table.private",
            "module.networking.module.vpc.aws_route_table.public",
            "module.networking.module.vpc.aws_route_table.redshift",
            "module.networking.module.vpc.aws_route_table_association.database",
            "module.networking.module.vpc.aws_route_table_association.elasticache",
            "module.networking.module.vpc.aws_route_table_association.intra",
            "module.networking.module.vpc.aws_route_table_association.outpost",
            "module.networking.module.vpc.aws_route_table_association.private",
            "module.networking.module.vpc.aws_route_table_association.public",
            "module.networking.module.vpc.aws_route_table_association.redshift",
            "module.networking.module.vpc.aws_route_table_association.redshift_public",
            "module.networking.module.vpc.aws_subnet.database",
            "module.networking.module.vpc.aws_subnet.elasticache",
            "module.networking.module.vpc.aws_subnet.intra",
            "module.networking.module.vpc.aws_subnet.outpost",
            "module.networking.module.vpc.aws_subnet.private",
            "module.networking.module.vpc.aws_subnet.public",
            "module.networking.module.vpc.aws_subnet.redshift",
            "module.networking.module.vpc.aws_vpc.this",
            "module.networking.module.vpc.aws_vpc_dhcp_options.this",
            "module.networking.module.vpc.aws_vpc_dhcp_options_association.this",
            "module.networking.module.vpc.aws_vpc_ipv4_cidr_block_association.this",
            "module.networking.module.vpc.aws_vpn_gateway.this",
            "module.networking.module.vpc.aws_vpn_gateway_attachment.this",
            "module.networking.module.vpc.aws_vpn_gateway_route_propagation.intra",
            "module.networking.module.vpc.aws_vpn_gateway_route_propagation.private",
            "module.networking.module.vpc.aws_vpn_gateway_route_propagation.public",
            "module.networking.module.vpc.data.aws_iam_policy_document.flow_log_cloudwatch_assume_role",
            "module.networking.module.vpc.data.aws_iam_policy_document.vpc_flow_log_cloudwatch",
            "module.queue.aws_mq_broker.main",
            "module.ssh-key.aws_key_pair.key_pair",
            "module.ssh-key.tls_private_key.key",
            "module.storage.aws_db_instance.master_db",
            "module.storage.aws_efs_file_system.efs",
            "module.storage.aws_elasticache_cluster.redis_cache",
            "random_password.db_master_pass",
            "random_password.queue_pass"
          ]
        }
      ]
    },
    {
      "module": "module.elb.module.alb",
      "mode": "managed",
      "type": "aws_lb_target_group",
      "name": "main",
      "provider": "provider[\"registry.terraform.io/hashicorp/aws\"]",
      "instances": [
        {
          "index_key": 0,
          "schema_version": 0,
          "attributes": {
            "arn": "arn:aws:elasticloadbalancing:us-west-2:872224457307:targetgroup/pref-20221103120054500500000002/0ddb2892cb5af671",
            "arn_suffix": "targetgroup/pref-20221103120054500500000002/0ddb2892cb5af671",
            "connection_termination": false,
            "deregistration_delay": "300",
            "health_check": [
              {
                "enabled": true,
                "healthy_threshold": 5,
                "interval": 30,
                "matcher": "200",
                "path": "/",
                "port": "traffic-port",
                "protocol": "HTTP",
                "timeout": 5,
                "unhealthy_threshold": 2
              }
            ],
            "id": "arn:aws:elasticloadbalancing:us-west-2:872224457307:targetgroup/pref-20221103120054500500000002/0ddb2892cb5af671",
            "ip_address_type": null,
            "lambda_multi_value_headers_enabled": false,
            "load_balancing_algorithm_type": "round_robin",
            "name": "pref-20221103120054500500000002",
            "name_prefix": "pref-",
            "port": 8080,
            "preserve_client_ip": null,
            "protocol": "HTTP",
            "protocol_version": "HTTP1",
            "proxy_protocol_v2": false,
            "slow_start": 0,
            "stickiness": [
              {
                "cookie_duration": 86400,
                "cookie_name": "",
                "enabled": false,
                "type": "lb_cookie"
              }
            ],
            "tags": {
              "Environment": "production",
              "Name": "pref-"
            },
            "tags_all": {
              "Environment": "production",
              "Name": "pref-"
            },
            "target_type": "instance",
            "vpc_id": "vpc-071fc2fec4ef58be6"
          },
          "sensitive_attributes": [],
          "private": "bnVsbA==",
          "dependencies": [
            "module.ec2.aws_instance.ec2_public1",
            "module.ec2.aws_instance.ec2_public2",
            "module.ec2.aws_instance.ec2_public3",
            "module.ec2.data.aws_ami.ubuntu-linux-2204",
            "module.ec2.data.template_file.env",
            "module.ec2.data.template_file.init",
            "module.elb.module.alb.aws_lb.this",
            "module.networking.aws_security_group.allow_pub",
            "module.networking.data.aws_availability_zones.available",
            "module.networking.module.vpc.aws_cloudwatch_log_group.flow_log",
            "module.networking.module.vpc.aws_customer_gateway.this",
            "module.networking.module.vpc.aws_db_subnet_group.database",
            "module.networking.module.vpc.aws_default_network_acl.this",
            "module.networking.module.vpc.aws_default_route_table.default",
            "module.networking.module.vpc.aws_default_security_group.this",
            "module.networking.module.vpc.aws_default_vpc.this",
            "module.networking.module.vpc.aws_egress_only_internet_gateway.this",
            "module.networking.module.vpc.aws_eip.nat",
            "module.networking.module.vpc.aws_elasticache_subnet_group.elasticache",
            "module.networking.module.vpc.aws_flow_log.this",
            "module.networking.module.vpc.aws_iam_policy.vpc_flow_log_cloudwatch",
            "module.networking.module.vpc.aws_iam_role.vpc_flow_log_cloudwatch",
            "module.networking.module.vpc.aws_iam_role_policy_attachment.vpc_flow_log_cloudwatch",
            "module.networking.module.vpc.aws_internet_gateway.this",
            "module.networking.module.vpc.aws_nat_gateway.this",
            "module.networking.module.vpc.aws_network_acl.database",
            "module.networking.module.vpc.aws_network_acl.elasticache",
            "module.networking.module.vpc.aws_network_acl.intra",
            "module.networking.module.vpc.aws_network_acl.outpost",
            "module.networking.module.vpc.aws_network_acl.private",
            "module.networking.module.vpc.aws_network_acl.public",
            "module.networking.module.vpc.aws_network_acl.redshift",
            "module.networking.module.vpc.aws_network_acl_rule.database_inbound",
            "module.networking.module.vpc.aws_network_acl_rule.database_outbound",
            "module.networking.module.vpc.aws_network_acl_rule.elasticache_inbound",
            "module.networking.module.vpc.aws_network_acl_rule.elasticache_outbound",
            "module.networking.module.vpc.aws_network_acl_rule.intra_inbound",
            "module.networking.module.vpc.aws_network_acl_rule.intra_outbound",
            "module.networking.module.vpc.aws_network_acl_rule.outpost_inbound",
            "module.networking.module.vpc.aws_network_acl_rule.outpost_outbound",
            "module.networking.module.vpc.aws_network_acl_rule.private_inbound",
            "module.networking.module.vpc.aws_network_acl_rule.private_outbound",
            "module.networking.module.vpc.aws_network_acl_rule.public_inbound",
            "module.networking.module.vpc.aws_network_acl_rule.public_outbound",
            "module.networking.module.vpc.aws_network_acl_rule.redshift_inbound",
            "module.networking.module.vpc.aws_network_acl_rule.redshift_outbound",
            "module.networking.module.vpc.aws_redshift_subnet_group.redshift",
            "module.networking.module.vpc.aws_route.database_internet_gateway",
            "module.networking.module.vpc.aws_route.database_ipv6_egress",
            "module.networking.module.vpc.aws_route.database_nat_gateway",
            "module.networking.module.vpc.aws_route.private_ipv6_egress",
            "module.networking.module.vpc.aws_route.private_nat_gateway",
            "module.networking.module.vpc.aws_route.public_internet_gateway",
            "module.networking.module.vpc.aws_route.public_internet_gateway_ipv6",
            "module.networking.module.vpc.aws_route_table.database",
            "module.networking.module.vpc.aws_route_table.elasticache",
            "module.networking.module.vpc.aws_route_table.intra",
            "module.networking.module.vpc.aws_route_table.private",
            "module.networking.module.vpc.aws_route_table.public",
            "module.networking.module.vpc.aws_route_table.redshift",
            "module.networking.module.vpc.aws_route_table_association.database",
            "module.networking.module.vpc.aws_route_table_association.elasticache",
            "module.networking.module.vpc.aws_route_table_association.intra",
            "module.networking.module.vpc.aws_route_table_association.outpost",
            "module.networking.module.vpc.aws_route_table_association.private",
            "module.networking.module.vpc.aws_route_table_association.public",
            "module.networking.module.vpc.aws_route_table_association.redshift",
            "module.networking.module.vpc.aws_route_table_association.redshift_public",
            "module.networking.module.vpc.aws_subnet.database",
            "module.networking.module.vpc.aws_subnet.elasticache",
            "module.networking.module.vpc.aws_subnet.intra",
            "module.networking.module.vpc.aws_subnet.outpost",
            "module.networking.module.vpc.aws_subnet.private",
            "module.networking.module.vpc.aws_subnet.public",
            "module.networking.module.vpc.aws_subnet.redshift",
            "module.networking.module.vpc.aws_vpc.this",
            "module.networking.module.vpc.aws_vpc_dhcp_options.this",
            "module.networking.module.vpc.aws_vpc_dhcp_options_association.this",
            "module.networking.module.vpc.aws_vpc_ipv4_cidr_block_association.this",
            "module.networking.module.vpc.aws_vpn_gateway.this",
            "module.networking.module.vpc.aws_vpn_gateway_attachment.this",
            "module.networking.module.vpc.aws_vpn_gateway_route_propagation.intra",
            "module.networking.module.vpc.aws_vpn_gateway_route_propagation.private",
            "module.networking.module.vpc.aws_vpn_gateway_route_propagation.public",
            "module.networking.module.vpc.data.aws_iam_policy_document.flow_log_cloudwatch_assume_role",
            "module.networking.module.vpc.data.aws_iam_policy_document.vpc_flow_log_cloudwatch",
            "module.queue.aws_mq_broker.main",
            "module.ssh-key.aws_key_pair.key_pair",
            "module.ssh-key.tls_private_key.key",
            "module.storage.aws_db_instance.master_db",
            "module.storage.aws_efs_file_system.efs",
            "module.storage.aws_elasticache_cluster.redis_cache",
            "random_password.db_master_pass",
            "random_password.queue_pass"
          ],
          "create_before_destroy": true
        }
      ]
    },
    {
      "module": "module.elb.module.alb",
      "mode": "managed",
      "type": "aws_lb_target_group_attachment",
      "name": "this",
      "provider": "provider[\"registry.terraform.io/hashicorp/aws\"]",
      "instances": [
        {
          "index_key": "0.instance_1",
          "schema_version": 0,
          "attributes": {
            "availability_zone": null,
            "id": "arn:aws:elasticloadbalancing:us-west-2:872224457307:targetgroup/pref-20221103120054500500000002/0ddb2892cb5af671-20221103120058648000000004",
            "port": 8080,
            "target_group_arn": "arn:aws:elasticloadbalancing:us-west-2:872224457307:targetgroup/pref-20221103120054500500000002/0ddb2892cb5af671",
            "target_id": "i-0ab46a26535e1b92c"
          },
          "sensitive_attributes": [],
          "private": "bnVsbA==",
          "dependencies": [
            "module.ec2.aws_instance.ec2_public1",
            "module.ec2.aws_instance.ec2_public2",
            "module.ec2.aws_instance.ec2_public3",
            "module.ec2.data.aws_ami.ubuntu-linux-2204",
            "module.ec2.data.template_file.env",
            "module.ec2.data.template_file.init",
            "module.elb.module.alb.aws_lambda_permission.lb",
            "module.elb.module.alb.aws_lb.this",
            "module.elb.module.alb.aws_lb_target_group.main",
            "module.networking.aws_security_group.allow_pub",
            "module.networking.data.aws_availability_zones.available",
            "module.networking.module.vpc.aws_cloudwatch_log_group.flow_log",
            "module.networking.module.vpc.aws_customer_gateway.this",
            "module.networking.module.vpc.aws_db_subnet_group.database",
            "module.networking.module.vpc.aws_default_network_acl.this",
            "module.networking.module.vpc.aws_default_route_table.default",
            "module.networking.module.vpc.aws_default_security_group.this",
            "module.networking.module.vpc.aws_default_vpc.this",
            "module.networking.module.vpc.aws_egress_only_internet_gateway.this",
            "module.networking.module.vpc.aws_eip.nat",
            "module.networking.module.vpc.aws_elasticache_subnet_group.elasticache",
            "module.networking.module.vpc.aws_flow_log.this",
            "module.networking.module.vpc.aws_iam_policy.vpc_flow_log_cloudwatch",
            "module.networking.module.vpc.aws_iam_role.vpc_flow_log_cloudwatch",
            "module.networking.module.vpc.aws_iam_role_policy_attachment.vpc_flow_log_cloudwatch",
            "module.networking.module.vpc.aws_internet_gateway.this",
            "module.networking.module.vpc.aws_nat_gateway.this",
            "module.networking.module.vpc.aws_network_acl.database",
            "module.networking.module.vpc.aws_network_acl.elasticache",
            "module.networking.module.vpc.aws_network_acl.intra",
            "module.networking.module.vpc.aws_network_acl.outpost",
            "module.networking.module.vpc.aws_network_acl.private",
            "module.networking.module.vpc.aws_network_acl.public",
            "module.networking.module.vpc.aws_network_acl.redshift",
            "module.networking.module.vpc.aws_network_acl_rule.database_inbound",
            "module.networking.module.vpc.aws_network_acl_rule.database_outbound",
            "module.networking.module.vpc.aws_network_acl_rule.elasticache_inbound",
            "module.networking.module.vpc.aws_network_acl_rule.elasticache_outbound",
            "module.networking.module.vpc.aws_network_acl_rule.intra_inbound",
            "module.networking.module.vpc.aws_network_acl_rule.intra_outbound",
            "module.networking.module.vpc.aws_network_acl_rule.outpost_inbound",
            "module.networking.module.vpc.aws_network_acl_rule.outpost_outbound",
            "module.networking.module.vpc.aws_network_acl_rule.private_inbound",
            "module.networking.module.vpc.aws_network_acl_rule.private_outbound",
            "module.networking.module.vpc.aws_network_acl_rule.public_inbound",
            "module.networking.module.vpc.aws_network_acl_rule.public_outbound",
            "module.networking.module.vpc.aws_network_acl_rule.redshift_inbound",
            "module.networking.module.vpc.aws_network_acl_rule.redshift_outbound",
            "module.networking.module.vpc.aws_redshift_subnet_group.redshift",
            "module.networking.module.vpc.aws_route.database_internet_gateway",
            "module.networking.module.vpc.aws_route.database_ipv6_egress",
            "module.networking.module.vpc.aws_route.database_nat_gateway",
            "module.networking.module.vpc.aws_route.private_ipv6_egress",
            "module.networking.module.vpc.aws_route.private_nat_gateway",
            "module.networking.module.vpc.aws_route.public_internet_gateway",
            "module.networking.module.vpc.aws_route.public_internet_gateway_ipv6",
            "module.networking.module.vpc.aws_route_table.database",
            "module.networking.module.vpc.aws_route_table.elasticache",
            "module.networking.module.vpc.aws_route_table.intra",
            "module.networking.module.vpc.aws_route_table.private",
            "module.networking.module.vpc.aws_route_table.public",
            "module.networking.module.vpc.aws_route_table.redshift",
            "module.networking.module.vpc.aws_route_table_association.database",
            "module.networking.module.vpc.aws_route_table_association.elasticache",
            "module.networking.module.vpc.aws_route_table_association.intra",
            "module.networking.module.vpc.aws_route_table_association.outpost",
            "module.networking.module.vpc.aws_route_table_association.private",
            "module.networking.module.vpc.aws_route_table_association.public",
            "module.networking.module.vpc.aws_route_table_association.redshift",
            "module.networking.module.vpc.aws_route_table_association.redshift_public",
            "module.networking.module.vpc.aws_subnet.database",
            "module.networking.module.vpc.aws_subnet.elasticache",
            "module.networking.module.vpc.aws_subnet.intra",
            "module.networking.module.vpc.aws_subnet.outpost",
            "module.networking.module.vpc.aws_subnet.private",
            "module.networking.module.vpc.aws_subnet.public",
            "module.networking.module.vpc.aws_subnet.redshift",
            "module.networking.module.vpc.aws_vpc.this",
            "module.networking.module.vpc.aws_vpc_dhcp_options.this",
            "module.networking.module.vpc.aws_vpc_dhcp_options_association.this",
            "module.networking.module.vpc.aws_vpc_ipv4_cidr_block_association.this",
            "module.networking.module.vpc.aws_vpn_gateway.this",
            "module.networking.module.vpc.aws_vpn_gateway_attachment.this",
            "module.networking.module.vpc.aws_vpn_gateway_route_propagation.intra",
            "module.networking.module.vpc.aws_vpn_gateway_route_propagation.private",
            "module.networking.module.vpc.aws_vpn_gateway_route_propagation.public",
            "module.networking.module.vpc.data.aws_iam_policy_document.flow_log_cloudwatch_assume_role",
            "module.networking.module.vpc.data.aws_iam_policy_document.vpc_flow_log_cloudwatch",
            "module.queue.aws_mq_broker.main",
            "module.ssh-key.aws_key_pair.key_pair",
            "module.ssh-key.tls_private_key.key",
            "module.storage.aws_db_instance.master_db",
            "module.storage.aws_efs_file_system.efs",
            "module.storage.aws_elasticache_cluster.redis_cache",
            "random_password.db_master_pass",
            "random_password.queue_pass"
          ]
        },
        {
          "index_key": "0.instance_2",
          "schema_version": 0,
          "attributes": {
            "availability_zone": null,
            "id": "arn:aws:elasticloadbalancing:us-west-2:872224457307:targetgroup/pref-20221103120054500500000002/0ddb2892cb5af671-20221103120058377900000003",
            "port": 8080,
            "target_group_arn": "arn:aws:elasticloadbalancing:us-west-2:872224457307:targetgroup/pref-20221103120054500500000002/0ddb2892cb5af671",
            "target_id": "i-0e1ed7ea4cec59ef7"
          },
          "sensitive_attributes": [],
          "private": "bnVsbA==",
          "dependencies": [
            "module.ec2.aws_instance.ec2_public1",
            "module.ec2.aws_instance.ec2_public2",
            "module.ec2.aws_instance.ec2_public3",
            "module.ec2.data.aws_ami.ubuntu-linux-2204",
            "module.ec2.data.template_file.env",
            "module.ec2.data.template_file.init",
            "module.elb.module.alb.aws_lambda_permission.lb",
            "module.elb.module.alb.aws_lb.this",
            "module.elb.module.alb.aws_lb_target_group.main",
            "module.networking.aws_security_group.allow_pub",
            "module.networking.data.aws_availability_zones.available",
            "module.networking.module.vpc.aws_cloudwatch_log_group.flow_log",
            "module.networking.module.vpc.aws_customer_gateway.this",
            "module.networking.module.vpc.aws_db_subnet_group.database",
            "module.networking.module.vpc.aws_default_network_acl.this",
            "module.networking.module.vpc.aws_default_route_table.default",
            "module.networking.module.vpc.aws_default_security_group.this",
            "module.networking.module.vpc.aws_default_vpc.this",
            "module.networking.module.vpc.aws_egress_only_internet_gateway.this",
            "module.networking.module.vpc.aws_eip.nat",
            "module.networking.module.vpc.aws_elasticache_subnet_group.elasticache",
            "module.networking.module.vpc.aws_flow_log.this",
            "module.networking.module.vpc.aws_iam_policy.vpc_flow_log_cloudwatch",
            "module.networking.module.vpc.aws_iam_role.vpc_flow_log_cloudwatch",
            "module.networking.module.vpc.aws_iam_role_policy_attachment.vpc_flow_log_cloudwatch",
            "module.networking.module.vpc.aws_internet_gateway.this",
            "module.networking.module.vpc.aws_nat_gateway.this",
            "module.networking.module.vpc.aws_network_acl.database",
            "module.networking.module.vpc.aws_network_acl.elasticache",
            "module.networking.module.vpc.aws_network_acl.intra",
            "module.networking.module.vpc.aws_network_acl.outpost",
            "module.networking.module.vpc.aws_network_acl.private",
            "module.networking.module.vpc.aws_network_acl.public",
            "module.networking.module.vpc.aws_network_acl.redshift",
            "module.networking.module.vpc.aws_network_acl_rule.database_inbound",
            "module.networking.module.vpc.aws_network_acl_rule.database_outbound",
            "module.networking.module.vpc.aws_network_acl_rule.elasticache_inbound",
            "module.networking.module.vpc.aws_network_acl_rule.elasticache_outbound",
            "module.networking.module.vpc.aws_network_acl_rule.intra_inbound",
            "module.networking.module.vpc.aws_network_acl_rule.intra_outbound",
            "module.networking.module.vpc.aws_network_acl_rule.outpost_inbound",
            "module.networking.module.vpc.aws_network_acl_rule.outpost_outbound",
            "module.networking.module.vpc.aws_network_acl_rule.private_inbound",
            "module.networking.module.vpc.aws_network_acl_rule.private_outbound",
            "module.networking.module.vpc.aws_network_acl_rule.public_inbound",
            "module.networking.module.vpc.aws_network_acl_rule.public_outbound",
            "module.networking.module.vpc.aws_network_acl_rule.redshift_inbound",
            "module.networking.module.vpc.aws_network_acl_rule.redshift_outbound",
            "module.networking.module.vpc.aws_redshift_subnet_group.redshift",
            "module.networking.module.vpc.aws_route.database_internet_gateway",
            "module.networking.module.vpc.aws_route.database_ipv6_egress",
            "module.networking.module.vpc.aws_route.database_nat_gateway",
            "module.networking.module.vpc.aws_route.private_ipv6_egress",
            "module.networking.module.vpc.aws_route.private_nat_gateway",
            "module.networking.module.vpc.aws_route.public_internet_gateway",
            "module.networking.module.vpc.aws_route.public_internet_gateway_ipv6",
            "module.networking.module.vpc.aws_route_table.database",
            "module.networking.module.vpc.aws_route_table.elasticache",
            "module.networking.module.vpc.aws_route_table.intra",
            "module.networking.module.vpc.aws_route_table.private",
            "module.networking.module.vpc.aws_route_table.public",
            "module.networking.module.vpc.aws_route_table.redshift",
            "module.networking.module.vpc.aws_route_table_association.database",
            "module.networking.module.vpc.aws_route_table_association.elasticache",
            "module.networking.module.vpc.aws_route_table_association.intra",
            "module.networking.module.vpc.aws_route_table_association.outpost",
            "module.networking.module.vpc.aws_route_table_association.private",
            "module.networking.module.vpc.aws_route_table_association.public",
            "module.networking.module.vpc.aws_route_table_association.redshift",
            "module.networking.module.vpc.aws_route_table_association.redshift_public",
            "module.networking.module.vpc.aws_subnet.database",
            "module.networking.module.vpc.aws_subnet.elasticache",
            "module.networking.module.vpc.aws_subnet.intra",
            "module.networking.module.vpc.aws_subnet.outpost",
            "module.networking.module.vpc.aws_subnet.private",
            "module.networking.module.vpc.aws_subnet.public",
            "module.networking.module.vpc.aws_subnet.redshift",
            "module.networking.module.vpc.aws_vpc.this",
            "module.networking.module.vpc.aws_vpc_dhcp_options.this",
            "module.networking.module.vpc.aws_vpc_dhcp_options_association.this",
            "module.networking.module.vpc.aws_vpc_ipv4_cidr_block_association.this",
            "module.networking.module.vpc.aws_vpn_gateway.this",
            "module.networking.module.vpc.aws_vpn_gateway_attachment.this",
            "module.networking.module.vpc.aws_vpn_gateway_route_propagation.intra",
            "module.networking.module.vpc.aws_vpn_gateway_route_propagation.private",
            "module.networking.module.vpc.aws_vpn_gateway_route_propagation.public",
            "module.networking.module.vpc.data.aws_iam_policy_document.flow_log_cloudwatch_assume_role",
            "module.networking.module.vpc.data.aws_iam_policy_document.vpc_flow_log_cloudwatch",
            "module.queue.aws_mq_broker.main",
            "module.ssh-key.aws_key_pair.key_pair",
            "module.ssh-key.tls_private_key.key",
            "module.storage.aws_db_instance.master_db",
            "module.storage.aws_efs_file_system.efs",
            "module.storage.aws_elasticache_cluster.redis_cache",
            "random_password.db_master_pass",
            "random_password.queue_pass"
          ]
        },
        {
          "index_key": "0.instance_3",
          "schema_version": 0,
          "attributes": {
            "availability_zone": null,
            "id": "arn:aws:elasticloadbalancing:us-west-2:872224457307:targetgroup/pref-20221103120054500500000002/0ddb2892cb5af671-20221103120058949200000005",
            "port": 8080,
            "target_group_arn": "arn:aws:elasticloadbalancing:us-west-2:872224457307:targetgroup/pref-20221103120054500500000002/0ddb2892cb5af671",
            "target_id": "i-05e58f6735d40a70b"
          },
          "sensitive_attributes": [],
          "private": "bnVsbA==",
          "dependencies": [
            "module.ec2.aws_instance.ec2_public1",
            "module.ec2.aws_instance.ec2_public2",
            "module.ec2.aws_instance.ec2_public3",
            "module.ec2.data.aws_ami.ubuntu-linux-2204",
            "module.ec2.data.template_file.env",
            "module.ec2.data.template_file.init",
            "module.elb.module.alb.aws_lambda_permission.lb",
            "module.elb.module.alb.aws_lb.this",
            "module.elb.module.alb.aws_lb_target_group.main",
            "module.networking.aws_security_group.allow_pub",
            "module.networking.data.aws_availability_zones.available",
            "module.networking.module.vpc.aws_cloudwatch_log_group.flow_log",
            "module.networking.module.vpc.aws_customer_gateway.this",
            "module.networking.module.vpc.aws_db_subnet_group.database",
            "module.networking.module.vpc.aws_default_network_acl.this",
            "module.networking.module.vpc.aws_default_route_table.default",
            "module.networking.module.vpc.aws_default_security_group.this",
            "module.networking.module.vpc.aws_default_vpc.this",
            "module.networking.module.vpc.aws_egress_only_internet_gateway.this",
            "module.networking.module.vpc.aws_eip.nat",
            "module.networking.module.vpc.aws_elasticache_subnet_group.elasticache",
            "module.networking.module.vpc.aws_flow_log.this",
            "module.networking.module.vpc.aws_iam_policy.vpc_flow_log_cloudwatch",
            "module.networking.module.vpc.aws_iam_role.vpc_flow_log_cloudwatch",
            "module.networking.module.vpc.aws_iam_role_policy_attachment.vpc_flow_log_cloudwatch",
            "module.networking.module.vpc.aws_internet_gateway.this",
            "module.networking.module.vpc.aws_nat_gateway.this",
            "module.networking.module.vpc.aws_network_acl.database",
            "module.networking.module.vpc.aws_network_acl.elasticache",
            "module.networking.module.vpc.aws_network_acl.intra",
            "module.networking.module.vpc.aws_network_acl.outpost",
            "module.networking.module.vpc.aws_network_acl.private",
            "module.networking.module.vpc.aws_network_acl.public",
            "module.networking.module.vpc.aws_network_acl.redshift",
            "module.networking.module.vpc.aws_network_acl_rule.database_inbound",
            "module.networking.module.vpc.aws_network_acl_rule.database_outbound",
            "module.networking.module.vpc.aws_network_acl_rule.elasticache_inbound",
            "module.networking.module.vpc.aws_network_acl_rule.elasticache_outbound",
            "module.networking.module.vpc.aws_network_acl_rule.intra_inbound",
            "module.networking.module.vpc.aws_network_acl_rule.intra_outbound",
            "module.networking.module.vpc.aws_network_acl_rule.outpost_inbound",
            "module.networking.module.vpc.aws_network_acl_rule.outpost_outbound",
            "module.networking.module.vpc.aws_network_acl_rule.private_inbound",
            "module.networking.module.vpc.aws_network_acl_rule.private_outbound",
            "module.networking.module.vpc.aws_network_acl_rule.public_inbound",
            "module.networking.module.vpc.aws_network_acl_rule.public_outbound",
            "module.networking.module.vpc.aws_network_acl_rule.redshift_inbound",
            "module.networking.module.vpc.aws_network_acl_rule.redshift_outbound",
            "module.networking.module.vpc.aws_redshift_subnet_group.redshift",
            "module.networking.module.vpc.aws_route.database_internet_gateway",
            "module.networking.module.vpc.aws_route.database_ipv6_egress",
            "module.networking.module.vpc.aws_route.database_nat_gateway",
            "module.networking.module.vpc.aws_route.private_ipv6_egress",
            "module.networking.module.vpc.aws_route.private_nat_gateway",
            "module.networking.module.vpc.aws_route.public_internet_gateway",
            "module.networking.module.vpc.aws_route.public_internet_gateway_ipv6",
            "module.networking.module.vpc.aws_route_table.database",
            "module.networking.module.vpc.aws_route_table.elasticache",
            "module.networking.module.vpc.aws_route_table.intra",
            "module.networking.module.vpc.aws_route_table.private",
            "module.networking.module.vpc.aws_route_table.public",
            "module.networking.module.vpc.aws_route_table.redshift",
            "module.networking.module.vpc.aws_route_table_association.database",
            "module.networking.module.vpc.aws_route_table_association.elasticache",
            "module.networking.module.vpc.aws_route_table_association.intra",
            "module.networking.module.vpc.aws_route_table_association.outpost",
            "module.networking.module.vpc.aws_route_table_association.private",
            "module.networking.module.vpc.aws_route_table_association.public",
            "module.networking.module.vpc.aws_route_table_association.redshift",
            "module.networking.module.vpc.aws_route_table_association.redshift_public",
            "module.networking.module.vpc.aws_subnet.database",
            "module.networking.module.vpc.aws_subnet.elasticache",
            "module.networking.module.vpc.aws_subnet.intra",
            "module.networking.module.vpc.aws_subnet.outpost",
            "module.networking.module.vpc.aws_subnet.private",
            "module.networking.module.vpc.aws_subnet.public",
            "module.networking.module.vpc.aws_subnet.redshift",
            "module.networking.module.vpc.aws_vpc.this",
            "module.networking.module.vpc.aws_vpc_dhcp_options.this",
            "module.networking.module.vpc.aws_vpc_dhcp_options_association.this",
            "module.networking.module.vpc.aws_vpc_ipv4_cidr_block_association.this",
            "module.networking.module.vpc.aws_vpn_gateway.this",
            "module.networking.module.vpc.aws_vpn_gateway_attachment.this",
            "module.networking.module.vpc.aws_vpn_gateway_route_propagation.intra",
            "module.networking.module.vpc.aws_vpn_gateway_route_propagation.private",
            "module.networking.module.vpc.aws_vpn_gateway_route_propagation.public",
            "module.networking.module.vpc.data.aws_iam_policy_document.flow_log_cloudwatch_assume_role",
            "module.networking.module.vpc.data.aws_iam_policy_document.vpc_flow_log_cloudwatch",
            "module.queue.aws_mq_broker.main",
            "module.ssh-key.aws_key_pair.key_pair",
            "module.ssh-key.tls_private_key.key",
            "module.storage.aws_db_instance.master_db",
            "module.storage.aws_efs_file_system.efs",
            "module.storage.aws_elasticache_cluster.redis_cache",
            "random_password.db_master_pass",
            "random_password.queue_pass"
          ]
        }
      ]
    },
    {
      "module": "module.networking",
      "mode": "data",
      "type": "aws_availability_zones",
      "name": "available",
      "provider": "provider[\"registry.terraform.io/hashicorp/aws\"]",
      "instances": [
        {
          "schema_version": 0,
          "attributes": {
            "all_availability_zones": null,
            "exclude_names": null,
            "exclude_zone_ids": null,
            "filter": null,
            "group_names": [
              "us-west-2"
            ],
            "id": "us-west-2",
            "names": [
              "us-west-2a",
              "us-west-2b",
              "us-west-2c",
              "us-west-2d"
            ],
            "state": "available",
            "timeouts": null,
            "zone_ids": [
              "usw2-az2",
              "usw2-az1",
              "usw2-az3",
              "usw2-az4"
            ]
          },
          "sensitive_attributes": []
        }
      ]
    },
    {
      "module": "module.networking",
      "mode": "managed",
      "type": "aws_security_group",
      "name": "allow_pub",
      "provider": "provider[\"registry.terraform.io/hashicorp/aws\"]",
      "instances": [
        {
          "schema_version": 1,
          "attributes": {
            "arn": "arn:aws:ec2:us-west-2:872224457307:security-group/sg-061bda6333abfb4b1",
            "description": "Allow SSH inbound traffic",
            "egress": [
              {
                "cidr_blocks": [
                  "0.0.0.0/0"
                ],
                "description": "",
                "from_port": 0,
                "ipv6_cidr_blocks": [],
                "prefix_list_ids": [],
                "protocol": "-1",
                "security_groups": [],
                "self": false,
                "to_port": 0
              }
            ],
            "id": "sg-061bda6333abfb4b1",
            "ingress": [
              {
                "cidr_blocks": [
                  "0.0.0.0/0"
                ],
                "description": "EFS mount target",
                "from_port": 2049,
                "ipv6_cidr_blocks": [],
                "prefix_list_ids": [],
                "protocol": "tcp",
                "security_groups": [],
                "self": false,
                "to_port": 2049
              },
              {
                "cidr_blocks": [
                  "0.0.0.0/0"
                ],
                "description": "HTTP for app servers",
                "from_port": 8080,
                "ipv6_cidr_blocks": [],
                "prefix_list_ids": [],
                "protocol": "tcp",
                "security_groups": [],
                "self": false,
                "to_port": 8080
              },
              {
                "cidr_blocks": [
                  "0.0.0.0/0"
                ],
                "description": "HTTP from the internet",
                "from_port": 80,
                "ipv6_cidr_blocks": [],
                "prefix_list_ids": [],
                "protocol": "tcp",
                "security_groups": [],
                "self": false,
                "to_port": 80
              },
              {
                "cidr_blocks": [
                  "0.0.0.0/0"
                ],
                "description": "HTTPS from the internet",
                "from_port": 443,
                "ipv6_cidr_blocks": [],
                "prefix_list_ids": [],
                "protocol": "tcp",
                "security_groups": [],
                "self": false,
                "to_port": 443
              },
              {
                "cidr_blocks": [
                  "0.0.0.0/0"
                ],
                "description": "Mysql",
                "from_port": 3306,
                "ipv6_cidr_blocks": [],
                "prefix_list_ids": [],
                "protocol": "tcp",
                "security_groups": [],
                "self": false,
                "to_port": 3306
              },
              {
                "cidr_blocks": [
                  "0.0.0.0/0"
                ],
                "description": "RabbitMQ Erlang",
                "from_port": 4639,
                "ipv6_cidr_blocks": [],
                "prefix_list_ids": [],
                "protocol": "tcp",
                "security_groups": [],
                "self": false,
                "to_port": 4639
              },
              {
                "cidr_blocks": [
                  "0.0.0.0/0"
                ],
                "description": "RabbitMQ admin",
                "from_port": 15671,
                "ipv6_cidr_blocks": [],
                "prefix_list_ids": [],
                "protocol": "tcp",
                "security_groups": [],
                "self": false,
                "to_port": 15671
              },
              {
                "cidr_blocks": [
                  "0.0.0.0/0"
                ],
                "description": "RabbitMQ",
                "from_port": 5671,
                "ipv6_cidr_blocks": [],
                "prefix_list_ids": [],
                "protocol": "tcp",
                "security_groups": [],
                "self": false,
                "to_port": 5671
              },
              {
                "cidr_blocks": [
                  "0.0.0.0/0"
                ],
                "description": "Redis",
                "from_port": 6379,
                "ipv6_cidr_blocks": [],
                "prefix_list_ids": [],
                "protocol": "tcp",
                "security_groups": [],
                "self": false,
                "to_port": 6379
              },
              {
                "cidr_blocks": [
                  "0.0.0.0/0"
                ],
                "description": "SSH from the internet",
                "from_port": 22,
                "ipv6_cidr_blocks": [],
                "prefix_list_ids": [],
                "protocol": "tcp",
                "security_groups": [],
                "self": false,
                "to_port": 22
              }
            ],
            "name": "spikademo-public",
            "name_prefix": "",
            "owner_id": "872224457307",
            "revoke_rules_on_delete": false,
            "tags": {
              "Name": "spikademo-allow_pub"
            },
            "tags_all": {
              "Name": "spikademo-allow_pub"
            },
            "timeouts": null,
            "vpc_id": "vpc-071fc2fec4ef58be6"
          },
          "sensitive_attributes": [],
          "private": "eyJlMmJmYjczMC1lY2FhLTExZTYtOGY4OC0zNDM2M2JjN2M0YzAiOnsiY3JlYXRlIjo2MDAwMDAwMDAwMDAsImRlbGV0ZSI6OTAwMDAwMDAwMDAwfSwic2NoZW1hX3ZlcnNpb24iOiIxIn0=",
          "dependencies": [
            "module.networking.module.vpc.aws_vpc.this"
          ],
          "create_before_destroy": true
        }
      ]
    },
    {
      "module": "module.networking",
      "mode": "managed",
      "type": "aws_security_group",
      "name": "allow_ssh_priv",
      "provider": "provider[\"registry.terraform.io/hashicorp/aws\"]",
      "instances": [
        {
          "schema_version": 1,
          "attributes": {
            "arn": "arn:aws:ec2:us-west-2:872224457307:security-group/sg-034ced017fba848fe",
            "description": "Allow SSH inbound traffic",
            "egress": [
              {
                "cidr_blocks": [
                  "0.0.0.0/0"
                ],
                "description": "",
                "from_port": 0,
                "ipv6_cidr_blocks": [],
                "prefix_list_ids": [],
                "protocol": "-1",
                "security_groups": [],
                "self": false,
                "to_port": 0
              }
            ],
            "id": "sg-034ced017fba848fe",
            "ingress": [
              {
                "cidr_blocks": [
                  "0.0.0.0/0"
                ],
                "description": "EFS mount target",
                "from_port": 2049,
                "ipv6_cidr_blocks": [],
                "prefix_list_ids": [],
                "protocol": "tcp",
                "security_groups": [],
                "self": false,
                "to_port": 2049
              },
              {
                "cidr_blocks": [
                  "10.0.0.0/16"
                ],
                "description": "SSH only from internal VPC clients",
                "from_port": 22,
                "ipv6_cidr_blocks": [],
                "prefix_list_ids": [],
                "protocol": "tcp",
                "security_groups": [],
                "self": false,
                "to_port": 22
              }
            ],
            "name": "spikademo-allow_ssh_priv",
            "name_prefix": "",
            "owner_id": "872224457307",
            "revoke_rules_on_delete": false,
            "tags": {
              "Name": "spikademo-allow_ssh_priv"
            },
            "tags_all": {
              "Name": "spikademo-allow_ssh_priv"
            },
            "timeouts": null,
            "vpc_id": "vpc-071fc2fec4ef58be6"
          },
          "sensitive_attributes": [],
          "private": "eyJlMmJmYjczMC1lY2FhLTExZTYtOGY4OC0zNDM2M2JjN2M0YzAiOnsiY3JlYXRlIjo2MDAwMDAwMDAwMDAsImRlbGV0ZSI6OTAwMDAwMDAwMDAwfSwic2NoZW1hX3ZlcnNpb24iOiIxIn0=",
          "dependencies": [
            "module.networking.module.vpc.aws_vpc.this"
          ]
        }
      ]
    },
    {
      "module": "module.networking.module.vpc",
      "mode": "managed",
      "type": "aws_db_subnet_group",
      "name": "database",
      "provider": "provider[\"registry.terraform.io/hashicorp/aws\"]",
      "instances": [
        {
          "index_key": 0,
          "schema_version": 0,
          "attributes": {
            "arn": "arn:aws:rds:us-west-2:872224457307:subgrp:spikademo-vpc",
            "description": "Database subnet group for spikademo-vpc",
            "id": "spikademo-vpc",
            "name": "spikademo-vpc",
            "name_prefix": "",
            "subnet_ids": [
              "subnet-0633b142ef1d9c8e3",
              "subnet-07c69fc2d7f21350b"
            ],
            "supported_network_types": [
              "IPV4"
            ],
            "tags": {
              "Name": "spikademo-vpc"
            },
            "tags_all": {
              "Name": "spikademo-vpc"
            }
          },
          "sensitive_attributes": [],
          "private": "bnVsbA==",
          "dependencies": [
            "module.networking.data.aws_availability_zones.available",
            "module.networking.module.vpc.aws_subnet.database",
            "module.networking.module.vpc.aws_vpc.this",
            "module.networking.module.vpc.aws_vpc_ipv4_cidr_block_association.this"
          ],
          "create_before_destroy": true
        }
      ]
    },
    {
      "module": "module.networking.module.vpc",
      "mode": "managed",
      "type": "aws_eip",
      "name": "nat",
      "provider": "provider[\"registry.terraform.io/hashicorp/aws\"]",
      "instances": [
        {
          "index_key": 0,
          "schema_version": 0,
          "attributes": {
            "address": null,
            "allocation_id": "eipalloc-01da67d6f691f3025",
            "associate_with_private_ip": null,
            "association_id": "",
            "carrier_ip": "",
            "customer_owned_ip": "",
            "customer_owned_ipv4_pool": "",
            "domain": "vpc",
            "id": "eipalloc-01da67d6f691f3025",
            "instance": "",
            "network_border_group": "us-west-2",
            "network_interface": "",
            "private_dns": null,
            "private_ip": "",
            "public_dns": "ec2-35-162-70-78.us-west-2.compute.amazonaws.com",
            "public_ip": "35.162.70.78",
            "public_ipv4_pool": "amazon",
            "tags": {
              "Name": "spikademo-vpc-us-west-2a"
            },
            "tags_all": {
              "Name": "spikademo-vpc-us-west-2a"
            },
            "timeouts": null,
            "vpc": true
          },
          "sensitive_attributes": [],
          "private": "eyJlMmJmYjczMC1lY2FhLTExZTYtOGY4OC0zNDM2M2JjN2M0YzAiOnsiZGVsZXRlIjoxODAwMDAwMDAwMDAsInJlYWQiOjkwMDAwMDAwMDAwMCwidXBkYXRlIjozMDAwMDAwMDAwMDB9fQ==",
          "dependencies": [
            "module.networking.data.aws_availability_zones.available"
          ],
          "create_before_destroy": true
        }
      ]
    },
    {
      "module": "module.networking.module.vpc",
      "mode": "managed",
      "type": "aws_elasticache_subnet_group",
      "name": "elasticache",
      "provider": "provider[\"registry.terraform.io/hashicorp/aws\"]",
      "instances": [
        {
          "index_key": 0,
          "schema_version": 0,
          "attributes": {
            "arn": "arn:aws:elasticache:us-west-2:872224457307:subnetgroup:spikademo-vpc",
            "description": "ElastiCache subnet group for spikademo-vpc",
            "id": "spikademo-vpc",
            "name": "spikademo-vpc",
            "subnet_ids": [
              "subnet-052423b8d8342efcf",
              "subnet-08deec2c1fae3ac0a"
            ],
            "tags": {
              "Name": "spikademo-vpc"
            },
            "tags_all": {
              "Name": "spikademo-vpc"
            }
          },
          "sensitive_attributes": [],
          "private": "bnVsbA==",
          "dependencies": [
            "module.networking.data.aws_availability_zones.available",
            "module.networking.module.vpc.aws_subnet.elasticache",
            "module.networking.module.vpc.aws_vpc.this",
            "module.networking.module.vpc.aws_vpc_ipv4_cidr_block_association.this"
          ],
          "create_before_destroy": true
        }
      ]
    },
    {
      "module": "module.networking.module.vpc",
      "mode": "managed",
      "type": "aws_internet_gateway",
      "name": "this",
      "provider": "provider[\"registry.terraform.io/hashicorp/aws\"]",
      "instances": [
        {
          "index_key": 0,
          "schema_version": 0,
          "attributes": {
            "arn": "arn:aws:ec2:us-west-2:872224457307:internet-gateway/igw-02da94146f708a927",
            "id": "igw-02da94146f708a927",
            "owner_id": "872224457307",
            "tags": {
              "Name": "spikademo-vpc"
            },
            "tags_all": {
              "Name": "spikademo-vpc"
            },
            "timeouts": null,
            "vpc_id": "vpc-071fc2fec4ef58be6"
          },
          "sensitive_attributes": [],
          "private": "eyJlMmJmYjczMC1lY2FhLTExZTYtOGY4OC0zNDM2M2JjN2M0YzAiOnsiY3JlYXRlIjoxMjAwMDAwMDAwMDAwLCJkZWxldGUiOjEyMDAwMDAwMDAwMDAsInVwZGF0ZSI6MTIwMDAwMDAwMDAwMH19",
          "dependencies": [
            "module.networking.module.vpc.aws_vpc.this",
            "module.networking.module.vpc.aws_vpc_ipv4_cidr_block_association.this"
          ],
          "create_before_destroy": true
        }
      ]
    },
    {
      "module": "module.networking.module.vpc",
      "mode": "managed",
      "type": "aws_nat_gateway",
      "name": "this",
      "provider": "provider[\"registry.terraform.io/hashicorp/aws\"]",
      "instances": [
        {
          "index_key": 0,
          "schema_version": 0,
          "attributes": {
            "allocation_id": "eipalloc-01da67d6f691f3025",
            "connectivity_type": "public",
            "id": "nat-0b274712b0790ed5d",
            "network_interface_id": "eni-04a04dd859afd63e6",
            "private_ip": "10.0.101.172",
            "public_ip": "35.162.70.78",
            "subnet_id": "subnet-0269c4b323f5f2ffc",
            "tags": {
              "Name": "spikademo-vpc-us-west-2a"
            },
            "tags_all": {
              "Name": "spikademo-vpc-us-west-2a"
            }
          },
          "sensitive_attributes": [],
          "private": "bnVsbA==",
          "dependencies": [
            "module.networking.data.aws_availability_zones.available",
            "module.networking.module.vpc.aws_eip.nat",
            "module.networking.module.vpc.aws_internet_gateway.this",
            "module.networking.module.vpc.aws_subnet.public",
            "module.networking.module.vpc.aws_vpc.this",
            "module.networking.module.vpc.aws_vpc_ipv4_cidr_block_association.this"
          ],
          "create_before_destroy": true
        }
      ]
    },
    {
      "module": "module.networking.module.vpc",
      "mode": "managed",
      "type": "aws_route",
      "name": "private_nat_gateway",
      "provider": "provider[\"registry.terraform.io/hashicorp/aws\"]",
      "instances": [
        {
          "index_key": 0,
          "schema_version": 0,
          "attributes": {
            "carrier_gateway_id": "",
            "core_network_arn": "",
            "destination_cidr_block": "0.0.0.0/0",
            "destination_ipv6_cidr_block": "",
            "destination_prefix_list_id": "",
            "egress_only_gateway_id": "",
            "gateway_id": "",
            "id": "r-rtb-0d349d3127acb4d0e1080289494",
            "instance_id": "",
            "instance_owner_id": "",
            "local_gateway_id": "",
            "nat_gateway_id": "nat-0b274712b0790ed5d",
            "network_interface_id": "",
            "origin": "CreateRoute",
            "route_table_id": "rtb-0d349d3127acb4d0e",
            "state": "active",
            "timeouts": {
              "create": "5m",
              "delete": null,
              "update": null
            },
            "transit_gateway_id": "",
            "vpc_endpoint_id": "",
            "vpc_peering_connection_id": ""
          },
          "sensitive_attributes": [],
          "private": "eyJlMmJmYjczMC1lY2FhLTExZTYtOGY4OC0zNDM2M2JjN2M0YzAiOnsiY3JlYXRlIjozMDAwMDAwMDAwMDAsImRlbGV0ZSI6MzAwMDAwMDAwMDAwLCJ1cGRhdGUiOjEyMDAwMDAwMDAwMH19",
          "dependencies": [
            "module.networking.data.aws_availability_zones.available",
            "module.networking.module.vpc.aws_eip.nat",
            "module.networking.module.vpc.aws_internet_gateway.this",
            "module.networking.module.vpc.aws_nat_gateway.this",
            "module.networking.module.vpc.aws_route_table.private",
            "module.networking.module.vpc.aws_subnet.public",
            "module.networking.module.vpc.aws_vpc.this",
            "module.networking.module.vpc.aws_vpc_ipv4_cidr_block_association.this"
          ],
          "create_before_destroy": true
        }
      ]
    },
    {
      "module": "module.networking.module.vpc",
      "mode": "managed",
      "type": "aws_route",
      "name": "public_internet_gateway",
      "provider": "provider[\"registry.terraform.io/hashicorp/aws\"]",
      "instances": [
        {
          "index_key": 0,
          "schema_version": 0,
          "attributes": {
            "carrier_gateway_id": "",
            "core_network_arn": "",
            "destination_cidr_block": "0.0.0.0/0",
            "destination_ipv6_cidr_block": "",
            "destination_prefix_list_id": "",
            "egress_only_gateway_id": "",
            "gateway_id": "igw-02da94146f708a927",
            "id": "r-rtb-072e1b972a477fffc1080289494",
            "instance_id": "",
            "instance_owner_id": "",
            "local_gateway_id": "",
            "nat_gateway_id": "",
            "network_interface_id": "",
            "origin": "CreateRoute",
            "route_table_id": "rtb-072e1b972a477fffc",
            "state": "active",
            "timeouts": {
              "create": "5m",
              "delete": null,
              "update": null
            },
            "transit_gateway_id": "",
            "vpc_endpoint_id": "",
            "vpc_peering_connection_id": ""
          },
          "sensitive_attributes": [],
          "private": "eyJlMmJmYjczMC1lY2FhLTExZTYtOGY4OC0zNDM2M2JjN2M0YzAiOnsiY3JlYXRlIjozMDAwMDAwMDAwMDAsImRlbGV0ZSI6MzAwMDAwMDAwMDAwLCJ1cGRhdGUiOjEyMDAwMDAwMDAwMH19",
          "dependencies": [
            "module.networking.module.vpc.aws_internet_gateway.this",
            "module.networking.module.vpc.aws_route_table.public",
            "module.networking.module.vpc.aws_vpc.this",
            "module.networking.module.vpc.aws_vpc_ipv4_cidr_block_association.this"
          ],
          "create_before_destroy": true
        }
      ]
    },
    {
      "module": "module.networking.module.vpc",
      "mode": "managed",
      "type": "aws_route_table",
      "name": "private",
      "provider": "provider[\"registry.terraform.io/hashicorp/aws\"]",
      "instances": [
        {
          "index_key": 0,
          "schema_version": 0,
          "attributes": {
            "arn": "arn:aws:ec2:us-west-2:872224457307:route-table/rtb-0d349d3127acb4d0e",
            "id": "rtb-0d349d3127acb4d0e",
            "owner_id": "872224457307",
            "propagating_vgws": [],
            "route": [],
            "tags": {
              "Name": "spikademo-vpc-private"
            },
            "tags_all": {
              "Name": "spikademo-vpc-private"
            },
            "timeouts": null,
            "vpc_id": "vpc-071fc2fec4ef58be6"
          },
          "sensitive_attributes": [],
          "private": "eyJlMmJmYjczMC1lY2FhLTExZTYtOGY4OC0zNDM2M2JjN2M0YzAiOnsiY3JlYXRlIjozMDAwMDAwMDAwMDAsImRlbGV0ZSI6MzAwMDAwMDAwMDAwLCJ1cGRhdGUiOjEyMDAwMDAwMDAwMH19",
          "dependencies": [
            "module.networking.data.aws_availability_zones.available",
            "module.networking.module.vpc.aws_vpc.this",
            "module.networking.module.vpc.aws_vpc_ipv4_cidr_block_association.this"
          ],
          "create_before_destroy": true
        }
      ]
    },
    {
      "module": "module.networking.module.vpc",
      "mode": "managed",
      "type": "aws_route_table",
      "name": "public",
      "provider": "provider[\"registry.terraform.io/hashicorp/aws\"]",
      "instances": [
        {
          "index_key": 0,
          "schema_version": 0,
          "attributes": {
            "arn": "arn:aws:ec2:us-west-2:872224457307:route-table/rtb-072e1b972a477fffc",
            "id": "rtb-072e1b972a477fffc",
            "owner_id": "872224457307",
            "propagating_vgws": [],
            "route": [],
            "tags": {
              "Name": "spikademo-vpc-public"
            },
            "tags_all": {
              "Name": "spikademo-vpc-public"
            },
            "timeouts": null,
            "vpc_id": "vpc-071fc2fec4ef58be6"
          },
          "sensitive_attributes": [],
          "private": "eyJlMmJmYjczMC1lY2FhLTExZTYtOGY4OC0zNDM2M2JjN2M0YzAiOnsiY3JlYXRlIjozMDAwMDAwMDAwMDAsImRlbGV0ZSI6MzAwMDAwMDAwMDAwLCJ1cGRhdGUiOjEyMDAwMDAwMDAwMH19",
          "dependencies": [
            "module.networking.module.vpc.aws_vpc.this",
            "module.networking.module.vpc.aws_vpc_ipv4_cidr_block_association.this"
          ],
          "create_before_destroy": true
        }
      ]
    },
    {
      "module": "module.networking.module.vpc",
      "mode": "managed",
      "type": "aws_route_table_association",
      "name": "database",
      "provider": "provider[\"registry.terraform.io/hashicorp/aws\"]",
      "instances": [
        {
          "index_key": 0,
          "schema_version": 0,
          "attributes": {
            "gateway_id": "",
            "id": "rtbassoc-0e08ac3a8a16a26f9",
            "route_table_id": "rtb-0d349d3127acb4d0e",
            "subnet_id": "subnet-07c69fc2d7f21350b"
          },
          "sensitive_attributes": [],
          "private": "bnVsbA==",
          "dependencies": [
            "module.networking.data.aws_availability_zones.available",
            "module.networking.module.vpc.aws_route_table.database",
            "module.networking.module.vpc.aws_route_table.private",
            "module.networking.module.vpc.aws_subnet.database",
            "module.networking.module.vpc.aws_vpc.this",
            "module.networking.module.vpc.aws_vpc_ipv4_cidr_block_association.this"
          ],
          "create_before_destroy": true
        },
        {
          "index_key": 1,
          "schema_version": 0,
          "attributes": {
            "gateway_id": "",
            "id": "rtbassoc-05a4b5ded761bec30",
            "route_table_id": "rtb-0d349d3127acb4d0e",
            "subnet_id": "subnet-0633b142ef1d9c8e3"
          },
          "sensitive_attributes": [],
          "private": "bnVsbA==",
          "dependencies": [
            "module.networking.data.aws_availability_zones.available",
            "module.networking.module.vpc.aws_route_table.database",
            "module.networking.module.vpc.aws_route_table.private",
            "module.networking.module.vpc.aws_subnet.database",
            "module.networking.module.vpc.aws_vpc.this",
            "module.networking.module.vpc.aws_vpc_ipv4_cidr_block_association.this"
          ],
          "create_before_destroy": true
        }
      ]
    },
    {
      "module": "module.networking.module.vpc",
      "mode": "managed",
      "type": "aws_route_table_association",
      "name": "elasticache",
      "provider": "provider[\"registry.terraform.io/hashicorp/aws\"]",
      "instances": [
        {
          "index_key": 0,
          "schema_version": 0,
          "attributes": {
            "gateway_id": "",
            "id": "rtbassoc-0fe5c36aa993012fc",
            "route_table_id": "rtb-0d349d3127acb4d0e",
            "subnet_id": "subnet-052423b8d8342efcf"
          },
          "sensitive_attributes": [],
          "private": "bnVsbA==",
          "dependencies": [
            "module.networking.data.aws_availability_zones.available",
            "module.networking.module.vpc.aws_route_table.elasticache",
            "module.networking.module.vpc.aws_route_table.private",
            "module.networking.module.vpc.aws_subnet.elasticache",
            "module.networking.module.vpc.aws_vpc.this",
            "module.networking.module.vpc.aws_vpc_ipv4_cidr_block_association.this"
          ],
          "create_before_destroy": true
        },
        {
          "index_key": 1,
          "schema_version": 0,
          "attributes": {
            "gateway_id": "",
            "id": "rtbassoc-08bfa1a694b9eb508",
            "route_table_id": "rtb-0d349d3127acb4d0e",
            "subnet_id": "subnet-08deec2c1fae3ac0a"
          },
          "sensitive_attributes": [],
          "private": "bnVsbA==",
          "dependencies": [
            "module.networking.data.aws_availability_zones.available",
            "module.networking.module.vpc.aws_route_table.elasticache",
            "module.networking.module.vpc.aws_route_table.private",
            "module.networking.module.vpc.aws_subnet.elasticache",
            "module.networking.module.vpc.aws_vpc.this",
            "module.networking.module.vpc.aws_vpc_ipv4_cidr_block_association.this"
          ],
          "create_before_destroy": true
        }
      ]
    },
    {
      "module": "module.networking.module.vpc",
      "mode": "managed",
      "type": "aws_route_table_association",
      "name": "private",
      "provider": "provider[\"registry.terraform.io/hashicorp/aws\"]",
      "instances": [
        {
          "index_key": 0,
          "schema_version": 0,
          "attributes": {
            "gateway_id": "",
            "id": "rtbassoc-013e469475fcc27a4",
            "route_table_id": "rtb-0d349d3127acb4d0e",
            "subnet_id": "subnet-0953ad42deae8b8ad"
          },
          "sensitive_attributes": [],
          "private": "bnVsbA==",
          "dependencies": [
            "module.networking.data.aws_availability_zones.available",
            "module.networking.module.vpc.aws_route_table.private",
            "module.networking.module.vpc.aws_subnet.private",
            "module.networking.module.vpc.aws_vpc.this",
            "module.networking.module.vpc.aws_vpc_ipv4_cidr_block_association.this"
          ],
          "create_before_destroy": true
        },
        {
          "index_key": 1,
          "schema_version": 0,
          "attributes": {
            "gateway_id": "",
            "id": "rtbassoc-020cbb37f898d00b0",
            "route_table_id": "rtb-0d349d3127acb4d0e",
            "subnet_id": "subnet-0544aa99bed028d9c"
          },
          "sensitive_attributes": [],
          "private": "bnVsbA==",
          "dependencies": [
            "module.networking.data.aws_availability_zones.available",
            "module.networking.module.vpc.aws_route_table.private",
            "module.networking.module.vpc.aws_subnet.private",
            "module.networking.module.vpc.aws_vpc.this",
            "module.networking.module.vpc.aws_vpc_ipv4_cidr_block_association.this"
          ],
          "create_before_destroy": true
        }
      ]
    },
    {
      "module": "module.networking.module.vpc",
      "mode": "managed",
      "type": "aws_route_table_association",
      "name": "public",
      "provider": "provider[\"registry.terraform.io/hashicorp/aws\"]",
      "instances": [
        {
          "index_key": 0,
          "schema_version": 0,
          "attributes": {
            "gateway_id": "",
            "id": "rtbassoc-051b6e11e57cb9527",
            "route_table_id": "rtb-072e1b972a477fffc",
            "subnet_id": "subnet-0269c4b323f5f2ffc"
          },
          "sensitive_attributes": [],
          "private": "bnVsbA==",
          "dependencies": [
            "module.networking.data.aws_availability_zones.available",
            "module.networking.module.vpc.aws_route_table.public",
            "module.networking.module.vpc.aws_subnet.public",
            "module.networking.module.vpc.aws_vpc.this",
            "module.networking.module.vpc.aws_vpc_ipv4_cidr_block_association.this"
          ],
          "create_before_destroy": true
        },
        {
          "index_key": 1,
          "schema_version": 0,
          "attributes": {
            "gateway_id": "",
            "id": "rtbassoc-02a0f0d1248a4fdde",
            "route_table_id": "rtb-072e1b972a477fffc",
            "subnet_id": "subnet-04ee7de7d2aa21c50"
          },
          "sensitive_attributes": [],
          "private": "bnVsbA==",
          "dependencies": [
            "module.networking.data.aws_availability_zones.available",
            "module.networking.module.vpc.aws_route_table.public",
            "module.networking.module.vpc.aws_subnet.public",
            "module.networking.module.vpc.aws_vpc.this",
            "module.networking.module.vpc.aws_vpc_ipv4_cidr_block_association.this"
          ],
          "create_before_destroy": true
        }
      ]
    },
    {
      "module": "module.networking.module.vpc",
      "mode": "managed",
      "type": "aws_subnet",
      "name": "database",
      "provider": "provider[\"registry.terraform.io/hashicorp/aws\"]",
      "instances": [
        {
          "index_key": 0,
          "schema_version": 1,
          "attributes": {
            "arn": "arn:aws:ec2:us-west-2:872224457307:subnet/subnet-07c69fc2d7f21350b",
            "assign_ipv6_address_on_creation": false,
            "availability_zone": "us-west-2a",
            "availability_zone_id": "usw2-az2",
            "cidr_block": "10.0.3.0/24",
            "customer_owned_ipv4_pool": "",
            "enable_dns64": false,
            "enable_resource_name_dns_a_record_on_launch": false,
            "enable_resource_name_dns_aaaa_record_on_launch": false,
            "id": "subnet-07c69fc2d7f21350b",
            "ipv6_cidr_block": "",
            "ipv6_cidr_block_association_id": "",
            "ipv6_native": false,
            "map_customer_owned_ip_on_launch": false,
            "map_public_ip_on_launch": false,
            "outpost_arn": "",
            "owner_id": "872224457307",
            "private_dns_hostname_type_on_launch": "ip-name",
            "tags": {
              "Name": "spikademo-vpc-db-us-west-2a"
            },
            "tags_all": {
              "Name": "spikademo-vpc-db-us-west-2a"
            },
            "timeouts": null,
            "vpc_id": "vpc-071fc2fec4ef58be6"
          },
          "sensitive_attributes": [],
          "private": "eyJlMmJmYjczMC1lY2FhLTExZTYtOGY4OC0zNDM2M2JjN2M0YzAiOnsiY3JlYXRlIjo2MDAwMDAwMDAwMDAsImRlbGV0ZSI6MTIwMDAwMDAwMDAwMH0sInNjaGVtYV92ZXJzaW9uIjoiMSJ9",
          "dependencies": [
            "module.networking.data.aws_availability_zones.available",
            "module.networking.module.vpc.aws_vpc.this",
            "module.networking.module.vpc.aws_vpc_ipv4_cidr_block_association.this"
          ],
          "create_before_destroy": true
        },
        {
          "index_key": 1,
          "schema_version": 1,
          "attributes": {
            "arn": "arn:aws:ec2:us-west-2:872224457307:subnet/subnet-0633b142ef1d9c8e3",
            "assign_ipv6_address_on_creation": false,
            "availability_zone": "us-west-2b",
            "availability_zone_id": "usw2-az1",
            "cidr_block": "10.0.4.0/24",
            "customer_owned_ipv4_pool": "",
            "enable_dns64": false,
            "enable_resource_name_dns_a_record_on_launch": false,
            "enable_resource_name_dns_aaaa_record_on_launch": false,
            "id": "subnet-0633b142ef1d9c8e3",
            "ipv6_cidr_block": "",
            "ipv6_cidr_block_association_id": "",
            "ipv6_native": false,
            "map_customer_owned_ip_on_launch": false,
            "map_public_ip_on_launch": false,
            "outpost_arn": "",
            "owner_id": "872224457307",
            "private_dns_hostname_type_on_launch": "ip-name",
            "tags": {
              "Name": "spikademo-vpc-db-us-west-2b"
            },
            "tags_all": {
              "Name": "spikademo-vpc-db-us-west-2b"
            },
            "timeouts": null,
            "vpc_id": "vpc-071fc2fec4ef58be6"
          },
          "sensitive_attributes": [],
          "private": "eyJlMmJmYjczMC1lY2FhLTExZTYtOGY4OC0zNDM2M2JjN2M0YzAiOnsiY3JlYXRlIjo2MDAwMDAwMDAwMDAsImRlbGV0ZSI6MTIwMDAwMDAwMDAwMH0sInNjaGVtYV92ZXJzaW9uIjoiMSJ9",
          "dependencies": [
            "module.networking.data.aws_availability_zones.available",
            "module.networking.module.vpc.aws_vpc.this",
            "module.networking.module.vpc.aws_vpc_ipv4_cidr_block_association.this"
          ],
          "create_before_destroy": true
        }
      ]
    },
    {
      "module": "module.networking.module.vpc",
      "mode": "managed",
      "type": "aws_subnet",
      "name": "elasticache",
      "provider": "provider[\"registry.terraform.io/hashicorp/aws\"]",
      "instances": [
        {
          "index_key": 0,
          "schema_version": 1,
          "attributes": {
            "arn": "arn:aws:ec2:us-west-2:872224457307:subnet/subnet-052423b8d8342efcf",
            "assign_ipv6_address_on_creation": false,
            "availability_zone": "us-west-2a",
            "availability_zone_id": "usw2-az2",
            "cidr_block": "10.0.5.0/24",
            "customer_owned_ipv4_pool": "",
            "enable_dns64": false,
            "enable_resource_name_dns_a_record_on_launch": false,
            "enable_resource_name_dns_aaaa_record_on_launch": false,
            "id": "subnet-052423b8d8342efcf",
            "ipv6_cidr_block": "",
            "ipv6_cidr_block_association_id": "",
            "ipv6_native": false,
            "map_customer_owned_ip_on_launch": false,
            "map_public_ip_on_launch": false,
            "outpost_arn": "",
            "owner_id": "872224457307",
            "private_dns_hostname_type_on_launch": "ip-name",
            "tags": {
              "Name": "spikademo-vpc-elasticache-us-west-2a"
            },
            "tags_all": {
              "Name": "spikademo-vpc-elasticache-us-west-2a"
            },
            "timeouts": null,
            "vpc_id": "vpc-071fc2fec4ef58be6"
          },
          "sensitive_attributes": [],
          "private": "eyJlMmJmYjczMC1lY2FhLTExZTYtOGY4OC0zNDM2M2JjN2M0YzAiOnsiY3JlYXRlIjo2MDAwMDAwMDAwMDAsImRlbGV0ZSI6MTIwMDAwMDAwMDAwMH0sInNjaGVtYV92ZXJzaW9uIjoiMSJ9",
          "dependencies": [
            "module.networking.data.aws_availability_zones.available",
            "module.networking.module.vpc.aws_vpc.this",
            "module.networking.module.vpc.aws_vpc_ipv4_cidr_block_association.this"
          ],
          "create_before_destroy": true
        },
        {
          "index_key": 1,
          "schema_version": 1,
          "attributes": {
            "arn": "arn:aws:ec2:us-west-2:872224457307:subnet/subnet-08deec2c1fae3ac0a",
            "assign_ipv6_address_on_creation": false,
            "availability_zone": "us-west-2b",
            "availability_zone_id": "usw2-az1",
            "cidr_block": "10.0.6.0/24",
            "customer_owned_ipv4_pool": "",
            "enable_dns64": false,
            "enable_resource_name_dns_a_record_on_launch": false,
            "enable_resource_name_dns_aaaa_record_on_launch": false,
            "id": "subnet-08deec2c1fae3ac0a",
            "ipv6_cidr_block": "",
            "ipv6_cidr_block_association_id": "",
            "ipv6_native": false,
            "map_customer_owned_ip_on_launch": false,
            "map_public_ip_on_launch": false,
            "outpost_arn": "",
            "owner_id": "872224457307",
            "private_dns_hostname_type_on_launch": "ip-name",
            "tags": {
              "Name": "spikademo-vpc-elasticache-us-west-2b"
            },
            "tags_all": {
              "Name": "spikademo-vpc-elasticache-us-west-2b"
            },
            "timeouts": null,
            "vpc_id": "vpc-071fc2fec4ef58be6"
          },
          "sensitive_attributes": [],
          "private": "eyJlMmJmYjczMC1lY2FhLTExZTYtOGY4OC0zNDM2M2JjN2M0YzAiOnsiY3JlYXRlIjo2MDAwMDAwMDAwMDAsImRlbGV0ZSI6MTIwMDAwMDAwMDAwMH0sInNjaGVtYV92ZXJzaW9uIjoiMSJ9",
          "dependencies": [
            "module.networking.data.aws_availability_zones.available",
            "module.networking.module.vpc.aws_vpc.this",
            "module.networking.module.vpc.aws_vpc_ipv4_cidr_block_association.this"
          ],
          "create_before_destroy": true
        }
      ]
    },
    {
      "module": "module.networking.module.vpc",
      "mode": "managed",
      "type": "aws_subnet",
      "name": "private",
      "provider": "provider[\"registry.terraform.io/hashicorp/aws\"]",
      "instances": [
        {
          "index_key": 0,
          "schema_version": 1,
          "attributes": {
            "arn": "arn:aws:ec2:us-west-2:872224457307:subnet/subnet-0953ad42deae8b8ad",
            "assign_ipv6_address_on_creation": false,
            "availability_zone": "us-west-2a",
            "availability_zone_id": "usw2-az2",
            "cidr_block": "10.0.1.0/24",
            "customer_owned_ipv4_pool": "",
            "enable_dns64": false,
            "enable_resource_name_dns_a_record_on_launch": false,
            "enable_resource_name_dns_aaaa_record_on_launch": false,
            "id": "subnet-0953ad42deae8b8ad",
            "ipv6_cidr_block": "",
            "ipv6_cidr_block_association_id": "",
            "ipv6_native": false,
            "map_customer_owned_ip_on_launch": false,
            "map_public_ip_on_launch": false,
            "outpost_arn": "",
            "owner_id": "872224457307",
            "private_dns_hostname_type_on_launch": "ip-name",
            "tags": {
              "Name": "spikademo-vpc-private-us-west-2a"
            },
            "tags_all": {
              "Name": "spikademo-vpc-private-us-west-2a"
            },
            "timeouts": null,
            "vpc_id": "vpc-071fc2fec4ef58be6"
          },
          "sensitive_attributes": [],
          "private": "eyJlMmJmYjczMC1lY2FhLTExZTYtOGY4OC0zNDM2M2JjN2M0YzAiOnsiY3JlYXRlIjo2MDAwMDAwMDAwMDAsImRlbGV0ZSI6MTIwMDAwMDAwMDAwMH0sInNjaGVtYV92ZXJzaW9uIjoiMSJ9",
          "dependencies": [
            "module.networking.data.aws_availability_zones.available",
            "module.networking.module.vpc.aws_vpc.this",
            "module.networking.module.vpc.aws_vpc_ipv4_cidr_block_association.this"
          ],
          "create_before_destroy": true
        },
        {
          "index_key": 1,
          "schema_version": 1,
          "attributes": {
            "arn": "arn:aws:ec2:us-west-2:872224457307:subnet/subnet-0544aa99bed028d9c",
            "assign_ipv6_address_on_creation": false,
            "availability_zone": "us-west-2b",
            "availability_zone_id": "usw2-az1",
            "cidr_block": "10.0.2.0/24",
            "customer_owned_ipv4_pool": "",
            "enable_dns64": false,
            "enable_resource_name_dns_a_record_on_launch": false,
            "enable_resource_name_dns_aaaa_record_on_launch": false,
            "id": "subnet-0544aa99bed028d9c",
            "ipv6_cidr_block": "",
            "ipv6_cidr_block_association_id": "",
            "ipv6_native": false,
            "map_customer_owned_ip_on_launch": false,
            "map_public_ip_on_launch": false,
            "outpost_arn": "",
            "owner_id": "872224457307",
            "private_dns_hostname_type_on_launch": "ip-name",
            "tags": {
              "Name": "spikademo-vpc-private-us-west-2b"
            },
            "tags_all": {
              "Name": "spikademo-vpc-private-us-west-2b"
            },
            "timeouts": null,
            "vpc_id": "vpc-071fc2fec4ef58be6"
          },
          "sensitive_attributes": [],
          "private": "eyJlMmJmYjczMC1lY2FhLTExZTYtOGY4OC0zNDM2M2JjN2M0YzAiOnsiY3JlYXRlIjo2MDAwMDAwMDAwMDAsImRlbGV0ZSI6MTIwMDAwMDAwMDAwMH0sInNjaGVtYV92ZXJzaW9uIjoiMSJ9",
          "dependencies": [
            "module.networking.data.aws_availability_zones.available",
            "module.networking.module.vpc.aws_vpc.this",
            "module.networking.module.vpc.aws_vpc_ipv4_cidr_block_association.this"
          ],
          "create_before_destroy": true
        }
      ]
    },
    {
      "module": "module.networking.module.vpc",
      "mode": "managed",
      "type": "aws_subnet",
      "name": "public",
      "provider": "provider[\"registry.terraform.io/hashicorp/aws\"]",
      "instances": [
        {
          "index_key": 0,
          "schema_version": 1,
          "attributes": {
            "arn": "arn:aws:ec2:us-west-2:872224457307:subnet/subnet-0269c4b323f5f2ffc",
            "assign_ipv6_address_on_creation": false,
            "availability_zone": "us-west-2a",
            "availability_zone_id": "usw2-az2",
            "cidr_block": "10.0.101.0/24",
            "customer_owned_ipv4_pool": "",
            "enable_dns64": false,
            "enable_resource_name_dns_a_record_on_launch": false,
            "enable_resource_name_dns_aaaa_record_on_launch": false,
            "id": "subnet-0269c4b323f5f2ffc",
            "ipv6_cidr_block": "",
            "ipv6_cidr_block_association_id": "",
            "ipv6_native": false,
            "map_customer_owned_ip_on_launch": false,
            "map_public_ip_on_launch": true,
            "outpost_arn": "",
            "owner_id": "872224457307",
            "private_dns_hostname_type_on_launch": "ip-name",
            "tags": {
              "Name": "spikademo-vpc-public-us-west-2a"
            },
            "tags_all": {
              "Name": "spikademo-vpc-public-us-west-2a"
            },
            "timeouts": null,
            "vpc_id": "vpc-071fc2fec4ef58be6"
          },
          "sensitive_attributes": [],
          "private": "eyJlMmJmYjczMC1lY2FhLTExZTYtOGY4OC0zNDM2M2JjN2M0YzAiOnsiY3JlYXRlIjo2MDAwMDAwMDAwMDAsImRlbGV0ZSI6MTIwMDAwMDAwMDAwMH0sInNjaGVtYV92ZXJzaW9uIjoiMSJ9",
          "dependencies": [
            "module.networking.data.aws_availability_zones.available",
            "module.networking.module.vpc.aws_vpc.this",
            "module.networking.module.vpc.aws_vpc_ipv4_cidr_block_association.this"
          ],
          "create_before_destroy": true
        },
        {
          "index_key": 1,
          "schema_version": 1,
          "attributes": {
            "arn": "arn:aws:ec2:us-west-2:872224457307:subnet/subnet-04ee7de7d2aa21c50",
            "assign_ipv6_address_on_creation": false,
            "availability_zone": "us-west-2b",
            "availability_zone_id": "usw2-az1",
            "cidr_block": "10.0.102.0/24",
            "customer_owned_ipv4_pool": "",
            "enable_dns64": false,
            "enable_resource_name_dns_a_record_on_launch": false,
            "enable_resource_name_dns_aaaa_record_on_launch": false,
            "id": "subnet-04ee7de7d2aa21c50",
            "ipv6_cidr_block": "",
            "ipv6_cidr_block_association_id": "",
            "ipv6_native": false,
            "map_customer_owned_ip_on_launch": false,
            "map_public_ip_on_launch": true,
            "outpost_arn": "",
            "owner_id": "872224457307",
            "private_dns_hostname_type_on_launch": "ip-name",
            "tags": {
              "Name": "spikademo-vpc-public-us-west-2b"
            },
            "tags_all": {
              "Name": "spikademo-vpc-public-us-west-2b"
            },
            "timeouts": null,
            "vpc_id": "vpc-071fc2fec4ef58be6"
          },
          "sensitive_attributes": [],
          "private": "eyJlMmJmYjczMC1lY2FhLTExZTYtOGY4OC0zNDM2M2JjN2M0YzAiOnsiY3JlYXRlIjo2MDAwMDAwMDAwMDAsImRlbGV0ZSI6MTIwMDAwMDAwMDAwMH0sInNjaGVtYV92ZXJzaW9uIjoiMSJ9",
          "dependencies": [
            "module.networking.data.aws_availability_zones.available",
            "module.networking.module.vpc.aws_vpc.this",
            "module.networking.module.vpc.aws_vpc_ipv4_cidr_block_association.this"
          ],
          "create_before_destroy": true
        }
      ]
    },
    {
      "module": "module.networking.module.vpc",
      "mode": "managed",
      "type": "aws_vpc",
      "name": "this",
      "provider": "provider[\"registry.terraform.io/hashicorp/aws\"]",
      "instances": [
        {
          "index_key": 0,
          "schema_version": 1,
          "attributes": {
            "arn": "arn:aws:ec2:us-west-2:872224457307:vpc/vpc-071fc2fec4ef58be6",
            "assign_generated_ipv6_cidr_block": false,
            "cidr_block": "10.0.0.0/16",
            "default_network_acl_id": "acl-0db10265befe2d364",
            "default_route_table_id": "rtb-0b29d021face59709",
            "default_security_group_id": "sg-062814c25050a0a8e",
            "dhcp_options_id": "dopt-47fee32f",
            "enable_classiclink": false,
            "enable_classiclink_dns_support": false,
            "enable_dns_hostnames": true,
            "enable_dns_support": true,
            "enable_network_address_usage_metrics": false,
            "id": "vpc-071fc2fec4ef58be6",
            "instance_tenancy": "default",
            "ipv4_ipam_pool_id": null,
            "ipv4_netmask_length": null,
            "ipv6_association_id": "",
            "ipv6_cidr_block": "",
            "ipv6_cidr_block_network_border_group": "",
            "ipv6_ipam_pool_id": "",
            "ipv6_netmask_length": 0,
            "main_route_table_id": "rtb-0b29d021face59709",
            "owner_id": "872224457307",
            "tags": {
              "Name": "spikademo-vpc"
            },
            "tags_all": {
              "Name": "spikademo-vpc"
            }
          },
          "sensitive_attributes": [],
          "private": "eyJzY2hlbWFfdmVyc2lvbiI6IjEifQ==",
          "create_before_destroy": true
        }
      ]
    },
    {
      "module": "module.queue",
      "mode": "managed",
      "type": "aws_mq_broker",
      "name": "main",
      "provider": "provider[\"registry.terraform.io/hashicorp/aws\"]",
      "instances": [
        {
          "schema_version": 0,
          "attributes": {
            "apply_immediately": false,
            "arn": "arn:aws:mq:us-west-2:872224457307:broker:main:b-edc3cd87-3389-4495-b35a-85d1cb00f6c3",
            "authentication_strategy": "simple",
            "auto_minor_version_upgrade": false,
            "broker_name": "main",
            "configuration": [],
            "deployment_mode": "SINGLE_INSTANCE",
            "encryption_options": [
              {
                "kms_key_id": "",
                "use_aws_owned_key": true
              }
            ],
            "engine_type": "RabbitMQ",
            "engine_version": "3.8.22",
            "host_instance_type": "mq.t3.micro",
            "id": "b-edc3cd87-3389-4495-b35a-85d1cb00f6c3",
            "instances": [
              {
                "console_url": "https://b-edc3cd87-3389-4495-b35a-85d1cb00f6c3.mq.us-west-2.amazonaws.com",
                "endpoints": [
                  "amqps://b-edc3cd87-3389-4495-b35a-85d1cb00f6c3.mq.us-west-2.amazonaws.com:5671"
                ],
                "ip_address": ""
              }
            ],
            "ldap_server_metadata": [],
            "logs": [
              {
                "audit": "",
                "general": false
              }
            ],
            "maintenance_window_start_time": [
              {
                "day_of_week": "THURSDAY",
                "time_of_day": "20:00",
                "time_zone": "UTC"
              }
            ],
            "publicly_accessible": false,
            "security_groups": [
              "sg-061bda6333abfb4b1"
            ],
            "storage_type": "ebs",
            "subnet_ids": [
              "subnet-0269c4b323f5f2ffc"
            ],
            "tags": null,
            "tags_all": {},
            "timeouts": null,
            "user": [
              {
                "console_access": false,
                "groups": [],
                "password": "GXTbJq74D0FaEyFY",
                "username": "spikaqueue"
              }
            ]
          },
          "sensitive_attributes": [
            [
              {
                "type": "get_attr",
                "value": "user"
              }
            ]
          ],
          "private": "eyJlMmJmYjczMC1lY2FhLTExZTYtOGY4OC0zNDM2M2JjN2M0YzAiOnsiY3JlYXRlIjoxODAwMDAwMDAwMDAwLCJkZWxldGUiOjE4MDAwMDAwMDAwMDAsInVwZGF0ZSI6MTgwMDAwMDAwMDAwMH19",
          "dependencies": [
            "module.networking.aws_security_group.allow_pub",
            "module.networking.data.aws_availability_zones.available",
            "module.networking.module.vpc.aws_subnet.public",
            "module.networking.module.vpc.aws_vpc.this",
            "module.networking.module.vpc.aws_vpc_ipv4_cidr_block_association.this",
            "random_password.queue_pass"
          ],
          "create_before_destroy": true
        }
      ]
    },
    {
      "module": "module.ssh-key",
      "mode": "managed",
      "type": "aws_key_pair",
      "name": "key_pair",
      "provider": "provider[\"registry.terraform.io/hashicorp/aws\"]",
      "instances": [
        {
          "schema_version": 1,
          "attributes": {
            "arn": "arn:aws:ec2:us-west-2:872224457307:key-pair/spikademo-key",
            "fingerprint": "92:87:4e:e9:3b:81:87:bd:bc:6d:39:01:63:6a:22:70",
            "id": "spikademo-key",
            "key_name": "spikademo-key",
            "key_name_prefix": "",
            "key_pair_id": "key-059fde114ce783e4f",
            "key_type": "rsa",
            "public_key": "ssh-rsa AAAAB3NzaC1yc2EAAAADAQABAAABAQDQAUf5jcBzC4oybjqDOVLyB46m7AI1W2RUO2gXV+U71nhpNINJWqlqVYoc1Iid2/sRRGzXEjsg92KNR4M+CxIyubNnO4Dy8lcj2tsyca/uNlkHZ1P0W/yZPQ2ahcM+nrFy+vr+Mwuyv5yq+yUH7rZjQ/RRWq0qPP/2TjsKJZDOlNlQ/HV4awxzikpSd4GQpALN20QryuEFCCedTAF6Mm76+M7D/HbFrzO7CLSGk2zNJdGH/EqF53JYx1hFuDaH+i1C1B6MLdrC/cX9QijrxiFaIOe8iGbwiQPVp9pX3oT41looX1/EF+ESy8N7cso4WhQNEmlnr3TvdIclfCaxMn8X",
            "tags": null,
            "tags_all": {}
          },
          "sensitive_attributes": [],
          "private": "eyJzY2hlbWFfdmVyc2lvbiI6IjEifQ==",
          "dependencies": [
            "module.ssh-key.tls_private_key.key"
          ],
          "create_before_destroy": true
        }
      ]
    },
    {
      "module": "module.ssh-key",
      "mode": "managed",
      "type": "local_file",
      "name": "private_key",
      "provider": "provider[\"registry.terraform.io/hashicorp/local\"]",
      "instances": [
        {
          "schema_version": 0,
          "attributes": {
            "content": null,
            "content_base64": null,
            "directory_permission": "0777",
            "file_permission": "0400",
            "filename": "spikademo-key.pem",
            "id": "fb50221195ddf52e2c34b4f4990b36f0a2dc3658",
            "sensitive_content": "-----BEGIN RSA PRIVATE KEY-----\nMIIEogIBAAKCAQEA0AFH+Y3AcwuKMm46gzlS8geOpuwCNVtkVDtoF1flO9Z4aTSD\nSVqpalWKHNSIndv7EURs1xI7IPdijUeDPgsSMrmzZzuA8vJXI9rbMnGv7jZZB2dT\n9Fv8mT0NmoXDPp6xcvr6/jMLsr+cqvslB+62Y0P0UVqtKjz/9k47CiWQzpTZUPx1\neGsMc4pKUneBkKQCzdtEK8rhBQgnnUwBejJu+vjOw/x2xa8zuwi0hpNszSXRh/xK\nhedyWMdYRbg2h/otQtQejC3awv3F/UIo68YhWiDnvIhm8IkD1afaV96E+NZaKF9f\nxBfhEsvDe3LKOFoUDRJpZ69073SHJXwmsTJ/FwIDAQABAoIBAHvhx3QhsJTUMqKG\nc+LjqTrstVFFDquomsBwATal6qkQuvYtiGOP04a5G2DAU/1wnr9R+WC+QukHbXKn\nPMse3N/JKcg58DrBipSYLCSHATjmtW9rYt0OTAsYCZoWQIpzCUxpnkL3M+hppm1O\n1mc7DPVh64jocGnPmsKfJRqN9QiTG1o0dktYS/X6DI65zqfARtU7kn/P8duOITKK\n/NHgTjivNUsEVTDIbjdIvgSM0236x4uLw0hZZ/aMhDV2/U6sDjfXZTrQRJJdl0WF\niYZqCVJ0c9hjN83HnFsvoB+otN5dPc8mhWoNsATTE0znwRSHWxVm5juCRydK5bSb\nN98v2wECgYEA5RaameMP+zJ1u3nlXsrSbaEtm0ax460NKwyIPJtFLzL6P5H5Vne+\n1JLZHUQW+Sin/Jh+N8CqhBaRiW36FRlzH8QZO9M6FonNq58nov1glEElZKbODIpm\n1uUmNqr+L2DmnC/T+8DTY+ThWua4vQ2gbo03yNdAINm0Gz76I+YhDgcCgYEA6HCj\nIHo89E1fDGarcYUGiLP7a/SPZyb5RsDaIBV2MdFZ0UrsuGF5Kr3WJckNbQNQ7xOR\n6iHDkOpLQAHNbv9VzdLaznRkANx1qsvkK7W0utJfbPaemGlj9Wh6iMNT8rGvcHG4\npGOvxqxLh3xcWogeVqicKhJYv74dGlAtCHG2wnECgYAW1T3rgJojK1BYszmNTSHU\nE3B8PXuVebYKSGF7yO4IWkhe9amoWJ8IiOpi5Fp10vuLTZem7ukP6T/wNqnqWHMF\nA4KQV+k+PdXl+SL2N9Lcc/HKKmX3EgRV/tjkMf7LshjKEGpMeVeYaUOcz8ox7Z3D\n5wdcWTfnDkvJO2mrElDRGQKBgBzfqRPmu12pos36jv96A9bFbMz7QzkQGVUVrcLg\nh58mn16lTQSWbyPFEy38bKOHDu2z46NO8Gk3AYQA9VD9fN4lfDK7OJT2zdMaosxf\nNQUkDuCNPiQ2q0kX4mjMwsfaFK4GImahT3uBeZxp8Vr5n7MqHMQJJWckKZ9UKFPt\nNEOxAoGAR2WjD8XlFpHex+Rk1X4WQkionaA57i2m+bVXgRonUPTWavzIRIqC82kV\nqm4sqOSUG14JZ9EJHUZusVvUEFZmXX6jx4eV9e3qBYPGRf5IpF2+Pq+NF3W3qJxj\nhz0d5m7VEXCzGVA1BPEWtnevIDad6wE5F10AxCFwgj/JRlH+VwA=\n-----END RSA PRIVATE KEY-----\n",
            "source": null
          },
          "sensitive_attributes": [
            [
              {
                "type": "get_attr",
                "value": "sensitive_content"
              }
            ]
          ],
          "private": "bnVsbA==",
          "dependencies": [
            "module.ssh-key.tls_private_key.key"
          ]
        }
      ]
    },
    {
      "module": "module.ssh-key",
      "mode": "managed",
      "type": "tls_private_key",
      "name": "key",
      "provider": "provider[\"registry.terraform.io/hashicorp/tls\"]",
      "instances": [
        {
          "schema_version": 1,
          "attributes": {
            "algorithm": "RSA",
            "ecdsa_curve": "P224",
            "id": "549f8cd770790a671a5e493dff9a81614efd4003",
            "private_key_openssh": "-----BEGIN OPENSSH PRIVATE KEY-----\nb3BlbnNzaC1rZXktdjEAAAAABG5vbmUAAAAEbm9uZQAAAAAAAAABAAABFwAAAAdz\nc2gtcnNhAAAAAwEAAQAAAQEA0AFH+Y3AcwuKMm46gzlS8geOpuwCNVtkVDtoF1fl\nO9Z4aTSDSVqpalWKHNSIndv7EURs1xI7IPdijUeDPgsSMrmzZzuA8vJXI9rbMnGv\n7jZZB2dT9Fv8mT0NmoXDPp6xcvr6/jMLsr+cqvslB+62Y0P0UVqtKjz/9k47CiWQ\nzpTZUPx1eGsMc4pKUneBkKQCzdtEK8rhBQgnnUwBejJu+vjOw/x2xa8zuwi0hpNs\nzSXRh/xKhedyWMdYRbg2h/otQtQejC3awv3F/UIo68YhWiDnvIhm8IkD1afaV96E\n+NZaKF9fxBfhEsvDe3LKOFoUDRJpZ69073SHJXwmsTJ/FwAAA7jSIKft0iCn7QAA\nAAdzc2gtcnNhAAABAQDQAUf5jcBzC4oybjqDOVLyB46m7AI1W2RUO2gXV+U71nhp\nNINJWqlqVYoc1Iid2/sRRGzXEjsg92KNR4M+CxIyubNnO4Dy8lcj2tsyca/uNlkH\nZ1P0W/yZPQ2ahcM+nrFy+vr+Mwuyv5yq+yUH7rZjQ/RRWq0qPP/2TjsKJZDOlNlQ\n/HV4awxzikpSd4GQpALN20QryuEFCCedTAF6Mm76+M7D/HbFrzO7CLSGk2zNJdGH\n/EqF53JYx1hFuDaH+i1C1B6MLdrC/cX9QijrxiFaIOe8iGbwiQPVp9pX3oT41loo\nX1/EF+ESy8N7cso4WhQNEmlnr3TvdIclfCaxMn8XAAAAAwEAAQAAAQB74cd0IbCU\n1DKihnPi46k67LVRRQ6rqJrAcAE2peqpELr2LYhjj9OGuRtgwFP9cJ6/UflgvkLp\nB21ypzzLHtzfySnIOfA6wYqUmCwkhwE45rVva2LdDkwLGAmaFkCKcwlMaZ5C9zPo\naaZtTtZnOwz1YeuI6HBpz5rCnyUajfUIkxtaNHZLWEv1+gyOuc6nwEbVO5J/z/Hb\njiEyivzR4E44rzVLBFUwyG43SL4EjNNt+seLi8NIWWf2jIQ1dv1OrA4312U60ESS\nXZdFhYmGaglSdHPYYzfNx5xbL6AfqLTeXT3PJoVqDbAE0xNM58EUh1sVZuY7gkcn\nSuW0mzffL9sBAAAAgEdlow/F5RaR3sfkZNV+FkJIqJ2gOe4tpvm1V4EaJ1D01mr8\nyESKgvNpFapuLKjklBteCWfRCR1GbrFb1BBWZl1+o8eHlfXt6gWDxkX+SKRdvj6v\njRd1t6icY4c9HeZu1RFwsxlQNQTxFrZ3ryA2nesBORddAMQhcII/yUZR/lcAAAAA\ngQDlFpqZ4w/7MnW7eeVeytJtoS2bRrHjrQ0rDIg8m0UvMvo/kflWd77UktkdRBb5\nKKf8mH43wKqEFpGJbfoVGXMfxBk70zoWic2rnyei/WCUQSVkps4MimbW5SY2qv4v\nYOacL9P7wNNj5OFa5ri9DaBujTfI10Ag2bQbPvoj5iEOBwAAAIEA6HCjIHo89E1f\nDGarcYUGiLP7a/SPZyb5RsDaIBV2MdFZ0UrsuGF5Kr3WJckNbQNQ7xOR6iHDkOpL\nQAHNbv9VzdLaznRkANx1qsvkK7W0utJfbPaemGlj9Wh6iMNT8rGvcHG4pGOvxqxL\nh3xcWogeVqicKhJYv74dGlAtCHG2wnEAAAAAAQID\n-----END OPENSSH PRIVATE KEY-----\n",
            "private_key_pem": "-----BEGIN RSA PRIVATE KEY-----\nMIIEogIBAAKCAQEA0AFH+Y3AcwuKMm46gzlS8geOpuwCNVtkVDtoF1flO9Z4aTSD\nSVqpalWKHNSIndv7EURs1xI7IPdijUeDPgsSMrmzZzuA8vJXI9rbMnGv7jZZB2dT\n9Fv8mT0NmoXDPp6xcvr6/jMLsr+cqvslB+62Y0P0UVqtKjz/9k47CiWQzpTZUPx1\neGsMc4pKUneBkKQCzdtEK8rhBQgnnUwBejJu+vjOw/x2xa8zuwi0hpNszSXRh/xK\nhedyWMdYRbg2h/otQtQejC3awv3F/UIo68YhWiDnvIhm8IkD1afaV96E+NZaKF9f\nxBfhEsvDe3LKOFoUDRJpZ69073SHJXwmsTJ/FwIDAQABAoIBAHvhx3QhsJTUMqKG\nc+LjqTrstVFFDquomsBwATal6qkQuvYtiGOP04a5G2DAU/1wnr9R+WC+QukHbXKn\nPMse3N/JKcg58DrBipSYLCSHATjmtW9rYt0OTAsYCZoWQIpzCUxpnkL3M+hppm1O\n1mc7DPVh64jocGnPmsKfJRqN9QiTG1o0dktYS/X6DI65zqfARtU7kn/P8duOITKK\n/NHgTjivNUsEVTDIbjdIvgSM0236x4uLw0hZZ/aMhDV2/U6sDjfXZTrQRJJdl0WF\niYZqCVJ0c9hjN83HnFsvoB+otN5dPc8mhWoNsATTE0znwRSHWxVm5juCRydK5bSb\nN98v2wECgYEA5RaameMP+zJ1u3nlXsrSbaEtm0ax460NKwyIPJtFLzL6P5H5Vne+\n1JLZHUQW+Sin/Jh+N8CqhBaRiW36FRlzH8QZO9M6FonNq58nov1glEElZKbODIpm\n1uUmNqr+L2DmnC/T+8DTY+ThWua4vQ2gbo03yNdAINm0Gz76I+YhDgcCgYEA6HCj\nIHo89E1fDGarcYUGiLP7a/SPZyb5RsDaIBV2MdFZ0UrsuGF5Kr3WJckNbQNQ7xOR\n6iHDkOpLQAHNbv9VzdLaznRkANx1qsvkK7W0utJfbPaemGlj9Wh6iMNT8rGvcHG4\npGOvxqxLh3xcWogeVqicKhJYv74dGlAtCHG2wnECgYAW1T3rgJojK1BYszmNTSHU\nE3B8PXuVebYKSGF7yO4IWkhe9amoWJ8IiOpi5Fp10vuLTZem7ukP6T/wNqnqWHMF\nA4KQV+k+PdXl+SL2N9Lcc/HKKmX3EgRV/tjkMf7LshjKEGpMeVeYaUOcz8ox7Z3D\n5wdcWTfnDkvJO2mrElDRGQKBgBzfqRPmu12pos36jv96A9bFbMz7QzkQGVUVrcLg\nh58mn16lTQSWbyPFEy38bKOHDu2z46NO8Gk3AYQA9VD9fN4lfDK7OJT2zdMaosxf\nNQUkDuCNPiQ2q0kX4mjMwsfaFK4GImahT3uBeZxp8Vr5n7MqHMQJJWckKZ9UKFPt\nNEOxAoGAR2WjD8XlFpHex+Rk1X4WQkionaA57i2m+bVXgRonUPTWavzIRIqC82kV\nqm4sqOSUG14JZ9EJHUZusVvUEFZmXX6jx4eV9e3qBYPGRf5IpF2+Pq+NF3W3qJxj\nhz0d5m7VEXCzGVA1BPEWtnevIDad6wE5F10AxCFwgj/JRlH+VwA=\n-----END RSA PRIVATE KEY-----\n",
            "private_key_pem_pkcs8": "-----BEGIN PRIVATE KEY-----\nMIIEvAIBADANBgkqhkiG9w0BAQEFAASCBKYwggSiAgEAAoIBAQDQAUf5jcBzC4oy\nbjqDOVLyB46m7AI1W2RUO2gXV+U71nhpNINJWqlqVYoc1Iid2/sRRGzXEjsg92KN\nR4M+CxIyubNnO4Dy8lcj2tsyca/uNlkHZ1P0W/yZPQ2ahcM+nrFy+vr+Mwuyv5yq\n+yUH7rZjQ/RRWq0qPP/2TjsKJZDOlNlQ/HV4awxzikpSd4GQpALN20QryuEFCCed\nTAF6Mm76+M7D/HbFrzO7CLSGk2zNJdGH/EqF53JYx1hFuDaH+i1C1B6MLdrC/cX9\nQijrxiFaIOe8iGbwiQPVp9pX3oT41looX1/EF+ESy8N7cso4WhQNEmlnr3TvdIcl\nfCaxMn8XAgMBAAECggEAe+HHdCGwlNQyooZz4uOpOuy1UUUOq6iawHABNqXqqRC6\n9i2IY4/ThrkbYMBT/XCev1H5YL5C6Qdtcqc8yx7c38kpyDnwOsGKlJgsJIcBOOa1\nb2ti3Q5MCxgJmhZAinMJTGmeQvcz6GmmbU7WZzsM9WHriOhwac+awp8lGo31CJMb\nWjR2S1hL9foMjrnOp8BG1TuSf8/x244hMor80eBOOK81SwRVMMhuN0i+BIzTbfrH\ni4vDSFln9oyENXb9TqwON9dlOtBEkl2XRYWJhmoJUnRz2GM3zcecWy+gH6i03l09\nzyaFag2wBNMTTOfBFIdbFWbmO4JHJ0rltJs33y/bAQKBgQDlFpqZ4w/7MnW7eeVe\nytJtoS2bRrHjrQ0rDIg8m0UvMvo/kflWd77UktkdRBb5KKf8mH43wKqEFpGJbfoV\nGXMfxBk70zoWic2rnyei/WCUQSVkps4MimbW5SY2qv4vYOacL9P7wNNj5OFa5ri9\nDaBujTfI10Ag2bQbPvoj5iEOBwKBgQDocKMgejz0TV8MZqtxhQaIs/tr9I9nJvlG\nwNogFXYx0VnRSuy4YXkqvdYlyQ1tA1DvE5HqIcOQ6ktAAc1u/1XN0trOdGQA3HWq\ny+QrtbS60l9s9p6YaWP1aHqIw1Pysa9wcbikY6/GrEuHfFxaiB5WqJwqEli/vh0a\nUC0IcbbCcQKBgBbVPeuAmiMrUFizOY1NIdQTcHw9e5V5tgpIYXvI7ghaSF71qahY\nnwiI6mLkWnXS+4tNl6bu6Q/pP/A2qepYcwUDgpBX6T491eX5IvY30txz8coqZfcS\nBFX+2OQx/suyGMoQakx5V5hpQ5zPyjHtncPnB1xZN+cOS8k7aasSUNEZAoGAHN+p\nE+a7XamizfqO/3oD1sVszPtDORAZVRWtwuCHnyafXqVNBJZvI8UTLfxso4cO7bPj\no07waTcBhAD1UP183iV8Mrs4lPbN0xqizF81BSQO4I0+JDarSRfiaMzCx9oUrgYi\nZqFPe4F5nGnxWvmfsyocxAklZyQpn1QoU+00Q7ECgYBHZaMPxeUWkd7H5GTVfhZC\nSKidoDnuLab5tVeBGidQ9NZq/MhEioLzaRWqbiyo5JQbXgln0QkdRm6xW9QQVmZd\nfqPHh5X17eoFg8ZF/kikXb4+r40XdbeonGOHPR3mbtURcLMZUDUE8Ra2d68gNp3r\nATkXXQDEIXCCP8lGUf5XAA==\n-----END PRIVATE KEY-----\n",
            "public_key_fingerprint_md5": "cf:a9:33:77:0a:fd:47:93:23:30:65:6e:6c:1d:4b:6d",
            "public_key_fingerprint_sha256": "SHA256:idVo/lLdglPp1hjWFc0X/Ub2t3Su+tjKK3Mw7iU54hA",
            "public_key_openssh": "ssh-rsa AAAAB3NzaC1yc2EAAAADAQABAAABAQDQAUf5jcBzC4oybjqDOVLyB46m7AI1W2RUO2gXV+U71nhpNINJWqlqVYoc1Iid2/sRRGzXEjsg92KNR4M+CxIyubNnO4Dy8lcj2tsyca/uNlkHZ1P0W/yZPQ2ahcM+nrFy+vr+Mwuyv5yq+yUH7rZjQ/RRWq0qPP/2TjsKJZDOlNlQ/HV4awxzikpSd4GQpALN20QryuEFCCedTAF6Mm76+M7D/HbFrzO7CLSGk2zNJdGH/EqF53JYx1hFuDaH+i1C1B6MLdrC/cX9QijrxiFaIOe8iGbwiQPVp9pX3oT41looX1/EF+ESy8N7cso4WhQNEmlnr3TvdIclfCaxMn8X\n",
            "public_key_pem": "-----BEGIN PUBLIC KEY-----\nMIIBIjANBgkqhkiG9w0BAQEFAAOCAQ8AMIIBCgKCAQEA0AFH+Y3AcwuKMm46gzlS\n8geOpuwCNVtkVDtoF1flO9Z4aTSDSVqpalWKHNSIndv7EURs1xI7IPdijUeDPgsS\nMrmzZzuA8vJXI9rbMnGv7jZZB2dT9Fv8mT0NmoXDPp6xcvr6/jMLsr+cqvslB+62\nY0P0UVqtKjz/9k47CiWQzpTZUPx1eGsMc4pKUneBkKQCzdtEK8rhBQgnnUwBejJu\n+vjOw/x2xa8zuwi0hpNszSXRh/xKhedyWMdYRbg2h/otQtQejC3awv3F/UIo68Yh\nWiDnvIhm8IkD1afaV96E+NZaKF9fxBfhEsvDe3LKOFoUDRJpZ69073SHJXwmsTJ/\nFwIDAQAB\n-----END PUBLIC KEY-----\n",
            "rsa_bits": 2048
          },
          "sensitive_attributes": [],
          "create_before_destroy": true
        }
      ]
    },
    {
      "module": "module.storage",
      "mode": "managed",
      "type": "aws_db_instance",
      "name": "master_db",
      "provider": "provider[\"registry.terraform.io/hashicorp/aws\"]",
      "instances": [
        {
          "schema_version": 1,
          "attributes": {
            "address": "spikademodb.clopvvf6x1zj.us-west-2.rds.amazonaws.com",
            "allocated_storage": 50,
            "allow_major_version_upgrade": null,
            "apply_immediately": null,
            "arn": "arn:aws:rds:us-west-2:872224457307:db:spikademodb",
            "auto_minor_version_upgrade": true,
            "availability_zone": "us-west-2b",
            "backup_retention_period": 0,
            "backup_window": "09:31-10:01",
            "ca_cert_identifier": "rds-ca-2019",
            "character_set_name": "",
            "copy_tags_to_snapshot": false,
            "custom_iam_instance_profile": "",
            "customer_owned_ip_enabled": false,
            "db_name": "spikadb",
            "db_subnet_group_name": "spikademo-vpc",
            "delete_automated_backups": true,
            "deletion_protection": false,
            "domain": "",
            "domain_iam_role_name": "",
            "enabled_cloudwatch_logs_exports": null,
            "endpoint": "spikademodb.clopvvf6x1zj.us-west-2.rds.amazonaws.com:3306",
            "engine": "mysql",
            "engine_version": "8.0.27",
            "engine_version_actual": "8.0.27",
            "final_snapshot_identifier": null,
            "hosted_zone_id": "Z1PVIF0B656C1W",
            "iam_database_authentication_enabled": false,
            "id": "spikademodb",
            "identifier": "spikademodb",
            "identifier_prefix": "",
            "instance_class": "db.t2.medium",
            "iops": 0,
            "kms_key_id": "",
            "latest_restorable_time": "",
            "license_model": "general-public-license",
            "maintenance_window": "sat:12:14-sat:12:44",
            "max_allocated_storage": 1000,
            "monitoring_interval": 0,
            "monitoring_role_arn": "",
            "multi_az": false,
            "name": "spikadb",
            "nchar_character_set_name": "",
            "network_type": "IPV4",
            "option_group_name": "default:mysql-8-0",
            "parameter_group_name": "default.mysql8.0",
            "password": "K_oFnI_g0H_-BVq9",
            "performance_insights_enabled": false,
            "performance_insights_kms_key_id": "",
            "performance_insights_retention_period": 0,
            "port": 3306,
            "publicly_accessible": true,
            "replica_mode": "",
            "replicas": [],
            "replicate_source_db": "",
            "resource_id": "db-DFHSNUKJNOV23U22ASEKXEQRKE",
            "restore_to_point_in_time": [],
            "s3_import": [],
            "security_group_names": null,
            "skip_final_snapshot": true,
            "snapshot_identifier": null,
            "status": "available",
            "storage_encrypted": false,
            "storage_type": "gp2",
            "tags": {
              "Name": "spikademo-database"
            },
            "tags_all": {
              "Name": "spikademo-database"
            },
            "timeouts": null,
            "timezone": "",
            "username": "spikadb_user",
            "vpc_security_group_ids": [
              "sg-061bda6333abfb4b1"
            ]
          },
          "sensitive_attributes": [
            [
              {
                "type": "get_attr",
                "value": "password"
              }
            ]
          ],
          "private": "eyJlMmJmYjczMC1lY2FhLTExZTYtOGY4OC0zNDM2M2JjN2M0YzAiOnsiY3JlYXRlIjoyNDAwMDAwMDAwMDAwLCJkZWxldGUiOjM2MDAwMDAwMDAwMDAsInVwZGF0ZSI6NDgwMDAwMDAwMDAwMH0sInNjaGVtYV92ZXJzaW9uIjoiMSJ9",
          "dependencies": [
            "module.networking.aws_security_group.allow_pub",
            "module.networking.data.aws_availability_zones.available",
            "module.networking.module.vpc.aws_db_subnet_group.database",
            "module.networking.module.vpc.aws_subnet.database",
            "module.networking.module.vpc.aws_vpc.this",
            "module.networking.module.vpc.aws_vpc_ipv4_cidr_block_association.this",
            "random_password.db_master_pass"
          ],
          "create_before_destroy": true
        }
      ]
    },
    {
      "module": "module.storage",
      "mode": "managed",
      "type": "aws_efs_file_system",
      "name": "efs",
      "provider": "provider[\"registry.terraform.io/hashicorp/aws\"]",
      "instances": [
        {
          "schema_version": 0,
          "attributes": {
            "arn": "arn:aws:elasticfilesystem:us-west-2:872224457307:file-system/fs-0acc89898f99e4c0d",
            "availability_zone_id": "",
            "availability_zone_name": "",
            "creation_token": "spikademo-efs",
            "dns_name": "fs-0acc89898f99e4c0d.efs.us-west-2.amazonaws.com",
            "encrypted": false,
            "id": "fs-0acc89898f99e4c0d",
            "kms_key_id": "",
            "lifecycle_policy": [],
            "number_of_mount_targets": 0,
            "owner_id": "872224457307",
            "performance_mode": "generalPurpose",
            "provisioned_throughput_in_mibps": 0,
            "size_in_bytes": [
              {
                "value": 6144,
                "value_in_ia": 0,
                "value_in_standard": 6144
              }
            ],
            "tags": {
              "Name": "spikademo-filestorage"
            },
            "tags_all": {
              "Name": "spikademo-filestorage"
            },
            "throughput_mode": "bursting"
          },
          "sensitive_attributes": [],
          "private": "bnVsbA==",
          "create_before_destroy": true
        }
      ]
    },
    {
      "module": "module.storage",
      "mode": "managed",
      "type": "aws_efs_mount_target",
      "name": "mount",
      "provider": "provider[\"registry.terraform.io/hashicorp/aws\"]",
      "instances": [
        {
          "schema_version": 0,
          "attributes": {
            "availability_zone_id": "usw2-az2",
            "availability_zone_name": "us-west-2a",
            "dns_name": "fs-0acc89898f99e4c0d.efs.us-west-2.amazonaws.com",
            "file_system_arn": "arn:aws:elasticfilesystem:us-west-2:872224457307:file-system/fs-0acc89898f99e4c0d",
            "file_system_id": "fs-0acc89898f99e4c0d",
            "id": "fsmt-062093561b73df323",
            "ip_address": "10.0.101.74",
            "mount_target_dns_name": "us-west-2a.fs-0acc89898f99e4c0d.efs.us-west-2.amazonaws.com",
            "network_interface_id": "eni-0bbc24cd35fe22039",
            "owner_id": "872224457307",
            "security_groups": [
              "sg-061bda6333abfb4b1"
            ],
            "subnet_id": "subnet-0269c4b323f5f2ffc"
          },
          "sensitive_attributes": [],
          "private": "bnVsbA==",
          "dependencies": [
            "module.networking.aws_security_group.allow_pub",
            "module.networking.data.aws_availability_zones.available",
            "module.networking.module.vpc.aws_subnet.public",
            "module.networking.module.vpc.aws_vpc.this",
            "module.networking.module.vpc.aws_vpc_ipv4_cidr_block_association.this",
            "module.storage.aws_efs_file_system.efs"
          ]
        }
      ]
    },
    {
      "module": "module.storage",
      "mode": "managed",
      "type": "aws_elasticache_cluster",
      "name": "redis_cache",
      "provider": "provider[\"registry.terraform.io/hashicorp/aws\"]",
      "instances": [
        {
          "schema_version": 0,
          "attributes": {
            "apply_immediately": true,
            "arn": "arn:aws:elasticache:us-west-2:872224457307:cluster:spikademoredis",
            "auto_minor_version_upgrade": "true",
            "availability_zone": "us-west-2b",
            "az_mode": "single-az",
            "cache_nodes": [
              {
                "address": "spikademoredis.gbuz3d.0001.usw2.cache.amazonaws.com",
                "availability_zone": "us-west-2b",
                "id": "0001",
                "port": 6379
              }
            ],
            "cluster_address": null,
            "cluster_id": "spikademoredis",
            "configuration_endpoint": null,
            "engine": "redis",
            "engine_version": "6.2",
            "engine_version_actual": "6.2.6",
            "final_snapshot_identifier": null,
            "id": "spikademoredis",
            "log_delivery_configuration": [],
            "maintenance_window": "fri:10:30-fri:11:30",
            "node_type": "cache.t3.micro",
            "notification_topic_arn": null,
            "num_cache_nodes": 1,
            "parameter_group_name": "default.redis6.x",
            "port": 6379,
            "preferred_availability_zones": null,
            "replication_group_id": null,
            "security_group_ids": [
              "sg-061bda6333abfb4b1"
            ],
            "security_group_names": [],
            "snapshot_arns": null,
            "snapshot_name": null,
            "snapshot_retention_limit": 0,
            "snapshot_window": "07:30-08:30",
            "subnet_group_name": "spikademo-vpc",
            "tags": null,
            "tags_all": {}
          },
          "sensitive_attributes": [],
          "private": "bnVsbA==",
          "dependencies": [
            "module.networking.aws_security_group.allow_pub",
            "module.networking.data.aws_availability_zones.available",
            "module.networking.module.vpc.aws_elasticache_subnet_group.elasticache",
            "module.networking.module.vpc.aws_subnet.elasticache",
            "module.networking.module.vpc.aws_vpc.this",
            "module.networking.module.vpc.aws_vpc_ipv4_cidr_block_association.this"
          ],
          "create_before_destroy": true
        }
      ]
    }
  ],
  "check_results": []
}
