{
  "version": 4,
  "terraform_version": "1.3.4",
  "serial": 4984,
  "lineage": "d3b26784-d75e-c2d5-abfd-2dd4291965db",
  "outputs": {
    "ELB_DNS_name": {
      "value": "spikademo-alb-118004517.us-west-2.elb.amazonaws.com",
      "type": "string"
    },
    "database_connection_string": {
      "value": "mysql://spikadb_user:_Rry5=r9=5-TA_T1@spikademodb.clopvvf6x1zj.us-west-2.rds.amazonaws.com:3306/spikadb",
      "type": "string",
      "sensitive": true
    },
    "database_subnet_group_name": {
      "value": "spikademo-vpc",
      "type": "string"
    },
    "public_connection_string1": {
      "value": "ssh -i spikademo-key.pem ubuntu@34.213.74.152",
      "type": "string"
    },
    "public_connection_string2": {
      "value": "ssh -i spikademo-key.pem ubuntu@54.186.72.2",
      "type": "string"
    },
    "public_connection_string3": {
      "value": "ssh -i spikademo-key.pem ubuntu@35.160.172.100",
      "type": "string"
    },
    "queue_connection_string": {
      "value": "amqps://spikaqueue:S6o2Q45ooNye1pkC@b-533af4ce-4ea1-4382-bf31-8ea6456f1071.mq.us-west-2.amazonaws.com:5671",
      "type": "string",
      "sensitive": true
    },
    "redis_connection_string": {
      "value": "redis://spikademoredis.gbuz3d.0001.usw2.cache.amazonaws.com:6379",
      "type": "string"
    }
  },
  "resources": [
    {
      "mode": "managed",
      "type": "random_password",
      "name": "db_master_pass",
      "provider": "provider[\"registry.terraform.io/hashicorp/random\"]",
      "instances": [
        {
          "schema_version": 3,
          "attributes": {
            "bcrypt_hash": "$2a$10$iTATDgBzLNQQbdCLDzWXN.F63hCNMZY0zWz/MKBCnGv3k8YO4Lk9K",
            "id": "none",
            "keepers": {
              "pass_version": "1"
            },
            "length": 16,
            "lower": true,
            "min_lower": 0,
            "min_numeric": 0,
            "min_special": 3,
            "min_upper": 0,
            "number": true,
            "numeric": true,
            "override_special": "-_=",
            "result": "_Rry5=r9=5-TA_T1",
            "special": true,
            "upper": true
          },
          "sensitive_attributes": [],
          "create_before_destroy": true
        }
      ]
    },
    {
      "mode": "managed",
      "type": "random_password",
      "name": "queue_pass",
      "provider": "provider[\"registry.terraform.io/hashicorp/random\"]",
      "instances": [
        {
          "schema_version": 3,
          "attributes": {
            "bcrypt_hash": "$2a$10$xAnctF/8uFkF0jemGmpgk.fL7SyXBFqmRuJzVpTRyKiQ9Ho7QpOMS",
            "id": "none",
            "keepers": {
              "pass_version": "1"
            },
            "length": 16,
            "lower": true,
            "min_lower": 0,
            "min_numeric": 0,
            "min_special": 0,
            "min_upper": 0,
            "number": true,
            "numeric": true,
            "override_special": null,
            "result": "S6o2Q45ooNye1pkC",
            "special": false,
            "upper": true
          },
          "sensitive_attributes": [],
          "create_before_destroy": true
        }
      ]
    },
    {
      "module": "module.ec2",
      "mode": "data",
      "type": "aws_ami",
      "name": "ubuntu-linux-2204",
      "provider": "provider[\"registry.terraform.io/hashicorp/aws\"]",
      "instances": [
        {
          "schema_version": 0,
          "attributes": {
            "architecture": "x86_64",
            "arn": "arn:aws:ec2:us-west-2::image/ami-038241ba95c675888",
            "block_device_mappings": [
              {
                "device_name": "/dev/sda1",
                "ebs": {
                  "delete_on_termination": "true",
                  "encrypted": "false",
                  "iops": "0",
                  "snapshot_id": "snap-0a3aca1a4f1e74a10",
                  "throughput": "0",
                  "volume_size": "8",
                  "volume_type": "gp2"
                },
                "no_device": "",
                "virtual_name": ""
              },
              {
                "device_name": "/dev/sdb",
                "ebs": {},
                "no_device": "",
                "virtual_name": "ephemeral0"
              },
              {
                "device_name": "/dev/sdc",
                "ebs": {},
                "no_device": "",
                "virtual_name": "ephemeral1"
              }
            ],
            "boot_mode": "",
            "creation_date": "2022-11-01T18:10:36.000Z",
            "deprecation_time": "2024-11-01T18:10:36.000Z",
            "description": "Canonical, Ubuntu, 22.04 LTS, amd64 jammy image build on 2022-11-01",
            "ena_support": true,
            "executable_users": null,
            "filter": [
              {
                "name": "name",
                "values": [
                  "ubuntu/images/hvm-ssd/ubuntu-jammy-22.04-amd64-server-*"
                ]
              },
              {
                "name": "virtualization-type",
                "values": [
                  "hvm"
                ]
              }
            ],
            "hypervisor": "xen",
            "id": "ami-038241ba95c675888",
            "image_id": "ami-038241ba95c675888",
            "image_location": "amazon/ubuntu/images/hvm-ssd/ubuntu-jammy-22.04-amd64-server-20221101.1",
            "image_owner_alias": "amazon",
            "image_type": "machine",
            "imds_support": "",
            "include_deprecated": false,
            "kernel_id": "",
            "most_recent": true,
            "name": "ubuntu/images/hvm-ssd/ubuntu-jammy-22.04-amd64-server-20221101.1",
            "name_regex": null,
            "owner_id": "099720109477",
            "owners": [
              "099720109477"
            ],
            "platform": "",
            "platform_details": "Linux/UNIX",
            "product_codes": [],
            "public": true,
            "ramdisk_id": "",
            "root_device_name": "/dev/sda1",
            "root_device_type": "ebs",
            "root_snapshot_id": "snap-0a3aca1a4f1e74a10",
            "sriov_net_support": "simple",
            "state": "available",
            "state_reason": {
              "code": "UNSET",
              "message": "UNSET"
            },
            "tags": {},
            "timeouts": null,
            "tpm_support": "",
            "usage_operation": "RunInstances",
            "virtualization_type": "hvm"
          },
          "sensitive_attributes": []
        }
      ]
    },
    {
      "module": "module.ec2",
      "mode": "data",
      "type": "template_file",
      "name": "env",
      "provider": "provider[\"registry.terraform.io/hashicorp/template\"]",
      "instances": [
        {
          "schema_version": 0,
          "attributes": {
            "filename": null,
            "id": "c4ee1ac7ec177dc10fe3a6d2435c9142686df76b1c15bf1885358aba7e53044d",
            "rendered": "COMPOSE_PROJECT_NAME=spika3\nENV=production\nADMIN_USERNAME='admin'\nADMIN_PASSWORD='password'\nSERVER_PORT=8080\nCONFCALL_HOST_URL=wss://spika3mediasoup.spika.chat\n\nIS_TEST=0\nANDROID_SMS_VERIFICATION_HASH='K9rS/tfb305'\nIOS_SMS_VERIFICATION_URL='clover.st'\n\nUSE_MNG_API=1\nUSE_MSG_API=1\nUSE_SMS=1\nUSE_SSE=1\nUSE_UPLOAD=1\nUSE_PUSH=1\nUSE_CONFCALL=1\nUSE_MESSAGE_RECORDS_SSE=1\nUSE_WEBHOOK=1\nUSE_MESSAGING=1\n\nTEAM_MODE=1\n\nTWILIO_SID=AC22ef9d07bc79c3af873552bd7400623f\nTWILIO_TOKEN=00c763a417eb35b39fc4b5e3770fd3bb\nTWILIO_FROM_NUMBER=+16069560377\n\nLOG_INFO=1\nLOG_WARN=1\nLOG_ERROR=1\n\nFCM_PROJECT_ID=spika-ultimate\nFCM_API_KEY=AIzaSyD1EJGP17dwcRe4fKC0QaSbfxNglDelLNc\nFCM_AUTH_DOMAIN=spika-ultimate.firebaseapp.com\nFCM_STORAGE_BUCKET=spika-ultimate.appspot.com\nFCM_SENDER_ID=545730644006\nFCM_APP_ID=1:545730644006:web:385d470311a4d7fb0d3ee7\nFCM_MEASUREMENT_ID=G-TFYE1S6ZGT\nFCM_VAPID_KEY=\"BOBmllC0M3B9dJQcXkzv1PCroKRpRmp1laF9wDy23-ZH2j0Zb2KIStUouJdnfN5gysWUEAIEFSBAgoE3q2k-9U8\"\nFCM_HOST=fcm.googleapis.com\nFCM_PRIVATE_KEY=\"-----BEGIN PRIVATE KEY-----\\nMIIEvQIBADANBgkqhkiG9w0BAQEFAASCBKcwggSjAgEAAoIBAQCLz9snaeGuA/xz\\nOEsjGqZSGMNcJAFKQScV2uW+76o7Be0kEA0WDyzElXdSOeMy2kmbWkjfjm24BhmE\\neQlnUbu3F/ny4+wrL7GhfUx+s8r7OgnRcV6QzYy3/A+tXYr+HWh/rigtylyahoDW\\nc/7G716egDcg/YVoizfjy+x8PF5EcZfnOeGqvixNavU48QUbOaEWiaMtkDOa5E/5\\ni52hBBWqwblBBDnGHb+aPx0LkYVm8+etDneZPhdj3AZ7AYleHvJgv2rJmUhVi7Ye\\n4MpaNOaD2R6ENeyM8u8sQE8HlUMZBcatY+m+Hf1o7EgHpTIvD46iKonffX4gANiM\\n0N24ieM9AgMBAAECggEAAkch6y+4r1Ddz1PCt6DyxkIkhq8IfVj35c2B8j0t4RXM\\n4gpH6EzZfh9wSPzr9HNlgRw0tT25EGc7CbM+IbqNbCN+HUS035RAmOC1exf7TeIJ\\ncGngMExFB2daKwkr302D2xavjWVvYk4gMb5Ej6GtQThWDZnLz2L7R2EWaoTCRWut\\nMwBhZny5YUNnzgCfgMgul/UCEGjo5zBneiau5lj76ZJD3AgsB68cnaN3z+QtuqLb\\npCWLYGVUd2qZH7QYu2gGQoT2/fnA1VBI3ycwZvF7JrIdIW3phVqId3xz7WXWns2k\\nlCem44HuYL/KqLkGEm03M+JhK+vJFagkCzTCoPzq8QKBgQDB7FXAXCajEA7QcbUF\\n15/p0yYd0/gJNKiVdp0EZGhrlDRG8Xdj9dfZXs6ONggK43DNvu/l9assfy46pdJ/\\n4lm4eg5CofuK9dvayQowsOKYQjCvQ+h7bOZ6PskB9IlmMYH+AHU6JqYm763TCGEu\\nWcNV1o2W8ouwNuubGvYuoDCVTQKBgQC4kTMIlXhW9CpwFXjk2orw1NYt6yICsimW\\nS4KEIXvGPwdhGNFzXjweCRIbEMJU+e5TaSFCtqUctBzakL2HHXwPg3+0ToSNG1P8\\nURapdB+ibbWprnXaUIbGj2GBBHo03GxBj6/Mn7kUOkRpuaHtyZnAiJTYADH/bxzd\\nOB6xyvTNsQKBgQCjLGLHVoLoSHW+rT796H7VeGclSBv4WwfTpBfg/z/h7bXDUCD+\\nynlSnXS+svY3e0OKzDP+UqYy7d0PWkJyexq1oHZpWPVY6yGQygM6D0zLgz6F62Uu\\nneadTEFE1OfcRqI0AVyijqzWLG0eGnnzT3KOwtcnAXXK05uSSrCFcSMQLQKBgHRx\\nTvQ0cPbTFs8eDOa9pnjonrPbq9ptkuU6gH5iLZfWfg5ZPRN/OYhtipm+ygwYnq7L\\nHevcFXF1hNq0BI7xICsdeH1GKERqIGOIuTZxh9/PPZRu9/WjZlRxcz+VlpAxHK+E\\nOpJrlrXXSQA22J2P2kvpH5bjEKgp7tj2pg7fj/ERAoGALF3WMcu9idxyG2Ymh4Nt\\nz4T7fgG+GmQyIBmoEFp7/daFViB9yLoeh1mPiwLmHNoVg/7QAe/T7tWxd65yQN3n\\nHExX0rbv4wYbldzH4AzJWSHbRThYwuGhtQeQyG9nPKgpu9ZJ1h9lrgsD0cnLyF2O\\nm5Z4MZHgFUILe8vo18jxkkU=\\n-----END PRIVATE KEY-----\\n\"\nFCM_EMAIL=firebase-adminsdk-let7g@spika-ultimate.iam.gserviceaccount.com\n\nMEDIASOUP_ANNOUNCED_IP='54.215.115.153'\nMEDIASOUP_LISTEN_IP='0.0.0.0'\nMEDIASOUP_MIN_PORT=40000\nMEDIASOUP_MAX_PORT=49999\n\nUPLOAD_FOLDER=\"/var/spika\"",
            "template": "COMPOSE_PROJECT_NAME=spika3\nENV=production\nADMIN_USERNAME='admin'\nADMIN_PASSWORD='password'\nSERVER_PORT=8080\nCONFCALL_HOST_URL=wss://spika3mediasoup.spika.chat\n\nIS_TEST=0\nANDROID_SMS_VERIFICATION_HASH='K9rS/tfb305'\nIOS_SMS_VERIFICATION_URL='clover.st'\n\nUSE_MNG_API=1\nUSE_MSG_API=1\nUSE_SMS=1\nUSE_SSE=1\nUSE_UPLOAD=1\nUSE_PUSH=1\nUSE_CONFCALL=1\nUSE_MESSAGE_RECORDS_SSE=1\nUSE_WEBHOOK=1\nUSE_MESSAGING=1\n\nTEAM_MODE=1\n\nTWILIO_SID=AC22ef9d07bc79c3af873552bd7400623f\nTWILIO_TOKEN=00c763a417eb35b39fc4b5e3770fd3bb\nTWILIO_FROM_NUMBER=+16069560377\n\nLOG_INFO=1\nLOG_WARN=1\nLOG_ERROR=1\n\nFCM_PROJECT_ID=spika-ultimate\nFCM_API_KEY=AIzaSyD1EJGP17dwcRe4fKC0QaSbfxNglDelLNc\nFCM_AUTH_DOMAIN=spika-ultimate.firebaseapp.com\nFCM_STORAGE_BUCKET=spika-ultimate.appspot.com\nFCM_SENDER_ID=545730644006\nFCM_APP_ID=1:545730644006:web:385d470311a4d7fb0d3ee7\nFCM_MEASUREMENT_ID=G-TFYE1S6ZGT\nFCM_VAPID_KEY=\"BOBmllC0M3B9dJQcXkzv1PCroKRpRmp1laF9wDy23-ZH2j0Zb2KIStUouJdnfN5gysWUEAIEFSBAgoE3q2k-9U8\"\nFCM_HOST=fcm.googleapis.com\nFCM_PRIVATE_KEY=\"-----BEGIN PRIVATE KEY-----\\nMIIEvQIBADANBgkqhkiG9w0BAQEFAASCBKcwggSjAgEAAoIBAQCLz9snaeGuA/xz\\nOEsjGqZSGMNcJAFKQScV2uW+76o7Be0kEA0WDyzElXdSOeMy2kmbWkjfjm24BhmE\\neQlnUbu3F/ny4+wrL7GhfUx+s8r7OgnRcV6QzYy3/A+tXYr+HWh/rigtylyahoDW\\nc/7G716egDcg/YVoizfjy+x8PF5EcZfnOeGqvixNavU48QUbOaEWiaMtkDOa5E/5\\ni52hBBWqwblBBDnGHb+aPx0LkYVm8+etDneZPhdj3AZ7AYleHvJgv2rJmUhVi7Ye\\n4MpaNOaD2R6ENeyM8u8sQE8HlUMZBcatY+m+Hf1o7EgHpTIvD46iKonffX4gANiM\\n0N24ieM9AgMBAAECggEAAkch6y+4r1Ddz1PCt6DyxkIkhq8IfVj35c2B8j0t4RXM\\n4gpH6EzZfh9wSPzr9HNlgRw0tT25EGc7CbM+IbqNbCN+HUS035RAmOC1exf7TeIJ\\ncGngMExFB2daKwkr302D2xavjWVvYk4gMb5Ej6GtQThWDZnLz2L7R2EWaoTCRWut\\nMwBhZny5YUNnzgCfgMgul/UCEGjo5zBneiau5lj76ZJD3AgsB68cnaN3z+QtuqLb\\npCWLYGVUd2qZH7QYu2gGQoT2/fnA1VBI3ycwZvF7JrIdIW3phVqId3xz7WXWns2k\\nlCem44HuYL/KqLkGEm03M+JhK+vJFagkCzTCoPzq8QKBgQDB7FXAXCajEA7QcbUF\\n15/p0yYd0/gJNKiVdp0EZGhrlDRG8Xdj9dfZXs6ONggK43DNvu/l9assfy46pdJ/\\n4lm4eg5CofuK9dvayQowsOKYQjCvQ+h7bOZ6PskB9IlmMYH+AHU6JqYm763TCGEu\\nWcNV1o2W8ouwNuubGvYuoDCVTQKBgQC4kTMIlXhW9CpwFXjk2orw1NYt6yICsimW\\nS4KEIXvGPwdhGNFzXjweCRIbEMJU+e5TaSFCtqUctBzakL2HHXwPg3+0ToSNG1P8\\nURapdB+ibbWprnXaUIbGj2GBBHo03GxBj6/Mn7kUOkRpuaHtyZnAiJTYADH/bxzd\\nOB6xyvTNsQKBgQCjLGLHVoLoSHW+rT796H7VeGclSBv4WwfTpBfg/z/h7bXDUCD+\\nynlSnXS+svY3e0OKzDP+UqYy7d0PWkJyexq1oHZpWPVY6yGQygM6D0zLgz6F62Uu\\nneadTEFE1OfcRqI0AVyijqzWLG0eGnnzT3KOwtcnAXXK05uSSrCFcSMQLQKBgHRx\\nTvQ0cPbTFs8eDOa9pnjonrPbq9ptkuU6gH5iLZfWfg5ZPRN/OYhtipm+ygwYnq7L\\nHevcFXF1hNq0BI7xICsdeH1GKERqIGOIuTZxh9/PPZRu9/WjZlRxcz+VlpAxHK+E\\nOpJrlrXXSQA22J2P2kvpH5bjEKgp7tj2pg7fj/ERAoGALF3WMcu9idxyG2Ymh4Nt\\nz4T7fgG+GmQyIBmoEFp7/daFViB9yLoeh1mPiwLmHNoVg/7QAe/T7tWxd65yQN3n\\nHExX0rbv4wYbldzH4AzJWSHbRThYwuGhtQeQyG9nPKgpu9ZJ1h9lrgsD0cnLyF2O\\nm5Z4MZHgFUILe8vo18jxkkU=\\n-----END PRIVATE KEY-----\\n\"\nFCM_EMAIL=firebase-adminsdk-let7g@spika-ultimate.iam.gserviceaccount.com\n\nMEDIASOUP_ANNOUNCED_IP='54.215.115.153'\nMEDIASOUP_LISTEN_IP='0.0.0.0'\nMEDIASOUP_MIN_PORT=40000\nMEDIASOUP_MAX_PORT=49999\n\nUPLOAD_FOLDER=\"/var/spika\"",
            "vars": null
          },
          "sensitive_attributes": []
        }
      ]
    },
    {
      "module": "module.ec2",
      "mode": "data",
      "type": "template_file",
      "name": "init",
      "provider": "provider[\"registry.terraform.io/hashicorp/template\"]",
      "instances": [
        {
          "schema_version": 0,
          "attributes": {
            "filename": null,
            "id": "0826755b3d56b4335d2df15b7d5b6764df390297d011010690829a88d6b0a380",
            "rendered": "#!/bin/bash -v\napt-get update -y\napt-get install -y nfs-common curl python3 build-essential pip\necho fs-0cd5ac4fe50e7eb0c.efs.us-west-2.amazonaws.com \u003e\u003e /home/ubuntu/installlog\nmkdir /var/spika\nmount -t nfs -o nfsvers=4.1,rsize=1048576,wsize=1048576,hard,timeo=600,retrans=2,noresvport fs-0cd5ac4fe50e7eb0c.efs.us-west-2.amazonaws.com:/  /var/spika\necho fs-0cd5ac4fe50e7eb0c.efs.us-west-2.amazonaws.com:/ /var/spika nfs4 defaults,_netdev 0 0  | sudo cat \u003e\u003e /etc/fstab\nchown ubuntu:ubuntu /var/spika\nchown -R ubuntu:ubuntu /home/ubuntu \u0026\u003e\u003e /home/ubuntu/installlog\n\n\n# Install nodejs and others\ncat \u003e /tmp/subscript.sh \u003c\u003c EOF\n# START UBUNTU USERSPACE\necho \"Setting up NodeJS Environment\"\ncurl -o- https://raw.githubusercontent.com/creationix/nvm/v0.33.9/install.sh | bash\necho 'export NVM_DIR=\"/home/ubuntu/.nvm\"' \u003e\u003e /home/ubuntu/.bashrc\necho '[ -s \"$NVM_DIR/nvm.sh\" ] \u0026\u0026 . \"$NVM_DIR/nvm.sh\"  # This loads nvm' \u003e\u003e /home/ubuntu/.bashrc\n# Dot source the files to ensure that variables are available within the current shell\n. /home/ubuntu/.nvm/nvm.sh\n. /home/ubuntu/.profile\n. /home/ubuntu/.bashrc\n# Install NVM, NPM, Node.JS \u0026 Grunt\nnvm install --lts\nnvm ls\nnvm install 18\nnvm use 18\nnvm alias defautl 18\n\ncd /home/ubuntu\ngit clone https://github.com/cloverstudio/Spika3.git\n\ncd /home/ubuntu/Spika3; \ngit checkout work/terraform_support \n\n\necho \"COMPOSE_PROJECT_NAME=spika3\nENV=production\nADMIN_USERNAME='admin'\nADMIN_PASSWORD='password'\nSERVER_PORT=8080\nCONFCALL_HOST_URL=wss://spika3mediasoup.spika.chat\n\nIS_TEST=0\nANDROID_SMS_VERIFICATION_HASH='K9rS/tfb305'\nIOS_SMS_VERIFICATION_URL='clover.st'\n\nUSE_MNG_API=1\nUSE_MSG_API=1\nUSE_SMS=1\nUSE_SSE=1\nUSE_UPLOAD=1\nUSE_PUSH=1\nUSE_CONFCALL=1\nUSE_MESSAGE_RECORDS_SSE=1\nUSE_WEBHOOK=1\nUSE_MESSAGING=1\n\nTEAM_MODE=1\n\nTWILIO_SID=AC22ef9d07bc79c3af873552bd7400623f\nTWILIO_TOKEN=00c763a417eb35b39fc4b5e3770fd3bb\nTWILIO_FROM_NUMBER=+16069560377\n\nLOG_INFO=1\nLOG_WARN=1\nLOG_ERROR=1\n\nFCM_PROJECT_ID=spika-ultimate\nFCM_API_KEY=AIzaSyD1EJGP17dwcRe4fKC0QaSbfxNglDelLNc\nFCM_AUTH_DOMAIN=spika-ultimate.firebaseapp.com\nFCM_STORAGE_BUCKET=spika-ultimate.appspot.com\nFCM_SENDER_ID=545730644006\nFCM_APP_ID=1:545730644006:web:385d470311a4d7fb0d3ee7\nFCM_MEASUREMENT_ID=G-TFYE1S6ZGT\nFCM_VAPID_KEY=\"BOBmllC0M3B9dJQcXkzv1PCroKRpRmp1laF9wDy23-ZH2j0Zb2KIStUouJdnfN5gysWUEAIEFSBAgoE3q2k-9U8\"\nFCM_HOST=fcm.googleapis.com\nFCM_PRIVATE_KEY=\"-----BEGIN PRIVATE KEY-----\\nMIIEvQIBADANBgkqhkiG9w0BAQEFAASCBKcwggSjAgEAAoIBAQCLz9snaeGuA/xz\\nOEsjGqZSGMNcJAFKQScV2uW+76o7Be0kEA0WDyzElXdSOeMy2kmbWkjfjm24BhmE\\neQlnUbu3F/ny4+wrL7GhfUx+s8r7OgnRcV6QzYy3/A+tXYr+HWh/rigtylyahoDW\\nc/7G716egDcg/YVoizfjy+x8PF5EcZfnOeGqvixNavU48QUbOaEWiaMtkDOa5E/5\\ni52hBBWqwblBBDnGHb+aPx0LkYVm8+etDneZPhdj3AZ7AYleHvJgv2rJmUhVi7Ye\\n4MpaNOaD2R6ENeyM8u8sQE8HlUMZBcatY+m+Hf1o7EgHpTIvD46iKonffX4gANiM\\n0N24ieM9AgMBAAECggEAAkch6y+4r1Ddz1PCt6DyxkIkhq8IfVj35c2B8j0t4RXM\\n4gpH6EzZfh9wSPzr9HNlgRw0tT25EGc7CbM+IbqNbCN+HUS035RAmOC1exf7TeIJ\\ncGngMExFB2daKwkr302D2xavjWVvYk4gMb5Ej6GtQThWDZnLz2L7R2EWaoTCRWut\\nMwBhZny5YUNnzgCfgMgul/UCEGjo5zBneiau5lj76ZJD3AgsB68cnaN3z+QtuqLb\\npCWLYGVUd2qZH7QYu2gGQoT2/fnA1VBI3ycwZvF7JrIdIW3phVqId3xz7WXWns2k\\nlCem44HuYL/KqLkGEm03M+JhK+vJFagkCzTCoPzq8QKBgQDB7FXAXCajEA7QcbUF\\n15/p0yYd0/gJNKiVdp0EZGhrlDRG8Xdj9dfZXs6ONggK43DNvu/l9assfy46pdJ/\\n4lm4eg5CofuK9dvayQowsOKYQjCvQ+h7bOZ6PskB9IlmMYH+AHU6JqYm763TCGEu\\nWcNV1o2W8ouwNuubGvYuoDCVTQKBgQC4kTMIlXhW9CpwFXjk2orw1NYt6yICsimW\\nS4KEIXvGPwdhGNFzXjweCRIbEMJU+e5TaSFCtqUctBzakL2HHXwPg3+0ToSNG1P8\\nURapdB+ibbWprnXaUIbGj2GBBHo03GxBj6/Mn7kUOkRpuaHtyZnAiJTYADH/bxzd\\nOB6xyvTNsQKBgQCjLGLHVoLoSHW+rT796H7VeGclSBv4WwfTpBfg/z/h7bXDUCD+\\nynlSnXS+svY3e0OKzDP+UqYy7d0PWkJyexq1oHZpWPVY6yGQygM6D0zLgz6F62Uu\\nneadTEFE1OfcRqI0AVyijqzWLG0eGnnzT3KOwtcnAXXK05uSSrCFcSMQLQKBgHRx\\nTvQ0cPbTFs8eDOa9pnjonrPbq9ptkuU6gH5iLZfWfg5ZPRN/OYhtipm+ygwYnq7L\\nHevcFXF1hNq0BI7xICsdeH1GKERqIGOIuTZxh9/PPZRu9/WjZlRxcz+VlpAxHK+E\\nOpJrlrXXSQA22J2P2kvpH5bjEKgp7tj2pg7fj/ERAoGALF3WMcu9idxyG2Ymh4Nt\\nz4T7fgG+GmQyIBmoEFp7/daFViB9yLoeh1mPiwLmHNoVg/7QAe/T7tWxd65yQN3n\\nHExX0rbv4wYbldzH4AzJWSHbRThYwuGhtQeQyG9nPKgpu9ZJ1h9lrgsD0cnLyF2O\\nm5Z4MZHgFUILe8vo18jxkkU=\\n-----END PRIVATE KEY-----\\n\"\nFCM_EMAIL=firebase-adminsdk-let7g@spika-ultimate.iam.gserviceaccount.com\n\nMEDIASOUP_ANNOUNCED_IP='54.215.115.153'\nMEDIASOUP_LISTEN_IP='0.0.0.0'\nMEDIASOUP_MIN_PORT=40000\nMEDIASOUP_MAX_PORT=49999\n\nUPLOAD_FOLDER=\"/var/spika\"\" \u003e\u003e /home/ubuntu/Spika3/.env\necho \"DATABASE_URL=\\\"mysql://spikadb_user:_Rry5=r9=5-TA_T1@spikademodb.clopvvf6x1zj.us-west-2.rds.amazonaws.com:3306/spikadb\\\"\" \u003e\u003e /home/ubuntu/Spika3/.env\necho \"RABBITMQ_URL=\\\"amqps://spikaqueue:S6o2Q45ooNye1pkC@b-533af4ce-4ea1-4382-bf31-8ea6456f1071.mq.us-west-2.amazonaws.com:5671\\\"\" \u003e\u003e /home/ubuntu/Spika3/.env\necho \"REDIS_URL=\\\"redis://spikademoredis.gbuz3d.0001.usw2.cache.amazonaws.com:6379\\\"\" \u003e\u003e /home/ubuntu/Spika3/.env\necho \"API_BASE_URL=\\\"http://spikademo-alb-118004517.us-west-2.elb.amazonaws.com/api\\\"\" \u003e\u003e /home/ubuntu/Spika3/.env\necho \"UPLOADS_BASE_URL=\\\"http://spikademo-alb-118004517.us-west-2.elb.amazonaws.com\\\"\" \u003e\u003e /home/ubuntu/Spika3/.env\n\n\nnpm install --prefix /home/ubuntu/Spika3\n\nnpx prisma migrate deploy\nnpx prisma generate\nnpm run build:messenger\nnpm run build:management\nnpm run build:server\n\nnpm install -g pm2 \n#pm2 start npm -i max --name \"Spika\" --log-date-format 'DD-MM HH:mm:ss' -- run start:server\npm2 start npm --name \"Spika\" --log-date-format 'DD-MM HH:mm:ss' -- run start:server\npm2 install pm2-logrotate\npm2 set pm2-logrotate:rotateInterval '0 0 0 * * *'\nEOF\n\nchown ubuntu:ubuntu /tmp/subscript.sh \u0026\u0026 chmod a+x /tmp/subscript.sh \u003e\u003e /home/ubuntu/installlog\nsleep 1; su - ubuntu -c \"/tmp/subscript.sh\" \u003e\u003e /home/ubuntu/installlog\n\necho \"all done\" \u003e\u003e /home/ubuntu/installlog\n",
            "template": "#!/bin/bash -v\napt-get update -y\napt-get install -y nfs-common curl python3 build-essential pip\necho ${efs_dns_name} \u003e\u003e /home/ubuntu/installlog\nmkdir /var/spika\nmount -t nfs -o nfsvers=4.1,rsize=1048576,wsize=1048576,hard,timeo=600,retrans=2,noresvport ${efs_dns_name}:/  /var/spika\necho ${efs_dns_name}:/ /var/spika nfs4 defaults,_netdev 0 0  | sudo cat \u003e\u003e /etc/fstab\nchown ubuntu:ubuntu /var/spika\nchown -R ubuntu:ubuntu /home/ubuntu \u0026\u003e\u003e /home/ubuntu/installlog\n\n\n# Install nodejs and others\ncat \u003e /tmp/subscript.sh \u003c\u003c EOF\n# START UBUNTU USERSPACE\necho \"Setting up NodeJS Environment\"\ncurl -o- https://raw.githubusercontent.com/creationix/nvm/v0.33.9/install.sh | bash\necho 'export NVM_DIR=\"/home/ubuntu/.nvm\"' \u003e\u003e /home/ubuntu/.bashrc\necho '[ -s \"$NVM_DIR/nvm.sh\" ] \u0026\u0026 . \"$NVM_DIR/nvm.sh\"  # This loads nvm' \u003e\u003e /home/ubuntu/.bashrc\n# Dot source the files to ensure that variables are available within the current shell\n. /home/ubuntu/.nvm/nvm.sh\n. /home/ubuntu/.profile\n. /home/ubuntu/.bashrc\n# Install NVM, NPM, Node.JS \u0026 Grunt\nnvm install --lts\nnvm ls\nnvm install 18\nnvm use 18\nnvm alias defautl 18\n\ncd /home/ubuntu\ngit clone https://github.com/cloverstudio/Spika3.git\n\ncd /home/ubuntu/Spika3; \ngit checkout work/terraform_support \n\n\necho \"${prefix}\" \u003e\u003e /home/ubuntu/Spika3/.env\necho \"DATABASE_URL=\\\"${db_connection_string}\\\"\" \u003e\u003e /home/ubuntu/Spika3/.env\necho \"RABBITMQ_URL=\\\"${rabbit_mq_connection_string}\\\"\" \u003e\u003e /home/ubuntu/Spika3/.env\necho \"REDIS_URL=\\\"${redis_connection_string}\\\"\" \u003e\u003e /home/ubuntu/Spika3/.env\necho \"API_BASE_URL=\\\"http://${lb_dns_name}/api\\\"\" \u003e\u003e /home/ubuntu/Spika3/.env\necho \"UPLOADS_BASE_URL=\\\"http://${lb_dns_name}\\\"\" \u003e\u003e /home/ubuntu/Spika3/.env\n\n\nnpm install --prefix /home/ubuntu/Spika3\n\nnpx prisma migrate deploy\nnpx prisma generate\nnpm run build:messenger\nnpm run build:management\nnpm run build:server\n\nnpm install -g pm2 \n#pm2 start npm -i max --name \"Spika\" --log-date-format 'DD-MM HH:mm:ss' -- run start:server\npm2 start npm --name \"Spika\" --log-date-format 'DD-MM HH:mm:ss' -- run start:server\npm2 install pm2-logrotate\npm2 set pm2-logrotate:rotateInterval '0 0 0 * * *'\nEOF\n\nchown ubuntu:ubuntu /tmp/subscript.sh \u0026\u0026 chmod a+x /tmp/subscript.sh \u003e\u003e /home/ubuntu/installlog\nsleep 1; su - ubuntu -c \"/tmp/subscript.sh\" \u003e\u003e /home/ubuntu/installlog\n\necho \"all done\" \u003e\u003e /home/ubuntu/installlog\n",
            "vars": {
              "db_connection_string": "mysql://spikadb_user:_Rry5=r9=5-TA_T1@spikademodb.clopvvf6x1zj.us-west-2.rds.amazonaws.com:3306/spikadb",
              "efs_dns_name": "fs-0cd5ac4fe50e7eb0c.efs.us-west-2.amazonaws.com",
              "lb_dns_name": "spikademo-alb-118004517.us-west-2.elb.amazonaws.com",
              "prefix": "COMPOSE_PROJECT_NAME=spika3\nENV=production\nADMIN_USERNAME='admin'\nADMIN_PASSWORD='password'\nSERVER_PORT=8080\nCONFCALL_HOST_URL=wss://spika3mediasoup.spika.chat\n\nIS_TEST=0\nANDROID_SMS_VERIFICATION_HASH='K9rS/tfb305'\nIOS_SMS_VERIFICATION_URL='clover.st'\n\nUSE_MNG_API=1\nUSE_MSG_API=1\nUSE_SMS=1\nUSE_SSE=1\nUSE_UPLOAD=1\nUSE_PUSH=1\nUSE_CONFCALL=1\nUSE_MESSAGE_RECORDS_SSE=1\nUSE_WEBHOOK=1\nUSE_MESSAGING=1\n\nTEAM_MODE=1\n\nTWILIO_SID=AC22ef9d07bc79c3af873552bd7400623f\nTWILIO_TOKEN=00c763a417eb35b39fc4b5e3770fd3bb\nTWILIO_FROM_NUMBER=+16069560377\n\nLOG_INFO=1\nLOG_WARN=1\nLOG_ERROR=1\n\nFCM_PROJECT_ID=spika-ultimate\nFCM_API_KEY=AIzaSyD1EJGP17dwcRe4fKC0QaSbfxNglDelLNc\nFCM_AUTH_DOMAIN=spika-ultimate.firebaseapp.com\nFCM_STORAGE_BUCKET=spika-ultimate.appspot.com\nFCM_SENDER_ID=545730644006\nFCM_APP_ID=1:545730644006:web:385d470311a4d7fb0d3ee7\nFCM_MEASUREMENT_ID=G-TFYE1S6ZGT\nFCM_VAPID_KEY=\"BOBmllC0M3B9dJQcXkzv1PCroKRpRmp1laF9wDy23-ZH2j0Zb2KIStUouJdnfN5gysWUEAIEFSBAgoE3q2k-9U8\"\nFCM_HOST=fcm.googleapis.com\nFCM_PRIVATE_KEY=\"-----BEGIN PRIVATE KEY-----\\nMIIEvQIBADANBgkqhkiG9w0BAQEFAASCBKcwggSjAgEAAoIBAQCLz9snaeGuA/xz\\nOEsjGqZSGMNcJAFKQScV2uW+76o7Be0kEA0WDyzElXdSOeMy2kmbWkjfjm24BhmE\\neQlnUbu3F/ny4+wrL7GhfUx+s8r7OgnRcV6QzYy3/A+tXYr+HWh/rigtylyahoDW\\nc/7G716egDcg/YVoizfjy+x8PF5EcZfnOeGqvixNavU48QUbOaEWiaMtkDOa5E/5\\ni52hBBWqwblBBDnGHb+aPx0LkYVm8+etDneZPhdj3AZ7AYleHvJgv2rJmUhVi7Ye\\n4MpaNOaD2R6ENeyM8u8sQE8HlUMZBcatY+m+Hf1o7EgHpTIvD46iKonffX4gANiM\\n0N24ieM9AgMBAAECggEAAkch6y+4r1Ddz1PCt6DyxkIkhq8IfVj35c2B8j0t4RXM\\n4gpH6EzZfh9wSPzr9HNlgRw0tT25EGc7CbM+IbqNbCN+HUS035RAmOC1exf7TeIJ\\ncGngMExFB2daKwkr302D2xavjWVvYk4gMb5Ej6GtQThWDZnLz2L7R2EWaoTCRWut\\nMwBhZny5YUNnzgCfgMgul/UCEGjo5zBneiau5lj76ZJD3AgsB68cnaN3z+QtuqLb\\npCWLYGVUd2qZH7QYu2gGQoT2/fnA1VBI3ycwZvF7JrIdIW3phVqId3xz7WXWns2k\\nlCem44HuYL/KqLkGEm03M+JhK+vJFagkCzTCoPzq8QKBgQDB7FXAXCajEA7QcbUF\\n15/p0yYd0/gJNKiVdp0EZGhrlDRG8Xdj9dfZXs6ONggK43DNvu/l9assfy46pdJ/\\n4lm4eg5CofuK9dvayQowsOKYQjCvQ+h7bOZ6PskB9IlmMYH+AHU6JqYm763TCGEu\\nWcNV1o2W8ouwNuubGvYuoDCVTQKBgQC4kTMIlXhW9CpwFXjk2orw1NYt6yICsimW\\nS4KEIXvGPwdhGNFzXjweCRIbEMJU+e5TaSFCtqUctBzakL2HHXwPg3+0ToSNG1P8\\nURapdB+ibbWprnXaUIbGj2GBBHo03GxBj6/Mn7kUOkRpuaHtyZnAiJTYADH/bxzd\\nOB6xyvTNsQKBgQCjLGLHVoLoSHW+rT796H7VeGclSBv4WwfTpBfg/z/h7bXDUCD+\\nynlSnXS+svY3e0OKzDP+UqYy7d0PWkJyexq1oHZpWPVY6yGQygM6D0zLgz6F62Uu\\nneadTEFE1OfcRqI0AVyijqzWLG0eGnnzT3KOwtcnAXXK05uSSrCFcSMQLQKBgHRx\\nTvQ0cPbTFs8eDOa9pnjonrPbq9ptkuU6gH5iLZfWfg5ZPRN/OYhtipm+ygwYnq7L\\nHevcFXF1hNq0BI7xICsdeH1GKERqIGOIuTZxh9/PPZRu9/WjZlRxcz+VlpAxHK+E\\nOpJrlrXXSQA22J2P2kvpH5bjEKgp7tj2pg7fj/ERAoGALF3WMcu9idxyG2Ymh4Nt\\nz4T7fgG+GmQyIBmoEFp7/daFViB9yLoeh1mPiwLmHNoVg/7QAe/T7tWxd65yQN3n\\nHExX0rbv4wYbldzH4AzJWSHbRThYwuGhtQeQyG9nPKgpu9ZJ1h9lrgsD0cnLyF2O\\nm5Z4MZHgFUILe8vo18jxkkU=\\n-----END PRIVATE KEY-----\\n\"\nFCM_EMAIL=firebase-adminsdk-let7g@spika-ultimate.iam.gserviceaccount.com\n\nMEDIASOUP_ANNOUNCED_IP='54.215.115.153'\nMEDIASOUP_LISTEN_IP='0.0.0.0'\nMEDIASOUP_MIN_PORT=40000\nMEDIASOUP_MAX_PORT=49999\n\nUPLOAD_FOLDER=\"/var/spika\"",
              "rabbit_mq_connection_string": "amqps://spikaqueue:S6o2Q45ooNye1pkC@b-533af4ce-4ea1-4382-bf31-8ea6456f1071.mq.us-west-2.amazonaws.com:5671",
              "redis_connection_string": "redis://spikademoredis.gbuz3d.0001.usw2.cache.amazonaws.com:6379"
            }
          },
          "sensitive_attributes": [
            [
              {
                "type": "get_attr",
                "value": "vars"
              },
              {
                "type": "index",
                "value": {
                  "value": "db_connection_string",
                  "type": "string"
                }
              }
            ],
            [
              {
                "type": "get_attr",
                "value": "vars"
              },
              {
                "type": "index",
                "value": {
                  "value": "rabbit_mq_connection_string",
                  "type": "string"
                }
              }
            ]
          ]
        }
      ]
    },
    {
      "module": "module.ec2",
      "mode": "managed",
      "type": "aws_instance",
      "name": "ec2_public1",
      "provider": "provider[\"registry.terraform.io/hashicorp/aws\"]",
      "instances": [
        {
          "schema_version": 1,
          "attributes": {
            "ami": "ami-038241ba95c675888",
            "arn": "arn:aws:ec2:us-west-2:872224457307:instance/i-0c1fc90aefdc6c3e6",
            "associate_public_ip_address": true,
            "availability_zone": "us-west-2a",
            "capacity_reservation_specification": [
              {
                "capacity_reservation_preference": "open",
                "capacity_reservation_target": []
              }
            ],
            "cpu_core_count": 2,
            "cpu_threads_per_core": 1,
            "credit_specification": [
              {
                "cpu_credits": "standard"
              }
            ],
            "disable_api_stop": false,
            "disable_api_termination": false,
            "ebs_block_device": [],
            "ebs_optimized": false,
            "enclave_options": [
              {
                "enabled": false
              }
            ],
            "ephemeral_block_device": [],
            "get_password_data": false,
            "hibernation": false,
            "host_id": null,
            "host_resource_group_arn": null,
            "iam_instance_profile": "",
            "id": "i-0c1fc90aefdc6c3e6",
            "instance_initiated_shutdown_behavior": "stop",
            "instance_state": "running",
            "instance_type": "t2.medium",
            "ipv6_address_count": 0,
            "ipv6_addresses": [],
            "key_name": "spikademo-key",
            "launch_template": [],
            "maintenance_options": [
              {
                "auto_recovery": "default"
              }
            ],
            "metadata_options": [
              {
                "http_endpoint": "enabled",
                "http_put_response_hop_limit": 1,
                "http_tokens": "optional",
                "instance_metadata_tags": "disabled"
              }
            ],
            "monitoring": false,
            "network_interface": [],
            "outpost_arn": "",
            "password_data": "",
            "placement_group": "",
            "placement_partition_number": null,
            "primary_network_interface_id": "eni-0d6caed26309c8a37",
            "private_dns": "ip-10-0-101-154.us-west-2.compute.internal",
            "private_dns_name_options": [
              {
                "enable_resource_name_dns_a_record": false,
                "enable_resource_name_dns_aaaa_record": false,
                "hostname_type": "ip-name"
              }
            ],
            "private_ip": "10.0.101.154",
            "public_dns": "ec2-34-213-74-152.us-west-2.compute.amazonaws.com",
            "public_ip": "34.213.74.152",
            "root_block_device": [
              {
                "delete_on_termination": true,
                "device_name": "/dev/sda1",
                "encrypted": true,
                "iops": 100,
                "kms_key_id": "arn:aws:kms:us-west-2:872224457307:key/4ba760b6-0284-40ea-87af-3d8eee9bf783",
                "tags": null,
                "throughput": 0,
                "volume_id": "vol-0bfd3c76439aeedd4",
                "volume_size": 20,
                "volume_type": "gp2"
              }
            ],
            "secondary_private_ips": [],
            "security_groups": [],
            "source_dest_check": true,
            "subnet_id": "subnet-04e5b8d3a6bb2e157",
            "tags": {
              "Name": "spikademo-EC2-PUBLIC1"
            },
            "tags_all": {
              "Name": "spikademo-EC2-PUBLIC1"
            },
            "tenancy": "default",
            "timeouts": null,
            "user_data": "db5cc0794fe1be930e73aecac0c458688d2b2a5b",
            "user_data_base64": null,
            "user_data_replace_on_change": false,
            "volume_tags": null,
            "vpc_security_group_ids": [
              "sg-0b65661d92ceb618f"
            ]
          },
          "sensitive_attributes": [],
          "private": "eyJlMmJmYjczMC1lY2FhLTExZTYtOGY4OC0zNDM2M2JjN2M0YzAiOnsiY3JlYXRlIjo2MDAwMDAwMDAwMDAsImRlbGV0ZSI6MTIwMDAwMDAwMDAwMCwidXBkYXRlIjo2MDAwMDAwMDAwMDB9LCJzY2hlbWFfdmVyc2lvbiI6IjEifQ==",
          "dependencies": [
            "module.ec2.data.aws_ami.ubuntu-linux-2204",
            "module.ec2.data.template_file.env",
            "module.ec2.data.template_file.init",
            "module.elb.module.alb.aws_lb.this",
            "module.networking.aws_security_group.allow_pub",
            "module.networking.data.aws_availability_zones.available",
            "module.networking.module.vpc.aws_cloudwatch_log_group.flow_log",
            "module.networking.module.vpc.aws_customer_gateway.this",
            "module.networking.module.vpc.aws_db_subnet_group.database",
            "module.networking.module.vpc.aws_default_network_acl.this",
            "module.networking.module.vpc.aws_default_route_table.default",
            "module.networking.module.vpc.aws_default_security_group.this",
            "module.networking.module.vpc.aws_default_vpc.this",
            "module.networking.module.vpc.aws_egress_only_internet_gateway.this",
            "module.networking.module.vpc.aws_eip.nat",
            "module.networking.module.vpc.aws_elasticache_subnet_group.elasticache",
            "module.networking.module.vpc.aws_flow_log.this",
            "module.networking.module.vpc.aws_iam_policy.vpc_flow_log_cloudwatch",
            "module.networking.module.vpc.aws_iam_role.vpc_flow_log_cloudwatch",
            "module.networking.module.vpc.aws_iam_role_policy_attachment.vpc_flow_log_cloudwatch",
            "module.networking.module.vpc.aws_internet_gateway.this",
            "module.networking.module.vpc.aws_nat_gateway.this",
            "module.networking.module.vpc.aws_network_acl.database",
            "module.networking.module.vpc.aws_network_acl.elasticache",
            "module.networking.module.vpc.aws_network_acl.intra",
            "module.networking.module.vpc.aws_network_acl.outpost",
            "module.networking.module.vpc.aws_network_acl.private",
            "module.networking.module.vpc.aws_network_acl.public",
            "module.networking.module.vpc.aws_network_acl.redshift",
            "module.networking.module.vpc.aws_network_acl_rule.database_inbound",
            "module.networking.module.vpc.aws_network_acl_rule.database_outbound",
            "module.networking.module.vpc.aws_network_acl_rule.elasticache_inbound",
            "module.networking.module.vpc.aws_network_acl_rule.elasticache_outbound",
            "module.networking.module.vpc.aws_network_acl_rule.intra_inbound",
            "module.networking.module.vpc.aws_network_acl_rule.intra_outbound",
            "module.networking.module.vpc.aws_network_acl_rule.outpost_inbound",
            "module.networking.module.vpc.aws_network_acl_rule.outpost_outbound",
            "module.networking.module.vpc.aws_network_acl_rule.private_inbound",
            "module.networking.module.vpc.aws_network_acl_rule.private_outbound",
            "module.networking.module.vpc.aws_network_acl_rule.public_inbound",
            "module.networking.module.vpc.aws_network_acl_rule.public_outbound",
            "module.networking.module.vpc.aws_network_acl_rule.redshift_inbound",
            "module.networking.module.vpc.aws_network_acl_rule.redshift_outbound",
            "module.networking.module.vpc.aws_redshift_subnet_group.redshift",
            "module.networking.module.vpc.aws_route.database_internet_gateway",
            "module.networking.module.vpc.aws_route.database_ipv6_egress",
            "module.networking.module.vpc.aws_route.database_nat_gateway",
            "module.networking.module.vpc.aws_route.private_ipv6_egress",
            "module.networking.module.vpc.aws_route.private_nat_gateway",
            "module.networking.module.vpc.aws_route.public_internet_gateway",
            "module.networking.module.vpc.aws_route.public_internet_gateway_ipv6",
            "module.networking.module.vpc.aws_route_table.database",
            "module.networking.module.vpc.aws_route_table.elasticache",
            "module.networking.module.vpc.aws_route_table.intra",
            "module.networking.module.vpc.aws_route_table.private",
            "module.networking.module.vpc.aws_route_table.public",
            "module.networking.module.vpc.aws_route_table.redshift",
            "module.networking.module.vpc.aws_route_table_association.database",
            "module.networking.module.vpc.aws_route_table_association.elasticache",
            "module.networking.module.vpc.aws_route_table_association.intra",
            "module.networking.module.vpc.aws_route_table_association.outpost",
            "module.networking.module.vpc.aws_route_table_association.private",
            "module.networking.module.vpc.aws_route_table_association.public",
            "module.networking.module.vpc.aws_route_table_association.redshift",
            "module.networking.module.vpc.aws_route_table_association.redshift_public",
            "module.networking.module.vpc.aws_subnet.database",
            "module.networking.module.vpc.aws_subnet.elasticache",
            "module.networking.module.vpc.aws_subnet.intra",
            "module.networking.module.vpc.aws_subnet.outpost",
            "module.networking.module.vpc.aws_subnet.private",
            "module.networking.module.vpc.aws_subnet.public",
            "module.networking.module.vpc.aws_subnet.redshift",
            "module.networking.module.vpc.aws_vpc.this",
            "module.networking.module.vpc.aws_vpc_dhcp_options.this",
            "module.networking.module.vpc.aws_vpc_dhcp_options_association.this",
            "module.networking.module.vpc.aws_vpc_ipv4_cidr_block_association.this",
            "module.networking.module.vpc.aws_vpn_gateway.this",
            "module.networking.module.vpc.aws_vpn_gateway_attachment.this",
            "module.networking.module.vpc.aws_vpn_gateway_route_propagation.intra",
            "module.networking.module.vpc.aws_vpn_gateway_route_propagation.private",
            "module.networking.module.vpc.aws_vpn_gateway_route_propagation.public",
            "module.networking.module.vpc.data.aws_iam_policy_document.flow_log_cloudwatch_assume_role",
            "module.networking.module.vpc.data.aws_iam_policy_document.vpc_flow_log_cloudwatch",
            "module.queue.aws_mq_broker.main",
            "module.ssh-key.aws_key_pair.key_pair",
            "module.ssh-key.tls_private_key.key",
            "module.storage.aws_db_instance.master_db",
            "module.storage.aws_efs_file_system.efs",
            "module.storage.aws_elasticache_cluster.redis_cache",
            "random_password.db_master_pass",
            "random_password.queue_pass"
          ],
          "create_before_destroy": true
        }
      ]
    },
    {
      "module": "module.ec2",
      "mode": "managed",
      "type": "aws_instance",
      "name": "ec2_public2",
      "provider": "provider[\"registry.terraform.io/hashicorp/aws\"]",
      "instances": [
        {
          "schema_version": 1,
          "attributes": {
            "ami": "ami-038241ba95c675888",
            "arn": "arn:aws:ec2:us-west-2:872224457307:instance/i-02e08a4d5496d3239",
            "associate_public_ip_address": true,
            "availability_zone": "us-west-2a",
            "capacity_reservation_specification": [
              {
                "capacity_reservation_preference": "open",
                "capacity_reservation_target": []
              }
            ],
            "cpu_core_count": 2,
            "cpu_threads_per_core": 1,
            "credit_specification": [
              {
                "cpu_credits": "standard"
              }
            ],
            "disable_api_stop": false,
            "disable_api_termination": false,
            "ebs_block_device": [],
            "ebs_optimized": false,
            "enclave_options": [
              {
                "enabled": false
              }
            ],
            "ephemeral_block_device": [],
            "get_password_data": false,
            "hibernation": false,
            "host_id": null,
            "host_resource_group_arn": null,
            "iam_instance_profile": "",
            "id": "i-02e08a4d5496d3239",
            "instance_initiated_shutdown_behavior": "stop",
            "instance_state": "running",
            "instance_type": "t2.medium",
            "ipv6_address_count": 0,
            "ipv6_addresses": [],
            "key_name": "spikademo-key",
            "launch_template": [],
            "maintenance_options": [
              {
                "auto_recovery": "default"
              }
            ],
            "metadata_options": [
              {
                "http_endpoint": "enabled",
                "http_put_response_hop_limit": 1,
                "http_tokens": "optional",
                "instance_metadata_tags": "disabled"
              }
            ],
            "monitoring": false,
            "network_interface": [],
            "outpost_arn": "",
            "password_data": "",
            "placement_group": "",
            "placement_partition_number": null,
            "primary_network_interface_id": "eni-060fab5426af95697",
            "private_dns": "ip-10-0-101-152.us-west-2.compute.internal",
            "private_dns_name_options": [
              {
                "enable_resource_name_dns_a_record": false,
                "enable_resource_name_dns_aaaa_record": false,
                "hostname_type": "ip-name"
              }
            ],
            "private_ip": "10.0.101.152",
            "public_dns": "ec2-54-186-72-2.us-west-2.compute.amazonaws.com",
            "public_ip": "54.186.72.2",
            "root_block_device": [
              {
                "delete_on_termination": true,
                "device_name": "/dev/sda1",
                "encrypted": true,
                "iops": 100,
                "kms_key_id": "arn:aws:kms:us-west-2:872224457307:key/4ba760b6-0284-40ea-87af-3d8eee9bf783",
                "tags": null,
                "throughput": 0,
                "volume_id": "vol-0c1c2478d4b54173d",
                "volume_size": 20,
                "volume_type": "gp2"
              }
            ],
            "secondary_private_ips": [],
            "security_groups": [],
            "source_dest_check": true,
            "subnet_id": "subnet-04e5b8d3a6bb2e157",
            "tags": {
              "Name": "spikademo-EC2-PUBLIC2"
            },
            "tags_all": {
              "Name": "spikademo-EC2-PUBLIC2"
            },
            "tenancy": "default",
            "timeouts": null,
            "user_data": "db5cc0794fe1be930e73aecac0c458688d2b2a5b",
            "user_data_base64": null,
            "user_data_replace_on_change": false,
            "volume_tags": null,
            "vpc_security_group_ids": [
              "sg-0b65661d92ceb618f"
            ]
          },
          "sensitive_attributes": [],
          "private": "eyJlMmJmYjczMC1lY2FhLTExZTYtOGY4OC0zNDM2M2JjN2M0YzAiOnsiY3JlYXRlIjo2MDAwMDAwMDAwMDAsImRlbGV0ZSI6MTIwMDAwMDAwMDAwMCwidXBkYXRlIjo2MDAwMDAwMDAwMDB9LCJzY2hlbWFfdmVyc2lvbiI6IjEifQ==",
          "dependencies": [
            "module.ec2.data.aws_ami.ubuntu-linux-2204",
            "module.ec2.data.template_file.env",
            "module.ec2.data.template_file.init",
            "module.elb.module.alb.aws_lb.this",
            "module.networking.aws_security_group.allow_pub",
            "module.networking.data.aws_availability_zones.available",
            "module.networking.module.vpc.aws_cloudwatch_log_group.flow_log",
            "module.networking.module.vpc.aws_customer_gateway.this",
            "module.networking.module.vpc.aws_db_subnet_group.database",
            "module.networking.module.vpc.aws_default_network_acl.this",
            "module.networking.module.vpc.aws_default_route_table.default",
            "module.networking.module.vpc.aws_default_security_group.this",
            "module.networking.module.vpc.aws_default_vpc.this",
            "module.networking.module.vpc.aws_egress_only_internet_gateway.this",
            "module.networking.module.vpc.aws_eip.nat",
            "module.networking.module.vpc.aws_elasticache_subnet_group.elasticache",
            "module.networking.module.vpc.aws_flow_log.this",
            "module.networking.module.vpc.aws_iam_policy.vpc_flow_log_cloudwatch",
            "module.networking.module.vpc.aws_iam_role.vpc_flow_log_cloudwatch",
            "module.networking.module.vpc.aws_iam_role_policy_attachment.vpc_flow_log_cloudwatch",
            "module.networking.module.vpc.aws_internet_gateway.this",
            "module.networking.module.vpc.aws_nat_gateway.this",
            "module.networking.module.vpc.aws_network_acl.database",
            "module.networking.module.vpc.aws_network_acl.elasticache",
            "module.networking.module.vpc.aws_network_acl.intra",
            "module.networking.module.vpc.aws_network_acl.outpost",
            "module.networking.module.vpc.aws_network_acl.private",
            "module.networking.module.vpc.aws_network_acl.public",
            "module.networking.module.vpc.aws_network_acl.redshift",
            "module.networking.module.vpc.aws_network_acl_rule.database_inbound",
            "module.networking.module.vpc.aws_network_acl_rule.database_outbound",
            "module.networking.module.vpc.aws_network_acl_rule.elasticache_inbound",
            "module.networking.module.vpc.aws_network_acl_rule.elasticache_outbound",
            "module.networking.module.vpc.aws_network_acl_rule.intra_inbound",
            "module.networking.module.vpc.aws_network_acl_rule.intra_outbound",
            "module.networking.module.vpc.aws_network_acl_rule.outpost_inbound",
            "module.networking.module.vpc.aws_network_acl_rule.outpost_outbound",
            "module.networking.module.vpc.aws_network_acl_rule.private_inbound",
            "module.networking.module.vpc.aws_network_acl_rule.private_outbound",
            "module.networking.module.vpc.aws_network_acl_rule.public_inbound",
            "module.networking.module.vpc.aws_network_acl_rule.public_outbound",
            "module.networking.module.vpc.aws_network_acl_rule.redshift_inbound",
            "module.networking.module.vpc.aws_network_acl_rule.redshift_outbound",
            "module.networking.module.vpc.aws_redshift_subnet_group.redshift",
            "module.networking.module.vpc.aws_route.database_internet_gateway",
            "module.networking.module.vpc.aws_route.database_ipv6_egress",
            "module.networking.module.vpc.aws_route.database_nat_gateway",
            "module.networking.module.vpc.aws_route.private_ipv6_egress",
            "module.networking.module.vpc.aws_route.private_nat_gateway",
            "module.networking.module.vpc.aws_route.public_internet_gateway",
            "module.networking.module.vpc.aws_route.public_internet_gateway_ipv6",
            "module.networking.module.vpc.aws_route_table.database",
            "module.networking.module.vpc.aws_route_table.elasticache",
            "module.networking.module.vpc.aws_route_table.intra",
            "module.networking.module.vpc.aws_route_table.private",
            "module.networking.module.vpc.aws_route_table.public",
            "module.networking.module.vpc.aws_route_table.redshift",
            "module.networking.module.vpc.aws_route_table_association.database",
            "module.networking.module.vpc.aws_route_table_association.elasticache",
            "module.networking.module.vpc.aws_route_table_association.intra",
            "module.networking.module.vpc.aws_route_table_association.outpost",
            "module.networking.module.vpc.aws_route_table_association.private",
            "module.networking.module.vpc.aws_route_table_association.public",
            "module.networking.module.vpc.aws_route_table_association.redshift",
            "module.networking.module.vpc.aws_route_table_association.redshift_public",
            "module.networking.module.vpc.aws_subnet.database",
            "module.networking.module.vpc.aws_subnet.elasticache",
            "module.networking.module.vpc.aws_subnet.intra",
            "module.networking.module.vpc.aws_subnet.outpost",
            "module.networking.module.vpc.aws_subnet.private",
            "module.networking.module.vpc.aws_subnet.public",
            "module.networking.module.vpc.aws_subnet.redshift",
            "module.networking.module.vpc.aws_vpc.this",
            "module.networking.module.vpc.aws_vpc_dhcp_options.this",
            "module.networking.module.vpc.aws_vpc_dhcp_options_association.this",
            "module.networking.module.vpc.aws_vpc_ipv4_cidr_block_association.this",
            "module.networking.module.vpc.aws_vpn_gateway.this",
            "module.networking.module.vpc.aws_vpn_gateway_attachment.this",
            "module.networking.module.vpc.aws_vpn_gateway_route_propagation.intra",
            "module.networking.module.vpc.aws_vpn_gateway_route_propagation.private",
            "module.networking.module.vpc.aws_vpn_gateway_route_propagation.public",
            "module.networking.module.vpc.data.aws_iam_policy_document.flow_log_cloudwatch_assume_role",
            "module.networking.module.vpc.data.aws_iam_policy_document.vpc_flow_log_cloudwatch",
            "module.queue.aws_mq_broker.main",
            "module.ssh-key.aws_key_pair.key_pair",
            "module.ssh-key.tls_private_key.key",
            "module.storage.aws_db_instance.master_db",
            "module.storage.aws_efs_file_system.efs",
            "module.storage.aws_elasticache_cluster.redis_cache",
            "random_password.db_master_pass",
            "random_password.queue_pass"
          ],
          "create_before_destroy": true
        }
      ]
    },
    {
      "module": "module.ec2",
      "mode": "managed",
      "type": "aws_instance",
      "name": "ec2_public3",
      "provider": "provider[\"registry.terraform.io/hashicorp/aws\"]",
      "instances": [
        {
          "schema_version": 1,
          "attributes": {
            "ami": "ami-038241ba95c675888",
            "arn": "arn:aws:ec2:us-west-2:872224457307:instance/i-09fb14dfe096d348e",
            "associate_public_ip_address": true,
            "availability_zone": "us-west-2a",
            "capacity_reservation_specification": [
              {
                "capacity_reservation_preference": "open",
                "capacity_reservation_target": []
              }
            ],
            "cpu_core_count": 2,
            "cpu_threads_per_core": 1,
            "credit_specification": [
              {
                "cpu_credits": "standard"
              }
            ],
            "disable_api_stop": false,
            "disable_api_termination": false,
            "ebs_block_device": [],
            "ebs_optimized": false,
            "enclave_options": [
              {
                "enabled": false
              }
            ],
            "ephemeral_block_device": [],
            "get_password_data": false,
            "hibernation": false,
            "host_id": null,
            "host_resource_group_arn": null,
            "iam_instance_profile": "",
            "id": "i-09fb14dfe096d348e",
            "instance_initiated_shutdown_behavior": "stop",
            "instance_state": "running",
            "instance_type": "t2.medium",
            "ipv6_address_count": 0,
            "ipv6_addresses": [],
            "key_name": "spikademo-key",
            "launch_template": [],
            "maintenance_options": [
              {
                "auto_recovery": "default"
              }
            ],
            "metadata_options": [
              {
                "http_endpoint": "enabled",
                "http_put_response_hop_limit": 1,
                "http_tokens": "optional",
                "instance_metadata_tags": "disabled"
              }
            ],
            "monitoring": false,
            "network_interface": [],
            "outpost_arn": "",
            "password_data": "",
            "placement_group": "",
            "placement_partition_number": null,
            "primary_network_interface_id": "eni-07353b133d6fb73e0",
            "private_dns": "ip-10-0-101-12.us-west-2.compute.internal",
            "private_dns_name_options": [
              {
                "enable_resource_name_dns_a_record": false,
                "enable_resource_name_dns_aaaa_record": false,
                "hostname_type": "ip-name"
              }
            ],
            "private_ip": "10.0.101.12",
            "public_dns": "ec2-35-160-172-100.us-west-2.compute.amazonaws.com",
            "public_ip": "35.160.172.100",
            "root_block_device": [
              {
                "delete_on_termination": true,
                "device_name": "/dev/sda1",
                "encrypted": true,
                "iops": 100,
                "kms_key_id": "arn:aws:kms:us-west-2:872224457307:key/4ba760b6-0284-40ea-87af-3d8eee9bf783",
                "tags": null,
                "throughput": 0,
                "volume_id": "vol-0a7a82d3be32a0975",
                "volume_size": 20,
                "volume_type": "gp2"
              }
            ],
            "secondary_private_ips": [],
            "security_groups": [],
            "source_dest_check": true,
            "subnet_id": "subnet-04e5b8d3a6bb2e157",
            "tags": {
              "Name": "spikademo-EC2-PUBLIC3"
            },
            "tags_all": {
              "Name": "spikademo-EC2-PUBLIC3"
            },
            "tenancy": "default",
            "timeouts": null,
            "user_data": "db5cc0794fe1be930e73aecac0c458688d2b2a5b",
            "user_data_base64": null,
            "user_data_replace_on_change": false,
            "volume_tags": null,
            "vpc_security_group_ids": [
              "sg-0b65661d92ceb618f"
            ]
          },
          "sensitive_attributes": [],
          "private": "eyJlMmJmYjczMC1lY2FhLTExZTYtOGY4OC0zNDM2M2JjN2M0YzAiOnsiY3JlYXRlIjo2MDAwMDAwMDAwMDAsImRlbGV0ZSI6MTIwMDAwMDAwMDAwMCwidXBkYXRlIjo2MDAwMDAwMDAwMDB9LCJzY2hlbWFfdmVyc2lvbiI6IjEifQ==",
          "dependencies": [
            "module.ec2.data.aws_ami.ubuntu-linux-2204",
            "module.ec2.data.template_file.env",
            "module.ec2.data.template_file.init",
            "module.elb.module.alb.aws_lb.this",
            "module.networking.aws_security_group.allow_pub",
            "module.networking.data.aws_availability_zones.available",
            "module.networking.module.vpc.aws_cloudwatch_log_group.flow_log",
            "module.networking.module.vpc.aws_customer_gateway.this",
            "module.networking.module.vpc.aws_db_subnet_group.database",
            "module.networking.module.vpc.aws_default_network_acl.this",
            "module.networking.module.vpc.aws_default_route_table.default",
            "module.networking.module.vpc.aws_default_security_group.this",
            "module.networking.module.vpc.aws_default_vpc.this",
            "module.networking.module.vpc.aws_egress_only_internet_gateway.this",
            "module.networking.module.vpc.aws_eip.nat",
            "module.networking.module.vpc.aws_elasticache_subnet_group.elasticache",
            "module.networking.module.vpc.aws_flow_log.this",
            "module.networking.module.vpc.aws_iam_policy.vpc_flow_log_cloudwatch",
            "module.networking.module.vpc.aws_iam_role.vpc_flow_log_cloudwatch",
            "module.networking.module.vpc.aws_iam_role_policy_attachment.vpc_flow_log_cloudwatch",
            "module.networking.module.vpc.aws_internet_gateway.this",
            "module.networking.module.vpc.aws_nat_gateway.this",
            "module.networking.module.vpc.aws_network_acl.database",
            "module.networking.module.vpc.aws_network_acl.elasticache",
            "module.networking.module.vpc.aws_network_acl.intra",
            "module.networking.module.vpc.aws_network_acl.outpost",
            "module.networking.module.vpc.aws_network_acl.private",
            "module.networking.module.vpc.aws_network_acl.public",
            "module.networking.module.vpc.aws_network_acl.redshift",
            "module.networking.module.vpc.aws_network_acl_rule.database_inbound",
            "module.networking.module.vpc.aws_network_acl_rule.database_outbound",
            "module.networking.module.vpc.aws_network_acl_rule.elasticache_inbound",
            "module.networking.module.vpc.aws_network_acl_rule.elasticache_outbound",
            "module.networking.module.vpc.aws_network_acl_rule.intra_inbound",
            "module.networking.module.vpc.aws_network_acl_rule.intra_outbound",
            "module.networking.module.vpc.aws_network_acl_rule.outpost_inbound",
            "module.networking.module.vpc.aws_network_acl_rule.outpost_outbound",
            "module.networking.module.vpc.aws_network_acl_rule.private_inbound",
            "module.networking.module.vpc.aws_network_acl_rule.private_outbound",
            "module.networking.module.vpc.aws_network_acl_rule.public_inbound",
            "module.networking.module.vpc.aws_network_acl_rule.public_outbound",
            "module.networking.module.vpc.aws_network_acl_rule.redshift_inbound",
            "module.networking.module.vpc.aws_network_acl_rule.redshift_outbound",
            "module.networking.module.vpc.aws_redshift_subnet_group.redshift",
            "module.networking.module.vpc.aws_route.database_internet_gateway",
            "module.networking.module.vpc.aws_route.database_ipv6_egress",
            "module.networking.module.vpc.aws_route.database_nat_gateway",
            "module.networking.module.vpc.aws_route.private_ipv6_egress",
            "module.networking.module.vpc.aws_route.private_nat_gateway",
            "module.networking.module.vpc.aws_route.public_internet_gateway",
            "module.networking.module.vpc.aws_route.public_internet_gateway_ipv6",
            "module.networking.module.vpc.aws_route_table.database",
            "module.networking.module.vpc.aws_route_table.elasticache",
            "module.networking.module.vpc.aws_route_table.intra",
            "module.networking.module.vpc.aws_route_table.private",
            "module.networking.module.vpc.aws_route_table.public",
            "module.networking.module.vpc.aws_route_table.redshift",
            "module.networking.module.vpc.aws_route_table_association.database",
            "module.networking.module.vpc.aws_route_table_association.elasticache",
            "module.networking.module.vpc.aws_route_table_association.intra",
            "module.networking.module.vpc.aws_route_table_association.outpost",
            "module.networking.module.vpc.aws_route_table_association.private",
            "module.networking.module.vpc.aws_route_table_association.public",
            "module.networking.module.vpc.aws_route_table_association.redshift",
            "module.networking.module.vpc.aws_route_table_association.redshift_public",
            "module.networking.module.vpc.aws_subnet.database",
            "module.networking.module.vpc.aws_subnet.elasticache",
            "module.networking.module.vpc.aws_subnet.intra",
            "module.networking.module.vpc.aws_subnet.outpost",
            "module.networking.module.vpc.aws_subnet.private",
            "module.networking.module.vpc.aws_subnet.public",
            "module.networking.module.vpc.aws_subnet.redshift",
            "module.networking.module.vpc.aws_vpc.this",
            "module.networking.module.vpc.aws_vpc_dhcp_options.this",
            "module.networking.module.vpc.aws_vpc_dhcp_options_association.this",
            "module.networking.module.vpc.aws_vpc_ipv4_cidr_block_association.this",
            "module.networking.module.vpc.aws_vpn_gateway.this",
            "module.networking.module.vpc.aws_vpn_gateway_attachment.this",
            "module.networking.module.vpc.aws_vpn_gateway_route_propagation.intra",
            "module.networking.module.vpc.aws_vpn_gateway_route_propagation.private",
            "module.networking.module.vpc.aws_vpn_gateway_route_propagation.public",
            "module.networking.module.vpc.data.aws_iam_policy_document.flow_log_cloudwatch_assume_role",
            "module.networking.module.vpc.data.aws_iam_policy_document.vpc_flow_log_cloudwatch",
            "module.queue.aws_mq_broker.main",
            "module.ssh-key.aws_key_pair.key_pair",
            "module.ssh-key.tls_private_key.key",
            "module.storage.aws_db_instance.master_db",
            "module.storage.aws_efs_file_system.efs",
            "module.storage.aws_elasticache_cluster.redis_cache",
            "random_password.db_master_pass",
            "random_password.queue_pass"
          ],
          "create_before_destroy": true
        }
      ]
    },
    {
      "module": "module.elb.module.alb",
      "mode": "managed",
      "type": "aws_lb",
      "name": "this",
      "provider": "provider[\"registry.terraform.io/hashicorp/aws\"]",
      "instances": [
        {
          "index_key": 0,
          "schema_version": 0,
          "attributes": {
            "access_logs": [
              {
                "bucket": "",
                "enabled": false,
                "prefix": ""
              }
            ],
            "arn": "arn:aws:elasticloadbalancing:us-west-2:872224457307:loadbalancer/app/spikademo-alb/317eca657bc13260",
            "arn_suffix": "app/spikademo-alb/317eca657bc13260",
            "customer_owned_ipv4_pool": "",
            "desync_mitigation_mode": "defensive",
            "dns_name": "spikademo-alb-118004517.us-west-2.elb.amazonaws.com",
            "drop_invalid_header_fields": false,
            "enable_cross_zone_load_balancing": null,
            "enable_deletion_protection": false,
            "enable_http2": true,
            "enable_waf_fail_open": false,
            "id": "arn:aws:elasticloadbalancing:us-west-2:872224457307:loadbalancer/app/spikademo-alb/317eca657bc13260",
            "idle_timeout": 60,
            "internal": false,
            "ip_address_type": "ipv4",
            "load_balancer_type": "application",
            "name": "spikademo-alb",
            "name_prefix": null,
            "preserve_host_header": false,
            "security_groups": [
              "sg-0b65661d92ceb618f"
            ],
            "subnet_mapping": [
              {
                "allocation_id": "",
                "ipv6_address": "",
                "outpost_id": "",
                "private_ipv4_address": "",
                "subnet_id": "subnet-04e5b8d3a6bb2e157"
              },
              {
                "allocation_id": "",
                "ipv6_address": "",
                "outpost_id": "",
                "private_ipv4_address": "",
                "subnet_id": "subnet-0bd6184044cf1da26"
              }
            ],
            "subnets": [
              "subnet-04e5b8d3a6bb2e157",
              "subnet-0bd6184044cf1da26"
            ],
            "tags": {
              "Environment": "production",
              "Name": "spikademo-alb"
            },
            "tags_all": {
              "Environment": "production",
              "Name": "spikademo-alb"
            },
            "timeouts": {
              "create": "10m",
              "delete": "10m",
              "update": "10m"
            },
            "vpc_id": "vpc-0eaf4bc1bdedd7f53",
            "zone_id": "Z1H1FL5HABSF5"
          },
          "sensitive_attributes": [],
          "private": "eyJlMmJmYjczMC1lY2FhLTExZTYtOGY4OC0zNDM2M2JjN2M0YzAiOnsiY3JlYXRlIjo2MDAwMDAwMDAwMDAsImRlbGV0ZSI6NjAwMDAwMDAwMDAwLCJ1cGRhdGUiOjYwMDAwMDAwMDAwMH19",
          "dependencies": [
            "module.networking.aws_security_group.allow_pub",
            "module.networking.data.aws_availability_zones.available",
            "module.networking.module.vpc.aws_cloudwatch_log_group.flow_log",
            "module.networking.module.vpc.aws_customer_gateway.this",
            "module.networking.module.vpc.aws_db_subnet_group.database",
            "module.networking.module.vpc.aws_default_network_acl.this",
            "module.networking.module.vpc.aws_default_route_table.default",
            "module.networking.module.vpc.aws_default_security_group.this",
            "module.networking.module.vpc.aws_default_vpc.this",
            "module.networking.module.vpc.aws_egress_only_internet_gateway.this",
            "module.networking.module.vpc.aws_eip.nat",
            "module.networking.module.vpc.aws_elasticache_subnet_group.elasticache",
            "module.networking.module.vpc.aws_flow_log.this",
            "module.networking.module.vpc.aws_iam_policy.vpc_flow_log_cloudwatch",
            "module.networking.module.vpc.aws_iam_role.vpc_flow_log_cloudwatch",
            "module.networking.module.vpc.aws_iam_role_policy_attachment.vpc_flow_log_cloudwatch",
            "module.networking.module.vpc.aws_internet_gateway.this",
            "module.networking.module.vpc.aws_nat_gateway.this",
            "module.networking.module.vpc.aws_network_acl.database",
            "module.networking.module.vpc.aws_network_acl.elasticache",
            "module.networking.module.vpc.aws_network_acl.intra",
            "module.networking.module.vpc.aws_network_acl.outpost",
            "module.networking.module.vpc.aws_network_acl.private",
            "module.networking.module.vpc.aws_network_acl.public",
            "module.networking.module.vpc.aws_network_acl.redshift",
            "module.networking.module.vpc.aws_network_acl_rule.database_inbound",
            "module.networking.module.vpc.aws_network_acl_rule.database_outbound",
            "module.networking.module.vpc.aws_network_acl_rule.elasticache_inbound",
            "module.networking.module.vpc.aws_network_acl_rule.elasticache_outbound",
            "module.networking.module.vpc.aws_network_acl_rule.intra_inbound",
            "module.networking.module.vpc.aws_network_acl_rule.intra_outbound",
            "module.networking.module.vpc.aws_network_acl_rule.outpost_inbound",
            "module.networking.module.vpc.aws_network_acl_rule.outpost_outbound",
            "module.networking.module.vpc.aws_network_acl_rule.private_inbound",
            "module.networking.module.vpc.aws_network_acl_rule.private_outbound",
            "module.networking.module.vpc.aws_network_acl_rule.public_inbound",
            "module.networking.module.vpc.aws_network_acl_rule.public_outbound",
            "module.networking.module.vpc.aws_network_acl_rule.redshift_inbound",
            "module.networking.module.vpc.aws_network_acl_rule.redshift_outbound",
            "module.networking.module.vpc.aws_redshift_subnet_group.redshift",
            "module.networking.module.vpc.aws_route.database_internet_gateway",
            "module.networking.module.vpc.aws_route.database_ipv6_egress",
            "module.networking.module.vpc.aws_route.database_nat_gateway",
            "module.networking.module.vpc.aws_route.private_ipv6_egress",
            "module.networking.module.vpc.aws_route.private_nat_gateway",
            "module.networking.module.vpc.aws_route.public_internet_gateway",
            "module.networking.module.vpc.aws_route.public_internet_gateway_ipv6",
            "module.networking.module.vpc.aws_route_table.database",
            "module.networking.module.vpc.aws_route_table.elasticache",
            "module.networking.module.vpc.aws_route_table.intra",
            "module.networking.module.vpc.aws_route_table.private",
            "module.networking.module.vpc.aws_route_table.public",
            "module.networking.module.vpc.aws_route_table.redshift",
            "module.networking.module.vpc.aws_route_table_association.database",
            "module.networking.module.vpc.aws_route_table_association.elasticache",
            "module.networking.module.vpc.aws_route_table_association.intra",
            "module.networking.module.vpc.aws_route_table_association.outpost",
            "module.networking.module.vpc.aws_route_table_association.private",
            "module.networking.module.vpc.aws_route_table_association.public",
            "module.networking.module.vpc.aws_route_table_association.redshift",
            "module.networking.module.vpc.aws_route_table_association.redshift_public",
            "module.networking.module.vpc.aws_subnet.database",
            "module.networking.module.vpc.aws_subnet.elasticache",
            "module.networking.module.vpc.aws_subnet.intra",
            "module.networking.module.vpc.aws_subnet.outpost",
            "module.networking.module.vpc.aws_subnet.private",
            "module.networking.module.vpc.aws_subnet.public",
            "module.networking.module.vpc.aws_subnet.redshift",
            "module.networking.module.vpc.aws_vpc.this",
            "module.networking.module.vpc.aws_vpc_dhcp_options.this",
            "module.networking.module.vpc.aws_vpc_dhcp_options_association.this",
            "module.networking.module.vpc.aws_vpc_ipv4_cidr_block_association.this",
            "module.networking.module.vpc.aws_vpn_gateway.this",
            "module.networking.module.vpc.aws_vpn_gateway_attachment.this",
            "module.networking.module.vpc.aws_vpn_gateway_route_propagation.intra",
            "module.networking.module.vpc.aws_vpn_gateway_route_propagation.private",
            "module.networking.module.vpc.aws_vpn_gateway_route_propagation.public",
            "module.networking.module.vpc.data.aws_iam_policy_document.flow_log_cloudwatch_assume_role",
            "module.networking.module.vpc.data.aws_iam_policy_document.vpc_flow_log_cloudwatch"
          ],
          "create_before_destroy": true
        }
      ]
    },
    {
      "module": "module.elb.module.alb",
      "mode": "managed",
      "type": "aws_lb_listener",
      "name": "frontend_http_tcp",
      "provider": "provider[\"registry.terraform.io/hashicorp/aws\"]",
      "instances": [
        {
          "index_key": 0,
          "schema_version": 0,
          "attributes": {
            "alpn_policy": null,
            "arn": "arn:aws:elasticloadbalancing:us-west-2:872224457307:listener/app/spikademo-alb/317eca657bc13260/5b11e8d030cf2591",
            "certificate_arn": null,
            "default_action": [
              {
                "authenticate_cognito": [],
                "authenticate_oidc": [],
                "fixed_response": [],
                "forward": [],
                "order": 1,
                "redirect": [],
                "target_group_arn": "arn:aws:elasticloadbalancing:us-west-2:872224457307:targetgroup/pref-20221106065239386700000002/5864eadb3de6bb44",
                "type": "forward"
              }
            ],
            "id": "arn:aws:elasticloadbalancing:us-west-2:872224457307:listener/app/spikademo-alb/317eca657bc13260/5b11e8d030cf2591",
            "load_balancer_arn": "arn:aws:elasticloadbalancing:us-west-2:872224457307:loadbalancer/app/spikademo-alb/317eca657bc13260",
            "port": 80,
            "protocol": "HTTP",
            "ssl_policy": "",
            "tags": {
              "Environment": "production"
            },
            "tags_all": {
              "Environment": "production"
            },
            "timeouts": null
          },
          "sensitive_attributes": [],
          "private": "eyJlMmJmYjczMC1lY2FhLTExZTYtOGY4OC0zNDM2M2JjN2M0YzAiOnsicmVhZCI6NjAwMDAwMDAwMDAwfX0=",
          "dependencies": [
            "module.ec2.aws_instance.ec2_public1",
            "module.ec2.aws_instance.ec2_public2",
            "module.ec2.aws_instance.ec2_public3",
            "module.ec2.data.aws_ami.ubuntu-linux-2204",
            "module.ec2.data.template_file.env",
            "module.ec2.data.template_file.init",
            "module.elb.module.alb.aws_lb.this",
            "module.elb.module.alb.aws_lb_target_group.main",
            "module.networking.aws_security_group.allow_pub",
            "module.networking.data.aws_availability_zones.available",
            "module.networking.module.vpc.aws_cloudwatch_log_group.flow_log",
            "module.networking.module.vpc.aws_customer_gateway.this",
            "module.networking.module.vpc.aws_db_subnet_group.database",
            "module.networking.module.vpc.aws_default_network_acl.this",
            "module.networking.module.vpc.aws_default_route_table.default",
            "module.networking.module.vpc.aws_default_security_group.this",
            "module.networking.module.vpc.aws_default_vpc.this",
            "module.networking.module.vpc.aws_egress_only_internet_gateway.this",
            "module.networking.module.vpc.aws_eip.nat",
            "module.networking.module.vpc.aws_elasticache_subnet_group.elasticache",
            "module.networking.module.vpc.aws_flow_log.this",
            "module.networking.module.vpc.aws_iam_policy.vpc_flow_log_cloudwatch",
            "module.networking.module.vpc.aws_iam_role.vpc_flow_log_cloudwatch",
            "module.networking.module.vpc.aws_iam_role_policy_attachment.vpc_flow_log_cloudwatch",
            "module.networking.module.vpc.aws_internet_gateway.this",
            "module.networking.module.vpc.aws_nat_gateway.this",
            "module.networking.module.vpc.aws_network_acl.database",
            "module.networking.module.vpc.aws_network_acl.elasticache",
            "module.networking.module.vpc.aws_network_acl.intra",
            "module.networking.module.vpc.aws_network_acl.outpost",
            "module.networking.module.vpc.aws_network_acl.private",
            "module.networking.module.vpc.aws_network_acl.public",
            "module.networking.module.vpc.aws_network_acl.redshift",
            "module.networking.module.vpc.aws_network_acl_rule.database_inbound",
            "module.networking.module.vpc.aws_network_acl_rule.database_outbound",
            "module.networking.module.vpc.aws_network_acl_rule.elasticache_inbound",
            "module.networking.module.vpc.aws_network_acl_rule.elasticache_outbound",
            "module.networking.module.vpc.aws_network_acl_rule.intra_inbound",
            "module.networking.module.vpc.aws_network_acl_rule.intra_outbound",
            "module.networking.module.vpc.aws_network_acl_rule.outpost_inbound",
            "module.networking.module.vpc.aws_network_acl_rule.outpost_outbound",
            "module.networking.module.vpc.aws_network_acl_rule.private_inbound",
            "module.networking.module.vpc.aws_network_acl_rule.private_outbound",
            "module.networking.module.vpc.aws_network_acl_rule.public_inbound",
            "module.networking.module.vpc.aws_network_acl_rule.public_outbound",
            "module.networking.module.vpc.aws_network_acl_rule.redshift_inbound",
            "module.networking.module.vpc.aws_network_acl_rule.redshift_outbound",
            "module.networking.module.vpc.aws_redshift_subnet_group.redshift",
            "module.networking.module.vpc.aws_route.database_internet_gateway",
            "module.networking.module.vpc.aws_route.database_ipv6_egress",
            "module.networking.module.vpc.aws_route.database_nat_gateway",
            "module.networking.module.vpc.aws_route.private_ipv6_egress",
            "module.networking.module.vpc.aws_route.private_nat_gateway",
            "module.networking.module.vpc.aws_route.public_internet_gateway",
            "module.networking.module.vpc.aws_route.public_internet_gateway_ipv6",
            "module.networking.module.vpc.aws_route_table.database",
            "module.networking.module.vpc.aws_route_table.elasticache",
            "module.networking.module.vpc.aws_route_table.intra",
            "module.networking.module.vpc.aws_route_table.private",
            "module.networking.module.vpc.aws_route_table.public",
            "module.networking.module.vpc.aws_route_table.redshift",
            "module.networking.module.vpc.aws_route_table_association.database",
            "module.networking.module.vpc.aws_route_table_association.elasticache",
            "module.networking.module.vpc.aws_route_table_association.intra",
            "module.networking.module.vpc.aws_route_table_association.outpost",
            "module.networking.module.vpc.aws_route_table_association.private",
            "module.networking.module.vpc.aws_route_table_association.public",
            "module.networking.module.vpc.aws_route_table_association.redshift",
            "module.networking.module.vpc.aws_route_table_association.redshift_public",
            "module.networking.module.vpc.aws_subnet.database",
            "module.networking.module.vpc.aws_subnet.elasticache",
            "module.networking.module.vpc.aws_subnet.intra",
            "module.networking.module.vpc.aws_subnet.outpost",
            "module.networking.module.vpc.aws_subnet.private",
            "module.networking.module.vpc.aws_subnet.public",
            "module.networking.module.vpc.aws_subnet.redshift",
            "module.networking.module.vpc.aws_vpc.this",
            "module.networking.module.vpc.aws_vpc_dhcp_options.this",
            "module.networking.module.vpc.aws_vpc_dhcp_options_association.this",
            "module.networking.module.vpc.aws_vpc_ipv4_cidr_block_association.this",
            "module.networking.module.vpc.aws_vpn_gateway.this",
            "module.networking.module.vpc.aws_vpn_gateway_attachment.this",
            "module.networking.module.vpc.aws_vpn_gateway_route_propagation.intra",
            "module.networking.module.vpc.aws_vpn_gateway_route_propagation.private",
            "module.networking.module.vpc.aws_vpn_gateway_route_propagation.public",
            "module.networking.module.vpc.data.aws_iam_policy_document.flow_log_cloudwatch_assume_role",
            "module.networking.module.vpc.data.aws_iam_policy_document.vpc_flow_log_cloudwatch",
            "module.queue.aws_mq_broker.main",
            "module.ssh-key.aws_key_pair.key_pair",
            "module.ssh-key.tls_private_key.key",
            "module.storage.aws_db_instance.master_db",
            "module.storage.aws_efs_file_system.efs",
            "module.storage.aws_elasticache_cluster.redis_cache",
            "random_password.db_master_pass",
            "random_password.queue_pass"
          ]
        }
      ]
    },
    {
      "module": "module.elb.module.alb",
      "mode": "managed",
      "type": "aws_lb_target_group",
      "name": "main",
      "provider": "provider[\"registry.terraform.io/hashicorp/aws\"]",
      "instances": [
        {
          "index_key": 0,
          "schema_version": 0,
          "attributes": {
            "arn": "arn:aws:elasticloadbalancing:us-west-2:872224457307:targetgroup/pref-20221106065239386700000002/5864eadb3de6bb44",
            "arn_suffix": "targetgroup/pref-20221106065239386700000002/5864eadb3de6bb44",
            "connection_termination": false,
            "deregistration_delay": "300",
            "health_check": [
              {
                "enabled": true,
                "healthy_threshold": 5,
                "interval": 30,
                "matcher": "200",
                "path": "/",
                "port": "traffic-port",
                "protocol": "HTTP",
                "timeout": 5,
                "unhealthy_threshold": 2
              }
            ],
            "id": "arn:aws:elasticloadbalancing:us-west-2:872224457307:targetgroup/pref-20221106065239386700000002/5864eadb3de6bb44",
            "ip_address_type": null,
            "lambda_multi_value_headers_enabled": false,
            "load_balancing_algorithm_type": "round_robin",
            "name": "pref-20221106065239386700000002",
            "name_prefix": "pref-",
            "port": 8080,
            "preserve_client_ip": null,
            "protocol": "HTTP",
            "protocol_version": "HTTP1",
            "proxy_protocol_v2": false,
            "slow_start": 0,
            "stickiness": [
              {
                "cookie_duration": 86400,
                "cookie_name": "",
                "enabled": false,
                "type": "lb_cookie"
              }
            ],
            "tags": {
              "Environment": "production",
              "Name": "pref-"
            },
            "tags_all": {
              "Environment": "production",
              "Name": "pref-"
            },
            "target_type": "instance",
            "vpc_id": "vpc-0eaf4bc1bdedd7f53"
          },
          "sensitive_attributes": [],
          "private": "bnVsbA==",
          "dependencies": [
            "module.ec2.aws_instance.ec2_public1",
            "module.ec2.aws_instance.ec2_public2",
            "module.ec2.aws_instance.ec2_public3",
            "module.ec2.data.aws_ami.ubuntu-linux-2204",
            "module.ec2.data.template_file.env",
            "module.ec2.data.template_file.init",
            "module.elb.module.alb.aws_lb.this",
            "module.networking.aws_security_group.allow_pub",
            "module.networking.data.aws_availability_zones.available",
            "module.networking.module.vpc.aws_cloudwatch_log_group.flow_log",
            "module.networking.module.vpc.aws_customer_gateway.this",
            "module.networking.module.vpc.aws_db_subnet_group.database",
            "module.networking.module.vpc.aws_default_network_acl.this",
            "module.networking.module.vpc.aws_default_route_table.default",
            "module.networking.module.vpc.aws_default_security_group.this",
            "module.networking.module.vpc.aws_default_vpc.this",
            "module.networking.module.vpc.aws_egress_only_internet_gateway.this",
            "module.networking.module.vpc.aws_eip.nat",
            "module.networking.module.vpc.aws_elasticache_subnet_group.elasticache",
            "module.networking.module.vpc.aws_flow_log.this",
            "module.networking.module.vpc.aws_iam_policy.vpc_flow_log_cloudwatch",
            "module.networking.module.vpc.aws_iam_role.vpc_flow_log_cloudwatch",
            "module.networking.module.vpc.aws_iam_role_policy_attachment.vpc_flow_log_cloudwatch",
            "module.networking.module.vpc.aws_internet_gateway.this",
            "module.networking.module.vpc.aws_nat_gateway.this",
            "module.networking.module.vpc.aws_network_acl.database",
            "module.networking.module.vpc.aws_network_acl.elasticache",
            "module.networking.module.vpc.aws_network_acl.intra",
            "module.networking.module.vpc.aws_network_acl.outpost",
            "module.networking.module.vpc.aws_network_acl.private",
            "module.networking.module.vpc.aws_network_acl.public",
            "module.networking.module.vpc.aws_network_acl.redshift",
            "module.networking.module.vpc.aws_network_acl_rule.database_inbound",
            "module.networking.module.vpc.aws_network_acl_rule.database_outbound",
            "module.networking.module.vpc.aws_network_acl_rule.elasticache_inbound",
            "module.networking.module.vpc.aws_network_acl_rule.elasticache_outbound",
            "module.networking.module.vpc.aws_network_acl_rule.intra_inbound",
            "module.networking.module.vpc.aws_network_acl_rule.intra_outbound",
            "module.networking.module.vpc.aws_network_acl_rule.outpost_inbound",
            "module.networking.module.vpc.aws_network_acl_rule.outpost_outbound",
            "module.networking.module.vpc.aws_network_acl_rule.private_inbound",
            "module.networking.module.vpc.aws_network_acl_rule.private_outbound",
            "module.networking.module.vpc.aws_network_acl_rule.public_inbound",
            "module.networking.module.vpc.aws_network_acl_rule.public_outbound",
            "module.networking.module.vpc.aws_network_acl_rule.redshift_inbound",
            "module.networking.module.vpc.aws_network_acl_rule.redshift_outbound",
            "module.networking.module.vpc.aws_redshift_subnet_group.redshift",
            "module.networking.module.vpc.aws_route.database_internet_gateway",
            "module.networking.module.vpc.aws_route.database_ipv6_egress",
            "module.networking.module.vpc.aws_route.database_nat_gateway",
            "module.networking.module.vpc.aws_route.private_ipv6_egress",
            "module.networking.module.vpc.aws_route.private_nat_gateway",
            "module.networking.module.vpc.aws_route.public_internet_gateway",
            "module.networking.module.vpc.aws_route.public_internet_gateway_ipv6",
            "module.networking.module.vpc.aws_route_table.database",
            "module.networking.module.vpc.aws_route_table.elasticache",
            "module.networking.module.vpc.aws_route_table.intra",
            "module.networking.module.vpc.aws_route_table.private",
            "module.networking.module.vpc.aws_route_table.public",
            "module.networking.module.vpc.aws_route_table.redshift",
            "module.networking.module.vpc.aws_route_table_association.database",
            "module.networking.module.vpc.aws_route_table_association.elasticache",
            "module.networking.module.vpc.aws_route_table_association.intra",
            "module.networking.module.vpc.aws_route_table_association.outpost",
            "module.networking.module.vpc.aws_route_table_association.private",
            "module.networking.module.vpc.aws_route_table_association.public",
            "module.networking.module.vpc.aws_route_table_association.redshift",
            "module.networking.module.vpc.aws_route_table_association.redshift_public",
            "module.networking.module.vpc.aws_subnet.database",
            "module.networking.module.vpc.aws_subnet.elasticache",
            "module.networking.module.vpc.aws_subnet.intra",
            "module.networking.module.vpc.aws_subnet.outpost",
            "module.networking.module.vpc.aws_subnet.private",
            "module.networking.module.vpc.aws_subnet.public",
            "module.networking.module.vpc.aws_subnet.redshift",
            "module.networking.module.vpc.aws_vpc.this",
            "module.networking.module.vpc.aws_vpc_dhcp_options.this",
            "module.networking.module.vpc.aws_vpc_dhcp_options_association.this",
            "module.networking.module.vpc.aws_vpc_ipv4_cidr_block_association.this",
            "module.networking.module.vpc.aws_vpn_gateway.this",
            "module.networking.module.vpc.aws_vpn_gateway_attachment.this",
            "module.networking.module.vpc.aws_vpn_gateway_route_propagation.intra",
            "module.networking.module.vpc.aws_vpn_gateway_route_propagation.private",
            "module.networking.module.vpc.aws_vpn_gateway_route_propagation.public",
            "module.networking.module.vpc.data.aws_iam_policy_document.flow_log_cloudwatch_assume_role",
            "module.networking.module.vpc.data.aws_iam_policy_document.vpc_flow_log_cloudwatch",
            "module.queue.aws_mq_broker.main",
            "module.ssh-key.aws_key_pair.key_pair",
            "module.ssh-key.tls_private_key.key",
            "module.storage.aws_db_instance.master_db",
            "module.storage.aws_efs_file_system.efs",
            "module.storage.aws_elasticache_cluster.redis_cache",
            "random_password.db_master_pass",
            "random_password.queue_pass"
          ],
          "create_before_destroy": true
        }
      ]
    },
    {
      "module": "module.elb.module.alb",
      "mode": "managed",
      "type": "aws_lb_target_group_attachment",
      "name": "this",
      "provider": "provider[\"registry.terraform.io/hashicorp/aws\"]",
      "instances": [
        {
          "index_key": "0.instance_1",
          "schema_version": 0,
          "attributes": {
            "availability_zone": null,
            "id": "arn:aws:elasticloadbalancing:us-west-2:872224457307:targetgroup/pref-20221106065239386700000002/5864eadb3de6bb44-20221106065242730500000004",
            "port": 8080,
            "target_group_arn": "arn:aws:elasticloadbalancing:us-west-2:872224457307:targetgroup/pref-20221106065239386700000002/5864eadb3de6bb44",
            "target_id": "i-0c1fc90aefdc6c3e6"
          },
          "sensitive_attributes": [],
          "private": "bnVsbA==",
          "dependencies": [
            "module.ec2.aws_instance.ec2_public1",
            "module.ec2.aws_instance.ec2_public2",
            "module.ec2.aws_instance.ec2_public3",
            "module.ec2.data.aws_ami.ubuntu-linux-2204",
            "module.ec2.data.template_file.env",
            "module.ec2.data.template_file.init",
            "module.elb.module.alb.aws_lambda_permission.lb",
            "module.elb.module.alb.aws_lb.this",
            "module.elb.module.alb.aws_lb_target_group.main",
            "module.networking.aws_security_group.allow_pub",
            "module.networking.data.aws_availability_zones.available",
            "module.networking.module.vpc.aws_cloudwatch_log_group.flow_log",
            "module.networking.module.vpc.aws_customer_gateway.this",
            "module.networking.module.vpc.aws_db_subnet_group.database",
            "module.networking.module.vpc.aws_default_network_acl.this",
            "module.networking.module.vpc.aws_default_route_table.default",
            "module.networking.module.vpc.aws_default_security_group.this",
            "module.networking.module.vpc.aws_default_vpc.this",
            "module.networking.module.vpc.aws_egress_only_internet_gateway.this",
            "module.networking.module.vpc.aws_eip.nat",
            "module.networking.module.vpc.aws_elasticache_subnet_group.elasticache",
            "module.networking.module.vpc.aws_flow_log.this",
            "module.networking.module.vpc.aws_iam_policy.vpc_flow_log_cloudwatch",
            "module.networking.module.vpc.aws_iam_role.vpc_flow_log_cloudwatch",
            "module.networking.module.vpc.aws_iam_role_policy_attachment.vpc_flow_log_cloudwatch",
            "module.networking.module.vpc.aws_internet_gateway.this",
            "module.networking.module.vpc.aws_nat_gateway.this",
            "module.networking.module.vpc.aws_network_acl.database",
            "module.networking.module.vpc.aws_network_acl.elasticache",
            "module.networking.module.vpc.aws_network_acl.intra",
            "module.networking.module.vpc.aws_network_acl.outpost",
            "module.networking.module.vpc.aws_network_acl.private",
            "module.networking.module.vpc.aws_network_acl.public",
            "module.networking.module.vpc.aws_network_acl.redshift",
            "module.networking.module.vpc.aws_network_acl_rule.database_inbound",
            "module.networking.module.vpc.aws_network_acl_rule.database_outbound",
            "module.networking.module.vpc.aws_network_acl_rule.elasticache_inbound",
            "module.networking.module.vpc.aws_network_acl_rule.elasticache_outbound",
            "module.networking.module.vpc.aws_network_acl_rule.intra_inbound",
            "module.networking.module.vpc.aws_network_acl_rule.intra_outbound",
            "module.networking.module.vpc.aws_network_acl_rule.outpost_inbound",
            "module.networking.module.vpc.aws_network_acl_rule.outpost_outbound",
            "module.networking.module.vpc.aws_network_acl_rule.private_inbound",
            "module.networking.module.vpc.aws_network_acl_rule.private_outbound",
            "module.networking.module.vpc.aws_network_acl_rule.public_inbound",
            "module.networking.module.vpc.aws_network_acl_rule.public_outbound",
            "module.networking.module.vpc.aws_network_acl_rule.redshift_inbound",
            "module.networking.module.vpc.aws_network_acl_rule.redshift_outbound",
            "module.networking.module.vpc.aws_redshift_subnet_group.redshift",
            "module.networking.module.vpc.aws_route.database_internet_gateway",
            "module.networking.module.vpc.aws_route.database_ipv6_egress",
            "module.networking.module.vpc.aws_route.database_nat_gateway",
            "module.networking.module.vpc.aws_route.private_ipv6_egress",
            "module.networking.module.vpc.aws_route.private_nat_gateway",
            "module.networking.module.vpc.aws_route.public_internet_gateway",
            "module.networking.module.vpc.aws_route.public_internet_gateway_ipv6",
            "module.networking.module.vpc.aws_route_table.database",
            "module.networking.module.vpc.aws_route_table.elasticache",
            "module.networking.module.vpc.aws_route_table.intra",
            "module.networking.module.vpc.aws_route_table.private",
            "module.networking.module.vpc.aws_route_table.public",
            "module.networking.module.vpc.aws_route_table.redshift",
            "module.networking.module.vpc.aws_route_table_association.database",
            "module.networking.module.vpc.aws_route_table_association.elasticache",
            "module.networking.module.vpc.aws_route_table_association.intra",
            "module.networking.module.vpc.aws_route_table_association.outpost",
            "module.networking.module.vpc.aws_route_table_association.private",
            "module.networking.module.vpc.aws_route_table_association.public",
            "module.networking.module.vpc.aws_route_table_association.redshift",
            "module.networking.module.vpc.aws_route_table_association.redshift_public",
            "module.networking.module.vpc.aws_subnet.database",
            "module.networking.module.vpc.aws_subnet.elasticache",
            "module.networking.module.vpc.aws_subnet.intra",
            "module.networking.module.vpc.aws_subnet.outpost",
            "module.networking.module.vpc.aws_subnet.private",
            "module.networking.module.vpc.aws_subnet.public",
            "module.networking.module.vpc.aws_subnet.redshift",
            "module.networking.module.vpc.aws_vpc.this",
            "module.networking.module.vpc.aws_vpc_dhcp_options.this",
            "module.networking.module.vpc.aws_vpc_dhcp_options_association.this",
            "module.networking.module.vpc.aws_vpc_ipv4_cidr_block_association.this",
            "module.networking.module.vpc.aws_vpn_gateway.this",
            "module.networking.module.vpc.aws_vpn_gateway_attachment.this",
            "module.networking.module.vpc.aws_vpn_gateway_route_propagation.intra",
            "module.networking.module.vpc.aws_vpn_gateway_route_propagation.private",
            "module.networking.module.vpc.aws_vpn_gateway_route_propagation.public",
            "module.networking.module.vpc.data.aws_iam_policy_document.flow_log_cloudwatch_assume_role",
            "module.networking.module.vpc.data.aws_iam_policy_document.vpc_flow_log_cloudwatch",
            "module.queue.aws_mq_broker.main",
            "module.ssh-key.aws_key_pair.key_pair",
            "module.ssh-key.tls_private_key.key",
            "module.storage.aws_db_instance.master_db",
            "module.storage.aws_efs_file_system.efs",
            "module.storage.aws_elasticache_cluster.redis_cache",
            "random_password.db_master_pass",
            "random_password.queue_pass"
          ]
        },
        {
          "index_key": "0.instance_2",
          "schema_version": 0,
          "attributes": {
            "availability_zone": null,
            "id": "arn:aws:elasticloadbalancing:us-west-2:872224457307:targetgroup/pref-20221106065239386700000002/5864eadb3de6bb44-20221106065242391600000003",
            "port": 8080,
            "target_group_arn": "arn:aws:elasticloadbalancing:us-west-2:872224457307:targetgroup/pref-20221106065239386700000002/5864eadb3de6bb44",
            "target_id": "i-02e08a4d5496d3239"
          },
          "sensitive_attributes": [],
          "private": "bnVsbA==",
          "dependencies": [
            "module.ec2.aws_instance.ec2_public1",
            "module.ec2.aws_instance.ec2_public2",
            "module.ec2.aws_instance.ec2_public3",
            "module.ec2.data.aws_ami.ubuntu-linux-2204",
            "module.ec2.data.template_file.env",
            "module.ec2.data.template_file.init",
            "module.elb.module.alb.aws_lambda_permission.lb",
            "module.elb.module.alb.aws_lb.this",
            "module.elb.module.alb.aws_lb_target_group.main",
            "module.networking.aws_security_group.allow_pub",
            "module.networking.data.aws_availability_zones.available",
            "module.networking.module.vpc.aws_cloudwatch_log_group.flow_log",
            "module.networking.module.vpc.aws_customer_gateway.this",
            "module.networking.module.vpc.aws_db_subnet_group.database",
            "module.networking.module.vpc.aws_default_network_acl.this",
            "module.networking.module.vpc.aws_default_route_table.default",
            "module.networking.module.vpc.aws_default_security_group.this",
            "module.networking.module.vpc.aws_default_vpc.this",
            "module.networking.module.vpc.aws_egress_only_internet_gateway.this",
            "module.networking.module.vpc.aws_eip.nat",
            "module.networking.module.vpc.aws_elasticache_subnet_group.elasticache",
            "module.networking.module.vpc.aws_flow_log.this",
            "module.networking.module.vpc.aws_iam_policy.vpc_flow_log_cloudwatch",
            "module.networking.module.vpc.aws_iam_role.vpc_flow_log_cloudwatch",
            "module.networking.module.vpc.aws_iam_role_policy_attachment.vpc_flow_log_cloudwatch",
            "module.networking.module.vpc.aws_internet_gateway.this",
            "module.networking.module.vpc.aws_nat_gateway.this",
            "module.networking.module.vpc.aws_network_acl.database",
            "module.networking.module.vpc.aws_network_acl.elasticache",
            "module.networking.module.vpc.aws_network_acl.intra",
            "module.networking.module.vpc.aws_network_acl.outpost",
            "module.networking.module.vpc.aws_network_acl.private",
            "module.networking.module.vpc.aws_network_acl.public",
            "module.networking.module.vpc.aws_network_acl.redshift",
            "module.networking.module.vpc.aws_network_acl_rule.database_inbound",
            "module.networking.module.vpc.aws_network_acl_rule.database_outbound",
            "module.networking.module.vpc.aws_network_acl_rule.elasticache_inbound",
            "module.networking.module.vpc.aws_network_acl_rule.elasticache_outbound",
            "module.networking.module.vpc.aws_network_acl_rule.intra_inbound",
            "module.networking.module.vpc.aws_network_acl_rule.intra_outbound",
            "module.networking.module.vpc.aws_network_acl_rule.outpost_inbound",
            "module.networking.module.vpc.aws_network_acl_rule.outpost_outbound",
            "module.networking.module.vpc.aws_network_acl_rule.private_inbound",
            "module.networking.module.vpc.aws_network_acl_rule.private_outbound",
            "module.networking.module.vpc.aws_network_acl_rule.public_inbound",
            "module.networking.module.vpc.aws_network_acl_rule.public_outbound",
            "module.networking.module.vpc.aws_network_acl_rule.redshift_inbound",
            "module.networking.module.vpc.aws_network_acl_rule.redshift_outbound",
            "module.networking.module.vpc.aws_redshift_subnet_group.redshift",
            "module.networking.module.vpc.aws_route.database_internet_gateway",
            "module.networking.module.vpc.aws_route.database_ipv6_egress",
            "module.networking.module.vpc.aws_route.database_nat_gateway",
            "module.networking.module.vpc.aws_route.private_ipv6_egress",
            "module.networking.module.vpc.aws_route.private_nat_gateway",
            "module.networking.module.vpc.aws_route.public_internet_gateway",
            "module.networking.module.vpc.aws_route.public_internet_gateway_ipv6",
            "module.networking.module.vpc.aws_route_table.database",
            "module.networking.module.vpc.aws_route_table.elasticache",
            "module.networking.module.vpc.aws_route_table.intra",
            "module.networking.module.vpc.aws_route_table.private",
            "module.networking.module.vpc.aws_route_table.public",
            "module.networking.module.vpc.aws_route_table.redshift",
            "module.networking.module.vpc.aws_route_table_association.database",
            "module.networking.module.vpc.aws_route_table_association.elasticache",
            "module.networking.module.vpc.aws_route_table_association.intra",
            "module.networking.module.vpc.aws_route_table_association.outpost",
            "module.networking.module.vpc.aws_route_table_association.private",
            "module.networking.module.vpc.aws_route_table_association.public",
            "module.networking.module.vpc.aws_route_table_association.redshift",
            "module.networking.module.vpc.aws_route_table_association.redshift_public",
            "module.networking.module.vpc.aws_subnet.database",
            "module.networking.module.vpc.aws_subnet.elasticache",
            "module.networking.module.vpc.aws_subnet.intra",
            "module.networking.module.vpc.aws_subnet.outpost",
            "module.networking.module.vpc.aws_subnet.private",
            "module.networking.module.vpc.aws_subnet.public",
            "module.networking.module.vpc.aws_subnet.redshift",
            "module.networking.module.vpc.aws_vpc.this",
            "module.networking.module.vpc.aws_vpc_dhcp_options.this",
            "module.networking.module.vpc.aws_vpc_dhcp_options_association.this",
            "module.networking.module.vpc.aws_vpc_ipv4_cidr_block_association.this",
            "module.networking.module.vpc.aws_vpn_gateway.this",
            "module.networking.module.vpc.aws_vpn_gateway_attachment.this",
            "module.networking.module.vpc.aws_vpn_gateway_route_propagation.intra",
            "module.networking.module.vpc.aws_vpn_gateway_route_propagation.private",
            "module.networking.module.vpc.aws_vpn_gateway_route_propagation.public",
            "module.networking.module.vpc.data.aws_iam_policy_document.flow_log_cloudwatch_assume_role",
            "module.networking.module.vpc.data.aws_iam_policy_document.vpc_flow_log_cloudwatch",
            "module.queue.aws_mq_broker.main",
            "module.ssh-key.aws_key_pair.key_pair",
            "module.ssh-key.tls_private_key.key",
            "module.storage.aws_db_instance.master_db",
            "module.storage.aws_efs_file_system.efs",
            "module.storage.aws_elasticache_cluster.redis_cache",
            "random_password.db_master_pass",
            "random_password.queue_pass"
          ]
        },
        {
          "index_key": "0.instance_3",
          "schema_version": 0,
          "attributes": {
            "availability_zone": null,
            "id": "arn:aws:elasticloadbalancing:us-west-2:872224457307:targetgroup/pref-20221106065239386700000002/5864eadb3de6bb44-20221106065243123000000005",
            "port": 8080,
            "target_group_arn": "arn:aws:elasticloadbalancing:us-west-2:872224457307:targetgroup/pref-20221106065239386700000002/5864eadb3de6bb44",
            "target_id": "i-09fb14dfe096d348e"
          },
          "sensitive_attributes": [],
          "private": "bnVsbA==",
          "dependencies": [
            "module.ec2.aws_instance.ec2_public1",
            "module.ec2.aws_instance.ec2_public2",
            "module.ec2.aws_instance.ec2_public3",
            "module.ec2.data.aws_ami.ubuntu-linux-2204",
            "module.ec2.data.template_file.env",
            "module.ec2.data.template_file.init",
            "module.elb.module.alb.aws_lambda_permission.lb",
            "module.elb.module.alb.aws_lb.this",
            "module.elb.module.alb.aws_lb_target_group.main",
            "module.networking.aws_security_group.allow_pub",
            "module.networking.data.aws_availability_zones.available",
            "module.networking.module.vpc.aws_cloudwatch_log_group.flow_log",
            "module.networking.module.vpc.aws_customer_gateway.this",
            "module.networking.module.vpc.aws_db_subnet_group.database",
            "module.networking.module.vpc.aws_default_network_acl.this",
            "module.networking.module.vpc.aws_default_route_table.default",
            "module.networking.module.vpc.aws_default_security_group.this",
            "module.networking.module.vpc.aws_default_vpc.this",
            "module.networking.module.vpc.aws_egress_only_internet_gateway.this",
            "module.networking.module.vpc.aws_eip.nat",
            "module.networking.module.vpc.aws_elasticache_subnet_group.elasticache",
            "module.networking.module.vpc.aws_flow_log.this",
            "module.networking.module.vpc.aws_iam_policy.vpc_flow_log_cloudwatch",
            "module.networking.module.vpc.aws_iam_role.vpc_flow_log_cloudwatch",
            "module.networking.module.vpc.aws_iam_role_policy_attachment.vpc_flow_log_cloudwatch",
            "module.networking.module.vpc.aws_internet_gateway.this",
            "module.networking.module.vpc.aws_nat_gateway.this",
            "module.networking.module.vpc.aws_network_acl.database",
            "module.networking.module.vpc.aws_network_acl.elasticache",
            "module.networking.module.vpc.aws_network_acl.intra",
            "module.networking.module.vpc.aws_network_acl.outpost",
            "module.networking.module.vpc.aws_network_acl.private",
            "module.networking.module.vpc.aws_network_acl.public",
            "module.networking.module.vpc.aws_network_acl.redshift",
            "module.networking.module.vpc.aws_network_acl_rule.database_inbound",
            "module.networking.module.vpc.aws_network_acl_rule.database_outbound",
            "module.networking.module.vpc.aws_network_acl_rule.elasticache_inbound",
            "module.networking.module.vpc.aws_network_acl_rule.elasticache_outbound",
            "module.networking.module.vpc.aws_network_acl_rule.intra_inbound",
            "module.networking.module.vpc.aws_network_acl_rule.intra_outbound",
            "module.networking.module.vpc.aws_network_acl_rule.outpost_inbound",
            "module.networking.module.vpc.aws_network_acl_rule.outpost_outbound",
            "module.networking.module.vpc.aws_network_acl_rule.private_inbound",
            "module.networking.module.vpc.aws_network_acl_rule.private_outbound",
            "module.networking.module.vpc.aws_network_acl_rule.public_inbound",
            "module.networking.module.vpc.aws_network_acl_rule.public_outbound",
            "module.networking.module.vpc.aws_network_acl_rule.redshift_inbound",
            "module.networking.module.vpc.aws_network_acl_rule.redshift_outbound",
            "module.networking.module.vpc.aws_redshift_subnet_group.redshift",
            "module.networking.module.vpc.aws_route.database_internet_gateway",
            "module.networking.module.vpc.aws_route.database_ipv6_egress",
            "module.networking.module.vpc.aws_route.database_nat_gateway",
            "module.networking.module.vpc.aws_route.private_ipv6_egress",
            "module.networking.module.vpc.aws_route.private_nat_gateway",
            "module.networking.module.vpc.aws_route.public_internet_gateway",
            "module.networking.module.vpc.aws_route.public_internet_gateway_ipv6",
            "module.networking.module.vpc.aws_route_table.database",
            "module.networking.module.vpc.aws_route_table.elasticache",
            "module.networking.module.vpc.aws_route_table.intra",
            "module.networking.module.vpc.aws_route_table.private",
            "module.networking.module.vpc.aws_route_table.public",
            "module.networking.module.vpc.aws_route_table.redshift",
            "module.networking.module.vpc.aws_route_table_association.database",
            "module.networking.module.vpc.aws_route_table_association.elasticache",
            "module.networking.module.vpc.aws_route_table_association.intra",
            "module.networking.module.vpc.aws_route_table_association.outpost",
            "module.networking.module.vpc.aws_route_table_association.private",
            "module.networking.module.vpc.aws_route_table_association.public",
            "module.networking.module.vpc.aws_route_table_association.redshift",
            "module.networking.module.vpc.aws_route_table_association.redshift_public",
            "module.networking.module.vpc.aws_subnet.database",
            "module.networking.module.vpc.aws_subnet.elasticache",
            "module.networking.module.vpc.aws_subnet.intra",
            "module.networking.module.vpc.aws_subnet.outpost",
            "module.networking.module.vpc.aws_subnet.private",
            "module.networking.module.vpc.aws_subnet.public",
            "module.networking.module.vpc.aws_subnet.redshift",
            "module.networking.module.vpc.aws_vpc.this",
            "module.networking.module.vpc.aws_vpc_dhcp_options.this",
            "module.networking.module.vpc.aws_vpc_dhcp_options_association.this",
            "module.networking.module.vpc.aws_vpc_ipv4_cidr_block_association.this",
            "module.networking.module.vpc.aws_vpn_gateway.this",
            "module.networking.module.vpc.aws_vpn_gateway_attachment.this",
            "module.networking.module.vpc.aws_vpn_gateway_route_propagation.intra",
            "module.networking.module.vpc.aws_vpn_gateway_route_propagation.private",
            "module.networking.module.vpc.aws_vpn_gateway_route_propagation.public",
            "module.networking.module.vpc.data.aws_iam_policy_document.flow_log_cloudwatch_assume_role",
            "module.networking.module.vpc.data.aws_iam_policy_document.vpc_flow_log_cloudwatch",
            "module.queue.aws_mq_broker.main",
            "module.ssh-key.aws_key_pair.key_pair",
            "module.ssh-key.tls_private_key.key",
            "module.storage.aws_db_instance.master_db",
            "module.storage.aws_efs_file_system.efs",
            "module.storage.aws_elasticache_cluster.redis_cache",
            "random_password.db_master_pass",
            "random_password.queue_pass"
          ]
        }
      ]
    },
    {
      "module": "module.networking",
      "mode": "data",
      "type": "aws_availability_zones",
      "name": "available",
      "provider": "provider[\"registry.terraform.io/hashicorp/aws\"]",
      "instances": [
        {
          "schema_version": 0,
          "attributes": {
            "all_availability_zones": null,
            "exclude_names": null,
            "exclude_zone_ids": null,
            "filter": null,
            "group_names": [
              "us-west-2"
            ],
            "id": "us-west-2",
            "names": [
              "us-west-2a",
              "us-west-2b",
              "us-west-2c",
              "us-west-2d"
            ],
            "state": "available",
            "timeouts": null,
            "zone_ids": [
              "usw2-az2",
              "usw2-az1",
              "usw2-az3",
              "usw2-az4"
            ]
          },
          "sensitive_attributes": []
        }
      ]
    },
    {
      "module": "module.networking",
      "mode": "managed",
      "type": "aws_security_group",
      "name": "allow_pub",
      "provider": "provider[\"registry.terraform.io/hashicorp/aws\"]",
      "instances": [
        {
          "schema_version": 1,
          "attributes": {
            "arn": "arn:aws:ec2:us-west-2:872224457307:security-group/sg-0b65661d92ceb618f",
            "description": "Allow SSH inbound traffic",
            "egress": [
              {
                "cidr_blocks": [
                  "0.0.0.0/0"
                ],
                "description": "",
                "from_port": 0,
                "ipv6_cidr_blocks": [],
                "prefix_list_ids": [],
                "protocol": "-1",
                "security_groups": [],
                "self": false,
                "to_port": 0
              }
            ],
            "id": "sg-0b65661d92ceb618f",
            "ingress": [
              {
                "cidr_blocks": [
                  "0.0.0.0/0"
                ],
                "description": "EFS mount target",
                "from_port": 2049,
                "ipv6_cidr_blocks": [],
                "prefix_list_ids": [],
                "protocol": "tcp",
                "security_groups": [],
                "self": false,
                "to_port": 2049
              },
              {
                "cidr_blocks": [
                  "0.0.0.0/0"
                ],
                "description": "HTTP for app servers",
                "from_port": 8080,
                "ipv6_cidr_blocks": [],
                "prefix_list_ids": [],
                "protocol": "tcp",
                "security_groups": [],
                "self": false,
                "to_port": 8080
              },
              {
                "cidr_blocks": [
                  "0.0.0.0/0"
                ],
                "description": "HTTP from the internet",
                "from_port": 80,
                "ipv6_cidr_blocks": [],
                "prefix_list_ids": [],
                "protocol": "tcp",
                "security_groups": [],
                "self": false,
                "to_port": 80
              },
              {
                "cidr_blocks": [
                  "0.0.0.0/0"
                ],
                "description": "HTTPS from the internet",
                "from_port": 443,
                "ipv6_cidr_blocks": [],
                "prefix_list_ids": [],
                "protocol": "tcp",
                "security_groups": [],
                "self": false,
                "to_port": 443
              },
              {
                "cidr_blocks": [
                  "0.0.0.0/0"
                ],
                "description": "Mysql",
                "from_port": 3306,
                "ipv6_cidr_blocks": [],
                "prefix_list_ids": [],
                "protocol": "tcp",
                "security_groups": [],
                "self": false,
                "to_port": 3306
              },
              {
                "cidr_blocks": [
                  "0.0.0.0/0"
                ],
                "description": "RabbitMQ Erlang",
                "from_port": 4639,
                "ipv6_cidr_blocks": [],
                "prefix_list_ids": [],
                "protocol": "tcp",
                "security_groups": [],
                "self": false,
                "to_port": 4639
              },
              {
                "cidr_blocks": [
                  "0.0.0.0/0"
                ],
                "description": "RabbitMQ admin",
                "from_port": 15671,
                "ipv6_cidr_blocks": [],
                "prefix_list_ids": [],
                "protocol": "tcp",
                "security_groups": [],
                "self": false,
                "to_port": 15671
              },
              {
                "cidr_blocks": [
                  "0.0.0.0/0"
                ],
                "description": "RabbitMQ",
                "from_port": 5671,
                "ipv6_cidr_blocks": [],
                "prefix_list_ids": [],
                "protocol": "tcp",
                "security_groups": [],
                "self": false,
                "to_port": 5671
              },
              {
                "cidr_blocks": [
                  "0.0.0.0/0"
                ],
                "description": "Redis",
                "from_port": 6379,
                "ipv6_cidr_blocks": [],
                "prefix_list_ids": [],
                "protocol": "tcp",
                "security_groups": [],
                "self": false,
                "to_port": 6379
              },
              {
                "cidr_blocks": [
                  "0.0.0.0/0"
                ],
                "description": "SSH from the internet",
                "from_port": 22,
                "ipv6_cidr_blocks": [],
                "prefix_list_ids": [],
                "protocol": "tcp",
                "security_groups": [],
                "self": false,
                "to_port": 22
              }
            ],
            "name": "spikademo-public",
            "name_prefix": "",
            "owner_id": "872224457307",
            "revoke_rules_on_delete": false,
            "tags": {
              "Name": "spikademo-allow_pub"
            },
            "tags_all": {
              "Name": "spikademo-allow_pub"
            },
            "timeouts": null,
            "vpc_id": "vpc-0eaf4bc1bdedd7f53"
          },
          "sensitive_attributes": [],
          "private": "eyJlMmJmYjczMC1lY2FhLTExZTYtOGY4OC0zNDM2M2JjN2M0YzAiOnsiY3JlYXRlIjo2MDAwMDAwMDAwMDAsImRlbGV0ZSI6OTAwMDAwMDAwMDAwfSwic2NoZW1hX3ZlcnNpb24iOiIxIn0=",
          "dependencies": [
            "module.networking.module.vpc.aws_vpc.this"
          ],
          "create_before_destroy": true
        }
      ]
    },
    {
      "module": "module.networking",
      "mode": "managed",
      "type": "aws_security_group",
      "name": "allow_ssh_priv",
      "provider": "provider[\"registry.terraform.io/hashicorp/aws\"]",
      "instances": [
        {
          "schema_version": 1,
          "attributes": {
            "arn": "arn:aws:ec2:us-west-2:872224457307:security-group/sg-01b299b6769f8f13a",
            "description": "Allow SSH inbound traffic",
            "egress": [
              {
                "cidr_blocks": [
                  "0.0.0.0/0"
                ],
                "description": "",
                "from_port": 0,
                "ipv6_cidr_blocks": [],
                "prefix_list_ids": [],
                "protocol": "-1",
                "security_groups": [],
                "self": false,
                "to_port": 0
              }
            ],
            "id": "sg-01b299b6769f8f13a",
            "ingress": [
              {
                "cidr_blocks": [
                  "0.0.0.0/0"
                ],
                "description": "EFS mount target",
                "from_port": 2049,
                "ipv6_cidr_blocks": [],
                "prefix_list_ids": [],
                "protocol": "tcp",
                "security_groups": [],
                "self": false,
                "to_port": 2049
              },
              {
                "cidr_blocks": [
                  "10.0.0.0/16"
                ],
                "description": "SSH only from internal VPC clients",
                "from_port": 22,
                "ipv6_cidr_blocks": [],
                "prefix_list_ids": [],
                "protocol": "tcp",
                "security_groups": [],
                "self": false,
                "to_port": 22
              }
            ],
            "name": "spikademo-allow_ssh_priv",
            "name_prefix": "",
            "owner_id": "872224457307",
            "revoke_rules_on_delete": false,
            "tags": {
              "Name": "spikademo-allow_ssh_priv"
            },
            "tags_all": {
              "Name": "spikademo-allow_ssh_priv"
            },
            "timeouts": null,
            "vpc_id": "vpc-0eaf4bc1bdedd7f53"
          },
          "sensitive_attributes": [],
          "private": "eyJlMmJmYjczMC1lY2FhLTExZTYtOGY4OC0zNDM2M2JjN2M0YzAiOnsiY3JlYXRlIjo2MDAwMDAwMDAwMDAsImRlbGV0ZSI6OTAwMDAwMDAwMDAwfSwic2NoZW1hX3ZlcnNpb24iOiIxIn0=",
          "dependencies": [
            "module.networking.module.vpc.aws_vpc.this"
          ]
        }
      ]
    },
    {
      "module": "module.networking.module.vpc",
      "mode": "managed",
      "type": "aws_db_subnet_group",
      "name": "database",
      "provider": "provider[\"registry.terraform.io/hashicorp/aws\"]",
      "instances": [
        {
          "index_key": 0,
          "schema_version": 0,
          "attributes": {
            "arn": "arn:aws:rds:us-west-2:872224457307:subgrp:spikademo-vpc",
            "description": "Database subnet group for spikademo-vpc",
            "id": "spikademo-vpc",
            "name": "spikademo-vpc",
            "name_prefix": "",
            "subnet_ids": [
              "subnet-0528bcab84c99249f",
              "subnet-0ab963858635308d1"
            ],
            "supported_network_types": [
              "IPV4"
            ],
            "tags": {
              "Name": "spikademo-vpc"
            },
            "tags_all": {
              "Name": "spikademo-vpc"
            }
          },
          "sensitive_attributes": [],
          "private": "bnVsbA==",
          "dependencies": [
            "module.networking.data.aws_availability_zones.available",
            "module.networking.module.vpc.aws_subnet.database",
            "module.networking.module.vpc.aws_vpc.this",
            "module.networking.module.vpc.aws_vpc_ipv4_cidr_block_association.this"
          ],
          "create_before_destroy": true
        }
      ]
    },
    {
      "module": "module.networking.module.vpc",
      "mode": "managed",
      "type": "aws_eip",
      "name": "nat",
      "provider": "provider[\"registry.terraform.io/hashicorp/aws\"]",
      "instances": [
        {
          "index_key": 0,
          "schema_version": 0,
          "attributes": {
            "address": null,
            "allocation_id": "eipalloc-0c2b0efadc0e127d6",
            "associate_with_private_ip": null,
            "association_id": "",
            "carrier_ip": "",
            "customer_owned_ip": "",
            "customer_owned_ipv4_pool": "",
            "domain": "vpc",
            "id": "eipalloc-0c2b0efadc0e127d6",
            "instance": "",
            "network_border_group": "us-west-2",
            "network_interface": "",
            "private_dns": null,
            "private_ip": "",
            "public_dns": "ec2-44-226-234-238.us-west-2.compute.amazonaws.com",
            "public_ip": "44.226.234.238",
            "public_ipv4_pool": "amazon",
            "tags": {
              "Name": "spikademo-vpc-us-west-2a"
            },
            "tags_all": {
              "Name": "spikademo-vpc-us-west-2a"
            },
            "timeouts": null,
            "vpc": true
          },
          "sensitive_attributes": [],
          "private": "eyJlMmJmYjczMC1lY2FhLTExZTYtOGY4OC0zNDM2M2JjN2M0YzAiOnsiZGVsZXRlIjoxODAwMDAwMDAwMDAsInJlYWQiOjkwMDAwMDAwMDAwMCwidXBkYXRlIjozMDAwMDAwMDAwMDB9fQ==",
          "dependencies": [
            "module.networking.data.aws_availability_zones.available"
          ],
          "create_before_destroy": true
        }
      ]
    },
    {
      "module": "module.networking.module.vpc",
      "mode": "managed",
      "type": "aws_elasticache_subnet_group",
      "name": "elasticache",
      "provider": "provider[\"registry.terraform.io/hashicorp/aws\"]",
      "instances": [
        {
          "index_key": 0,
          "schema_version": 0,
          "attributes": {
            "arn": "arn:aws:elasticache:us-west-2:872224457307:subnetgroup:spikademo-vpc",
            "description": "ElastiCache subnet group for spikademo-vpc",
            "id": "spikademo-vpc",
            "name": "spikademo-vpc",
            "subnet_ids": [
              "subnet-009ffd7cb3f77f970",
              "subnet-01f407e068cdab935"
            ],
            "tags": {
              "Name": "spikademo-vpc"
            },
            "tags_all": {
              "Name": "spikademo-vpc"
            }
          },
          "sensitive_attributes": [],
          "private": "bnVsbA==",
          "dependencies": [
            "module.networking.data.aws_availability_zones.available",
            "module.networking.module.vpc.aws_subnet.elasticache",
            "module.networking.module.vpc.aws_vpc.this",
            "module.networking.module.vpc.aws_vpc_ipv4_cidr_block_association.this"
          ],
          "create_before_destroy": true
        }
      ]
    },
    {
      "module": "module.networking.module.vpc",
      "mode": "managed",
      "type": "aws_internet_gateway",
      "name": "this",
      "provider": "provider[\"registry.terraform.io/hashicorp/aws\"]",
      "instances": [
        {
          "index_key": 0,
          "schema_version": 0,
          "attributes": {
            "arn": "arn:aws:ec2:us-west-2:872224457307:internet-gateway/igw-081c7986b28cf719b",
            "id": "igw-081c7986b28cf719b",
            "owner_id": "872224457307",
            "tags": {
              "Name": "spikademo-vpc"
            },
            "tags_all": {
              "Name": "spikademo-vpc"
            },
            "timeouts": null,
            "vpc_id": "vpc-0eaf4bc1bdedd7f53"
          },
          "sensitive_attributes": [],
          "private": "eyJlMmJmYjczMC1lY2FhLTExZTYtOGY4OC0zNDM2M2JjN2M0YzAiOnsiY3JlYXRlIjoxMjAwMDAwMDAwMDAwLCJkZWxldGUiOjEyMDAwMDAwMDAwMDAsInVwZGF0ZSI6MTIwMDAwMDAwMDAwMH19",
          "dependencies": [
            "module.networking.module.vpc.aws_vpc.this",
            "module.networking.module.vpc.aws_vpc_ipv4_cidr_block_association.this"
          ],
          "create_before_destroy": true
        }
      ]
    },
    {
      "module": "module.networking.module.vpc",
      "mode": "managed",
      "type": "aws_nat_gateway",
      "name": "this",
      "provider": "provider[\"registry.terraform.io/hashicorp/aws\"]",
      "instances": [
        {
          "index_key": 0,
          "schema_version": 0,
          "attributes": {
            "allocation_id": "eipalloc-0c2b0efadc0e127d6",
            "connectivity_type": "public",
            "id": "nat-00503e1cfbb5b4f46",
            "network_interface_id": "eni-06c7fb8a30985fdf5",
            "private_ip": "10.0.101.223",
            "public_ip": "44.226.234.238",
            "subnet_id": "subnet-04e5b8d3a6bb2e157",
            "tags": {
              "Name": "spikademo-vpc-us-west-2a"
            },
            "tags_all": {
              "Name": "spikademo-vpc-us-west-2a"
            }
          },
          "sensitive_attributes": [],
          "private": "bnVsbA==",
          "dependencies": [
            "module.networking.data.aws_availability_zones.available",
            "module.networking.module.vpc.aws_eip.nat",
            "module.networking.module.vpc.aws_internet_gateway.this",
            "module.networking.module.vpc.aws_subnet.public",
            "module.networking.module.vpc.aws_vpc.this",
            "module.networking.module.vpc.aws_vpc_ipv4_cidr_block_association.this"
          ],
          "create_before_destroy": true
        }
      ]
    },
    {
      "module": "module.networking.module.vpc",
      "mode": "managed",
      "type": "aws_route",
      "name": "private_nat_gateway",
      "provider": "provider[\"registry.terraform.io/hashicorp/aws\"]",
      "instances": [
        {
          "index_key": 0,
          "schema_version": 0,
          "attributes": {
            "carrier_gateway_id": "",
            "core_network_arn": "",
            "destination_cidr_block": "0.0.0.0/0",
            "destination_ipv6_cidr_block": "",
            "destination_prefix_list_id": "",
            "egress_only_gateway_id": "",
            "gateway_id": "",
            "id": "r-rtb-0d4866010da8c185e1080289494",
            "instance_id": "",
            "instance_owner_id": "",
            "local_gateway_id": "",
            "nat_gateway_id": "nat-00503e1cfbb5b4f46",
            "network_interface_id": "",
            "origin": "CreateRoute",
            "route_table_id": "rtb-0d4866010da8c185e",
            "state": "active",
            "timeouts": {
              "create": "5m",
              "delete": null,
              "update": null
            },
            "transit_gateway_id": "",
            "vpc_endpoint_id": "",
            "vpc_peering_connection_id": ""
          },
          "sensitive_attributes": [],
          "private": "eyJlMmJmYjczMC1lY2FhLTExZTYtOGY4OC0zNDM2M2JjN2M0YzAiOnsiY3JlYXRlIjozMDAwMDAwMDAwMDAsImRlbGV0ZSI6MzAwMDAwMDAwMDAwLCJ1cGRhdGUiOjEyMDAwMDAwMDAwMH19",
          "dependencies": [
            "module.networking.data.aws_availability_zones.available",
            "module.networking.module.vpc.aws_eip.nat",
            "module.networking.module.vpc.aws_internet_gateway.this",
            "module.networking.module.vpc.aws_nat_gateway.this",
            "module.networking.module.vpc.aws_route_table.private",
            "module.networking.module.vpc.aws_subnet.public",
            "module.networking.module.vpc.aws_vpc.this",
            "module.networking.module.vpc.aws_vpc_ipv4_cidr_block_association.this"
          ],
          "create_before_destroy": true
        }
      ]
    },
    {
      "module": "module.networking.module.vpc",
      "mode": "managed",
      "type": "aws_route",
      "name": "public_internet_gateway",
      "provider": "provider[\"registry.terraform.io/hashicorp/aws\"]",
      "instances": [
        {
          "index_key": 0,
          "schema_version": 0,
          "attributes": {
            "carrier_gateway_id": "",
            "core_network_arn": "",
            "destination_cidr_block": "0.0.0.0/0",
            "destination_ipv6_cidr_block": "",
            "destination_prefix_list_id": "",
            "egress_only_gateway_id": "",
            "gateway_id": "igw-081c7986b28cf719b",
            "id": "r-rtb-0e49e73749d40f2bc1080289494",
            "instance_id": "",
            "instance_owner_id": "",
            "local_gateway_id": "",
            "nat_gateway_id": "",
            "network_interface_id": "",
            "origin": "CreateRoute",
            "route_table_id": "rtb-0e49e73749d40f2bc",
            "state": "active",
            "timeouts": {
              "create": "5m",
              "delete": null,
              "update": null
            },
            "transit_gateway_id": "",
            "vpc_endpoint_id": "",
            "vpc_peering_connection_id": ""
          },
          "sensitive_attributes": [],
          "private": "eyJlMmJmYjczMC1lY2FhLTExZTYtOGY4OC0zNDM2M2JjN2M0YzAiOnsiY3JlYXRlIjozMDAwMDAwMDAwMDAsImRlbGV0ZSI6MzAwMDAwMDAwMDAwLCJ1cGRhdGUiOjEyMDAwMDAwMDAwMH19",
          "dependencies": [
            "module.networking.module.vpc.aws_internet_gateway.this",
            "module.networking.module.vpc.aws_route_table.public",
            "module.networking.module.vpc.aws_vpc.this",
            "module.networking.module.vpc.aws_vpc_ipv4_cidr_block_association.this"
          ],
          "create_before_destroy": true
        }
      ]
    },
    {
      "module": "module.networking.module.vpc",
      "mode": "managed",
      "type": "aws_route_table",
      "name": "private",
      "provider": "provider[\"registry.terraform.io/hashicorp/aws\"]",
      "instances": [
        {
          "index_key": 0,
          "schema_version": 0,
          "attributes": {
            "arn": "arn:aws:ec2:us-west-2:872224457307:route-table/rtb-0d4866010da8c185e",
            "id": "rtb-0d4866010da8c185e",
            "owner_id": "872224457307",
            "propagating_vgws": [],
            "route": [],
            "tags": {
              "Name": "spikademo-vpc-private"
            },
            "tags_all": {
              "Name": "spikademo-vpc-private"
            },
            "timeouts": null,
            "vpc_id": "vpc-0eaf4bc1bdedd7f53"
          },
          "sensitive_attributes": [],
          "private": "eyJlMmJmYjczMC1lY2FhLTExZTYtOGY4OC0zNDM2M2JjN2M0YzAiOnsiY3JlYXRlIjozMDAwMDAwMDAwMDAsImRlbGV0ZSI6MzAwMDAwMDAwMDAwLCJ1cGRhdGUiOjEyMDAwMDAwMDAwMH19",
          "dependencies": [
            "module.networking.data.aws_availability_zones.available",
            "module.networking.module.vpc.aws_vpc.this",
            "module.networking.module.vpc.aws_vpc_ipv4_cidr_block_association.this"
          ],
          "create_before_destroy": true
        }
      ]
    },
    {
      "module": "module.networking.module.vpc",
      "mode": "managed",
      "type": "aws_route_table",
      "name": "public",
      "provider": "provider[\"registry.terraform.io/hashicorp/aws\"]",
      "instances": [
        {
          "index_key": 0,
          "schema_version": 0,
          "attributes": {
            "arn": "arn:aws:ec2:us-west-2:872224457307:route-table/rtb-0e49e73749d40f2bc",
            "id": "rtb-0e49e73749d40f2bc",
            "owner_id": "872224457307",
            "propagating_vgws": [],
            "route": [],
            "tags": {
              "Name": "spikademo-vpc-public"
            },
            "tags_all": {
              "Name": "spikademo-vpc-public"
            },
            "timeouts": null,
            "vpc_id": "vpc-0eaf4bc1bdedd7f53"
          },
          "sensitive_attributes": [],
          "private": "eyJlMmJmYjczMC1lY2FhLTExZTYtOGY4OC0zNDM2M2JjN2M0YzAiOnsiY3JlYXRlIjozMDAwMDAwMDAwMDAsImRlbGV0ZSI6MzAwMDAwMDAwMDAwLCJ1cGRhdGUiOjEyMDAwMDAwMDAwMH19",
          "dependencies": [
            "module.networking.module.vpc.aws_vpc.this",
            "module.networking.module.vpc.aws_vpc_ipv4_cidr_block_association.this"
          ],
          "create_before_destroy": true
        }
      ]
    },
    {
      "module": "module.networking.module.vpc",
      "mode": "managed",
      "type": "aws_route_table_association",
      "name": "database",
      "provider": "provider[\"registry.terraform.io/hashicorp/aws\"]",
      "instances": [
        {
          "index_key": 0,
          "schema_version": 0,
          "attributes": {
            "gateway_id": "",
            "id": "rtbassoc-0698ace459d88c259",
            "route_table_id": "rtb-0d4866010da8c185e",
            "subnet_id": "subnet-0ab963858635308d1"
          },
          "sensitive_attributes": [],
          "private": "bnVsbA==",
          "dependencies": [
            "module.networking.data.aws_availability_zones.available",
            "module.networking.module.vpc.aws_route_table.database",
            "module.networking.module.vpc.aws_route_table.private",
            "module.networking.module.vpc.aws_subnet.database",
            "module.networking.module.vpc.aws_vpc.this",
            "module.networking.module.vpc.aws_vpc_ipv4_cidr_block_association.this"
          ],
          "create_before_destroy": true
        },
        {
          "index_key": 1,
          "schema_version": 0,
          "attributes": {
            "gateway_id": "",
            "id": "rtbassoc-07a30db8ecd1ef763",
            "route_table_id": "rtb-0d4866010da8c185e",
            "subnet_id": "subnet-0528bcab84c99249f"
          },
          "sensitive_attributes": [],
          "private": "bnVsbA==",
          "dependencies": [
            "module.networking.data.aws_availability_zones.available",
            "module.networking.module.vpc.aws_route_table.database",
            "module.networking.module.vpc.aws_route_table.private",
            "module.networking.module.vpc.aws_subnet.database",
            "module.networking.module.vpc.aws_vpc.this",
            "module.networking.module.vpc.aws_vpc_ipv4_cidr_block_association.this"
          ],
          "create_before_destroy": true
        }
      ]
    },
    {
      "module": "module.networking.module.vpc",
      "mode": "managed",
      "type": "aws_route_table_association",
      "name": "elasticache",
      "provider": "provider[\"registry.terraform.io/hashicorp/aws\"]",
      "instances": [
        {
          "index_key": 0,
          "schema_version": 0,
          "attributes": {
            "gateway_id": "",
            "id": "rtbassoc-0ad3848120f92fd9c",
            "route_table_id": "rtb-0d4866010da8c185e",
            "subnet_id": "subnet-01f407e068cdab935"
          },
          "sensitive_attributes": [],
          "private": "bnVsbA==",
          "dependencies": [
            "module.networking.data.aws_availability_zones.available",
            "module.networking.module.vpc.aws_route_table.elasticache",
            "module.networking.module.vpc.aws_route_table.private",
            "module.networking.module.vpc.aws_subnet.elasticache",
            "module.networking.module.vpc.aws_vpc.this",
            "module.networking.module.vpc.aws_vpc_ipv4_cidr_block_association.this"
          ],
          "create_before_destroy": true
        },
        {
          "index_key": 1,
          "schema_version": 0,
          "attributes": {
            "gateway_id": "",
            "id": "rtbassoc-058672a0fdff3d006",
            "route_table_id": "rtb-0d4866010da8c185e",
            "subnet_id": "subnet-009ffd7cb3f77f970"
          },
          "sensitive_attributes": [],
          "private": "bnVsbA==",
          "dependencies": [
            "module.networking.data.aws_availability_zones.available",
            "module.networking.module.vpc.aws_route_table.elasticache",
            "module.networking.module.vpc.aws_route_table.private",
            "module.networking.module.vpc.aws_subnet.elasticache",
            "module.networking.module.vpc.aws_vpc.this",
            "module.networking.module.vpc.aws_vpc_ipv4_cidr_block_association.this"
          ],
          "create_before_destroy": true
        }
      ]
    },
    {
      "module": "module.networking.module.vpc",
      "mode": "managed",
      "type": "aws_route_table_association",
      "name": "private",
      "provider": "provider[\"registry.terraform.io/hashicorp/aws\"]",
      "instances": [
        {
          "index_key": 0,
          "schema_version": 0,
          "attributes": {
            "gateway_id": "",
            "id": "rtbassoc-06231a2b1f2c5eeb0",
            "route_table_id": "rtb-0d4866010da8c185e",
            "subnet_id": "subnet-032f0f22faa7c5cd9"
          },
          "sensitive_attributes": [],
          "private": "bnVsbA==",
          "dependencies": [
            "module.networking.data.aws_availability_zones.available",
            "module.networking.module.vpc.aws_route_table.private",
            "module.networking.module.vpc.aws_subnet.private",
            "module.networking.module.vpc.aws_vpc.this",
            "module.networking.module.vpc.aws_vpc_ipv4_cidr_block_association.this"
          ],
          "create_before_destroy": true
        },
        {
          "index_key": 1,
          "schema_version": 0,
          "attributes": {
            "gateway_id": "",
            "id": "rtbassoc-094bd66c98cf41c1a",
            "route_table_id": "rtb-0d4866010da8c185e",
            "subnet_id": "subnet-080cef930068ccde5"
          },
          "sensitive_attributes": [],
          "private": "bnVsbA==",
          "dependencies": [
            "module.networking.data.aws_availability_zones.available",
            "module.networking.module.vpc.aws_route_table.private",
            "module.networking.module.vpc.aws_subnet.private",
            "module.networking.module.vpc.aws_vpc.this",
            "module.networking.module.vpc.aws_vpc_ipv4_cidr_block_association.this"
          ],
          "create_before_destroy": true
        }
      ]
    },
    {
      "module": "module.networking.module.vpc",
      "mode": "managed",
      "type": "aws_route_table_association",
      "name": "public",
      "provider": "provider[\"registry.terraform.io/hashicorp/aws\"]",
      "instances": [
        {
          "index_key": 0,
          "schema_version": 0,
          "attributes": {
            "gateway_id": "",
            "id": "rtbassoc-0ba873a22c6389dd9",
            "route_table_id": "rtb-0e49e73749d40f2bc",
            "subnet_id": "subnet-04e5b8d3a6bb2e157"
          },
          "sensitive_attributes": [],
          "private": "bnVsbA==",
          "dependencies": [
            "module.networking.data.aws_availability_zones.available",
            "module.networking.module.vpc.aws_route_table.public",
            "module.networking.module.vpc.aws_subnet.public",
            "module.networking.module.vpc.aws_vpc.this",
            "module.networking.module.vpc.aws_vpc_ipv4_cidr_block_association.this"
          ],
          "create_before_destroy": true
        },
        {
          "index_key": 1,
          "schema_version": 0,
          "attributes": {
            "gateway_id": "",
            "id": "rtbassoc-094d4c629cb5eaa03",
            "route_table_id": "rtb-0e49e73749d40f2bc",
            "subnet_id": "subnet-0bd6184044cf1da26"
          },
          "sensitive_attributes": [],
          "private": "bnVsbA==",
          "dependencies": [
            "module.networking.data.aws_availability_zones.available",
            "module.networking.module.vpc.aws_route_table.public",
            "module.networking.module.vpc.aws_subnet.public",
            "module.networking.module.vpc.aws_vpc.this",
            "module.networking.module.vpc.aws_vpc_ipv4_cidr_block_association.this"
          ],
          "create_before_destroy": true
        }
      ]
    },
    {
      "module": "module.networking.module.vpc",
      "mode": "managed",
      "type": "aws_subnet",
      "name": "database",
      "provider": "provider[\"registry.terraform.io/hashicorp/aws\"]",
      "instances": [
        {
          "index_key": 0,
          "schema_version": 1,
          "attributes": {
            "arn": "arn:aws:ec2:us-west-2:872224457307:subnet/subnet-0ab963858635308d1",
            "assign_ipv6_address_on_creation": false,
            "availability_zone": "us-west-2a",
            "availability_zone_id": "usw2-az2",
            "cidr_block": "10.0.3.0/24",
            "customer_owned_ipv4_pool": "",
            "enable_dns64": false,
            "enable_resource_name_dns_a_record_on_launch": false,
            "enable_resource_name_dns_aaaa_record_on_launch": false,
            "id": "subnet-0ab963858635308d1",
            "ipv6_cidr_block": "",
            "ipv6_cidr_block_association_id": "",
            "ipv6_native": false,
            "map_customer_owned_ip_on_launch": false,
            "map_public_ip_on_launch": false,
            "outpost_arn": "",
            "owner_id": "872224457307",
            "private_dns_hostname_type_on_launch": "ip-name",
            "tags": {
              "Name": "spikademo-vpc-db-us-west-2a"
            },
            "tags_all": {
              "Name": "spikademo-vpc-db-us-west-2a"
            },
            "timeouts": null,
            "vpc_id": "vpc-0eaf4bc1bdedd7f53"
          },
          "sensitive_attributes": [],
          "private": "eyJlMmJmYjczMC1lY2FhLTExZTYtOGY4OC0zNDM2M2JjN2M0YzAiOnsiY3JlYXRlIjo2MDAwMDAwMDAwMDAsImRlbGV0ZSI6MTIwMDAwMDAwMDAwMH0sInNjaGVtYV92ZXJzaW9uIjoiMSJ9",
          "dependencies": [
            "module.networking.data.aws_availability_zones.available",
            "module.networking.module.vpc.aws_vpc.this",
            "module.networking.module.vpc.aws_vpc_ipv4_cidr_block_association.this"
          ],
          "create_before_destroy": true
        },
        {
          "index_key": 1,
          "schema_version": 1,
          "attributes": {
            "arn": "arn:aws:ec2:us-west-2:872224457307:subnet/subnet-0528bcab84c99249f",
            "assign_ipv6_address_on_creation": false,
            "availability_zone": "us-west-2b",
            "availability_zone_id": "usw2-az1",
            "cidr_block": "10.0.4.0/24",
            "customer_owned_ipv4_pool": "",
            "enable_dns64": false,
            "enable_resource_name_dns_a_record_on_launch": false,
            "enable_resource_name_dns_aaaa_record_on_launch": false,
            "id": "subnet-0528bcab84c99249f",
            "ipv6_cidr_block": "",
            "ipv6_cidr_block_association_id": "",
            "ipv6_native": false,
            "map_customer_owned_ip_on_launch": false,
            "map_public_ip_on_launch": false,
            "outpost_arn": "",
            "owner_id": "872224457307",
            "private_dns_hostname_type_on_launch": "ip-name",
            "tags": {
              "Name": "spikademo-vpc-db-us-west-2b"
            },
            "tags_all": {
              "Name": "spikademo-vpc-db-us-west-2b"
            },
            "timeouts": null,
            "vpc_id": "vpc-0eaf4bc1bdedd7f53"
          },
          "sensitive_attributes": [],
          "private": "eyJlMmJmYjczMC1lY2FhLTExZTYtOGY4OC0zNDM2M2JjN2M0YzAiOnsiY3JlYXRlIjo2MDAwMDAwMDAwMDAsImRlbGV0ZSI6MTIwMDAwMDAwMDAwMH0sInNjaGVtYV92ZXJzaW9uIjoiMSJ9",
          "dependencies": [
            "module.networking.data.aws_availability_zones.available",
            "module.networking.module.vpc.aws_vpc.this",
            "module.networking.module.vpc.aws_vpc_ipv4_cidr_block_association.this"
          ],
          "create_before_destroy": true
        }
      ]
    },
    {
      "module": "module.networking.module.vpc",
      "mode": "managed",
      "type": "aws_subnet",
      "name": "elasticache",
      "provider": "provider[\"registry.terraform.io/hashicorp/aws\"]",
      "instances": [
        {
          "index_key": 0,
          "schema_version": 1,
          "attributes": {
            "arn": "arn:aws:ec2:us-west-2:872224457307:subnet/subnet-01f407e068cdab935",
            "assign_ipv6_address_on_creation": false,
            "availability_zone": "us-west-2a",
            "availability_zone_id": "usw2-az2",
            "cidr_block": "10.0.5.0/24",
            "customer_owned_ipv4_pool": "",
            "enable_dns64": false,
            "enable_resource_name_dns_a_record_on_launch": false,
            "enable_resource_name_dns_aaaa_record_on_launch": false,
            "id": "subnet-01f407e068cdab935",
            "ipv6_cidr_block": "",
            "ipv6_cidr_block_association_id": "",
            "ipv6_native": false,
            "map_customer_owned_ip_on_launch": false,
            "map_public_ip_on_launch": false,
            "outpost_arn": "",
            "owner_id": "872224457307",
            "private_dns_hostname_type_on_launch": "ip-name",
            "tags": {
              "Name": "spikademo-vpc-elasticache-us-west-2a"
            },
            "tags_all": {
              "Name": "spikademo-vpc-elasticache-us-west-2a"
            },
            "timeouts": null,
            "vpc_id": "vpc-0eaf4bc1bdedd7f53"
          },
          "sensitive_attributes": [],
          "private": "eyJlMmJmYjczMC1lY2FhLTExZTYtOGY4OC0zNDM2M2JjN2M0YzAiOnsiY3JlYXRlIjo2MDAwMDAwMDAwMDAsImRlbGV0ZSI6MTIwMDAwMDAwMDAwMH0sInNjaGVtYV92ZXJzaW9uIjoiMSJ9",
          "dependencies": [
            "module.networking.data.aws_availability_zones.available",
            "module.networking.module.vpc.aws_vpc.this",
            "module.networking.module.vpc.aws_vpc_ipv4_cidr_block_association.this"
          ],
          "create_before_destroy": true
        },
        {
          "index_key": 1,
          "schema_version": 1,
          "attributes": {
            "arn": "arn:aws:ec2:us-west-2:872224457307:subnet/subnet-009ffd7cb3f77f970",
            "assign_ipv6_address_on_creation": false,
            "availability_zone": "us-west-2b",
            "availability_zone_id": "usw2-az1",
            "cidr_block": "10.0.6.0/24",
            "customer_owned_ipv4_pool": "",
            "enable_dns64": false,
            "enable_resource_name_dns_a_record_on_launch": false,
            "enable_resource_name_dns_aaaa_record_on_launch": false,
            "id": "subnet-009ffd7cb3f77f970",
            "ipv6_cidr_block": "",
            "ipv6_cidr_block_association_id": "",
            "ipv6_native": false,
            "map_customer_owned_ip_on_launch": false,
            "map_public_ip_on_launch": false,
            "outpost_arn": "",
            "owner_id": "872224457307",
            "private_dns_hostname_type_on_launch": "ip-name",
            "tags": {
              "Name": "spikademo-vpc-elasticache-us-west-2b"
            },
            "tags_all": {
              "Name": "spikademo-vpc-elasticache-us-west-2b"
            },
            "timeouts": null,
            "vpc_id": "vpc-0eaf4bc1bdedd7f53"
          },
          "sensitive_attributes": [],
          "private": "eyJlMmJmYjczMC1lY2FhLTExZTYtOGY4OC0zNDM2M2JjN2M0YzAiOnsiY3JlYXRlIjo2MDAwMDAwMDAwMDAsImRlbGV0ZSI6MTIwMDAwMDAwMDAwMH0sInNjaGVtYV92ZXJzaW9uIjoiMSJ9",
          "dependencies": [
            "module.networking.data.aws_availability_zones.available",
            "module.networking.module.vpc.aws_vpc.this",
            "module.networking.module.vpc.aws_vpc_ipv4_cidr_block_association.this"
          ],
          "create_before_destroy": true
        }
      ]
    },
    {
      "module": "module.networking.module.vpc",
      "mode": "managed",
      "type": "aws_subnet",
      "name": "private",
      "provider": "provider[\"registry.terraform.io/hashicorp/aws\"]",
      "instances": [
        {
          "index_key": 0,
          "schema_version": 1,
          "attributes": {
            "arn": "arn:aws:ec2:us-west-2:872224457307:subnet/subnet-032f0f22faa7c5cd9",
            "assign_ipv6_address_on_creation": false,
            "availability_zone": "us-west-2a",
            "availability_zone_id": "usw2-az2",
            "cidr_block": "10.0.1.0/24",
            "customer_owned_ipv4_pool": "",
            "enable_dns64": false,
            "enable_resource_name_dns_a_record_on_launch": false,
            "enable_resource_name_dns_aaaa_record_on_launch": false,
            "id": "subnet-032f0f22faa7c5cd9",
            "ipv6_cidr_block": "",
            "ipv6_cidr_block_association_id": "",
            "ipv6_native": false,
            "map_customer_owned_ip_on_launch": false,
            "map_public_ip_on_launch": false,
            "outpost_arn": "",
            "owner_id": "872224457307",
            "private_dns_hostname_type_on_launch": "ip-name",
            "tags": {
              "Name": "spikademo-vpc-private-us-west-2a"
            },
            "tags_all": {
              "Name": "spikademo-vpc-private-us-west-2a"
            },
            "timeouts": null,
            "vpc_id": "vpc-0eaf4bc1bdedd7f53"
          },
          "sensitive_attributes": [],
          "private": "eyJlMmJmYjczMC1lY2FhLTExZTYtOGY4OC0zNDM2M2JjN2M0YzAiOnsiY3JlYXRlIjo2MDAwMDAwMDAwMDAsImRlbGV0ZSI6MTIwMDAwMDAwMDAwMH0sInNjaGVtYV92ZXJzaW9uIjoiMSJ9",
          "dependencies": [
            "module.networking.data.aws_availability_zones.available",
            "module.networking.module.vpc.aws_vpc.this",
            "module.networking.module.vpc.aws_vpc_ipv4_cidr_block_association.this"
          ],
          "create_before_destroy": true
        },
        {
          "index_key": 1,
          "schema_version": 1,
          "attributes": {
            "arn": "arn:aws:ec2:us-west-2:872224457307:subnet/subnet-080cef930068ccde5",
            "assign_ipv6_address_on_creation": false,
            "availability_zone": "us-west-2b",
            "availability_zone_id": "usw2-az1",
            "cidr_block": "10.0.2.0/24",
            "customer_owned_ipv4_pool": "",
            "enable_dns64": false,
            "enable_resource_name_dns_a_record_on_launch": false,
            "enable_resource_name_dns_aaaa_record_on_launch": false,
            "id": "subnet-080cef930068ccde5",
            "ipv6_cidr_block": "",
            "ipv6_cidr_block_association_id": "",
            "ipv6_native": false,
            "map_customer_owned_ip_on_launch": false,
            "map_public_ip_on_launch": false,
            "outpost_arn": "",
            "owner_id": "872224457307",
            "private_dns_hostname_type_on_launch": "ip-name",
            "tags": {
              "Name": "spikademo-vpc-private-us-west-2b"
            },
            "tags_all": {
              "Name": "spikademo-vpc-private-us-west-2b"
            },
            "timeouts": null,
            "vpc_id": "vpc-0eaf4bc1bdedd7f53"
          },
          "sensitive_attributes": [],
          "private": "eyJlMmJmYjczMC1lY2FhLTExZTYtOGY4OC0zNDM2M2JjN2M0YzAiOnsiY3JlYXRlIjo2MDAwMDAwMDAwMDAsImRlbGV0ZSI6MTIwMDAwMDAwMDAwMH0sInNjaGVtYV92ZXJzaW9uIjoiMSJ9",
          "dependencies": [
            "module.networking.data.aws_availability_zones.available",
            "module.networking.module.vpc.aws_vpc.this",
            "module.networking.module.vpc.aws_vpc_ipv4_cidr_block_association.this"
          ],
          "create_before_destroy": true
        }
      ]
    },
    {
      "module": "module.networking.module.vpc",
      "mode": "managed",
      "type": "aws_subnet",
      "name": "public",
      "provider": "provider[\"registry.terraform.io/hashicorp/aws\"]",
      "instances": [
        {
          "index_key": 0,
          "schema_version": 1,
          "attributes": {
            "arn": "arn:aws:ec2:us-west-2:872224457307:subnet/subnet-04e5b8d3a6bb2e157",
            "assign_ipv6_address_on_creation": false,
            "availability_zone": "us-west-2a",
            "availability_zone_id": "usw2-az2",
            "cidr_block": "10.0.101.0/24",
            "customer_owned_ipv4_pool": "",
            "enable_dns64": false,
            "enable_resource_name_dns_a_record_on_launch": false,
            "enable_resource_name_dns_aaaa_record_on_launch": false,
            "id": "subnet-04e5b8d3a6bb2e157",
            "ipv6_cidr_block": "",
            "ipv6_cidr_block_association_id": "",
            "ipv6_native": false,
            "map_customer_owned_ip_on_launch": false,
            "map_public_ip_on_launch": true,
            "outpost_arn": "",
            "owner_id": "872224457307",
            "private_dns_hostname_type_on_launch": "ip-name",
            "tags": {
              "Name": "spikademo-vpc-public-us-west-2a"
            },
            "tags_all": {
              "Name": "spikademo-vpc-public-us-west-2a"
            },
            "timeouts": null,
            "vpc_id": "vpc-0eaf4bc1bdedd7f53"
          },
          "sensitive_attributes": [],
          "private": "eyJlMmJmYjczMC1lY2FhLTExZTYtOGY4OC0zNDM2M2JjN2M0YzAiOnsiY3JlYXRlIjo2MDAwMDAwMDAwMDAsImRlbGV0ZSI6MTIwMDAwMDAwMDAwMH0sInNjaGVtYV92ZXJzaW9uIjoiMSJ9",
          "dependencies": [
            "module.networking.data.aws_availability_zones.available",
            "module.networking.module.vpc.aws_vpc.this",
            "module.networking.module.vpc.aws_vpc_ipv4_cidr_block_association.this"
          ],
          "create_before_destroy": true
        },
        {
          "index_key": 1,
          "schema_version": 1,
          "attributes": {
            "arn": "arn:aws:ec2:us-west-2:872224457307:subnet/subnet-0bd6184044cf1da26",
            "assign_ipv6_address_on_creation": false,
            "availability_zone": "us-west-2b",
            "availability_zone_id": "usw2-az1",
            "cidr_block": "10.0.102.0/24",
            "customer_owned_ipv4_pool": "",
            "enable_dns64": false,
            "enable_resource_name_dns_a_record_on_launch": false,
            "enable_resource_name_dns_aaaa_record_on_launch": false,
            "id": "subnet-0bd6184044cf1da26",
            "ipv6_cidr_block": "",
            "ipv6_cidr_block_association_id": "",
            "ipv6_native": false,
            "map_customer_owned_ip_on_launch": false,
            "map_public_ip_on_launch": true,
            "outpost_arn": "",
            "owner_id": "872224457307",
            "private_dns_hostname_type_on_launch": "ip-name",
            "tags": {
              "Name": "spikademo-vpc-public-us-west-2b"
            },
            "tags_all": {
              "Name": "spikademo-vpc-public-us-west-2b"
            },
            "timeouts": null,
            "vpc_id": "vpc-0eaf4bc1bdedd7f53"
          },
          "sensitive_attributes": [],
          "private": "eyJlMmJmYjczMC1lY2FhLTExZTYtOGY4OC0zNDM2M2JjN2M0YzAiOnsiY3JlYXRlIjo2MDAwMDAwMDAwMDAsImRlbGV0ZSI6MTIwMDAwMDAwMDAwMH0sInNjaGVtYV92ZXJzaW9uIjoiMSJ9",
          "dependencies": [
            "module.networking.data.aws_availability_zones.available",
            "module.networking.module.vpc.aws_vpc.this",
            "module.networking.module.vpc.aws_vpc_ipv4_cidr_block_association.this"
          ],
          "create_before_destroy": true
        }
      ]
    },
    {
      "module": "module.networking.module.vpc",
      "mode": "managed",
      "type": "aws_vpc",
      "name": "this",
      "provider": "provider[\"registry.terraform.io/hashicorp/aws\"]",
      "instances": [
        {
          "index_key": 0,
          "schema_version": 1,
          "attributes": {
            "arn": "arn:aws:ec2:us-west-2:872224457307:vpc/vpc-0eaf4bc1bdedd7f53",
            "assign_generated_ipv6_cidr_block": false,
            "cidr_block": "10.0.0.0/16",
            "default_network_acl_id": "acl-08146f1804c1daa2e",
            "default_route_table_id": "rtb-065cc153e1f9cdd4d",
            "default_security_group_id": "sg-0ff7fb1b440db77d4",
            "dhcp_options_id": "dopt-47fee32f",
            "enable_classiclink": false,
            "enable_classiclink_dns_support": false,
            "enable_dns_hostnames": true,
            "enable_dns_support": true,
            "enable_network_address_usage_metrics": false,
            "id": "vpc-0eaf4bc1bdedd7f53",
            "instance_tenancy": "default",
            "ipv4_ipam_pool_id": null,
            "ipv4_netmask_length": null,
            "ipv6_association_id": "",
            "ipv6_cidr_block": "",
            "ipv6_cidr_block_network_border_group": "",
            "ipv6_ipam_pool_id": "",
            "ipv6_netmask_length": 0,
            "main_route_table_id": "rtb-065cc153e1f9cdd4d",
            "owner_id": "872224457307",
            "tags": {
              "Name": "spikademo-vpc"
            },
            "tags_all": {
              "Name": "spikademo-vpc"
            }
          },
          "sensitive_attributes": [],
          "private": "eyJzY2hlbWFfdmVyc2lvbiI6IjEifQ==",
          "create_before_destroy": true
        }
      ]
    },
    {
      "module": "module.queue",
      "mode": "managed",
      "type": "aws_mq_broker",
      "name": "main",
      "provider": "provider[\"registry.terraform.io/hashicorp/aws\"]",
      "instances": [
        {
          "schema_version": 0,
          "attributes": {
            "apply_immediately": false,
            "arn": "arn:aws:mq:us-west-2:872224457307:broker:main:b-533af4ce-4ea1-4382-bf31-8ea6456f1071",
            "authentication_strategy": "simple",
            "auto_minor_version_upgrade": false,
            "broker_name": "main",
            "configuration": [],
            "deployment_mode": "SINGLE_INSTANCE",
            "encryption_options": [
              {
                "kms_key_id": "",
                "use_aws_owned_key": true
              }
            ],
            "engine_type": "RabbitMQ",
            "engine_version": "3.8.22",
            "host_instance_type": "mq.t3.micro",
            "id": "b-533af4ce-4ea1-4382-bf31-8ea6456f1071",
            "instances": [
              {
                "console_url": "https://b-533af4ce-4ea1-4382-bf31-8ea6456f1071.mq.us-west-2.amazonaws.com",
                "endpoints": [
                  "amqps://b-533af4ce-4ea1-4382-bf31-8ea6456f1071.mq.us-west-2.amazonaws.com:5671"
                ],
                "ip_address": ""
              }
            ],
            "ldap_server_metadata": [],
            "logs": [
              {
                "audit": "",
                "general": false
              }
            ],
            "maintenance_window_start_time": [
              {
                "day_of_week": "WEDNESDAY",
                "time_of_day": "21:00",
                "time_zone": "UTC"
              }
            ],
            "publicly_accessible": false,
            "security_groups": [
              "sg-0b65661d92ceb618f"
            ],
            "storage_type": "ebs",
            "subnet_ids": [
              "subnet-04e5b8d3a6bb2e157"
            ],
            "tags": null,
            "tags_all": {},
            "timeouts": null,
            "user": [
              {
                "console_access": false,
                "groups": [],
                "password": "S6o2Q45ooNye1pkC",
                "username": "spikaqueue"
              }
            ]
          },
          "sensitive_attributes": [
            [
              {
                "type": "get_attr",
                "value": "user"
              }
            ]
          ],
          "private": "eyJlMmJmYjczMC1lY2FhLTExZTYtOGY4OC0zNDM2M2JjN2M0YzAiOnsiY3JlYXRlIjoxODAwMDAwMDAwMDAwLCJkZWxldGUiOjE4MDAwMDAwMDAwMDAsInVwZGF0ZSI6MTgwMDAwMDAwMDAwMH19",
          "dependencies": [
            "module.networking.aws_security_group.allow_pub",
            "module.networking.data.aws_availability_zones.available",
            "module.networking.module.vpc.aws_subnet.public",
            "module.networking.module.vpc.aws_vpc.this",
            "module.networking.module.vpc.aws_vpc_ipv4_cidr_block_association.this",
            "random_password.queue_pass"
          ],
          "create_before_destroy": true
        }
      ]
    },
    {
      "module": "module.ssh-key",
      "mode": "managed",
      "type": "aws_key_pair",
      "name": "key_pair",
      "provider": "provider[\"registry.terraform.io/hashicorp/aws\"]",
      "instances": [
        {
          "schema_version": 1,
          "attributes": {
            "arn": "arn:aws:ec2:us-west-2:872224457307:key-pair/spikademo-key",
            "fingerprint": "7d:80:2f:4a:d0:b4:7f:46:80:ea:c6:d7:22:b4:8a:cd",
            "id": "spikademo-key",
            "key_name": "spikademo-key",
            "key_name_prefix": "",
            "key_pair_id": "key-060e14f3c73e7e274",
            "key_type": "rsa",
            "public_key": "ssh-rsa AAAAB3NzaC1yc2EAAAADAQABAAABAQC8UeMpMYhCIjg+qkWsSaD6gHeJDuia9ZlPUwJBRzaYoALN5wgwJ1+9AjB4ROcGGqK7vxzXYfJUkja5qYem645pYIVYRdRpsKOAW5AI2mSHJ9c32WLx/XKNgfer/HEwHa4e6nunXRPFrmCjEzb2gPhCiIj4IsopyRdGxfLLDg5io5DPvg1T+ou+HbCEJEQcZQWHrfDEloTax3C887QkhOYkHEpTK0IAyHPwPcbLFoS2JwrT7V2sWfLM2ip7DRCkp5V0F5suIj3ltUIm2JRyJETwcbqZzNwXGxpFREu2DSAWJf0ZOTNPTFLF0QER42e+J8Xo1MxyeZdQ5/q8PK3XKoRt",
            "tags": null,
            "tags_all": {}
          },
          "sensitive_attributes": [],
          "private": "eyJzY2hlbWFfdmVyc2lvbiI6IjEifQ==",
          "dependencies": [
            "module.ssh-key.tls_private_key.key"
          ],
          "create_before_destroy": true
        }
      ]
    },
    {
      "module": "module.ssh-key",
      "mode": "managed",
      "type": "local_file",
      "name": "private_key",
      "provider": "provider[\"registry.terraform.io/hashicorp/local\"]",
      "instances": [
        {
          "schema_version": 0,
          "attributes": {
            "content": null,
            "content_base64": null,
            "directory_permission": "0777",
            "file_permission": "0400",
            "filename": "spikademo-key.pem",
            "id": "4ef043ca87b01d5273fa3d7732f47b7d0da277ae",
            "sensitive_content": "-----BEGIN RSA PRIVATE KEY-----\nMIIEpAIBAAKCAQEAvFHjKTGIQiI4PqpFrEmg+oB3iQ7omvWZT1MCQUc2mKACzecI\nMCdfvQIweETnBhqiu78c12HyVJI2uamHpuuOaWCFWEXUabCjgFuQCNpkhyfXN9li\n8f1yjYH3q/xxMB2uHup7p10Txa5goxM29oD4QoiI+CLKKckXRsXyyw4OYqOQz74N\nU/qLvh2whCREHGUFh63wxJaE2sdwvPO0JITmJBxKUytCAMhz8D3GyxaEticK0+1d\nrFnyzNoqew0QpKeVdBebLiI95bVCJtiUciRE8HG6mczcFxsaRURLtg0gFiX9GTkz\nT0xSxdEBEeNnvifF6NTMcnmXUOf6vDyt1yqEbQIDAQABAoIBAH2QF+dSeGioClp2\nC4iJe0UrPQhsoVkY4oTKcxl1UwjGv7fsEECTMDmE6S53upYOUmzeS2usifgrmUOH\nrsP0EXtfeOlXff6OYSXnZw0QGLEpNk2tq1RwSd3iR3IsGogbcgp5C8OWwuUulI6G\n9EG90koCYVkZUTQ1OUjeGTmcgKjxAPeR71JjOaxKDIhJPegu7u/DKNDWa3tWy0vS\n21fHA+W38vL9ogFmZPdqcP4evIQv1IlGcb8/yT6VsSMAjpTLeq7nHGsfwSXXVTu6\nkBBw2h5/NcQ+DtfXVAiARFltMiSXewlSa8geq0zRz8GnPpgcwHNemWpJPDXIYR7h\nUkx7e8ECgYEA+n+yhieZ02+JlpFzfQX/rF7H20BXrdj+ZQwTUeCMxBDHil5kDRao\nqs83Q1y5C6kivI8zblZ7OJHqhVxgiF1Ss6QrAVmr6n0NuL4UOwlT7Nyfg4J/UVgo\nMcSLdwKVtlN10dZ0uX/hXerceXYf0ZQNiz+VTA/OrcYb/SlfpKqREpECgYEAwHSe\n0V6kCLfSnOVUHLyUa7uqflxb93Jxc30ZE2lxtI1LdEytEmPbKyAsbulI0Vza0rkn\nJL/Y/rPWwPYZf1wihPbL948ho6TIlZI5HeMEb03vkJtNaB9ikowq9LC9MlEQcz7k\nbvgCRhw08NqpQEVBM97RcErv0T2r9+gvNNtFyh0CgYEAtunuAzYBhjno3vBgw0dR\nFZ20FC5cl85enIx/wwbT4wtZmXkpV8FW8jsTYHXhjVk4yzVJ2eT+XyV1eWIl/w0e\nKZzT5k2DUlt0XJU3kpBSHyBOvinZLB3SY9zf9cwGZDd3Tf1qCFYPy5OG4I5X16Jj\nbW3FZ+AXDB8gKvE+LLB79HECgYEAskfWD5GiVskie2Edh/lRbHNOPvwD3bfQTPGn\n1wmo4V66dSPKd+y0zMBjKONGJ1vjAa2vCyYFN/0UhW/0sryA5bdRvySCPvuZLKVl\n77+rDgieUdDr5fac87CQ4lcPDJt3p6qtJfbs9FGQ4UVN4FHHUuuoDGP+wFBnC6G0\niTxO7CkCgYASneFCwBbglb0QRH4sKR/VWHKPj4b1kO0tMnLOLpMa+mBRsnUbuwIg\ngvD344I97hAllT32UuNwgVaHigR1/cCRv3xpJdBEQPXr6nSQu18tBbypETBQK0gu\nY/WAvPG3LTpBvcImEbYknW5lsGeqEQKPpaK6B5OkgJ+j/Pwd04UQMg==\n-----END RSA PRIVATE KEY-----\n",
            "source": null
          },
          "sensitive_attributes": [
            [
              {
                "type": "get_attr",
                "value": "sensitive_content"
              }
            ]
          ],
          "private": "bnVsbA==",
          "dependencies": [
            "module.ssh-key.tls_private_key.key"
          ]
        }
      ]
    },
    {
      "module": "module.ssh-key",
      "mode": "managed",
      "type": "tls_private_key",
      "name": "key",
      "provider": "provider[\"registry.terraform.io/hashicorp/tls\"]",
      "instances": [
        {
          "schema_version": 1,
          "attributes": {
            "algorithm": "RSA",
            "ecdsa_curve": "P224",
            "id": "2270163d9cad980d3bf37af2746a25a97118a0a0",
            "private_key_openssh": "-----BEGIN OPENSSH PRIVATE KEY-----\nb3BlbnNzaC1rZXktdjEAAAAABG5vbmUAAAAEbm9uZQAAAAAAAAABAAABFwAAAAdz\nc2gtcnNhAAAAAwEAAQAAAQEAvFHjKTGIQiI4PqpFrEmg+oB3iQ7omvWZT1MCQUc2\nmKACzecIMCdfvQIweETnBhqiu78c12HyVJI2uamHpuuOaWCFWEXUabCjgFuQCNpk\nhyfXN9li8f1yjYH3q/xxMB2uHup7p10Txa5goxM29oD4QoiI+CLKKckXRsXyyw4O\nYqOQz74NU/qLvh2whCREHGUFh63wxJaE2sdwvPO0JITmJBxKUytCAMhz8D3GyxaE\nticK0+1drFnyzNoqew0QpKeVdBebLiI95bVCJtiUciRE8HG6mczcFxsaRURLtg0g\nFiX9GTkzT0xSxdEBEeNnvifF6NTMcnmXUOf6vDyt1yqEbQAAA7g/y7VKP8u1SgAA\nAAdzc2gtcnNhAAABAQC8UeMpMYhCIjg+qkWsSaD6gHeJDuia9ZlPUwJBRzaYoALN\n5wgwJ1+9AjB4ROcGGqK7vxzXYfJUkja5qYem645pYIVYRdRpsKOAW5AI2mSHJ9c3\n2WLx/XKNgfer/HEwHa4e6nunXRPFrmCjEzb2gPhCiIj4IsopyRdGxfLLDg5io5DP\nvg1T+ou+HbCEJEQcZQWHrfDEloTax3C887QkhOYkHEpTK0IAyHPwPcbLFoS2JwrT\n7V2sWfLM2ip7DRCkp5V0F5suIj3ltUIm2JRyJETwcbqZzNwXGxpFREu2DSAWJf0Z\nOTNPTFLF0QER42e+J8Xo1MxyeZdQ5/q8PK3XKoRtAAAAAwEAAQAAAQB9kBfnUnho\nqApadguIiXtFKz0IbKFZGOKEynMZdVMIxr+37BBAkzA5hOkud7qWDlJs3ktrrIn4\nK5lDh67D9BF7X3jpV33+jmEl52cNEBixKTZNratUcEnd4kdyLBqIG3IKeQvDlsLl\nLpSOhvRBvdJKAmFZGVE0NTlI3hk5nICo8QD3ke9SYzmsSgyIST3oLu7vwyjQ1mt7\nVstL0ttXxwPlt/Ly/aIBZmT3anD+HryEL9SJRnG/P8k+lbEjAI6Uy3qu5xxrH8El\n11U7upAQcNoefzXEPg7X11QIgERZbTIkl3sJUmvIHqtM0c/Bpz6YHMBzXplqSTw1\nyGEe4VJMe3vBAAAAgBKd4ULAFuCVvRBEfiwpH9VYco+PhvWQ7S0ycs4ukxr6YFGy\ndRu7AiCC8Pfjgj3uECWVPfZS43CBVoeKBHX9wJG/fGkl0ERA9evqdJC7Xy0FvKkR\nMFArSC5j9YC88bctOkG9wiYRtiSdbmWwZ6oRAo+loroHk6SAn6P8/B3ThRAyAAAA\ngQD6f7KGJ5nTb4mWkXN9Bf+sXsfbQFet2P5lDBNR4IzEEMeKXmQNFqiqzzdDXLkL\nqSK8jzNuVns4keqFXGCIXVKzpCsBWavqfQ24vhQ7CVPs3J+Dgn9RWCgxxIt3ApW2\nU3XR1nS5f+Fd6tx5dh/RlA2LP5VMD86txhv9KV+kqpESkQAAAIEAwHSe0V6kCLfS\nnOVUHLyUa7uqflxb93Jxc30ZE2lxtI1LdEytEmPbKyAsbulI0Vza0rknJL/Y/rPW\nwPYZf1wihPbL948ho6TIlZI5HeMEb03vkJtNaB9ikowq9LC9MlEQcz7kbvgCRhw0\n8NqpQEVBM97RcErv0T2r9+gvNNtFyh0AAAAAAQID\n-----END OPENSSH PRIVATE KEY-----\n",
            "private_key_pem": "-----BEGIN RSA PRIVATE KEY-----\nMIIEpAIBAAKCAQEAvFHjKTGIQiI4PqpFrEmg+oB3iQ7omvWZT1MCQUc2mKACzecI\nMCdfvQIweETnBhqiu78c12HyVJI2uamHpuuOaWCFWEXUabCjgFuQCNpkhyfXN9li\n8f1yjYH3q/xxMB2uHup7p10Txa5goxM29oD4QoiI+CLKKckXRsXyyw4OYqOQz74N\nU/qLvh2whCREHGUFh63wxJaE2sdwvPO0JITmJBxKUytCAMhz8D3GyxaEticK0+1d\nrFnyzNoqew0QpKeVdBebLiI95bVCJtiUciRE8HG6mczcFxsaRURLtg0gFiX9GTkz\nT0xSxdEBEeNnvifF6NTMcnmXUOf6vDyt1yqEbQIDAQABAoIBAH2QF+dSeGioClp2\nC4iJe0UrPQhsoVkY4oTKcxl1UwjGv7fsEECTMDmE6S53upYOUmzeS2usifgrmUOH\nrsP0EXtfeOlXff6OYSXnZw0QGLEpNk2tq1RwSd3iR3IsGogbcgp5C8OWwuUulI6G\n9EG90koCYVkZUTQ1OUjeGTmcgKjxAPeR71JjOaxKDIhJPegu7u/DKNDWa3tWy0vS\n21fHA+W38vL9ogFmZPdqcP4evIQv1IlGcb8/yT6VsSMAjpTLeq7nHGsfwSXXVTu6\nkBBw2h5/NcQ+DtfXVAiARFltMiSXewlSa8geq0zRz8GnPpgcwHNemWpJPDXIYR7h\nUkx7e8ECgYEA+n+yhieZ02+JlpFzfQX/rF7H20BXrdj+ZQwTUeCMxBDHil5kDRao\nqs83Q1y5C6kivI8zblZ7OJHqhVxgiF1Ss6QrAVmr6n0NuL4UOwlT7Nyfg4J/UVgo\nMcSLdwKVtlN10dZ0uX/hXerceXYf0ZQNiz+VTA/OrcYb/SlfpKqREpECgYEAwHSe\n0V6kCLfSnOVUHLyUa7uqflxb93Jxc30ZE2lxtI1LdEytEmPbKyAsbulI0Vza0rkn\nJL/Y/rPWwPYZf1wihPbL948ho6TIlZI5HeMEb03vkJtNaB9ikowq9LC9MlEQcz7k\nbvgCRhw08NqpQEVBM97RcErv0T2r9+gvNNtFyh0CgYEAtunuAzYBhjno3vBgw0dR\nFZ20FC5cl85enIx/wwbT4wtZmXkpV8FW8jsTYHXhjVk4yzVJ2eT+XyV1eWIl/w0e\nKZzT5k2DUlt0XJU3kpBSHyBOvinZLB3SY9zf9cwGZDd3Tf1qCFYPy5OG4I5X16Jj\nbW3FZ+AXDB8gKvE+LLB79HECgYEAskfWD5GiVskie2Edh/lRbHNOPvwD3bfQTPGn\n1wmo4V66dSPKd+y0zMBjKONGJ1vjAa2vCyYFN/0UhW/0sryA5bdRvySCPvuZLKVl\n77+rDgieUdDr5fac87CQ4lcPDJt3p6qtJfbs9FGQ4UVN4FHHUuuoDGP+wFBnC6G0\niTxO7CkCgYASneFCwBbglb0QRH4sKR/VWHKPj4b1kO0tMnLOLpMa+mBRsnUbuwIg\ngvD344I97hAllT32UuNwgVaHigR1/cCRv3xpJdBEQPXr6nSQu18tBbypETBQK0gu\nY/WAvPG3LTpBvcImEbYknW5lsGeqEQKPpaK6B5OkgJ+j/Pwd04UQMg==\n-----END RSA PRIVATE KEY-----\n",
            "private_key_pem_pkcs8": "-----BEGIN PRIVATE KEY-----\nMIIEvgIBADANBgkqhkiG9w0BAQEFAASCBKgwggSkAgEAAoIBAQC8UeMpMYhCIjg+\nqkWsSaD6gHeJDuia9ZlPUwJBRzaYoALN5wgwJ1+9AjB4ROcGGqK7vxzXYfJUkja5\nqYem645pYIVYRdRpsKOAW5AI2mSHJ9c32WLx/XKNgfer/HEwHa4e6nunXRPFrmCj\nEzb2gPhCiIj4IsopyRdGxfLLDg5io5DPvg1T+ou+HbCEJEQcZQWHrfDEloTax3C8\n87QkhOYkHEpTK0IAyHPwPcbLFoS2JwrT7V2sWfLM2ip7DRCkp5V0F5suIj3ltUIm\n2JRyJETwcbqZzNwXGxpFREu2DSAWJf0ZOTNPTFLF0QER42e+J8Xo1MxyeZdQ5/q8\nPK3XKoRtAgMBAAECggEAfZAX51J4aKgKWnYLiIl7RSs9CGyhWRjihMpzGXVTCMa/\nt+wQQJMwOYTpLne6lg5SbN5La6yJ+CuZQ4euw/QRe1946Vd9/o5hJednDRAYsSk2\nTa2rVHBJ3eJHciwaiBtyCnkLw5bC5S6Ujob0Qb3SSgJhWRlRNDU5SN4ZOZyAqPEA\n95HvUmM5rEoMiEk96C7u78Mo0NZre1bLS9LbV8cD5bfy8v2iAWZk92pw/h68hC/U\niUZxvz/JPpWxIwCOlMt6ruccax/BJddVO7qQEHDaHn81xD4O19dUCIBEWW0yJJd7\nCVJryB6rTNHPwac+mBzAc16Zakk8NchhHuFSTHt7wQKBgQD6f7KGJ5nTb4mWkXN9\nBf+sXsfbQFet2P5lDBNR4IzEEMeKXmQNFqiqzzdDXLkLqSK8jzNuVns4keqFXGCI\nXVKzpCsBWavqfQ24vhQ7CVPs3J+Dgn9RWCgxxIt3ApW2U3XR1nS5f+Fd6tx5dh/R\nlA2LP5VMD86txhv9KV+kqpESkQKBgQDAdJ7RXqQIt9Kc5VQcvJRru6p+XFv3cnFz\nfRkTaXG0jUt0TK0SY9srICxu6UjRXNrSuSckv9j+s9bA9hl/XCKE9sv3jyGjpMiV\nkjkd4wRvTe+Qm01oH2KSjCr0sL0yURBzPuRu+AJGHDTw2qlARUEz3tFwSu/RPav3\n6C8020XKHQKBgQC26e4DNgGGOeje8GDDR1EVnbQULlyXzl6cjH/DBtPjC1mZeSlX\nwVbyOxNgdeGNWTjLNUnZ5P5fJXV5YiX/DR4pnNPmTYNSW3RclTeSkFIfIE6+Kdks\nHdJj3N/1zAZkN3dN/WoIVg/Lk4bgjlfXomNtbcVn4BcMHyAq8T4ssHv0cQKBgQCy\nR9YPkaJWySJ7YR2H+VFsc04+/APdt9BM8afXCajhXrp1I8p37LTMwGMo40YnW+MB\nra8LJgU3/RSFb/SyvIDlt1G/JII++5kspWXvv6sOCJ5R0Ovl9pzzsJDiVw8Mm3en\nqq0l9uz0UZDhRU3gUcdS66gMY/7AUGcLobSJPE7sKQKBgBKd4ULAFuCVvRBEfiwp\nH9VYco+PhvWQ7S0ycs4ukxr6YFGydRu7AiCC8Pfjgj3uECWVPfZS43CBVoeKBHX9\nwJG/fGkl0ERA9evqdJC7Xy0FvKkRMFArSC5j9YC88bctOkG9wiYRtiSdbmWwZ6oR\nAo+loroHk6SAn6P8/B3ThRAy\n-----END PRIVATE KEY-----\n",
            "public_key_fingerprint_md5": "4e:34:fc:51:13:2c:df:9e:c4:4f:aa:1b:ca:9b:6b:03",
            "public_key_fingerprint_sha256": "SHA256:8qZK2eiXU2wYQufgxgHww+gKYHQDnHqSiTn+kqUyJAM",
            "public_key_openssh": "ssh-rsa AAAAB3NzaC1yc2EAAAADAQABAAABAQC8UeMpMYhCIjg+qkWsSaD6gHeJDuia9ZlPUwJBRzaYoALN5wgwJ1+9AjB4ROcGGqK7vxzXYfJUkja5qYem645pYIVYRdRpsKOAW5AI2mSHJ9c32WLx/XKNgfer/HEwHa4e6nunXRPFrmCjEzb2gPhCiIj4IsopyRdGxfLLDg5io5DPvg1T+ou+HbCEJEQcZQWHrfDEloTax3C887QkhOYkHEpTK0IAyHPwPcbLFoS2JwrT7V2sWfLM2ip7DRCkp5V0F5suIj3ltUIm2JRyJETwcbqZzNwXGxpFREu2DSAWJf0ZOTNPTFLF0QER42e+J8Xo1MxyeZdQ5/q8PK3XKoRt\n",
            "public_key_pem": "-----BEGIN PUBLIC KEY-----\nMIIBIjANBgkqhkiG9w0BAQEFAAOCAQ8AMIIBCgKCAQEAvFHjKTGIQiI4PqpFrEmg\n+oB3iQ7omvWZT1MCQUc2mKACzecIMCdfvQIweETnBhqiu78c12HyVJI2uamHpuuO\naWCFWEXUabCjgFuQCNpkhyfXN9li8f1yjYH3q/xxMB2uHup7p10Txa5goxM29oD4\nQoiI+CLKKckXRsXyyw4OYqOQz74NU/qLvh2whCREHGUFh63wxJaE2sdwvPO0JITm\nJBxKUytCAMhz8D3GyxaEticK0+1drFnyzNoqew0QpKeVdBebLiI95bVCJtiUciRE\n8HG6mczcFxsaRURLtg0gFiX9GTkzT0xSxdEBEeNnvifF6NTMcnmXUOf6vDyt1yqE\nbQIDAQAB\n-----END PUBLIC KEY-----\n",
            "rsa_bits": 2048
          },
          "sensitive_attributes": [],
          "create_before_destroy": true
        }
      ]
    },
    {
      "module": "module.storage",
      "mode": "managed",
      "type": "aws_db_instance",
      "name": "master_db",
      "provider": "provider[\"registry.terraform.io/hashicorp/aws\"]",
      "instances": [
        {
          "schema_version": 1,
          "attributes": {
            "address": "spikademodb.clopvvf6x1zj.us-west-2.rds.amazonaws.com",
            "allocated_storage": 50,
            "allow_major_version_upgrade": null,
            "apply_immediately": null,
            "arn": "arn:aws:rds:us-west-2:872224457307:db:spikademodb",
            "auto_minor_version_upgrade": true,
            "availability_zone": "us-west-2b",
            "backup_retention_period": 0,
            "backup_window": "07:51-08:21",
            "ca_cert_identifier": "rds-ca-2019",
            "character_set_name": "",
            "copy_tags_to_snapshot": false,
            "custom_iam_instance_profile": "",
            "customer_owned_ip_enabled": false,
            "db_name": "spikadb",
            "db_subnet_group_name": "spikademo-vpc",
            "delete_automated_backups": true,
            "deletion_protection": false,
            "domain": "",
            "domain_iam_role_name": "",
            "enabled_cloudwatch_logs_exports": null,
            "endpoint": "spikademodb.clopvvf6x1zj.us-west-2.rds.amazonaws.com:3306",
            "engine": "mysql",
            "engine_version": "8.0.27",
            "engine_version_actual": "8.0.27",
            "final_snapshot_identifier": null,
            "hosted_zone_id": "Z1PVIF0B656C1W",
            "iam_database_authentication_enabled": false,
            "id": "spikademodb",
            "identifier": "spikademodb",
            "identifier_prefix": "",
            "instance_class": "db.t2.medium",
            "iops": 0,
            "kms_key_id": "",
            "latest_restorable_time": "",
            "license_model": "general-public-license",
            "maintenance_window": "mon:08:33-mon:09:03",
            "max_allocated_storage": 1000,
            "monitoring_interval": 0,
            "monitoring_role_arn": "",
            "multi_az": false,
            "name": "spikadb",
            "nchar_character_set_name": "",
            "network_type": "IPV4",
            "option_group_name": "default:mysql-8-0",
            "parameter_group_name": "default.mysql8.0",
            "password": "_Rry5=r9=5-TA_T1",
            "performance_insights_enabled": false,
            "performance_insights_kms_key_id": "",
            "performance_insights_retention_period": 0,
            "port": 3306,
            "publicly_accessible": true,
            "replica_mode": "",
            "replicas": [],
            "replicate_source_db": "",
            "resource_id": "db-NLNB3LZ3IWC6JDFMCXX4YUWLYU",
            "restore_to_point_in_time": [],
            "s3_import": [],
            "security_group_names": null,
            "skip_final_snapshot": true,
            "snapshot_identifier": null,
            "status": "available",
            "storage_encrypted": false,
            "storage_type": "gp2",
            "tags": {
              "Name": "spikademo-database"
            },
            "tags_all": {
              "Name": "spikademo-database"
            },
            "timeouts": null,
            "timezone": "",
            "username": "spikadb_user",
            "vpc_security_group_ids": [
              "sg-0b65661d92ceb618f"
            ]
          },
          "sensitive_attributes": [
            [
              {
                "type": "get_attr",
                "value": "password"
              }
            ]
          ],
          "private": "eyJlMmJmYjczMC1lY2FhLTExZTYtOGY4OC0zNDM2M2JjN2M0YzAiOnsiY3JlYXRlIjoyNDAwMDAwMDAwMDAwLCJkZWxldGUiOjM2MDAwMDAwMDAwMDAsInVwZGF0ZSI6NDgwMDAwMDAwMDAwMH0sInNjaGVtYV92ZXJzaW9uIjoiMSJ9",
          "dependencies": [
            "module.networking.aws_security_group.allow_pub",
            "module.networking.data.aws_availability_zones.available",
            "module.networking.module.vpc.aws_db_subnet_group.database",
            "module.networking.module.vpc.aws_subnet.database",
            "module.networking.module.vpc.aws_vpc.this",
            "module.networking.module.vpc.aws_vpc_ipv4_cidr_block_association.this",
            "random_password.db_master_pass"
          ],
          "create_before_destroy": true
        }
      ]
    },
    {
      "module": "module.storage",
      "mode": "managed",
      "type": "aws_efs_file_system",
      "name": "efs",
      "provider": "provider[\"registry.terraform.io/hashicorp/aws\"]",
      "instances": [
        {
          "schema_version": 0,
          "attributes": {
            "arn": "arn:aws:elasticfilesystem:us-west-2:872224457307:file-system/fs-0cd5ac4fe50e7eb0c",
            "availability_zone_id": "",
            "availability_zone_name": "",
            "creation_token": "spikademo-efs",
            "dns_name": "fs-0cd5ac4fe50e7eb0c.efs.us-west-2.amazonaws.com",
            "encrypted": false,
            "id": "fs-0cd5ac4fe50e7eb0c",
            "kms_key_id": "",
            "lifecycle_policy": [],
            "number_of_mount_targets": 0,
            "owner_id": "872224457307",
            "performance_mode": "generalPurpose",
            "provisioned_throughput_in_mibps": 0,
            "size_in_bytes": [
              {
                "value": 6144,
                "value_in_ia": 0,
                "value_in_standard": 6144
              }
            ],
            "tags": {
              "Name": "spikademo-filestorage"
            },
            "tags_all": {
              "Name": "spikademo-filestorage"
            },
            "throughput_mode": "bursting"
          },
          "sensitive_attributes": [],
          "private": "bnVsbA==",
          "create_before_destroy": true
        }
      ]
    },
    {
      "module": "module.storage",
      "mode": "managed",
      "type": "aws_efs_mount_target",
      "name": "mount",
      "provider": "provider[\"registry.terraform.io/hashicorp/aws\"]",
      "instances": [
        {
          "schema_version": 0,
          "attributes": {
            "availability_zone_id": "usw2-az2",
            "availability_zone_name": "us-west-2a",
            "dns_name": "fs-0cd5ac4fe50e7eb0c.efs.us-west-2.amazonaws.com",
            "file_system_arn": "arn:aws:elasticfilesystem:us-west-2:872224457307:file-system/fs-0cd5ac4fe50e7eb0c",
            "file_system_id": "fs-0cd5ac4fe50e7eb0c",
            "id": "fsmt-0c149d51011a704d5",
            "ip_address": "10.0.101.85",
            "mount_target_dns_name": "us-west-2a.fs-0cd5ac4fe50e7eb0c.efs.us-west-2.amazonaws.com",
            "network_interface_id": "eni-017fe2220c65bfe49",
            "owner_id": "872224457307",
            "security_groups": [
              "sg-0b65661d92ceb618f"
            ],
            "subnet_id": "subnet-04e5b8d3a6bb2e157"
          },
          "sensitive_attributes": [],
          "private": "bnVsbA==",
          "dependencies": [
            "module.networking.aws_security_group.allow_pub",
            "module.networking.data.aws_availability_zones.available",
            "module.networking.module.vpc.aws_subnet.public",
            "module.networking.module.vpc.aws_vpc.this",
            "module.networking.module.vpc.aws_vpc_ipv4_cidr_block_association.this",
            "module.storage.aws_efs_file_system.efs"
          ]
        }
      ]
    },
    {
      "module": "module.storage",
      "mode": "managed",
      "type": "aws_elasticache_cluster",
      "name": "redis_cache",
      "provider": "provider[\"registry.terraform.io/hashicorp/aws\"]",
      "instances": [
        {
          "schema_version": 0,
          "attributes": {
            "apply_immediately": true,
            "arn": "arn:aws:elasticache:us-west-2:872224457307:cluster:spikademoredis",
            "auto_minor_version_upgrade": "true",
            "availability_zone": "us-west-2a",
            "az_mode": "single-az",
            "cache_nodes": [
              {
                "address": "spikademoredis.gbuz3d.0001.usw2.cache.amazonaws.com",
                "availability_zone": "us-west-2a",
                "id": "0001",
                "port": 6379
              }
            ],
            "cluster_address": null,
            "cluster_id": "spikademoredis",
            "configuration_endpoint": null,
            "engine": "redis",
            "engine_version": "6.2",
            "engine_version_actual": "6.2.6",
            "final_snapshot_identifier": null,
            "id": "spikademoredis",
            "log_delivery_configuration": [],
            "maintenance_window": "sun:08:00-sun:09:00",
            "node_type": "cache.t3.micro",
            "notification_topic_arn": null,
            "num_cache_nodes": 1,
            "parameter_group_name": "default.redis6.x",
            "port": 6379,
            "preferred_availability_zones": null,
            "replication_group_id": null,
            "security_group_ids": [
              "sg-0b65661d92ceb618f"
            ],
            "security_group_names": [],
            "snapshot_arns": null,
            "snapshot_name": null,
            "snapshot_retention_limit": 0,
            "snapshot_window": "09:00-10:00",
            "subnet_group_name": "spikademo-vpc",
            "tags": null,
            "tags_all": {}
          },
          "sensitive_attributes": [],
          "private": "bnVsbA==",
          "dependencies": [
            "module.networking.aws_security_group.allow_pub",
            "module.networking.data.aws_availability_zones.available",
            "module.networking.module.vpc.aws_elasticache_subnet_group.elasticache",
            "module.networking.module.vpc.aws_subnet.elasticache",
            "module.networking.module.vpc.aws_vpc.this",
            "module.networking.module.vpc.aws_vpc_ipv4_cidr_block_association.this"
          ],
          "create_before_destroy": true
        }
      ]
    }
  ],
  "check_results": null
}
