{
  "version": 4,
  "terraform_version": "1.3.4",
  "serial": 7198,
  "lineage": "d3b26784-d75e-c2d5-abfd-2dd4291965db",
  "outputs": {
    "public_connection_string_app": {
      "value": "ssh -i spikademo-key.pem ubuntu@44.237.193.223",
      "type": "string"
    }
  },
  "resources": [
    {
      "mode": "managed",
      "type": "random_password",
      "name": "db_master_pass",
      "provider": "provider[\"registry.terraform.io/hashicorp/random\"]",
      "instances": [
        {
          "schema_version": 3,
          "attributes": {
            "bcrypt_hash": "$2a$10$gMOlEgrW0i10spn.E9mWiOcUXEAjPPNVdg5cwGhMgKv1lTH4y8npa",
            "id": "none",
            "keepers": {
              "pass_version": "1"
            },
            "length": 16,
            "lower": true,
            "min_lower": 0,
            "min_numeric": 0,
            "min_special": 0,
            "min_upper": 0,
            "number": true,
            "numeric": true,
            "override_special": null,
            "result": "iTI7xm3iBk5j6P77",
            "special": false,
            "upper": true
          },
          "sensitive_attributes": []
        }
      ]
    },
    {
      "mode": "managed",
      "type": "random_password",
      "name": "queue_pass",
      "provider": "provider[\"registry.terraform.io/hashicorp/random\"]",
      "instances": [
        {
          "schema_version": 3,
          "attributes": {
            "bcrypt_hash": "$2a$10$.O1JxNvwPylzgd6SfShoPeiEzpSYGlmQ9Y5aJPSgU37dfWiEJjoKC",
            "id": "none",
            "keepers": {
              "pass_version": "1"
            },
            "length": 16,
            "lower": true,
            "min_lower": 0,
            "min_numeric": 0,
            "min_special": 0,
            "min_upper": 0,
            "number": true,
            "numeric": true,
            "override_special": null,
            "result": "GgQfrfUIutQXDpNY",
            "special": false,
            "upper": true
          },
          "sensitive_attributes": []
        }
      ]
    },
    {
      "module": "module.ec2",
      "mode": "data",
      "type": "aws_ami",
      "name": "ubuntu-linux-2204",
      "provider": "provider[\"registry.terraform.io/hashicorp/aws\"]",
      "instances": [
        {
          "schema_version": 0,
          "attributes": {
            "architecture": "x86_64",
            "arn": "arn:aws:ec2:us-west-2::image/ami-038241ba95c675888",
            "block_device_mappings": [
              {
                "device_name": "/dev/sda1",
                "ebs": {
                  "delete_on_termination": "true",
                  "encrypted": "false",
                  "iops": "0",
                  "snapshot_id": "snap-0a3aca1a4f1e74a10",
                  "throughput": "0",
                  "volume_size": "8",
                  "volume_type": "gp2"
                },
                "no_device": "",
                "virtual_name": ""
              },
              {
                "device_name": "/dev/sdb",
                "ebs": {},
                "no_device": "",
                "virtual_name": "ephemeral0"
              },
              {
                "device_name": "/dev/sdc",
                "ebs": {},
                "no_device": "",
                "virtual_name": "ephemeral1"
              }
            ],
            "boot_mode": "",
            "creation_date": "2022-11-01T18:10:36.000Z",
            "deprecation_time": "2024-11-01T18:10:36.000Z",
            "description": "Canonical, Ubuntu, 22.04 LTS, amd64 jammy image build on 2022-11-01",
            "ena_support": true,
            "executable_users": null,
            "filter": [
              {
                "name": "name",
                "values": [
                  "ubuntu/images/hvm-ssd/ubuntu-jammy-22.04-amd64-server-*"
                ]
              },
              {
                "name": "virtualization-type",
                "values": [
                  "hvm"
                ]
              }
            ],
            "hypervisor": "xen",
            "id": "ami-038241ba95c675888",
            "image_id": "ami-038241ba95c675888",
            "image_location": "amazon/ubuntu/images/hvm-ssd/ubuntu-jammy-22.04-amd64-server-20221101.1",
            "image_owner_alias": "amazon",
            "image_type": "machine",
            "imds_support": "",
            "include_deprecated": false,
            "kernel_id": "",
            "most_recent": true,
            "name": "ubuntu/images/hvm-ssd/ubuntu-jammy-22.04-amd64-server-20221101.1",
            "name_regex": null,
            "owner_id": "099720109477",
            "owners": [
              "099720109477"
            ],
            "platform": "",
            "platform_details": "Linux/UNIX",
            "product_codes": [],
            "public": true,
            "ramdisk_id": "",
            "root_device_name": "/dev/sda1",
            "root_device_type": "ebs",
            "root_snapshot_id": "snap-0a3aca1a4f1e74a10",
            "sriov_net_support": "simple",
            "state": "available",
            "state_reason": {
              "code": "UNSET",
              "message": "UNSET"
            },
            "tags": {},
            "timeouts": null,
            "tpm_support": "",
            "usage_operation": "RunInstances",
            "virtualization_type": "hvm"
          },
          "sensitive_attributes": []
        }
      ]
    },
    {
      "module": "module.ec2",
      "mode": "data",
      "type": "template_file",
      "name": "env",
      "provider": "provider[\"registry.terraform.io/hashicorp/template\"]",
      "instances": [
        {
          "schema_version": 0,
          "attributes": {
            "filename": null,
            "id": "c4ee1ac7ec177dc10fe3a6d2435c9142686df76b1c15bf1885358aba7e53044d",
            "rendered": "COMPOSE_PROJECT_NAME=spika3\nENV=production\nADMIN_USERNAME='admin'\nADMIN_PASSWORD='password'\nSERVER_PORT=8080\nCONFCALL_HOST_URL=wss://spika3mediasoup.spika.chat\n\nIS_TEST=0\nANDROID_SMS_VERIFICATION_HASH='K9rS/tfb305'\nIOS_SMS_VERIFICATION_URL='clover.st'\n\nUSE_MNG_API=1\nUSE_MSG_API=1\nUSE_SMS=1\nUSE_SSE=1\nUSE_UPLOAD=1\nUSE_PUSH=1\nUSE_CONFCALL=1\nUSE_MESSAGE_RECORDS_SSE=1\nUSE_WEBHOOK=1\nUSE_MESSAGING=1\n\nTEAM_MODE=1\n\nTWILIO_SID=AC22ef9d07bc79c3af873552bd7400623f\nTWILIO_TOKEN=00c763a417eb35b39fc4b5e3770fd3bb\nTWILIO_FROM_NUMBER=+16069560377\n\nLOG_INFO=1\nLOG_WARN=1\nLOG_ERROR=1\n\nFCM_PROJECT_ID=spika-ultimate\nFCM_API_KEY=AIzaSyD1EJGP17dwcRe4fKC0QaSbfxNglDelLNc\nFCM_AUTH_DOMAIN=spika-ultimate.firebaseapp.com\nFCM_STORAGE_BUCKET=spika-ultimate.appspot.com\nFCM_SENDER_ID=545730644006\nFCM_APP_ID=1:545730644006:web:385d470311a4d7fb0d3ee7\nFCM_MEASUREMENT_ID=G-TFYE1S6ZGT\nFCM_VAPID_KEY=\"BOBmllC0M3B9dJQcXkzv1PCroKRpRmp1laF9wDy23-ZH2j0Zb2KIStUouJdnfN5gysWUEAIEFSBAgoE3q2k-9U8\"\nFCM_HOST=fcm.googleapis.com\nFCM_PRIVATE_KEY=\"-----BEGIN PRIVATE KEY-----\\nMIIEvQIBADANBgkqhkiG9w0BAQEFAASCBKcwggSjAgEAAoIBAQCLz9snaeGuA/xz\\nOEsjGqZSGMNcJAFKQScV2uW+76o7Be0kEA0WDyzElXdSOeMy2kmbWkjfjm24BhmE\\neQlnUbu3F/ny4+wrL7GhfUx+s8r7OgnRcV6QzYy3/A+tXYr+HWh/rigtylyahoDW\\nc/7G716egDcg/YVoizfjy+x8PF5EcZfnOeGqvixNavU48QUbOaEWiaMtkDOa5E/5\\ni52hBBWqwblBBDnGHb+aPx0LkYVm8+etDneZPhdj3AZ7AYleHvJgv2rJmUhVi7Ye\\n4MpaNOaD2R6ENeyM8u8sQE8HlUMZBcatY+m+Hf1o7EgHpTIvD46iKonffX4gANiM\\n0N24ieM9AgMBAAECggEAAkch6y+4r1Ddz1PCt6DyxkIkhq8IfVj35c2B8j0t4RXM\\n4gpH6EzZfh9wSPzr9HNlgRw0tT25EGc7CbM+IbqNbCN+HUS035RAmOC1exf7TeIJ\\ncGngMExFB2daKwkr302D2xavjWVvYk4gMb5Ej6GtQThWDZnLz2L7R2EWaoTCRWut\\nMwBhZny5YUNnzgCfgMgul/UCEGjo5zBneiau5lj76ZJD3AgsB68cnaN3z+QtuqLb\\npCWLYGVUd2qZH7QYu2gGQoT2/fnA1VBI3ycwZvF7JrIdIW3phVqId3xz7WXWns2k\\nlCem44HuYL/KqLkGEm03M+JhK+vJFagkCzTCoPzq8QKBgQDB7FXAXCajEA7QcbUF\\n15/p0yYd0/gJNKiVdp0EZGhrlDRG8Xdj9dfZXs6ONggK43DNvu/l9assfy46pdJ/\\n4lm4eg5CofuK9dvayQowsOKYQjCvQ+h7bOZ6PskB9IlmMYH+AHU6JqYm763TCGEu\\nWcNV1o2W8ouwNuubGvYuoDCVTQKBgQC4kTMIlXhW9CpwFXjk2orw1NYt6yICsimW\\nS4KEIXvGPwdhGNFzXjweCRIbEMJU+e5TaSFCtqUctBzakL2HHXwPg3+0ToSNG1P8\\nURapdB+ibbWprnXaUIbGj2GBBHo03GxBj6/Mn7kUOkRpuaHtyZnAiJTYADH/bxzd\\nOB6xyvTNsQKBgQCjLGLHVoLoSHW+rT796H7VeGclSBv4WwfTpBfg/z/h7bXDUCD+\\nynlSnXS+svY3e0OKzDP+UqYy7d0PWkJyexq1oHZpWPVY6yGQygM6D0zLgz6F62Uu\\nneadTEFE1OfcRqI0AVyijqzWLG0eGnnzT3KOwtcnAXXK05uSSrCFcSMQLQKBgHRx\\nTvQ0cPbTFs8eDOa9pnjonrPbq9ptkuU6gH5iLZfWfg5ZPRN/OYhtipm+ygwYnq7L\\nHevcFXF1hNq0BI7xICsdeH1GKERqIGOIuTZxh9/PPZRu9/WjZlRxcz+VlpAxHK+E\\nOpJrlrXXSQA22J2P2kvpH5bjEKgp7tj2pg7fj/ERAoGALF3WMcu9idxyG2Ymh4Nt\\nz4T7fgG+GmQyIBmoEFp7/daFViB9yLoeh1mPiwLmHNoVg/7QAe/T7tWxd65yQN3n\\nHExX0rbv4wYbldzH4AzJWSHbRThYwuGhtQeQyG9nPKgpu9ZJ1h9lrgsD0cnLyF2O\\nm5Z4MZHgFUILe8vo18jxkkU=\\n-----END PRIVATE KEY-----\\n\"\nFCM_EMAIL=firebase-adminsdk-let7g@spika-ultimate.iam.gserviceaccount.com\n\nMEDIASOUP_ANNOUNCED_IP='54.215.115.153'\nMEDIASOUP_LISTEN_IP='0.0.0.0'\nMEDIASOUP_MIN_PORT=40000\nMEDIASOUP_MAX_PORT=49999\n\nUPLOAD_FOLDER=\"/var/spika\"",
            "template": "COMPOSE_PROJECT_NAME=spika3\nENV=production\nADMIN_USERNAME='admin'\nADMIN_PASSWORD='password'\nSERVER_PORT=8080\nCONFCALL_HOST_URL=wss://spika3mediasoup.spika.chat\n\nIS_TEST=0\nANDROID_SMS_VERIFICATION_HASH='K9rS/tfb305'\nIOS_SMS_VERIFICATION_URL='clover.st'\n\nUSE_MNG_API=1\nUSE_MSG_API=1\nUSE_SMS=1\nUSE_SSE=1\nUSE_UPLOAD=1\nUSE_PUSH=1\nUSE_CONFCALL=1\nUSE_MESSAGE_RECORDS_SSE=1\nUSE_WEBHOOK=1\nUSE_MESSAGING=1\n\nTEAM_MODE=1\n\nTWILIO_SID=AC22ef9d07bc79c3af873552bd7400623f\nTWILIO_TOKEN=00c763a417eb35b39fc4b5e3770fd3bb\nTWILIO_FROM_NUMBER=+16069560377\n\nLOG_INFO=1\nLOG_WARN=1\nLOG_ERROR=1\n\nFCM_PROJECT_ID=spika-ultimate\nFCM_API_KEY=AIzaSyD1EJGP17dwcRe4fKC0QaSbfxNglDelLNc\nFCM_AUTH_DOMAIN=spika-ultimate.firebaseapp.com\nFCM_STORAGE_BUCKET=spika-ultimate.appspot.com\nFCM_SENDER_ID=545730644006\nFCM_APP_ID=1:545730644006:web:385d470311a4d7fb0d3ee7\nFCM_MEASUREMENT_ID=G-TFYE1S6ZGT\nFCM_VAPID_KEY=\"BOBmllC0M3B9dJQcXkzv1PCroKRpRmp1laF9wDy23-ZH2j0Zb2KIStUouJdnfN5gysWUEAIEFSBAgoE3q2k-9U8\"\nFCM_HOST=fcm.googleapis.com\nFCM_PRIVATE_KEY=\"-----BEGIN PRIVATE KEY-----\\nMIIEvQIBADANBgkqhkiG9w0BAQEFAASCBKcwggSjAgEAAoIBAQCLz9snaeGuA/xz\\nOEsjGqZSGMNcJAFKQScV2uW+76o7Be0kEA0WDyzElXdSOeMy2kmbWkjfjm24BhmE\\neQlnUbu3F/ny4+wrL7GhfUx+s8r7OgnRcV6QzYy3/A+tXYr+HWh/rigtylyahoDW\\nc/7G716egDcg/YVoizfjy+x8PF5EcZfnOeGqvixNavU48QUbOaEWiaMtkDOa5E/5\\ni52hBBWqwblBBDnGHb+aPx0LkYVm8+etDneZPhdj3AZ7AYleHvJgv2rJmUhVi7Ye\\n4MpaNOaD2R6ENeyM8u8sQE8HlUMZBcatY+m+Hf1o7EgHpTIvD46iKonffX4gANiM\\n0N24ieM9AgMBAAECggEAAkch6y+4r1Ddz1PCt6DyxkIkhq8IfVj35c2B8j0t4RXM\\n4gpH6EzZfh9wSPzr9HNlgRw0tT25EGc7CbM+IbqNbCN+HUS035RAmOC1exf7TeIJ\\ncGngMExFB2daKwkr302D2xavjWVvYk4gMb5Ej6GtQThWDZnLz2L7R2EWaoTCRWut\\nMwBhZny5YUNnzgCfgMgul/UCEGjo5zBneiau5lj76ZJD3AgsB68cnaN3z+QtuqLb\\npCWLYGVUd2qZH7QYu2gGQoT2/fnA1VBI3ycwZvF7JrIdIW3phVqId3xz7WXWns2k\\nlCem44HuYL/KqLkGEm03M+JhK+vJFagkCzTCoPzq8QKBgQDB7FXAXCajEA7QcbUF\\n15/p0yYd0/gJNKiVdp0EZGhrlDRG8Xdj9dfZXs6ONggK43DNvu/l9assfy46pdJ/\\n4lm4eg5CofuK9dvayQowsOKYQjCvQ+h7bOZ6PskB9IlmMYH+AHU6JqYm763TCGEu\\nWcNV1o2W8ouwNuubGvYuoDCVTQKBgQC4kTMIlXhW9CpwFXjk2orw1NYt6yICsimW\\nS4KEIXvGPwdhGNFzXjweCRIbEMJU+e5TaSFCtqUctBzakL2HHXwPg3+0ToSNG1P8\\nURapdB+ibbWprnXaUIbGj2GBBHo03GxBj6/Mn7kUOkRpuaHtyZnAiJTYADH/bxzd\\nOB6xyvTNsQKBgQCjLGLHVoLoSHW+rT796H7VeGclSBv4WwfTpBfg/z/h7bXDUCD+\\nynlSnXS+svY3e0OKzDP+UqYy7d0PWkJyexq1oHZpWPVY6yGQygM6D0zLgz6F62Uu\\nneadTEFE1OfcRqI0AVyijqzWLG0eGnnzT3KOwtcnAXXK05uSSrCFcSMQLQKBgHRx\\nTvQ0cPbTFs8eDOa9pnjonrPbq9ptkuU6gH5iLZfWfg5ZPRN/OYhtipm+ygwYnq7L\\nHevcFXF1hNq0BI7xICsdeH1GKERqIGOIuTZxh9/PPZRu9/WjZlRxcz+VlpAxHK+E\\nOpJrlrXXSQA22J2P2kvpH5bjEKgp7tj2pg7fj/ERAoGALF3WMcu9idxyG2Ymh4Nt\\nz4T7fgG+GmQyIBmoEFp7/daFViB9yLoeh1mPiwLmHNoVg/7QAe/T7tWxd65yQN3n\\nHExX0rbv4wYbldzH4AzJWSHbRThYwuGhtQeQyG9nPKgpu9ZJ1h9lrgsD0cnLyF2O\\nm5Z4MZHgFUILe8vo18jxkkU=\\n-----END PRIVATE KEY-----\\n\"\nFCM_EMAIL=firebase-adminsdk-let7g@spika-ultimate.iam.gserviceaccount.com\n\nMEDIASOUP_ANNOUNCED_IP='54.215.115.153'\nMEDIASOUP_LISTEN_IP='0.0.0.0'\nMEDIASOUP_MIN_PORT=40000\nMEDIASOUP_MAX_PORT=49999\n\nUPLOAD_FOLDER=\"/var/spika\"",
            "vars": null
          },
          "sensitive_attributes": []
        }
      ]
    },
    {
      "module": "module.ec2",
      "mode": "data",
      "type": "template_file",
      "name": "init_app",
      "provider": "provider[\"registry.terraform.io/hashicorp/template\"]",
      "instances": [
        {
          "schema_version": 0,
          "attributes": {
            "filename": null,
            "id": "c186646beddbec7b0ccbe53be4eb693a301118e80f1c4865841ffb08b4c545ac",
            "rendered": "#!/bin/bash -v\n\necho \"Install database started\" \u003e\u003e /home/ubuntu/installlog\n\n# Disable intaractive mode in apt\necho \"\\$nrconf{restart} = 'a';\" \u0026\u003e\u003e /etc/needrestart/needrestart.conf\n\napt update\napt install -y mysql-server nfs-common curl python3 build-essential pip redis-server nginx\n\necho \"nginx setup start\" \u003e\u003e /home/ubuntu/installlog\n\n#setup nginx\ntee /home/ubuntu/nginx_settings \u003c\u003cEOF\nserver {\n\tlisten 80 default_server;\n\tlisten [::]:80 default_server;\n\n\troot /var/www/html;\n\n\tserver_name _;\n\n\tlocation / {\n\t\tproxy_pass http://127.0.0.1:8080;\n\t\tproxy_http_version 1.1;\n\t\tproxy_buffering off;\n\t\tproxy_cache off;\n\t\tproxy_set_header Host \\$host;\n\t\tproxy_set_header Connection '';\n\t\tchunked_transfer_encoding off;\n\t}\n\n}\n\n\nEOF\n\ntee /etc/nginx/sites-available/default \u003c\u003cEOF\nserver {\n\tlisten 80 default_server;\n\tlisten [::]:80 default_server;\n\n\troot /var/www/html;\n\n\tserver_name _;\n\n\tlocation / {\n\t\tproxy_pass http://127.0.0.1:8080;\n\t\tproxy_http_version 1.1;\n\t\tproxy_buffering off;\n\t\tproxy_cache off;\n\t\tproxy_set_header Host \\$host;\n\t\tproxy_set_header Connection '';\n\t\tchunked_transfer_encoding off;\n\t}\n\n}\n\n\nEOF\n\nsystemctl restart nginx\n\necho \"nginx setup done\" \u003e\u003e /home/ubuntu/installlog\n\n\nsystemctl start mysql.service\n\nmysql -e \"CREATE DATABASE spikadb;\\\nCREATE USER 'spikadb_user'@'%' IDENTIFIED BY 'iTI7xm3iBk5j6P77';\\\nGRANT ALL PRIVILEGES ON *.* TO 'spikadb_user'@'%';\\\nFLUSH PRIVILEGES;\" \u0026\u003e\u003e /home/ubuntu/installlog\n\n# Install rabbit mq\napt-get install gnupg apt-transport-https -y\n\ncurl -1sLf \"https://keys.openpgp.org/vks/v1/by-fingerprint/0A9AF2115F4687BD29803A206B73A36E6026DFCA\" | gpg --dearmor | tee /usr/share/keyrings/com.rabbitmq.team.gpg \u003e /dev/null\ncurl -1sLf \"https://keyserver.ubuntu.com/pks/lookup?op=get\u0026search=0xf77f1eda57ebb1cc\" | gpg --dearmor | tee /usr/share/keyrings/net.launchpad.ppa.rabbitmq.erlang.gpg \u003e /dev/null\ncurl -1sLf \"https://packagecloud.io/rabbitmq/rabbitmq-server/gpgkey\" | gpg --dearmor | tee /usr/share/keyrings/io.packagecloud.rabbitmq.gpg \u003e /dev/null\n\n## Add apt repositories maintained by Team RabbitMQ\ntee /etc/apt/sources.list.d/rabbitmq.list \u003c\u003cEOF\n\ndeb [signed-by=/usr/share/keyrings/net.launchpad.ppa.rabbitmq.erlang.gpg] http://ppa.launchpad.net/rabbitmq/rabbitmq-erlang/ubuntu jammy main\ndeb-src [signed-by=/usr/share/keyrings/net.launchpad.ppa.rabbitmq.erlang.gpg] http://ppa.launchpad.net/rabbitmq/rabbitmq-erlang/ubuntu jammy main\n\ndeb [signed-by=/usr/share/keyrings/io.packagecloud.rabbitmq.gpg] https://packagecloud.io/rabbitmq/rabbitmq-server/ubuntu/ jammy main\ndeb-src [signed-by=/usr/share/keyrings/io.packagecloud.rabbitmq.gpg] https://packagecloud.io/rabbitmq/rabbitmq-server/ubuntu/ jammy main\nEOF\n\napt-get update -y\n\n## Install Erlang packages\napt-get install -y erlang-base \\\n                        erlang-asn1 erlang-crypto erlang-eldap erlang-ftp erlang-inets \\\n                        erlang-mnesia erlang-os-mon erlang-parsetools erlang-public-key \\\n                        erlang-runtime-tools erlang-snmp erlang-ssl \\\n                        erlang-syntax-tools erlang-tftp erlang-tools erlang-xmerl\n\n## Install rabbitmq-server and its dependencies\napt-get install rabbitmq-server -y --fix-missing\nrabbitmqctl add_user \"spikaqueue\" \"GgQfrfUIutQXDpNY\" \u0026\u003e\u003e /home/ubuntu/installlog\nrabbitmqctl set_permissions -p \"/\" \"spikaqueue\" \".*\" \".*\" \".*\" \u0026\u003e\u003e /home/ubuntu/installlog\nrabbitmq-plugins enable rabbitmq_management\n\nsed -i 's/127.0.0.1/0.0.0.0/g' /etc/mysql/mysql.conf.d/mysqld.cnf\nsed -i 's/127.0.0.1/0.0.0.0/g' /etc/redis/redis.conf\n\nsystemctl restart mysql\nsystemctl restart redis-server\n\n# Install nodejs and others\ncat \u003e /tmp/subscript.sh \u003c\u003c EOF\n# START UBUNTU USERSPACE\necho \"Setting up NodeJS Environment\"\ncurl -o- https://raw.githubusercontent.com/creationix/nvm/v0.33.9/install.sh | bash\necho 'export NVM_DIR=\"/home/ubuntu/.nvm\"' \u003e\u003e /home/ubuntu/.bashrc\necho '[ -s \"$NVM_DIR/nvm.sh\" ] \u0026\u0026 . \"$NVM_DIR/nvm.sh\"  # This loads nvm' \u003e\u003e /home/ubuntu/.bashrc\n# Dot source the files to ensure that variables are available within the current shell\n. /home/ubuntu/.nvm/nvm.sh\n. /home/ubuntu/.profile\n. /home/ubuntu/.bashrc\n# Install NVM, NPM, Node.JS \u0026 Grunt\nnvm install --lts\nnvm ls\nnvm install 18\nnvm use 18\nnvm alias defautl 18\n\ncd /home/ubuntu\ngit clone https://github.com/cloverstudio/Spika3.git\n\ncd /home/ubuntu/Spika3; \ngit checkout work/main \n\n\necho \"COMPOSE_PROJECT_NAME=spika3\nENV=production\nADMIN_USERNAME='admin'\nADMIN_PASSWORD='password'\nSERVER_PORT=8080\nCONFCALL_HOST_URL=wss://spika3mediasoup.spika.chat\n\nIS_TEST=0\nANDROID_SMS_VERIFICATION_HASH='K9rS/tfb305'\nIOS_SMS_VERIFICATION_URL='clover.st'\n\nUSE_MNG_API=1\nUSE_MSG_API=1\nUSE_SMS=1\nUSE_SSE=1\nUSE_UPLOAD=1\nUSE_PUSH=1\nUSE_CONFCALL=1\nUSE_MESSAGE_RECORDS_SSE=1\nUSE_WEBHOOK=1\nUSE_MESSAGING=1\n\nTEAM_MODE=1\n\nTWILIO_SID=AC22ef9d07bc79c3af873552bd7400623f\nTWILIO_TOKEN=00c763a417eb35b39fc4b5e3770fd3bb\nTWILIO_FROM_NUMBER=+16069560377\n\nLOG_INFO=1\nLOG_WARN=1\nLOG_ERROR=1\n\nFCM_PROJECT_ID=spika-ultimate\nFCM_API_KEY=AIzaSyD1EJGP17dwcRe4fKC0QaSbfxNglDelLNc\nFCM_AUTH_DOMAIN=spika-ultimate.firebaseapp.com\nFCM_STORAGE_BUCKET=spika-ultimate.appspot.com\nFCM_SENDER_ID=545730644006\nFCM_APP_ID=1:545730644006:web:385d470311a4d7fb0d3ee7\nFCM_MEASUREMENT_ID=G-TFYE1S6ZGT\nFCM_VAPID_KEY=\"BOBmllC0M3B9dJQcXkzv1PCroKRpRmp1laF9wDy23-ZH2j0Zb2KIStUouJdnfN5gysWUEAIEFSBAgoE3q2k-9U8\"\nFCM_HOST=fcm.googleapis.com\nFCM_PRIVATE_KEY=\"-----BEGIN PRIVATE KEY-----\\nMIIEvQIBADANBgkqhkiG9w0BAQEFAASCBKcwggSjAgEAAoIBAQCLz9snaeGuA/xz\\nOEsjGqZSGMNcJAFKQScV2uW+76o7Be0kEA0WDyzElXdSOeMy2kmbWkjfjm24BhmE\\neQlnUbu3F/ny4+wrL7GhfUx+s8r7OgnRcV6QzYy3/A+tXYr+HWh/rigtylyahoDW\\nc/7G716egDcg/YVoizfjy+x8PF5EcZfnOeGqvixNavU48QUbOaEWiaMtkDOa5E/5\\ni52hBBWqwblBBDnGHb+aPx0LkYVm8+etDneZPhdj3AZ7AYleHvJgv2rJmUhVi7Ye\\n4MpaNOaD2R6ENeyM8u8sQE8HlUMZBcatY+m+Hf1o7EgHpTIvD46iKonffX4gANiM\\n0N24ieM9AgMBAAECggEAAkch6y+4r1Ddz1PCt6DyxkIkhq8IfVj35c2B8j0t4RXM\\n4gpH6EzZfh9wSPzr9HNlgRw0tT25EGc7CbM+IbqNbCN+HUS035RAmOC1exf7TeIJ\\ncGngMExFB2daKwkr302D2xavjWVvYk4gMb5Ej6GtQThWDZnLz2L7R2EWaoTCRWut\\nMwBhZny5YUNnzgCfgMgul/UCEGjo5zBneiau5lj76ZJD3AgsB68cnaN3z+QtuqLb\\npCWLYGVUd2qZH7QYu2gGQoT2/fnA1VBI3ycwZvF7JrIdIW3phVqId3xz7WXWns2k\\nlCem44HuYL/KqLkGEm03M+JhK+vJFagkCzTCoPzq8QKBgQDB7FXAXCajEA7QcbUF\\n15/p0yYd0/gJNKiVdp0EZGhrlDRG8Xdj9dfZXs6ONggK43DNvu/l9assfy46pdJ/\\n4lm4eg5CofuK9dvayQowsOKYQjCvQ+h7bOZ6PskB9IlmMYH+AHU6JqYm763TCGEu\\nWcNV1o2W8ouwNuubGvYuoDCVTQKBgQC4kTMIlXhW9CpwFXjk2orw1NYt6yICsimW\\nS4KEIXvGPwdhGNFzXjweCRIbEMJU+e5TaSFCtqUctBzakL2HHXwPg3+0ToSNG1P8\\nURapdB+ibbWprnXaUIbGj2GBBHo03GxBj6/Mn7kUOkRpuaHtyZnAiJTYADH/bxzd\\nOB6xyvTNsQKBgQCjLGLHVoLoSHW+rT796H7VeGclSBv4WwfTpBfg/z/h7bXDUCD+\\nynlSnXS+svY3e0OKzDP+UqYy7d0PWkJyexq1oHZpWPVY6yGQygM6D0zLgz6F62Uu\\nneadTEFE1OfcRqI0AVyijqzWLG0eGnnzT3KOwtcnAXXK05uSSrCFcSMQLQKBgHRx\\nTvQ0cPbTFs8eDOa9pnjonrPbq9ptkuU6gH5iLZfWfg5ZPRN/OYhtipm+ygwYnq7L\\nHevcFXF1hNq0BI7xICsdeH1GKERqIGOIuTZxh9/PPZRu9/WjZlRxcz+VlpAxHK+E\\nOpJrlrXXSQA22J2P2kvpH5bjEKgp7tj2pg7fj/ERAoGALF3WMcu9idxyG2Ymh4Nt\\nz4T7fgG+GmQyIBmoEFp7/daFViB9yLoeh1mPiwLmHNoVg/7QAe/T7tWxd65yQN3n\\nHExX0rbv4wYbldzH4AzJWSHbRThYwuGhtQeQyG9nPKgpu9ZJ1h9lrgsD0cnLyF2O\\nm5Z4MZHgFUILe8vo18jxkkU=\\n-----END PRIVATE KEY-----\\n\"\nFCM_EMAIL=firebase-adminsdk-let7g@spika-ultimate.iam.gserviceaccount.com\n\nMEDIASOUP_ANNOUNCED_IP='54.215.115.153'\nMEDIASOUP_LISTEN_IP='0.0.0.0'\nMEDIASOUP_MIN_PORT=40000\nMEDIASOUP_MAX_PORT=49999\n\nUPLOAD_FOLDER=\"/var/spika\"\" \u003e\u003e /home/ubuntu/Spika3/.env\necho \"DATABASE_URL=\\\"mysql://spikadb_user:iTI7xm3iBk5j6P77@localhost/spikadb\\\"\" \u003e\u003e /home/ubuntu/Spika3/.env\necho \"RABBITMQ_URL=\\\"amqp://spikaqueue:GgQfrfUIutQXDpNY@localhost\\\"\" \u003e\u003e /home/ubuntu/Spika3/.env\necho \"REDIS_URL=\\\"redis://localhost:6379\\\"\" \u003e\u003e /home/ubuntu/Spika3/.env\necho \"API_BASE_URL=\\\"http://44.237.193.223/api\\\"\" \u003e\u003e /home/ubuntu/Spika3/.env\necho \"UPLOADS_BASE_URL=\\\"http:/44.237.193.223\\\"\" \u003e\u003e /home/ubuntu/Spika3/.env\n\nnpm install --prefix /home/ubuntu/Spika3\n\nnpx prisma migrate deploy\nnpx prisma generate\nnpm run build:messenger\nnpm run build:management\nnpm run build:server\n\nnpm install -g pm2 \n#pm2 start npm -i max --name \"Spika\" --log-date-format 'DD-MM HH:mm:ss' -- run start:server\npm2 start npm --name \"Spika\" --log-date-format 'DD-MM HH:mm:ss' -- run start:server\npm2 install pm2-logrotate\npm2 set pm2-logrotate:rotateInterval '0 0 0 * * *'\nEOF\n\nchown ubuntu:ubuntu /tmp/subscript.sh \u0026\u0026 chmod a+x /tmp/subscript.sh \u003e\u003e /home/ubuntu/installlog\nsleep 1; su - ubuntu -c \"/tmp/subscript.sh\" \u003e\u003e /home/ubuntu/installlog\n\necho \"all done\" \u003e\u003e /home/ubuntu/installlog\n",
            "template": "#!/bin/bash -v\n\necho \"Install database started\" \u003e\u003e /home/ubuntu/installlog\n\n# Disable intaractive mode in apt\necho \"\\$nrconf{restart} = 'a';\" \u0026\u003e\u003e /etc/needrestart/needrestart.conf\n\napt update\napt install -y mysql-server nfs-common curl python3 build-essential pip redis-server nginx\n\necho \"nginx setup start\" \u003e\u003e /home/ubuntu/installlog\n\n#setup nginx\ntee /home/ubuntu/nginx_settings \u003c\u003cEOF\n${nginx_settings}\nEOF\n\ntee /etc/nginx/sites-available/default \u003c\u003cEOF\n${nginx_settings}\nEOF\n\nsystemctl restart nginx\n\necho \"nginx setup done\" \u003e\u003e /home/ubuntu/installlog\n\n\nsystemctl start mysql.service\n\nmysql -e \"CREATE DATABASE ${db_name};\\\nCREATE USER '${db_username}'@'%' IDENTIFIED BY '${db_password}';\\\nGRANT ALL PRIVILEGES ON *.* TO '${db_username}'@'%';\\\nFLUSH PRIVILEGES;\" \u0026\u003e\u003e /home/ubuntu/installlog\n\n# Install rabbit mq\napt-get install gnupg apt-transport-https -y\n\ncurl -1sLf \"https://keys.openpgp.org/vks/v1/by-fingerprint/0A9AF2115F4687BD29803A206B73A36E6026DFCA\" | gpg --dearmor | tee /usr/share/keyrings/com.rabbitmq.team.gpg \u003e /dev/null\ncurl -1sLf \"https://keyserver.ubuntu.com/pks/lookup?op=get\u0026search=0xf77f1eda57ebb1cc\" | gpg --dearmor | tee /usr/share/keyrings/net.launchpad.ppa.rabbitmq.erlang.gpg \u003e /dev/null\ncurl -1sLf \"https://packagecloud.io/rabbitmq/rabbitmq-server/gpgkey\" | gpg --dearmor | tee /usr/share/keyrings/io.packagecloud.rabbitmq.gpg \u003e /dev/null\n\n## Add apt repositories maintained by Team RabbitMQ\ntee /etc/apt/sources.list.d/rabbitmq.list \u003c\u003cEOF\n\ndeb [signed-by=/usr/share/keyrings/net.launchpad.ppa.rabbitmq.erlang.gpg] http://ppa.launchpad.net/rabbitmq/rabbitmq-erlang/ubuntu jammy main\ndeb-src [signed-by=/usr/share/keyrings/net.launchpad.ppa.rabbitmq.erlang.gpg] http://ppa.launchpad.net/rabbitmq/rabbitmq-erlang/ubuntu jammy main\n\ndeb [signed-by=/usr/share/keyrings/io.packagecloud.rabbitmq.gpg] https://packagecloud.io/rabbitmq/rabbitmq-server/ubuntu/ jammy main\ndeb-src [signed-by=/usr/share/keyrings/io.packagecloud.rabbitmq.gpg] https://packagecloud.io/rabbitmq/rabbitmq-server/ubuntu/ jammy main\nEOF\n\napt-get update -y\n\n## Install Erlang packages\napt-get install -y erlang-base \\\n                        erlang-asn1 erlang-crypto erlang-eldap erlang-ftp erlang-inets \\\n                        erlang-mnesia erlang-os-mon erlang-parsetools erlang-public-key \\\n                        erlang-runtime-tools erlang-snmp erlang-ssl \\\n                        erlang-syntax-tools erlang-tftp erlang-tools erlang-xmerl\n\n## Install rabbitmq-server and its dependencies\napt-get install rabbitmq-server -y --fix-missing\nrabbitmqctl add_user \"${queue_username}\" \"${queue_password}\" \u0026\u003e\u003e /home/ubuntu/installlog\nrabbitmqctl set_permissions -p \"/\" \"${queue_username}\" \".*\" \".*\" \".*\" \u0026\u003e\u003e /home/ubuntu/installlog\nrabbitmq-plugins enable rabbitmq_management\n\nsed -i 's/127.0.0.1/0.0.0.0/g' /etc/mysql/mysql.conf.d/mysqld.cnf\nsed -i 's/127.0.0.1/0.0.0.0/g' /etc/redis/redis.conf\n\nsystemctl restart mysql\nsystemctl restart redis-server\n\n# Install nodejs and others\ncat \u003e /tmp/subscript.sh \u003c\u003c EOF\n# START UBUNTU USERSPACE\necho \"Setting up NodeJS Environment\"\ncurl -o- https://raw.githubusercontent.com/creationix/nvm/v0.33.9/install.sh | bash\necho 'export NVM_DIR=\"/home/ubuntu/.nvm\"' \u003e\u003e /home/ubuntu/.bashrc\necho '[ -s \"$NVM_DIR/nvm.sh\" ] \u0026\u0026 . \"$NVM_DIR/nvm.sh\"  # This loads nvm' \u003e\u003e /home/ubuntu/.bashrc\n# Dot source the files to ensure that variables are available within the current shell\n. /home/ubuntu/.nvm/nvm.sh\n. /home/ubuntu/.profile\n. /home/ubuntu/.bashrc\n# Install NVM, NPM, Node.JS \u0026 Grunt\nnvm install --lts\nnvm ls\nnvm install 18\nnvm use 18\nnvm alias defautl 18\n\ncd /home/ubuntu\ngit clone https://github.com/cloverstudio/Spika3.git\n\ncd /home/ubuntu/Spika3; \ngit checkout work/main \n\n\necho \"${prefix}\" \u003e\u003e /home/ubuntu/Spika3/.env\necho \"DATABASE_URL=\\\"${db_connection_string}\\\"\" \u003e\u003e /home/ubuntu/Spika3/.env\necho \"RABBITMQ_URL=\\\"${rabbit_mq_connection_string}\\\"\" \u003e\u003e /home/ubuntu/Spika3/.env\necho \"REDIS_URL=\\\"${redis_connection_string}\\\"\" \u003e\u003e /home/ubuntu/Spika3/.env\necho \"API_BASE_URL=\\\"http://${ip_address}/api\\\"\" \u003e\u003e /home/ubuntu/Spika3/.env\necho \"UPLOADS_BASE_URL=\\\"http:/${ip_address}\\\"\" \u003e\u003e /home/ubuntu/Spika3/.env\n\nnpm install --prefix /home/ubuntu/Spika3\n\nnpx prisma migrate deploy\nnpx prisma generate\nnpm run build:messenger\nnpm run build:management\nnpm run build:server\n\nnpm install -g pm2 \n#pm2 start npm -i max --name \"Spika\" --log-date-format 'DD-MM HH:mm:ss' -- run start:server\npm2 start npm --name \"Spika\" --log-date-format 'DD-MM HH:mm:ss' -- run start:server\npm2 install pm2-logrotate\npm2 set pm2-logrotate:rotateInterval '0 0 0 * * *'\nEOF\n\nchown ubuntu:ubuntu /tmp/subscript.sh \u0026\u0026 chmod a+x /tmp/subscript.sh \u003e\u003e /home/ubuntu/installlog\nsleep 1; su - ubuntu -c \"/tmp/subscript.sh\" \u003e\u003e /home/ubuntu/installlog\n\necho \"all done\" \u003e\u003e /home/ubuntu/installlog\n",
            "vars": {
              "db_connection_string": "mysql://spikadb_user:iTI7xm3iBk5j6P77@localhost/spikadb",
              "db_name": "spikadb",
              "db_password": "iTI7xm3iBk5j6P77",
              "db_username": "spikadb_user",
              "ip_address": "44.237.193.223",
              "nginx_settings": "server {\n\tlisten 80 default_server;\n\tlisten [::]:80 default_server;\n\n\troot /var/www/html;\n\n\tserver_name _;\n\n\tlocation / {\n\t\tproxy_pass http://127.0.0.1:8080;\n\t\tproxy_http_version 1.1;\n\t\tproxy_buffering off;\n\t\tproxy_cache off;\n\t\tproxy_set_header Host \\$host;\n\t\tproxy_set_header Connection '';\n\t\tchunked_transfer_encoding off;\n\t}\n\n}\n\n",
              "prefix": "COMPOSE_PROJECT_NAME=spika3\nENV=production\nADMIN_USERNAME='admin'\nADMIN_PASSWORD='password'\nSERVER_PORT=8080\nCONFCALL_HOST_URL=wss://spika3mediasoup.spika.chat\n\nIS_TEST=0\nANDROID_SMS_VERIFICATION_HASH='K9rS/tfb305'\nIOS_SMS_VERIFICATION_URL='clover.st'\n\nUSE_MNG_API=1\nUSE_MSG_API=1\nUSE_SMS=1\nUSE_SSE=1\nUSE_UPLOAD=1\nUSE_PUSH=1\nUSE_CONFCALL=1\nUSE_MESSAGE_RECORDS_SSE=1\nUSE_WEBHOOK=1\nUSE_MESSAGING=1\n\nTEAM_MODE=1\n\nTWILIO_SID=AC22ef9d07bc79c3af873552bd7400623f\nTWILIO_TOKEN=00c763a417eb35b39fc4b5e3770fd3bb\nTWILIO_FROM_NUMBER=+16069560377\n\nLOG_INFO=1\nLOG_WARN=1\nLOG_ERROR=1\n\nFCM_PROJECT_ID=spika-ultimate\nFCM_API_KEY=AIzaSyD1EJGP17dwcRe4fKC0QaSbfxNglDelLNc\nFCM_AUTH_DOMAIN=spika-ultimate.firebaseapp.com\nFCM_STORAGE_BUCKET=spika-ultimate.appspot.com\nFCM_SENDER_ID=545730644006\nFCM_APP_ID=1:545730644006:web:385d470311a4d7fb0d3ee7\nFCM_MEASUREMENT_ID=G-TFYE1S6ZGT\nFCM_VAPID_KEY=\"BOBmllC0M3B9dJQcXkzv1PCroKRpRmp1laF9wDy23-ZH2j0Zb2KIStUouJdnfN5gysWUEAIEFSBAgoE3q2k-9U8\"\nFCM_HOST=fcm.googleapis.com\nFCM_PRIVATE_KEY=\"-----BEGIN PRIVATE KEY-----\\nMIIEvQIBADANBgkqhkiG9w0BAQEFAASCBKcwggSjAgEAAoIBAQCLz9snaeGuA/xz\\nOEsjGqZSGMNcJAFKQScV2uW+76o7Be0kEA0WDyzElXdSOeMy2kmbWkjfjm24BhmE\\neQlnUbu3F/ny4+wrL7GhfUx+s8r7OgnRcV6QzYy3/A+tXYr+HWh/rigtylyahoDW\\nc/7G716egDcg/YVoizfjy+x8PF5EcZfnOeGqvixNavU48QUbOaEWiaMtkDOa5E/5\\ni52hBBWqwblBBDnGHb+aPx0LkYVm8+etDneZPhdj3AZ7AYleHvJgv2rJmUhVi7Ye\\n4MpaNOaD2R6ENeyM8u8sQE8HlUMZBcatY+m+Hf1o7EgHpTIvD46iKonffX4gANiM\\n0N24ieM9AgMBAAECggEAAkch6y+4r1Ddz1PCt6DyxkIkhq8IfVj35c2B8j0t4RXM\\n4gpH6EzZfh9wSPzr9HNlgRw0tT25EGc7CbM+IbqNbCN+HUS035RAmOC1exf7TeIJ\\ncGngMExFB2daKwkr302D2xavjWVvYk4gMb5Ej6GtQThWDZnLz2L7R2EWaoTCRWut\\nMwBhZny5YUNnzgCfgMgul/UCEGjo5zBneiau5lj76ZJD3AgsB68cnaN3z+QtuqLb\\npCWLYGVUd2qZH7QYu2gGQoT2/fnA1VBI3ycwZvF7JrIdIW3phVqId3xz7WXWns2k\\nlCem44HuYL/KqLkGEm03M+JhK+vJFagkCzTCoPzq8QKBgQDB7FXAXCajEA7QcbUF\\n15/p0yYd0/gJNKiVdp0EZGhrlDRG8Xdj9dfZXs6ONggK43DNvu/l9assfy46pdJ/\\n4lm4eg5CofuK9dvayQowsOKYQjCvQ+h7bOZ6PskB9IlmMYH+AHU6JqYm763TCGEu\\nWcNV1o2W8ouwNuubGvYuoDCVTQKBgQC4kTMIlXhW9CpwFXjk2orw1NYt6yICsimW\\nS4KEIXvGPwdhGNFzXjweCRIbEMJU+e5TaSFCtqUctBzakL2HHXwPg3+0ToSNG1P8\\nURapdB+ibbWprnXaUIbGj2GBBHo03GxBj6/Mn7kUOkRpuaHtyZnAiJTYADH/bxzd\\nOB6xyvTNsQKBgQCjLGLHVoLoSHW+rT796H7VeGclSBv4WwfTpBfg/z/h7bXDUCD+\\nynlSnXS+svY3e0OKzDP+UqYy7d0PWkJyexq1oHZpWPVY6yGQygM6D0zLgz6F62Uu\\nneadTEFE1OfcRqI0AVyijqzWLG0eGnnzT3KOwtcnAXXK05uSSrCFcSMQLQKBgHRx\\nTvQ0cPbTFs8eDOa9pnjonrPbq9ptkuU6gH5iLZfWfg5ZPRN/OYhtipm+ygwYnq7L\\nHevcFXF1hNq0BI7xICsdeH1GKERqIGOIuTZxh9/PPZRu9/WjZlRxcz+VlpAxHK+E\\nOpJrlrXXSQA22J2P2kvpH5bjEKgp7tj2pg7fj/ERAoGALF3WMcu9idxyG2Ymh4Nt\\nz4T7fgG+GmQyIBmoEFp7/daFViB9yLoeh1mPiwLmHNoVg/7QAe/T7tWxd65yQN3n\\nHExX0rbv4wYbldzH4AzJWSHbRThYwuGhtQeQyG9nPKgpu9ZJ1h9lrgsD0cnLyF2O\\nm5Z4MZHgFUILe8vo18jxkkU=\\n-----END PRIVATE KEY-----\\n\"\nFCM_EMAIL=firebase-adminsdk-let7g@spika-ultimate.iam.gserviceaccount.com\n\nMEDIASOUP_ANNOUNCED_IP='54.215.115.153'\nMEDIASOUP_LISTEN_IP='0.0.0.0'\nMEDIASOUP_MIN_PORT=40000\nMEDIASOUP_MAX_PORT=49999\n\nUPLOAD_FOLDER=\"/var/spika\"",
              "queue_password": "GgQfrfUIutQXDpNY",
              "queue_username": "spikaqueue",
              "rabbit_mq_connection_string": "amqp://spikaqueue:GgQfrfUIutQXDpNY@localhost",
              "redis_connection_string": "redis://localhost:6379"
            }
          },
          "sensitive_attributes": [
            [
              {
                "type": "get_attr",
                "value": "vars"
              },
              {
                "type": "index",
                "value": {
                  "value": "db_connection_string",
                  "type": "string"
                }
              }
            ],
            [
              {
                "type": "get_attr",
                "value": "vars"
              },
              {
                "type": "index",
                "value": {
                  "value": "db_password",
                  "type": "string"
                }
              }
            ],
            [
              {
                "type": "get_attr",
                "value": "vars"
              },
              {
                "type": "index",
                "value": {
                  "value": "queue_password",
                  "type": "string"
                }
              }
            ],
            [
              {
                "type": "get_attr",
                "value": "vars"
              },
              {
                "type": "index",
                "value": {
                  "value": "rabbit_mq_connection_string",
                  "type": "string"
                }
              }
            ]
          ]
        }
      ]
    },
    {
      "module": "module.ec2",
      "mode": "managed",
      "type": "aws_eip",
      "name": "global_ip",
      "provider": "provider[\"registry.terraform.io/hashicorp/aws\"]",
      "instances": [
        {
          "schema_version": 0,
          "attributes": {
            "address": null,
            "allocation_id": "eipalloc-018bdac3fd48c091e",
            "associate_with_private_ip": null,
            "association_id": "",
            "carrier_ip": "",
            "customer_owned_ip": "",
            "customer_owned_ipv4_pool": "",
            "domain": "vpc",
            "id": "eipalloc-018bdac3fd48c091e",
            "instance": "",
            "network_border_group": "us-west-2",
            "network_interface": "",
            "private_dns": null,
            "private_ip": "",
            "public_dns": "ec2-44-237-193-223.us-west-2.compute.amazonaws.com",
            "public_ip": "44.237.193.223",
            "public_ipv4_pool": "amazon",
            "tags": null,
            "tags_all": {},
            "timeouts": null,
            "vpc": true
          },
          "sensitive_attributes": [],
          "private": "eyJlMmJmYjczMC1lY2FhLTExZTYtOGY4OC0zNDM2M2JjN2M0YzAiOnsiZGVsZXRlIjoxODAwMDAwMDAwMDAsInJlYWQiOjkwMDAwMDAwMDAwMCwidXBkYXRlIjozMDAwMDAwMDAwMDB9fQ=="
        }
      ]
    },
    {
      "module": "module.ec2",
      "mode": "managed",
      "type": "aws_eip_association",
      "name": "eip_assoc",
      "provider": "provider[\"registry.terraform.io/hashicorp/aws\"]",
      "instances": [
        {
          "schema_version": 0,
          "attributes": {
            "allocation_id": "eipalloc-018bdac3fd48c091e",
            "allow_reassociation": null,
            "id": "eipassoc-06fa26415f5b6c764",
            "instance_id": "i-0b00b35d20635137a",
            "network_interface_id": "eni-00bf6276ef8f48ea2",
            "private_ip_address": "10.0.101.197",
            "public_ip": "44.237.193.223"
          },
          "sensitive_attributes": [],
          "private": "bnVsbA==",
          "dependencies": [
            "module.ec2.aws_eip.global_ip",
            "module.ec2.aws_instance.ec2_app",
            "module.ec2.data.aws_ami.ubuntu-linux-2204",
            "module.ec2.data.template_file.env",
            "module.ec2.data.template_file.init_app",
            "module.networking.aws_security_group.allow_pub",
            "module.networking.data.aws_availability_zones.available",
            "module.networking.module.vpc.aws_cloudwatch_log_group.flow_log",
            "module.networking.module.vpc.aws_customer_gateway.this",
            "module.networking.module.vpc.aws_db_subnet_group.database",
            "module.networking.module.vpc.aws_default_network_acl.this",
            "module.networking.module.vpc.aws_default_route_table.default",
            "module.networking.module.vpc.aws_default_security_group.this",
            "module.networking.module.vpc.aws_default_vpc.this",
            "module.networking.module.vpc.aws_egress_only_internet_gateway.this",
            "module.networking.module.vpc.aws_eip.nat",
            "module.networking.module.vpc.aws_elasticache_subnet_group.elasticache",
            "module.networking.module.vpc.aws_flow_log.this",
            "module.networking.module.vpc.aws_iam_policy.vpc_flow_log_cloudwatch",
            "module.networking.module.vpc.aws_iam_role.vpc_flow_log_cloudwatch",
            "module.networking.module.vpc.aws_iam_role_policy_attachment.vpc_flow_log_cloudwatch",
            "module.networking.module.vpc.aws_internet_gateway.this",
            "module.networking.module.vpc.aws_nat_gateway.this",
            "module.networking.module.vpc.aws_network_acl.database",
            "module.networking.module.vpc.aws_network_acl.elasticache",
            "module.networking.module.vpc.aws_network_acl.intra",
            "module.networking.module.vpc.aws_network_acl.outpost",
            "module.networking.module.vpc.aws_network_acl.private",
            "module.networking.module.vpc.aws_network_acl.public",
            "module.networking.module.vpc.aws_network_acl.redshift",
            "module.networking.module.vpc.aws_network_acl_rule.database_inbound",
            "module.networking.module.vpc.aws_network_acl_rule.database_outbound",
            "module.networking.module.vpc.aws_network_acl_rule.elasticache_inbound",
            "module.networking.module.vpc.aws_network_acl_rule.elasticache_outbound",
            "module.networking.module.vpc.aws_network_acl_rule.intra_inbound",
            "module.networking.module.vpc.aws_network_acl_rule.intra_outbound",
            "module.networking.module.vpc.aws_network_acl_rule.outpost_inbound",
            "module.networking.module.vpc.aws_network_acl_rule.outpost_outbound",
            "module.networking.module.vpc.aws_network_acl_rule.private_inbound",
            "module.networking.module.vpc.aws_network_acl_rule.private_outbound",
            "module.networking.module.vpc.aws_network_acl_rule.public_inbound",
            "module.networking.module.vpc.aws_network_acl_rule.public_outbound",
            "module.networking.module.vpc.aws_network_acl_rule.redshift_inbound",
            "module.networking.module.vpc.aws_network_acl_rule.redshift_outbound",
            "module.networking.module.vpc.aws_redshift_subnet_group.redshift",
            "module.networking.module.vpc.aws_route.database_internet_gateway",
            "module.networking.module.vpc.aws_route.database_ipv6_egress",
            "module.networking.module.vpc.aws_route.database_nat_gateway",
            "module.networking.module.vpc.aws_route.private_ipv6_egress",
            "module.networking.module.vpc.aws_route.private_nat_gateway",
            "module.networking.module.vpc.aws_route.public_internet_gateway",
            "module.networking.module.vpc.aws_route.public_internet_gateway_ipv6",
            "module.networking.module.vpc.aws_route_table.database",
            "module.networking.module.vpc.aws_route_table.elasticache",
            "module.networking.module.vpc.aws_route_table.intra",
            "module.networking.module.vpc.aws_route_table.private",
            "module.networking.module.vpc.aws_route_table.public",
            "module.networking.module.vpc.aws_route_table.redshift",
            "module.networking.module.vpc.aws_route_table_association.database",
            "module.networking.module.vpc.aws_route_table_association.elasticache",
            "module.networking.module.vpc.aws_route_table_association.intra",
            "module.networking.module.vpc.aws_route_table_association.outpost",
            "module.networking.module.vpc.aws_route_table_association.private",
            "module.networking.module.vpc.aws_route_table_association.public",
            "module.networking.module.vpc.aws_route_table_association.redshift",
            "module.networking.module.vpc.aws_route_table_association.redshift_public",
            "module.networking.module.vpc.aws_subnet.database",
            "module.networking.module.vpc.aws_subnet.elasticache",
            "module.networking.module.vpc.aws_subnet.intra",
            "module.networking.module.vpc.aws_subnet.outpost",
            "module.networking.module.vpc.aws_subnet.private",
            "module.networking.module.vpc.aws_subnet.public",
            "module.networking.module.vpc.aws_subnet.redshift",
            "module.networking.module.vpc.aws_vpc.this",
            "module.networking.module.vpc.aws_vpc_dhcp_options.this",
            "module.networking.module.vpc.aws_vpc_dhcp_options_association.this",
            "module.networking.module.vpc.aws_vpc_ipv4_cidr_block_association.this",
            "module.networking.module.vpc.aws_vpn_gateway.this",
            "module.networking.module.vpc.aws_vpn_gateway_attachment.this",
            "module.networking.module.vpc.aws_vpn_gateway_route_propagation.intra",
            "module.networking.module.vpc.aws_vpn_gateway_route_propagation.private",
            "module.networking.module.vpc.aws_vpn_gateway_route_propagation.public",
            "module.networking.module.vpc.data.aws_iam_policy_document.flow_log_cloudwatch_assume_role",
            "module.networking.module.vpc.data.aws_iam_policy_document.vpc_flow_log_cloudwatch",
            "module.ssh-key.aws_key_pair.key_pair",
            "module.ssh-key.tls_private_key.key",
            "random_password.db_master_pass",
            "random_password.queue_pass"
          ]
        }
      ]
    },
    {
      "module": "module.ec2",
      "mode": "managed",
      "type": "aws_instance",
      "name": "ec2_app",
      "provider": "provider[\"registry.terraform.io/hashicorp/aws\"]",
      "instances": [
        {
          "schema_version": 1,
          "attributes": {
            "ami": "ami-038241ba95c675888",
            "arn": "arn:aws:ec2:us-west-2:872224457307:instance/i-0b00b35d20635137a",
            "associate_public_ip_address": true,
            "availability_zone": "us-west-2a",
            "capacity_reservation_specification": [
              {
                "capacity_reservation_preference": "open",
                "capacity_reservation_target": []
              }
            ],
            "cpu_core_count": 2,
            "cpu_threads_per_core": 1,
            "credit_specification": [
              {
                "cpu_credits": "standard"
              }
            ],
            "disable_api_stop": false,
            "disable_api_termination": false,
            "ebs_block_device": [],
            "ebs_optimized": false,
            "enclave_options": [
              {
                "enabled": false
              }
            ],
            "ephemeral_block_device": [],
            "get_password_data": false,
            "hibernation": false,
            "host_id": null,
            "host_resource_group_arn": null,
            "iam_instance_profile": "",
            "id": "i-0b00b35d20635137a",
            "instance_initiated_shutdown_behavior": "stop",
            "instance_state": "running",
            "instance_type": "t2.medium",
            "ipv6_address_count": 0,
            "ipv6_addresses": [],
            "key_name": "spikademo-key",
            "launch_template": [],
            "maintenance_options": [
              {
                "auto_recovery": "default"
              }
            ],
            "metadata_options": [
              {
                "http_endpoint": "enabled",
                "http_put_response_hop_limit": 1,
                "http_tokens": "optional",
                "instance_metadata_tags": "disabled"
              }
            ],
            "monitoring": false,
            "network_interface": [],
            "outpost_arn": "",
            "password_data": "",
            "placement_group": "",
            "placement_partition_number": null,
            "primary_network_interface_id": "eni-00bf6276ef8f48ea2",
            "private_dns": "ip-10-0-101-197.us-west-2.compute.internal",
            "private_dns_name_options": [
              {
                "enable_resource_name_dns_a_record": false,
                "enable_resource_name_dns_aaaa_record": false,
                "hostname_type": "ip-name"
              }
            ],
            "private_ip": "10.0.101.197",
            "public_dns": "ec2-35-90-23-241.us-west-2.compute.amazonaws.com",
            "public_ip": "35.90.23.241",
            "root_block_device": [
              {
                "delete_on_termination": true,
                "device_name": "/dev/sda1",
                "encrypted": true,
                "iops": 768,
                "kms_key_id": "arn:aws:kms:us-west-2:872224457307:key/4ba760b6-0284-40ea-87af-3d8eee9bf783",
                "tags": null,
                "throughput": 0,
                "volume_id": "vol-0263cad83dca56c59",
                "volume_size": 256,
                "volume_type": "gp2"
              }
            ],
            "secondary_private_ips": [],
            "security_groups": [],
            "source_dest_check": true,
            "subnet_id": "subnet-051dbfcb36bba9423",
            "tags": {
              "Name": "spikademo-EC2-PUBLIC1"
            },
            "tags_all": {
              "Name": "spikademo-EC2-PUBLIC1"
            },
            "tenancy": "default",
            "timeouts": null,
            "user_data": "d91959578f97c52f6b5b8f50a1820f3341319aaa",
            "user_data_base64": null,
            "user_data_replace_on_change": false,
            "volume_tags": null,
            "vpc_security_group_ids": [
              "sg-088913b469f132adb"
            ]
          },
          "sensitive_attributes": [],
          "private": "eyJlMmJmYjczMC1lY2FhLTExZTYtOGY4OC0zNDM2M2JjN2M0YzAiOnsiY3JlYXRlIjo2MDAwMDAwMDAwMDAsImRlbGV0ZSI6MTIwMDAwMDAwMDAwMCwidXBkYXRlIjo2MDAwMDAwMDAwMDB9LCJzY2hlbWFfdmVyc2lvbiI6IjEifQ==",
          "dependencies": [
            "module.ec2.aws_eip.global_ip",
            "module.ec2.data.aws_ami.ubuntu-linux-2204",
            "module.ec2.data.template_file.env",
            "module.ec2.data.template_file.init_app",
            "module.networking.aws_security_group.allow_pub",
            "module.networking.data.aws_availability_zones.available",
            "module.networking.module.vpc.aws_cloudwatch_log_group.flow_log",
            "module.networking.module.vpc.aws_customer_gateway.this",
            "module.networking.module.vpc.aws_db_subnet_group.database",
            "module.networking.module.vpc.aws_default_network_acl.this",
            "module.networking.module.vpc.aws_default_route_table.default",
            "module.networking.module.vpc.aws_default_security_group.this",
            "module.networking.module.vpc.aws_default_vpc.this",
            "module.networking.module.vpc.aws_egress_only_internet_gateway.this",
            "module.networking.module.vpc.aws_eip.nat",
            "module.networking.module.vpc.aws_elasticache_subnet_group.elasticache",
            "module.networking.module.vpc.aws_flow_log.this",
            "module.networking.module.vpc.aws_iam_policy.vpc_flow_log_cloudwatch",
            "module.networking.module.vpc.aws_iam_role.vpc_flow_log_cloudwatch",
            "module.networking.module.vpc.aws_iam_role_policy_attachment.vpc_flow_log_cloudwatch",
            "module.networking.module.vpc.aws_internet_gateway.this",
            "module.networking.module.vpc.aws_nat_gateway.this",
            "module.networking.module.vpc.aws_network_acl.database",
            "module.networking.module.vpc.aws_network_acl.elasticache",
            "module.networking.module.vpc.aws_network_acl.intra",
            "module.networking.module.vpc.aws_network_acl.outpost",
            "module.networking.module.vpc.aws_network_acl.private",
            "module.networking.module.vpc.aws_network_acl.public",
            "module.networking.module.vpc.aws_network_acl.redshift",
            "module.networking.module.vpc.aws_network_acl_rule.database_inbound",
            "module.networking.module.vpc.aws_network_acl_rule.database_outbound",
            "module.networking.module.vpc.aws_network_acl_rule.elasticache_inbound",
            "module.networking.module.vpc.aws_network_acl_rule.elasticache_outbound",
            "module.networking.module.vpc.aws_network_acl_rule.intra_inbound",
            "module.networking.module.vpc.aws_network_acl_rule.intra_outbound",
            "module.networking.module.vpc.aws_network_acl_rule.outpost_inbound",
            "module.networking.module.vpc.aws_network_acl_rule.outpost_outbound",
            "module.networking.module.vpc.aws_network_acl_rule.private_inbound",
            "module.networking.module.vpc.aws_network_acl_rule.private_outbound",
            "module.networking.module.vpc.aws_network_acl_rule.public_inbound",
            "module.networking.module.vpc.aws_network_acl_rule.public_outbound",
            "module.networking.module.vpc.aws_network_acl_rule.redshift_inbound",
            "module.networking.module.vpc.aws_network_acl_rule.redshift_outbound",
            "module.networking.module.vpc.aws_redshift_subnet_group.redshift",
            "module.networking.module.vpc.aws_route.database_internet_gateway",
            "module.networking.module.vpc.aws_route.database_ipv6_egress",
            "module.networking.module.vpc.aws_route.database_nat_gateway",
            "module.networking.module.vpc.aws_route.private_ipv6_egress",
            "module.networking.module.vpc.aws_route.private_nat_gateway",
            "module.networking.module.vpc.aws_route.public_internet_gateway",
            "module.networking.module.vpc.aws_route.public_internet_gateway_ipv6",
            "module.networking.module.vpc.aws_route_table.database",
            "module.networking.module.vpc.aws_route_table.elasticache",
            "module.networking.module.vpc.aws_route_table.intra",
            "module.networking.module.vpc.aws_route_table.private",
            "module.networking.module.vpc.aws_route_table.public",
            "module.networking.module.vpc.aws_route_table.redshift",
            "module.networking.module.vpc.aws_route_table_association.database",
            "module.networking.module.vpc.aws_route_table_association.elasticache",
            "module.networking.module.vpc.aws_route_table_association.intra",
            "module.networking.module.vpc.aws_route_table_association.outpost",
            "module.networking.module.vpc.aws_route_table_association.private",
            "module.networking.module.vpc.aws_route_table_association.public",
            "module.networking.module.vpc.aws_route_table_association.redshift",
            "module.networking.module.vpc.aws_route_table_association.redshift_public",
            "module.networking.module.vpc.aws_subnet.database",
            "module.networking.module.vpc.aws_subnet.elasticache",
            "module.networking.module.vpc.aws_subnet.intra",
            "module.networking.module.vpc.aws_subnet.outpost",
            "module.networking.module.vpc.aws_subnet.private",
            "module.networking.module.vpc.aws_subnet.public",
            "module.networking.module.vpc.aws_subnet.redshift",
            "module.networking.module.vpc.aws_vpc.this",
            "module.networking.module.vpc.aws_vpc_dhcp_options.this",
            "module.networking.module.vpc.aws_vpc_dhcp_options_association.this",
            "module.networking.module.vpc.aws_vpc_ipv4_cidr_block_association.this",
            "module.networking.module.vpc.aws_vpn_gateway.this",
            "module.networking.module.vpc.aws_vpn_gateway_attachment.this",
            "module.networking.module.vpc.aws_vpn_gateway_route_propagation.intra",
            "module.networking.module.vpc.aws_vpn_gateway_route_propagation.private",
            "module.networking.module.vpc.aws_vpn_gateway_route_propagation.public",
            "module.networking.module.vpc.data.aws_iam_policy_document.flow_log_cloudwatch_assume_role",
            "module.networking.module.vpc.data.aws_iam_policy_document.vpc_flow_log_cloudwatch",
            "module.ssh-key.aws_key_pair.key_pair",
            "module.ssh-key.tls_private_key.key",
            "random_password.db_master_pass",
            "random_password.queue_pass"
          ]
        }
      ]
    },
    {
      "module": "module.networking",
      "mode": "data",
      "type": "aws_availability_zones",
      "name": "available",
      "provider": "provider[\"registry.terraform.io/hashicorp/aws\"]",
      "instances": [
        {
          "schema_version": 0,
          "attributes": {
            "all_availability_zones": null,
            "exclude_names": null,
            "exclude_zone_ids": null,
            "filter": null,
            "group_names": [
              "us-west-2"
            ],
            "id": "us-west-2",
            "names": [
              "us-west-2a",
              "us-west-2b",
              "us-west-2c",
              "us-west-2d"
            ],
            "state": "available",
            "timeouts": null,
            "zone_ids": [
              "usw2-az2",
              "usw2-az1",
              "usw2-az3",
              "usw2-az4"
            ]
          },
          "sensitive_attributes": []
        }
      ]
    },
    {
      "module": "module.networking",
      "mode": "managed",
      "type": "aws_security_group",
      "name": "allow_pub",
      "provider": "provider[\"registry.terraform.io/hashicorp/aws\"]",
      "instances": [
        {
          "schema_version": 1,
          "attributes": {
            "arn": "arn:aws:ec2:us-west-2:872224457307:security-group/sg-088913b469f132adb",
            "description": "Allow SSH inbound traffic",
            "egress": [
              {
                "cidr_blocks": [
                  "0.0.0.0/0"
                ],
                "description": "",
                "from_port": 0,
                "ipv6_cidr_blocks": [],
                "prefix_list_ids": [],
                "protocol": "-1",
                "security_groups": [],
                "self": false,
                "to_port": 0
              }
            ],
            "id": "sg-088913b469f132adb",
            "ingress": [
              {
                "cidr_blocks": [
                  "0.0.0.0/0"
                ],
                "description": "EFS mount target",
                "from_port": 2049,
                "ipv6_cidr_blocks": [],
                "prefix_list_ids": [],
                "protocol": "tcp",
                "security_groups": [],
                "self": false,
                "to_port": 2049
              },
              {
                "cidr_blocks": [
                  "0.0.0.0/0"
                ],
                "description": "HTTP for app servers",
                "from_port": 8080,
                "ipv6_cidr_blocks": [],
                "prefix_list_ids": [],
                "protocol": "tcp",
                "security_groups": [],
                "self": false,
                "to_port": 8080
              },
              {
                "cidr_blocks": [
                  "0.0.0.0/0"
                ],
                "description": "HTTP from the internet",
                "from_port": 80,
                "ipv6_cidr_blocks": [],
                "prefix_list_ids": [],
                "protocol": "tcp",
                "security_groups": [],
                "self": false,
                "to_port": 80
              },
              {
                "cidr_blocks": [
                  "0.0.0.0/0"
                ],
                "description": "HTTPS from the internet",
                "from_port": 443,
                "ipv6_cidr_blocks": [],
                "prefix_list_ids": [],
                "protocol": "tcp",
                "security_groups": [],
                "self": false,
                "to_port": 443
              },
              {
                "cidr_blocks": [
                  "0.0.0.0/0"
                ],
                "description": "Mysql",
                "from_port": 3306,
                "ipv6_cidr_blocks": [],
                "prefix_list_ids": [],
                "protocol": "tcp",
                "security_groups": [],
                "self": false,
                "to_port": 3306
              },
              {
                "cidr_blocks": [
                  "0.0.0.0/0"
                ],
                "description": "RabbitMQ Erlang",
                "from_port": 4639,
                "ipv6_cidr_blocks": [],
                "prefix_list_ids": [],
                "protocol": "tcp",
                "security_groups": [],
                "self": false,
                "to_port": 4639
              },
              {
                "cidr_blocks": [
                  "0.0.0.0/0"
                ],
                "description": "RabbitMQ admin",
                "from_port": 15672,
                "ipv6_cidr_blocks": [],
                "prefix_list_ids": [],
                "protocol": "tcp",
                "security_groups": [],
                "self": false,
                "to_port": 15672
              },
              {
                "cidr_blocks": [
                  "0.0.0.0/0"
                ],
                "description": "RabbitMQ",
                "from_port": 5672,
                "ipv6_cidr_blocks": [],
                "prefix_list_ids": [],
                "protocol": "tcp",
                "security_groups": [],
                "self": false,
                "to_port": 5672
              },
              {
                "cidr_blocks": [
                  "0.0.0.0/0"
                ],
                "description": "Redis",
                "from_port": 6379,
                "ipv6_cidr_blocks": [],
                "prefix_list_ids": [],
                "protocol": "tcp",
                "security_groups": [],
                "self": false,
                "to_port": 6379
              },
              {
                "cidr_blocks": [
                  "0.0.0.0/0"
                ],
                "description": "SSH from the internet",
                "from_port": 22,
                "ipv6_cidr_blocks": [],
                "prefix_list_ids": [],
                "protocol": "tcp",
                "security_groups": [],
                "self": false,
                "to_port": 22
              }
            ],
            "name": "spikademo-public",
            "name_prefix": "",
            "owner_id": "872224457307",
            "revoke_rules_on_delete": false,
            "tags": {
              "Name": "spikademo-allow_pub"
            },
            "tags_all": {
              "Name": "spikademo-allow_pub"
            },
            "timeouts": null,
            "vpc_id": "vpc-0345004965fe62ba0"
          },
          "sensitive_attributes": [],
          "private": "eyJlMmJmYjczMC1lY2FhLTExZTYtOGY4OC0zNDM2M2JjN2M0YzAiOnsiY3JlYXRlIjo2MDAwMDAwMDAwMDAsImRlbGV0ZSI6OTAwMDAwMDAwMDAwfSwic2NoZW1hX3ZlcnNpb24iOiIxIn0=",
          "dependencies": [
            "module.networking.module.vpc.aws_vpc.this"
          ]
        }
      ]
    },
    {
      "module": "module.networking",
      "mode": "managed",
      "type": "aws_security_group",
      "name": "allow_ssh_priv",
      "provider": "provider[\"registry.terraform.io/hashicorp/aws\"]",
      "instances": [
        {
          "schema_version": 1,
          "attributes": {
            "arn": "arn:aws:ec2:us-west-2:872224457307:security-group/sg-05f2f1b0506ab226a",
            "description": "Allow SSH inbound traffic",
            "egress": [
              {
                "cidr_blocks": [
                  "0.0.0.0/0"
                ],
                "description": "",
                "from_port": 0,
                "ipv6_cidr_blocks": [],
                "prefix_list_ids": [],
                "protocol": "-1",
                "security_groups": [],
                "self": false,
                "to_port": 0
              }
            ],
            "id": "sg-05f2f1b0506ab226a",
            "ingress": [
              {
                "cidr_blocks": [
                  "0.0.0.0/0"
                ],
                "description": "EFS mount target",
                "from_port": 2049,
                "ipv6_cidr_blocks": [],
                "prefix_list_ids": [],
                "protocol": "tcp",
                "security_groups": [],
                "self": false,
                "to_port": 2049
              },
              {
                "cidr_blocks": [
                  "10.0.0.0/16"
                ],
                "description": "SSH only from internal VPC clients",
                "from_port": 22,
                "ipv6_cidr_blocks": [],
                "prefix_list_ids": [],
                "protocol": "tcp",
                "security_groups": [],
                "self": false,
                "to_port": 22
              }
            ],
            "name": "spikademo-allow_ssh_priv",
            "name_prefix": "",
            "owner_id": "872224457307",
            "revoke_rules_on_delete": false,
            "tags": {
              "Name": "spikademo-allow_ssh_priv"
            },
            "tags_all": {
              "Name": "spikademo-allow_ssh_priv"
            },
            "timeouts": null,
            "vpc_id": "vpc-0345004965fe62ba0"
          },
          "sensitive_attributes": [],
          "private": "eyJlMmJmYjczMC1lY2FhLTExZTYtOGY4OC0zNDM2M2JjN2M0YzAiOnsiY3JlYXRlIjo2MDAwMDAwMDAwMDAsImRlbGV0ZSI6OTAwMDAwMDAwMDAwfSwic2NoZW1hX3ZlcnNpb24iOiIxIn0=",
          "dependencies": [
            "module.networking.module.vpc.aws_vpc.this"
          ]
        }
      ]
    },
    {
      "module": "module.networking.module.vpc",
      "mode": "managed",
      "type": "aws_eip",
      "name": "nat",
      "provider": "provider[\"registry.terraform.io/hashicorp/aws\"]",
      "instances": [
        {
          "index_key": 0,
          "schema_version": 0,
          "attributes": {
            "address": null,
            "allocation_id": "eipalloc-089d457daad250f2e",
            "associate_with_private_ip": null,
            "association_id": "",
            "carrier_ip": "",
            "customer_owned_ip": "",
            "customer_owned_ipv4_pool": "",
            "domain": "vpc",
            "id": "eipalloc-089d457daad250f2e",
            "instance": "",
            "network_border_group": "us-west-2",
            "network_interface": "",
            "private_dns": null,
            "private_ip": "",
            "public_dns": "ec2-44-234-208-4.us-west-2.compute.amazonaws.com",
            "public_ip": "44.234.208.4",
            "public_ipv4_pool": "amazon",
            "tags": {
              "Name": "spikademo-vpc-us-west-2a"
            },
            "tags_all": {
              "Name": "spikademo-vpc-us-west-2a"
            },
            "timeouts": null,
            "vpc": true
          },
          "sensitive_attributes": [],
          "private": "eyJlMmJmYjczMC1lY2FhLTExZTYtOGY4OC0zNDM2M2JjN2M0YzAiOnsiZGVsZXRlIjoxODAwMDAwMDAwMDAsInJlYWQiOjkwMDAwMDAwMDAwMCwidXBkYXRlIjozMDAwMDAwMDAwMDB9fQ==",
          "dependencies": [
            "module.networking.data.aws_availability_zones.available"
          ]
        }
      ]
    },
    {
      "module": "module.networking.module.vpc",
      "mode": "managed",
      "type": "aws_internet_gateway",
      "name": "this",
      "provider": "provider[\"registry.terraform.io/hashicorp/aws\"]",
      "instances": [
        {
          "index_key": 0,
          "schema_version": 0,
          "attributes": {
            "arn": "arn:aws:ec2:us-west-2:872224457307:internet-gateway/igw-054ddb159a247b1c3",
            "id": "igw-054ddb159a247b1c3",
            "owner_id": "872224457307",
            "tags": {
              "Name": "spikademo-vpc"
            },
            "tags_all": {
              "Name": "spikademo-vpc"
            },
            "timeouts": null,
            "vpc_id": "vpc-0345004965fe62ba0"
          },
          "sensitive_attributes": [],
          "private": "eyJlMmJmYjczMC1lY2FhLTExZTYtOGY4OC0zNDM2M2JjN2M0YzAiOnsiY3JlYXRlIjoxMjAwMDAwMDAwMDAwLCJkZWxldGUiOjEyMDAwMDAwMDAwMDAsInVwZGF0ZSI6MTIwMDAwMDAwMDAwMH19",
          "dependencies": [
            "module.networking.module.vpc.aws_vpc.this",
            "module.networking.module.vpc.aws_vpc_ipv4_cidr_block_association.this"
          ]
        }
      ]
    },
    {
      "module": "module.networking.module.vpc",
      "mode": "managed",
      "type": "aws_nat_gateway",
      "name": "this",
      "provider": "provider[\"registry.terraform.io/hashicorp/aws\"]",
      "instances": [
        {
          "index_key": 0,
          "schema_version": 0,
          "attributes": {
            "allocation_id": "eipalloc-089d457daad250f2e",
            "connectivity_type": "public",
            "id": "nat-074ebb5741dd76631",
            "network_interface_id": "eni-01b105b2485c1d145",
            "private_ip": "10.0.101.80",
            "public_ip": "44.234.208.4",
            "subnet_id": "subnet-051dbfcb36bba9423",
            "tags": {
              "Name": "spikademo-vpc-us-west-2a"
            },
            "tags_all": {
              "Name": "spikademo-vpc-us-west-2a"
            }
          },
          "sensitive_attributes": [],
          "private": "bnVsbA==",
          "dependencies": [
            "module.networking.data.aws_availability_zones.available",
            "module.networking.module.vpc.aws_eip.nat",
            "module.networking.module.vpc.aws_internet_gateway.this",
            "module.networking.module.vpc.aws_subnet.public",
            "module.networking.module.vpc.aws_vpc.this",
            "module.networking.module.vpc.aws_vpc_ipv4_cidr_block_association.this"
          ]
        }
      ]
    },
    {
      "module": "module.networking.module.vpc",
      "mode": "managed",
      "type": "aws_route",
      "name": "private_nat_gateway",
      "provider": "provider[\"registry.terraform.io/hashicorp/aws\"]",
      "instances": [
        {
          "index_key": 0,
          "schema_version": 0,
          "attributes": {
            "carrier_gateway_id": "",
            "core_network_arn": "",
            "destination_cidr_block": "0.0.0.0/0",
            "destination_ipv6_cidr_block": "",
            "destination_prefix_list_id": "",
            "egress_only_gateway_id": "",
            "gateway_id": "",
            "id": "r-rtb-0389df49571553f3b1080289494",
            "instance_id": "",
            "instance_owner_id": "",
            "local_gateway_id": "",
            "nat_gateway_id": "nat-074ebb5741dd76631",
            "network_interface_id": "",
            "origin": "CreateRoute",
            "route_table_id": "rtb-0389df49571553f3b",
            "state": "active",
            "timeouts": {
              "create": "5m",
              "delete": null,
              "update": null
            },
            "transit_gateway_id": "",
            "vpc_endpoint_id": "",
            "vpc_peering_connection_id": ""
          },
          "sensitive_attributes": [],
          "private": "eyJlMmJmYjczMC1lY2FhLTExZTYtOGY4OC0zNDM2M2JjN2M0YzAiOnsiY3JlYXRlIjozMDAwMDAwMDAwMDAsImRlbGV0ZSI6MzAwMDAwMDAwMDAwLCJ1cGRhdGUiOjEyMDAwMDAwMDAwMH19",
          "dependencies": [
            "module.networking.data.aws_availability_zones.available",
            "module.networking.module.vpc.aws_eip.nat",
            "module.networking.module.vpc.aws_internet_gateway.this",
            "module.networking.module.vpc.aws_nat_gateway.this",
            "module.networking.module.vpc.aws_route_table.private",
            "module.networking.module.vpc.aws_subnet.public",
            "module.networking.module.vpc.aws_vpc.this",
            "module.networking.module.vpc.aws_vpc_ipv4_cidr_block_association.this"
          ]
        }
      ]
    },
    {
      "module": "module.networking.module.vpc",
      "mode": "managed",
      "type": "aws_route",
      "name": "public_internet_gateway",
      "provider": "provider[\"registry.terraform.io/hashicorp/aws\"]",
      "instances": [
        {
          "index_key": 0,
          "schema_version": 0,
          "attributes": {
            "carrier_gateway_id": "",
            "core_network_arn": "",
            "destination_cidr_block": "0.0.0.0/0",
            "destination_ipv6_cidr_block": "",
            "destination_prefix_list_id": "",
            "egress_only_gateway_id": "",
            "gateway_id": "igw-054ddb159a247b1c3",
            "id": "r-rtb-0472a18981f4cb9e71080289494",
            "instance_id": "",
            "instance_owner_id": "",
            "local_gateway_id": "",
            "nat_gateway_id": "",
            "network_interface_id": "",
            "origin": "CreateRoute",
            "route_table_id": "rtb-0472a18981f4cb9e7",
            "state": "active",
            "timeouts": {
              "create": "5m",
              "delete": null,
              "update": null
            },
            "transit_gateway_id": "",
            "vpc_endpoint_id": "",
            "vpc_peering_connection_id": ""
          },
          "sensitive_attributes": [],
          "private": "eyJlMmJmYjczMC1lY2FhLTExZTYtOGY4OC0zNDM2M2JjN2M0YzAiOnsiY3JlYXRlIjozMDAwMDAwMDAwMDAsImRlbGV0ZSI6MzAwMDAwMDAwMDAwLCJ1cGRhdGUiOjEyMDAwMDAwMDAwMH19",
          "dependencies": [
            "module.networking.module.vpc.aws_internet_gateway.this",
            "module.networking.module.vpc.aws_route_table.public",
            "module.networking.module.vpc.aws_vpc.this",
            "module.networking.module.vpc.aws_vpc_ipv4_cidr_block_association.this"
          ]
        }
      ]
    },
    {
      "module": "module.networking.module.vpc",
      "mode": "managed",
      "type": "aws_route_table",
      "name": "private",
      "provider": "provider[\"registry.terraform.io/hashicorp/aws\"]",
      "instances": [
        {
          "index_key": 0,
          "schema_version": 0,
          "attributes": {
            "arn": "arn:aws:ec2:us-west-2:872224457307:route-table/rtb-0389df49571553f3b",
            "id": "rtb-0389df49571553f3b",
            "owner_id": "872224457307",
            "propagating_vgws": [],
            "route": [],
            "tags": {
              "Name": "spikademo-vpc-private"
            },
            "tags_all": {
              "Name": "spikademo-vpc-private"
            },
            "timeouts": null,
            "vpc_id": "vpc-0345004965fe62ba0"
          },
          "sensitive_attributes": [],
          "private": "eyJlMmJmYjczMC1lY2FhLTExZTYtOGY4OC0zNDM2M2JjN2M0YzAiOnsiY3JlYXRlIjozMDAwMDAwMDAwMDAsImRlbGV0ZSI6MzAwMDAwMDAwMDAwLCJ1cGRhdGUiOjEyMDAwMDAwMDAwMH19",
          "dependencies": [
            "module.networking.data.aws_availability_zones.available",
            "module.networking.module.vpc.aws_vpc.this",
            "module.networking.module.vpc.aws_vpc_ipv4_cidr_block_association.this"
          ]
        }
      ]
    },
    {
      "module": "module.networking.module.vpc",
      "mode": "managed",
      "type": "aws_route_table",
      "name": "public",
      "provider": "provider[\"registry.terraform.io/hashicorp/aws\"]",
      "instances": [
        {
          "index_key": 0,
          "schema_version": 0,
          "attributes": {
            "arn": "arn:aws:ec2:us-west-2:872224457307:route-table/rtb-0472a18981f4cb9e7",
            "id": "rtb-0472a18981f4cb9e7",
            "owner_id": "872224457307",
            "propagating_vgws": [],
            "route": [],
            "tags": {
              "Name": "spikademo-vpc-public"
            },
            "tags_all": {
              "Name": "spikademo-vpc-public"
            },
            "timeouts": null,
            "vpc_id": "vpc-0345004965fe62ba0"
          },
          "sensitive_attributes": [],
          "private": "eyJlMmJmYjczMC1lY2FhLTExZTYtOGY4OC0zNDM2M2JjN2M0YzAiOnsiY3JlYXRlIjozMDAwMDAwMDAwMDAsImRlbGV0ZSI6MzAwMDAwMDAwMDAwLCJ1cGRhdGUiOjEyMDAwMDAwMDAwMH19",
          "dependencies": [
            "module.networking.module.vpc.aws_vpc.this",
            "module.networking.module.vpc.aws_vpc_ipv4_cidr_block_association.this"
          ]
        }
      ]
    },
    {
      "module": "module.networking.module.vpc",
      "mode": "managed",
      "type": "aws_route_table_association",
      "name": "private",
      "provider": "provider[\"registry.terraform.io/hashicorp/aws\"]",
      "instances": [
        {
          "index_key": 0,
          "schema_version": 0,
          "attributes": {
            "gateway_id": "",
            "id": "rtbassoc-00e226948f75ebb80",
            "route_table_id": "rtb-0389df49571553f3b",
            "subnet_id": "subnet-0be54ed3667a6669b"
          },
          "sensitive_attributes": [],
          "private": "bnVsbA==",
          "dependencies": [
            "module.networking.data.aws_availability_zones.available",
            "module.networking.module.vpc.aws_route_table.private",
            "module.networking.module.vpc.aws_subnet.private",
            "module.networking.module.vpc.aws_vpc.this",
            "module.networking.module.vpc.aws_vpc_ipv4_cidr_block_association.this"
          ]
        },
        {
          "index_key": 1,
          "schema_version": 0,
          "attributes": {
            "gateway_id": "",
            "id": "rtbassoc-0674c540dc8c0519c",
            "route_table_id": "rtb-0389df49571553f3b",
            "subnet_id": "subnet-0169105cf2dbbc6c4"
          },
          "sensitive_attributes": [],
          "private": "bnVsbA==",
          "dependencies": [
            "module.networking.data.aws_availability_zones.available",
            "module.networking.module.vpc.aws_route_table.private",
            "module.networking.module.vpc.aws_subnet.private",
            "module.networking.module.vpc.aws_vpc.this",
            "module.networking.module.vpc.aws_vpc_ipv4_cidr_block_association.this"
          ]
        }
      ]
    },
    {
      "module": "module.networking.module.vpc",
      "mode": "managed",
      "type": "aws_route_table_association",
      "name": "public",
      "provider": "provider[\"registry.terraform.io/hashicorp/aws\"]",
      "instances": [
        {
          "index_key": 0,
          "schema_version": 0,
          "attributes": {
            "gateway_id": "",
            "id": "rtbassoc-035299250ccac513d",
            "route_table_id": "rtb-0472a18981f4cb9e7",
            "subnet_id": "subnet-051dbfcb36bba9423"
          },
          "sensitive_attributes": [],
          "private": "bnVsbA==",
          "dependencies": [
            "module.networking.data.aws_availability_zones.available",
            "module.networking.module.vpc.aws_route_table.public",
            "module.networking.module.vpc.aws_subnet.public",
            "module.networking.module.vpc.aws_vpc.this",
            "module.networking.module.vpc.aws_vpc_ipv4_cidr_block_association.this"
          ]
        },
        {
          "index_key": 1,
          "schema_version": 0,
          "attributes": {
            "gateway_id": "",
            "id": "rtbassoc-0a76ca397d5552d0e",
            "route_table_id": "rtb-0472a18981f4cb9e7",
            "subnet_id": "subnet-0c9f9447bd951664b"
          },
          "sensitive_attributes": [],
          "private": "bnVsbA==",
          "dependencies": [
            "module.networking.data.aws_availability_zones.available",
            "module.networking.module.vpc.aws_route_table.public",
            "module.networking.module.vpc.aws_subnet.public",
            "module.networking.module.vpc.aws_vpc.this",
            "module.networking.module.vpc.aws_vpc_ipv4_cidr_block_association.this"
          ]
        }
      ]
    },
    {
      "module": "module.networking.module.vpc",
      "mode": "managed",
      "type": "aws_subnet",
      "name": "private",
      "provider": "provider[\"registry.terraform.io/hashicorp/aws\"]",
      "instances": [
        {
          "index_key": 0,
          "schema_version": 1,
          "attributes": {
            "arn": "arn:aws:ec2:us-west-2:872224457307:subnet/subnet-0be54ed3667a6669b",
            "assign_ipv6_address_on_creation": false,
            "availability_zone": "us-west-2a",
            "availability_zone_id": "usw2-az2",
            "cidr_block": "10.0.1.0/24",
            "customer_owned_ipv4_pool": "",
            "enable_dns64": false,
            "enable_resource_name_dns_a_record_on_launch": false,
            "enable_resource_name_dns_aaaa_record_on_launch": false,
            "id": "subnet-0be54ed3667a6669b",
            "ipv6_cidr_block": "",
            "ipv6_cidr_block_association_id": "",
            "ipv6_native": false,
            "map_customer_owned_ip_on_launch": false,
            "map_public_ip_on_launch": false,
            "outpost_arn": "",
            "owner_id": "872224457307",
            "private_dns_hostname_type_on_launch": "ip-name",
            "tags": {
              "Name": "spikademo-vpc-private-us-west-2a"
            },
            "tags_all": {
              "Name": "spikademo-vpc-private-us-west-2a"
            },
            "timeouts": null,
            "vpc_id": "vpc-0345004965fe62ba0"
          },
          "sensitive_attributes": [],
          "private": "eyJlMmJmYjczMC1lY2FhLTExZTYtOGY4OC0zNDM2M2JjN2M0YzAiOnsiY3JlYXRlIjo2MDAwMDAwMDAwMDAsImRlbGV0ZSI6MTIwMDAwMDAwMDAwMH0sInNjaGVtYV92ZXJzaW9uIjoiMSJ9",
          "dependencies": [
            "module.networking.data.aws_availability_zones.available",
            "module.networking.module.vpc.aws_vpc.this",
            "module.networking.module.vpc.aws_vpc_ipv4_cidr_block_association.this"
          ]
        },
        {
          "index_key": 1,
          "schema_version": 1,
          "attributes": {
            "arn": "arn:aws:ec2:us-west-2:872224457307:subnet/subnet-0169105cf2dbbc6c4",
            "assign_ipv6_address_on_creation": false,
            "availability_zone": "us-west-2b",
            "availability_zone_id": "usw2-az1",
            "cidr_block": "10.0.2.0/24",
            "customer_owned_ipv4_pool": "",
            "enable_dns64": false,
            "enable_resource_name_dns_a_record_on_launch": false,
            "enable_resource_name_dns_aaaa_record_on_launch": false,
            "id": "subnet-0169105cf2dbbc6c4",
            "ipv6_cidr_block": "",
            "ipv6_cidr_block_association_id": "",
            "ipv6_native": false,
            "map_customer_owned_ip_on_launch": false,
            "map_public_ip_on_launch": false,
            "outpost_arn": "",
            "owner_id": "872224457307",
            "private_dns_hostname_type_on_launch": "ip-name",
            "tags": {
              "Name": "spikademo-vpc-private-us-west-2b"
            },
            "tags_all": {
              "Name": "spikademo-vpc-private-us-west-2b"
            },
            "timeouts": null,
            "vpc_id": "vpc-0345004965fe62ba0"
          },
          "sensitive_attributes": [],
          "private": "eyJlMmJmYjczMC1lY2FhLTExZTYtOGY4OC0zNDM2M2JjN2M0YzAiOnsiY3JlYXRlIjo2MDAwMDAwMDAwMDAsImRlbGV0ZSI6MTIwMDAwMDAwMDAwMH0sInNjaGVtYV92ZXJzaW9uIjoiMSJ9",
          "dependencies": [
            "module.networking.data.aws_availability_zones.available",
            "module.networking.module.vpc.aws_vpc.this",
            "module.networking.module.vpc.aws_vpc_ipv4_cidr_block_association.this"
          ]
        }
      ]
    },
    {
      "module": "module.networking.module.vpc",
      "mode": "managed",
      "type": "aws_subnet",
      "name": "public",
      "provider": "provider[\"registry.terraform.io/hashicorp/aws\"]",
      "instances": [
        {
          "index_key": 0,
          "schema_version": 1,
          "attributes": {
            "arn": "arn:aws:ec2:us-west-2:872224457307:subnet/subnet-051dbfcb36bba9423",
            "assign_ipv6_address_on_creation": false,
            "availability_zone": "us-west-2a",
            "availability_zone_id": "usw2-az2",
            "cidr_block": "10.0.101.0/24",
            "customer_owned_ipv4_pool": "",
            "enable_dns64": false,
            "enable_resource_name_dns_a_record_on_launch": false,
            "enable_resource_name_dns_aaaa_record_on_launch": false,
            "id": "subnet-051dbfcb36bba9423",
            "ipv6_cidr_block": "",
            "ipv6_cidr_block_association_id": "",
            "ipv6_native": false,
            "map_customer_owned_ip_on_launch": false,
            "map_public_ip_on_launch": true,
            "outpost_arn": "",
            "owner_id": "872224457307",
            "private_dns_hostname_type_on_launch": "ip-name",
            "tags": {
              "Name": "spikademo-vpc-public-us-west-2a"
            },
            "tags_all": {
              "Name": "spikademo-vpc-public-us-west-2a"
            },
            "timeouts": null,
            "vpc_id": "vpc-0345004965fe62ba0"
          },
          "sensitive_attributes": [],
          "private": "eyJlMmJmYjczMC1lY2FhLTExZTYtOGY4OC0zNDM2M2JjN2M0YzAiOnsiY3JlYXRlIjo2MDAwMDAwMDAwMDAsImRlbGV0ZSI6MTIwMDAwMDAwMDAwMH0sInNjaGVtYV92ZXJzaW9uIjoiMSJ9",
          "dependencies": [
            "module.networking.data.aws_availability_zones.available",
            "module.networking.module.vpc.aws_vpc.this",
            "module.networking.module.vpc.aws_vpc_ipv4_cidr_block_association.this"
          ]
        },
        {
          "index_key": 1,
          "schema_version": 1,
          "attributes": {
            "arn": "arn:aws:ec2:us-west-2:872224457307:subnet/subnet-0c9f9447bd951664b",
            "assign_ipv6_address_on_creation": false,
            "availability_zone": "us-west-2b",
            "availability_zone_id": "usw2-az1",
            "cidr_block": "10.0.102.0/24",
            "customer_owned_ipv4_pool": "",
            "enable_dns64": false,
            "enable_resource_name_dns_a_record_on_launch": false,
            "enable_resource_name_dns_aaaa_record_on_launch": false,
            "id": "subnet-0c9f9447bd951664b",
            "ipv6_cidr_block": "",
            "ipv6_cidr_block_association_id": "",
            "ipv6_native": false,
            "map_customer_owned_ip_on_launch": false,
            "map_public_ip_on_launch": true,
            "outpost_arn": "",
            "owner_id": "872224457307",
            "private_dns_hostname_type_on_launch": "ip-name",
            "tags": {
              "Name": "spikademo-vpc-public-us-west-2b"
            },
            "tags_all": {
              "Name": "spikademo-vpc-public-us-west-2b"
            },
            "timeouts": null,
            "vpc_id": "vpc-0345004965fe62ba0"
          },
          "sensitive_attributes": [],
          "private": "eyJlMmJmYjczMC1lY2FhLTExZTYtOGY4OC0zNDM2M2JjN2M0YzAiOnsiY3JlYXRlIjo2MDAwMDAwMDAwMDAsImRlbGV0ZSI6MTIwMDAwMDAwMDAwMH0sInNjaGVtYV92ZXJzaW9uIjoiMSJ9",
          "dependencies": [
            "module.networking.data.aws_availability_zones.available",
            "module.networking.module.vpc.aws_vpc.this",
            "module.networking.module.vpc.aws_vpc_ipv4_cidr_block_association.this"
          ]
        }
      ]
    },
    {
      "module": "module.networking.module.vpc",
      "mode": "managed",
      "type": "aws_vpc",
      "name": "this",
      "provider": "provider[\"registry.terraform.io/hashicorp/aws\"]",
      "instances": [
        {
          "index_key": 0,
          "schema_version": 1,
          "attributes": {
            "arn": "arn:aws:ec2:us-west-2:872224457307:vpc/vpc-0345004965fe62ba0",
            "assign_generated_ipv6_cidr_block": false,
            "cidr_block": "10.0.0.0/16",
            "default_network_acl_id": "acl-0ddf4d2c9c9d685ab",
            "default_route_table_id": "rtb-0b3651849d4a5e156",
            "default_security_group_id": "sg-09c6c869c24f6352a",
            "dhcp_options_id": "dopt-47fee32f",
            "enable_classiclink": false,
            "enable_classiclink_dns_support": false,
            "enable_dns_hostnames": true,
            "enable_dns_support": true,
            "enable_network_address_usage_metrics": false,
            "id": "vpc-0345004965fe62ba0",
            "instance_tenancy": "default",
            "ipv4_ipam_pool_id": null,
            "ipv4_netmask_length": null,
            "ipv6_association_id": "",
            "ipv6_cidr_block": "",
            "ipv6_cidr_block_network_border_group": "",
            "ipv6_ipam_pool_id": "",
            "ipv6_netmask_length": 0,
            "main_route_table_id": "rtb-0b3651849d4a5e156",
            "owner_id": "872224457307",
            "tags": {
              "Name": "spikademo-vpc"
            },
            "tags_all": {
              "Name": "spikademo-vpc"
            }
          },
          "sensitive_attributes": [],
          "private": "eyJzY2hlbWFfdmVyc2lvbiI6IjEifQ=="
        }
      ]
    },
    {
      "module": "module.ssh-key",
      "mode": "managed",
      "type": "aws_key_pair",
      "name": "key_pair",
      "provider": "provider[\"registry.terraform.io/hashicorp/aws\"]",
      "instances": [
        {
          "schema_version": 1,
          "attributes": {
            "arn": "arn:aws:ec2:us-west-2:872224457307:key-pair/spikademo-key",
            "fingerprint": "69:b5:3e:8e:08:dc:c8:36:6d:9b:8e:23:1a:67:b3:f9",
            "id": "spikademo-key",
            "key_name": "spikademo-key",
            "key_name_prefix": "",
            "key_pair_id": "key-0ad0bc247bf2a86cd",
            "key_type": "rsa",
            "public_key": "ssh-rsa AAAAB3NzaC1yc2EAAAADAQABAAABAQC/0i60VAe+aOUV/yQOSgUe89u2yzyt8U92aQGKndhzJCF3OeqBwB/ehKyYcHMhz36ZqZvFAev6/fALqi0eI2IImhcgnFQ1C53hLvg1UO40pJC4DfS/jnDsUIbqL2gumCNodYG7iffAgBfjhahW3GDI2Qt3dFri3/3On0eXLJ+Rq6sLJG54uQFzymeBKwJtxYYDtiSVQLjwOhebjuuQgniu4mju2gw8Zq5KcUbWD4dQaupILkeNP6OHJmg4egAllnJY49weJlA84xlLfBdyIV017nFMe6SZ5dPr0q13AKMMOZ5Q+VXOQI/H/HaBV3nwMBcOlIgFJ/DIM2JvIpONX6QB",
            "tags": null,
            "tags_all": {}
          },
          "sensitive_attributes": [],
          "private": "eyJzY2hlbWFfdmVyc2lvbiI6IjEifQ==",
          "dependencies": [
            "module.ssh-key.tls_private_key.key"
          ]
        }
      ]
    },
    {
      "module": "module.ssh-key",
      "mode": "managed",
      "type": "local_file",
      "name": "private_key",
      "provider": "provider[\"registry.terraform.io/hashicorp/local\"]",
      "instances": [
        {
          "schema_version": 0,
          "attributes": {
            "content": null,
            "content_base64": null,
            "directory_permission": "0777",
            "file_permission": "0400",
            "filename": "spikademo-key.pem",
            "id": "10cd24a29d0f2b42ef4989f2023777944a47efbb",
            "sensitive_content": "-----BEGIN RSA PRIVATE KEY-----\nMIIEpAIBAAKCAQEAv9IutFQHvmjlFf8kDkoFHvPbtss8rfFPdmkBip3YcyQhdznq\ngcAf3oSsmHBzIc9+mambxQHr+v3wC6otHiNiCJoXIJxUNQud4S74NVDuNKSQuA30\nv45w7FCG6i9oLpgjaHWBu4n3wIAX44WoVtxgyNkLd3Ra4t/9zp9HlyyfkaurCyRu\neLkBc8pngSsCbcWGA7YklUC48DoXm47rkIJ4ruJo7toMPGauSnFG1g+HUGrqSC5H\njT+jhyZoOHoAJZZyWOPcHiZQPOMZS3wXciFdNe5xTHukmeXT69KtdwCjDDmeUPlV\nzkCPx/x2gVd58DAXDpSIBSfwyDNibyKTjV+kAQIDAQABAoIBAEhV8HrcPVdWox0a\na/RfgXLcrvxNxAIsP7T9gDFPuPIiq+QUGRT46Iu3KIcL0L7tSmaUCUPPp7eszzr2\n37C/0xY/VX1ctnySduUWG0+vx0Re0pw11xftlTPoYhgp7HW1tZSMy3F3Y9BZ/ag1\nHPg0fuL+xk4zuJpZsZKbihm+ICaEGQA5kFkutbvxnCYqRi2bRDR3lCo8i87h98M3\nuhKy9PncP9tN5oiluoPYdXjfFXUQ5PfEZqBr892RMh2Rgw0aC/urzzy4FQjTnU86\n1CbR+70YfuyIK/SGDqBoMB6v5SScOGsmeZbiTgroy0UCCnAhHPrBX5z6pEqu7EW3\n2IvlLKkCgYEA4fTMi8VLqMz2ImZZcdJUtckYwYKUPH7q/nJq44bgNY0cWo3Ss0fn\n8jYs9oAWpvcpZseX/TzBnJQ9kGMN231el6kAmQilx05bYx47np0RcuodcrY1ufTa\n6EktteEw6pd/WweAgg95cg2Pk/Z5/ozERySxbJyx3xyJfG2mCQnDKucCgYEA2VN5\nK/1q1H27wsF2OFVRwrQZ/kQTks1bYHTTQ13hFF188uRl0ZWhEkl6jtiQ/3bLcndP\n+QMrofVdJtHXndhfs9h5eLxNPf0rmjiFPPa51I2HPeM0Z9ne8nJIULNf2bjko6Cp\nHF1uALDto6XN7eO0mag7NnCpmYom1TKa8219BNcCgYEAxwofDJhVF3LE9nR2If+H\nQ0LLndpqvgeG9XDQm3B6HHIbIeGAUxDqTsBORy15xsY+IB1900MrwcQLnx7CXDBJ\nnQrwTd4COljZw6wkFIqDjliQbDX5ib8Y/jlIHMkrj9q4AvXOy8LZ1hAAA/TAbeyO\nEaVO7T/yp3i523OzKI8C7s0CgYEAq2ertSdNX8S/Fw8Q18NrFd6IdcNpkKpI/J2H\nlqVvhWlqyAOdzpxuCodLk2h5jBM8yM4TlDmM61MjIh/1KDhk2urMe45Aebi48AzO\nAVQzItJxLT2KsrHipmO+Z2/iFE1Af1GSr518yizBcQWvkoW6hkpqUTiwezm8AQDF\nt2LObMcCgYAmbC1lf7var4kwZKLEYvxfRZlVOPtvxKB4YPGCnQ2Psh8qBF2RYwaY\nowgn6gAKis4FiRHa2YqM41dI7BlcNGvSNORciwqR3XihFG9wrNbu+J6ZM336xNTq\nHd0/vOS2FbUFdeRJlTBTBKpR/CxZ6+9yUI6FEVJ0sywCgrwCbFMv5A==\n-----END RSA PRIVATE KEY-----\n",
            "source": null
          },
          "sensitive_attributes": [
            [
              {
                "type": "get_attr",
                "value": "sensitive_content"
              }
            ]
          ],
          "private": "bnVsbA==",
          "dependencies": [
            "module.ssh-key.tls_private_key.key"
          ]
        }
      ]
    },
    {
      "module": "module.ssh-key",
      "mode": "managed",
      "type": "tls_private_key",
      "name": "key",
      "provider": "provider[\"registry.terraform.io/hashicorp/tls\"]",
      "instances": [
        {
          "schema_version": 1,
          "attributes": {
            "algorithm": "RSA",
            "ecdsa_curve": "P224",
            "id": "dbb7f280a404682bd155ed21a06384e57919a3fa",
            "private_key_openssh": "-----BEGIN OPENSSH PRIVATE KEY-----\nb3BlbnNzaC1rZXktdjEAAAAABG5vbmUAAAAEbm9uZQAAAAAAAAABAAABFwAAAAdz\nc2gtcnNhAAAAAwEAAQAAAQEAv9IutFQHvmjlFf8kDkoFHvPbtss8rfFPdmkBip3Y\ncyQhdznqgcAf3oSsmHBzIc9+mambxQHr+v3wC6otHiNiCJoXIJxUNQud4S74NVDu\nNKSQuA30v45w7FCG6i9oLpgjaHWBu4n3wIAX44WoVtxgyNkLd3Ra4t/9zp9Hlyyf\nkaurCyRueLkBc8pngSsCbcWGA7YklUC48DoXm47rkIJ4ruJo7toMPGauSnFG1g+H\nUGrqSC5HjT+jhyZoOHoAJZZyWOPcHiZQPOMZS3wXciFdNe5xTHukmeXT69KtdwCj\nDDmeUPlVzkCPx/x2gVd58DAXDpSIBSfwyDNibyKTjV+kAQAAA7h/HSY/fx0mPwAA\nAAdzc2gtcnNhAAABAQC/0i60VAe+aOUV/yQOSgUe89u2yzyt8U92aQGKndhzJCF3\nOeqBwB/ehKyYcHMhz36ZqZvFAev6/fALqi0eI2IImhcgnFQ1C53hLvg1UO40pJC4\nDfS/jnDsUIbqL2gumCNodYG7iffAgBfjhahW3GDI2Qt3dFri3/3On0eXLJ+Rq6sL\nJG54uQFzymeBKwJtxYYDtiSVQLjwOhebjuuQgniu4mju2gw8Zq5KcUbWD4dQaupI\nLkeNP6OHJmg4egAllnJY49weJlA84xlLfBdyIV017nFMe6SZ5dPr0q13AKMMOZ5Q\n+VXOQI/H/HaBV3nwMBcOlIgFJ/DIM2JvIpONX6QBAAAAAwEAAQAAAQBIVfB63D1X\nVqMdGmv0X4Fy3K78TcQCLD+0/YAxT7jyIqvkFBkU+OiLtyiHC9C+7UpmlAlDz6e3\nrM869t+wv9MWP1V9XLZ8knblFhtPr8dEXtKcNdcX7ZUz6GIYKex1tbWUjMtxd2PQ\nWf2oNRz4NH7i/sZOM7iaWbGSm4oZviAmhBkAOZBZLrW78ZwmKkYtm0Q0d5QqPIvO\n4ffDN7oSsvT53D/bTeaIpbqD2HV43xV1EOT3xGaga/PdkTIdkYMNGgv7q888uBUI\n051POtQm0fu9GH7siCv0hg6gaDAer+UknDhrJnmW4k4K6MtFAgpwIRz6wV+c+qRK\nruxFt9iL5SypAAAAgCZsLWV/u9qviTBkosRi/F9FmVU4+2/EoHhg8YKdDY+yHyoE\nXZFjBpijCCfqAAqKzgWJEdrZiozjV0jsGVw0a9I05FyLCpHdeKEUb3Cs1u74npkz\nffrE1Ood3T+85LYVtQV15EmVMFMEqlH8LFnr73JQjoURUnSzLAKCvAJsUy/kAAAA\ngQDh9MyLxUuozPYiZllx0lS1yRjBgpQ8fur+cmrjhuA1jRxajdKzR+fyNiz2gBam\n9ylmx5f9PMGclD2QYw3bfV6XqQCZCKXHTltjHjuenRFy6h1ytjW59NroSS214TDq\nl39bB4CCD3lyDY+T9nn+jMRHJLFsnLHfHIl8baYJCcMq5wAAAIEA2VN5K/1q1H27\nwsF2OFVRwrQZ/kQTks1bYHTTQ13hFF188uRl0ZWhEkl6jtiQ/3bLcndP+QMrofVd\nJtHXndhfs9h5eLxNPf0rmjiFPPa51I2HPeM0Z9ne8nJIULNf2bjko6CpHF1uALDt\no6XN7eO0mag7NnCpmYom1TKa8219BNcAAAAAAQID\n-----END OPENSSH PRIVATE KEY-----\n",
            "private_key_pem": "-----BEGIN RSA PRIVATE KEY-----\nMIIEpAIBAAKCAQEAv9IutFQHvmjlFf8kDkoFHvPbtss8rfFPdmkBip3YcyQhdznq\ngcAf3oSsmHBzIc9+mambxQHr+v3wC6otHiNiCJoXIJxUNQud4S74NVDuNKSQuA30\nv45w7FCG6i9oLpgjaHWBu4n3wIAX44WoVtxgyNkLd3Ra4t/9zp9HlyyfkaurCyRu\neLkBc8pngSsCbcWGA7YklUC48DoXm47rkIJ4ruJo7toMPGauSnFG1g+HUGrqSC5H\njT+jhyZoOHoAJZZyWOPcHiZQPOMZS3wXciFdNe5xTHukmeXT69KtdwCjDDmeUPlV\nzkCPx/x2gVd58DAXDpSIBSfwyDNibyKTjV+kAQIDAQABAoIBAEhV8HrcPVdWox0a\na/RfgXLcrvxNxAIsP7T9gDFPuPIiq+QUGRT46Iu3KIcL0L7tSmaUCUPPp7eszzr2\n37C/0xY/VX1ctnySduUWG0+vx0Re0pw11xftlTPoYhgp7HW1tZSMy3F3Y9BZ/ag1\nHPg0fuL+xk4zuJpZsZKbihm+ICaEGQA5kFkutbvxnCYqRi2bRDR3lCo8i87h98M3\nuhKy9PncP9tN5oiluoPYdXjfFXUQ5PfEZqBr892RMh2Rgw0aC/urzzy4FQjTnU86\n1CbR+70YfuyIK/SGDqBoMB6v5SScOGsmeZbiTgroy0UCCnAhHPrBX5z6pEqu7EW3\n2IvlLKkCgYEA4fTMi8VLqMz2ImZZcdJUtckYwYKUPH7q/nJq44bgNY0cWo3Ss0fn\n8jYs9oAWpvcpZseX/TzBnJQ9kGMN231el6kAmQilx05bYx47np0RcuodcrY1ufTa\n6EktteEw6pd/WweAgg95cg2Pk/Z5/ozERySxbJyx3xyJfG2mCQnDKucCgYEA2VN5\nK/1q1H27wsF2OFVRwrQZ/kQTks1bYHTTQ13hFF188uRl0ZWhEkl6jtiQ/3bLcndP\n+QMrofVdJtHXndhfs9h5eLxNPf0rmjiFPPa51I2HPeM0Z9ne8nJIULNf2bjko6Cp\nHF1uALDto6XN7eO0mag7NnCpmYom1TKa8219BNcCgYEAxwofDJhVF3LE9nR2If+H\nQ0LLndpqvgeG9XDQm3B6HHIbIeGAUxDqTsBORy15xsY+IB1900MrwcQLnx7CXDBJ\nnQrwTd4COljZw6wkFIqDjliQbDX5ib8Y/jlIHMkrj9q4AvXOy8LZ1hAAA/TAbeyO\nEaVO7T/yp3i523OzKI8C7s0CgYEAq2ertSdNX8S/Fw8Q18NrFd6IdcNpkKpI/J2H\nlqVvhWlqyAOdzpxuCodLk2h5jBM8yM4TlDmM61MjIh/1KDhk2urMe45Aebi48AzO\nAVQzItJxLT2KsrHipmO+Z2/iFE1Af1GSr518yizBcQWvkoW6hkpqUTiwezm8AQDF\nt2LObMcCgYAmbC1lf7var4kwZKLEYvxfRZlVOPtvxKB4YPGCnQ2Psh8qBF2RYwaY\nowgn6gAKis4FiRHa2YqM41dI7BlcNGvSNORciwqR3XihFG9wrNbu+J6ZM336xNTq\nHd0/vOS2FbUFdeRJlTBTBKpR/CxZ6+9yUI6FEVJ0sywCgrwCbFMv5A==\n-----END RSA PRIVATE KEY-----\n",
            "private_key_pem_pkcs8": "-----BEGIN PRIVATE KEY-----\nMIIEvgIBADANBgkqhkiG9w0BAQEFAASCBKgwggSkAgEAAoIBAQC/0i60VAe+aOUV\n/yQOSgUe89u2yzyt8U92aQGKndhzJCF3OeqBwB/ehKyYcHMhz36ZqZvFAev6/fAL\nqi0eI2IImhcgnFQ1C53hLvg1UO40pJC4DfS/jnDsUIbqL2gumCNodYG7iffAgBfj\nhahW3GDI2Qt3dFri3/3On0eXLJ+Rq6sLJG54uQFzymeBKwJtxYYDtiSVQLjwOheb\njuuQgniu4mju2gw8Zq5KcUbWD4dQaupILkeNP6OHJmg4egAllnJY49weJlA84xlL\nfBdyIV017nFMe6SZ5dPr0q13AKMMOZ5Q+VXOQI/H/HaBV3nwMBcOlIgFJ/DIM2Jv\nIpONX6QBAgMBAAECggEASFXwetw9V1ajHRpr9F+Bctyu/E3EAiw/tP2AMU+48iKr\n5BQZFPjoi7cohwvQvu1KZpQJQ8+nt6zPOvbfsL/TFj9VfVy2fJJ25RYbT6/HRF7S\nnDXXF+2VM+hiGCnsdbW1lIzLcXdj0Fn9qDUc+DR+4v7GTjO4mlmxkpuKGb4gJoQZ\nADmQWS61u/GcJipGLZtENHeUKjyLzuH3wze6ErL0+dw/203miKW6g9h1eN8VdRDk\n98RmoGvz3ZEyHZGDDRoL+6vPPLgVCNOdTzrUJtH7vRh+7Igr9IYOoGgwHq/lJJw4\nayZ5luJOCujLRQIKcCEc+sFfnPqkSq7sRbfYi+UsqQKBgQDh9MyLxUuozPYiZllx\n0lS1yRjBgpQ8fur+cmrjhuA1jRxajdKzR+fyNiz2gBam9ylmx5f9PMGclD2QYw3b\nfV6XqQCZCKXHTltjHjuenRFy6h1ytjW59NroSS214TDql39bB4CCD3lyDY+T9nn+\njMRHJLFsnLHfHIl8baYJCcMq5wKBgQDZU3kr/WrUfbvCwXY4VVHCtBn+RBOSzVtg\ndNNDXeEUXXzy5GXRlaESSXqO2JD/dstyd0/5Ayuh9V0m0ded2F+z2Hl4vE09/Sua\nOIU89rnUjYc94zRn2d7yckhQs1/ZuOSjoKkcXW4AsO2jpc3t47SZqDs2cKmZiibV\nMprzbX0E1wKBgQDHCh8MmFUXcsT2dHYh/4dDQsud2mq+B4b1cNCbcHocchsh4YBT\nEOpOwE5HLXnGxj4gHX3TQyvBxAufHsJcMEmdCvBN3gI6WNnDrCQUioOOWJBsNfmJ\nvxj+OUgcySuP2rgC9c7LwtnWEAAD9MBt7I4RpU7tP/KneLnbc7MojwLuzQKBgQCr\nZ6u1J01fxL8XDxDXw2sV3oh1w2mQqkj8nYeWpW+FaWrIA53OnG4Kh0uTaHmMEzzI\nzhOUOYzrUyMiH/UoOGTa6sx7jkB5uLjwDM4BVDMi0nEtPYqyseKmY75nb+IUTUB/\nUZKvnXzKLMFxBa+ShbqGSmpROLB7ObwBAMW3Ys5sxwKBgCZsLWV/u9qviTBkosRi\n/F9FmVU4+2/EoHhg8YKdDY+yHyoEXZFjBpijCCfqAAqKzgWJEdrZiozjV0jsGVw0\na9I05FyLCpHdeKEUb3Cs1u74npkzffrE1Ood3T+85LYVtQV15EmVMFMEqlH8LFnr\n73JQjoURUnSzLAKCvAJsUy/k\n-----END PRIVATE KEY-----\n",
            "public_key_fingerprint_md5": "42:ea:a5:48:26:cf:97:73:b7:06:c0:f1:81:6c:1d:69",
            "public_key_fingerprint_sha256": "SHA256:lGWE9MQ1Q0NCNFWwc1gD66YvTuyr97dLp3F8wvv6vCU",
            "public_key_openssh": "ssh-rsa AAAAB3NzaC1yc2EAAAADAQABAAABAQC/0i60VAe+aOUV/yQOSgUe89u2yzyt8U92aQGKndhzJCF3OeqBwB/ehKyYcHMhz36ZqZvFAev6/fALqi0eI2IImhcgnFQ1C53hLvg1UO40pJC4DfS/jnDsUIbqL2gumCNodYG7iffAgBfjhahW3GDI2Qt3dFri3/3On0eXLJ+Rq6sLJG54uQFzymeBKwJtxYYDtiSVQLjwOhebjuuQgniu4mju2gw8Zq5KcUbWD4dQaupILkeNP6OHJmg4egAllnJY49weJlA84xlLfBdyIV017nFMe6SZ5dPr0q13AKMMOZ5Q+VXOQI/H/HaBV3nwMBcOlIgFJ/DIM2JvIpONX6QB\n",
            "public_key_pem": "-----BEGIN PUBLIC KEY-----\nMIIBIjANBgkqhkiG9w0BAQEFAAOCAQ8AMIIBCgKCAQEAv9IutFQHvmjlFf8kDkoF\nHvPbtss8rfFPdmkBip3YcyQhdznqgcAf3oSsmHBzIc9+mambxQHr+v3wC6otHiNi\nCJoXIJxUNQud4S74NVDuNKSQuA30v45w7FCG6i9oLpgjaHWBu4n3wIAX44WoVtxg\nyNkLd3Ra4t/9zp9HlyyfkaurCyRueLkBc8pngSsCbcWGA7YklUC48DoXm47rkIJ4\nruJo7toMPGauSnFG1g+HUGrqSC5HjT+jhyZoOHoAJZZyWOPcHiZQPOMZS3wXciFd\nNe5xTHukmeXT69KtdwCjDDmeUPlVzkCPx/x2gVd58DAXDpSIBSfwyDNibyKTjV+k\nAQIDAQAB\n-----END PUBLIC KEY-----\n",
            "rsa_bits": 2048
          },
          "sensitive_attributes": []
        }
      ]
    }
  ],
  "check_results": null
}
