{
  "version": 4,
  "terraform_version": "1.3.3",
  "serial": 637,
  "lineage": "c6bea4a8-e38f-17ff-9c9c-133a8ddd70bc",
  "outputs": {},
  "resources": [
    {
      "mode": "data",
      "type": "aws_ami",
      "name": "ubuntu-linux-2204",
      "provider": "provider[\"registry.terraform.io/hashicorp/aws\"]",
      "instances": [
        {
          "schema_version": 0,
          "attributes": {
            "architecture": "x86_64",
            "arn": "arn:aws:ec2:us-west-2::image/ami-038241ba95c675888",
            "block_device_mappings": [
              {
                "device_name": "/dev/sda1",
                "ebs": {
                  "delete_on_termination": "true",
                  "encrypted": "false",
                  "iops": "0",
                  "snapshot_id": "snap-0a3aca1a4f1e74a10",
                  "throughput": "0",
                  "volume_size": "8",
                  "volume_type": "gp2"
                },
                "no_device": "",
                "virtual_name": ""
              },
              {
                "device_name": "/dev/sdb",
                "ebs": {},
                "no_device": "",
                "virtual_name": "ephemeral0"
              },
              {
                "device_name": "/dev/sdc",
                "ebs": {},
                "no_device": "",
                "virtual_name": "ephemeral1"
              }
            ],
            "boot_mode": "",
            "creation_date": "2022-11-01T18:10:36.000Z",
            "deprecation_time": "2024-11-01T18:10:36.000Z",
            "description": "Canonical, Ubuntu, 22.04 LTS, amd64 jammy image build on 2022-11-01",
            "ena_support": true,
            "executable_users": null,
            "filter": [
              {
                "name": "name",
                "values": [
                  "ubuntu/images/hvm-ssd/ubuntu-jammy-22.04-amd64-server-*"
                ]
              },
              {
                "name": "virtualization-type",
                "values": [
                  "hvm"
                ]
              }
            ],
            "hypervisor": "xen",
            "id": "ami-038241ba95c675888",
            "image_id": "ami-038241ba95c675888",
            "image_location": "amazon/ubuntu/images/hvm-ssd/ubuntu-jammy-22.04-amd64-server-20221101.1",
            "image_owner_alias": "amazon",
            "image_type": "machine",
            "imds_support": "",
            "include_deprecated": false,
            "kernel_id": "",
            "most_recent": true,
            "name": "ubuntu/images/hvm-ssd/ubuntu-jammy-22.04-amd64-server-20221101.1",
            "name_regex": null,
            "owner_id": "099720109477",
            "owners": [
              "099720109477"
            ],
            "platform": "",
            "platform_details": "Linux/UNIX",
            "product_codes": [],
            "public": true,
            "ramdisk_id": "",
            "root_device_name": "/dev/sda1",
            "root_device_type": "ebs",
            "root_snapshot_id": "snap-0a3aca1a4f1e74a10",
            "sriov_net_support": "simple",
            "state": "available",
            "state_reason": {
              "code": "UNSET",
              "message": "UNSET"
            },
            "tags": {},
            "timeouts": null,
            "tpm_support": "",
            "usage_operation": "RunInstances",
            "virtualization_type": "hvm"
          },
          "sensitive_attributes": []
        }
      ]
    },
    {
      "mode": "data",
      "type": "aws_availability_zones",
      "name": "available",
      "provider": "provider[\"registry.terraform.io/hashicorp/aws\"]",
      "instances": [
        {
          "schema_version": 0,
          "attributes": {
            "all_availability_zones": null,
            "exclude_names": null,
            "exclude_zone_ids": null,
            "filter": null,
            "group_names": [
              "us-west-2"
            ],
            "id": "us-west-2",
            "names": [
              "us-west-2a",
              "us-west-2b",
              "us-west-2c",
              "us-west-2d"
            ],
            "state": "available",
            "timeouts": null,
            "zone_ids": [
              "usw2-az2",
              "usw2-az1",
              "usw2-az3",
              "usw2-az4"
            ]
          },
          "sensitive_attributes": []
        }
      ]
    },
    {
      "mode": "data",
      "type": "template_file",
      "name": "init",
      "provider": "provider[\"registry.terraform.io/hashicorp/template\"]",
      "instances": [
        {
          "schema_version": 0,
          "attributes": {
            "filename": null,
            "id": "343d22f00c4c9f6d7459ecddd4a123a523442fe24ba2c10af3fb6619f361990d",
            "rendered": "#!/bin/bash -v\napt-get update -y\napt-get install -y nfs-common nginx\necho test \u003e\u003e /home/ubuntu/installlog\nmkdir /var/spika\nmount -t nfs -o nfsvers=4.1,rsize=1048576,wsize=1048576,hard,timeo=600,retrans=2,noresvport test:/  /var/spika\necho test:/ /var/spika nfs4 defaults,_netdev 0 0  | sudo cat \u003e\u003e /etc/fstab\nchown ubuntu /var/spika\n\n# Install nodejs\napt-get install -y curl nodejs npm\n\ncd /home/ubuntu\n\ngit clone https://github.com/cloverstudio/Spika3.git\n\ncd /home/ubuntu/Spika3\n\nmv /home/ubuntu/.env /home/ubuntu/Spika3/.env\n\necho \".env copy done\" \u003e\u003e /home/ubuntu/installlog\n\necho \"bla\" \u003e\u003e /home/ubuntu/Spika3/.env\n\necho \".env update done\" \u003e\u003e /home/ubuntu/installlog\n\nchown -R ubuntu /home/ubuntu \u0026\u003e\u003e /home/ubuntu/installlog\n\nsu - ubuntu -c \"npm install\"  \u0026\u003e\u003e /home/ubuntu/installlog\n\necho \"npm install done\" \u003e\u003e /home/ubuntu/installlog\n\nsu - ubuntu -c \"npm run build:messenger\" \u0026\u003e\u003e /home/ubuntu/installlog\nsu - ubuntu -c \"npm run build:management\" \u0026\u003e\u003e /home/ubuntu/installlog\nsu - ubuntu -c \"npx prisma migrate deploy\" \u0026\u003e\u003e /home/ubuntu/installlog\nsu - ubuntu -c \"npx prisma generate\" \u0026\u003e\u003e /home/ubuntu/installlog\n\necho \"code generation done\" \u003e\u003e /home/ubuntu/installlog\n\nsu - ubuntu -c \"npm install -g pm2\" \u0026\u003e\u003e /home/ubuntu/installlog\n\necho \"pm2 install done\" \u003e\u003e /home/ubuntu/installlog\n\nsu - ubuntu -c \"pm2 start npm --name \\\"Spika\\\" -- start -i 0\" \u0026\u003e\u003e /home/ubuntu/installlog \u0026\u003e\u003e /home/ubuntu/installlog\n\necho \"pm2 start all done\" \u003e\u003e /home/ubuntu/installlog\n\necho \"all done\" \u003e\u003e /home/ubuntu/installlog\n",
            "template": "#!/bin/bash -v\napt-get update -y\napt-get install -y nfs-common nginx\necho ${efs_dns_name} \u003e\u003e /home/ubuntu/installlog\nmkdir /var/spika\nmount -t nfs -o nfsvers=4.1,rsize=1048576,wsize=1048576,hard,timeo=600,retrans=2,noresvport ${efs_dns_name}:/  /var/spika\necho ${efs_dns_name}:/ /var/spika nfs4 defaults,_netdev 0 0  | sudo cat \u003e\u003e /etc/fstab\nchown ubuntu /var/spika\n\n# Install nodejs\napt-get install -y curl nodejs npm\n\ncd /home/ubuntu\n\ngit clone https://github.com/cloverstudio/Spika3.git\n\ncd /home/ubuntu/Spika3\n\nmv /home/ubuntu/.env /home/ubuntu/Spika3/.env\n\necho \".env copy done\" \u003e\u003e /home/ubuntu/installlog\n\necho \"bla\" \u003e\u003e /home/ubuntu/Spika3/.env\n\necho \".env update done\" \u003e\u003e /home/ubuntu/installlog\n\nchown -R ubuntu /home/ubuntu \u0026\u003e\u003e /home/ubuntu/installlog\n\nsu - ubuntu -c \"npm install\"  \u0026\u003e\u003e /home/ubuntu/installlog\n\necho \"npm install done\" \u003e\u003e /home/ubuntu/installlog\n\nsu - ubuntu -c \"npm run build:messenger\" \u0026\u003e\u003e /home/ubuntu/installlog\nsu - ubuntu -c \"npm run build:management\" \u0026\u003e\u003e /home/ubuntu/installlog\nsu - ubuntu -c \"npx prisma migrate deploy\" \u0026\u003e\u003e /home/ubuntu/installlog\nsu - ubuntu -c \"npx prisma generate\" \u0026\u003e\u003e /home/ubuntu/installlog\n\necho \"code generation done\" \u003e\u003e /home/ubuntu/installlog\n\nsu - ubuntu -c \"npm install -g pm2\" \u0026\u003e\u003e /home/ubuntu/installlog\n\necho \"pm2 install done\" \u003e\u003e /home/ubuntu/installlog\n\nsu - ubuntu -c \"pm2 start npm --name \\\"Spika\\\" -- start -i 0\" \u0026\u003e\u003e /home/ubuntu/installlog \u0026\u003e\u003e /home/ubuntu/installlog\n\necho \"pm2 start all done\" \u003e\u003e /home/ubuntu/installlog\n\necho \"all done\" \u003e\u003e /home/ubuntu/installlog\n",
            "vars": {
              "efs_dns_name": "test"
            }
          },
          "sensitive_attributes": []
        }
      ]
    },
    {
      "mode": "managed",
      "type": "aws_instance",
      "name": "ec2_public",
      "provider": "provider[\"registry.terraform.io/hashicorp/aws\"]",
      "instances": [
        {
          "schema_version": 1,
          "attributes": {
            "ami": "ami-038241ba95c675888",
            "arn": "arn:aws:ec2:us-west-2:872224457307:instance/i-0e763f0b68adaf48c",
            "associate_public_ip_address": true,
            "availability_zone": "us-west-2a",
            "capacity_reservation_specification": [
              {
                "capacity_reservation_preference": "open",
                "capacity_reservation_target": []
              }
            ],
            "cpu_core_count": 1,
            "cpu_threads_per_core": 1,
            "credit_specification": [
              {
                "cpu_credits": "standard"
              }
            ],
            "disable_api_stop": false,
            "disable_api_termination": false,
            "ebs_block_device": [],
            "ebs_optimized": false,
            "enclave_options": [
              {
                "enabled": false
              }
            ],
            "ephemeral_block_device": [],
            "get_password_data": false,
            "hibernation": false,
            "host_id": null,
            "host_resource_group_arn": null,
            "iam_instance_profile": "",
            "id": "i-0e763f0b68adaf48c",
            "instance_initiated_shutdown_behavior": "stop",
            "instance_state": "running",
            "instance_type": "t2.micro",
            "ipv6_address_count": 0,
            "ipv6_addresses": [],
            "key_name": "Spika-demo-key",
            "launch_template": [],
            "maintenance_options": [
              {
                "auto_recovery": "default"
              }
            ],
            "metadata_options": [
              {
                "http_endpoint": "enabled",
                "http_put_response_hop_limit": 1,
                "http_tokens": "optional",
                "instance_metadata_tags": "disabled"
              }
            ],
            "monitoring": false,
            "network_interface": [],
            "outpost_arn": "",
            "password_data": "",
            "placement_group": "",
            "placement_partition_number": null,
            "primary_network_interface_id": "eni-00cfc6897932ba667",
            "private_dns": "ip-10-0-101-107.us-west-2.compute.internal",
            "private_dns_name_options": [
              {
                "enable_resource_name_dns_a_record": false,
                "enable_resource_name_dns_aaaa_record": false,
                "hostname_type": "ip-name"
              }
            ],
            "private_ip": "10.0.101.107",
            "public_dns": "ec2-18-236-103-129.us-west-2.compute.amazonaws.com",
            "public_ip": "18.236.103.129",
            "root_block_device": [
              {
                "delete_on_termination": true,
                "device_name": "/dev/sda1",
                "encrypted": false,
                "iops": 100,
                "kms_key_id": "",
                "tags": {},
                "throughput": 0,
                "volume_id": "vol-07292f4cb60c0ab34",
                "volume_size": 8,
                "volume_type": "gp2"
              }
            ],
            "secondary_private_ips": [],
            "security_groups": [],
            "source_dest_check": true,
            "subnet_id": "subnet-0ed8ae9c7ca91668b",
            "tags": {
              "Name": "Spika-demo-EC2-PUBLIC"
            },
            "tags_all": {
              "Name": "Spika-demo-EC2-PUBLIC"
            },
            "tenancy": "default",
            "timeouts": null,
            "user_data": null,
            "user_data_base64": null,
            "user_data_replace_on_change": false,
            "volume_tags": null,
            "vpc_security_group_ids": [
              "sg-05c82d7c7de3338ca"
            ]
          },
          "sensitive_attributes": [],
          "private": "eyJlMmJmYjczMC1lY2FhLTExZTYtOGY4OC0zNDM2M2JjN2M0YzAiOnsiY3JlYXRlIjo2MDAwMDAwMDAwMDAsImRlbGV0ZSI6MTIwMDAwMDAwMDAwMCwidXBkYXRlIjo2MDAwMDAwMDAwMDB9LCJzY2hlbWFfdmVyc2lvbiI6IjEifQ==",
          "dependencies": [
            "aws_key_pair.key_pair",
            "aws_security_group.allow_pub",
            "data.aws_ami.ubuntu-linux-2204",
            "data.aws_availability_zones.available",
            "module.vpc.aws_subnet.public",
            "module.vpc.aws_vpc.this",
            "module.vpc.aws_vpc_ipv4_cidr_block_association.this",
            "tls_private_key.key"
          ],
          "create_before_destroy": true
        }
      ]
    },
    {
      "mode": "managed",
      "type": "aws_key_pair",
      "name": "key_pair",
      "provider": "provider[\"registry.terraform.io/hashicorp/aws\"]",
      "instances": [
        {
          "schema_version": 1,
          "attributes": {
            "arn": "arn:aws:ec2:us-west-2:872224457307:key-pair/Spika-demo-key",
            "fingerprint": "cd:74:a4:21:3b:9e:ed:11:0f:8a:dd:1d:68:01:a0:a6",
            "id": "Spika-demo-key",
            "key_name": "Spika-demo-key",
            "key_name_prefix": "",
            "key_pair_id": "key-07beeae18a53550ea",
            "key_type": "rsa",
            "public_key": "ssh-rsa AAAAB3NzaC1yc2EAAAADAQABAAABAQDfxYAFUO/TfqrqIf900MI7J15LrJe6mPtBalWaCKvItQvzdObnIGEaGPS9/TIBmqcGvPX1Osn3irjk+qPcoXrlNHEyEJSfU7M4PR7hEhGpe9Z+1YDWVIUVHtNQ9seVzLN+HzXf5QJjdkiLbNnBwLFAui56Ox3WwpyTADY1yRc5+Bcq5lg7VsmGO7jUPgiu1yjMYXhBy3SHp7sJJsoTjo3AXfeCrVdahC/kYufWQS+U2Zg4vTGP4rNybcUocVv7EmdRPbxgo3/813kOu2wY/1H5SW967rXr8hGhtGtEAhEa1cCfnSNtaGRjHCfjWryOhifWFEnKHpDtKlRmWw9XGNhb",
            "tags": null,
            "tags_all": {}
          },
          "sensitive_attributes": [],
          "private": "eyJzY2hlbWFfdmVyc2lvbiI6IjEifQ==",
          "dependencies": [
            "tls_private_key.key"
          ],
          "create_before_destroy": true
        }
      ]
    },
    {
      "mode": "managed",
      "type": "aws_security_group",
      "name": "allow_pub",
      "provider": "provider[\"registry.terraform.io/hashicorp/aws\"]",
      "instances": [
        {
          "schema_version": 1,
          "attributes": {
            "arn": "arn:aws:ec2:us-west-2:872224457307:security-group/sg-05c82d7c7de3338ca",
            "description": "Allow SSH inbound traffic",
            "egress": [
              {
                "cidr_blocks": [
                  "0.0.0.0/0"
                ],
                "description": "",
                "from_port": 0,
                "ipv6_cidr_blocks": [],
                "prefix_list_ids": [],
                "protocol": "-1",
                "security_groups": [],
                "self": false,
                "to_port": 0
              }
            ],
            "id": "sg-05c82d7c7de3338ca",
            "ingress": [
              {
                "cidr_blocks": [
                  "0.0.0.0/0"
                ],
                "description": "HTTP from the internet",
                "from_port": 80,
                "ipv6_cidr_blocks": [],
                "prefix_list_ids": [],
                "protocol": "tcp",
                "security_groups": [],
                "self": false,
                "to_port": 80
              },
              {
                "cidr_blocks": [
                  "0.0.0.0/0"
                ],
                "description": "HTTPS from the internet",
                "from_port": 443,
                "ipv6_cidr_blocks": [],
                "prefix_list_ids": [],
                "protocol": "tcp",
                "security_groups": [],
                "self": false,
                "to_port": 443
              },
              {
                "cidr_blocks": [
                  "0.0.0.0/0"
                ],
                "description": "Redis",
                "from_port": 6379,
                "ipv6_cidr_blocks": [],
                "prefix_list_ids": [],
                "protocol": "tcp",
                "security_groups": [],
                "self": false,
                "to_port": 6379
              },
              {
                "cidr_blocks": [
                  "0.0.0.0/0"
                ],
                "description": "SSH from the internet",
                "from_port": 22,
                "ipv6_cidr_blocks": [],
                "prefix_list_ids": [],
                "protocol": "tcp",
                "security_groups": [],
                "self": false,
                "to_port": 22
              }
            ],
            "name": "Spika-demo-allow_ssh",
            "name_prefix": "",
            "owner_id": "872224457307",
            "revoke_rules_on_delete": false,
            "tags": {
              "Name": "Spika-demo-allow_pub"
            },
            "tags_all": {
              "Name": "Spika-demo-allow_pub"
            },
            "timeouts": null,
            "vpc_id": "vpc-031491543acd4e04b"
          },
          "sensitive_attributes": [],
          "private": "eyJlMmJmYjczMC1lY2FhLTExZTYtOGY4OC0zNDM2M2JjN2M0YzAiOnsiY3JlYXRlIjo2MDAwMDAwMDAwMDAsImRlbGV0ZSI6OTAwMDAwMDAwMDAwfSwic2NoZW1hX3ZlcnNpb24iOiIxIn0=",
          "dependencies": [
            "module.vpc.aws_vpc.this"
          ],
          "create_before_destroy": true
        }
      ]
    },
    {
      "mode": "managed",
      "type": "local_file",
      "name": "private_key",
      "provider": "provider[\"registry.terraform.io/hashicorp/local\"]",
      "instances": [
        {
          "schema_version": 0,
          "attributes": {
            "content": null,
            "content_base64": null,
            "directory_permission": "0777",
            "file_permission": "0400",
            "filename": "Spika-demo-key.pem",
            "id": "e60d9d2af94dba440db0c4ee757c7d5fd4fb5804",
            "sensitive_content": "-----BEGIN RSA PRIVATE KEY-----\nMIIEpAIBAAKCAQEA38WABVDv036q6iH/dNDCOydeS6yXupj7QWpVmgiryLUL83Tm\n5yBhGhj0vf0yAZqnBrz19TrJ94q45Pqj3KF65TRxMhCUn1OzOD0e4RIRqXvWftWA\n1lSFFR7TUPbHlcyzfh813+UCY3ZIi2zZwcCxQLouejsd1sKckwA2NckXOfgXKuZY\nO1bJhju41D4IrtcozGF4Qct0h6e7CSbKE46NwF33gq1XWoQv5GLn1kEvlNmYOL0x\nj+Kzcm3FKHFb+xJnUT28YKN//Nd5DrtsGP9R+Ulveu616/IRobRrRAIRGtXAn50j\nbWhkYxwn41q8joYn1hRJyh6Q7SpUZlsPVxjYWwIDAQABAoIBAFPsW2YjA78bO3iS\nBZ/HB4Ft82SIN2OJKnpPKgmaBOtCU1gcWNkIAMLr5yY2BoIpgUj6p3gwczy+rzdZ\ndQkzGsdJksaHB2Z12rpV2fXpc+xPgJOS+T3o9vyD0hcEZrgczJiZlfgBiJLK8swv\np7+NyCyRZwr6judTl6teIfasE2TundOfEo+4566vIgFx5XZRSzRK13WeHymHZtH1\n9sgU4EtA0PvyCoYc9a/4lTXSh6BSRLlOGJkSuFjy2reDzByTaXGsjDhvDuUBMXax\n3S5+pBbbJ9Z+gPJ32q+uqI0JwK3Qj3PVF3MdUg1ecUfMracw7P7PdAMBbl+loBoe\ncru6FEkCgYEA/b77xp+dcDX0vQlcROBPk832gGxJSyMkbymkI8TaC3Vr2/ix/PTB\nR4SOcglW48bPjuJ42IVWrrHJvBajR3B/vm26nua+wCllstR/UruFTqrCpALt3Kr/\n9YJqilPf8KMav8Tz2hCPq4dMFJrk49Nebq2Pf2bkMPiJ4ZW04AXGPVUCgYEA4cJa\nzZ0QEDD9yZLpG9M1a4DRb/Xc7ySZH5ftdlK/9kRPWqik/oLjX+RHmbgLpDusOXs7\nrDzURAo2iAzaMn35qEiipMW2+GGCbx/sDDJD1hvyY5bZo/gE6x9jn4L8umQS+rnO\nMh+wlFXIRyDchvtkLBr2r02EifXFv6buBXd/Pu8CgYEAlgc+3GBxePAeBUssh/jM\ndEq57ZKY/1kG6McJKrDwbwf9PvFbY4HfaYbBpkFJY6GgBQ54fyTPbLjn21LTNaEZ\nlqFQTzWFIR8Y51Rm96ayGiIytUCaHPfqIOH8Vk9jP+dgIHS17YAPQk7bt+8hWGcY\nFX5/MsfGMgIxm/SlHjOr04UCgYBNG4TIFY0W+qSz5GmaB1mHjkf6ZY9AXs+t6sZA\nU6MdCdfQrykrhKkEZ4PNDP9s6LS6LU0EVwJo+tQFQ96CwGQ1BhoHDUChNSzHp6+H\nuuNQjdsMCMntJxkG9YGhSavoPaX93NiAZjJ5d5MgOCkaMWLVbaAz39YVCMyx2OIT\nG+1qIQKBgQCs+8kz+MIPopvb1RfQ3U6+vWn2hrDnU/u1Cy/9HXRsdJ3sRzLpVLNu\nMF/pBBzjquJuG9AFS01D9oxO5yia3GziPQb6YhO+j9CuRSIAX9Kt6d+EO1qOU5bd\n3N4cW1roxj/6rt8eQNrGJgQCCClrP3rnijbWqpUCKjVKPvxFvNjbyw==\n-----END RSA PRIVATE KEY-----\n",
            "source": null
          },
          "sensitive_attributes": [
            [
              {
                "type": "get_attr",
                "value": "sensitive_content"
              }
            ]
          ],
          "private": "bnVsbA==",
          "dependencies": [
            "tls_private_key.key"
          ]
        }
      ]
    },
    {
      "mode": "managed",
      "type": "tls_private_key",
      "name": "key",
      "provider": "provider[\"registry.terraform.io/hashicorp/tls\"]",
      "instances": [
        {
          "schema_version": 1,
          "attributes": {
            "algorithm": "RSA",
            "ecdsa_curve": "P224",
            "id": "a5bc9b93665191037c57859dad26ae72ff12dbbf",
            "private_key_openssh": "-----BEGIN OPENSSH PRIVATE KEY-----\nb3BlbnNzaC1rZXktdjEAAAAABG5vbmUAAAAEbm9uZQAAAAAAAAABAAABFwAAAAdz\nc2gtcnNhAAAAAwEAAQAAAQEA38WABVDv036q6iH/dNDCOydeS6yXupj7QWpVmgir\nyLUL83Tm5yBhGhj0vf0yAZqnBrz19TrJ94q45Pqj3KF65TRxMhCUn1OzOD0e4RIR\nqXvWftWA1lSFFR7TUPbHlcyzfh813+UCY3ZIi2zZwcCxQLouejsd1sKckwA2NckX\nOfgXKuZYO1bJhju41D4IrtcozGF4Qct0h6e7CSbKE46NwF33gq1XWoQv5GLn1kEv\nlNmYOL0xj+Kzcm3FKHFb+xJnUT28YKN//Nd5DrtsGP9R+Ulveu616/IRobRrRAIR\nGtXAn50jbWhkYxwn41q8joYn1hRJyh6Q7SpUZlsPVxjYWwAAA7i2U4I0tlOCNAAA\nAAdzc2gtcnNhAAABAQDfxYAFUO/TfqrqIf900MI7J15LrJe6mPtBalWaCKvItQvz\ndObnIGEaGPS9/TIBmqcGvPX1Osn3irjk+qPcoXrlNHEyEJSfU7M4PR7hEhGpe9Z+\n1YDWVIUVHtNQ9seVzLN+HzXf5QJjdkiLbNnBwLFAui56Ox3WwpyTADY1yRc5+Bcq\n5lg7VsmGO7jUPgiu1yjMYXhBy3SHp7sJJsoTjo3AXfeCrVdahC/kYufWQS+U2Zg4\nvTGP4rNybcUocVv7EmdRPbxgo3/813kOu2wY/1H5SW967rXr8hGhtGtEAhEa1cCf\nnSNtaGRjHCfjWryOhifWFEnKHpDtKlRmWw9XGNhbAAAAAwEAAQAAAQBT7FtmIwO/\nGzt4kgWfxweBbfNkiDdjiSp6TyoJmgTrQlNYHFjZCADC6+cmNgaCKYFI+qd4MHM8\nvq83WXUJMxrHSZLGhwdmddq6Vdn16XPsT4CTkvk96Pb8g9IXBGa4HMyYmZX4AYiS\nyvLML6e/jcgskWcK+o7nU5erXiH2rBNk7p3TnxKPuOeuryIBceV2UUs0Std1nh8p\nh2bR9fbIFOBLQND78gqGHPWv+JU10oegUkS5ThiZErhY8tq3g8wck2lxrIw4bw7l\nATF2sd0ufqQW2yfWfoDyd9qvrqiNCcCt0I9z1RdzHVINXnFHzK2nMOz+z3QDAW5f\npaAaHnK7uhRJAAAAgQCs+8kz+MIPopvb1RfQ3U6+vWn2hrDnU/u1Cy/9HXRsdJ3s\nRzLpVLNuMF/pBBzjquJuG9AFS01D9oxO5yia3GziPQb6YhO+j9CuRSIAX9Kt6d+E\nO1qOU5bd3N4cW1roxj/6rt8eQNrGJgQCCClrP3rnijbWqpUCKjVKPvxFvNjbywAA\nAIEA/b77xp+dcDX0vQlcROBPk832gGxJSyMkbymkI8TaC3Vr2/ix/PTBR4SOcglW\n48bPjuJ42IVWrrHJvBajR3B/vm26nua+wCllstR/UruFTqrCpALt3Kr/9YJqilPf\n8KMav8Tz2hCPq4dMFJrk49Nebq2Pf2bkMPiJ4ZW04AXGPVUAAACBAOHCWs2dEBAw\n/cmS6RvTNWuA0W/13O8kmR+X7XZSv/ZET1qopP6C41/kR5m4C6Q7rDl7O6w81EQK\nNogM2jJ9+ahIoqTFtvhhgm8f7AwyQ9Yb8mOW2aP4BOsfY5+C/LpkEvq5zjIfsJRV\nyEcg3Ib7ZCwa9q9NhIn1xb+m7gV3fz7vAAAAAAEC\n-----END OPENSSH PRIVATE KEY-----\n",
            "private_key_pem": "-----BEGIN RSA PRIVATE KEY-----\nMIIEpAIBAAKCAQEA38WABVDv036q6iH/dNDCOydeS6yXupj7QWpVmgiryLUL83Tm\n5yBhGhj0vf0yAZqnBrz19TrJ94q45Pqj3KF65TRxMhCUn1OzOD0e4RIRqXvWftWA\n1lSFFR7TUPbHlcyzfh813+UCY3ZIi2zZwcCxQLouejsd1sKckwA2NckXOfgXKuZY\nO1bJhju41D4IrtcozGF4Qct0h6e7CSbKE46NwF33gq1XWoQv5GLn1kEvlNmYOL0x\nj+Kzcm3FKHFb+xJnUT28YKN//Nd5DrtsGP9R+Ulveu616/IRobRrRAIRGtXAn50j\nbWhkYxwn41q8joYn1hRJyh6Q7SpUZlsPVxjYWwIDAQABAoIBAFPsW2YjA78bO3iS\nBZ/HB4Ft82SIN2OJKnpPKgmaBOtCU1gcWNkIAMLr5yY2BoIpgUj6p3gwczy+rzdZ\ndQkzGsdJksaHB2Z12rpV2fXpc+xPgJOS+T3o9vyD0hcEZrgczJiZlfgBiJLK8swv\np7+NyCyRZwr6judTl6teIfasE2TundOfEo+4566vIgFx5XZRSzRK13WeHymHZtH1\n9sgU4EtA0PvyCoYc9a/4lTXSh6BSRLlOGJkSuFjy2reDzByTaXGsjDhvDuUBMXax\n3S5+pBbbJ9Z+gPJ32q+uqI0JwK3Qj3PVF3MdUg1ecUfMracw7P7PdAMBbl+loBoe\ncru6FEkCgYEA/b77xp+dcDX0vQlcROBPk832gGxJSyMkbymkI8TaC3Vr2/ix/PTB\nR4SOcglW48bPjuJ42IVWrrHJvBajR3B/vm26nua+wCllstR/UruFTqrCpALt3Kr/\n9YJqilPf8KMav8Tz2hCPq4dMFJrk49Nebq2Pf2bkMPiJ4ZW04AXGPVUCgYEA4cJa\nzZ0QEDD9yZLpG9M1a4DRb/Xc7ySZH5ftdlK/9kRPWqik/oLjX+RHmbgLpDusOXs7\nrDzURAo2iAzaMn35qEiipMW2+GGCbx/sDDJD1hvyY5bZo/gE6x9jn4L8umQS+rnO\nMh+wlFXIRyDchvtkLBr2r02EifXFv6buBXd/Pu8CgYEAlgc+3GBxePAeBUssh/jM\ndEq57ZKY/1kG6McJKrDwbwf9PvFbY4HfaYbBpkFJY6GgBQ54fyTPbLjn21LTNaEZ\nlqFQTzWFIR8Y51Rm96ayGiIytUCaHPfqIOH8Vk9jP+dgIHS17YAPQk7bt+8hWGcY\nFX5/MsfGMgIxm/SlHjOr04UCgYBNG4TIFY0W+qSz5GmaB1mHjkf6ZY9AXs+t6sZA\nU6MdCdfQrykrhKkEZ4PNDP9s6LS6LU0EVwJo+tQFQ96CwGQ1BhoHDUChNSzHp6+H\nuuNQjdsMCMntJxkG9YGhSavoPaX93NiAZjJ5d5MgOCkaMWLVbaAz39YVCMyx2OIT\nG+1qIQKBgQCs+8kz+MIPopvb1RfQ3U6+vWn2hrDnU/u1Cy/9HXRsdJ3sRzLpVLNu\nMF/pBBzjquJuG9AFS01D9oxO5yia3GziPQb6YhO+j9CuRSIAX9Kt6d+EO1qOU5bd\n3N4cW1roxj/6rt8eQNrGJgQCCClrP3rnijbWqpUCKjVKPvxFvNjbyw==\n-----END RSA PRIVATE KEY-----\n",
            "private_key_pem_pkcs8": "-----BEGIN PRIVATE KEY-----\nMIIEvgIBADANBgkqhkiG9w0BAQEFAASCBKgwggSkAgEAAoIBAQDfxYAFUO/Tfqrq\nIf900MI7J15LrJe6mPtBalWaCKvItQvzdObnIGEaGPS9/TIBmqcGvPX1Osn3irjk\n+qPcoXrlNHEyEJSfU7M4PR7hEhGpe9Z+1YDWVIUVHtNQ9seVzLN+HzXf5QJjdkiL\nbNnBwLFAui56Ox3WwpyTADY1yRc5+Bcq5lg7VsmGO7jUPgiu1yjMYXhBy3SHp7sJ\nJsoTjo3AXfeCrVdahC/kYufWQS+U2Zg4vTGP4rNybcUocVv7EmdRPbxgo3/813kO\nu2wY/1H5SW967rXr8hGhtGtEAhEa1cCfnSNtaGRjHCfjWryOhifWFEnKHpDtKlRm\nWw9XGNhbAgMBAAECggEAU+xbZiMDvxs7eJIFn8cHgW3zZIg3Y4kqek8qCZoE60JT\nWBxY2QgAwuvnJjYGgimBSPqneDBzPL6vN1l1CTMax0mSxocHZnXaulXZ9elz7E+A\nk5L5Pej2/IPSFwRmuBzMmJmV+AGIksryzC+nv43ILJFnCvqO51OXq14h9qwTZO6d\n058Sj7jnrq8iAXHldlFLNErXdZ4fKYdm0fX2yBTgS0DQ+/IKhhz1r/iVNdKHoFJE\nuU4YmRK4WPLat4PMHJNpcayMOG8O5QExdrHdLn6kFtsn1n6A8nfar66ojQnArdCP\nc9UXcx1SDV5xR8ytpzDs/s90AwFuX6WgGh5yu7oUSQKBgQD9vvvGn51wNfS9CVxE\n4E+TzfaAbElLIyRvKaQjxNoLdWvb+LH89MFHhI5yCVbjxs+O4njYhVauscm8FqNH\ncH++bbqe5r7AKWWy1H9Su4VOqsKkAu3cqv/1gmqKU9/woxq/xPPaEI+rh0wUmuTj\n015urY9/ZuQw+InhlbTgBcY9VQKBgQDhwlrNnRAQMP3Jkukb0zVrgNFv9dzvJJkf\nl+12Ur/2RE9aqKT+guNf5EeZuAukO6w5ezusPNRECjaIDNoyffmoSKKkxbb4YYJv\nH+wMMkPWG/Jjltmj+ATrH2Ofgvy6ZBL6uc4yH7CUVchHINyG+2QsGvavTYSJ9cW/\npu4Fd38+7wKBgQCWBz7cYHF48B4FSyyH+Mx0Srntkpj/WQboxwkqsPBvB/0+8Vtj\ngd9phsGmQUljoaAFDnh/JM9suOfbUtM1oRmWoVBPNYUhHxjnVGb3prIaIjK1QJoc\n9+og4fxWT2M/52AgdLXtgA9CTtu37yFYZxgVfn8yx8YyAjGb9KUeM6vThQKBgE0b\nhMgVjRb6pLPkaZoHWYeOR/plj0Bez63qxkBTox0J19CvKSuEqQRng80M/2zotLot\nTQRXAmj61AVD3oLAZDUGGgcNQKE1LMenr4e641CN2wwIye0nGQb1gaFJq+g9pf3c\n2IBmMnl3kyA4KRoxYtVtoDPf1hUIzLHY4hMb7WohAoGBAKz7yTP4wg+im9vVF9Dd\nTr69afaGsOdT+7ULL/0ddGx0nexHMulUs24wX+kEHOOq4m4b0AVLTUP2jE7nKJrc\nbOI9BvpiE76P0K5FIgBf0q3p34Q7Wo5Tlt3c3hxbWujGP/qu3x5A2sYmBAIIKWs/\neueKNtaqlQIqNUo+/EW82NvL\n-----END PRIVATE KEY-----\n",
            "public_key_fingerprint_md5": "f9:05:f9:33:ec:25:1a:97:3c:8c:81:8f:34:36:ce:42",
            "public_key_fingerprint_sha256": "SHA256:nyjh5x68RM88COR/s8IIPwhfJPVP3OzKn06hxVI1aD4",
            "public_key_openssh": "ssh-rsa AAAAB3NzaC1yc2EAAAADAQABAAABAQDfxYAFUO/TfqrqIf900MI7J15LrJe6mPtBalWaCKvItQvzdObnIGEaGPS9/TIBmqcGvPX1Osn3irjk+qPcoXrlNHEyEJSfU7M4PR7hEhGpe9Z+1YDWVIUVHtNQ9seVzLN+HzXf5QJjdkiLbNnBwLFAui56Ox3WwpyTADY1yRc5+Bcq5lg7VsmGO7jUPgiu1yjMYXhBy3SHp7sJJsoTjo3AXfeCrVdahC/kYufWQS+U2Zg4vTGP4rNybcUocVv7EmdRPbxgo3/813kOu2wY/1H5SW967rXr8hGhtGtEAhEa1cCfnSNtaGRjHCfjWryOhifWFEnKHpDtKlRmWw9XGNhb\n",
            "public_key_pem": "-----BEGIN PUBLIC KEY-----\nMIIBIjANBgkqhkiG9w0BAQEFAAOCAQ8AMIIBCgKCAQEA38WABVDv036q6iH/dNDC\nOydeS6yXupj7QWpVmgiryLUL83Tm5yBhGhj0vf0yAZqnBrz19TrJ94q45Pqj3KF6\n5TRxMhCUn1OzOD0e4RIRqXvWftWA1lSFFR7TUPbHlcyzfh813+UCY3ZIi2zZwcCx\nQLouejsd1sKckwA2NckXOfgXKuZYO1bJhju41D4IrtcozGF4Qct0h6e7CSbKE46N\nwF33gq1XWoQv5GLn1kEvlNmYOL0xj+Kzcm3FKHFb+xJnUT28YKN//Nd5DrtsGP9R\n+Ulveu616/IRobRrRAIRGtXAn50jbWhkYxwn41q8joYn1hRJyh6Q7SpUZlsPVxjY\nWwIDAQAB\n-----END PUBLIC KEY-----\n",
            "rsa_bits": 2048
          },
          "sensitive_attributes": [],
          "create_before_destroy": true
        }
      ]
    },
    {
      "module": "module.alb",
      "mode": "managed",
      "type": "aws_lb",
      "name": "this",
      "provider": "provider[\"registry.terraform.io/hashicorp/aws\"]",
      "instances": [
        {
          "index_key": 0,
          "schema_version": 0,
          "attributes": {
            "access_logs": [
              {
                "bucket": "",
                "enabled": false,
                "prefix": ""
              }
            ],
            "arn": "arn:aws:elasticloadbalancing:us-west-2:872224457307:loadbalancer/app/my-alb/75deb4517747c6ad",
            "arn_suffix": "app/my-alb/75deb4517747c6ad",
            "customer_owned_ipv4_pool": "",
            "desync_mitigation_mode": "defensive",
            "dns_name": "my-alb-1589523044.us-west-2.elb.amazonaws.com",
            "drop_invalid_header_fields": false,
            "enable_cross_zone_load_balancing": null,
            "enable_deletion_protection": false,
            "enable_http2": true,
            "enable_waf_fail_open": false,
            "id": "arn:aws:elasticloadbalancing:us-west-2:872224457307:loadbalancer/app/my-alb/75deb4517747c6ad",
            "idle_timeout": 60,
            "internal": false,
            "ip_address_type": "ipv4",
            "load_balancer_type": "application",
            "name": "my-alb",
            "name_prefix": null,
            "preserve_host_header": false,
            "security_groups": [
              "sg-05c82d7c7de3338ca"
            ],
            "subnet_mapping": [
              {
                "allocation_id": "",
                "ipv6_address": "",
                "outpost_id": "",
                "private_ipv4_address": "",
                "subnet_id": "subnet-07aa4ba7b9c6f7c8d"
              },
              {
                "allocation_id": "",
                "ipv6_address": "",
                "outpost_id": "",
                "private_ipv4_address": "",
                "subnet_id": "subnet-0ed8ae9c7ca91668b"
              }
            ],
            "subnets": [
              "subnet-07aa4ba7b9c6f7c8d",
              "subnet-0ed8ae9c7ca91668b"
            ],
            "tags": {
              "Environment": "Test",
              "Name": "my-alb"
            },
            "tags_all": {
              "Environment": "Test",
              "Name": "my-alb"
            },
            "timeouts": {
              "create": "10m",
              "delete": "10m",
              "update": "10m"
            },
            "vpc_id": "vpc-031491543acd4e04b",
            "zone_id": "Z1H1FL5HABSF5"
          },
          "sensitive_attributes": [],
          "private": "eyJlMmJmYjczMC1lY2FhLTExZTYtOGY4OC0zNDM2M2JjN2M0YzAiOnsiY3JlYXRlIjo2MDAwMDAwMDAwMDAsImRlbGV0ZSI6NjAwMDAwMDAwMDAwLCJ1cGRhdGUiOjYwMDAwMDAwMDAwMH19",
          "dependencies": [
            "aws_security_group.allow_pub",
            "data.aws_availability_zones.available",
            "module.vpc.aws_subnet.public",
            "module.vpc.aws_vpc.this",
            "module.vpc.aws_vpc_ipv4_cidr_block_association.this"
          ]
        }
      ]
    },
    {
      "module": "module.alb",
      "mode": "managed",
      "type": "aws_lb_listener",
      "name": "frontend_http_tcp",
      "provider": "provider[\"registry.terraform.io/hashicorp/aws\"]",
      "instances": [
        {
          "index_key": 0,
          "schema_version": 0,
          "attributes": {
            "alpn_policy": null,
            "arn": "arn:aws:elasticloadbalancing:us-west-2:872224457307:listener/app/my-alb/75deb4517747c6ad/a4b7ee8afea0b6b5",
            "certificate_arn": null,
            "default_action": [
              {
                "authenticate_cognito": [],
                "authenticate_oidc": [],
                "fixed_response": [],
                "forward": [],
                "order": 1,
                "redirect": [],
                "target_group_arn": "arn:aws:elasticloadbalancing:us-west-2:872224457307:targetgroup/pref-20221102123222473600000001/073b7dddb32a0d1b",
                "type": "forward"
              }
            ],
            "id": "arn:aws:elasticloadbalancing:us-west-2:872224457307:listener/app/my-alb/75deb4517747c6ad/a4b7ee8afea0b6b5",
            "load_balancer_arn": "arn:aws:elasticloadbalancing:us-west-2:872224457307:loadbalancer/app/my-alb/75deb4517747c6ad",
            "port": 80,
            "protocol": "HTTP",
            "ssl_policy": "",
            "tags": {
              "Environment": "Test"
            },
            "tags_all": {
              "Environment": "Test"
            },
            "timeouts": null
          },
          "sensitive_attributes": [],
          "private": "eyJlMmJmYjczMC1lY2FhLTExZTYtOGY4OC0zNDM2M2JjN2M0YzAiOnsicmVhZCI6NjAwMDAwMDAwMDAwfX0=",
          "dependencies": [
            "aws_instance.ec2_public",
            "aws_key_pair.key_pair",
            "aws_security_group.allow_pub",
            "data.aws_ami.ubuntu-linux-2204",
            "data.aws_availability_zones.available",
            "module.alb.aws_lb.this",
            "module.alb.aws_lb_target_group.main",
            "module.vpc.aws_subnet.public",
            "module.vpc.aws_vpc.this",
            "module.vpc.aws_vpc_ipv4_cidr_block_association.this",
            "tls_private_key.key"
          ]
        }
      ]
    },
    {
      "module": "module.alb",
      "mode": "managed",
      "type": "aws_lb_target_group",
      "name": "main",
      "provider": "provider[\"registry.terraform.io/hashicorp/aws\"]",
      "instances": [
        {
          "index_key": 0,
          "schema_version": 0,
          "attributes": {
            "arn": "arn:aws:elasticloadbalancing:us-west-2:872224457307:targetgroup/pref-20221102123222473600000001/073b7dddb32a0d1b",
            "arn_suffix": "targetgroup/pref-20221102123222473600000001/073b7dddb32a0d1b",
            "connection_termination": false,
            "deregistration_delay": "300",
            "health_check": [
              {
                "enabled": true,
                "healthy_threshold": 5,
                "interval": 30,
                "matcher": "200",
                "path": "/",
                "port": "traffic-port",
                "protocol": "HTTP",
                "timeout": 5,
                "unhealthy_threshold": 2
              }
            ],
            "id": "arn:aws:elasticloadbalancing:us-west-2:872224457307:targetgroup/pref-20221102123222473600000001/073b7dddb32a0d1b",
            "ip_address_type": null,
            "lambda_multi_value_headers_enabled": false,
            "load_balancing_algorithm_type": "round_robin",
            "name": "pref-20221102123222473600000001",
            "name_prefix": "pref-",
            "port": 8080,
            "preserve_client_ip": null,
            "protocol": "HTTP",
            "protocol_version": "HTTP1",
            "proxy_protocol_v2": false,
            "slow_start": 0,
            "stickiness": [
              {
                "cookie_duration": 86400,
                "cookie_name": "",
                "enabled": false,
                "type": "lb_cookie"
              }
            ],
            "tags": {
              "Environment": "Test",
              "Name": "pref-"
            },
            "tags_all": {
              "Environment": "Test",
              "Name": "pref-"
            },
            "target_type": "instance",
            "vpc_id": "vpc-031491543acd4e04b"
          },
          "sensitive_attributes": [],
          "private": "bnVsbA==",
          "dependencies": [
            "aws_instance.ec2_public",
            "aws_key_pair.key_pair",
            "aws_security_group.allow_pub",
            "data.aws_ami.ubuntu-linux-2204",
            "data.aws_availability_zones.available",
            "module.vpc.aws_subnet.public",
            "module.vpc.aws_vpc.this",
            "module.vpc.aws_vpc_ipv4_cidr_block_association.this",
            "tls_private_key.key"
          ],
          "create_before_destroy": true
        }
      ]
    },
    {
      "module": "module.alb",
      "mode": "managed",
      "type": "aws_lb_target_group_attachment",
      "name": "this",
      "provider": "provider[\"registry.terraform.io/hashicorp/aws\"]",
      "instances": [
        {
          "index_key": "0.my_other_target",
          "schema_version": 0,
          "attributes": {
            "availability_zone": null,
            "id": "arn:aws:elasticloadbalancing:us-west-2:872224457307:targetgroup/pref-20221102123222473600000001/073b7dddb32a0d1b-20221102134007062300000001",
            "port": 8080,
            "target_group_arn": "arn:aws:elasticloadbalancing:us-west-2:872224457307:targetgroup/pref-20221102123222473600000001/073b7dddb32a0d1b",
            "target_id": "i-0e763f0b68adaf48c"
          },
          "sensitive_attributes": [],
          "private": "bnVsbA==",
          "dependencies": [
            "aws_instance.ec2_public",
            "aws_key_pair.key_pair",
            "aws_security_group.allow_pub",
            "data.aws_ami.ubuntu-linux-2204",
            "data.aws_availability_zones.available",
            "module.alb.aws_lambda_permission.lb",
            "module.alb.aws_lb_target_group.main",
            "module.vpc.aws_subnet.public",
            "module.vpc.aws_vpc.this",
            "module.vpc.aws_vpc_ipv4_cidr_block_association.this",
            "tls_private_key.key"
          ]
        }
      ]
    },
    {
      "module": "module.vpc",
      "mode": "managed",
      "type": "aws_db_subnet_group",
      "name": "database",
      "provider": "provider[\"registry.terraform.io/hashicorp/aws\"]",
      "instances": [
        {
          "index_key": 0,
          "schema_version": 0,
          "attributes": {
            "arn": "arn:aws:rds:us-west-2:872224457307:subgrp:spika-demo-vpc",
            "description": "Database subnet group for Spika-demo-vpc",
            "id": "spika-demo-vpc",
            "name": "spika-demo-vpc",
            "name_prefix": "",
            "subnet_ids": [
              "subnet-02c607f1416b23a66",
              "subnet-051bc31c744bf6376"
            ],
            "supported_network_types": [
              "IPV4"
            ],
            "tags": {
              "Name": "spika-demo-vpc"
            },
            "tags_all": {
              "Name": "spika-demo-vpc"
            }
          },
          "sensitive_attributes": [],
          "private": "bnVsbA==",
          "dependencies": [
            "data.aws_availability_zones.available",
            "module.vpc.aws_subnet.database",
            "module.vpc.aws_vpc.this",
            "module.vpc.aws_vpc_ipv4_cidr_block_association.this"
          ]
        }
      ]
    },
    {
      "module": "module.vpc",
      "mode": "managed",
      "type": "aws_eip",
      "name": "nat",
      "provider": "provider[\"registry.terraform.io/hashicorp/aws\"]",
      "instances": [
        {
          "index_key": 0,
          "schema_version": 0,
          "attributes": {
            "address": null,
            "allocation_id": "eipalloc-047c45f5ba107ebeb",
            "associate_with_private_ip": null,
            "association_id": "eipassoc-0101790540b11bdcd",
            "carrier_ip": "",
            "customer_owned_ip": "",
            "customer_owned_ipv4_pool": "",
            "domain": "vpc",
            "id": "eipalloc-047c45f5ba107ebeb",
            "instance": "",
            "network_border_group": "us-west-2",
            "network_interface": "eni-0b4e762f20b49133e",
            "private_dns": "ip-10-0-101-10.us-west-2.compute.internal",
            "private_ip": "10.0.101.10",
            "public_dns": "ec2-54-187-235-2.us-west-2.compute.amazonaws.com",
            "public_ip": "54.187.235.2",
            "public_ipv4_pool": "amazon",
            "tags": {
              "Name": "Spika-demo-vpc-us-west-2a"
            },
            "tags_all": {
              "Name": "Spika-demo-vpc-us-west-2a"
            },
            "timeouts": null,
            "vpc": true
          },
          "sensitive_attributes": [],
          "private": "eyJlMmJmYjczMC1lY2FhLTExZTYtOGY4OC0zNDM2M2JjN2M0YzAiOnsiZGVsZXRlIjoxODAwMDAwMDAwMDAsInJlYWQiOjkwMDAwMDAwMDAwMCwidXBkYXRlIjozMDAwMDAwMDAwMDB9fQ==",
          "dependencies": [
            "data.aws_availability_zones.available"
          ]
        }
      ]
    },
    {
      "module": "module.vpc",
      "mode": "managed",
      "type": "aws_elasticache_subnet_group",
      "name": "elasticache",
      "provider": "provider[\"registry.terraform.io/hashicorp/aws\"]",
      "instances": [
        {
          "index_key": 0,
          "schema_version": 0,
          "attributes": {
            "arn": "arn:aws:elasticache:us-west-2:872224457307:subnetgroup:spika-demo-vpc",
            "description": "ElastiCache subnet group for Spika-demo-vpc",
            "id": "spika-demo-vpc",
            "name": "spika-demo-vpc",
            "subnet_ids": [
              "subnet-0d988d090a0bc6900",
              "subnet-0dc3f1b4036e263dc"
            ],
            "tags": {
              "Name": "Spika-demo-vpc"
            },
            "tags_all": {
              "Name": "Spika-demo-vpc"
            }
          },
          "sensitive_attributes": [],
          "private": "bnVsbA==",
          "dependencies": [
            "data.aws_availability_zones.available",
            "module.vpc.aws_subnet.elasticache",
            "module.vpc.aws_vpc.this",
            "module.vpc.aws_vpc_ipv4_cidr_block_association.this"
          ]
        }
      ]
    },
    {
      "module": "module.vpc",
      "mode": "managed",
      "type": "aws_internet_gateway",
      "name": "this",
      "provider": "provider[\"registry.terraform.io/hashicorp/aws\"]",
      "instances": [
        {
          "index_key": 0,
          "schema_version": 0,
          "attributes": {
            "arn": "arn:aws:ec2:us-west-2:872224457307:internet-gateway/igw-0619c9e6aaff7930e",
            "id": "igw-0619c9e6aaff7930e",
            "owner_id": "872224457307",
            "tags": {
              "Name": "Spika-demo-vpc"
            },
            "tags_all": {
              "Name": "Spika-demo-vpc"
            },
            "timeouts": null,
            "vpc_id": "vpc-031491543acd4e04b"
          },
          "sensitive_attributes": [],
          "private": "eyJlMmJmYjczMC1lY2FhLTExZTYtOGY4OC0zNDM2M2JjN2M0YzAiOnsiY3JlYXRlIjoxMjAwMDAwMDAwMDAwLCJkZWxldGUiOjEyMDAwMDAwMDAwMDAsInVwZGF0ZSI6MTIwMDAwMDAwMDAwMH19",
          "dependencies": [
            "module.vpc.aws_vpc.this",
            "module.vpc.aws_vpc_ipv4_cidr_block_association.this"
          ]
        }
      ]
    },
    {
      "module": "module.vpc",
      "mode": "managed",
      "type": "aws_nat_gateway",
      "name": "this",
      "provider": "provider[\"registry.terraform.io/hashicorp/aws\"]",
      "instances": [
        {
          "index_key": 0,
          "schema_version": 0,
          "attributes": {
            "allocation_id": "eipalloc-047c45f5ba107ebeb",
            "connectivity_type": "public",
            "id": "nat-03ece143dcca96eaf",
            "network_interface_id": "eni-0b4e762f20b49133e",
            "private_ip": "10.0.101.10",
            "public_ip": "54.187.235.2",
            "subnet_id": "subnet-0ed8ae9c7ca91668b",
            "tags": {
              "Name": "Spika-demo-vpc-us-west-2a"
            },
            "tags_all": {
              "Name": "Spika-demo-vpc-us-west-2a"
            }
          },
          "sensitive_attributes": [],
          "private": "bnVsbA==",
          "dependencies": [
            "data.aws_availability_zones.available",
            "module.vpc.aws_eip.nat",
            "module.vpc.aws_internet_gateway.this",
            "module.vpc.aws_subnet.public",
            "module.vpc.aws_vpc.this",
            "module.vpc.aws_vpc_ipv4_cidr_block_association.this"
          ]
        }
      ]
    },
    {
      "module": "module.vpc",
      "mode": "managed",
      "type": "aws_route",
      "name": "private_nat_gateway",
      "provider": "provider[\"registry.terraform.io/hashicorp/aws\"]",
      "instances": [
        {
          "index_key": 0,
          "schema_version": 0,
          "attributes": {
            "carrier_gateway_id": "",
            "core_network_arn": "",
            "destination_cidr_block": "0.0.0.0/0",
            "destination_ipv6_cidr_block": "",
            "destination_prefix_list_id": "",
            "egress_only_gateway_id": "",
            "gateway_id": "",
            "id": "r-rtb-05627c89e537a8bbe1080289494",
            "instance_id": "",
            "instance_owner_id": "",
            "local_gateway_id": "",
            "nat_gateway_id": "nat-03ece143dcca96eaf",
            "network_interface_id": "",
            "origin": "CreateRoute",
            "route_table_id": "rtb-05627c89e537a8bbe",
            "state": "active",
            "timeouts": {
              "create": "5m",
              "delete": null,
              "update": null
            },
            "transit_gateway_id": "",
            "vpc_endpoint_id": "",
            "vpc_peering_connection_id": ""
          },
          "sensitive_attributes": [],
          "private": "eyJlMmJmYjczMC1lY2FhLTExZTYtOGY4OC0zNDM2M2JjN2M0YzAiOnsiY3JlYXRlIjozMDAwMDAwMDAwMDAsImRlbGV0ZSI6MzAwMDAwMDAwMDAwLCJ1cGRhdGUiOjEyMDAwMDAwMDAwMH19",
          "dependencies": [
            "data.aws_availability_zones.available",
            "module.vpc.aws_eip.nat",
            "module.vpc.aws_internet_gateway.this",
            "module.vpc.aws_nat_gateway.this",
            "module.vpc.aws_route_table.private",
            "module.vpc.aws_subnet.public",
            "module.vpc.aws_vpc.this",
            "module.vpc.aws_vpc_ipv4_cidr_block_association.this"
          ]
        }
      ]
    },
    {
      "module": "module.vpc",
      "mode": "managed",
      "type": "aws_route",
      "name": "public_internet_gateway",
      "provider": "provider[\"registry.terraform.io/hashicorp/aws\"]",
      "instances": [
        {
          "index_key": 0,
          "schema_version": 0,
          "attributes": {
            "carrier_gateway_id": "",
            "core_network_arn": "",
            "destination_cidr_block": "0.0.0.0/0",
            "destination_ipv6_cidr_block": "",
            "destination_prefix_list_id": "",
            "egress_only_gateway_id": "",
            "gateway_id": "igw-0619c9e6aaff7930e",
            "id": "r-rtb-04a68520b9a60ef771080289494",
            "instance_id": "",
            "instance_owner_id": "",
            "local_gateway_id": "",
            "nat_gateway_id": "",
            "network_interface_id": "",
            "origin": "CreateRoute",
            "route_table_id": "rtb-04a68520b9a60ef77",
            "state": "active",
            "timeouts": {
              "create": "5m",
              "delete": null,
              "update": null
            },
            "transit_gateway_id": "",
            "vpc_endpoint_id": "",
            "vpc_peering_connection_id": ""
          },
          "sensitive_attributes": [],
          "private": "eyJlMmJmYjczMC1lY2FhLTExZTYtOGY4OC0zNDM2M2JjN2M0YzAiOnsiY3JlYXRlIjozMDAwMDAwMDAwMDAsImRlbGV0ZSI6MzAwMDAwMDAwMDAwLCJ1cGRhdGUiOjEyMDAwMDAwMDAwMH19",
          "dependencies": [
            "module.vpc.aws_internet_gateway.this",
            "module.vpc.aws_route_table.public",
            "module.vpc.aws_vpc.this",
            "module.vpc.aws_vpc_ipv4_cidr_block_association.this"
          ]
        }
      ]
    },
    {
      "module": "module.vpc",
      "mode": "managed",
      "type": "aws_route_table",
      "name": "private",
      "provider": "provider[\"registry.terraform.io/hashicorp/aws\"]",
      "instances": [
        {
          "index_key": 0,
          "schema_version": 0,
          "attributes": {
            "arn": "arn:aws:ec2:us-west-2:872224457307:route-table/rtb-05627c89e537a8bbe",
            "id": "rtb-05627c89e537a8bbe",
            "owner_id": "872224457307",
            "propagating_vgws": [],
            "route": [
              {
                "carrier_gateway_id": "",
                "cidr_block": "0.0.0.0/0",
                "core_network_arn": "",
                "destination_prefix_list_id": "",
                "egress_only_gateway_id": "",
                "gateway_id": "",
                "instance_id": "",
                "ipv6_cidr_block": "",
                "local_gateway_id": "",
                "nat_gateway_id": "nat-03ece143dcca96eaf",
                "network_interface_id": "",
                "transit_gateway_id": "",
                "vpc_endpoint_id": "",
                "vpc_peering_connection_id": ""
              }
            ],
            "tags": {
              "Name": "Spika-demo-vpc-private"
            },
            "tags_all": {
              "Name": "Spika-demo-vpc-private"
            },
            "timeouts": null,
            "vpc_id": "vpc-031491543acd4e04b"
          },
          "sensitive_attributes": [],
          "private": "eyJlMmJmYjczMC1lY2FhLTExZTYtOGY4OC0zNDM2M2JjN2M0YzAiOnsiY3JlYXRlIjozMDAwMDAwMDAwMDAsImRlbGV0ZSI6MzAwMDAwMDAwMDAwLCJ1cGRhdGUiOjEyMDAwMDAwMDAwMH19",
          "dependencies": [
            "data.aws_availability_zones.available",
            "module.vpc.aws_vpc.this",
            "module.vpc.aws_vpc_ipv4_cidr_block_association.this"
          ]
        }
      ]
    },
    {
      "module": "module.vpc",
      "mode": "managed",
      "type": "aws_route_table",
      "name": "public",
      "provider": "provider[\"registry.terraform.io/hashicorp/aws\"]",
      "instances": [
        {
          "index_key": 0,
          "schema_version": 0,
          "attributes": {
            "arn": "arn:aws:ec2:us-west-2:872224457307:route-table/rtb-04a68520b9a60ef77",
            "id": "rtb-04a68520b9a60ef77",
            "owner_id": "872224457307",
            "propagating_vgws": [],
            "route": [
              {
                "carrier_gateway_id": "",
                "cidr_block": "0.0.0.0/0",
                "core_network_arn": "",
                "destination_prefix_list_id": "",
                "egress_only_gateway_id": "",
                "gateway_id": "igw-0619c9e6aaff7930e",
                "instance_id": "",
                "ipv6_cidr_block": "",
                "local_gateway_id": "",
                "nat_gateway_id": "",
                "network_interface_id": "",
                "transit_gateway_id": "",
                "vpc_endpoint_id": "",
                "vpc_peering_connection_id": ""
              }
            ],
            "tags": {
              "Name": "Spika-demo-vpc-public"
            },
            "tags_all": {
              "Name": "Spika-demo-vpc-public"
            },
            "timeouts": null,
            "vpc_id": "vpc-031491543acd4e04b"
          },
          "sensitive_attributes": [],
          "private": "eyJlMmJmYjczMC1lY2FhLTExZTYtOGY4OC0zNDM2M2JjN2M0YzAiOnsiY3JlYXRlIjozMDAwMDAwMDAwMDAsImRlbGV0ZSI6MzAwMDAwMDAwMDAwLCJ1cGRhdGUiOjEyMDAwMDAwMDAwMH19",
          "dependencies": [
            "module.vpc.aws_vpc.this",
            "module.vpc.aws_vpc_ipv4_cidr_block_association.this"
          ]
        }
      ]
    },
    {
      "module": "module.vpc",
      "mode": "managed",
      "type": "aws_route_table_association",
      "name": "database",
      "provider": "provider[\"registry.terraform.io/hashicorp/aws\"]",
      "instances": [
        {
          "index_key": 0,
          "schema_version": 0,
          "attributes": {
            "gateway_id": "",
            "id": "rtbassoc-00d7b1694a231acb9",
            "route_table_id": "rtb-05627c89e537a8bbe",
            "subnet_id": "subnet-02c607f1416b23a66"
          },
          "sensitive_attributes": [],
          "private": "bnVsbA==",
          "dependencies": [
            "data.aws_availability_zones.available",
            "module.vpc.aws_route_table.database",
            "module.vpc.aws_route_table.private",
            "module.vpc.aws_subnet.database",
            "module.vpc.aws_vpc.this",
            "module.vpc.aws_vpc_ipv4_cidr_block_association.this"
          ]
        },
        {
          "index_key": 1,
          "schema_version": 0,
          "attributes": {
            "gateway_id": "",
            "id": "rtbassoc-06facaae4d5c0c981",
            "route_table_id": "rtb-05627c89e537a8bbe",
            "subnet_id": "subnet-051bc31c744bf6376"
          },
          "sensitive_attributes": [],
          "private": "bnVsbA==",
          "dependencies": [
            "data.aws_availability_zones.available",
            "module.vpc.aws_route_table.database",
            "module.vpc.aws_route_table.private",
            "module.vpc.aws_subnet.database",
            "module.vpc.aws_vpc.this",
            "module.vpc.aws_vpc_ipv4_cidr_block_association.this"
          ]
        }
      ]
    },
    {
      "module": "module.vpc",
      "mode": "managed",
      "type": "aws_route_table_association",
      "name": "elasticache",
      "provider": "provider[\"registry.terraform.io/hashicorp/aws\"]",
      "instances": [
        {
          "index_key": 0,
          "schema_version": 0,
          "attributes": {
            "gateway_id": "",
            "id": "rtbassoc-01ab86f11be7e7366",
            "route_table_id": "rtb-05627c89e537a8bbe",
            "subnet_id": "subnet-0dc3f1b4036e263dc"
          },
          "sensitive_attributes": [],
          "private": "bnVsbA==",
          "dependencies": [
            "data.aws_availability_zones.available",
            "module.vpc.aws_route_table.elasticache",
            "module.vpc.aws_route_table.private",
            "module.vpc.aws_subnet.elasticache",
            "module.vpc.aws_vpc.this",
            "module.vpc.aws_vpc_ipv4_cidr_block_association.this"
          ]
        },
        {
          "index_key": 1,
          "schema_version": 0,
          "attributes": {
            "gateway_id": "",
            "id": "rtbassoc-08034b6b1bb8cd91f",
            "route_table_id": "rtb-05627c89e537a8bbe",
            "subnet_id": "subnet-0d988d090a0bc6900"
          },
          "sensitive_attributes": [],
          "private": "bnVsbA==",
          "dependencies": [
            "data.aws_availability_zones.available",
            "module.vpc.aws_route_table.elasticache",
            "module.vpc.aws_route_table.private",
            "module.vpc.aws_subnet.elasticache",
            "module.vpc.aws_vpc.this",
            "module.vpc.aws_vpc_ipv4_cidr_block_association.this"
          ]
        }
      ]
    },
    {
      "module": "module.vpc",
      "mode": "managed",
      "type": "aws_route_table_association",
      "name": "private",
      "provider": "provider[\"registry.terraform.io/hashicorp/aws\"]",
      "instances": [
        {
          "index_key": 0,
          "schema_version": 0,
          "attributes": {
            "gateway_id": "",
            "id": "rtbassoc-06621711a5c074d30",
            "route_table_id": "rtb-05627c89e537a8bbe",
            "subnet_id": "subnet-0b4253ccccde51f48"
          },
          "sensitive_attributes": [],
          "private": "bnVsbA==",
          "dependencies": [
            "data.aws_availability_zones.available",
            "module.vpc.aws_route_table.private",
            "module.vpc.aws_subnet.private",
            "module.vpc.aws_vpc.this",
            "module.vpc.aws_vpc_ipv4_cidr_block_association.this"
          ]
        },
        {
          "index_key": 1,
          "schema_version": 0,
          "attributes": {
            "gateway_id": "",
            "id": "rtbassoc-0b3041dfd6e748130",
            "route_table_id": "rtb-05627c89e537a8bbe",
            "subnet_id": "subnet-0f3d076c073ca5822"
          },
          "sensitive_attributes": [],
          "private": "bnVsbA==",
          "dependencies": [
            "data.aws_availability_zones.available",
            "module.vpc.aws_route_table.private",
            "module.vpc.aws_subnet.private",
            "module.vpc.aws_vpc.this",
            "module.vpc.aws_vpc_ipv4_cidr_block_association.this"
          ]
        }
      ]
    },
    {
      "module": "module.vpc",
      "mode": "managed",
      "type": "aws_route_table_association",
      "name": "public",
      "provider": "provider[\"registry.terraform.io/hashicorp/aws\"]",
      "instances": [
        {
          "index_key": 0,
          "schema_version": 0,
          "attributes": {
            "gateway_id": "",
            "id": "rtbassoc-0cb69e594ac08421e",
            "route_table_id": "rtb-04a68520b9a60ef77",
            "subnet_id": "subnet-0ed8ae9c7ca91668b"
          },
          "sensitive_attributes": [],
          "private": "bnVsbA==",
          "dependencies": [
            "data.aws_availability_zones.available",
            "module.vpc.aws_route_table.public",
            "module.vpc.aws_subnet.public",
            "module.vpc.aws_vpc.this",
            "module.vpc.aws_vpc_ipv4_cidr_block_association.this"
          ]
        },
        {
          "index_key": 1,
          "schema_version": 0,
          "attributes": {
            "gateway_id": "",
            "id": "rtbassoc-0c5eaa7c69738ea9b",
            "route_table_id": "rtb-04a68520b9a60ef77",
            "subnet_id": "subnet-07aa4ba7b9c6f7c8d"
          },
          "sensitive_attributes": [],
          "private": "bnVsbA==",
          "dependencies": [
            "data.aws_availability_zones.available",
            "module.vpc.aws_route_table.public",
            "module.vpc.aws_subnet.public",
            "module.vpc.aws_vpc.this",
            "module.vpc.aws_vpc_ipv4_cidr_block_association.this"
          ]
        }
      ]
    },
    {
      "module": "module.vpc",
      "mode": "managed",
      "type": "aws_subnet",
      "name": "database",
      "provider": "provider[\"registry.terraform.io/hashicorp/aws\"]",
      "instances": [
        {
          "index_key": 0,
          "schema_version": 1,
          "attributes": {
            "arn": "arn:aws:ec2:us-west-2:872224457307:subnet/subnet-02c607f1416b23a66",
            "assign_ipv6_address_on_creation": false,
            "availability_zone": "us-west-2a",
            "availability_zone_id": "usw2-az2",
            "cidr_block": "10.0.3.0/24",
            "customer_owned_ipv4_pool": "",
            "enable_dns64": false,
            "enable_resource_name_dns_a_record_on_launch": false,
            "enable_resource_name_dns_aaaa_record_on_launch": false,
            "id": "subnet-02c607f1416b23a66",
            "ipv6_cidr_block": "",
            "ipv6_cidr_block_association_id": "",
            "ipv6_native": false,
            "map_customer_owned_ip_on_launch": false,
            "map_public_ip_on_launch": false,
            "outpost_arn": "",
            "owner_id": "872224457307",
            "private_dns_hostname_type_on_launch": "ip-name",
            "tags": {
              "Name": "Spika-demo-vpc-db-us-west-2a"
            },
            "tags_all": {
              "Name": "Spika-demo-vpc-db-us-west-2a"
            },
            "timeouts": null,
            "vpc_id": "vpc-031491543acd4e04b"
          },
          "sensitive_attributes": [],
          "private": "eyJlMmJmYjczMC1lY2FhLTExZTYtOGY4OC0zNDM2M2JjN2M0YzAiOnsiY3JlYXRlIjo2MDAwMDAwMDAwMDAsImRlbGV0ZSI6MTIwMDAwMDAwMDAwMH0sInNjaGVtYV92ZXJzaW9uIjoiMSJ9",
          "dependencies": [
            "data.aws_availability_zones.available",
            "module.vpc.aws_vpc.this",
            "module.vpc.aws_vpc_ipv4_cidr_block_association.this"
          ]
        },
        {
          "index_key": 1,
          "schema_version": 1,
          "attributes": {
            "arn": "arn:aws:ec2:us-west-2:872224457307:subnet/subnet-051bc31c744bf6376",
            "assign_ipv6_address_on_creation": false,
            "availability_zone": "us-west-2b",
            "availability_zone_id": "usw2-az1",
            "cidr_block": "10.0.4.0/24",
            "customer_owned_ipv4_pool": "",
            "enable_dns64": false,
            "enable_resource_name_dns_a_record_on_launch": false,
            "enable_resource_name_dns_aaaa_record_on_launch": false,
            "id": "subnet-051bc31c744bf6376",
            "ipv6_cidr_block": "",
            "ipv6_cidr_block_association_id": "",
            "ipv6_native": false,
            "map_customer_owned_ip_on_launch": false,
            "map_public_ip_on_launch": false,
            "outpost_arn": "",
            "owner_id": "872224457307",
            "private_dns_hostname_type_on_launch": "ip-name",
            "tags": {
              "Name": "Spika-demo-vpc-db-us-west-2b"
            },
            "tags_all": {
              "Name": "Spika-demo-vpc-db-us-west-2b"
            },
            "timeouts": null,
            "vpc_id": "vpc-031491543acd4e04b"
          },
          "sensitive_attributes": [],
          "private": "eyJlMmJmYjczMC1lY2FhLTExZTYtOGY4OC0zNDM2M2JjN2M0YzAiOnsiY3JlYXRlIjo2MDAwMDAwMDAwMDAsImRlbGV0ZSI6MTIwMDAwMDAwMDAwMH0sInNjaGVtYV92ZXJzaW9uIjoiMSJ9",
          "dependencies": [
            "data.aws_availability_zones.available",
            "module.vpc.aws_vpc.this",
            "module.vpc.aws_vpc_ipv4_cidr_block_association.this"
          ]
        }
      ]
    },
    {
      "module": "module.vpc",
      "mode": "managed",
      "type": "aws_subnet",
      "name": "elasticache",
      "provider": "provider[\"registry.terraform.io/hashicorp/aws\"]",
      "instances": [
        {
          "index_key": 0,
          "schema_version": 1,
          "attributes": {
            "arn": "arn:aws:ec2:us-west-2:872224457307:subnet/subnet-0dc3f1b4036e263dc",
            "assign_ipv6_address_on_creation": false,
            "availability_zone": "us-west-2a",
            "availability_zone_id": "usw2-az2",
            "cidr_block": "10.0.5.0/24",
            "customer_owned_ipv4_pool": "",
            "enable_dns64": false,
            "enable_resource_name_dns_a_record_on_launch": false,
            "enable_resource_name_dns_aaaa_record_on_launch": false,
            "id": "subnet-0dc3f1b4036e263dc",
            "ipv6_cidr_block": "",
            "ipv6_cidr_block_association_id": "",
            "ipv6_native": false,
            "map_customer_owned_ip_on_launch": false,
            "map_public_ip_on_launch": false,
            "outpost_arn": "",
            "owner_id": "872224457307",
            "private_dns_hostname_type_on_launch": "ip-name",
            "tags": {
              "Name": "Spika-demo-vpc-elasticache-us-west-2a"
            },
            "tags_all": {
              "Name": "Spika-demo-vpc-elasticache-us-west-2a"
            },
            "timeouts": null,
            "vpc_id": "vpc-031491543acd4e04b"
          },
          "sensitive_attributes": [],
          "private": "eyJlMmJmYjczMC1lY2FhLTExZTYtOGY4OC0zNDM2M2JjN2M0YzAiOnsiY3JlYXRlIjo2MDAwMDAwMDAwMDAsImRlbGV0ZSI6MTIwMDAwMDAwMDAwMH0sInNjaGVtYV92ZXJzaW9uIjoiMSJ9",
          "dependencies": [
            "data.aws_availability_zones.available",
            "module.vpc.aws_vpc.this",
            "module.vpc.aws_vpc_ipv4_cidr_block_association.this"
          ]
        },
        {
          "index_key": 1,
          "schema_version": 1,
          "attributes": {
            "arn": "arn:aws:ec2:us-west-2:872224457307:subnet/subnet-0d988d090a0bc6900",
            "assign_ipv6_address_on_creation": false,
            "availability_zone": "us-west-2b",
            "availability_zone_id": "usw2-az1",
            "cidr_block": "10.0.6.0/24",
            "customer_owned_ipv4_pool": "",
            "enable_dns64": false,
            "enable_resource_name_dns_a_record_on_launch": false,
            "enable_resource_name_dns_aaaa_record_on_launch": false,
            "id": "subnet-0d988d090a0bc6900",
            "ipv6_cidr_block": "",
            "ipv6_cidr_block_association_id": "",
            "ipv6_native": false,
            "map_customer_owned_ip_on_launch": false,
            "map_public_ip_on_launch": false,
            "outpost_arn": "",
            "owner_id": "872224457307",
            "private_dns_hostname_type_on_launch": "ip-name",
            "tags": {
              "Name": "Spika-demo-vpc-elasticache-us-west-2b"
            },
            "tags_all": {
              "Name": "Spika-demo-vpc-elasticache-us-west-2b"
            },
            "timeouts": null,
            "vpc_id": "vpc-031491543acd4e04b"
          },
          "sensitive_attributes": [],
          "private": "eyJlMmJmYjczMC1lY2FhLTExZTYtOGY4OC0zNDM2M2JjN2M0YzAiOnsiY3JlYXRlIjo2MDAwMDAwMDAwMDAsImRlbGV0ZSI6MTIwMDAwMDAwMDAwMH0sInNjaGVtYV92ZXJzaW9uIjoiMSJ9",
          "dependencies": [
            "data.aws_availability_zones.available",
            "module.vpc.aws_vpc.this",
            "module.vpc.aws_vpc_ipv4_cidr_block_association.this"
          ]
        }
      ]
    },
    {
      "module": "module.vpc",
      "mode": "managed",
      "type": "aws_subnet",
      "name": "private",
      "provider": "provider[\"registry.terraform.io/hashicorp/aws\"]",
      "instances": [
        {
          "index_key": 0,
          "schema_version": 1,
          "attributes": {
            "arn": "arn:aws:ec2:us-west-2:872224457307:subnet/subnet-0b4253ccccde51f48",
            "assign_ipv6_address_on_creation": false,
            "availability_zone": "us-west-2a",
            "availability_zone_id": "usw2-az2",
            "cidr_block": "10.0.1.0/24",
            "customer_owned_ipv4_pool": "",
            "enable_dns64": false,
            "enable_resource_name_dns_a_record_on_launch": false,
            "enable_resource_name_dns_aaaa_record_on_launch": false,
            "id": "subnet-0b4253ccccde51f48",
            "ipv6_cidr_block": "",
            "ipv6_cidr_block_association_id": "",
            "ipv6_native": false,
            "map_customer_owned_ip_on_launch": false,
            "map_public_ip_on_launch": false,
            "outpost_arn": "",
            "owner_id": "872224457307",
            "private_dns_hostname_type_on_launch": "ip-name",
            "tags": {
              "Name": "Spika-demo-vpc-private-us-west-2a"
            },
            "tags_all": {
              "Name": "Spika-demo-vpc-private-us-west-2a"
            },
            "timeouts": null,
            "vpc_id": "vpc-031491543acd4e04b"
          },
          "sensitive_attributes": [],
          "private": "eyJlMmJmYjczMC1lY2FhLTExZTYtOGY4OC0zNDM2M2JjN2M0YzAiOnsiY3JlYXRlIjo2MDAwMDAwMDAwMDAsImRlbGV0ZSI6MTIwMDAwMDAwMDAwMH0sInNjaGVtYV92ZXJzaW9uIjoiMSJ9",
          "dependencies": [
            "data.aws_availability_zones.available",
            "module.vpc.aws_vpc.this",
            "module.vpc.aws_vpc_ipv4_cidr_block_association.this"
          ]
        },
        {
          "index_key": 1,
          "schema_version": 1,
          "attributes": {
            "arn": "arn:aws:ec2:us-west-2:872224457307:subnet/subnet-0f3d076c073ca5822",
            "assign_ipv6_address_on_creation": false,
            "availability_zone": "us-west-2b",
            "availability_zone_id": "usw2-az1",
            "cidr_block": "10.0.2.0/24",
            "customer_owned_ipv4_pool": "",
            "enable_dns64": false,
            "enable_resource_name_dns_a_record_on_launch": false,
            "enable_resource_name_dns_aaaa_record_on_launch": false,
            "id": "subnet-0f3d076c073ca5822",
            "ipv6_cidr_block": "",
            "ipv6_cidr_block_association_id": "",
            "ipv6_native": false,
            "map_customer_owned_ip_on_launch": false,
            "map_public_ip_on_launch": false,
            "outpost_arn": "",
            "owner_id": "872224457307",
            "private_dns_hostname_type_on_launch": "ip-name",
            "tags": {
              "Name": "Spika-demo-vpc-private-us-west-2b"
            },
            "tags_all": {
              "Name": "Spika-demo-vpc-private-us-west-2b"
            },
            "timeouts": null,
            "vpc_id": "vpc-031491543acd4e04b"
          },
          "sensitive_attributes": [],
          "private": "eyJlMmJmYjczMC1lY2FhLTExZTYtOGY4OC0zNDM2M2JjN2M0YzAiOnsiY3JlYXRlIjo2MDAwMDAwMDAwMDAsImRlbGV0ZSI6MTIwMDAwMDAwMDAwMH0sInNjaGVtYV92ZXJzaW9uIjoiMSJ9",
          "dependencies": [
            "data.aws_availability_zones.available",
            "module.vpc.aws_vpc.this",
            "module.vpc.aws_vpc_ipv4_cidr_block_association.this"
          ]
        }
      ]
    },
    {
      "module": "module.vpc",
      "mode": "managed",
      "type": "aws_subnet",
      "name": "public",
      "provider": "provider[\"registry.terraform.io/hashicorp/aws\"]",
      "instances": [
        {
          "index_key": 0,
          "schema_version": 1,
          "attributes": {
            "arn": "arn:aws:ec2:us-west-2:872224457307:subnet/subnet-0ed8ae9c7ca91668b",
            "assign_ipv6_address_on_creation": false,
            "availability_zone": "us-west-2a",
            "availability_zone_id": "usw2-az2",
            "cidr_block": "10.0.101.0/24",
            "customer_owned_ipv4_pool": "",
            "enable_dns64": false,
            "enable_resource_name_dns_a_record_on_launch": false,
            "enable_resource_name_dns_aaaa_record_on_launch": false,
            "id": "subnet-0ed8ae9c7ca91668b",
            "ipv6_cidr_block": "",
            "ipv6_cidr_block_association_id": "",
            "ipv6_native": false,
            "map_customer_owned_ip_on_launch": false,
            "map_public_ip_on_launch": true,
            "outpost_arn": "",
            "owner_id": "872224457307",
            "private_dns_hostname_type_on_launch": "ip-name",
            "tags": {
              "Name": "Spika-demo-vpc-public-us-west-2a"
            },
            "tags_all": {
              "Name": "Spika-demo-vpc-public-us-west-2a"
            },
            "timeouts": null,
            "vpc_id": "vpc-031491543acd4e04b"
          },
          "sensitive_attributes": [],
          "private": "eyJlMmJmYjczMC1lY2FhLTExZTYtOGY4OC0zNDM2M2JjN2M0YzAiOnsiY3JlYXRlIjo2MDAwMDAwMDAwMDAsImRlbGV0ZSI6MTIwMDAwMDAwMDAwMH0sInNjaGVtYV92ZXJzaW9uIjoiMSJ9",
          "dependencies": [
            "data.aws_availability_zones.available",
            "module.vpc.aws_vpc.this",
            "module.vpc.aws_vpc_ipv4_cidr_block_association.this"
          ],
          "create_before_destroy": true
        },
        {
          "index_key": 1,
          "schema_version": 1,
          "attributes": {
            "arn": "arn:aws:ec2:us-west-2:872224457307:subnet/subnet-07aa4ba7b9c6f7c8d",
            "assign_ipv6_address_on_creation": false,
            "availability_zone": "us-west-2b",
            "availability_zone_id": "usw2-az1",
            "cidr_block": "10.0.102.0/24",
            "customer_owned_ipv4_pool": "",
            "enable_dns64": false,
            "enable_resource_name_dns_a_record_on_launch": false,
            "enable_resource_name_dns_aaaa_record_on_launch": false,
            "id": "subnet-07aa4ba7b9c6f7c8d",
            "ipv6_cidr_block": "",
            "ipv6_cidr_block_association_id": "",
            "ipv6_native": false,
            "map_customer_owned_ip_on_launch": false,
            "map_public_ip_on_launch": true,
            "outpost_arn": "",
            "owner_id": "872224457307",
            "private_dns_hostname_type_on_launch": "ip-name",
            "tags": {
              "Name": "Spika-demo-vpc-public-us-west-2b"
            },
            "tags_all": {
              "Name": "Spika-demo-vpc-public-us-west-2b"
            },
            "timeouts": null,
            "vpc_id": "vpc-031491543acd4e04b"
          },
          "sensitive_attributes": [],
          "private": "eyJlMmJmYjczMC1lY2FhLTExZTYtOGY4OC0zNDM2M2JjN2M0YzAiOnsiY3JlYXRlIjo2MDAwMDAwMDAwMDAsImRlbGV0ZSI6MTIwMDAwMDAwMDAwMH0sInNjaGVtYV92ZXJzaW9uIjoiMSJ9",
          "dependencies": [
            "data.aws_availability_zones.available",
            "module.vpc.aws_vpc.this",
            "module.vpc.aws_vpc_ipv4_cidr_block_association.this"
          ],
          "create_before_destroy": true
        }
      ]
    },
    {
      "module": "module.vpc",
      "mode": "managed",
      "type": "aws_vpc",
      "name": "this",
      "provider": "provider[\"registry.terraform.io/hashicorp/aws\"]",
      "instances": [
        {
          "index_key": 0,
          "schema_version": 1,
          "attributes": {
            "arn": "arn:aws:ec2:us-west-2:872224457307:vpc/vpc-031491543acd4e04b",
            "assign_generated_ipv6_cidr_block": false,
            "cidr_block": "10.0.0.0/16",
            "default_network_acl_id": "acl-0b9fdbdfb1d7e0298",
            "default_route_table_id": "rtb-00e3cd85025266075",
            "default_security_group_id": "sg-075230f7734a226a6",
            "dhcp_options_id": "dopt-47fee32f",
            "enable_classiclink": false,
            "enable_classiclink_dns_support": false,
            "enable_dns_hostnames": true,
            "enable_dns_support": true,
            "enable_network_address_usage_metrics": false,
            "id": "vpc-031491543acd4e04b",
            "instance_tenancy": "default",
            "ipv4_ipam_pool_id": null,
            "ipv4_netmask_length": null,
            "ipv6_association_id": "",
            "ipv6_cidr_block": "",
            "ipv6_cidr_block_network_border_group": "",
            "ipv6_ipam_pool_id": "",
            "ipv6_netmask_length": 0,
            "main_route_table_id": "rtb-00e3cd85025266075",
            "owner_id": "872224457307",
            "tags": {
              "Name": "Spika-demo-vpc"
            },
            "tags_all": {
              "Name": "Spika-demo-vpc"
            }
          },
          "sensitive_attributes": [],
          "private": "eyJzY2hlbWFfdmVyc2lvbiI6IjEifQ==",
          "create_before_destroy": true
        }
      ]
    }
  ],
  "check_results": []
}
