{
  "version": 4,
  "terraform_version": "1.3.4",
  "serial": 6513,
  "lineage": "d3b26784-d75e-c2d5-abfd-2dd4291965db",
  "outputs": {
    "ELB_DNS_name": {
      "value": "spikademo-alb-1874026795.us-west-2.elb.amazonaws.com",
      "type": "string"
    },
    "database_connection_string": {
      "value": "mysql://spikadb_user:gDsXly2c0qM5dIWc@34.210.210.196/spikadb",
      "type": "string",
      "sensitive": true
    },
    "public_connection_string_app": {
      "value": "ssh -i spikademo-key.pem ubuntu@34.218.41.76",
      "type": "string"
    },
    "public_connection_string_db": {
      "value": "ssh -i spikademo-key.pem ubuntu@34.210.210.196",
      "type": "string"
    }
  },
  "resources": [
    {
      "mode": "managed",
      "type": "random_password",
      "name": "db_master_pass",
      "provider": "provider[\"registry.terraform.io/hashicorp/random\"]",
      "instances": [
        {
          "schema_version": 3,
          "attributes": {
            "bcrypt_hash": "$2a$10$.cq.jKmc6gED4qhbBKbDaezjsD.SzIJSJoDl6fpCnnJ9XFS6M2N8i",
            "id": "none",
            "keepers": {
              "pass_version": "1"
            },
            "length": 16,
            "lower": true,
            "min_lower": 0,
            "min_numeric": 0,
            "min_special": 0,
            "min_upper": 0,
            "number": true,
            "numeric": true,
            "override_special": null,
            "result": "gDsXly2c0qM5dIWc",
            "special": false,
            "upper": true
          },
          "sensitive_attributes": [],
          "create_before_destroy": true
        }
      ]
    },
    {
      "mode": "managed",
      "type": "random_password",
      "name": "queue_pass",
      "provider": "provider[\"registry.terraform.io/hashicorp/random\"]",
      "instances": [
        {
          "schema_version": 3,
          "attributes": {
            "bcrypt_hash": "$2a$10$39fbEvkSAmRn4kyP7RczzuQveUQDooiP9L09gYbFFLyTLF7GNO2Wi",
            "id": "none",
            "keepers": {
              "pass_version": "1"
            },
            "length": 16,
            "lower": true,
            "min_lower": 0,
            "min_numeric": 0,
            "min_special": 0,
            "min_upper": 0,
            "number": true,
            "numeric": true,
            "override_special": null,
            "result": "MJoJkQr1LRDqwP3R",
            "special": false,
            "upper": true
          },
          "sensitive_attributes": [],
          "create_before_destroy": true
        }
      ]
    },
    {
      "module": "module.ec2",
      "mode": "data",
      "type": "aws_ami",
      "name": "ubuntu-linux-2204",
      "provider": "provider[\"registry.terraform.io/hashicorp/aws\"]",
      "instances": [
        {
          "schema_version": 0,
          "attributes": {
            "architecture": "x86_64",
            "arn": "arn:aws:ec2:us-west-2::image/ami-038241ba95c675888",
            "block_device_mappings": [
              {
                "device_name": "/dev/sda1",
                "ebs": {
                  "delete_on_termination": "true",
                  "encrypted": "false",
                  "iops": "0",
                  "snapshot_id": "snap-0a3aca1a4f1e74a10",
                  "throughput": "0",
                  "volume_size": "8",
                  "volume_type": "gp2"
                },
                "no_device": "",
                "virtual_name": ""
              },
              {
                "device_name": "/dev/sdb",
                "ebs": {},
                "no_device": "",
                "virtual_name": "ephemeral0"
              },
              {
                "device_name": "/dev/sdc",
                "ebs": {},
                "no_device": "",
                "virtual_name": "ephemeral1"
              }
            ],
            "boot_mode": "",
            "creation_date": "2022-11-01T18:10:36.000Z",
            "deprecation_time": "2024-11-01T18:10:36.000Z",
            "description": "Canonical, Ubuntu, 22.04 LTS, amd64 jammy image build on 2022-11-01",
            "ena_support": true,
            "executable_users": null,
            "filter": [
              {
                "name": "name",
                "values": [
                  "ubuntu/images/hvm-ssd/ubuntu-jammy-22.04-amd64-server-*"
                ]
              },
              {
                "name": "virtualization-type",
                "values": [
                  "hvm"
                ]
              }
            ],
            "hypervisor": "xen",
            "id": "ami-038241ba95c675888",
            "image_id": "ami-038241ba95c675888",
            "image_location": "amazon/ubuntu/images/hvm-ssd/ubuntu-jammy-22.04-amd64-server-20221101.1",
            "image_owner_alias": "amazon",
            "image_type": "machine",
            "imds_support": "",
            "include_deprecated": false,
            "kernel_id": "",
            "most_recent": true,
            "name": "ubuntu/images/hvm-ssd/ubuntu-jammy-22.04-amd64-server-20221101.1",
            "name_regex": null,
            "owner_id": "099720109477",
            "owners": [
              "099720109477"
            ],
            "platform": "",
            "platform_details": "Linux/UNIX",
            "product_codes": [],
            "public": true,
            "ramdisk_id": "",
            "root_device_name": "/dev/sda1",
            "root_device_type": "ebs",
            "root_snapshot_id": "snap-0a3aca1a4f1e74a10",
            "sriov_net_support": "simple",
            "state": "available",
            "state_reason": {
              "code": "UNSET",
              "message": "UNSET"
            },
            "tags": {},
            "timeouts": null,
            "tpm_support": "",
            "usage_operation": "RunInstances",
            "virtualization_type": "hvm"
          },
          "sensitive_attributes": []
        }
      ]
    },
    {
      "module": "module.ec2",
      "mode": "data",
      "type": "template_file",
      "name": "env",
      "provider": "provider[\"registry.terraform.io/hashicorp/template\"]",
      "instances": [
        {
          "schema_version": 0,
          "attributes": {
            "filename": null,
            "id": "c4ee1ac7ec177dc10fe3a6d2435c9142686df76b1c15bf1885358aba7e53044d",
            "rendered": "COMPOSE_PROJECT_NAME=spika3\nENV=production\nADMIN_USERNAME='admin'\nADMIN_PASSWORD='password'\nSERVER_PORT=8080\nCONFCALL_HOST_URL=wss://spika3mediasoup.spika.chat\n\nIS_TEST=0\nANDROID_SMS_VERIFICATION_HASH='K9rS/tfb305'\nIOS_SMS_VERIFICATION_URL='clover.st'\n\nUSE_MNG_API=1\nUSE_MSG_API=1\nUSE_SMS=1\nUSE_SSE=1\nUSE_UPLOAD=1\nUSE_PUSH=1\nUSE_CONFCALL=1\nUSE_MESSAGE_RECORDS_SSE=1\nUSE_WEBHOOK=1\nUSE_MESSAGING=1\n\nTEAM_MODE=1\n\nTWILIO_SID=AC22ef9d07bc79c3af873552bd7400623f\nTWILIO_TOKEN=00c763a417eb35b39fc4b5e3770fd3bb\nTWILIO_FROM_NUMBER=+16069560377\n\nLOG_INFO=1\nLOG_WARN=1\nLOG_ERROR=1\n\nFCM_PROJECT_ID=spika-ultimate\nFCM_API_KEY=AIzaSyD1EJGP17dwcRe4fKC0QaSbfxNglDelLNc\nFCM_AUTH_DOMAIN=spika-ultimate.firebaseapp.com\nFCM_STORAGE_BUCKET=spika-ultimate.appspot.com\nFCM_SENDER_ID=545730644006\nFCM_APP_ID=1:545730644006:web:385d470311a4d7fb0d3ee7\nFCM_MEASUREMENT_ID=G-TFYE1S6ZGT\nFCM_VAPID_KEY=\"BOBmllC0M3B9dJQcXkzv1PCroKRpRmp1laF9wDy23-ZH2j0Zb2KIStUouJdnfN5gysWUEAIEFSBAgoE3q2k-9U8\"\nFCM_HOST=fcm.googleapis.com\nFCM_PRIVATE_KEY=\"-----BEGIN PRIVATE KEY-----\\nMIIEvQIBADANBgkqhkiG9w0BAQEFAASCBKcwggSjAgEAAoIBAQCLz9snaeGuA/xz\\nOEsjGqZSGMNcJAFKQScV2uW+76o7Be0kEA0WDyzElXdSOeMy2kmbWkjfjm24BhmE\\neQlnUbu3F/ny4+wrL7GhfUx+s8r7OgnRcV6QzYy3/A+tXYr+HWh/rigtylyahoDW\\nc/7G716egDcg/YVoizfjy+x8PF5EcZfnOeGqvixNavU48QUbOaEWiaMtkDOa5E/5\\ni52hBBWqwblBBDnGHb+aPx0LkYVm8+etDneZPhdj3AZ7AYleHvJgv2rJmUhVi7Ye\\n4MpaNOaD2R6ENeyM8u8sQE8HlUMZBcatY+m+Hf1o7EgHpTIvD46iKonffX4gANiM\\n0N24ieM9AgMBAAECggEAAkch6y+4r1Ddz1PCt6DyxkIkhq8IfVj35c2B8j0t4RXM\\n4gpH6EzZfh9wSPzr9HNlgRw0tT25EGc7CbM+IbqNbCN+HUS035RAmOC1exf7TeIJ\\ncGngMExFB2daKwkr302D2xavjWVvYk4gMb5Ej6GtQThWDZnLz2L7R2EWaoTCRWut\\nMwBhZny5YUNnzgCfgMgul/UCEGjo5zBneiau5lj76ZJD3AgsB68cnaN3z+QtuqLb\\npCWLYGVUd2qZH7QYu2gGQoT2/fnA1VBI3ycwZvF7JrIdIW3phVqId3xz7WXWns2k\\nlCem44HuYL/KqLkGEm03M+JhK+vJFagkCzTCoPzq8QKBgQDB7FXAXCajEA7QcbUF\\n15/p0yYd0/gJNKiVdp0EZGhrlDRG8Xdj9dfZXs6ONggK43DNvu/l9assfy46pdJ/\\n4lm4eg5CofuK9dvayQowsOKYQjCvQ+h7bOZ6PskB9IlmMYH+AHU6JqYm763TCGEu\\nWcNV1o2W8ouwNuubGvYuoDCVTQKBgQC4kTMIlXhW9CpwFXjk2orw1NYt6yICsimW\\nS4KEIXvGPwdhGNFzXjweCRIbEMJU+e5TaSFCtqUctBzakL2HHXwPg3+0ToSNG1P8\\nURapdB+ibbWprnXaUIbGj2GBBHo03GxBj6/Mn7kUOkRpuaHtyZnAiJTYADH/bxzd\\nOB6xyvTNsQKBgQCjLGLHVoLoSHW+rT796H7VeGclSBv4WwfTpBfg/z/h7bXDUCD+\\nynlSnXS+svY3e0OKzDP+UqYy7d0PWkJyexq1oHZpWPVY6yGQygM6D0zLgz6F62Uu\\nneadTEFE1OfcRqI0AVyijqzWLG0eGnnzT3KOwtcnAXXK05uSSrCFcSMQLQKBgHRx\\nTvQ0cPbTFs8eDOa9pnjonrPbq9ptkuU6gH5iLZfWfg5ZPRN/OYhtipm+ygwYnq7L\\nHevcFXF1hNq0BI7xICsdeH1GKERqIGOIuTZxh9/PPZRu9/WjZlRxcz+VlpAxHK+E\\nOpJrlrXXSQA22J2P2kvpH5bjEKgp7tj2pg7fj/ERAoGALF3WMcu9idxyG2Ymh4Nt\\nz4T7fgG+GmQyIBmoEFp7/daFViB9yLoeh1mPiwLmHNoVg/7QAe/T7tWxd65yQN3n\\nHExX0rbv4wYbldzH4AzJWSHbRThYwuGhtQeQyG9nPKgpu9ZJ1h9lrgsD0cnLyF2O\\nm5Z4MZHgFUILe8vo18jxkkU=\\n-----END PRIVATE KEY-----\\n\"\nFCM_EMAIL=firebase-adminsdk-let7g@spika-ultimate.iam.gserviceaccount.com\n\nMEDIASOUP_ANNOUNCED_IP='54.215.115.153'\nMEDIASOUP_LISTEN_IP='0.0.0.0'\nMEDIASOUP_MIN_PORT=40000\nMEDIASOUP_MAX_PORT=49999\n\nUPLOAD_FOLDER=\"/var/spika\"",
            "template": "COMPOSE_PROJECT_NAME=spika3\nENV=production\nADMIN_USERNAME='admin'\nADMIN_PASSWORD='password'\nSERVER_PORT=8080\nCONFCALL_HOST_URL=wss://spika3mediasoup.spika.chat\n\nIS_TEST=0\nANDROID_SMS_VERIFICATION_HASH='K9rS/tfb305'\nIOS_SMS_VERIFICATION_URL='clover.st'\n\nUSE_MNG_API=1\nUSE_MSG_API=1\nUSE_SMS=1\nUSE_SSE=1\nUSE_UPLOAD=1\nUSE_PUSH=1\nUSE_CONFCALL=1\nUSE_MESSAGE_RECORDS_SSE=1\nUSE_WEBHOOK=1\nUSE_MESSAGING=1\n\nTEAM_MODE=1\n\nTWILIO_SID=AC22ef9d07bc79c3af873552bd7400623f\nTWILIO_TOKEN=00c763a417eb35b39fc4b5e3770fd3bb\nTWILIO_FROM_NUMBER=+16069560377\n\nLOG_INFO=1\nLOG_WARN=1\nLOG_ERROR=1\n\nFCM_PROJECT_ID=spika-ultimate\nFCM_API_KEY=AIzaSyD1EJGP17dwcRe4fKC0QaSbfxNglDelLNc\nFCM_AUTH_DOMAIN=spika-ultimate.firebaseapp.com\nFCM_STORAGE_BUCKET=spika-ultimate.appspot.com\nFCM_SENDER_ID=545730644006\nFCM_APP_ID=1:545730644006:web:385d470311a4d7fb0d3ee7\nFCM_MEASUREMENT_ID=G-TFYE1S6ZGT\nFCM_VAPID_KEY=\"BOBmllC0M3B9dJQcXkzv1PCroKRpRmp1laF9wDy23-ZH2j0Zb2KIStUouJdnfN5gysWUEAIEFSBAgoE3q2k-9U8\"\nFCM_HOST=fcm.googleapis.com\nFCM_PRIVATE_KEY=\"-----BEGIN PRIVATE KEY-----\\nMIIEvQIBADANBgkqhkiG9w0BAQEFAASCBKcwggSjAgEAAoIBAQCLz9snaeGuA/xz\\nOEsjGqZSGMNcJAFKQScV2uW+76o7Be0kEA0WDyzElXdSOeMy2kmbWkjfjm24BhmE\\neQlnUbu3F/ny4+wrL7GhfUx+s8r7OgnRcV6QzYy3/A+tXYr+HWh/rigtylyahoDW\\nc/7G716egDcg/YVoizfjy+x8PF5EcZfnOeGqvixNavU48QUbOaEWiaMtkDOa5E/5\\ni52hBBWqwblBBDnGHb+aPx0LkYVm8+etDneZPhdj3AZ7AYleHvJgv2rJmUhVi7Ye\\n4MpaNOaD2R6ENeyM8u8sQE8HlUMZBcatY+m+Hf1o7EgHpTIvD46iKonffX4gANiM\\n0N24ieM9AgMBAAECggEAAkch6y+4r1Ddz1PCt6DyxkIkhq8IfVj35c2B8j0t4RXM\\n4gpH6EzZfh9wSPzr9HNlgRw0tT25EGc7CbM+IbqNbCN+HUS035RAmOC1exf7TeIJ\\ncGngMExFB2daKwkr302D2xavjWVvYk4gMb5Ej6GtQThWDZnLz2L7R2EWaoTCRWut\\nMwBhZny5YUNnzgCfgMgul/UCEGjo5zBneiau5lj76ZJD3AgsB68cnaN3z+QtuqLb\\npCWLYGVUd2qZH7QYu2gGQoT2/fnA1VBI3ycwZvF7JrIdIW3phVqId3xz7WXWns2k\\nlCem44HuYL/KqLkGEm03M+JhK+vJFagkCzTCoPzq8QKBgQDB7FXAXCajEA7QcbUF\\n15/p0yYd0/gJNKiVdp0EZGhrlDRG8Xdj9dfZXs6ONggK43DNvu/l9assfy46pdJ/\\n4lm4eg5CofuK9dvayQowsOKYQjCvQ+h7bOZ6PskB9IlmMYH+AHU6JqYm763TCGEu\\nWcNV1o2W8ouwNuubGvYuoDCVTQKBgQC4kTMIlXhW9CpwFXjk2orw1NYt6yICsimW\\nS4KEIXvGPwdhGNFzXjweCRIbEMJU+e5TaSFCtqUctBzakL2HHXwPg3+0ToSNG1P8\\nURapdB+ibbWprnXaUIbGj2GBBHo03GxBj6/Mn7kUOkRpuaHtyZnAiJTYADH/bxzd\\nOB6xyvTNsQKBgQCjLGLHVoLoSHW+rT796H7VeGclSBv4WwfTpBfg/z/h7bXDUCD+\\nynlSnXS+svY3e0OKzDP+UqYy7d0PWkJyexq1oHZpWPVY6yGQygM6D0zLgz6F62Uu\\nneadTEFE1OfcRqI0AVyijqzWLG0eGnnzT3KOwtcnAXXK05uSSrCFcSMQLQKBgHRx\\nTvQ0cPbTFs8eDOa9pnjonrPbq9ptkuU6gH5iLZfWfg5ZPRN/OYhtipm+ygwYnq7L\\nHevcFXF1hNq0BI7xICsdeH1GKERqIGOIuTZxh9/PPZRu9/WjZlRxcz+VlpAxHK+E\\nOpJrlrXXSQA22J2P2kvpH5bjEKgp7tj2pg7fj/ERAoGALF3WMcu9idxyG2Ymh4Nt\\nz4T7fgG+GmQyIBmoEFp7/daFViB9yLoeh1mPiwLmHNoVg/7QAe/T7tWxd65yQN3n\\nHExX0rbv4wYbldzH4AzJWSHbRThYwuGhtQeQyG9nPKgpu9ZJ1h9lrgsD0cnLyF2O\\nm5Z4MZHgFUILe8vo18jxkkU=\\n-----END PRIVATE KEY-----\\n\"\nFCM_EMAIL=firebase-adminsdk-let7g@spika-ultimate.iam.gserviceaccount.com\n\nMEDIASOUP_ANNOUNCED_IP='54.215.115.153'\nMEDIASOUP_LISTEN_IP='0.0.0.0'\nMEDIASOUP_MIN_PORT=40000\nMEDIASOUP_MAX_PORT=49999\n\nUPLOAD_FOLDER=\"/var/spika\"",
            "vars": null
          },
          "sensitive_attributes": []
        }
      ]
    },
    {
      "module": "module.ec2",
      "mode": "data",
      "type": "template_file",
      "name": "init_app",
      "provider": "provider[\"registry.terraform.io/hashicorp/template\"]",
      "instances": [
        {
          "schema_version": 0,
          "attributes": {
            "filename": null,
            "id": "22f1dfef79317edd7360c7ba0d85c92edd15f8b08eeb6e6b14578eef9e10f634",
            "rendered": "#!/bin/bash -v\napt-get update -y\napt-get install -y nfs-common curl python3 build-essential pip\n\n#!/bin/bash -v\napt-get update -y\napt-get install -y nfs-common curl python3 build-essential pip\necho fs-029f82bd6e7231a37.efs.us-west-2.amazonaws.com \u003e\u003e /home/ubuntu/installlog\nmkdir /var/spika\nmount -t nfs -o nfsvers=4.1,rsize=1048576,wsize=1048576,hard,timeo=600,retrans=2,noresvport fs-029f82bd6e7231a37.efs.us-west-2.amazonaws.com:/  /var/spika\necho fs-029f82bd6e7231a37.efs.us-west-2.amazonaws.com:/ /var/spika nfs4 defaults,_netdev 0 0  | sudo cat \u003e\u003e /etc/fstab\nchown ubuntu:ubuntu /var/spika\nchown -R ubuntu:ubuntu /home/ubuntu \u0026\u003e\u003e /home/ubuntu/installlog\n\n# Install nodejs and others\ncat \u003e /tmp/subscript.sh \u003c\u003c EOF\n# START UBUNTU USERSPACE\necho \"Setting up NodeJS Environment\"\ncurl -o- https://raw.githubusercontent.com/creationix/nvm/v0.33.9/install.sh | bash\necho 'export NVM_DIR=\"/home/ubuntu/.nvm\"' \u003e\u003e /home/ubuntu/.bashrc\necho '[ -s \"$NVM_DIR/nvm.sh\" ] \u0026\u0026 . \"$NVM_DIR/nvm.sh\"  # This loads nvm' \u003e\u003e /home/ubuntu/.bashrc\n# Dot source the files to ensure that variables are available within the current shell\n. /home/ubuntu/.nvm/nvm.sh\n. /home/ubuntu/.profile\n. /home/ubuntu/.bashrc\n# Install NVM, NPM, Node.JS \u0026 Grunt\nnvm install --lts\nnvm ls\nnvm install 18\nnvm use 18\nnvm alias defautl 18\n\ncd /home/ubuntu\ngit clone https://github.com/cloverstudio/Spika3.git\n\ncd /home/ubuntu/Spika3; \ngit checkout work/main \n\n\necho \"COMPOSE_PROJECT_NAME=spika3\nENV=production\nADMIN_USERNAME='admin'\nADMIN_PASSWORD='password'\nSERVER_PORT=8080\nCONFCALL_HOST_URL=wss://spika3mediasoup.spika.chat\n\nIS_TEST=0\nANDROID_SMS_VERIFICATION_HASH='K9rS/tfb305'\nIOS_SMS_VERIFICATION_URL='clover.st'\n\nUSE_MNG_API=1\nUSE_MSG_API=1\nUSE_SMS=1\nUSE_SSE=1\nUSE_UPLOAD=1\nUSE_PUSH=1\nUSE_CONFCALL=1\nUSE_MESSAGE_RECORDS_SSE=1\nUSE_WEBHOOK=1\nUSE_MESSAGING=1\n\nTEAM_MODE=1\n\nTWILIO_SID=AC22ef9d07bc79c3af873552bd7400623f\nTWILIO_TOKEN=00c763a417eb35b39fc4b5e3770fd3bb\nTWILIO_FROM_NUMBER=+16069560377\n\nLOG_INFO=1\nLOG_WARN=1\nLOG_ERROR=1\n\nFCM_PROJECT_ID=spika-ultimate\nFCM_API_KEY=AIzaSyD1EJGP17dwcRe4fKC0QaSbfxNglDelLNc\nFCM_AUTH_DOMAIN=spika-ultimate.firebaseapp.com\nFCM_STORAGE_BUCKET=spika-ultimate.appspot.com\nFCM_SENDER_ID=545730644006\nFCM_APP_ID=1:545730644006:web:385d470311a4d7fb0d3ee7\nFCM_MEASUREMENT_ID=G-TFYE1S6ZGT\nFCM_VAPID_KEY=\"BOBmllC0M3B9dJQcXkzv1PCroKRpRmp1laF9wDy23-ZH2j0Zb2KIStUouJdnfN5gysWUEAIEFSBAgoE3q2k-9U8\"\nFCM_HOST=fcm.googleapis.com\nFCM_PRIVATE_KEY=\"-----BEGIN PRIVATE KEY-----\\nMIIEvQIBADANBgkqhkiG9w0BAQEFAASCBKcwggSjAgEAAoIBAQCLz9snaeGuA/xz\\nOEsjGqZSGMNcJAFKQScV2uW+76o7Be0kEA0WDyzElXdSOeMy2kmbWkjfjm24BhmE\\neQlnUbu3F/ny4+wrL7GhfUx+s8r7OgnRcV6QzYy3/A+tXYr+HWh/rigtylyahoDW\\nc/7G716egDcg/YVoizfjy+x8PF5EcZfnOeGqvixNavU48QUbOaEWiaMtkDOa5E/5\\ni52hBBWqwblBBDnGHb+aPx0LkYVm8+etDneZPhdj3AZ7AYleHvJgv2rJmUhVi7Ye\\n4MpaNOaD2R6ENeyM8u8sQE8HlUMZBcatY+m+Hf1o7EgHpTIvD46iKonffX4gANiM\\n0N24ieM9AgMBAAECggEAAkch6y+4r1Ddz1PCt6DyxkIkhq8IfVj35c2B8j0t4RXM\\n4gpH6EzZfh9wSPzr9HNlgRw0tT25EGc7CbM+IbqNbCN+HUS035RAmOC1exf7TeIJ\\ncGngMExFB2daKwkr302D2xavjWVvYk4gMb5Ej6GtQThWDZnLz2L7R2EWaoTCRWut\\nMwBhZny5YUNnzgCfgMgul/UCEGjo5zBneiau5lj76ZJD3AgsB68cnaN3z+QtuqLb\\npCWLYGVUd2qZH7QYu2gGQoT2/fnA1VBI3ycwZvF7JrIdIW3phVqId3xz7WXWns2k\\nlCem44HuYL/KqLkGEm03M+JhK+vJFagkCzTCoPzq8QKBgQDB7FXAXCajEA7QcbUF\\n15/p0yYd0/gJNKiVdp0EZGhrlDRG8Xdj9dfZXs6ONggK43DNvu/l9assfy46pdJ/\\n4lm4eg5CofuK9dvayQowsOKYQjCvQ+h7bOZ6PskB9IlmMYH+AHU6JqYm763TCGEu\\nWcNV1o2W8ouwNuubGvYuoDCVTQKBgQC4kTMIlXhW9CpwFXjk2orw1NYt6yICsimW\\nS4KEIXvGPwdhGNFzXjweCRIbEMJU+e5TaSFCtqUctBzakL2HHXwPg3+0ToSNG1P8\\nURapdB+ibbWprnXaUIbGj2GBBHo03GxBj6/Mn7kUOkRpuaHtyZnAiJTYADH/bxzd\\nOB6xyvTNsQKBgQCjLGLHVoLoSHW+rT796H7VeGclSBv4WwfTpBfg/z/h7bXDUCD+\\nynlSnXS+svY3e0OKzDP+UqYy7d0PWkJyexq1oHZpWPVY6yGQygM6D0zLgz6F62Uu\\nneadTEFE1OfcRqI0AVyijqzWLG0eGnnzT3KOwtcnAXXK05uSSrCFcSMQLQKBgHRx\\nTvQ0cPbTFs8eDOa9pnjonrPbq9ptkuU6gH5iLZfWfg5ZPRN/OYhtipm+ygwYnq7L\\nHevcFXF1hNq0BI7xICsdeH1GKERqIGOIuTZxh9/PPZRu9/WjZlRxcz+VlpAxHK+E\\nOpJrlrXXSQA22J2P2kvpH5bjEKgp7tj2pg7fj/ERAoGALF3WMcu9idxyG2Ymh4Nt\\nz4T7fgG+GmQyIBmoEFp7/daFViB9yLoeh1mPiwLmHNoVg/7QAe/T7tWxd65yQN3n\\nHExX0rbv4wYbldzH4AzJWSHbRThYwuGhtQeQyG9nPKgpu9ZJ1h9lrgsD0cnLyF2O\\nm5Z4MZHgFUILe8vo18jxkkU=\\n-----END PRIVATE KEY-----\\n\"\nFCM_EMAIL=firebase-adminsdk-let7g@spika-ultimate.iam.gserviceaccount.com\n\nMEDIASOUP_ANNOUNCED_IP='54.215.115.153'\nMEDIASOUP_LISTEN_IP='0.0.0.0'\nMEDIASOUP_MIN_PORT=40000\nMEDIASOUP_MAX_PORT=49999\n\nUPLOAD_FOLDER=\"/var/spika\"\" \u003e\u003e /home/ubuntu/Spika3/.env\necho \"DATABASE_URL=\\\"mysql://spikadb_user:gDsXly2c0qM5dIWc@34.210.210.196/spikadb\\\"\" \u003e\u003e /home/ubuntu/Spika3/.env\necho \"RABBITMQ_URL=\\\"amqp://spikaqueue:MJoJkQr1LRDqwP3R@34.210.210.196\\\"\" \u003e\u003e /home/ubuntu/Spika3/.env\necho \"REDIS_URL=\\\"redis://34.210.210.196:6379\\\"\" \u003e\u003e /home/ubuntu/Spika3/.env\necho \"API_BASE_URL=\\\"http://spikademo-alb-1874026795.us-west-2.elb.amazonaws.com/api\\\"\" \u003e\u003e /home/ubuntu/Spika3/.env\necho \"UPLOADS_BASE_URL=\\\"http://spikademo-alb-1874026795.us-west-2.elb.amazonaws.com\\\"\" \u003e\u003e /home/ubuntu/Spika3/.env\n\nnpm install --prefix /home/ubuntu/Spika3\n\nnpx prisma migrate deploy\nnpx prisma generate\nnpm run build:messenger\nnpm run build:management\nnpm run build:server\n\nnpm install -g pm2 \n#pm2 start npm -i max --name \"Spika\" --log-date-format 'DD-MM HH:mm:ss' -- run start:server\npm2 start npm --name \"Spika\" --log-date-format 'DD-MM HH:mm:ss' -- run start:server\npm2 install pm2-logrotate\npm2 set pm2-logrotate:rotateInterval '0 0 0 * * *'\nEOF\n\nchown ubuntu:ubuntu /tmp/subscript.sh \u0026\u0026 chmod a+x /tmp/subscript.sh \u003e\u003e /home/ubuntu/installlog\nsleep 1; su - ubuntu -c \"/tmp/subscript.sh\" \u003e\u003e /home/ubuntu/installlog\n\necho \"all done\" \u003e\u003e /home/ubuntu/installlog\n",
            "template": "#!/bin/bash -v\napt-get update -y\napt-get install -y nfs-common curl python3 build-essential pip\n\n#!/bin/bash -v\napt-get update -y\napt-get install -y nfs-common curl python3 build-essential pip\necho ${efs_dns_name} \u003e\u003e /home/ubuntu/installlog\nmkdir /var/spika\nmount -t nfs -o nfsvers=4.1,rsize=1048576,wsize=1048576,hard,timeo=600,retrans=2,noresvport ${efs_dns_name}:/  /var/spika\necho ${efs_dns_name}:/ /var/spika nfs4 defaults,_netdev 0 0  | sudo cat \u003e\u003e /etc/fstab\nchown ubuntu:ubuntu /var/spika\nchown -R ubuntu:ubuntu /home/ubuntu \u0026\u003e\u003e /home/ubuntu/installlog\n\n# Install nodejs and others\ncat \u003e /tmp/subscript.sh \u003c\u003c EOF\n# START UBUNTU USERSPACE\necho \"Setting up NodeJS Environment\"\ncurl -o- https://raw.githubusercontent.com/creationix/nvm/v0.33.9/install.sh | bash\necho 'export NVM_DIR=\"/home/ubuntu/.nvm\"' \u003e\u003e /home/ubuntu/.bashrc\necho '[ -s \"$NVM_DIR/nvm.sh\" ] \u0026\u0026 . \"$NVM_DIR/nvm.sh\"  # This loads nvm' \u003e\u003e /home/ubuntu/.bashrc\n# Dot source the files to ensure that variables are available within the current shell\n. /home/ubuntu/.nvm/nvm.sh\n. /home/ubuntu/.profile\n. /home/ubuntu/.bashrc\n# Install NVM, NPM, Node.JS \u0026 Grunt\nnvm install --lts\nnvm ls\nnvm install 18\nnvm use 18\nnvm alias defautl 18\n\ncd /home/ubuntu\ngit clone https://github.com/cloverstudio/Spika3.git\n\ncd /home/ubuntu/Spika3; \ngit checkout work/main \n\n\necho \"${prefix}\" \u003e\u003e /home/ubuntu/Spika3/.env\necho \"DATABASE_URL=\\\"${db_connection_string}\\\"\" \u003e\u003e /home/ubuntu/Spika3/.env\necho \"RABBITMQ_URL=\\\"${rabbit_mq_connection_string}\\\"\" \u003e\u003e /home/ubuntu/Spika3/.env\necho \"REDIS_URL=\\\"${redis_connection_string}\\\"\" \u003e\u003e /home/ubuntu/Spika3/.env\necho \"API_BASE_URL=\\\"http://${lb_dns_name}/api\\\"\" \u003e\u003e /home/ubuntu/Spika3/.env\necho \"UPLOADS_BASE_URL=\\\"http://${lb_dns_name}\\\"\" \u003e\u003e /home/ubuntu/Spika3/.env\n\nnpm install --prefix /home/ubuntu/Spika3\n\nnpx prisma migrate deploy\nnpx prisma generate\nnpm run build:messenger\nnpm run build:management\nnpm run build:server\n\nnpm install -g pm2 \n#pm2 start npm -i max --name \"Spika\" --log-date-format 'DD-MM HH:mm:ss' -- run start:server\npm2 start npm --name \"Spika\" --log-date-format 'DD-MM HH:mm:ss' -- run start:server\npm2 install pm2-logrotate\npm2 set pm2-logrotate:rotateInterval '0 0 0 * * *'\nEOF\n\nchown ubuntu:ubuntu /tmp/subscript.sh \u0026\u0026 chmod a+x /tmp/subscript.sh \u003e\u003e /home/ubuntu/installlog\nsleep 1; su - ubuntu -c \"/tmp/subscript.sh\" \u003e\u003e /home/ubuntu/installlog\n\necho \"all done\" \u003e\u003e /home/ubuntu/installlog\n",
            "vars": {
              "db_connection_string": "mysql://spikadb_user:gDsXly2c0qM5dIWc@34.210.210.196/spikadb",
              "efs_dns_name": "fs-029f82bd6e7231a37.efs.us-west-2.amazonaws.com",
              "lb_dns_name": "spikademo-alb-1874026795.us-west-2.elb.amazonaws.com",
              "prefix": "COMPOSE_PROJECT_NAME=spika3\nENV=production\nADMIN_USERNAME='admin'\nADMIN_PASSWORD='password'\nSERVER_PORT=8080\nCONFCALL_HOST_URL=wss://spika3mediasoup.spika.chat\n\nIS_TEST=0\nANDROID_SMS_VERIFICATION_HASH='K9rS/tfb305'\nIOS_SMS_VERIFICATION_URL='clover.st'\n\nUSE_MNG_API=1\nUSE_MSG_API=1\nUSE_SMS=1\nUSE_SSE=1\nUSE_UPLOAD=1\nUSE_PUSH=1\nUSE_CONFCALL=1\nUSE_MESSAGE_RECORDS_SSE=1\nUSE_WEBHOOK=1\nUSE_MESSAGING=1\n\nTEAM_MODE=1\n\nTWILIO_SID=AC22ef9d07bc79c3af873552bd7400623f\nTWILIO_TOKEN=00c763a417eb35b39fc4b5e3770fd3bb\nTWILIO_FROM_NUMBER=+16069560377\n\nLOG_INFO=1\nLOG_WARN=1\nLOG_ERROR=1\n\nFCM_PROJECT_ID=spika-ultimate\nFCM_API_KEY=AIzaSyD1EJGP17dwcRe4fKC0QaSbfxNglDelLNc\nFCM_AUTH_DOMAIN=spika-ultimate.firebaseapp.com\nFCM_STORAGE_BUCKET=spika-ultimate.appspot.com\nFCM_SENDER_ID=545730644006\nFCM_APP_ID=1:545730644006:web:385d470311a4d7fb0d3ee7\nFCM_MEASUREMENT_ID=G-TFYE1S6ZGT\nFCM_VAPID_KEY=\"BOBmllC0M3B9dJQcXkzv1PCroKRpRmp1laF9wDy23-ZH2j0Zb2KIStUouJdnfN5gysWUEAIEFSBAgoE3q2k-9U8\"\nFCM_HOST=fcm.googleapis.com\nFCM_PRIVATE_KEY=\"-----BEGIN PRIVATE KEY-----\\nMIIEvQIBADANBgkqhkiG9w0BAQEFAASCBKcwggSjAgEAAoIBAQCLz9snaeGuA/xz\\nOEsjGqZSGMNcJAFKQScV2uW+76o7Be0kEA0WDyzElXdSOeMy2kmbWkjfjm24BhmE\\neQlnUbu3F/ny4+wrL7GhfUx+s8r7OgnRcV6QzYy3/A+tXYr+HWh/rigtylyahoDW\\nc/7G716egDcg/YVoizfjy+x8PF5EcZfnOeGqvixNavU48QUbOaEWiaMtkDOa5E/5\\ni52hBBWqwblBBDnGHb+aPx0LkYVm8+etDneZPhdj3AZ7AYleHvJgv2rJmUhVi7Ye\\n4MpaNOaD2R6ENeyM8u8sQE8HlUMZBcatY+m+Hf1o7EgHpTIvD46iKonffX4gANiM\\n0N24ieM9AgMBAAECggEAAkch6y+4r1Ddz1PCt6DyxkIkhq8IfVj35c2B8j0t4RXM\\n4gpH6EzZfh9wSPzr9HNlgRw0tT25EGc7CbM+IbqNbCN+HUS035RAmOC1exf7TeIJ\\ncGngMExFB2daKwkr302D2xavjWVvYk4gMb5Ej6GtQThWDZnLz2L7R2EWaoTCRWut\\nMwBhZny5YUNnzgCfgMgul/UCEGjo5zBneiau5lj76ZJD3AgsB68cnaN3z+QtuqLb\\npCWLYGVUd2qZH7QYu2gGQoT2/fnA1VBI3ycwZvF7JrIdIW3phVqId3xz7WXWns2k\\nlCem44HuYL/KqLkGEm03M+JhK+vJFagkCzTCoPzq8QKBgQDB7FXAXCajEA7QcbUF\\n15/p0yYd0/gJNKiVdp0EZGhrlDRG8Xdj9dfZXs6ONggK43DNvu/l9assfy46pdJ/\\n4lm4eg5CofuK9dvayQowsOKYQjCvQ+h7bOZ6PskB9IlmMYH+AHU6JqYm763TCGEu\\nWcNV1o2W8ouwNuubGvYuoDCVTQKBgQC4kTMIlXhW9CpwFXjk2orw1NYt6yICsimW\\nS4KEIXvGPwdhGNFzXjweCRIbEMJU+e5TaSFCtqUctBzakL2HHXwPg3+0ToSNG1P8\\nURapdB+ibbWprnXaUIbGj2GBBHo03GxBj6/Mn7kUOkRpuaHtyZnAiJTYADH/bxzd\\nOB6xyvTNsQKBgQCjLGLHVoLoSHW+rT796H7VeGclSBv4WwfTpBfg/z/h7bXDUCD+\\nynlSnXS+svY3e0OKzDP+UqYy7d0PWkJyexq1oHZpWPVY6yGQygM6D0zLgz6F62Uu\\nneadTEFE1OfcRqI0AVyijqzWLG0eGnnzT3KOwtcnAXXK05uSSrCFcSMQLQKBgHRx\\nTvQ0cPbTFs8eDOa9pnjonrPbq9ptkuU6gH5iLZfWfg5ZPRN/OYhtipm+ygwYnq7L\\nHevcFXF1hNq0BI7xICsdeH1GKERqIGOIuTZxh9/PPZRu9/WjZlRxcz+VlpAxHK+E\\nOpJrlrXXSQA22J2P2kvpH5bjEKgp7tj2pg7fj/ERAoGALF3WMcu9idxyG2Ymh4Nt\\nz4T7fgG+GmQyIBmoEFp7/daFViB9yLoeh1mPiwLmHNoVg/7QAe/T7tWxd65yQN3n\\nHExX0rbv4wYbldzH4AzJWSHbRThYwuGhtQeQyG9nPKgpu9ZJ1h9lrgsD0cnLyF2O\\nm5Z4MZHgFUILe8vo18jxkkU=\\n-----END PRIVATE KEY-----\\n\"\nFCM_EMAIL=firebase-adminsdk-let7g@spika-ultimate.iam.gserviceaccount.com\n\nMEDIASOUP_ANNOUNCED_IP='54.215.115.153'\nMEDIASOUP_LISTEN_IP='0.0.0.0'\nMEDIASOUP_MIN_PORT=40000\nMEDIASOUP_MAX_PORT=49999\n\nUPLOAD_FOLDER=\"/var/spika\"",
              "rabbit_mq_connection_string": "amqp://spikaqueue:MJoJkQr1LRDqwP3R@34.210.210.196",
              "redis_connection_string": "redis://34.210.210.196:6379"
            }
          },
          "sensitive_attributes": [
            [
              {
                "type": "get_attr",
                "value": "vars"
              },
              {
                "type": "index",
                "value": {
                  "value": "db_connection_string",
                  "type": "string"
                }
              }
            ],
            [
              {
                "type": "get_attr",
                "value": "vars"
              },
              {
                "type": "index",
                "value": {
                  "value": "rabbit_mq_connection_string",
                  "type": "string"
                }
              }
            ]
          ]
        }
      ]
    },
    {
      "module": "module.ec2",
      "mode": "data",
      "type": "template_file",
      "name": "init_db",
      "provider": "provider[\"registry.terraform.io/hashicorp/template\"]",
      "instances": [
        {
          "schema_version": 0,
          "attributes": {
            "filename": null,
            "id": "2c3bc0e21f2ef3dd1bf86406e14d8263cbbd1d7d37fc13295a91de6b9529c2d7",
            "rendered": "#!/bin/bash -v\n\necho \"Install database started\" \u003e\u003e /home/ubuntu/installlog\n\n# Disable intaractive mode in apt\necho \"\\$nrconf{restart} = 'a';\" \u0026\u003e\u003e /etc/needrestart/needrestart.conf\n\napt update\napt install -y mysql-server nfs-common curl python3 build-essential pip redis-server\nsystemctl start mysql.service\n\nmysql -e \"CREATE DATABASE spikadb;\\\nCREATE USER 'spikadb_user'@'%' IDENTIFIED BY 'gDsXly2c0qM5dIWc';\\\nGRANT ALL PRIVILEGES ON *.* TO 'spikadb_user'@'%';\\\nFLUSH PRIVILEGES;\" \u0026\u003e\u003e /home/ubuntu/installlog\n\n# Install rabbit mq\napt-get install gnupg apt-transport-https -y\n\ncurl -1sLf \"https://keys.openpgp.org/vks/v1/by-fingerprint/0A9AF2115F4687BD29803A206B73A36E6026DFCA\" | gpg --dearmor | tee /usr/share/keyrings/com.rabbitmq.team.gpg \u003e /dev/null\ncurl -1sLf \"https://keyserver.ubuntu.com/pks/lookup?op=get\u0026search=0xf77f1eda57ebb1cc\" | gpg --dearmor | tee /usr/share/keyrings/net.launchpad.ppa.rabbitmq.erlang.gpg \u003e /dev/null\ncurl -1sLf \"https://packagecloud.io/rabbitmq/rabbitmq-server/gpgkey\" | gpg --dearmor | tee /usr/share/keyrings/io.packagecloud.rabbitmq.gpg \u003e /dev/null\n\n## Add apt repositories maintained by Team RabbitMQ\ntee /etc/apt/sources.list.d/rabbitmq.list \u003c\u003cEOF\n\ndeb [signed-by=/usr/share/keyrings/net.launchpad.ppa.rabbitmq.erlang.gpg] http://ppa.launchpad.net/rabbitmq/rabbitmq-erlang/ubuntu jammy main\ndeb-src [signed-by=/usr/share/keyrings/net.launchpad.ppa.rabbitmq.erlang.gpg] http://ppa.launchpad.net/rabbitmq/rabbitmq-erlang/ubuntu jammy main\n\ndeb [signed-by=/usr/share/keyrings/io.packagecloud.rabbitmq.gpg] https://packagecloud.io/rabbitmq/rabbitmq-server/ubuntu/ jammy main\ndeb-src [signed-by=/usr/share/keyrings/io.packagecloud.rabbitmq.gpg] https://packagecloud.io/rabbitmq/rabbitmq-server/ubuntu/ jammy main\nEOF\n\napt-get update -y\n\n## Install Erlang packages\napt-get install -y erlang-base \\\n                        erlang-asn1 erlang-crypto erlang-eldap erlang-ftp erlang-inets \\\n                        erlang-mnesia erlang-os-mon erlang-parsetools erlang-public-key \\\n                        erlang-runtime-tools erlang-snmp erlang-ssl \\\n                        erlang-syntax-tools erlang-tftp erlang-tools erlang-xmerl\n\n## Install rabbitmq-server and its dependencies\napt-get install rabbitmq-server -y --fix-missing\nrabbitmqctl add_user \"spikaqueue\" \"MJoJkQr1LRDqwP3R\" \u0026\u003e\u003e /home/ubuntu/installlog\nrabbitmqctl set_permissions -p \"/\" \"spikaqueue\" \".*\" \".*\" \".*\" \u0026\u003e\u003e /home/ubuntu/installlog\nrabbitmq-plugins enable rabbitmq_management\n\nsed -i 's/127.0.0.1/0.0.0.0/g' /etc/mysql/mysql.conf.d/mysqld.cnf\nsed -i 's/127.0.0.1/0.0.0.0/g' /etc/redis/redis.conf\n\nsystemctl restart mysql\nsystemctl restart redis-server\n\necho \"all done\" \u003e\u003e /home/ubuntu/installlog\n",
            "template": "#!/bin/bash -v\n\necho \"Install database started\" \u003e\u003e /home/ubuntu/installlog\n\n# Disable intaractive mode in apt\necho \"\\$nrconf{restart} = 'a';\" \u0026\u003e\u003e /etc/needrestart/needrestart.conf\n\napt update\napt install -y mysql-server nfs-common curl python3 build-essential pip redis-server\nsystemctl start mysql.service\n\nmysql -e \"CREATE DATABASE ${db_name};\\\nCREATE USER '${db_username}'@'%' IDENTIFIED BY '${db_password}';\\\nGRANT ALL PRIVILEGES ON *.* TO '${db_username}'@'%';\\\nFLUSH PRIVILEGES;\" \u0026\u003e\u003e /home/ubuntu/installlog\n\n# Install rabbit mq\napt-get install gnupg apt-transport-https -y\n\ncurl -1sLf \"https://keys.openpgp.org/vks/v1/by-fingerprint/0A9AF2115F4687BD29803A206B73A36E6026DFCA\" | gpg --dearmor | tee /usr/share/keyrings/com.rabbitmq.team.gpg \u003e /dev/null\ncurl -1sLf \"https://keyserver.ubuntu.com/pks/lookup?op=get\u0026search=0xf77f1eda57ebb1cc\" | gpg --dearmor | tee /usr/share/keyrings/net.launchpad.ppa.rabbitmq.erlang.gpg \u003e /dev/null\ncurl -1sLf \"https://packagecloud.io/rabbitmq/rabbitmq-server/gpgkey\" | gpg --dearmor | tee /usr/share/keyrings/io.packagecloud.rabbitmq.gpg \u003e /dev/null\n\n## Add apt repositories maintained by Team RabbitMQ\ntee /etc/apt/sources.list.d/rabbitmq.list \u003c\u003cEOF\n\ndeb [signed-by=/usr/share/keyrings/net.launchpad.ppa.rabbitmq.erlang.gpg] http://ppa.launchpad.net/rabbitmq/rabbitmq-erlang/ubuntu jammy main\ndeb-src [signed-by=/usr/share/keyrings/net.launchpad.ppa.rabbitmq.erlang.gpg] http://ppa.launchpad.net/rabbitmq/rabbitmq-erlang/ubuntu jammy main\n\ndeb [signed-by=/usr/share/keyrings/io.packagecloud.rabbitmq.gpg] https://packagecloud.io/rabbitmq/rabbitmq-server/ubuntu/ jammy main\ndeb-src [signed-by=/usr/share/keyrings/io.packagecloud.rabbitmq.gpg] https://packagecloud.io/rabbitmq/rabbitmq-server/ubuntu/ jammy main\nEOF\n\napt-get update -y\n\n## Install Erlang packages\napt-get install -y erlang-base \\\n                        erlang-asn1 erlang-crypto erlang-eldap erlang-ftp erlang-inets \\\n                        erlang-mnesia erlang-os-mon erlang-parsetools erlang-public-key \\\n                        erlang-runtime-tools erlang-snmp erlang-ssl \\\n                        erlang-syntax-tools erlang-tftp erlang-tools erlang-xmerl\n\n## Install rabbitmq-server and its dependencies\napt-get install rabbitmq-server -y --fix-missing\nrabbitmqctl add_user \"${queue_username}\" \"${queue_password}\" \u0026\u003e\u003e /home/ubuntu/installlog\nrabbitmqctl set_permissions -p \"/\" \"${queue_username}\" \".*\" \".*\" \".*\" \u0026\u003e\u003e /home/ubuntu/installlog\nrabbitmq-plugins enable rabbitmq_management\n\nsed -i 's/127.0.0.1/0.0.0.0/g' /etc/mysql/mysql.conf.d/mysqld.cnf\nsed -i 's/127.0.0.1/0.0.0.0/g' /etc/redis/redis.conf\n\nsystemctl restart mysql\nsystemctl restart redis-server\n\necho \"all done\" \u003e\u003e /home/ubuntu/installlog\n",
            "vars": {
              "db_name": "spikadb",
              "db_password": "gDsXly2c0qM5dIWc",
              "db_username": "spikadb_user",
              "queue_password": "MJoJkQr1LRDqwP3R",
              "queue_username": "spikaqueue"
            }
          },
          "sensitive_attributes": [
            [
              {
                "type": "get_attr",
                "value": "vars"
              },
              {
                "type": "index",
                "value": {
                  "value": "db_password",
                  "type": "string"
                }
              }
            ],
            [
              {
                "type": "get_attr",
                "value": "vars"
              },
              {
                "type": "index",
                "value": {
                  "value": "queue_password",
                  "type": "string"
                }
              }
            ]
          ]
        }
      ]
    },
    {
      "module": "module.ec2",
      "mode": "managed",
      "type": "aws_instance",
      "name": "ec2_app",
      "provider": "provider[\"registry.terraform.io/hashicorp/aws\"]",
      "instances": [
        {
          "schema_version": 1,
          "attributes": {
            "ami": "ami-038241ba95c675888",
            "arn": "arn:aws:ec2:us-west-2:872224457307:instance/i-0f7f228528978b9f3",
            "associate_public_ip_address": true,
            "availability_zone": "us-west-2a",
            "capacity_reservation_specification": [
              {
                "capacity_reservation_preference": "open",
                "capacity_reservation_target": []
              }
            ],
            "cpu_core_count": 2,
            "cpu_threads_per_core": 1,
            "credit_specification": [
              {
                "cpu_credits": "standard"
              }
            ],
            "disable_api_stop": false,
            "disable_api_termination": false,
            "ebs_block_device": [],
            "ebs_optimized": false,
            "enclave_options": [
              {
                "enabled": false
              }
            ],
            "ephemeral_block_device": [],
            "get_password_data": false,
            "hibernation": false,
            "host_id": null,
            "host_resource_group_arn": null,
            "iam_instance_profile": "",
            "id": "i-0f7f228528978b9f3",
            "instance_initiated_shutdown_behavior": "stop",
            "instance_state": "running",
            "instance_type": "t2.medium",
            "ipv6_address_count": 0,
            "ipv6_addresses": [],
            "key_name": "spikademo-key",
            "launch_template": [],
            "maintenance_options": [
              {
                "auto_recovery": "default"
              }
            ],
            "metadata_options": [
              {
                "http_endpoint": "enabled",
                "http_put_response_hop_limit": 1,
                "http_tokens": "optional",
                "instance_metadata_tags": "disabled"
              }
            ],
            "monitoring": false,
            "network_interface": [],
            "outpost_arn": "",
            "password_data": "",
            "placement_group": "",
            "placement_partition_number": null,
            "primary_network_interface_id": "eni-051e68516ee60d4f2",
            "private_dns": "ip-10-0-101-121.us-west-2.compute.internal",
            "private_dns_name_options": [
              {
                "enable_resource_name_dns_a_record": false,
                "enable_resource_name_dns_aaaa_record": false,
                "hostname_type": "ip-name"
              }
            ],
            "private_ip": "10.0.101.121",
            "public_dns": "ec2-34-218-41-76.us-west-2.compute.amazonaws.com",
            "public_ip": "34.218.41.76",
            "root_block_device": [
              {
                "delete_on_termination": true,
                "device_name": "/dev/sda1",
                "encrypted": true,
                "iops": 100,
                "kms_key_id": "arn:aws:kms:us-west-2:872224457307:key/4ba760b6-0284-40ea-87af-3d8eee9bf783",
                "tags": null,
                "throughput": 0,
                "volume_id": "vol-05c6897724bcfb901",
                "volume_size": 20,
                "volume_type": "gp2"
              }
            ],
            "secondary_private_ips": [],
            "security_groups": [],
            "source_dest_check": true,
            "subnet_id": "subnet-04c4266f7ad4ad2f1",
            "tags": {
              "Name": "spikademo-EC2-PUBLIC1"
            },
            "tags_all": {
              "Name": "spikademo-EC2-PUBLIC1"
            },
            "tenancy": "default",
            "timeouts": null,
            "user_data": "2c3aa629394241b897bc5e0fc369877e58a61f52",
            "user_data_base64": null,
            "user_data_replace_on_change": false,
            "volume_tags": null,
            "vpc_security_group_ids": [
              "sg-003f373e22aacee5f"
            ]
          },
          "sensitive_attributes": [],
          "private": "eyJlMmJmYjczMC1lY2FhLTExZTYtOGY4OC0zNDM2M2JjN2M0YzAiOnsiY3JlYXRlIjo2MDAwMDAwMDAwMDAsImRlbGV0ZSI6MTIwMDAwMDAwMDAwMCwidXBkYXRlIjo2MDAwMDAwMDAwMDB9LCJzY2hlbWFfdmVyc2lvbiI6IjEifQ==",
          "dependencies": [
            "module.ec2.aws_instance.ec2_db",
            "module.ec2.data.aws_ami.ubuntu-linux-2204",
            "module.ec2.data.template_file.env",
            "module.ec2.data.template_file.init_app",
            "module.ec2.data.template_file.init_db",
            "module.elb.module.alb.aws_lb.this",
            "module.networking.aws_security_group.allow_pub",
            "module.networking.data.aws_availability_zones.available",
            "module.networking.module.vpc.aws_cloudwatch_log_group.flow_log",
            "module.networking.module.vpc.aws_customer_gateway.this",
            "module.networking.module.vpc.aws_db_subnet_group.database",
            "module.networking.module.vpc.aws_default_network_acl.this",
            "module.networking.module.vpc.aws_default_route_table.default",
            "module.networking.module.vpc.aws_default_security_group.this",
            "module.networking.module.vpc.aws_default_vpc.this",
            "module.networking.module.vpc.aws_egress_only_internet_gateway.this",
            "module.networking.module.vpc.aws_eip.nat",
            "module.networking.module.vpc.aws_elasticache_subnet_group.elasticache",
            "module.networking.module.vpc.aws_flow_log.this",
            "module.networking.module.vpc.aws_iam_policy.vpc_flow_log_cloudwatch",
            "module.networking.module.vpc.aws_iam_role.vpc_flow_log_cloudwatch",
            "module.networking.module.vpc.aws_iam_role_policy_attachment.vpc_flow_log_cloudwatch",
            "module.networking.module.vpc.aws_internet_gateway.this",
            "module.networking.module.vpc.aws_nat_gateway.this",
            "module.networking.module.vpc.aws_network_acl.database",
            "module.networking.module.vpc.aws_network_acl.elasticache",
            "module.networking.module.vpc.aws_network_acl.intra",
            "module.networking.module.vpc.aws_network_acl.outpost",
            "module.networking.module.vpc.aws_network_acl.private",
            "module.networking.module.vpc.aws_network_acl.public",
            "module.networking.module.vpc.aws_network_acl.redshift",
            "module.networking.module.vpc.aws_network_acl_rule.database_inbound",
            "module.networking.module.vpc.aws_network_acl_rule.database_outbound",
            "module.networking.module.vpc.aws_network_acl_rule.elasticache_inbound",
            "module.networking.module.vpc.aws_network_acl_rule.elasticache_outbound",
            "module.networking.module.vpc.aws_network_acl_rule.intra_inbound",
            "module.networking.module.vpc.aws_network_acl_rule.intra_outbound",
            "module.networking.module.vpc.aws_network_acl_rule.outpost_inbound",
            "module.networking.module.vpc.aws_network_acl_rule.outpost_outbound",
            "module.networking.module.vpc.aws_network_acl_rule.private_inbound",
            "module.networking.module.vpc.aws_network_acl_rule.private_outbound",
            "module.networking.module.vpc.aws_network_acl_rule.public_inbound",
            "module.networking.module.vpc.aws_network_acl_rule.public_outbound",
            "module.networking.module.vpc.aws_network_acl_rule.redshift_inbound",
            "module.networking.module.vpc.aws_network_acl_rule.redshift_outbound",
            "module.networking.module.vpc.aws_redshift_subnet_group.redshift",
            "module.networking.module.vpc.aws_route.database_internet_gateway",
            "module.networking.module.vpc.aws_route.database_ipv6_egress",
            "module.networking.module.vpc.aws_route.database_nat_gateway",
            "module.networking.module.vpc.aws_route.private_ipv6_egress",
            "module.networking.module.vpc.aws_route.private_nat_gateway",
            "module.networking.module.vpc.aws_route.public_internet_gateway",
            "module.networking.module.vpc.aws_route.public_internet_gateway_ipv6",
            "module.networking.module.vpc.aws_route_table.database",
            "module.networking.module.vpc.aws_route_table.elasticache",
            "module.networking.module.vpc.aws_route_table.intra",
            "module.networking.module.vpc.aws_route_table.private",
            "module.networking.module.vpc.aws_route_table.public",
            "module.networking.module.vpc.aws_route_table.redshift",
            "module.networking.module.vpc.aws_route_table_association.database",
            "module.networking.module.vpc.aws_route_table_association.elasticache",
            "module.networking.module.vpc.aws_route_table_association.intra",
            "module.networking.module.vpc.aws_route_table_association.outpost",
            "module.networking.module.vpc.aws_route_table_association.private",
            "module.networking.module.vpc.aws_route_table_association.public",
            "module.networking.module.vpc.aws_route_table_association.redshift",
            "module.networking.module.vpc.aws_route_table_association.redshift_public",
            "module.networking.module.vpc.aws_subnet.database",
            "module.networking.module.vpc.aws_subnet.elasticache",
            "module.networking.module.vpc.aws_subnet.intra",
            "module.networking.module.vpc.aws_subnet.outpost",
            "module.networking.module.vpc.aws_subnet.private",
            "module.networking.module.vpc.aws_subnet.public",
            "module.networking.module.vpc.aws_subnet.redshift",
            "module.networking.module.vpc.aws_vpc.this",
            "module.networking.module.vpc.aws_vpc_dhcp_options.this",
            "module.networking.module.vpc.aws_vpc_dhcp_options_association.this",
            "module.networking.module.vpc.aws_vpc_ipv4_cidr_block_association.this",
            "module.networking.module.vpc.aws_vpn_gateway.this",
            "module.networking.module.vpc.aws_vpn_gateway_attachment.this",
            "module.networking.module.vpc.aws_vpn_gateway_route_propagation.intra",
            "module.networking.module.vpc.aws_vpn_gateway_route_propagation.private",
            "module.networking.module.vpc.aws_vpn_gateway_route_propagation.public",
            "module.networking.module.vpc.data.aws_iam_policy_document.flow_log_cloudwatch_assume_role",
            "module.networking.module.vpc.data.aws_iam_policy_document.vpc_flow_log_cloudwatch",
            "module.ssh-key.aws_key_pair.key_pair",
            "module.ssh-key.tls_private_key.key",
            "module.storage.aws_efs_file_system.efs",
            "random_password.db_master_pass",
            "random_password.queue_pass"
          ],
          "create_before_destroy": true
        }
      ]
    },
    {
      "module": "module.ec2",
      "mode": "managed",
      "type": "aws_instance",
      "name": "ec2_db",
      "provider": "provider[\"registry.terraform.io/hashicorp/aws\"]",
      "instances": [
        {
          "schema_version": 1,
          "attributes": {
            "ami": "ami-038241ba95c675888",
            "arn": "arn:aws:ec2:us-west-2:872224457307:instance/i-040f376e7c9044e47",
            "associate_public_ip_address": true,
            "availability_zone": "us-west-2a",
            "capacity_reservation_specification": [
              {
                "capacity_reservation_preference": "open",
                "capacity_reservation_target": []
              }
            ],
            "cpu_core_count": 2,
            "cpu_threads_per_core": 1,
            "credit_specification": [
              {
                "cpu_credits": "standard"
              }
            ],
            "disable_api_stop": false,
            "disable_api_termination": false,
            "ebs_block_device": [],
            "ebs_optimized": false,
            "enclave_options": [
              {
                "enabled": false
              }
            ],
            "ephemeral_block_device": [],
            "get_password_data": false,
            "hibernation": false,
            "host_id": null,
            "host_resource_group_arn": null,
            "iam_instance_profile": "",
            "id": "i-040f376e7c9044e47",
            "instance_initiated_shutdown_behavior": "stop",
            "instance_state": "running",
            "instance_type": "t2.medium",
            "ipv6_address_count": 0,
            "ipv6_addresses": [],
            "key_name": "spikademo-key",
            "launch_template": [],
            "maintenance_options": [
              {
                "auto_recovery": "default"
              }
            ],
            "metadata_options": [
              {
                "http_endpoint": "enabled",
                "http_put_response_hop_limit": 1,
                "http_tokens": "optional",
                "instance_metadata_tags": "disabled"
              }
            ],
            "monitoring": false,
            "network_interface": [],
            "outpost_arn": "",
            "password_data": "",
            "placement_group": "",
            "placement_partition_number": null,
            "primary_network_interface_id": "eni-0b7ea735c4d44164e",
            "private_dns": "ip-10-0-101-20.us-west-2.compute.internal",
            "private_dns_name_options": [
              {
                "enable_resource_name_dns_a_record": false,
                "enable_resource_name_dns_aaaa_record": false,
                "hostname_type": "ip-name"
              }
            ],
            "private_ip": "10.0.101.20",
            "public_dns": "ec2-34-210-210-196.us-west-2.compute.amazonaws.com",
            "public_ip": "34.210.210.196",
            "root_block_device": [
              {
                "delete_on_termination": true,
                "device_name": "/dev/sda1",
                "encrypted": true,
                "iops": 300,
                "kms_key_id": "arn:aws:kms:us-west-2:872224457307:key/4ba760b6-0284-40ea-87af-3d8eee9bf783",
                "tags": null,
                "throughput": 0,
                "volume_id": "vol-02f487b9be8a6e4b7",
                "volume_size": 100,
                "volume_type": "gp2"
              }
            ],
            "secondary_private_ips": [],
            "security_groups": [],
            "source_dest_check": true,
            "subnet_id": "subnet-04c4266f7ad4ad2f1",
            "tags": {
              "Name": "spikademo-EC2-DB"
            },
            "tags_all": {
              "Name": "spikademo-EC2-DB"
            },
            "tenancy": "default",
            "timeouts": null,
            "user_data": "fd797767f1f47f2188a5a5d116ada3f4bf3b6261",
            "user_data_base64": null,
            "user_data_replace_on_change": false,
            "volume_tags": null,
            "vpc_security_group_ids": [
              "sg-003f373e22aacee5f"
            ]
          },
          "sensitive_attributes": [],
          "private": "eyJlMmJmYjczMC1lY2FhLTExZTYtOGY4OC0zNDM2M2JjN2M0YzAiOnsiY3JlYXRlIjo2MDAwMDAwMDAwMDAsImRlbGV0ZSI6MTIwMDAwMDAwMDAwMCwidXBkYXRlIjo2MDAwMDAwMDAwMDB9LCJzY2hlbWFfdmVyc2lvbiI6IjEifQ==",
          "dependencies": [
            "module.ec2.data.aws_ami.ubuntu-linux-2204",
            "module.ec2.data.template_file.init_db",
            "module.networking.aws_security_group.allow_pub",
            "module.networking.data.aws_availability_zones.available",
            "module.networking.module.vpc.aws_cloudwatch_log_group.flow_log",
            "module.networking.module.vpc.aws_customer_gateway.this",
            "module.networking.module.vpc.aws_db_subnet_group.database",
            "module.networking.module.vpc.aws_default_network_acl.this",
            "module.networking.module.vpc.aws_default_route_table.default",
            "module.networking.module.vpc.aws_default_security_group.this",
            "module.networking.module.vpc.aws_default_vpc.this",
            "module.networking.module.vpc.aws_egress_only_internet_gateway.this",
            "module.networking.module.vpc.aws_eip.nat",
            "module.networking.module.vpc.aws_elasticache_subnet_group.elasticache",
            "module.networking.module.vpc.aws_flow_log.this",
            "module.networking.module.vpc.aws_iam_policy.vpc_flow_log_cloudwatch",
            "module.networking.module.vpc.aws_iam_role.vpc_flow_log_cloudwatch",
            "module.networking.module.vpc.aws_iam_role_policy_attachment.vpc_flow_log_cloudwatch",
            "module.networking.module.vpc.aws_internet_gateway.this",
            "module.networking.module.vpc.aws_nat_gateway.this",
            "module.networking.module.vpc.aws_network_acl.database",
            "module.networking.module.vpc.aws_network_acl.elasticache",
            "module.networking.module.vpc.aws_network_acl.intra",
            "module.networking.module.vpc.aws_network_acl.outpost",
            "module.networking.module.vpc.aws_network_acl.private",
            "module.networking.module.vpc.aws_network_acl.public",
            "module.networking.module.vpc.aws_network_acl.redshift",
            "module.networking.module.vpc.aws_network_acl_rule.database_inbound",
            "module.networking.module.vpc.aws_network_acl_rule.database_outbound",
            "module.networking.module.vpc.aws_network_acl_rule.elasticache_inbound",
            "module.networking.module.vpc.aws_network_acl_rule.elasticache_outbound",
            "module.networking.module.vpc.aws_network_acl_rule.intra_inbound",
            "module.networking.module.vpc.aws_network_acl_rule.intra_outbound",
            "module.networking.module.vpc.aws_network_acl_rule.outpost_inbound",
            "module.networking.module.vpc.aws_network_acl_rule.outpost_outbound",
            "module.networking.module.vpc.aws_network_acl_rule.private_inbound",
            "module.networking.module.vpc.aws_network_acl_rule.private_outbound",
            "module.networking.module.vpc.aws_network_acl_rule.public_inbound",
            "module.networking.module.vpc.aws_network_acl_rule.public_outbound",
            "module.networking.module.vpc.aws_network_acl_rule.redshift_inbound",
            "module.networking.module.vpc.aws_network_acl_rule.redshift_outbound",
            "module.networking.module.vpc.aws_redshift_subnet_group.redshift",
            "module.networking.module.vpc.aws_route.database_internet_gateway",
            "module.networking.module.vpc.aws_route.database_ipv6_egress",
            "module.networking.module.vpc.aws_route.database_nat_gateway",
            "module.networking.module.vpc.aws_route.private_ipv6_egress",
            "module.networking.module.vpc.aws_route.private_nat_gateway",
            "module.networking.module.vpc.aws_route.public_internet_gateway",
            "module.networking.module.vpc.aws_route.public_internet_gateway_ipv6",
            "module.networking.module.vpc.aws_route_table.database",
            "module.networking.module.vpc.aws_route_table.elasticache",
            "module.networking.module.vpc.aws_route_table.intra",
            "module.networking.module.vpc.aws_route_table.private",
            "module.networking.module.vpc.aws_route_table.public",
            "module.networking.module.vpc.aws_route_table.redshift",
            "module.networking.module.vpc.aws_route_table_association.database",
            "module.networking.module.vpc.aws_route_table_association.elasticache",
            "module.networking.module.vpc.aws_route_table_association.intra",
            "module.networking.module.vpc.aws_route_table_association.outpost",
            "module.networking.module.vpc.aws_route_table_association.private",
            "module.networking.module.vpc.aws_route_table_association.public",
            "module.networking.module.vpc.aws_route_table_association.redshift",
            "module.networking.module.vpc.aws_route_table_association.redshift_public",
            "module.networking.module.vpc.aws_subnet.database",
            "module.networking.module.vpc.aws_subnet.elasticache",
            "module.networking.module.vpc.aws_subnet.intra",
            "module.networking.module.vpc.aws_subnet.outpost",
            "module.networking.module.vpc.aws_subnet.private",
            "module.networking.module.vpc.aws_subnet.public",
            "module.networking.module.vpc.aws_subnet.redshift",
            "module.networking.module.vpc.aws_vpc.this",
            "module.networking.module.vpc.aws_vpc_dhcp_options.this",
            "module.networking.module.vpc.aws_vpc_dhcp_options_association.this",
            "module.networking.module.vpc.aws_vpc_ipv4_cidr_block_association.this",
            "module.networking.module.vpc.aws_vpn_gateway.this",
            "module.networking.module.vpc.aws_vpn_gateway_attachment.this",
            "module.networking.module.vpc.aws_vpn_gateway_route_propagation.intra",
            "module.networking.module.vpc.aws_vpn_gateway_route_propagation.private",
            "module.networking.module.vpc.aws_vpn_gateway_route_propagation.public",
            "module.networking.module.vpc.data.aws_iam_policy_document.flow_log_cloudwatch_assume_role",
            "module.networking.module.vpc.data.aws_iam_policy_document.vpc_flow_log_cloudwatch",
            "module.ssh-key.aws_key_pair.key_pair",
            "module.ssh-key.tls_private_key.key",
            "random_password.db_master_pass",
            "random_password.queue_pass"
          ],
          "create_before_destroy": true
        }
      ]
    },
    {
      "module": "module.elb.module.alb",
      "mode": "managed",
      "type": "aws_lb",
      "name": "this",
      "provider": "provider[\"registry.terraform.io/hashicorp/aws\"]",
      "instances": [
        {
          "index_key": 0,
          "schema_version": 0,
          "attributes": {
            "access_logs": [
              {
                "bucket": "",
                "enabled": false,
                "prefix": ""
              }
            ],
            "arn": "arn:aws:elasticloadbalancing:us-west-2:872224457307:loadbalancer/app/spikademo-alb/5380a324a4acd252",
            "arn_suffix": "app/spikademo-alb/5380a324a4acd252",
            "customer_owned_ipv4_pool": "",
            "desync_mitigation_mode": "defensive",
            "dns_name": "spikademo-alb-1874026795.us-west-2.elb.amazonaws.com",
            "drop_invalid_header_fields": false,
            "enable_cross_zone_load_balancing": null,
            "enable_deletion_protection": false,
            "enable_http2": true,
            "enable_waf_fail_open": false,
            "id": "arn:aws:elasticloadbalancing:us-west-2:872224457307:loadbalancer/app/spikademo-alb/5380a324a4acd252",
            "idle_timeout": 60,
            "internal": false,
            "ip_address_type": "ipv4",
            "load_balancer_type": "application",
            "name": "spikademo-alb",
            "name_prefix": null,
            "preserve_host_header": false,
            "security_groups": [
              "sg-003f373e22aacee5f"
            ],
            "subnet_mapping": [
              {
                "allocation_id": "",
                "ipv6_address": "",
                "outpost_id": "",
                "private_ipv4_address": "",
                "subnet_id": "subnet-04c4266f7ad4ad2f1"
              },
              {
                "allocation_id": "",
                "ipv6_address": "",
                "outpost_id": "",
                "private_ipv4_address": "",
                "subnet_id": "subnet-083cd8539a56b7064"
              }
            ],
            "subnets": [
              "subnet-04c4266f7ad4ad2f1",
              "subnet-083cd8539a56b7064"
            ],
            "tags": {
              "Environment": "production",
              "Name": "spikademo-alb"
            },
            "tags_all": {
              "Environment": "production",
              "Name": "spikademo-alb"
            },
            "timeouts": {
              "create": "10m",
              "delete": "10m",
              "update": "10m"
            },
            "vpc_id": "vpc-077d9d520b359998d",
            "zone_id": "Z1H1FL5HABSF5"
          },
          "sensitive_attributes": [],
          "private": "eyJlMmJmYjczMC1lY2FhLTExZTYtOGY4OC0zNDM2M2JjN2M0YzAiOnsiY3JlYXRlIjo2MDAwMDAwMDAwMDAsImRlbGV0ZSI6NjAwMDAwMDAwMDAwLCJ1cGRhdGUiOjYwMDAwMDAwMDAwMH19",
          "dependencies": [
            "module.networking.aws_security_group.allow_pub",
            "module.networking.data.aws_availability_zones.available",
            "module.networking.module.vpc.aws_cloudwatch_log_group.flow_log",
            "module.networking.module.vpc.aws_customer_gateway.this",
            "module.networking.module.vpc.aws_db_subnet_group.database",
            "module.networking.module.vpc.aws_default_network_acl.this",
            "module.networking.module.vpc.aws_default_route_table.default",
            "module.networking.module.vpc.aws_default_security_group.this",
            "module.networking.module.vpc.aws_default_vpc.this",
            "module.networking.module.vpc.aws_egress_only_internet_gateway.this",
            "module.networking.module.vpc.aws_eip.nat",
            "module.networking.module.vpc.aws_elasticache_subnet_group.elasticache",
            "module.networking.module.vpc.aws_flow_log.this",
            "module.networking.module.vpc.aws_iam_policy.vpc_flow_log_cloudwatch",
            "module.networking.module.vpc.aws_iam_role.vpc_flow_log_cloudwatch",
            "module.networking.module.vpc.aws_iam_role_policy_attachment.vpc_flow_log_cloudwatch",
            "module.networking.module.vpc.aws_internet_gateway.this",
            "module.networking.module.vpc.aws_nat_gateway.this",
            "module.networking.module.vpc.aws_network_acl.database",
            "module.networking.module.vpc.aws_network_acl.elasticache",
            "module.networking.module.vpc.aws_network_acl.intra",
            "module.networking.module.vpc.aws_network_acl.outpost",
            "module.networking.module.vpc.aws_network_acl.private",
            "module.networking.module.vpc.aws_network_acl.public",
            "module.networking.module.vpc.aws_network_acl.redshift",
            "module.networking.module.vpc.aws_network_acl_rule.database_inbound",
            "module.networking.module.vpc.aws_network_acl_rule.database_outbound",
            "module.networking.module.vpc.aws_network_acl_rule.elasticache_inbound",
            "module.networking.module.vpc.aws_network_acl_rule.elasticache_outbound",
            "module.networking.module.vpc.aws_network_acl_rule.intra_inbound",
            "module.networking.module.vpc.aws_network_acl_rule.intra_outbound",
            "module.networking.module.vpc.aws_network_acl_rule.outpost_inbound",
            "module.networking.module.vpc.aws_network_acl_rule.outpost_outbound",
            "module.networking.module.vpc.aws_network_acl_rule.private_inbound",
            "module.networking.module.vpc.aws_network_acl_rule.private_outbound",
            "module.networking.module.vpc.aws_network_acl_rule.public_inbound",
            "module.networking.module.vpc.aws_network_acl_rule.public_outbound",
            "module.networking.module.vpc.aws_network_acl_rule.redshift_inbound",
            "module.networking.module.vpc.aws_network_acl_rule.redshift_outbound",
            "module.networking.module.vpc.aws_redshift_subnet_group.redshift",
            "module.networking.module.vpc.aws_route.database_internet_gateway",
            "module.networking.module.vpc.aws_route.database_ipv6_egress",
            "module.networking.module.vpc.aws_route.database_nat_gateway",
            "module.networking.module.vpc.aws_route.private_ipv6_egress",
            "module.networking.module.vpc.aws_route.private_nat_gateway",
            "module.networking.module.vpc.aws_route.public_internet_gateway",
            "module.networking.module.vpc.aws_route.public_internet_gateway_ipv6",
            "module.networking.module.vpc.aws_route_table.database",
            "module.networking.module.vpc.aws_route_table.elasticache",
            "module.networking.module.vpc.aws_route_table.intra",
            "module.networking.module.vpc.aws_route_table.private",
            "module.networking.module.vpc.aws_route_table.public",
            "module.networking.module.vpc.aws_route_table.redshift",
            "module.networking.module.vpc.aws_route_table_association.database",
            "module.networking.module.vpc.aws_route_table_association.elasticache",
            "module.networking.module.vpc.aws_route_table_association.intra",
            "module.networking.module.vpc.aws_route_table_association.outpost",
            "module.networking.module.vpc.aws_route_table_association.private",
            "module.networking.module.vpc.aws_route_table_association.public",
            "module.networking.module.vpc.aws_route_table_association.redshift",
            "module.networking.module.vpc.aws_route_table_association.redshift_public",
            "module.networking.module.vpc.aws_subnet.database",
            "module.networking.module.vpc.aws_subnet.elasticache",
            "module.networking.module.vpc.aws_subnet.intra",
            "module.networking.module.vpc.aws_subnet.outpost",
            "module.networking.module.vpc.aws_subnet.private",
            "module.networking.module.vpc.aws_subnet.public",
            "module.networking.module.vpc.aws_subnet.redshift",
            "module.networking.module.vpc.aws_vpc.this",
            "module.networking.module.vpc.aws_vpc_dhcp_options.this",
            "module.networking.module.vpc.aws_vpc_dhcp_options_association.this",
            "module.networking.module.vpc.aws_vpc_ipv4_cidr_block_association.this",
            "module.networking.module.vpc.aws_vpn_gateway.this",
            "module.networking.module.vpc.aws_vpn_gateway_attachment.this",
            "module.networking.module.vpc.aws_vpn_gateway_route_propagation.intra",
            "module.networking.module.vpc.aws_vpn_gateway_route_propagation.private",
            "module.networking.module.vpc.aws_vpn_gateway_route_propagation.public",
            "module.networking.module.vpc.data.aws_iam_policy_document.flow_log_cloudwatch_assume_role",
            "module.networking.module.vpc.data.aws_iam_policy_document.vpc_flow_log_cloudwatch"
          ],
          "create_before_destroy": true
        }
      ]
    },
    {
      "module": "module.elb.module.alb",
      "mode": "managed",
      "type": "aws_lb_listener",
      "name": "frontend_http_tcp",
      "provider": "provider[\"registry.terraform.io/hashicorp/aws\"]",
      "instances": [
        {
          "index_key": 0,
          "schema_version": 0,
          "attributes": {
            "alpn_policy": null,
            "arn": "arn:aws:elasticloadbalancing:us-west-2:872224457307:listener/app/spikademo-alb/5380a324a4acd252/743708326e73c692",
            "certificate_arn": null,
            "default_action": [
              {
                "authenticate_cognito": [],
                "authenticate_oidc": [],
                "fixed_response": [],
                "forward": [],
                "order": 1,
                "redirect": [],
                "target_group_arn": "arn:aws:elasticloadbalancing:us-west-2:872224457307:targetgroup/pref-20221105215155048200000001/cff4df8ce9d68a04",
                "type": "forward"
              }
            ],
            "id": "arn:aws:elasticloadbalancing:us-west-2:872224457307:listener/app/spikademo-alb/5380a324a4acd252/743708326e73c692",
            "load_balancer_arn": "arn:aws:elasticloadbalancing:us-west-2:872224457307:loadbalancer/app/spikademo-alb/5380a324a4acd252",
            "port": 80,
            "protocol": "HTTP",
            "ssl_policy": "",
            "tags": {
              "Environment": "production"
            },
            "tags_all": {
              "Environment": "production"
            },
            "timeouts": null
          },
          "sensitive_attributes": [],
          "private": "eyJlMmJmYjczMC1lY2FhLTExZTYtOGY4OC0zNDM2M2JjN2M0YzAiOnsicmVhZCI6NjAwMDAwMDAwMDAwfX0=",
          "dependencies": [
            "module.ec2.aws_instance.ec2_app",
            "module.ec2.aws_instance.ec2_db",
            "module.ec2.data.aws_ami.ubuntu-linux-2204",
            "module.ec2.data.template_file.env",
            "module.ec2.data.template_file.init_app",
            "module.ec2.data.template_file.init_db",
            "module.elb.module.alb.aws_lb.this",
            "module.elb.module.alb.aws_lb_target_group.main",
            "module.networking.aws_security_group.allow_pub",
            "module.networking.data.aws_availability_zones.available",
            "module.networking.module.vpc.aws_cloudwatch_log_group.flow_log",
            "module.networking.module.vpc.aws_customer_gateway.this",
            "module.networking.module.vpc.aws_db_subnet_group.database",
            "module.networking.module.vpc.aws_default_network_acl.this",
            "module.networking.module.vpc.aws_default_route_table.default",
            "module.networking.module.vpc.aws_default_security_group.this",
            "module.networking.module.vpc.aws_default_vpc.this",
            "module.networking.module.vpc.aws_egress_only_internet_gateway.this",
            "module.networking.module.vpc.aws_eip.nat",
            "module.networking.module.vpc.aws_elasticache_subnet_group.elasticache",
            "module.networking.module.vpc.aws_flow_log.this",
            "module.networking.module.vpc.aws_iam_policy.vpc_flow_log_cloudwatch",
            "module.networking.module.vpc.aws_iam_role.vpc_flow_log_cloudwatch",
            "module.networking.module.vpc.aws_iam_role_policy_attachment.vpc_flow_log_cloudwatch",
            "module.networking.module.vpc.aws_internet_gateway.this",
            "module.networking.module.vpc.aws_nat_gateway.this",
            "module.networking.module.vpc.aws_network_acl.database",
            "module.networking.module.vpc.aws_network_acl.elasticache",
            "module.networking.module.vpc.aws_network_acl.intra",
            "module.networking.module.vpc.aws_network_acl.outpost",
            "module.networking.module.vpc.aws_network_acl.private",
            "module.networking.module.vpc.aws_network_acl.public",
            "module.networking.module.vpc.aws_network_acl.redshift",
            "module.networking.module.vpc.aws_network_acl_rule.database_inbound",
            "module.networking.module.vpc.aws_network_acl_rule.database_outbound",
            "module.networking.module.vpc.aws_network_acl_rule.elasticache_inbound",
            "module.networking.module.vpc.aws_network_acl_rule.elasticache_outbound",
            "module.networking.module.vpc.aws_network_acl_rule.intra_inbound",
            "module.networking.module.vpc.aws_network_acl_rule.intra_outbound",
            "module.networking.module.vpc.aws_network_acl_rule.outpost_inbound",
            "module.networking.module.vpc.aws_network_acl_rule.outpost_outbound",
            "module.networking.module.vpc.aws_network_acl_rule.private_inbound",
            "module.networking.module.vpc.aws_network_acl_rule.private_outbound",
            "module.networking.module.vpc.aws_network_acl_rule.public_inbound",
            "module.networking.module.vpc.aws_network_acl_rule.public_outbound",
            "module.networking.module.vpc.aws_network_acl_rule.redshift_inbound",
            "module.networking.module.vpc.aws_network_acl_rule.redshift_outbound",
            "module.networking.module.vpc.aws_redshift_subnet_group.redshift",
            "module.networking.module.vpc.aws_route.database_internet_gateway",
            "module.networking.module.vpc.aws_route.database_ipv6_egress",
            "module.networking.module.vpc.aws_route.database_nat_gateway",
            "module.networking.module.vpc.aws_route.private_ipv6_egress",
            "module.networking.module.vpc.aws_route.private_nat_gateway",
            "module.networking.module.vpc.aws_route.public_internet_gateway",
            "module.networking.module.vpc.aws_route.public_internet_gateway_ipv6",
            "module.networking.module.vpc.aws_route_table.database",
            "module.networking.module.vpc.aws_route_table.elasticache",
            "module.networking.module.vpc.aws_route_table.intra",
            "module.networking.module.vpc.aws_route_table.private",
            "module.networking.module.vpc.aws_route_table.public",
            "module.networking.module.vpc.aws_route_table.redshift",
            "module.networking.module.vpc.aws_route_table_association.database",
            "module.networking.module.vpc.aws_route_table_association.elasticache",
            "module.networking.module.vpc.aws_route_table_association.intra",
            "module.networking.module.vpc.aws_route_table_association.outpost",
            "module.networking.module.vpc.aws_route_table_association.private",
            "module.networking.module.vpc.aws_route_table_association.public",
            "module.networking.module.vpc.aws_route_table_association.redshift",
            "module.networking.module.vpc.aws_route_table_association.redshift_public",
            "module.networking.module.vpc.aws_subnet.database",
            "module.networking.module.vpc.aws_subnet.elasticache",
            "module.networking.module.vpc.aws_subnet.intra",
            "module.networking.module.vpc.aws_subnet.outpost",
            "module.networking.module.vpc.aws_subnet.private",
            "module.networking.module.vpc.aws_subnet.public",
            "module.networking.module.vpc.aws_subnet.redshift",
            "module.networking.module.vpc.aws_vpc.this",
            "module.networking.module.vpc.aws_vpc_dhcp_options.this",
            "module.networking.module.vpc.aws_vpc_dhcp_options_association.this",
            "module.networking.module.vpc.aws_vpc_ipv4_cidr_block_association.this",
            "module.networking.module.vpc.aws_vpn_gateway.this",
            "module.networking.module.vpc.aws_vpn_gateway_attachment.this",
            "module.networking.module.vpc.aws_vpn_gateway_route_propagation.intra",
            "module.networking.module.vpc.aws_vpn_gateway_route_propagation.private",
            "module.networking.module.vpc.aws_vpn_gateway_route_propagation.public",
            "module.networking.module.vpc.data.aws_iam_policy_document.flow_log_cloudwatch_assume_role",
            "module.networking.module.vpc.data.aws_iam_policy_document.vpc_flow_log_cloudwatch",
            "module.ssh-key.aws_key_pair.key_pair",
            "module.ssh-key.tls_private_key.key",
            "module.storage.aws_efs_file_system.efs",
            "random_password.db_master_pass",
            "random_password.queue_pass"
          ]
        }
      ]
    },
    {
      "module": "module.elb.module.alb",
      "mode": "managed",
      "type": "aws_lb_target_group",
      "name": "main",
      "provider": "provider[\"registry.terraform.io/hashicorp/aws\"]",
      "instances": [
        {
          "index_key": 0,
          "schema_version": 0,
          "attributes": {
            "arn": "arn:aws:elasticloadbalancing:us-west-2:872224457307:targetgroup/pref-20221105215155048200000001/cff4df8ce9d68a04",
            "arn_suffix": "targetgroup/pref-20221105215155048200000001/cff4df8ce9d68a04",
            "connection_termination": false,
            "deregistration_delay": "300",
            "health_check": [
              {
                "enabled": true,
                "healthy_threshold": 5,
                "interval": 30,
                "matcher": "200",
                "path": "/",
                "port": "traffic-port",
                "protocol": "HTTP",
                "timeout": 5,
                "unhealthy_threshold": 2
              }
            ],
            "id": "arn:aws:elasticloadbalancing:us-west-2:872224457307:targetgroup/pref-20221105215155048200000001/cff4df8ce9d68a04",
            "ip_address_type": null,
            "lambda_multi_value_headers_enabled": false,
            "load_balancing_algorithm_type": "round_robin",
            "name": "pref-20221105215155048200000001",
            "name_prefix": "pref-",
            "port": 8080,
            "preserve_client_ip": null,
            "protocol": "HTTP",
            "protocol_version": "HTTP1",
            "proxy_protocol_v2": false,
            "slow_start": 0,
            "stickiness": [
              {
                "cookie_duration": 86400,
                "cookie_name": "",
                "enabled": false,
                "type": "lb_cookie"
              }
            ],
            "tags": {
              "Environment": "production",
              "Name": "pref-"
            },
            "tags_all": {
              "Environment": "production",
              "Name": "pref-"
            },
            "target_type": "instance",
            "vpc_id": "vpc-077d9d520b359998d"
          },
          "sensitive_attributes": [],
          "private": "bnVsbA==",
          "dependencies": [
            "module.ec2.aws_instance.ec2_app",
            "module.ec2.aws_instance.ec2_db",
            "module.ec2.data.aws_ami.ubuntu-linux-2204",
            "module.ec2.data.template_file.env",
            "module.ec2.data.template_file.init_app",
            "module.ec2.data.template_file.init_db",
            "module.elb.module.alb.aws_lb.this",
            "module.networking.aws_security_group.allow_pub",
            "module.networking.data.aws_availability_zones.available",
            "module.networking.module.vpc.aws_cloudwatch_log_group.flow_log",
            "module.networking.module.vpc.aws_customer_gateway.this",
            "module.networking.module.vpc.aws_db_subnet_group.database",
            "module.networking.module.vpc.aws_default_network_acl.this",
            "module.networking.module.vpc.aws_default_route_table.default",
            "module.networking.module.vpc.aws_default_security_group.this",
            "module.networking.module.vpc.aws_default_vpc.this",
            "module.networking.module.vpc.aws_egress_only_internet_gateway.this",
            "module.networking.module.vpc.aws_eip.nat",
            "module.networking.module.vpc.aws_elasticache_subnet_group.elasticache",
            "module.networking.module.vpc.aws_flow_log.this",
            "module.networking.module.vpc.aws_iam_policy.vpc_flow_log_cloudwatch",
            "module.networking.module.vpc.aws_iam_role.vpc_flow_log_cloudwatch",
            "module.networking.module.vpc.aws_iam_role_policy_attachment.vpc_flow_log_cloudwatch",
            "module.networking.module.vpc.aws_internet_gateway.this",
            "module.networking.module.vpc.aws_nat_gateway.this",
            "module.networking.module.vpc.aws_network_acl.database",
            "module.networking.module.vpc.aws_network_acl.elasticache",
            "module.networking.module.vpc.aws_network_acl.intra",
            "module.networking.module.vpc.aws_network_acl.outpost",
            "module.networking.module.vpc.aws_network_acl.private",
            "module.networking.module.vpc.aws_network_acl.public",
            "module.networking.module.vpc.aws_network_acl.redshift",
            "module.networking.module.vpc.aws_network_acl_rule.database_inbound",
            "module.networking.module.vpc.aws_network_acl_rule.database_outbound",
            "module.networking.module.vpc.aws_network_acl_rule.elasticache_inbound",
            "module.networking.module.vpc.aws_network_acl_rule.elasticache_outbound",
            "module.networking.module.vpc.aws_network_acl_rule.intra_inbound",
            "module.networking.module.vpc.aws_network_acl_rule.intra_outbound",
            "module.networking.module.vpc.aws_network_acl_rule.outpost_inbound",
            "module.networking.module.vpc.aws_network_acl_rule.outpost_outbound",
            "module.networking.module.vpc.aws_network_acl_rule.private_inbound",
            "module.networking.module.vpc.aws_network_acl_rule.private_outbound",
            "module.networking.module.vpc.aws_network_acl_rule.public_inbound",
            "module.networking.module.vpc.aws_network_acl_rule.public_outbound",
            "module.networking.module.vpc.aws_network_acl_rule.redshift_inbound",
            "module.networking.module.vpc.aws_network_acl_rule.redshift_outbound",
            "module.networking.module.vpc.aws_redshift_subnet_group.redshift",
            "module.networking.module.vpc.aws_route.database_internet_gateway",
            "module.networking.module.vpc.aws_route.database_ipv6_egress",
            "module.networking.module.vpc.aws_route.database_nat_gateway",
            "module.networking.module.vpc.aws_route.private_ipv6_egress",
            "module.networking.module.vpc.aws_route.private_nat_gateway",
            "module.networking.module.vpc.aws_route.public_internet_gateway",
            "module.networking.module.vpc.aws_route.public_internet_gateway_ipv6",
            "module.networking.module.vpc.aws_route_table.database",
            "module.networking.module.vpc.aws_route_table.elasticache",
            "module.networking.module.vpc.aws_route_table.intra",
            "module.networking.module.vpc.aws_route_table.private",
            "module.networking.module.vpc.aws_route_table.public",
            "module.networking.module.vpc.aws_route_table.redshift",
            "module.networking.module.vpc.aws_route_table_association.database",
            "module.networking.module.vpc.aws_route_table_association.elasticache",
            "module.networking.module.vpc.aws_route_table_association.intra",
            "module.networking.module.vpc.aws_route_table_association.outpost",
            "module.networking.module.vpc.aws_route_table_association.private",
            "module.networking.module.vpc.aws_route_table_association.public",
            "module.networking.module.vpc.aws_route_table_association.redshift",
            "module.networking.module.vpc.aws_route_table_association.redshift_public",
            "module.networking.module.vpc.aws_subnet.database",
            "module.networking.module.vpc.aws_subnet.elasticache",
            "module.networking.module.vpc.aws_subnet.intra",
            "module.networking.module.vpc.aws_subnet.outpost",
            "module.networking.module.vpc.aws_subnet.private",
            "module.networking.module.vpc.aws_subnet.public",
            "module.networking.module.vpc.aws_subnet.redshift",
            "module.networking.module.vpc.aws_vpc.this",
            "module.networking.module.vpc.aws_vpc_dhcp_options.this",
            "module.networking.module.vpc.aws_vpc_dhcp_options_association.this",
            "module.networking.module.vpc.aws_vpc_ipv4_cidr_block_association.this",
            "module.networking.module.vpc.aws_vpn_gateway.this",
            "module.networking.module.vpc.aws_vpn_gateway_attachment.this",
            "module.networking.module.vpc.aws_vpn_gateway_route_propagation.intra",
            "module.networking.module.vpc.aws_vpn_gateway_route_propagation.private",
            "module.networking.module.vpc.aws_vpn_gateway_route_propagation.public",
            "module.networking.module.vpc.data.aws_iam_policy_document.flow_log_cloudwatch_assume_role",
            "module.networking.module.vpc.data.aws_iam_policy_document.vpc_flow_log_cloudwatch",
            "module.ssh-key.aws_key_pair.key_pair",
            "module.ssh-key.tls_private_key.key",
            "module.storage.aws_efs_file_system.efs",
            "random_password.db_master_pass",
            "random_password.queue_pass"
          ],
          "create_before_destroy": true
        }
      ]
    },
    {
      "module": "module.elb.module.alb",
      "mode": "managed",
      "type": "aws_lb_target_group_attachment",
      "name": "this",
      "provider": "provider[\"registry.terraform.io/hashicorp/aws\"]",
      "instances": [
        {
          "index_key": "0.instance_1",
          "schema_version": 0,
          "attributes": {
            "availability_zone": null,
            "id": "arn:aws:elasticloadbalancing:us-west-2:872224457307:targetgroup/pref-20221105215155048200000001/cff4df8ce9d68a04-20221105215157177200000002",
            "port": 8080,
            "target_group_arn": "arn:aws:elasticloadbalancing:us-west-2:872224457307:targetgroup/pref-20221105215155048200000001/cff4df8ce9d68a04",
            "target_id": "i-0f7f228528978b9f3"
          },
          "sensitive_attributes": [],
          "private": "bnVsbA==",
          "dependencies": [
            "module.ec2.aws_instance.ec2_app",
            "module.ec2.aws_instance.ec2_db",
            "module.ec2.data.aws_ami.ubuntu-linux-2204",
            "module.ec2.data.template_file.env",
            "module.ec2.data.template_file.init_app",
            "module.ec2.data.template_file.init_db",
            "module.elb.module.alb.aws_lambda_permission.lb",
            "module.elb.module.alb.aws_lb.this",
            "module.elb.module.alb.aws_lb_target_group.main",
            "module.networking.aws_security_group.allow_pub",
            "module.networking.data.aws_availability_zones.available",
            "module.networking.module.vpc.aws_cloudwatch_log_group.flow_log",
            "module.networking.module.vpc.aws_customer_gateway.this",
            "module.networking.module.vpc.aws_db_subnet_group.database",
            "module.networking.module.vpc.aws_default_network_acl.this",
            "module.networking.module.vpc.aws_default_route_table.default",
            "module.networking.module.vpc.aws_default_security_group.this",
            "module.networking.module.vpc.aws_default_vpc.this",
            "module.networking.module.vpc.aws_egress_only_internet_gateway.this",
            "module.networking.module.vpc.aws_eip.nat",
            "module.networking.module.vpc.aws_elasticache_subnet_group.elasticache",
            "module.networking.module.vpc.aws_flow_log.this",
            "module.networking.module.vpc.aws_iam_policy.vpc_flow_log_cloudwatch",
            "module.networking.module.vpc.aws_iam_role.vpc_flow_log_cloudwatch",
            "module.networking.module.vpc.aws_iam_role_policy_attachment.vpc_flow_log_cloudwatch",
            "module.networking.module.vpc.aws_internet_gateway.this",
            "module.networking.module.vpc.aws_nat_gateway.this",
            "module.networking.module.vpc.aws_network_acl.database",
            "module.networking.module.vpc.aws_network_acl.elasticache",
            "module.networking.module.vpc.aws_network_acl.intra",
            "module.networking.module.vpc.aws_network_acl.outpost",
            "module.networking.module.vpc.aws_network_acl.private",
            "module.networking.module.vpc.aws_network_acl.public",
            "module.networking.module.vpc.aws_network_acl.redshift",
            "module.networking.module.vpc.aws_network_acl_rule.database_inbound",
            "module.networking.module.vpc.aws_network_acl_rule.database_outbound",
            "module.networking.module.vpc.aws_network_acl_rule.elasticache_inbound",
            "module.networking.module.vpc.aws_network_acl_rule.elasticache_outbound",
            "module.networking.module.vpc.aws_network_acl_rule.intra_inbound",
            "module.networking.module.vpc.aws_network_acl_rule.intra_outbound",
            "module.networking.module.vpc.aws_network_acl_rule.outpost_inbound",
            "module.networking.module.vpc.aws_network_acl_rule.outpost_outbound",
            "module.networking.module.vpc.aws_network_acl_rule.private_inbound",
            "module.networking.module.vpc.aws_network_acl_rule.private_outbound",
            "module.networking.module.vpc.aws_network_acl_rule.public_inbound",
            "module.networking.module.vpc.aws_network_acl_rule.public_outbound",
            "module.networking.module.vpc.aws_network_acl_rule.redshift_inbound",
            "module.networking.module.vpc.aws_network_acl_rule.redshift_outbound",
            "module.networking.module.vpc.aws_redshift_subnet_group.redshift",
            "module.networking.module.vpc.aws_route.database_internet_gateway",
            "module.networking.module.vpc.aws_route.database_ipv6_egress",
            "module.networking.module.vpc.aws_route.database_nat_gateway",
            "module.networking.module.vpc.aws_route.private_ipv6_egress",
            "module.networking.module.vpc.aws_route.private_nat_gateway",
            "module.networking.module.vpc.aws_route.public_internet_gateway",
            "module.networking.module.vpc.aws_route.public_internet_gateway_ipv6",
            "module.networking.module.vpc.aws_route_table.database",
            "module.networking.module.vpc.aws_route_table.elasticache",
            "module.networking.module.vpc.aws_route_table.intra",
            "module.networking.module.vpc.aws_route_table.private",
            "module.networking.module.vpc.aws_route_table.public",
            "module.networking.module.vpc.aws_route_table.redshift",
            "module.networking.module.vpc.aws_route_table_association.database",
            "module.networking.module.vpc.aws_route_table_association.elasticache",
            "module.networking.module.vpc.aws_route_table_association.intra",
            "module.networking.module.vpc.aws_route_table_association.outpost",
            "module.networking.module.vpc.aws_route_table_association.private",
            "module.networking.module.vpc.aws_route_table_association.public",
            "module.networking.module.vpc.aws_route_table_association.redshift",
            "module.networking.module.vpc.aws_route_table_association.redshift_public",
            "module.networking.module.vpc.aws_subnet.database",
            "module.networking.module.vpc.aws_subnet.elasticache",
            "module.networking.module.vpc.aws_subnet.intra",
            "module.networking.module.vpc.aws_subnet.outpost",
            "module.networking.module.vpc.aws_subnet.private",
            "module.networking.module.vpc.aws_subnet.public",
            "module.networking.module.vpc.aws_subnet.redshift",
            "module.networking.module.vpc.aws_vpc.this",
            "module.networking.module.vpc.aws_vpc_dhcp_options.this",
            "module.networking.module.vpc.aws_vpc_dhcp_options_association.this",
            "module.networking.module.vpc.aws_vpc_ipv4_cidr_block_association.this",
            "module.networking.module.vpc.aws_vpn_gateway.this",
            "module.networking.module.vpc.aws_vpn_gateway_attachment.this",
            "module.networking.module.vpc.aws_vpn_gateway_route_propagation.intra",
            "module.networking.module.vpc.aws_vpn_gateway_route_propagation.private",
            "module.networking.module.vpc.aws_vpn_gateway_route_propagation.public",
            "module.networking.module.vpc.data.aws_iam_policy_document.flow_log_cloudwatch_assume_role",
            "module.networking.module.vpc.data.aws_iam_policy_document.vpc_flow_log_cloudwatch",
            "module.ssh-key.aws_key_pair.key_pair",
            "module.ssh-key.tls_private_key.key",
            "module.storage.aws_efs_file_system.efs",
            "random_password.db_master_pass",
            "random_password.queue_pass"
          ]
        }
      ]
    },
    {
      "module": "module.networking",
      "mode": "data",
      "type": "aws_availability_zones",
      "name": "available",
      "provider": "provider[\"registry.terraform.io/hashicorp/aws\"]",
      "instances": [
        {
          "schema_version": 0,
          "attributes": {
            "all_availability_zones": null,
            "exclude_names": null,
            "exclude_zone_ids": null,
            "filter": null,
            "group_names": [
              "us-west-2"
            ],
            "id": "us-west-2",
            "names": [
              "us-west-2a",
              "us-west-2b",
              "us-west-2c",
              "us-west-2d"
            ],
            "state": "available",
            "timeouts": null,
            "zone_ids": [
              "usw2-az2",
              "usw2-az1",
              "usw2-az3",
              "usw2-az4"
            ]
          },
          "sensitive_attributes": []
        }
      ]
    },
    {
      "module": "module.networking",
      "mode": "managed",
      "type": "aws_security_group",
      "name": "allow_pub",
      "provider": "provider[\"registry.terraform.io/hashicorp/aws\"]",
      "instances": [
        {
          "schema_version": 1,
          "attributes": {
            "arn": "arn:aws:ec2:us-west-2:872224457307:security-group/sg-003f373e22aacee5f",
            "description": "Allow SSH inbound traffic",
            "egress": [
              {
                "cidr_blocks": [
                  "0.0.0.0/0"
                ],
                "description": "",
                "from_port": 0,
                "ipv6_cidr_blocks": [],
                "prefix_list_ids": [],
                "protocol": "-1",
                "security_groups": [],
                "self": false,
                "to_port": 0
              }
            ],
            "id": "sg-003f373e22aacee5f",
            "ingress": [
              {
                "cidr_blocks": [
                  "0.0.0.0/0"
                ],
                "description": "EFS mount target",
                "from_port": 2049,
                "ipv6_cidr_blocks": [],
                "prefix_list_ids": [],
                "protocol": "tcp",
                "security_groups": [],
                "self": false,
                "to_port": 2049
              },
              {
                "cidr_blocks": [
                  "0.0.0.0/0"
                ],
                "description": "HTTP for app servers",
                "from_port": 8080,
                "ipv6_cidr_blocks": [],
                "prefix_list_ids": [],
                "protocol": "tcp",
                "security_groups": [],
                "self": false,
                "to_port": 8080
              },
              {
                "cidr_blocks": [
                  "0.0.0.0/0"
                ],
                "description": "HTTP from the internet",
                "from_port": 80,
                "ipv6_cidr_blocks": [],
                "prefix_list_ids": [],
                "protocol": "tcp",
                "security_groups": [],
                "self": false,
                "to_port": 80
              },
              {
                "cidr_blocks": [
                  "0.0.0.0/0"
                ],
                "description": "HTTPS from the internet",
                "from_port": 443,
                "ipv6_cidr_blocks": [],
                "prefix_list_ids": [],
                "protocol": "tcp",
                "security_groups": [],
                "self": false,
                "to_port": 443
              },
              {
                "cidr_blocks": [
                  "0.0.0.0/0"
                ],
                "description": "Mysql",
                "from_port": 3306,
                "ipv6_cidr_blocks": [],
                "prefix_list_ids": [],
                "protocol": "tcp",
                "security_groups": [],
                "self": false,
                "to_port": 3306
              },
              {
                "cidr_blocks": [
                  "0.0.0.0/0"
                ],
                "description": "RabbitMQ Erlang",
                "from_port": 4639,
                "ipv6_cidr_blocks": [],
                "prefix_list_ids": [],
                "protocol": "tcp",
                "security_groups": [],
                "self": false,
                "to_port": 4639
              },
              {
                "cidr_blocks": [
                  "0.0.0.0/0"
                ],
                "description": "RabbitMQ admin",
                "from_port": 15672,
                "ipv6_cidr_blocks": [],
                "prefix_list_ids": [],
                "protocol": "tcp",
                "security_groups": [],
                "self": false,
                "to_port": 15672
              },
              {
                "cidr_blocks": [
                  "0.0.0.0/0"
                ],
                "description": "RabbitMQ",
                "from_port": 5672,
                "ipv6_cidr_blocks": [],
                "prefix_list_ids": [],
                "protocol": "tcp",
                "security_groups": [],
                "self": false,
                "to_port": 5672
              },
              {
                "cidr_blocks": [
                  "0.0.0.0/0"
                ],
                "description": "Redis",
                "from_port": 6379,
                "ipv6_cidr_blocks": [],
                "prefix_list_ids": [],
                "protocol": "tcp",
                "security_groups": [],
                "self": false,
                "to_port": 6379
              },
              {
                "cidr_blocks": [
                  "0.0.0.0/0"
                ],
                "description": "SSH from the internet",
                "from_port": 22,
                "ipv6_cidr_blocks": [],
                "prefix_list_ids": [],
                "protocol": "tcp",
                "security_groups": [],
                "self": false,
                "to_port": 22
              }
            ],
            "name": "spikademo-public",
            "name_prefix": "",
            "owner_id": "872224457307",
            "revoke_rules_on_delete": false,
            "tags": {
              "Name": "spikademo-allow_pub"
            },
            "tags_all": {
              "Name": "spikademo-allow_pub"
            },
            "timeouts": null,
            "vpc_id": "vpc-077d9d520b359998d"
          },
          "sensitive_attributes": [],
          "private": "eyJlMmJmYjczMC1lY2FhLTExZTYtOGY4OC0zNDM2M2JjN2M0YzAiOnsiY3JlYXRlIjo2MDAwMDAwMDAwMDAsImRlbGV0ZSI6OTAwMDAwMDAwMDAwfSwic2NoZW1hX3ZlcnNpb24iOiIxIn0=",
          "dependencies": [
            "module.networking.module.vpc.aws_vpc.this"
          ],
          "create_before_destroy": true
        }
      ]
    },
    {
      "module": "module.networking",
      "mode": "managed",
      "type": "aws_security_group",
      "name": "allow_ssh_priv",
      "provider": "provider[\"registry.terraform.io/hashicorp/aws\"]",
      "instances": [
        {
          "schema_version": 1,
          "attributes": {
            "arn": "arn:aws:ec2:us-west-2:872224457307:security-group/sg-024e6294e08d8a7a8",
            "description": "Allow SSH inbound traffic",
            "egress": [
              {
                "cidr_blocks": [
                  "0.0.0.0/0"
                ],
                "description": "",
                "from_port": 0,
                "ipv6_cidr_blocks": [],
                "prefix_list_ids": [],
                "protocol": "-1",
                "security_groups": [],
                "self": false,
                "to_port": 0
              }
            ],
            "id": "sg-024e6294e08d8a7a8",
            "ingress": [
              {
                "cidr_blocks": [
                  "0.0.0.0/0"
                ],
                "description": "EFS mount target",
                "from_port": 2049,
                "ipv6_cidr_blocks": [],
                "prefix_list_ids": [],
                "protocol": "tcp",
                "security_groups": [],
                "self": false,
                "to_port": 2049
              },
              {
                "cidr_blocks": [
                  "10.0.0.0/16"
                ],
                "description": "SSH only from internal VPC clients",
                "from_port": 22,
                "ipv6_cidr_blocks": [],
                "prefix_list_ids": [],
                "protocol": "tcp",
                "security_groups": [],
                "self": false,
                "to_port": 22
              }
            ],
            "name": "spikademo-allow_ssh_priv",
            "name_prefix": "",
            "owner_id": "872224457307",
            "revoke_rules_on_delete": false,
            "tags": {
              "Name": "spikademo-allow_ssh_priv"
            },
            "tags_all": {
              "Name": "spikademo-allow_ssh_priv"
            },
            "timeouts": null,
            "vpc_id": "vpc-077d9d520b359998d"
          },
          "sensitive_attributes": [],
          "private": "eyJlMmJmYjczMC1lY2FhLTExZTYtOGY4OC0zNDM2M2JjN2M0YzAiOnsiY3JlYXRlIjo2MDAwMDAwMDAwMDAsImRlbGV0ZSI6OTAwMDAwMDAwMDAwfSwic2NoZW1hX3ZlcnNpb24iOiIxIn0=",
          "dependencies": [
            "module.networking.module.vpc.aws_vpc.this"
          ]
        }
      ]
    },
    {
      "module": "module.networking.module.vpc",
      "mode": "managed",
      "type": "aws_db_subnet_group",
      "name": "database",
      "provider": "provider[\"registry.terraform.io/hashicorp/aws\"]",
      "instances": [
        {
          "index_key": 0,
          "schema_version": 0,
          "attributes": {
            "arn": "arn:aws:rds:us-west-2:872224457307:subgrp:spikademo-vpc",
            "description": "Database subnet group for spikademo-vpc",
            "id": "spikademo-vpc",
            "name": "spikademo-vpc",
            "name_prefix": "",
            "subnet_ids": [
              "subnet-01fa4b18042961872",
              "subnet-0e200b9938c4d0e70"
            ],
            "supported_network_types": [
              "IPV4"
            ],
            "tags": {
              "Name": "spikademo-vpc"
            },
            "tags_all": {
              "Name": "spikademo-vpc"
            }
          },
          "sensitive_attributes": [],
          "private": "bnVsbA==",
          "dependencies": [
            "module.networking.data.aws_availability_zones.available",
            "module.networking.module.vpc.aws_subnet.database",
            "module.networking.module.vpc.aws_vpc.this",
            "module.networking.module.vpc.aws_vpc_ipv4_cidr_block_association.this"
          ],
          "create_before_destroy": true
        }
      ]
    },
    {
      "module": "module.networking.module.vpc",
      "mode": "managed",
      "type": "aws_eip",
      "name": "nat",
      "provider": "provider[\"registry.terraform.io/hashicorp/aws\"]",
      "instances": [
        {
          "index_key": 0,
          "schema_version": 0,
          "attributes": {
            "address": null,
            "allocation_id": "eipalloc-0d251a0d29e20d58d",
            "associate_with_private_ip": null,
            "association_id": "",
            "carrier_ip": "",
            "customer_owned_ip": "",
            "customer_owned_ipv4_pool": "",
            "domain": "vpc",
            "id": "eipalloc-0d251a0d29e20d58d",
            "instance": "",
            "network_border_group": "us-west-2",
            "network_interface": "",
            "private_dns": null,
            "private_ip": "",
            "public_dns": "ec2-44-229-28-38.us-west-2.compute.amazonaws.com",
            "public_ip": "44.229.28.38",
            "public_ipv4_pool": "amazon",
            "tags": {
              "Name": "spikademo-vpc-us-west-2a"
            },
            "tags_all": {
              "Name": "spikademo-vpc-us-west-2a"
            },
            "timeouts": null,
            "vpc": true
          },
          "sensitive_attributes": [],
          "private": "eyJlMmJmYjczMC1lY2FhLTExZTYtOGY4OC0zNDM2M2JjN2M0YzAiOnsiZGVsZXRlIjoxODAwMDAwMDAwMDAsInJlYWQiOjkwMDAwMDAwMDAwMCwidXBkYXRlIjozMDAwMDAwMDAwMDB9fQ==",
          "dependencies": [
            "module.networking.data.aws_availability_zones.available"
          ],
          "create_before_destroy": true
        }
      ]
    },
    {
      "module": "module.networking.module.vpc",
      "mode": "managed",
      "type": "aws_elasticache_subnet_group",
      "name": "elasticache",
      "provider": "provider[\"registry.terraform.io/hashicorp/aws\"]",
      "instances": [
        {
          "index_key": 0,
          "schema_version": 0,
          "attributes": {
            "arn": "arn:aws:elasticache:us-west-2:872224457307:subnetgroup:spikademo-vpc",
            "description": "ElastiCache subnet group for spikademo-vpc",
            "id": "spikademo-vpc",
            "name": "spikademo-vpc",
            "subnet_ids": [
              "subnet-026df7e5f24cd9f1f",
              "subnet-09345ca2bef36a4bf"
            ],
            "tags": {
              "Name": "spikademo-vpc"
            },
            "tags_all": {
              "Name": "spikademo-vpc"
            }
          },
          "sensitive_attributes": [],
          "private": "bnVsbA==",
          "dependencies": [
            "module.networking.data.aws_availability_zones.available",
            "module.networking.module.vpc.aws_subnet.elasticache",
            "module.networking.module.vpc.aws_vpc.this",
            "module.networking.module.vpc.aws_vpc_ipv4_cidr_block_association.this"
          ],
          "create_before_destroy": true
        }
      ]
    },
    {
      "module": "module.networking.module.vpc",
      "mode": "managed",
      "type": "aws_internet_gateway",
      "name": "this",
      "provider": "provider[\"registry.terraform.io/hashicorp/aws\"]",
      "instances": [
        {
          "index_key": 0,
          "schema_version": 0,
          "attributes": {
            "arn": "arn:aws:ec2:us-west-2:872224457307:internet-gateway/igw-0a06230683dc32c03",
            "id": "igw-0a06230683dc32c03",
            "owner_id": "872224457307",
            "tags": {
              "Name": "spikademo-vpc"
            },
            "tags_all": {
              "Name": "spikademo-vpc"
            },
            "timeouts": null,
            "vpc_id": "vpc-077d9d520b359998d"
          },
          "sensitive_attributes": [],
          "private": "eyJlMmJmYjczMC1lY2FhLTExZTYtOGY4OC0zNDM2M2JjN2M0YzAiOnsiY3JlYXRlIjoxMjAwMDAwMDAwMDAwLCJkZWxldGUiOjEyMDAwMDAwMDAwMDAsInVwZGF0ZSI6MTIwMDAwMDAwMDAwMH19",
          "dependencies": [
            "module.networking.module.vpc.aws_vpc.this",
            "module.networking.module.vpc.aws_vpc_ipv4_cidr_block_association.this"
          ],
          "create_before_destroy": true
        }
      ]
    },
    {
      "module": "module.networking.module.vpc",
      "mode": "managed",
      "type": "aws_nat_gateway",
      "name": "this",
      "provider": "provider[\"registry.terraform.io/hashicorp/aws\"]",
      "instances": [
        {
          "index_key": 0,
          "schema_version": 0,
          "attributes": {
            "allocation_id": "eipalloc-0d251a0d29e20d58d",
            "connectivity_type": "public",
            "id": "nat-0e3c0202bfd9b12f1",
            "network_interface_id": "eni-0651c744690970d3a",
            "private_ip": "10.0.101.19",
            "public_ip": "44.229.28.38",
            "subnet_id": "subnet-04c4266f7ad4ad2f1",
            "tags": {
              "Name": "spikademo-vpc-us-west-2a"
            },
            "tags_all": {
              "Name": "spikademo-vpc-us-west-2a"
            }
          },
          "sensitive_attributes": [],
          "private": "bnVsbA==",
          "dependencies": [
            "module.networking.data.aws_availability_zones.available",
            "module.networking.module.vpc.aws_eip.nat",
            "module.networking.module.vpc.aws_internet_gateway.this",
            "module.networking.module.vpc.aws_subnet.public",
            "module.networking.module.vpc.aws_vpc.this",
            "module.networking.module.vpc.aws_vpc_ipv4_cidr_block_association.this"
          ],
          "create_before_destroy": true
        }
      ]
    },
    {
      "module": "module.networking.module.vpc",
      "mode": "managed",
      "type": "aws_route",
      "name": "private_nat_gateway",
      "provider": "provider[\"registry.terraform.io/hashicorp/aws\"]",
      "instances": [
        {
          "index_key": 0,
          "schema_version": 0,
          "attributes": {
            "carrier_gateway_id": "",
            "core_network_arn": "",
            "destination_cidr_block": "0.0.0.0/0",
            "destination_ipv6_cidr_block": "",
            "destination_prefix_list_id": "",
            "egress_only_gateway_id": "",
            "gateway_id": "",
            "id": "r-rtb-05c84ddf75343cc701080289494",
            "instance_id": "",
            "instance_owner_id": "",
            "local_gateway_id": "",
            "nat_gateway_id": "nat-0e3c0202bfd9b12f1",
            "network_interface_id": "",
            "origin": "CreateRoute",
            "route_table_id": "rtb-05c84ddf75343cc70",
            "state": "active",
            "timeouts": {
              "create": "5m",
              "delete": null,
              "update": null
            },
            "transit_gateway_id": "",
            "vpc_endpoint_id": "",
            "vpc_peering_connection_id": ""
          },
          "sensitive_attributes": [],
          "private": "eyJlMmJmYjczMC1lY2FhLTExZTYtOGY4OC0zNDM2M2JjN2M0YzAiOnsiY3JlYXRlIjozMDAwMDAwMDAwMDAsImRlbGV0ZSI6MzAwMDAwMDAwMDAwLCJ1cGRhdGUiOjEyMDAwMDAwMDAwMH19",
          "dependencies": [
            "module.networking.data.aws_availability_zones.available",
            "module.networking.module.vpc.aws_eip.nat",
            "module.networking.module.vpc.aws_internet_gateway.this",
            "module.networking.module.vpc.aws_nat_gateway.this",
            "module.networking.module.vpc.aws_route_table.private",
            "module.networking.module.vpc.aws_subnet.public",
            "module.networking.module.vpc.aws_vpc.this",
            "module.networking.module.vpc.aws_vpc_ipv4_cidr_block_association.this"
          ],
          "create_before_destroy": true
        }
      ]
    },
    {
      "module": "module.networking.module.vpc",
      "mode": "managed",
      "type": "aws_route",
      "name": "public_internet_gateway",
      "provider": "provider[\"registry.terraform.io/hashicorp/aws\"]",
      "instances": [
        {
          "index_key": 0,
          "schema_version": 0,
          "attributes": {
            "carrier_gateway_id": "",
            "core_network_arn": "",
            "destination_cidr_block": "0.0.0.0/0",
            "destination_ipv6_cidr_block": "",
            "destination_prefix_list_id": "",
            "egress_only_gateway_id": "",
            "gateway_id": "igw-0a06230683dc32c03",
            "id": "r-rtb-0470212c8af2181341080289494",
            "instance_id": "",
            "instance_owner_id": "",
            "local_gateway_id": "",
            "nat_gateway_id": "",
            "network_interface_id": "",
            "origin": "CreateRoute",
            "route_table_id": "rtb-0470212c8af218134",
            "state": "active",
            "timeouts": {
              "create": "5m",
              "delete": null,
              "update": null
            },
            "transit_gateway_id": "",
            "vpc_endpoint_id": "",
            "vpc_peering_connection_id": ""
          },
          "sensitive_attributes": [],
          "private": "eyJlMmJmYjczMC1lY2FhLTExZTYtOGY4OC0zNDM2M2JjN2M0YzAiOnsiY3JlYXRlIjozMDAwMDAwMDAwMDAsImRlbGV0ZSI6MzAwMDAwMDAwMDAwLCJ1cGRhdGUiOjEyMDAwMDAwMDAwMH19",
          "dependencies": [
            "module.networking.module.vpc.aws_internet_gateway.this",
            "module.networking.module.vpc.aws_route_table.public",
            "module.networking.module.vpc.aws_vpc.this",
            "module.networking.module.vpc.aws_vpc_ipv4_cidr_block_association.this"
          ],
          "create_before_destroy": true
        }
      ]
    },
    {
      "module": "module.networking.module.vpc",
      "mode": "managed",
      "type": "aws_route_table",
      "name": "private",
      "provider": "provider[\"registry.terraform.io/hashicorp/aws\"]",
      "instances": [
        {
          "index_key": 0,
          "schema_version": 0,
          "attributes": {
            "arn": "arn:aws:ec2:us-west-2:872224457307:route-table/rtb-05c84ddf75343cc70",
            "id": "rtb-05c84ddf75343cc70",
            "owner_id": "872224457307",
            "propagating_vgws": [],
            "route": [],
            "tags": {
              "Name": "spikademo-vpc-private"
            },
            "tags_all": {
              "Name": "spikademo-vpc-private"
            },
            "timeouts": null,
            "vpc_id": "vpc-077d9d520b359998d"
          },
          "sensitive_attributes": [],
          "private": "eyJlMmJmYjczMC1lY2FhLTExZTYtOGY4OC0zNDM2M2JjN2M0YzAiOnsiY3JlYXRlIjozMDAwMDAwMDAwMDAsImRlbGV0ZSI6MzAwMDAwMDAwMDAwLCJ1cGRhdGUiOjEyMDAwMDAwMDAwMH19",
          "dependencies": [
            "module.networking.data.aws_availability_zones.available",
            "module.networking.module.vpc.aws_vpc.this",
            "module.networking.module.vpc.aws_vpc_ipv4_cidr_block_association.this"
          ],
          "create_before_destroy": true
        }
      ]
    },
    {
      "module": "module.networking.module.vpc",
      "mode": "managed",
      "type": "aws_route_table",
      "name": "public",
      "provider": "provider[\"registry.terraform.io/hashicorp/aws\"]",
      "instances": [
        {
          "index_key": 0,
          "schema_version": 0,
          "attributes": {
            "arn": "arn:aws:ec2:us-west-2:872224457307:route-table/rtb-0470212c8af218134",
            "id": "rtb-0470212c8af218134",
            "owner_id": "872224457307",
            "propagating_vgws": [],
            "route": [],
            "tags": {
              "Name": "spikademo-vpc-public"
            },
            "tags_all": {
              "Name": "spikademo-vpc-public"
            },
            "timeouts": null,
            "vpc_id": "vpc-077d9d520b359998d"
          },
          "sensitive_attributes": [],
          "private": "eyJlMmJmYjczMC1lY2FhLTExZTYtOGY4OC0zNDM2M2JjN2M0YzAiOnsiY3JlYXRlIjozMDAwMDAwMDAwMDAsImRlbGV0ZSI6MzAwMDAwMDAwMDAwLCJ1cGRhdGUiOjEyMDAwMDAwMDAwMH19",
          "dependencies": [
            "module.networking.module.vpc.aws_vpc.this",
            "module.networking.module.vpc.aws_vpc_ipv4_cidr_block_association.this"
          ],
          "create_before_destroy": true
        }
      ]
    },
    {
      "module": "module.networking.module.vpc",
      "mode": "managed",
      "type": "aws_route_table_association",
      "name": "database",
      "provider": "provider[\"registry.terraform.io/hashicorp/aws\"]",
      "instances": [
        {
          "index_key": 0,
          "schema_version": 0,
          "attributes": {
            "gateway_id": "",
            "id": "rtbassoc-0cc219134d4faaa0c",
            "route_table_id": "rtb-05c84ddf75343cc70",
            "subnet_id": "subnet-01fa4b18042961872"
          },
          "sensitive_attributes": [],
          "private": "bnVsbA==",
          "dependencies": [
            "module.networking.data.aws_availability_zones.available",
            "module.networking.module.vpc.aws_route_table.database",
            "module.networking.module.vpc.aws_route_table.private",
            "module.networking.module.vpc.aws_subnet.database",
            "module.networking.module.vpc.aws_vpc.this",
            "module.networking.module.vpc.aws_vpc_ipv4_cidr_block_association.this"
          ],
          "create_before_destroy": true
        },
        {
          "index_key": 1,
          "schema_version": 0,
          "attributes": {
            "gateway_id": "",
            "id": "rtbassoc-0a4137ec41d6c8362",
            "route_table_id": "rtb-05c84ddf75343cc70",
            "subnet_id": "subnet-0e200b9938c4d0e70"
          },
          "sensitive_attributes": [],
          "private": "bnVsbA==",
          "dependencies": [
            "module.networking.data.aws_availability_zones.available",
            "module.networking.module.vpc.aws_route_table.database",
            "module.networking.module.vpc.aws_route_table.private",
            "module.networking.module.vpc.aws_subnet.database",
            "module.networking.module.vpc.aws_vpc.this",
            "module.networking.module.vpc.aws_vpc_ipv4_cidr_block_association.this"
          ],
          "create_before_destroy": true
        }
      ]
    },
    {
      "module": "module.networking.module.vpc",
      "mode": "managed",
      "type": "aws_route_table_association",
      "name": "elasticache",
      "provider": "provider[\"registry.terraform.io/hashicorp/aws\"]",
      "instances": [
        {
          "index_key": 0,
          "schema_version": 0,
          "attributes": {
            "gateway_id": "",
            "id": "rtbassoc-0b6dc11f0f06457bd",
            "route_table_id": "rtb-05c84ddf75343cc70",
            "subnet_id": "subnet-026df7e5f24cd9f1f"
          },
          "sensitive_attributes": [],
          "private": "bnVsbA==",
          "dependencies": [
            "module.networking.data.aws_availability_zones.available",
            "module.networking.module.vpc.aws_route_table.elasticache",
            "module.networking.module.vpc.aws_route_table.private",
            "module.networking.module.vpc.aws_subnet.elasticache",
            "module.networking.module.vpc.aws_vpc.this",
            "module.networking.module.vpc.aws_vpc_ipv4_cidr_block_association.this"
          ],
          "create_before_destroy": true
        },
        {
          "index_key": 1,
          "schema_version": 0,
          "attributes": {
            "gateway_id": "",
            "id": "rtbassoc-077ff2e42df551b94",
            "route_table_id": "rtb-05c84ddf75343cc70",
            "subnet_id": "subnet-09345ca2bef36a4bf"
          },
          "sensitive_attributes": [],
          "private": "bnVsbA==",
          "dependencies": [
            "module.networking.data.aws_availability_zones.available",
            "module.networking.module.vpc.aws_route_table.elasticache",
            "module.networking.module.vpc.aws_route_table.private",
            "module.networking.module.vpc.aws_subnet.elasticache",
            "module.networking.module.vpc.aws_vpc.this",
            "module.networking.module.vpc.aws_vpc_ipv4_cidr_block_association.this"
          ],
          "create_before_destroy": true
        }
      ]
    },
    {
      "module": "module.networking.module.vpc",
      "mode": "managed",
      "type": "aws_route_table_association",
      "name": "private",
      "provider": "provider[\"registry.terraform.io/hashicorp/aws\"]",
      "instances": [
        {
          "index_key": 0,
          "schema_version": 0,
          "attributes": {
            "gateway_id": "",
            "id": "rtbassoc-0dbb3e184d9c703ba",
            "route_table_id": "rtb-05c84ddf75343cc70",
            "subnet_id": "subnet-024bbc932ab8c020c"
          },
          "sensitive_attributes": [],
          "private": "bnVsbA==",
          "dependencies": [
            "module.networking.data.aws_availability_zones.available",
            "module.networking.module.vpc.aws_route_table.private",
            "module.networking.module.vpc.aws_subnet.private",
            "module.networking.module.vpc.aws_vpc.this",
            "module.networking.module.vpc.aws_vpc_ipv4_cidr_block_association.this"
          ],
          "create_before_destroy": true
        },
        {
          "index_key": 1,
          "schema_version": 0,
          "attributes": {
            "gateway_id": "",
            "id": "rtbassoc-00a2bc201f54dc8b7",
            "route_table_id": "rtb-05c84ddf75343cc70",
            "subnet_id": "subnet-0d68e672f67b23916"
          },
          "sensitive_attributes": [],
          "private": "bnVsbA==",
          "dependencies": [
            "module.networking.data.aws_availability_zones.available",
            "module.networking.module.vpc.aws_route_table.private",
            "module.networking.module.vpc.aws_subnet.private",
            "module.networking.module.vpc.aws_vpc.this",
            "module.networking.module.vpc.aws_vpc_ipv4_cidr_block_association.this"
          ],
          "create_before_destroy": true
        }
      ]
    },
    {
      "module": "module.networking.module.vpc",
      "mode": "managed",
      "type": "aws_route_table_association",
      "name": "public",
      "provider": "provider[\"registry.terraform.io/hashicorp/aws\"]",
      "instances": [
        {
          "index_key": 0,
          "schema_version": 0,
          "attributes": {
            "gateway_id": "",
            "id": "rtbassoc-03be67f031d9d7f7d",
            "route_table_id": "rtb-0470212c8af218134",
            "subnet_id": "subnet-04c4266f7ad4ad2f1"
          },
          "sensitive_attributes": [],
          "private": "bnVsbA==",
          "dependencies": [
            "module.networking.data.aws_availability_zones.available",
            "module.networking.module.vpc.aws_route_table.public",
            "module.networking.module.vpc.aws_subnet.public",
            "module.networking.module.vpc.aws_vpc.this",
            "module.networking.module.vpc.aws_vpc_ipv4_cidr_block_association.this"
          ],
          "create_before_destroy": true
        },
        {
          "index_key": 1,
          "schema_version": 0,
          "attributes": {
            "gateway_id": "",
            "id": "rtbassoc-0f0e8178869d73c5f",
            "route_table_id": "rtb-0470212c8af218134",
            "subnet_id": "subnet-083cd8539a56b7064"
          },
          "sensitive_attributes": [],
          "private": "bnVsbA==",
          "dependencies": [
            "module.networking.data.aws_availability_zones.available",
            "module.networking.module.vpc.aws_route_table.public",
            "module.networking.module.vpc.aws_subnet.public",
            "module.networking.module.vpc.aws_vpc.this",
            "module.networking.module.vpc.aws_vpc_ipv4_cidr_block_association.this"
          ],
          "create_before_destroy": true
        }
      ]
    },
    {
      "module": "module.networking.module.vpc",
      "mode": "managed",
      "type": "aws_subnet",
      "name": "database",
      "provider": "provider[\"registry.terraform.io/hashicorp/aws\"]",
      "instances": [
        {
          "index_key": 0,
          "schema_version": 1,
          "attributes": {
            "arn": "arn:aws:ec2:us-west-2:872224457307:subnet/subnet-01fa4b18042961872",
            "assign_ipv6_address_on_creation": false,
            "availability_zone": "us-west-2a",
            "availability_zone_id": "usw2-az2",
            "cidr_block": "10.0.3.0/24",
            "customer_owned_ipv4_pool": "",
            "enable_dns64": false,
            "enable_resource_name_dns_a_record_on_launch": false,
            "enable_resource_name_dns_aaaa_record_on_launch": false,
            "id": "subnet-01fa4b18042961872",
            "ipv6_cidr_block": "",
            "ipv6_cidr_block_association_id": "",
            "ipv6_native": false,
            "map_customer_owned_ip_on_launch": false,
            "map_public_ip_on_launch": false,
            "outpost_arn": "",
            "owner_id": "872224457307",
            "private_dns_hostname_type_on_launch": "ip-name",
            "tags": {
              "Name": "spikademo-vpc-db-us-west-2a"
            },
            "tags_all": {
              "Name": "spikademo-vpc-db-us-west-2a"
            },
            "timeouts": null,
            "vpc_id": "vpc-077d9d520b359998d"
          },
          "sensitive_attributes": [],
          "private": "eyJlMmJmYjczMC1lY2FhLTExZTYtOGY4OC0zNDM2M2JjN2M0YzAiOnsiY3JlYXRlIjo2MDAwMDAwMDAwMDAsImRlbGV0ZSI6MTIwMDAwMDAwMDAwMH0sInNjaGVtYV92ZXJzaW9uIjoiMSJ9",
          "dependencies": [
            "module.networking.data.aws_availability_zones.available",
            "module.networking.module.vpc.aws_vpc.this",
            "module.networking.module.vpc.aws_vpc_ipv4_cidr_block_association.this"
          ],
          "create_before_destroy": true
        },
        {
          "index_key": 1,
          "schema_version": 1,
          "attributes": {
            "arn": "arn:aws:ec2:us-west-2:872224457307:subnet/subnet-0e200b9938c4d0e70",
            "assign_ipv6_address_on_creation": false,
            "availability_zone": "us-west-2b",
            "availability_zone_id": "usw2-az1",
            "cidr_block": "10.0.4.0/24",
            "customer_owned_ipv4_pool": "",
            "enable_dns64": false,
            "enable_resource_name_dns_a_record_on_launch": false,
            "enable_resource_name_dns_aaaa_record_on_launch": false,
            "id": "subnet-0e200b9938c4d0e70",
            "ipv6_cidr_block": "",
            "ipv6_cidr_block_association_id": "",
            "ipv6_native": false,
            "map_customer_owned_ip_on_launch": false,
            "map_public_ip_on_launch": false,
            "outpost_arn": "",
            "owner_id": "872224457307",
            "private_dns_hostname_type_on_launch": "ip-name",
            "tags": {
              "Name": "spikademo-vpc-db-us-west-2b"
            },
            "tags_all": {
              "Name": "spikademo-vpc-db-us-west-2b"
            },
            "timeouts": null,
            "vpc_id": "vpc-077d9d520b359998d"
          },
          "sensitive_attributes": [],
          "private": "eyJlMmJmYjczMC1lY2FhLTExZTYtOGY4OC0zNDM2M2JjN2M0YzAiOnsiY3JlYXRlIjo2MDAwMDAwMDAwMDAsImRlbGV0ZSI6MTIwMDAwMDAwMDAwMH0sInNjaGVtYV92ZXJzaW9uIjoiMSJ9",
          "dependencies": [
            "module.networking.data.aws_availability_zones.available",
            "module.networking.module.vpc.aws_vpc.this",
            "module.networking.module.vpc.aws_vpc_ipv4_cidr_block_association.this"
          ],
          "create_before_destroy": true
        }
      ]
    },
    {
      "module": "module.networking.module.vpc",
      "mode": "managed",
      "type": "aws_subnet",
      "name": "elasticache",
      "provider": "provider[\"registry.terraform.io/hashicorp/aws\"]",
      "instances": [
        {
          "index_key": 0,
          "schema_version": 1,
          "attributes": {
            "arn": "arn:aws:ec2:us-west-2:872224457307:subnet/subnet-026df7e5f24cd9f1f",
            "assign_ipv6_address_on_creation": false,
            "availability_zone": "us-west-2a",
            "availability_zone_id": "usw2-az2",
            "cidr_block": "10.0.5.0/24",
            "customer_owned_ipv4_pool": "",
            "enable_dns64": false,
            "enable_resource_name_dns_a_record_on_launch": false,
            "enable_resource_name_dns_aaaa_record_on_launch": false,
            "id": "subnet-026df7e5f24cd9f1f",
            "ipv6_cidr_block": "",
            "ipv6_cidr_block_association_id": "",
            "ipv6_native": false,
            "map_customer_owned_ip_on_launch": false,
            "map_public_ip_on_launch": false,
            "outpost_arn": "",
            "owner_id": "872224457307",
            "private_dns_hostname_type_on_launch": "ip-name",
            "tags": {
              "Name": "spikademo-vpc-elasticache-us-west-2a"
            },
            "tags_all": {
              "Name": "spikademo-vpc-elasticache-us-west-2a"
            },
            "timeouts": null,
            "vpc_id": "vpc-077d9d520b359998d"
          },
          "sensitive_attributes": [],
          "private": "eyJlMmJmYjczMC1lY2FhLTExZTYtOGY4OC0zNDM2M2JjN2M0YzAiOnsiY3JlYXRlIjo2MDAwMDAwMDAwMDAsImRlbGV0ZSI6MTIwMDAwMDAwMDAwMH0sInNjaGVtYV92ZXJzaW9uIjoiMSJ9",
          "dependencies": [
            "module.networking.data.aws_availability_zones.available",
            "module.networking.module.vpc.aws_vpc.this",
            "module.networking.module.vpc.aws_vpc_ipv4_cidr_block_association.this"
          ],
          "create_before_destroy": true
        },
        {
          "index_key": 1,
          "schema_version": 1,
          "attributes": {
            "arn": "arn:aws:ec2:us-west-2:872224457307:subnet/subnet-09345ca2bef36a4bf",
            "assign_ipv6_address_on_creation": false,
            "availability_zone": "us-west-2b",
            "availability_zone_id": "usw2-az1",
            "cidr_block": "10.0.6.0/24",
            "customer_owned_ipv4_pool": "",
            "enable_dns64": false,
            "enable_resource_name_dns_a_record_on_launch": false,
            "enable_resource_name_dns_aaaa_record_on_launch": false,
            "id": "subnet-09345ca2bef36a4bf",
            "ipv6_cidr_block": "",
            "ipv6_cidr_block_association_id": "",
            "ipv6_native": false,
            "map_customer_owned_ip_on_launch": false,
            "map_public_ip_on_launch": false,
            "outpost_arn": "",
            "owner_id": "872224457307",
            "private_dns_hostname_type_on_launch": "ip-name",
            "tags": {
              "Name": "spikademo-vpc-elasticache-us-west-2b"
            },
            "tags_all": {
              "Name": "spikademo-vpc-elasticache-us-west-2b"
            },
            "timeouts": null,
            "vpc_id": "vpc-077d9d520b359998d"
          },
          "sensitive_attributes": [],
          "private": "eyJlMmJmYjczMC1lY2FhLTExZTYtOGY4OC0zNDM2M2JjN2M0YzAiOnsiY3JlYXRlIjo2MDAwMDAwMDAwMDAsImRlbGV0ZSI6MTIwMDAwMDAwMDAwMH0sInNjaGVtYV92ZXJzaW9uIjoiMSJ9",
          "dependencies": [
            "module.networking.data.aws_availability_zones.available",
            "module.networking.module.vpc.aws_vpc.this",
            "module.networking.module.vpc.aws_vpc_ipv4_cidr_block_association.this"
          ],
          "create_before_destroy": true
        }
      ]
    },
    {
      "module": "module.networking.module.vpc",
      "mode": "managed",
      "type": "aws_subnet",
      "name": "private",
      "provider": "provider[\"registry.terraform.io/hashicorp/aws\"]",
      "instances": [
        {
          "index_key": 0,
          "schema_version": 1,
          "attributes": {
            "arn": "arn:aws:ec2:us-west-2:872224457307:subnet/subnet-024bbc932ab8c020c",
            "assign_ipv6_address_on_creation": false,
            "availability_zone": "us-west-2a",
            "availability_zone_id": "usw2-az2",
            "cidr_block": "10.0.1.0/24",
            "customer_owned_ipv4_pool": "",
            "enable_dns64": false,
            "enable_resource_name_dns_a_record_on_launch": false,
            "enable_resource_name_dns_aaaa_record_on_launch": false,
            "id": "subnet-024bbc932ab8c020c",
            "ipv6_cidr_block": "",
            "ipv6_cidr_block_association_id": "",
            "ipv6_native": false,
            "map_customer_owned_ip_on_launch": false,
            "map_public_ip_on_launch": false,
            "outpost_arn": "",
            "owner_id": "872224457307",
            "private_dns_hostname_type_on_launch": "ip-name",
            "tags": {
              "Name": "spikademo-vpc-private-us-west-2a"
            },
            "tags_all": {
              "Name": "spikademo-vpc-private-us-west-2a"
            },
            "timeouts": null,
            "vpc_id": "vpc-077d9d520b359998d"
          },
          "sensitive_attributes": [],
          "private": "eyJlMmJmYjczMC1lY2FhLTExZTYtOGY4OC0zNDM2M2JjN2M0YzAiOnsiY3JlYXRlIjo2MDAwMDAwMDAwMDAsImRlbGV0ZSI6MTIwMDAwMDAwMDAwMH0sInNjaGVtYV92ZXJzaW9uIjoiMSJ9",
          "dependencies": [
            "module.networking.data.aws_availability_zones.available",
            "module.networking.module.vpc.aws_vpc.this",
            "module.networking.module.vpc.aws_vpc_ipv4_cidr_block_association.this"
          ],
          "create_before_destroy": true
        },
        {
          "index_key": 1,
          "schema_version": 1,
          "attributes": {
            "arn": "arn:aws:ec2:us-west-2:872224457307:subnet/subnet-0d68e672f67b23916",
            "assign_ipv6_address_on_creation": false,
            "availability_zone": "us-west-2b",
            "availability_zone_id": "usw2-az1",
            "cidr_block": "10.0.2.0/24",
            "customer_owned_ipv4_pool": "",
            "enable_dns64": false,
            "enable_resource_name_dns_a_record_on_launch": false,
            "enable_resource_name_dns_aaaa_record_on_launch": false,
            "id": "subnet-0d68e672f67b23916",
            "ipv6_cidr_block": "",
            "ipv6_cidr_block_association_id": "",
            "ipv6_native": false,
            "map_customer_owned_ip_on_launch": false,
            "map_public_ip_on_launch": false,
            "outpost_arn": "",
            "owner_id": "872224457307",
            "private_dns_hostname_type_on_launch": "ip-name",
            "tags": {
              "Name": "spikademo-vpc-private-us-west-2b"
            },
            "tags_all": {
              "Name": "spikademo-vpc-private-us-west-2b"
            },
            "timeouts": null,
            "vpc_id": "vpc-077d9d520b359998d"
          },
          "sensitive_attributes": [],
          "private": "eyJlMmJmYjczMC1lY2FhLTExZTYtOGY4OC0zNDM2M2JjN2M0YzAiOnsiY3JlYXRlIjo2MDAwMDAwMDAwMDAsImRlbGV0ZSI6MTIwMDAwMDAwMDAwMH0sInNjaGVtYV92ZXJzaW9uIjoiMSJ9",
          "dependencies": [
            "module.networking.data.aws_availability_zones.available",
            "module.networking.module.vpc.aws_vpc.this",
            "module.networking.module.vpc.aws_vpc_ipv4_cidr_block_association.this"
          ],
          "create_before_destroy": true
        }
      ]
    },
    {
      "module": "module.networking.module.vpc",
      "mode": "managed",
      "type": "aws_subnet",
      "name": "public",
      "provider": "provider[\"registry.terraform.io/hashicorp/aws\"]",
      "instances": [
        {
          "index_key": 0,
          "schema_version": 1,
          "attributes": {
            "arn": "arn:aws:ec2:us-west-2:872224457307:subnet/subnet-04c4266f7ad4ad2f1",
            "assign_ipv6_address_on_creation": false,
            "availability_zone": "us-west-2a",
            "availability_zone_id": "usw2-az2",
            "cidr_block": "10.0.101.0/24",
            "customer_owned_ipv4_pool": "",
            "enable_dns64": false,
            "enable_resource_name_dns_a_record_on_launch": false,
            "enable_resource_name_dns_aaaa_record_on_launch": false,
            "id": "subnet-04c4266f7ad4ad2f1",
            "ipv6_cidr_block": "",
            "ipv6_cidr_block_association_id": "",
            "ipv6_native": false,
            "map_customer_owned_ip_on_launch": false,
            "map_public_ip_on_launch": true,
            "outpost_arn": "",
            "owner_id": "872224457307",
            "private_dns_hostname_type_on_launch": "ip-name",
            "tags": {
              "Name": "spikademo-vpc-public-us-west-2a"
            },
            "tags_all": {
              "Name": "spikademo-vpc-public-us-west-2a"
            },
            "timeouts": null,
            "vpc_id": "vpc-077d9d520b359998d"
          },
          "sensitive_attributes": [],
          "private": "eyJlMmJmYjczMC1lY2FhLTExZTYtOGY4OC0zNDM2M2JjN2M0YzAiOnsiY3JlYXRlIjo2MDAwMDAwMDAwMDAsImRlbGV0ZSI6MTIwMDAwMDAwMDAwMH0sInNjaGVtYV92ZXJzaW9uIjoiMSJ9",
          "dependencies": [
            "module.networking.data.aws_availability_zones.available",
            "module.networking.module.vpc.aws_vpc.this",
            "module.networking.module.vpc.aws_vpc_ipv4_cidr_block_association.this"
          ],
          "create_before_destroy": true
        },
        {
          "index_key": 1,
          "schema_version": 1,
          "attributes": {
            "arn": "arn:aws:ec2:us-west-2:872224457307:subnet/subnet-083cd8539a56b7064",
            "assign_ipv6_address_on_creation": false,
            "availability_zone": "us-west-2b",
            "availability_zone_id": "usw2-az1",
            "cidr_block": "10.0.102.0/24",
            "customer_owned_ipv4_pool": "",
            "enable_dns64": false,
            "enable_resource_name_dns_a_record_on_launch": false,
            "enable_resource_name_dns_aaaa_record_on_launch": false,
            "id": "subnet-083cd8539a56b7064",
            "ipv6_cidr_block": "",
            "ipv6_cidr_block_association_id": "",
            "ipv6_native": false,
            "map_customer_owned_ip_on_launch": false,
            "map_public_ip_on_launch": true,
            "outpost_arn": "",
            "owner_id": "872224457307",
            "private_dns_hostname_type_on_launch": "ip-name",
            "tags": {
              "Name": "spikademo-vpc-public-us-west-2b"
            },
            "tags_all": {
              "Name": "spikademo-vpc-public-us-west-2b"
            },
            "timeouts": null,
            "vpc_id": "vpc-077d9d520b359998d"
          },
          "sensitive_attributes": [],
          "private": "eyJlMmJmYjczMC1lY2FhLTExZTYtOGY4OC0zNDM2M2JjN2M0YzAiOnsiY3JlYXRlIjo2MDAwMDAwMDAwMDAsImRlbGV0ZSI6MTIwMDAwMDAwMDAwMH0sInNjaGVtYV92ZXJzaW9uIjoiMSJ9",
          "dependencies": [
            "module.networking.data.aws_availability_zones.available",
            "module.networking.module.vpc.aws_vpc.this",
            "module.networking.module.vpc.aws_vpc_ipv4_cidr_block_association.this"
          ],
          "create_before_destroy": true
        }
      ]
    },
    {
      "module": "module.networking.module.vpc",
      "mode": "managed",
      "type": "aws_vpc",
      "name": "this",
      "provider": "provider[\"registry.terraform.io/hashicorp/aws\"]",
      "instances": [
        {
          "index_key": 0,
          "schema_version": 1,
          "attributes": {
            "arn": "arn:aws:ec2:us-west-2:872224457307:vpc/vpc-077d9d520b359998d",
            "assign_generated_ipv6_cidr_block": false,
            "cidr_block": "10.0.0.0/16",
            "default_network_acl_id": "acl-0cf4d7dd11c2b96ef",
            "default_route_table_id": "rtb-062462a30979b358f",
            "default_security_group_id": "sg-08b7f717e0e731f55",
            "dhcp_options_id": "dopt-47fee32f",
            "enable_classiclink": false,
            "enable_classiclink_dns_support": false,
            "enable_dns_hostnames": true,
            "enable_dns_support": true,
            "enable_network_address_usage_metrics": false,
            "id": "vpc-077d9d520b359998d",
            "instance_tenancy": "default",
            "ipv4_ipam_pool_id": null,
            "ipv4_netmask_length": null,
            "ipv6_association_id": "",
            "ipv6_cidr_block": "",
            "ipv6_cidr_block_network_border_group": "",
            "ipv6_ipam_pool_id": "",
            "ipv6_netmask_length": 0,
            "main_route_table_id": "rtb-062462a30979b358f",
            "owner_id": "872224457307",
            "tags": {
              "Name": "spikademo-vpc"
            },
            "tags_all": {
              "Name": "spikademo-vpc"
            }
          },
          "sensitive_attributes": [],
          "private": "eyJzY2hlbWFfdmVyc2lvbiI6IjEifQ==",
          "create_before_destroy": true
        }
      ]
    },
    {
      "module": "module.ssh-key",
      "mode": "managed",
      "type": "aws_key_pair",
      "name": "key_pair",
      "provider": "provider[\"registry.terraform.io/hashicorp/aws\"]",
      "instances": [
        {
          "schema_version": 1,
          "attributes": {
            "arn": "arn:aws:ec2:us-west-2:872224457307:key-pair/spikademo-key",
            "fingerprint": "22:52:4e:7d:ae:dd:8e:4f:9a:91:70:32:54:4a:45:de",
            "id": "spikademo-key",
            "key_name": "spikademo-key",
            "key_name_prefix": "",
            "key_pair_id": "key-0704d3cac9c7071fa",
            "key_type": "rsa",
            "public_key": "ssh-rsa AAAAB3NzaC1yc2EAAAADAQABAAABAQDJR2UqllWbX+5YwTFwzjssUzcLVBh2um0O546T6kKu/LZrKkAiVtCNqrY9e90ihgBBq+lJ6XljrF1K7yc3r37+WAyPdS0IcGq7edihxiwe/y0ESRFAsLUQZD/XlhlJ74xwJi2EOMlf35eEpIZ96MG9Vf4I4RznZj4IqWoFDycXq26f0+nR6q4t14DdxzcjAa/bCoUEBXsjKThDe5I65aNxZddrl2mr+2yK23tBiwDHRUf614Fq8Ai7Ef0tp1XKi0Q9ze7PFEcvrzf3ospXHyKaTtYcC9ozrdq8IC8TcGh7uqC1Ml8OVeaoR5VtjcDfiLS35FiRaweftxYtBn4Mz8mB",
            "tags": null,
            "tags_all": {}
          },
          "sensitive_attributes": [],
          "private": "eyJzY2hlbWFfdmVyc2lvbiI6IjEifQ==",
          "dependencies": [
            "module.ssh-key.tls_private_key.key"
          ],
          "create_before_destroy": true
        }
      ]
    },
    {
      "module": "module.ssh-key",
      "mode": "managed",
      "type": "local_file",
      "name": "private_key",
      "provider": "provider[\"registry.terraform.io/hashicorp/local\"]",
      "instances": [
        {
          "schema_version": 0,
          "attributes": {
            "content": null,
            "content_base64": null,
            "directory_permission": "0777",
            "file_permission": "0400",
            "filename": "spikademo-key.pem",
            "id": "fbf811f4a6b02450ed164019b7b698598ebde79a",
            "sensitive_content": "-----BEGIN RSA PRIVATE KEY-----\nMIIEpQIBAAKCAQEAyUdlKpZVm1/uWMExcM47LFM3C1QYdrptDueOk+pCrvy2aypA\nIlbQjaq2PXvdIoYAQavpSel5Y6xdSu8nN69+/lgMj3UtCHBqu3nYocYsHv8tBEkR\nQLC1EGQ/15YZSe+McCYthDjJX9+XhKSGfejBvVX+COEc52Y+CKlqBQ8nF6tun9Pp\n0equLdeA3cc3IwGv2wqFBAV7Iyk4Q3uSOuWjcWXXa5dpq/tsitt7QYsAx0VH+teB\navAIuxH9LadVyotEPc3uzxRHL68396LKVx8imk7WHAvaM63avCAvE3Boe7qgtTJf\nDlXmqEeVbY3A34i0t+RYkWsHn7cWLQZ+DM/JgQIDAQABAoIBAFoorNxCst4CPpVr\nFGZfOopETCe656pnH2rJtkfzayNO97dRGaFIGesbSL6JuSg5teu0wa7l8gX/s1pZ\nfcunxM7RSe8Iob9h+602ix8L0b+gtd1xjVTY0oIhJafACFvh/ZpOv5y2gx163jgA\nKm5D0GSrHDuF+ph8Z9UhbegOPYiP6nag+Jmsn7gdTVMmtU9Gt/vd5qpE4X2o+Lb0\nPVcm4SJYUDZHSgJ9LU7HUGZEN/U/oV+G75vBmE2/XTj1e8itKbNeOQ17hXKA947x\nbge0bp7/ltpKnx5i2Wvs1g2RKi5RM41IVZWbp8d7QZ7bL73uljpXYuPC+Nx/3THN\nuxqWGrECgYEA6HYuqUMVwQHiq2tdvgVh9Z3lZFgz7CGKFGfWkq48gqVf/hh824Bz\noKtgZcVOfYa4w66jta9uII4zPb3YRByQlltlkRfOKw6ciE4ta0KhVr6Jc6WaWxv6\n107u9kt63aleiFKHojXNKCVlNL/pc5mGD7L3NzP8Bs+byfsSvN63y28CgYEA3ajm\nhfw2IX0MZsv9Medqto29v/EHWVXgGtL8RVGsTMXNG7e1Sj0wGr3rM8i6Pk/vfUsw\nJAfRro5DkO+g2AAnPOWDSppi7o4yuZG64g11Z4HuJUxCC2E2sfPaPk5vxX98NJVa\nB8F3XFxHNlkLq3r52liPQHPPy7Eo6/nEM8zMAg8CgYEAjFEiE0uKKwm/T+esGxJW\nshLQL4TKOqN4HJ8dN0bzAY1fZxpS65Aau4YW1veFTGHwzzVwXi/5kq8jIQaiL2Lq\np8edhDpRWU4lkGVYJyF+D8VNZMA2bv5xqFteBM9E593fUPw4IOLG5o/EClY5TW0D\nLiDB9tFrNJVGnWHvSpBJcwMCgYEAuIv7AequlssqHBwSPg5SRpNUPA5M9BAPecXX\ny07oiTLWRhF5msm+10TwIjko9uBOoJ6NAjKQXSiNEIqx+6SFBqp/2QkY/Uze5qly\nUuqpqPgAcoU/J4JUq2w/dEiRvnkZzB3cy0BERF1/3Lvef3Lvut6oxhymEQz66R0W\nQZps7/kCgYEAoV/uh7dNMhGqCvzFizSYGrXSrfxPKbzisPxIsviOks3010InTh/K\nUHBfUFJjOHzcMhF9mFnMDSc7sK7lXUaNhpgNjA78TROcNthbcICUPlwFT8X8d6yp\nKftoi/BzBtcYfAWBB+APC2SIbQpd4kFMCYu6zHtAyk9CLggR6HOsPYg=\n-----END RSA PRIVATE KEY-----\n",
            "source": null
          },
          "sensitive_attributes": [
            [
              {
                "type": "get_attr",
                "value": "sensitive_content"
              }
            ]
          ],
          "private": "bnVsbA==",
          "dependencies": [
            "module.ssh-key.tls_private_key.key"
          ]
        }
      ]
    },
    {
      "module": "module.ssh-key",
      "mode": "managed",
      "type": "tls_private_key",
      "name": "key",
      "provider": "provider[\"registry.terraform.io/hashicorp/tls\"]",
      "instances": [
        {
          "schema_version": 1,
          "attributes": {
            "algorithm": "RSA",
            "ecdsa_curve": "P224",
            "id": "f46f0abf75cb1b72d2a78e3328acf918b91cf0eb",
            "private_key_openssh": "-----BEGIN OPENSSH PRIVATE KEY-----\nb3BlbnNzaC1rZXktdjEAAAAABG5vbmUAAAAEbm9uZQAAAAAAAAABAAABFwAAAAdz\nc2gtcnNhAAAAAwEAAQAAAQEAyUdlKpZVm1/uWMExcM47LFM3C1QYdrptDueOk+pC\nrvy2aypAIlbQjaq2PXvdIoYAQavpSel5Y6xdSu8nN69+/lgMj3UtCHBqu3nYocYs\nHv8tBEkRQLC1EGQ/15YZSe+McCYthDjJX9+XhKSGfejBvVX+COEc52Y+CKlqBQ8n\nF6tun9Pp0equLdeA3cc3IwGv2wqFBAV7Iyk4Q3uSOuWjcWXXa5dpq/tsitt7QYsA\nx0VH+teBavAIuxH9LadVyotEPc3uzxRHL68396LKVx8imk7WHAvaM63avCAvE3Bo\ne7qgtTJfDlXmqEeVbY3A34i0t+RYkWsHn7cWLQZ+DM/JgQAAA7hCFEtZQhRLWQAA\nAAdzc2gtcnNhAAABAQDJR2UqllWbX+5YwTFwzjssUzcLVBh2um0O546T6kKu/LZr\nKkAiVtCNqrY9e90ihgBBq+lJ6XljrF1K7yc3r37+WAyPdS0IcGq7edihxiwe/y0E\nSRFAsLUQZD/XlhlJ74xwJi2EOMlf35eEpIZ96MG9Vf4I4RznZj4IqWoFDycXq26f\n0+nR6q4t14DdxzcjAa/bCoUEBXsjKThDe5I65aNxZddrl2mr+2yK23tBiwDHRUf6\n14Fq8Ai7Ef0tp1XKi0Q9ze7PFEcvrzf3ospXHyKaTtYcC9ozrdq8IC8TcGh7uqC1\nMl8OVeaoR5VtjcDfiLS35FiRaweftxYtBn4Mz8mBAAAAAwEAAQAAAQBaKKzcQrLe\nAj6VaxRmXzqKREwnuueqZx9qybZH82sjTve3URmhSBnrG0i+ibkoObXrtMGu5fIF\n/7NaWX3Lp8TO0UnvCKG/YfutNosfC9G/oLXdcY1U2NKCISWnwAhb4f2aTr+ctoMd\net44ACpuQ9Bkqxw7hfqYfGfVIW3oDj2Ij+p2oPiZrJ+4HU1TJrVPRrf73eaqROF9\nqPi29D1XJuEiWFA2R0oCfS1Ox1BmRDf1P6Ffhu+bwZhNv1049XvIrSmzXjkNe4Vy\ngPeO8W4HtG6e/5baSp8eYtlr7NYNkSouUTONSFWVm6fHe0Ge2y+97pY6V2Ljwvjc\nf90xzbsalhqxAAAAgQChX+6Ht00yEaoK/MWLNJgatdKt/E8pvOKw/Eiy+I6SzfTX\nQidOH8pQcF9QUmM4fNwyEX2YWcwNJzuwruVdRo2GmA2MDvxNE5w22FtwgJQ+XAVP\nxfx3rKkp+2iL8HMG1xh8BYEH4A8LZIhtCl3iQUwJi7rMe0DKT0IuCBHoc6w9iAAA\nAIEA6HYuqUMVwQHiq2tdvgVh9Z3lZFgz7CGKFGfWkq48gqVf/hh824BzoKtgZcVO\nfYa4w66jta9uII4zPb3YRByQlltlkRfOKw6ciE4ta0KhVr6Jc6WaWxv6107u9kt6\n3aleiFKHojXNKCVlNL/pc5mGD7L3NzP8Bs+byfsSvN63y28AAACBAN2o5oX8NiF9\nDGbL/THnaraNvb/xB1lV4BrS/EVRrEzFzRu3tUo9MBq96zPIuj5P731LMCQH0a6O\nQ5DvoNgAJzzlg0qaYu6OMrmRuuINdWeB7iVMQgthNrHz2j5Ob8V/fDSVWgfBd1xc\nRzZZC6t6+dpYj0Bzz8uxKOv5xDPMzAIPAAAAAAEC\n-----END OPENSSH PRIVATE KEY-----\n",
            "private_key_pem": "-----BEGIN RSA PRIVATE KEY-----\nMIIEpQIBAAKCAQEAyUdlKpZVm1/uWMExcM47LFM3C1QYdrptDueOk+pCrvy2aypA\nIlbQjaq2PXvdIoYAQavpSel5Y6xdSu8nN69+/lgMj3UtCHBqu3nYocYsHv8tBEkR\nQLC1EGQ/15YZSe+McCYthDjJX9+XhKSGfejBvVX+COEc52Y+CKlqBQ8nF6tun9Pp\n0equLdeA3cc3IwGv2wqFBAV7Iyk4Q3uSOuWjcWXXa5dpq/tsitt7QYsAx0VH+teB\navAIuxH9LadVyotEPc3uzxRHL68396LKVx8imk7WHAvaM63avCAvE3Boe7qgtTJf\nDlXmqEeVbY3A34i0t+RYkWsHn7cWLQZ+DM/JgQIDAQABAoIBAFoorNxCst4CPpVr\nFGZfOopETCe656pnH2rJtkfzayNO97dRGaFIGesbSL6JuSg5teu0wa7l8gX/s1pZ\nfcunxM7RSe8Iob9h+602ix8L0b+gtd1xjVTY0oIhJafACFvh/ZpOv5y2gx163jgA\nKm5D0GSrHDuF+ph8Z9UhbegOPYiP6nag+Jmsn7gdTVMmtU9Gt/vd5qpE4X2o+Lb0\nPVcm4SJYUDZHSgJ9LU7HUGZEN/U/oV+G75vBmE2/XTj1e8itKbNeOQ17hXKA947x\nbge0bp7/ltpKnx5i2Wvs1g2RKi5RM41IVZWbp8d7QZ7bL73uljpXYuPC+Nx/3THN\nuxqWGrECgYEA6HYuqUMVwQHiq2tdvgVh9Z3lZFgz7CGKFGfWkq48gqVf/hh824Bz\noKtgZcVOfYa4w66jta9uII4zPb3YRByQlltlkRfOKw6ciE4ta0KhVr6Jc6WaWxv6\n107u9kt63aleiFKHojXNKCVlNL/pc5mGD7L3NzP8Bs+byfsSvN63y28CgYEA3ajm\nhfw2IX0MZsv9Medqto29v/EHWVXgGtL8RVGsTMXNG7e1Sj0wGr3rM8i6Pk/vfUsw\nJAfRro5DkO+g2AAnPOWDSppi7o4yuZG64g11Z4HuJUxCC2E2sfPaPk5vxX98NJVa\nB8F3XFxHNlkLq3r52liPQHPPy7Eo6/nEM8zMAg8CgYEAjFEiE0uKKwm/T+esGxJW\nshLQL4TKOqN4HJ8dN0bzAY1fZxpS65Aau4YW1veFTGHwzzVwXi/5kq8jIQaiL2Lq\np8edhDpRWU4lkGVYJyF+D8VNZMA2bv5xqFteBM9E593fUPw4IOLG5o/EClY5TW0D\nLiDB9tFrNJVGnWHvSpBJcwMCgYEAuIv7AequlssqHBwSPg5SRpNUPA5M9BAPecXX\ny07oiTLWRhF5msm+10TwIjko9uBOoJ6NAjKQXSiNEIqx+6SFBqp/2QkY/Uze5qly\nUuqpqPgAcoU/J4JUq2w/dEiRvnkZzB3cy0BERF1/3Lvef3Lvut6oxhymEQz66R0W\nQZps7/kCgYEAoV/uh7dNMhGqCvzFizSYGrXSrfxPKbzisPxIsviOks3010InTh/K\nUHBfUFJjOHzcMhF9mFnMDSc7sK7lXUaNhpgNjA78TROcNthbcICUPlwFT8X8d6yp\nKftoi/BzBtcYfAWBB+APC2SIbQpd4kFMCYu6zHtAyk9CLggR6HOsPYg=\n-----END RSA PRIVATE KEY-----\n",
            "private_key_pem_pkcs8": "-----BEGIN PRIVATE KEY-----\nMIIEvwIBADANBgkqhkiG9w0BAQEFAASCBKkwggSlAgEAAoIBAQDJR2UqllWbX+5Y\nwTFwzjssUzcLVBh2um0O546T6kKu/LZrKkAiVtCNqrY9e90ihgBBq+lJ6XljrF1K\n7yc3r37+WAyPdS0IcGq7edihxiwe/y0ESRFAsLUQZD/XlhlJ74xwJi2EOMlf35eE\npIZ96MG9Vf4I4RznZj4IqWoFDycXq26f0+nR6q4t14DdxzcjAa/bCoUEBXsjKThD\ne5I65aNxZddrl2mr+2yK23tBiwDHRUf614Fq8Ai7Ef0tp1XKi0Q9ze7PFEcvrzf3\nospXHyKaTtYcC9ozrdq8IC8TcGh7uqC1Ml8OVeaoR5VtjcDfiLS35FiRaweftxYt\nBn4Mz8mBAgMBAAECggEAWiis3EKy3gI+lWsUZl86ikRMJ7rnqmcfasm2R/NrI073\nt1EZoUgZ6xtIvom5KDm167TBruXyBf+zWll9y6fEztFJ7wihv2H7rTaLHwvRv6C1\n3XGNVNjSgiElp8AIW+H9mk6/nLaDHXreOAAqbkPQZKscO4X6mHxn1SFt6A49iI/q\ndqD4mayfuB1NUya1T0a3+93mqkThfaj4tvQ9VybhIlhQNkdKAn0tTsdQZkQ39T+h\nX4bvm8GYTb9dOPV7yK0ps145DXuFcoD3jvFuB7Runv+W2kqfHmLZa+zWDZEqLlEz\njUhVlZunx3tBntsvve6WOldi48L43H/dMc27GpYasQKBgQDodi6pQxXBAeKra12+\nBWH1neVkWDPsIYoUZ9aSrjyCpV/+GHzbgHOgq2BlxU59hrjDrqO1r24gjjM9vdhE\nHJCWW2WRF84rDpyITi1rQqFWvolzpZpbG/rXTu72S3rdqV6IUoeiNc0oJWU0v+lz\nmYYPsvc3M/wGz5vJ+xK83rfLbwKBgQDdqOaF/DYhfQxmy/0x52q2jb2/8QdZVeAa\n0vxFUaxMxc0bt7VKPTAaveszyLo+T+99SzAkB9GujkOQ76DYACc85YNKmmLujjK5\nkbriDXVnge4lTEILYTax89o+Tm/Ff3w0lVoHwXdcXEc2WQurevnaWI9Ac8/LsSjr\n+cQzzMwCDwKBgQCMUSITS4orCb9P56wbElayEtAvhMo6o3gcnx03RvMBjV9nGlLr\nkBq7hhbW94VMYfDPNXBeL/mSryMhBqIvYuqnx52EOlFZTiWQZVgnIX4PxU1kwDZu\n/nGoW14Ez0Tn3d9Q/Dgg4sbmj8QKVjlNbQMuIMH20Ws0lUadYe9KkElzAwKBgQC4\ni/sB6q6WyyocHBI+DlJGk1Q8Dkz0EA95xdfLTuiJMtZGEXmayb7XRPAiOSj24E6g\nno0CMpBdKI0QirH7pIUGqn/ZCRj9TN7mqXJS6qmo+AByhT8nglSrbD90SJG+eRnM\nHdzLQEREXX/cu95/cu+63qjGHKYRDPrpHRZBmmzv+QKBgQChX+6Ht00yEaoK/MWL\nNJgatdKt/E8pvOKw/Eiy+I6SzfTXQidOH8pQcF9QUmM4fNwyEX2YWcwNJzuwruVd\nRo2GmA2MDvxNE5w22FtwgJQ+XAVPxfx3rKkp+2iL8HMG1xh8BYEH4A8LZIhtCl3i\nQUwJi7rMe0DKT0IuCBHoc6w9iA==\n-----END PRIVATE KEY-----\n",
            "public_key_fingerprint_md5": "b4:04:2f:8f:ac:64:dd:58:05:f0:d7:a3:ff:40:34:44",
            "public_key_fingerprint_sha256": "SHA256:xK8Mvv5Ps9E5y8AEfmdh009ynNJniCxLBFcZmQdpYfw",
            "public_key_openssh": "ssh-rsa AAAAB3NzaC1yc2EAAAADAQABAAABAQDJR2UqllWbX+5YwTFwzjssUzcLVBh2um0O546T6kKu/LZrKkAiVtCNqrY9e90ihgBBq+lJ6XljrF1K7yc3r37+WAyPdS0IcGq7edihxiwe/y0ESRFAsLUQZD/XlhlJ74xwJi2EOMlf35eEpIZ96MG9Vf4I4RznZj4IqWoFDycXq26f0+nR6q4t14DdxzcjAa/bCoUEBXsjKThDe5I65aNxZddrl2mr+2yK23tBiwDHRUf614Fq8Ai7Ef0tp1XKi0Q9ze7PFEcvrzf3ospXHyKaTtYcC9ozrdq8IC8TcGh7uqC1Ml8OVeaoR5VtjcDfiLS35FiRaweftxYtBn4Mz8mB\n",
            "public_key_pem": "-----BEGIN PUBLIC KEY-----\nMIIBIjANBgkqhkiG9w0BAQEFAAOCAQ8AMIIBCgKCAQEAyUdlKpZVm1/uWMExcM47\nLFM3C1QYdrptDueOk+pCrvy2aypAIlbQjaq2PXvdIoYAQavpSel5Y6xdSu8nN69+\n/lgMj3UtCHBqu3nYocYsHv8tBEkRQLC1EGQ/15YZSe+McCYthDjJX9+XhKSGfejB\nvVX+COEc52Y+CKlqBQ8nF6tun9Pp0equLdeA3cc3IwGv2wqFBAV7Iyk4Q3uSOuWj\ncWXXa5dpq/tsitt7QYsAx0VH+teBavAIuxH9LadVyotEPc3uzxRHL68396LKVx8i\nmk7WHAvaM63avCAvE3Boe7qgtTJfDlXmqEeVbY3A34i0t+RYkWsHn7cWLQZ+DM/J\ngQIDAQAB\n-----END PUBLIC KEY-----\n",
            "rsa_bits": 2048
          },
          "sensitive_attributes": [],
          "create_before_destroy": true
        }
      ]
    },
    {
      "module": "module.storage",
      "mode": "managed",
      "type": "aws_efs_file_system",
      "name": "efs",
      "provider": "provider[\"registry.terraform.io/hashicorp/aws\"]",
      "instances": [
        {
          "schema_version": 0,
          "attributes": {
            "arn": "arn:aws:elasticfilesystem:us-west-2:872224457307:file-system/fs-029f82bd6e7231a37",
            "availability_zone_id": "",
            "availability_zone_name": "",
            "creation_token": "spikademo-efs",
            "dns_name": "fs-029f82bd6e7231a37.efs.us-west-2.amazonaws.com",
            "encrypted": false,
            "id": "fs-029f82bd6e7231a37",
            "kms_key_id": "",
            "lifecycle_policy": [],
            "number_of_mount_targets": 0,
            "owner_id": "872224457307",
            "performance_mode": "generalPurpose",
            "provisioned_throughput_in_mibps": 0,
            "size_in_bytes": [
              {
                "value": 6144,
                "value_in_ia": 0,
                "value_in_standard": 6144
              }
            ],
            "tags": {
              "Name": "spikademo-filestorage"
            },
            "tags_all": {
              "Name": "spikademo-filestorage"
            },
            "throughput_mode": "bursting"
          },
          "sensitive_attributes": [],
          "private": "bnVsbA==",
          "create_before_destroy": true
        }
      ]
    },
    {
      "module": "module.storage",
      "mode": "managed",
      "type": "aws_efs_mount_target",
      "name": "mount",
      "provider": "provider[\"registry.terraform.io/hashicorp/aws\"]",
      "instances": [
        {
          "schema_version": 0,
          "attributes": {
            "availability_zone_id": "usw2-az2",
            "availability_zone_name": "us-west-2a",
            "dns_name": "fs-029f82bd6e7231a37.efs.us-west-2.amazonaws.com",
            "file_system_arn": "arn:aws:elasticfilesystem:us-west-2:872224457307:file-system/fs-029f82bd6e7231a37",
            "file_system_id": "fs-029f82bd6e7231a37",
            "id": "fsmt-048072a7900917ba4",
            "ip_address": "10.0.101.170",
            "mount_target_dns_name": "us-west-2a.fs-029f82bd6e7231a37.efs.us-west-2.amazonaws.com",
            "network_interface_id": "eni-0cc5d6acfa61a0a95",
            "owner_id": "872224457307",
            "security_groups": [
              "sg-003f373e22aacee5f"
            ],
            "subnet_id": "subnet-04c4266f7ad4ad2f1"
          },
          "sensitive_attributes": [],
          "private": "bnVsbA==",
          "dependencies": [
            "module.networking.aws_security_group.allow_pub",
            "module.networking.data.aws_availability_zones.available",
            "module.networking.module.vpc.aws_subnet.public",
            "module.networking.module.vpc.aws_vpc.this",
            "module.networking.module.vpc.aws_vpc_ipv4_cidr_block_association.this",
            "module.storage.aws_efs_file_system.efs"
          ]
        }
      ]
    }
  ],
  "check_results": null
}
