{
  "version": 4,
  "terraform_version": "1.3.3",
  "serial": 6113,
  "lineage": "d3b26784-d75e-c2d5-abfd-2dd4291965db",
  "outputs": {
    "ELB_DNS_name": {
      "value": "spikademo-alb-2035704771.us-west-2.elb.amazonaws.com",
      "type": "string"
    },
    "database_connection_string": {
      "value": "mysql://spikadb_user:2S7pO23oIBnR5olv@34.208.208.37/spikadb",
      "type": "string",
      "sensitive": true
    },
    "public_connection_string_app": {
      "value": "ssh -i spikademo-key.pem ubuntu@35.88.226.76",
      "type": "string"
    },
    "public_connection_string_db": {
      "value": "ssh -i spikademo-key.pem ubuntu@34.208.208.37",
      "type": "string"
    }
  },
  "resources": [
    {
      "mode": "managed",
      "type": "random_password",
      "name": "db_master_pass",
      "provider": "provider[\"registry.terraform.io/hashicorp/random\"]",
      "instances": [
        {
          "schema_version": 3,
          "attributes": {
            "bcrypt_hash": "$2a$10$k.TQu9xMuVGawZZVgXFQbeAwLFddZSCWg3DwPaAyGHElhPGzDLXz.",
            "id": "none",
            "keepers": {
              "pass_version": "1"
            },
            "length": 16,
            "lower": true,
            "min_lower": 0,
            "min_numeric": 0,
            "min_special": 0,
            "min_upper": 0,
            "number": true,
            "numeric": true,
            "override_special": null,
            "result": "2S7pO23oIBnR5olv",
            "special": false,
            "upper": true
          },
          "sensitive_attributes": [],
          "create_before_destroy": true
        }
      ]
    },
    {
      "mode": "managed",
      "type": "random_password",
      "name": "queue_pass",
      "provider": "provider[\"registry.terraform.io/hashicorp/random\"]",
      "instances": [
        {
          "schema_version": 3,
          "attributes": {
            "bcrypt_hash": "$2a$10$uCIslBufpJRfE84Qencro.w8HMqqf0GnNGc3tDOE4eNeai1EC0RFq",
            "id": "none",
            "keepers": {
              "pass_version": "1"
            },
            "length": 16,
            "lower": true,
            "min_lower": 0,
            "min_numeric": 0,
            "min_special": 0,
            "min_upper": 0,
            "number": true,
            "numeric": true,
            "override_special": null,
            "result": "dF0j2q92q8MOJE0Y",
            "special": false,
            "upper": true
          },
          "sensitive_attributes": [],
          "create_before_destroy": true
        }
      ]
    },
    {
      "module": "module.ec2",
      "mode": "data",
      "type": "aws_ami",
      "name": "ubuntu-linux-2204",
      "provider": "provider[\"registry.terraform.io/hashicorp/aws\"]",
      "instances": [
        {
          "schema_version": 0,
          "attributes": {
            "architecture": "x86_64",
            "arn": "arn:aws:ec2:us-west-2::image/ami-038241ba95c675888",
            "block_device_mappings": [
              {
                "device_name": "/dev/sda1",
                "ebs": {
                  "delete_on_termination": "true",
                  "encrypted": "false",
                  "iops": "0",
                  "snapshot_id": "snap-0a3aca1a4f1e74a10",
                  "throughput": "0",
                  "volume_size": "8",
                  "volume_type": "gp2"
                },
                "no_device": "",
                "virtual_name": ""
              },
              {
                "device_name": "/dev/sdb",
                "ebs": {},
                "no_device": "",
                "virtual_name": "ephemeral0"
              },
              {
                "device_name": "/dev/sdc",
                "ebs": {},
                "no_device": "",
                "virtual_name": "ephemeral1"
              }
            ],
            "boot_mode": "",
            "creation_date": "2022-11-01T18:10:36.000Z",
            "deprecation_time": "2024-11-01T18:10:36.000Z",
            "description": "Canonical, Ubuntu, 22.04 LTS, amd64 jammy image build on 2022-11-01",
            "ena_support": true,
            "executable_users": null,
            "filter": [
              {
                "name": "name",
                "values": [
                  "ubuntu/images/hvm-ssd/ubuntu-jammy-22.04-amd64-server-*"
                ]
              },
              {
                "name": "virtualization-type",
                "values": [
                  "hvm"
                ]
              }
            ],
            "hypervisor": "xen",
            "id": "ami-038241ba95c675888",
            "image_id": "ami-038241ba95c675888",
            "image_location": "amazon/ubuntu/images/hvm-ssd/ubuntu-jammy-22.04-amd64-server-20221101.1",
            "image_owner_alias": "amazon",
            "image_type": "machine",
            "imds_support": "",
            "include_deprecated": false,
            "kernel_id": "",
            "most_recent": true,
            "name": "ubuntu/images/hvm-ssd/ubuntu-jammy-22.04-amd64-server-20221101.1",
            "name_regex": null,
            "owner_id": "099720109477",
            "owners": [
              "099720109477"
            ],
            "platform": "",
            "platform_details": "Linux/UNIX",
            "product_codes": [],
            "public": true,
            "ramdisk_id": "",
            "root_device_name": "/dev/sda1",
            "root_device_type": "ebs",
            "root_snapshot_id": "snap-0a3aca1a4f1e74a10",
            "sriov_net_support": "simple",
            "state": "available",
            "state_reason": {
              "code": "UNSET",
              "message": "UNSET"
            },
            "tags": {},
            "timeouts": null,
            "tpm_support": "",
            "usage_operation": "RunInstances",
            "virtualization_type": "hvm"
          },
          "sensitive_attributes": []
        }
      ]
    },
    {
      "module": "module.ec2",
      "mode": "data",
      "type": "template_file",
      "name": "env",
      "provider": "provider[\"registry.terraform.io/hashicorp/template\"]",
      "instances": [
        {
          "schema_version": 0,
          "attributes": {
            "filename": null,
            "id": "1a022e77ff682bc7358282757aaa9cfac12464532af8e5deb166da8b1c549368",
            "rendered": "COMPOSE_PROJECT_NAME=spika3\nADMIN_USERNAME='admin'\nADMIN_PASSWORD='password'\nSERVER_PORT=8080\n#API_BASE_URL=http://localhost:3000/api\nCONFCALL_HOST_URL=wss://spika3mediasoup.spika.chat\n\nUSE_MNG_API=1\nUSE_MSG_API=1\nUSE_SMS=1\nUSE_SSE=1\nUSE_UPLOAD=1\nUSE_PUSH=1\nUSE_CONFCALL=1\nUSE_MESSAGE_RECORDS_SSE=1\nUSE_WEBHOOK=1\n\nTEAM_MODE=1\n\nIS_TEST=0\nTWILIO_SID=AC22ef9d07bc79c3af873552bd7400623f\nTWILIO_TOKEN=00c763a417eb35b39fc4b5e3770fd3bb\nTWILIO_FROM_NUMBER=+16069560377\n\nLOG_INFO=1\nLOG_WARN=0\nLOG_ERROR=1\n\nFCM_PROJECT_ID=spika3webpush\nFCM_API_KEY=AIzaSyCQ9QkNE1VEEDdDJb6p-bdrBizVLtiPZuY\nFCM_AUTH_DOMAIN=spika3webpush.firebaseapp.com\nFCM_STORAGE_BUCKET=spika3webpush.appspot.com\nFCM_SENDER_ID=1036008924550\nFCM_APP_ID=1:1036008924550:web:d151610b05a9eef0c23807\nFCM_VAPID_KEY=\"BMvl3iS7PxDkSXhCT_0goMH5-XK83JB5QveMI6QgYq7D-G8Es9FeSgQ7W-7T4vWQ6REaQblti2Kq4r3buyANoeI\"\nFCM_HOST=fcm.googleapis.com\nFCM_PRIVATE_KEY=\"-----BEGIN PRIVATE KEY-----\\nMIIEvQIBADANBgkqhkiG9w0BAQEFAASCBKcwggSjAgEAAoIBAQC0UuO9wangI3kQ\\niG4qIQos7ZkV8xNtquJ+y9063/Ku0rCrbH/iss4PS9CiduUbREoFheJVu+aI2noT\\nXcF2lLBjReJkDQczXnGL1O6l/EuFXgWRBNbJo6AMEUi4WyDON5Z2RT2a3oqbnJZS\\nNkd6NZwctx/k/6BIkpXXzTx1P4ISiARu6445HeTe46KIA03qhNGuUPI0evMiLwup\\noJiS+3XqZfgKaA2g2Dm2WsIGaIz4yKtkPOlGf17bAsPlho+uP3nPCC6jGbiey/sI\\nIXZhJ657mha7QtAijbeikwd03LsJN4jgDcYctvULIIuTnnvvLdc4Lr26czPOXWW8\\nEu2s4QKBAgMBAAECggEAQUHCAzjjpiaQOGh3Ha3pRcsSXHwkKsrtvp8+R4EmDRhY\\nMSFJwpucsLJqJXFLhiuXcho6h3ZBfoM6LGoAik5S6wouXLDOS0vBYa5EUzNTjUcy\\nUoHizQP29ocGvxjTbW12eQSjv7kLhjcLu2LDSTm/bjDjTPcpZToPGhK+71t1Ugjk\\n/VCIcLFT4dl3JltxixkOUpfDrT+2mLqgvrWGkOwAKLCeU+bdUf/dx+J+48uUBAAL\\nxGfBjaM4NMQZPiLyXwhJew0a/+Vaazg2QByWVqoPBRTvbEXpcAk2hGGMK45yjEsJ\\nadiKVI/Nr9jSBrxG+C40r7S+gLcrMPAseEI+6SRaJQKBgQDsqTqm1J8VZ0CZVYI1\\nBCiALfkSgQWLcuOYiavM60EjUwjd+qrngzQjFgn48Ri7UqW84b49MdTcKrCXUMgt\\nuG9F0tp5rOpDigUjXnzL7jfQJFTrDrkvds4BNtkAfvRw7ssYSUSuu142xElrlVrN\\nH3Q3EaXFsFFbRG+xzIK3jhyxAwKBgQDDDyCc8byT9Vml3M4EGBT0fmN8Nov/mA2N\\nVvWR2UmZv5APUN4RahpvgZqTSHhUphp4w7eLwmho+kylxd1o5qQEldAwBf6ky4Wv\\nYxA4/bijqdrrnBK/COpJ6eV6SC7WaqCI2CHvND+D39xRd3dg1L4Nc3Ky4Lgp0OfT\\nmb5lmTttKwKBgBqpKeFXfKB1pFJhzqxYTpO6GiAahtxh0gACKmeIbSsklJAlSBGS\\nt1HojrELwCSCOAeiSsMsFPXEnWY+hH6aE3cDPPeOIkn/h3qnj1mN+Z2qKiLc4sHV\\nGXoLisDCjJkYXarbvjANDZ0P2dGT3snS7E2z4D/4EAI/IHIgPu2cxeCvAoGBAIP8\\nI2wu4hQXqx5hBwGcLem176kn25kKEPl3Qtj6dyPSjC7g4DJWYibbQnWwTsOwVS8r\\n93FZDX8jBmQRO5z0mz0DBgjItaJamE2xsVNu0tXjY9+TDtg2txlma8FPQGoTYibW\\nYDfUWbno6tIxDRT3PtYpLQ4+oj6hPYxfdoaWpbBbAoGAbP66UJYuaB4GgVRLTqQ4\\ncOExtxh3L6aYhYGUCUtG0X2jK/55DnPMf79V4sMAiEb5G4xIZRdv7TIC0Fp0MEY5\\nh0YoQIyVrc8Dg66PSILwZKfCfUi4xzM/rmUaS++HsSlHWJEg4KLvPqvEkmOuEOs/\\n02ZdLtzD6f/WpNyBAQZJwTk=\\n-----END PRIVATE KEY-----\\n\"\nFCM_EMAIL=firebase-adminsdk-r6q19@spika3webpush.iam.gserviceaccount.com\n\n\nUPLOAD_FOLDER=/var/spika/uploads\n\n\nMEDIASOUP_ANNOUNCED_IP='127.0.0.1'\nMEDIASOUP_LISTEN_IP='0.0.0.0'\nMEDIASOUP_MIN_PORT=40000\nMEDIASOUP_MAX_PORT=49999\n\nENV='production'\n#DEBUG=\"mediasoup*\"\n\n#UPLOADS_BASE_URL=http://localhost:3000\n#API_BASE_URL=http://localhost:3000/api\n#DATABASE_URL=\"mysql://root:ZjP68Ygd@localhost:3306/db\"\n#RABBITMQ_URL=amqp://myuser:mypassword@localhost\n#REDIS_URL=redis://localhost:8018\n",
            "template": "COMPOSE_PROJECT_NAME=spika3\nADMIN_USERNAME='admin'\nADMIN_PASSWORD='password'\nSERVER_PORT=8080\n#API_BASE_URL=http://localhost:3000/api\nCONFCALL_HOST_URL=wss://spika3mediasoup.spika.chat\n\nUSE_MNG_API=1\nUSE_MSG_API=1\nUSE_SMS=1\nUSE_SSE=1\nUSE_UPLOAD=1\nUSE_PUSH=1\nUSE_CONFCALL=1\nUSE_MESSAGE_RECORDS_SSE=1\nUSE_WEBHOOK=1\n\nTEAM_MODE=1\n\nIS_TEST=0\nTWILIO_SID=AC22ef9d07bc79c3af873552bd7400623f\nTWILIO_TOKEN=00c763a417eb35b39fc4b5e3770fd3bb\nTWILIO_FROM_NUMBER=+16069560377\n\nLOG_INFO=1\nLOG_WARN=0\nLOG_ERROR=1\n\nFCM_PROJECT_ID=spika3webpush\nFCM_API_KEY=AIzaSyCQ9QkNE1VEEDdDJb6p-bdrBizVLtiPZuY\nFCM_AUTH_DOMAIN=spika3webpush.firebaseapp.com\nFCM_STORAGE_BUCKET=spika3webpush.appspot.com\nFCM_SENDER_ID=1036008924550\nFCM_APP_ID=1:1036008924550:web:d151610b05a9eef0c23807\nFCM_VAPID_KEY=\"BMvl3iS7PxDkSXhCT_0goMH5-XK83JB5QveMI6QgYq7D-G8Es9FeSgQ7W-7T4vWQ6REaQblti2Kq4r3buyANoeI\"\nFCM_HOST=fcm.googleapis.com\nFCM_PRIVATE_KEY=\"-----BEGIN PRIVATE KEY-----\\nMIIEvQIBADANBgkqhkiG9w0BAQEFAASCBKcwggSjAgEAAoIBAQC0UuO9wangI3kQ\\niG4qIQos7ZkV8xNtquJ+y9063/Ku0rCrbH/iss4PS9CiduUbREoFheJVu+aI2noT\\nXcF2lLBjReJkDQczXnGL1O6l/EuFXgWRBNbJo6AMEUi4WyDON5Z2RT2a3oqbnJZS\\nNkd6NZwctx/k/6BIkpXXzTx1P4ISiARu6445HeTe46KIA03qhNGuUPI0evMiLwup\\noJiS+3XqZfgKaA2g2Dm2WsIGaIz4yKtkPOlGf17bAsPlho+uP3nPCC6jGbiey/sI\\nIXZhJ657mha7QtAijbeikwd03LsJN4jgDcYctvULIIuTnnvvLdc4Lr26czPOXWW8\\nEu2s4QKBAgMBAAECggEAQUHCAzjjpiaQOGh3Ha3pRcsSXHwkKsrtvp8+R4EmDRhY\\nMSFJwpucsLJqJXFLhiuXcho6h3ZBfoM6LGoAik5S6wouXLDOS0vBYa5EUzNTjUcy\\nUoHizQP29ocGvxjTbW12eQSjv7kLhjcLu2LDSTm/bjDjTPcpZToPGhK+71t1Ugjk\\n/VCIcLFT4dl3JltxixkOUpfDrT+2mLqgvrWGkOwAKLCeU+bdUf/dx+J+48uUBAAL\\nxGfBjaM4NMQZPiLyXwhJew0a/+Vaazg2QByWVqoPBRTvbEXpcAk2hGGMK45yjEsJ\\nadiKVI/Nr9jSBrxG+C40r7S+gLcrMPAseEI+6SRaJQKBgQDsqTqm1J8VZ0CZVYI1\\nBCiALfkSgQWLcuOYiavM60EjUwjd+qrngzQjFgn48Ri7UqW84b49MdTcKrCXUMgt\\nuG9F0tp5rOpDigUjXnzL7jfQJFTrDrkvds4BNtkAfvRw7ssYSUSuu142xElrlVrN\\nH3Q3EaXFsFFbRG+xzIK3jhyxAwKBgQDDDyCc8byT9Vml3M4EGBT0fmN8Nov/mA2N\\nVvWR2UmZv5APUN4RahpvgZqTSHhUphp4w7eLwmho+kylxd1o5qQEldAwBf6ky4Wv\\nYxA4/bijqdrrnBK/COpJ6eV6SC7WaqCI2CHvND+D39xRd3dg1L4Nc3Ky4Lgp0OfT\\nmb5lmTttKwKBgBqpKeFXfKB1pFJhzqxYTpO6GiAahtxh0gACKmeIbSsklJAlSBGS\\nt1HojrELwCSCOAeiSsMsFPXEnWY+hH6aE3cDPPeOIkn/h3qnj1mN+Z2qKiLc4sHV\\nGXoLisDCjJkYXarbvjANDZ0P2dGT3snS7E2z4D/4EAI/IHIgPu2cxeCvAoGBAIP8\\nI2wu4hQXqx5hBwGcLem176kn25kKEPl3Qtj6dyPSjC7g4DJWYibbQnWwTsOwVS8r\\n93FZDX8jBmQRO5z0mz0DBgjItaJamE2xsVNu0tXjY9+TDtg2txlma8FPQGoTYibW\\nYDfUWbno6tIxDRT3PtYpLQ4+oj6hPYxfdoaWpbBbAoGAbP66UJYuaB4GgVRLTqQ4\\ncOExtxh3L6aYhYGUCUtG0X2jK/55DnPMf79V4sMAiEb5G4xIZRdv7TIC0Fp0MEY5\\nh0YoQIyVrc8Dg66PSILwZKfCfUi4xzM/rmUaS++HsSlHWJEg4KLvPqvEkmOuEOs/\\n02ZdLtzD6f/WpNyBAQZJwTk=\\n-----END PRIVATE KEY-----\\n\"\nFCM_EMAIL=firebase-adminsdk-r6q19@spika3webpush.iam.gserviceaccount.com\n\n\nUPLOAD_FOLDER=/var/spika/uploads\n\n\nMEDIASOUP_ANNOUNCED_IP='127.0.0.1'\nMEDIASOUP_LISTEN_IP='0.0.0.0'\nMEDIASOUP_MIN_PORT=40000\nMEDIASOUP_MAX_PORT=49999\n\nENV='production'\n#DEBUG=\"mediasoup*\"\n\n#UPLOADS_BASE_URL=http://localhost:3000\n#API_BASE_URL=http://localhost:3000/api\n#DATABASE_URL=\"mysql://root:ZjP68Ygd@localhost:3306/db\"\n#RABBITMQ_URL=amqp://myuser:mypassword@localhost\n#REDIS_URL=redis://localhost:8018\n",
            "vars": null
          },
          "sensitive_attributes": []
        }
      ]
    },
    {
      "module": "module.ec2",
      "mode": "data",
      "type": "template_file",
      "name": "init_app",
      "provider": "provider[\"registry.terraform.io/hashicorp/template\"]",
      "instances": [
        {
          "schema_version": 0,
          "attributes": {
            "filename": null,
            "id": "362849277cb92118b65ebb51e351f08d01c27c0e42c60f9390b0a8373ce7e918",
            "rendered": "#!/bin/bash -v\napt-get update -y\napt-get install -y nfs-common curl python3 build-essential pip\n\n#!/bin/bash -v\napt-get update -y\napt-get install -y nfs-common curl python3 build-essential pip\necho fs-011792c843635e5a2.efs.us-west-2.amazonaws.com \u003e\u003e /home/ubuntu/installlog\nmkdir /var/spika\nmount -t nfs -o nfsvers=4.1,rsize=1048576,wsize=1048576,hard,timeo=600,retrans=2,noresvport fs-011792c843635e5a2.efs.us-west-2.amazonaws.com:/  /var/spika\necho fs-011792c843635e5a2.efs.us-west-2.amazonaws.com:/ /var/spika nfs4 defaults,_netdev 0 0  | sudo cat \u003e\u003e /etc/fstab\nchown ubuntu:ubuntu /var/spika\nchown -R ubuntu:ubuntu /home/ubuntu \u0026\u003e\u003e /home/ubuntu/installlog\n\n# Install nodejs and others\ncat \u003e /tmp/subscript.sh \u003c\u003c EOF\n# START UBUNTU USERSPACE\necho \"Setting up NodeJS Environment\"\ncurl -o- https://raw.githubusercontent.com/creationix/nvm/v0.33.9/install.sh | bash\necho 'export NVM_DIR=\"/home/ubuntu/.nvm\"' \u003e\u003e /home/ubuntu/.bashrc\necho '[ -s \"$NVM_DIR/nvm.sh\" ] \u0026\u0026 . \"$NVM_DIR/nvm.sh\"  # This loads nvm' \u003e\u003e /home/ubuntu/.bashrc\n# Dot source the files to ensure that variables are available within the current shell\n. /home/ubuntu/.nvm/nvm.sh\n. /home/ubuntu/.profile\n. /home/ubuntu/.bashrc\n# Install NVM, NPM, Node.JS \u0026 Grunt\nnvm install --lts\nnvm ls\nnvm install 18\nnvm use 18\nnvm alias defautl 18\n\ncd /home/ubuntu\ngit clone https://github.com/cloverstudio/Spika3.git\n\ncd /home/ubuntu/Spika3; \ngit checkout work/terraform_support \n\n\necho \"COMPOSE_PROJECT_NAME=spika3\nADMIN_USERNAME='admin'\nADMIN_PASSWORD='password'\nSERVER_PORT=8080\n#API_BASE_URL=http://localhost:3000/api\nCONFCALL_HOST_URL=wss://spika3mediasoup.spika.chat\n\nUSE_MNG_API=1\nUSE_MSG_API=1\nUSE_SMS=1\nUSE_SSE=1\nUSE_UPLOAD=1\nUSE_PUSH=1\nUSE_CONFCALL=1\nUSE_MESSAGE_RECORDS_SSE=1\nUSE_WEBHOOK=1\n\nTEAM_MODE=1\n\nIS_TEST=0\nTWILIO_SID=AC22ef9d07bc79c3af873552bd7400623f\nTWILIO_TOKEN=00c763a417eb35b39fc4b5e3770fd3bb\nTWILIO_FROM_NUMBER=+16069560377\n\nLOG_INFO=1\nLOG_WARN=0\nLOG_ERROR=1\n\nFCM_PROJECT_ID=spika3webpush\nFCM_API_KEY=AIzaSyCQ9QkNE1VEEDdDJb6p-bdrBizVLtiPZuY\nFCM_AUTH_DOMAIN=spika3webpush.firebaseapp.com\nFCM_STORAGE_BUCKET=spika3webpush.appspot.com\nFCM_SENDER_ID=1036008924550\nFCM_APP_ID=1:1036008924550:web:d151610b05a9eef0c23807\nFCM_VAPID_KEY=\"BMvl3iS7PxDkSXhCT_0goMH5-XK83JB5QveMI6QgYq7D-G8Es9FeSgQ7W-7T4vWQ6REaQblti2Kq4r3buyANoeI\"\nFCM_HOST=fcm.googleapis.com\nFCM_PRIVATE_KEY=\"-----BEGIN PRIVATE KEY-----\\nMIIEvQIBADANBgkqhkiG9w0BAQEFAASCBKcwggSjAgEAAoIBAQC0UuO9wangI3kQ\\niG4qIQos7ZkV8xNtquJ+y9063/Ku0rCrbH/iss4PS9CiduUbREoFheJVu+aI2noT\\nXcF2lLBjReJkDQczXnGL1O6l/EuFXgWRBNbJo6AMEUi4WyDON5Z2RT2a3oqbnJZS\\nNkd6NZwctx/k/6BIkpXXzTx1P4ISiARu6445HeTe46KIA03qhNGuUPI0evMiLwup\\noJiS+3XqZfgKaA2g2Dm2WsIGaIz4yKtkPOlGf17bAsPlho+uP3nPCC6jGbiey/sI\\nIXZhJ657mha7QtAijbeikwd03LsJN4jgDcYctvULIIuTnnvvLdc4Lr26czPOXWW8\\nEu2s4QKBAgMBAAECggEAQUHCAzjjpiaQOGh3Ha3pRcsSXHwkKsrtvp8+R4EmDRhY\\nMSFJwpucsLJqJXFLhiuXcho6h3ZBfoM6LGoAik5S6wouXLDOS0vBYa5EUzNTjUcy\\nUoHizQP29ocGvxjTbW12eQSjv7kLhjcLu2LDSTm/bjDjTPcpZToPGhK+71t1Ugjk\\n/VCIcLFT4dl3JltxixkOUpfDrT+2mLqgvrWGkOwAKLCeU+bdUf/dx+J+48uUBAAL\\nxGfBjaM4NMQZPiLyXwhJew0a/+Vaazg2QByWVqoPBRTvbEXpcAk2hGGMK45yjEsJ\\nadiKVI/Nr9jSBrxG+C40r7S+gLcrMPAseEI+6SRaJQKBgQDsqTqm1J8VZ0CZVYI1\\nBCiALfkSgQWLcuOYiavM60EjUwjd+qrngzQjFgn48Ri7UqW84b49MdTcKrCXUMgt\\nuG9F0tp5rOpDigUjXnzL7jfQJFTrDrkvds4BNtkAfvRw7ssYSUSuu142xElrlVrN\\nH3Q3EaXFsFFbRG+xzIK3jhyxAwKBgQDDDyCc8byT9Vml3M4EGBT0fmN8Nov/mA2N\\nVvWR2UmZv5APUN4RahpvgZqTSHhUphp4w7eLwmho+kylxd1o5qQEldAwBf6ky4Wv\\nYxA4/bijqdrrnBK/COpJ6eV6SC7WaqCI2CHvND+D39xRd3dg1L4Nc3Ky4Lgp0OfT\\nmb5lmTttKwKBgBqpKeFXfKB1pFJhzqxYTpO6GiAahtxh0gACKmeIbSsklJAlSBGS\\nt1HojrELwCSCOAeiSsMsFPXEnWY+hH6aE3cDPPeOIkn/h3qnj1mN+Z2qKiLc4sHV\\nGXoLisDCjJkYXarbvjANDZ0P2dGT3snS7E2z4D/4EAI/IHIgPu2cxeCvAoGBAIP8\\nI2wu4hQXqx5hBwGcLem176kn25kKEPl3Qtj6dyPSjC7g4DJWYibbQnWwTsOwVS8r\\n93FZDX8jBmQRO5z0mz0DBgjItaJamE2xsVNu0tXjY9+TDtg2txlma8FPQGoTYibW\\nYDfUWbno6tIxDRT3PtYpLQ4+oj6hPYxfdoaWpbBbAoGAbP66UJYuaB4GgVRLTqQ4\\ncOExtxh3L6aYhYGUCUtG0X2jK/55DnPMf79V4sMAiEb5G4xIZRdv7TIC0Fp0MEY5\\nh0YoQIyVrc8Dg66PSILwZKfCfUi4xzM/rmUaS++HsSlHWJEg4KLvPqvEkmOuEOs/\\n02ZdLtzD6f/WpNyBAQZJwTk=\\n-----END PRIVATE KEY-----\\n\"\nFCM_EMAIL=firebase-adminsdk-r6q19@spika3webpush.iam.gserviceaccount.com\n\n\nUPLOAD_FOLDER=/var/spika/uploads\n\n\nMEDIASOUP_ANNOUNCED_IP='127.0.0.1'\nMEDIASOUP_LISTEN_IP='0.0.0.0'\nMEDIASOUP_MIN_PORT=40000\nMEDIASOUP_MAX_PORT=49999\n\nENV='production'\n#DEBUG=\"mediasoup*\"\n\n#UPLOADS_BASE_URL=http://localhost:3000\n#API_BASE_URL=http://localhost:3000/api\n#DATABASE_URL=\"mysql://root:ZjP68Ygd@localhost:3306/db\"\n#RABBITMQ_URL=amqp://myuser:mypassword@localhost\n#REDIS_URL=redis://localhost:8018\n\" \u003e\u003e /home/ubuntu/Spika3/.env\necho \"DATABASE_URL=\\\"mysql://spikadb_user:2S7pO23oIBnR5olv@34.208.208.37/spikadb\\\"\" \u003e\u003e /home/ubuntu/Spika3/.env\necho \"RABBITMQ_URL=\\\"amqp://spikaqueue:dF0j2q92q8MOJE0Y@34.208.208.37\\\"\" \u003e\u003e /home/ubuntu/Spika3/.env\necho \"REDIS_URL=\\\"redis://34.208.208.37:6379\\\"\" \u003e\u003e /home/ubuntu/Spika3/.env\necho \"API_BASE_URL=\\\"http://spikademo-alb-2035704771.us-west-2.elb.amazonaws.com/api\\\"\" \u003e\u003e /home/ubuntu/Spika3/.env\necho \"UPLOADS_BASE_URL=\\\"http://spikademo-alb-2035704771.us-west-2.elb.amazonaws.com\\\"\" \u003e\u003e /home/ubuntu/Spika3/.env\n\nnpm install --prefix /home/ubuntu/Spika3\n\nnpx prisma migrate deploy\nnpx prisma generate\nnpm run build:messenger\nnpm run build:management\nnpm run build:server\n\nnpm install -g pm2 \n#pm2 start npm -i max --name \"Spika\" --log-date-format 'DD-MM HH:mm:ss' -- run start:server\npm2 start npm --name \"Spika\" --log-date-format 'DD-MM HH:mm:ss' -- run start:server\npm2 install pm2-logrotate\npm2 set pm2-logrotate:rotateInterval '0 0 0 * * *'\nEOF\n\nchown ubuntu:ubuntu /tmp/subscript.sh \u0026\u0026 chmod a+x /tmp/subscript.sh \u003e\u003e /home/ubuntu/installlog\nsleep 1; su - ubuntu -c \"/tmp/subscript.sh\" \u003e\u003e /home/ubuntu/installlog\n\necho \"all done\" \u003e\u003e /home/ubuntu/installlog\n",
            "template": "#!/bin/bash -v\napt-get update -y\napt-get install -y nfs-common curl python3 build-essential pip\n\n#!/bin/bash -v\napt-get update -y\napt-get install -y nfs-common curl python3 build-essential pip\necho ${efs_dns_name} \u003e\u003e /home/ubuntu/installlog\nmkdir /var/spika\nmount -t nfs -o nfsvers=4.1,rsize=1048576,wsize=1048576,hard,timeo=600,retrans=2,noresvport ${efs_dns_name}:/  /var/spika\necho ${efs_dns_name}:/ /var/spika nfs4 defaults,_netdev 0 0  | sudo cat \u003e\u003e /etc/fstab\nchown ubuntu:ubuntu /var/spika\nchown -R ubuntu:ubuntu /home/ubuntu \u0026\u003e\u003e /home/ubuntu/installlog\n\n# Install nodejs and others\ncat \u003e /tmp/subscript.sh \u003c\u003c EOF\n# START UBUNTU USERSPACE\necho \"Setting up NodeJS Environment\"\ncurl -o- https://raw.githubusercontent.com/creationix/nvm/v0.33.9/install.sh | bash\necho 'export NVM_DIR=\"/home/ubuntu/.nvm\"' \u003e\u003e /home/ubuntu/.bashrc\necho '[ -s \"$NVM_DIR/nvm.sh\" ] \u0026\u0026 . \"$NVM_DIR/nvm.sh\"  # This loads nvm' \u003e\u003e /home/ubuntu/.bashrc\n# Dot source the files to ensure that variables are available within the current shell\n. /home/ubuntu/.nvm/nvm.sh\n. /home/ubuntu/.profile\n. /home/ubuntu/.bashrc\n# Install NVM, NPM, Node.JS \u0026 Grunt\nnvm install --lts\nnvm ls\nnvm install 18\nnvm use 18\nnvm alias defautl 18\n\ncd /home/ubuntu\ngit clone https://github.com/cloverstudio/Spika3.git\n\ncd /home/ubuntu/Spika3; \ngit checkout work/terraform_support \n\n\necho \"${prefix}\" \u003e\u003e /home/ubuntu/Spika3/.env\necho \"DATABASE_URL=\\\"${db_connection_string}\\\"\" \u003e\u003e /home/ubuntu/Spika3/.env\necho \"RABBITMQ_URL=\\\"${rabbit_mq_connection_string}\\\"\" \u003e\u003e /home/ubuntu/Spika3/.env\necho \"REDIS_URL=\\\"${redis_connection_string}\\\"\" \u003e\u003e /home/ubuntu/Spika3/.env\necho \"API_BASE_URL=\\\"http://${lb_dns_name}/api\\\"\" \u003e\u003e /home/ubuntu/Spika3/.env\necho \"UPLOADS_BASE_URL=\\\"http://${lb_dns_name}\\\"\" \u003e\u003e /home/ubuntu/Spika3/.env\n\nnpm install --prefix /home/ubuntu/Spika3\n\nnpx prisma migrate deploy\nnpx prisma generate\nnpm run build:messenger\nnpm run build:management\nnpm run build:server\n\nnpm install -g pm2 \n#pm2 start npm -i max --name \"Spika\" --log-date-format 'DD-MM HH:mm:ss' -- run start:server\npm2 start npm --name \"Spika\" --log-date-format 'DD-MM HH:mm:ss' -- run start:server\npm2 install pm2-logrotate\npm2 set pm2-logrotate:rotateInterval '0 0 0 * * *'\nEOF\n\nchown ubuntu:ubuntu /tmp/subscript.sh \u0026\u0026 chmod a+x /tmp/subscript.sh \u003e\u003e /home/ubuntu/installlog\nsleep 1; su - ubuntu -c \"/tmp/subscript.sh\" \u003e\u003e /home/ubuntu/installlog\n\necho \"all done\" \u003e\u003e /home/ubuntu/installlog\n",
            "vars": {
              "db_connection_string": "mysql://spikadb_user:2S7pO23oIBnR5olv@34.208.208.37/spikadb",
              "efs_dns_name": "fs-011792c843635e5a2.efs.us-west-2.amazonaws.com",
              "lb_dns_name": "spikademo-alb-2035704771.us-west-2.elb.amazonaws.com",
              "prefix": "COMPOSE_PROJECT_NAME=spika3\nADMIN_USERNAME='admin'\nADMIN_PASSWORD='password'\nSERVER_PORT=8080\n#API_BASE_URL=http://localhost:3000/api\nCONFCALL_HOST_URL=wss://spika3mediasoup.spika.chat\n\nUSE_MNG_API=1\nUSE_MSG_API=1\nUSE_SMS=1\nUSE_SSE=1\nUSE_UPLOAD=1\nUSE_PUSH=1\nUSE_CONFCALL=1\nUSE_MESSAGE_RECORDS_SSE=1\nUSE_WEBHOOK=1\n\nTEAM_MODE=1\n\nIS_TEST=0\nTWILIO_SID=AC22ef9d07bc79c3af873552bd7400623f\nTWILIO_TOKEN=00c763a417eb35b39fc4b5e3770fd3bb\nTWILIO_FROM_NUMBER=+16069560377\n\nLOG_INFO=1\nLOG_WARN=0\nLOG_ERROR=1\n\nFCM_PROJECT_ID=spika3webpush\nFCM_API_KEY=AIzaSyCQ9QkNE1VEEDdDJb6p-bdrBizVLtiPZuY\nFCM_AUTH_DOMAIN=spika3webpush.firebaseapp.com\nFCM_STORAGE_BUCKET=spika3webpush.appspot.com\nFCM_SENDER_ID=1036008924550\nFCM_APP_ID=1:1036008924550:web:d151610b05a9eef0c23807\nFCM_VAPID_KEY=\"BMvl3iS7PxDkSXhCT_0goMH5-XK83JB5QveMI6QgYq7D-G8Es9FeSgQ7W-7T4vWQ6REaQblti2Kq4r3buyANoeI\"\nFCM_HOST=fcm.googleapis.com\nFCM_PRIVATE_KEY=\"-----BEGIN PRIVATE KEY-----\\nMIIEvQIBADANBgkqhkiG9w0BAQEFAASCBKcwggSjAgEAAoIBAQC0UuO9wangI3kQ\\niG4qIQos7ZkV8xNtquJ+y9063/Ku0rCrbH/iss4PS9CiduUbREoFheJVu+aI2noT\\nXcF2lLBjReJkDQczXnGL1O6l/EuFXgWRBNbJo6AMEUi4WyDON5Z2RT2a3oqbnJZS\\nNkd6NZwctx/k/6BIkpXXzTx1P4ISiARu6445HeTe46KIA03qhNGuUPI0evMiLwup\\noJiS+3XqZfgKaA2g2Dm2WsIGaIz4yKtkPOlGf17bAsPlho+uP3nPCC6jGbiey/sI\\nIXZhJ657mha7QtAijbeikwd03LsJN4jgDcYctvULIIuTnnvvLdc4Lr26czPOXWW8\\nEu2s4QKBAgMBAAECggEAQUHCAzjjpiaQOGh3Ha3pRcsSXHwkKsrtvp8+R4EmDRhY\\nMSFJwpucsLJqJXFLhiuXcho6h3ZBfoM6LGoAik5S6wouXLDOS0vBYa5EUzNTjUcy\\nUoHizQP29ocGvxjTbW12eQSjv7kLhjcLu2LDSTm/bjDjTPcpZToPGhK+71t1Ugjk\\n/VCIcLFT4dl3JltxixkOUpfDrT+2mLqgvrWGkOwAKLCeU+bdUf/dx+J+48uUBAAL\\nxGfBjaM4NMQZPiLyXwhJew0a/+Vaazg2QByWVqoPBRTvbEXpcAk2hGGMK45yjEsJ\\nadiKVI/Nr9jSBrxG+C40r7S+gLcrMPAseEI+6SRaJQKBgQDsqTqm1J8VZ0CZVYI1\\nBCiALfkSgQWLcuOYiavM60EjUwjd+qrngzQjFgn48Ri7UqW84b49MdTcKrCXUMgt\\nuG9F0tp5rOpDigUjXnzL7jfQJFTrDrkvds4BNtkAfvRw7ssYSUSuu142xElrlVrN\\nH3Q3EaXFsFFbRG+xzIK3jhyxAwKBgQDDDyCc8byT9Vml3M4EGBT0fmN8Nov/mA2N\\nVvWR2UmZv5APUN4RahpvgZqTSHhUphp4w7eLwmho+kylxd1o5qQEldAwBf6ky4Wv\\nYxA4/bijqdrrnBK/COpJ6eV6SC7WaqCI2CHvND+D39xRd3dg1L4Nc3Ky4Lgp0OfT\\nmb5lmTttKwKBgBqpKeFXfKB1pFJhzqxYTpO6GiAahtxh0gACKmeIbSsklJAlSBGS\\nt1HojrELwCSCOAeiSsMsFPXEnWY+hH6aE3cDPPeOIkn/h3qnj1mN+Z2qKiLc4sHV\\nGXoLisDCjJkYXarbvjANDZ0P2dGT3snS7E2z4D/4EAI/IHIgPu2cxeCvAoGBAIP8\\nI2wu4hQXqx5hBwGcLem176kn25kKEPl3Qtj6dyPSjC7g4DJWYibbQnWwTsOwVS8r\\n93FZDX8jBmQRO5z0mz0DBgjItaJamE2xsVNu0tXjY9+TDtg2txlma8FPQGoTYibW\\nYDfUWbno6tIxDRT3PtYpLQ4+oj6hPYxfdoaWpbBbAoGAbP66UJYuaB4GgVRLTqQ4\\ncOExtxh3L6aYhYGUCUtG0X2jK/55DnPMf79V4sMAiEb5G4xIZRdv7TIC0Fp0MEY5\\nh0YoQIyVrc8Dg66PSILwZKfCfUi4xzM/rmUaS++HsSlHWJEg4KLvPqvEkmOuEOs/\\n02ZdLtzD6f/WpNyBAQZJwTk=\\n-----END PRIVATE KEY-----\\n\"\nFCM_EMAIL=firebase-adminsdk-r6q19@spika3webpush.iam.gserviceaccount.com\n\n\nUPLOAD_FOLDER=/var/spika/uploads\n\n\nMEDIASOUP_ANNOUNCED_IP='127.0.0.1'\nMEDIASOUP_LISTEN_IP='0.0.0.0'\nMEDIASOUP_MIN_PORT=40000\nMEDIASOUP_MAX_PORT=49999\n\nENV='production'\n#DEBUG=\"mediasoup*\"\n\n#UPLOADS_BASE_URL=http://localhost:3000\n#API_BASE_URL=http://localhost:3000/api\n#DATABASE_URL=\"mysql://root:ZjP68Ygd@localhost:3306/db\"\n#RABBITMQ_URL=amqp://myuser:mypassword@localhost\n#REDIS_URL=redis://localhost:8018\n",
              "rabbit_mq_connection_string": "amqp://spikaqueue:dF0j2q92q8MOJE0Y@34.208.208.37",
              "redis_connection_string": "redis://34.208.208.37:6379"
            }
          },
          "sensitive_attributes": [
            [
              {
                "type": "get_attr",
                "value": "vars"
              },
              {
                "type": "index",
                "value": {
                  "value": "db_connection_string",
                  "type": "string"
                }
              }
            ],
            [
              {
                "type": "get_attr",
                "value": "vars"
              },
              {
                "type": "index",
                "value": {
                  "value": "rabbit_mq_connection_string",
                  "type": "string"
                }
              }
            ]
          ]
        }
      ]
    },
    {
      "module": "module.ec2",
      "mode": "data",
      "type": "template_file",
      "name": "init_db",
      "provider": "provider[\"registry.terraform.io/hashicorp/template\"]",
      "instances": [
        {
          "schema_version": 0,
          "attributes": {
            "filename": null,
            "id": "8b729dc540a7291824bcad85353ebf08debb75047f05956f944c4d341fcf74d7",
            "rendered": "#!/bin/bash -v\n\necho \"Install database started\" \u003e\u003e /home/ubuntu/installlog\n\n# Disable intaractive mode in apt\necho \"\\$nrconf{restart} = 'a';\" \u0026\u003e\u003e /etc/needrestart/needrestart.conf\n\napt update\napt install -y mysql-server nfs-common curl python3 build-essential pip redis-server\nsystemctl start mysql.service\n\nmysql -e \"CREATE DATABASE spikadb;\\\nCREATE USER 'spikadb_user'@'%' IDENTIFIED BY '2S7pO23oIBnR5olv';\\\nGRANT ALL PRIVILEGES ON *.* TO 'spikadb_user'@'%';\\\nFLUSH PRIVILEGES;\" \u0026\u003e\u003e /home/ubuntu/installlog\n\n# Install rabbit mq\napt-get install gnupg apt-transport-https -y\n\ncurl -1sLf \"https://keys.openpgp.org/vks/v1/by-fingerprint/0A9AF2115F4687BD29803A206B73A36E6026DFCA\" | gpg --dearmor | tee /usr/share/keyrings/com.rabbitmq.team.gpg \u003e /dev/null\ncurl -1sLf \"https://keyserver.ubuntu.com/pks/lookup?op=get\u0026search=0xf77f1eda57ebb1cc\" | gpg --dearmor | tee /usr/share/keyrings/net.launchpad.ppa.rabbitmq.erlang.gpg \u003e /dev/null\ncurl -1sLf \"https://packagecloud.io/rabbitmq/rabbitmq-server/gpgkey\" | gpg --dearmor | tee /usr/share/keyrings/io.packagecloud.rabbitmq.gpg \u003e /dev/null\n\n## Add apt repositories maintained by Team RabbitMQ\ntee /etc/apt/sources.list.d/rabbitmq.list \u003c\u003cEOF\n\ndeb [signed-by=/usr/share/keyrings/net.launchpad.ppa.rabbitmq.erlang.gpg] http://ppa.launchpad.net/rabbitmq/rabbitmq-erlang/ubuntu jammy main\ndeb-src [signed-by=/usr/share/keyrings/net.launchpad.ppa.rabbitmq.erlang.gpg] http://ppa.launchpad.net/rabbitmq/rabbitmq-erlang/ubuntu jammy main\n\ndeb [signed-by=/usr/share/keyrings/io.packagecloud.rabbitmq.gpg] https://packagecloud.io/rabbitmq/rabbitmq-server/ubuntu/ jammy main\ndeb-src [signed-by=/usr/share/keyrings/io.packagecloud.rabbitmq.gpg] https://packagecloud.io/rabbitmq/rabbitmq-server/ubuntu/ jammy main\nEOF\n\napt-get update -y\n\n## Install Erlang packages\napt-get install -y erlang-base \\\n                        erlang-asn1 erlang-crypto erlang-eldap erlang-ftp erlang-inets \\\n                        erlang-mnesia erlang-os-mon erlang-parsetools erlang-public-key \\\n                        erlang-runtime-tools erlang-snmp erlang-ssl \\\n                        erlang-syntax-tools erlang-tftp erlang-tools erlang-xmerl\n\n## Install rabbitmq-server and its dependencies\napt-get install rabbitmq-server -y --fix-missing\nrabbitmqctl add_user \"spikaqueue\" \"dF0j2q92q8MOJE0Y\" \u0026\u003e\u003e /home/ubuntu/installlog\nrabbitmqctl set_permissions -p \"/\" \"spikaqueue\" \".*\" \".*\" \".*\" \u0026\u003e\u003e /home/ubuntu/installlog\nrabbitmq-plugins enable rabbitmq_management\n\nsed -i 's/127.0.0.1/0.0.0.0/g' /etc/mysql/mysql.conf.d/mysqld.cnf\nsed -i 's/127.0.0.1/0.0.0.0/g' /etc/redis/redis.conf\n\nsystemctl restart mysql\nsystemctl restart redis-server\n\necho \"all done\" \u003e\u003e /home/ubuntu/installlog\n",
            "template": "#!/bin/bash -v\n\necho \"Install database started\" \u003e\u003e /home/ubuntu/installlog\n\n# Disable intaractive mode in apt\necho \"\\$nrconf{restart} = 'a';\" \u0026\u003e\u003e /etc/needrestart/needrestart.conf\n\napt update\napt install -y mysql-server nfs-common curl python3 build-essential pip redis-server\nsystemctl start mysql.service\n\nmysql -e \"CREATE DATABASE ${db_name};\\\nCREATE USER '${db_username}'@'%' IDENTIFIED BY '${db_password}';\\\nGRANT ALL PRIVILEGES ON *.* TO '${db_username}'@'%';\\\nFLUSH PRIVILEGES;\" \u0026\u003e\u003e /home/ubuntu/installlog\n\n# Install rabbit mq\napt-get install gnupg apt-transport-https -y\n\ncurl -1sLf \"https://keys.openpgp.org/vks/v1/by-fingerprint/0A9AF2115F4687BD29803A206B73A36E6026DFCA\" | gpg --dearmor | tee /usr/share/keyrings/com.rabbitmq.team.gpg \u003e /dev/null\ncurl -1sLf \"https://keyserver.ubuntu.com/pks/lookup?op=get\u0026search=0xf77f1eda57ebb1cc\" | gpg --dearmor | tee /usr/share/keyrings/net.launchpad.ppa.rabbitmq.erlang.gpg \u003e /dev/null\ncurl -1sLf \"https://packagecloud.io/rabbitmq/rabbitmq-server/gpgkey\" | gpg --dearmor | tee /usr/share/keyrings/io.packagecloud.rabbitmq.gpg \u003e /dev/null\n\n## Add apt repositories maintained by Team RabbitMQ\ntee /etc/apt/sources.list.d/rabbitmq.list \u003c\u003cEOF\n\ndeb [signed-by=/usr/share/keyrings/net.launchpad.ppa.rabbitmq.erlang.gpg] http://ppa.launchpad.net/rabbitmq/rabbitmq-erlang/ubuntu jammy main\ndeb-src [signed-by=/usr/share/keyrings/net.launchpad.ppa.rabbitmq.erlang.gpg] http://ppa.launchpad.net/rabbitmq/rabbitmq-erlang/ubuntu jammy main\n\ndeb [signed-by=/usr/share/keyrings/io.packagecloud.rabbitmq.gpg] https://packagecloud.io/rabbitmq/rabbitmq-server/ubuntu/ jammy main\ndeb-src [signed-by=/usr/share/keyrings/io.packagecloud.rabbitmq.gpg] https://packagecloud.io/rabbitmq/rabbitmq-server/ubuntu/ jammy main\nEOF\n\napt-get update -y\n\n## Install Erlang packages\napt-get install -y erlang-base \\\n                        erlang-asn1 erlang-crypto erlang-eldap erlang-ftp erlang-inets \\\n                        erlang-mnesia erlang-os-mon erlang-parsetools erlang-public-key \\\n                        erlang-runtime-tools erlang-snmp erlang-ssl \\\n                        erlang-syntax-tools erlang-tftp erlang-tools erlang-xmerl\n\n## Install rabbitmq-server and its dependencies\napt-get install rabbitmq-server -y --fix-missing\nrabbitmqctl add_user \"${queue_username}\" \"${queue_password}\" \u0026\u003e\u003e /home/ubuntu/installlog\nrabbitmqctl set_permissions -p \"/\" \"${queue_username}\" \".*\" \".*\" \".*\" \u0026\u003e\u003e /home/ubuntu/installlog\nrabbitmq-plugins enable rabbitmq_management\n\nsed -i 's/127.0.0.1/0.0.0.0/g' /etc/mysql/mysql.conf.d/mysqld.cnf\nsed -i 's/127.0.0.1/0.0.0.0/g' /etc/redis/redis.conf\n\nsystemctl restart mysql\nsystemctl restart redis-server\n\necho \"all done\" \u003e\u003e /home/ubuntu/installlog\n",
            "vars": {
              "db_name": "spikadb",
              "db_password": "2S7pO23oIBnR5olv",
              "db_username": "spikadb_user",
              "queue_password": "dF0j2q92q8MOJE0Y",
              "queue_username": "spikaqueue"
            }
          },
          "sensitive_attributes": [
            [
              {
                "type": "get_attr",
                "value": "vars"
              },
              {
                "type": "index",
                "value": {
                  "value": "db_password",
                  "type": "string"
                }
              }
            ],
            [
              {
                "type": "get_attr",
                "value": "vars"
              },
              {
                "type": "index",
                "value": {
                  "value": "queue_password",
                  "type": "string"
                }
              }
            ]
          ]
        }
      ]
    },
    {
      "module": "module.ec2",
      "mode": "managed",
      "type": "aws_instance",
      "name": "ec2_app",
      "provider": "provider[\"registry.terraform.io/hashicorp/aws\"]",
      "instances": [
        {
          "schema_version": 1,
          "attributes": {
            "ami": "ami-038241ba95c675888",
            "arn": "arn:aws:ec2:us-west-2:872224457307:instance/i-0fd817d502f06fca2",
            "associate_public_ip_address": true,
            "availability_zone": "us-west-2a",
            "capacity_reservation_specification": [
              {
                "capacity_reservation_preference": "open",
                "capacity_reservation_target": []
              }
            ],
            "cpu_core_count": 2,
            "cpu_threads_per_core": 1,
            "credit_specification": [
              {
                "cpu_credits": "standard"
              }
            ],
            "disable_api_stop": false,
            "disable_api_termination": false,
            "ebs_block_device": [],
            "ebs_optimized": false,
            "enclave_options": [
              {
                "enabled": false
              }
            ],
            "ephemeral_block_device": [],
            "get_password_data": false,
            "hibernation": false,
            "host_id": null,
            "host_resource_group_arn": null,
            "iam_instance_profile": "",
            "id": "i-0fd817d502f06fca2",
            "instance_initiated_shutdown_behavior": "stop",
            "instance_state": "running",
            "instance_type": "t2.medium",
            "ipv6_address_count": 0,
            "ipv6_addresses": [],
            "key_name": "spikademo-key",
            "launch_template": [],
            "maintenance_options": [
              {
                "auto_recovery": "default"
              }
            ],
            "metadata_options": [
              {
                "http_endpoint": "enabled",
                "http_put_response_hop_limit": 1,
                "http_tokens": "optional",
                "instance_metadata_tags": "disabled"
              }
            ],
            "monitoring": false,
            "network_interface": [],
            "outpost_arn": "",
            "password_data": "",
            "placement_group": "",
            "placement_partition_number": null,
            "primary_network_interface_id": "eni-0b25a0bbef231b8c5",
            "private_dns": "ip-10-0-101-136.us-west-2.compute.internal",
            "private_dns_name_options": [
              {
                "enable_resource_name_dns_a_record": false,
                "enable_resource_name_dns_aaaa_record": false,
                "hostname_type": "ip-name"
              }
            ],
            "private_ip": "10.0.101.136",
            "public_dns": "ec2-35-88-226-76.us-west-2.compute.amazonaws.com",
            "public_ip": "35.88.226.76",
            "root_block_device": [
              {
                "delete_on_termination": true,
                "device_name": "/dev/sda1",
                "encrypted": true,
                "iops": 100,
                "kms_key_id": "arn:aws:kms:us-west-2:872224457307:key/4ba760b6-0284-40ea-87af-3d8eee9bf783",
                "tags": null,
                "throughput": 0,
                "volume_id": "vol-03806314e5e8b26eb",
                "volume_size": 20,
                "volume_type": "gp2"
              }
            ],
            "secondary_private_ips": [],
            "security_groups": [],
            "source_dest_check": true,
            "subnet_id": "subnet-062bd99b0da7f8d2f",
            "tags": {
              "Name": "spikademo-EC2-PUBLIC1"
            },
            "tags_all": {
              "Name": "spikademo-EC2-PUBLIC1"
            },
            "tenancy": "default",
            "timeouts": null,
            "user_data": "a84a73e359d9afde8e9f8b4ec70ff970c6eed645",
            "user_data_base64": null,
            "user_data_replace_on_change": false,
            "volume_tags": null,
            "vpc_security_group_ids": [
              "sg-0d0acf16c675f06f5"
            ]
          },
          "sensitive_attributes": [],
          "private": "eyJlMmJmYjczMC1lY2FhLTExZTYtOGY4OC0zNDM2M2JjN2M0YzAiOnsiY3JlYXRlIjo2MDAwMDAwMDAwMDAsImRlbGV0ZSI6MTIwMDAwMDAwMDAwMCwidXBkYXRlIjo2MDAwMDAwMDAwMDB9LCJzY2hlbWFfdmVyc2lvbiI6IjEifQ==",
          "dependencies": [
            "module.ec2.aws_instance.ec2_db",
            "module.ec2.data.aws_ami.ubuntu-linux-2204",
            "module.ec2.data.template_file.env",
            "module.ec2.data.template_file.init_app",
            "module.ec2.data.template_file.init_db",
            "module.elb.module.alb.aws_lb.this",
            "module.networking.aws_security_group.allow_pub",
            "module.networking.data.aws_availability_zones.available",
            "module.networking.module.vpc.aws_cloudwatch_log_group.flow_log",
            "module.networking.module.vpc.aws_customer_gateway.this",
            "module.networking.module.vpc.aws_db_subnet_group.database",
            "module.networking.module.vpc.aws_default_network_acl.this",
            "module.networking.module.vpc.aws_default_route_table.default",
            "module.networking.module.vpc.aws_default_security_group.this",
            "module.networking.module.vpc.aws_default_vpc.this",
            "module.networking.module.vpc.aws_egress_only_internet_gateway.this",
            "module.networking.module.vpc.aws_eip.nat",
            "module.networking.module.vpc.aws_elasticache_subnet_group.elasticache",
            "module.networking.module.vpc.aws_flow_log.this",
            "module.networking.module.vpc.aws_iam_policy.vpc_flow_log_cloudwatch",
            "module.networking.module.vpc.aws_iam_role.vpc_flow_log_cloudwatch",
            "module.networking.module.vpc.aws_iam_role_policy_attachment.vpc_flow_log_cloudwatch",
            "module.networking.module.vpc.aws_internet_gateway.this",
            "module.networking.module.vpc.aws_nat_gateway.this",
            "module.networking.module.vpc.aws_network_acl.database",
            "module.networking.module.vpc.aws_network_acl.elasticache",
            "module.networking.module.vpc.aws_network_acl.intra",
            "module.networking.module.vpc.aws_network_acl.outpost",
            "module.networking.module.vpc.aws_network_acl.private",
            "module.networking.module.vpc.aws_network_acl.public",
            "module.networking.module.vpc.aws_network_acl.redshift",
            "module.networking.module.vpc.aws_network_acl_rule.database_inbound",
            "module.networking.module.vpc.aws_network_acl_rule.database_outbound",
            "module.networking.module.vpc.aws_network_acl_rule.elasticache_inbound",
            "module.networking.module.vpc.aws_network_acl_rule.elasticache_outbound",
            "module.networking.module.vpc.aws_network_acl_rule.intra_inbound",
            "module.networking.module.vpc.aws_network_acl_rule.intra_outbound",
            "module.networking.module.vpc.aws_network_acl_rule.outpost_inbound",
            "module.networking.module.vpc.aws_network_acl_rule.outpost_outbound",
            "module.networking.module.vpc.aws_network_acl_rule.private_inbound",
            "module.networking.module.vpc.aws_network_acl_rule.private_outbound",
            "module.networking.module.vpc.aws_network_acl_rule.public_inbound",
            "module.networking.module.vpc.aws_network_acl_rule.public_outbound",
            "module.networking.module.vpc.aws_network_acl_rule.redshift_inbound",
            "module.networking.module.vpc.aws_network_acl_rule.redshift_outbound",
            "module.networking.module.vpc.aws_redshift_subnet_group.redshift",
            "module.networking.module.vpc.aws_route.database_internet_gateway",
            "module.networking.module.vpc.aws_route.database_ipv6_egress",
            "module.networking.module.vpc.aws_route.database_nat_gateway",
            "module.networking.module.vpc.aws_route.private_ipv6_egress",
            "module.networking.module.vpc.aws_route.private_nat_gateway",
            "module.networking.module.vpc.aws_route.public_internet_gateway",
            "module.networking.module.vpc.aws_route.public_internet_gateway_ipv6",
            "module.networking.module.vpc.aws_route_table.database",
            "module.networking.module.vpc.aws_route_table.elasticache",
            "module.networking.module.vpc.aws_route_table.intra",
            "module.networking.module.vpc.aws_route_table.private",
            "module.networking.module.vpc.aws_route_table.public",
            "module.networking.module.vpc.aws_route_table.redshift",
            "module.networking.module.vpc.aws_route_table_association.database",
            "module.networking.module.vpc.aws_route_table_association.elasticache",
            "module.networking.module.vpc.aws_route_table_association.intra",
            "module.networking.module.vpc.aws_route_table_association.outpost",
            "module.networking.module.vpc.aws_route_table_association.private",
            "module.networking.module.vpc.aws_route_table_association.public",
            "module.networking.module.vpc.aws_route_table_association.redshift",
            "module.networking.module.vpc.aws_route_table_association.redshift_public",
            "module.networking.module.vpc.aws_subnet.database",
            "module.networking.module.vpc.aws_subnet.elasticache",
            "module.networking.module.vpc.aws_subnet.intra",
            "module.networking.module.vpc.aws_subnet.outpost",
            "module.networking.module.vpc.aws_subnet.private",
            "module.networking.module.vpc.aws_subnet.public",
            "module.networking.module.vpc.aws_subnet.redshift",
            "module.networking.module.vpc.aws_vpc.this",
            "module.networking.module.vpc.aws_vpc_dhcp_options.this",
            "module.networking.module.vpc.aws_vpc_dhcp_options_association.this",
            "module.networking.module.vpc.aws_vpc_ipv4_cidr_block_association.this",
            "module.networking.module.vpc.aws_vpn_gateway.this",
            "module.networking.module.vpc.aws_vpn_gateway_attachment.this",
            "module.networking.module.vpc.aws_vpn_gateway_route_propagation.intra",
            "module.networking.module.vpc.aws_vpn_gateway_route_propagation.private",
            "module.networking.module.vpc.aws_vpn_gateway_route_propagation.public",
            "module.networking.module.vpc.data.aws_iam_policy_document.flow_log_cloudwatch_assume_role",
            "module.networking.module.vpc.data.aws_iam_policy_document.vpc_flow_log_cloudwatch",
            "module.ssh-key.aws_key_pair.key_pair",
            "module.ssh-key.tls_private_key.key",
            "module.storage.aws_efs_file_system.efs",
            "random_password.db_master_pass",
            "random_password.queue_pass"
          ],
          "create_before_destroy": true
        }
      ]
    },
    {
      "module": "module.ec2",
      "mode": "managed",
      "type": "aws_instance",
      "name": "ec2_db",
      "provider": "provider[\"registry.terraform.io/hashicorp/aws\"]",
      "instances": [
        {
          "schema_version": 1,
          "attributes": {
            "ami": "ami-038241ba95c675888",
            "arn": "arn:aws:ec2:us-west-2:872224457307:instance/i-0e850eded77005c73",
            "associate_public_ip_address": true,
            "availability_zone": "us-west-2a",
            "capacity_reservation_specification": [
              {
                "capacity_reservation_preference": "open",
                "capacity_reservation_target": []
              }
            ],
            "cpu_core_count": 2,
            "cpu_threads_per_core": 1,
            "credit_specification": [
              {
                "cpu_credits": "standard"
              }
            ],
            "disable_api_stop": false,
            "disable_api_termination": false,
            "ebs_block_device": [],
            "ebs_optimized": false,
            "enclave_options": [
              {
                "enabled": false
              }
            ],
            "ephemeral_block_device": [],
            "get_password_data": false,
            "hibernation": false,
            "host_id": null,
            "host_resource_group_arn": null,
            "iam_instance_profile": "",
            "id": "i-0e850eded77005c73",
            "instance_initiated_shutdown_behavior": "stop",
            "instance_state": "running",
            "instance_type": "t2.medium",
            "ipv6_address_count": 0,
            "ipv6_addresses": [],
            "key_name": "spikademo-key",
            "launch_template": [],
            "maintenance_options": [
              {
                "auto_recovery": "default"
              }
            ],
            "metadata_options": [
              {
                "http_endpoint": "enabled",
                "http_put_response_hop_limit": 1,
                "http_tokens": "optional",
                "instance_metadata_tags": "disabled"
              }
            ],
            "monitoring": false,
            "network_interface": [],
            "outpost_arn": "",
            "password_data": "",
            "placement_group": "",
            "placement_partition_number": null,
            "primary_network_interface_id": "eni-078b38c308ff2323d",
            "private_dns": "ip-10-0-101-176.us-west-2.compute.internal",
            "private_dns_name_options": [
              {
                "enable_resource_name_dns_a_record": false,
                "enable_resource_name_dns_aaaa_record": false,
                "hostname_type": "ip-name"
              }
            ],
            "private_ip": "10.0.101.176",
            "public_dns": "ec2-34-208-208-37.us-west-2.compute.amazonaws.com",
            "public_ip": "34.208.208.37",
            "root_block_device": [
              {
                "delete_on_termination": true,
                "device_name": "/dev/sda1",
                "encrypted": true,
                "iops": 300,
                "kms_key_id": "arn:aws:kms:us-west-2:872224457307:key/4ba760b6-0284-40ea-87af-3d8eee9bf783",
                "tags": null,
                "throughput": 0,
                "volume_id": "vol-010a52f7f864ad58e",
                "volume_size": 100,
                "volume_type": "gp2"
              }
            ],
            "secondary_private_ips": [],
            "security_groups": [],
            "source_dest_check": true,
            "subnet_id": "subnet-062bd99b0da7f8d2f",
            "tags": {
              "Name": "spikademo-EC2-DB"
            },
            "tags_all": {
              "Name": "spikademo-EC2-DB"
            },
            "tenancy": "default",
            "timeouts": null,
            "user_data": "7e1fb27c454b7ae63418666f1cbd048adc0dcc0c",
            "user_data_base64": null,
            "user_data_replace_on_change": false,
            "volume_tags": null,
            "vpc_security_group_ids": [
              "sg-0d0acf16c675f06f5"
            ]
          },
          "sensitive_attributes": [],
          "private": "eyJlMmJmYjczMC1lY2FhLTExZTYtOGY4OC0zNDM2M2JjN2M0YzAiOnsiY3JlYXRlIjo2MDAwMDAwMDAwMDAsImRlbGV0ZSI6MTIwMDAwMDAwMDAwMCwidXBkYXRlIjo2MDAwMDAwMDAwMDB9LCJzY2hlbWFfdmVyc2lvbiI6IjEifQ==",
          "dependencies": [
            "module.ec2.data.aws_ami.ubuntu-linux-2204",
            "module.ec2.data.template_file.init_db",
            "module.networking.aws_security_group.allow_pub",
            "module.networking.data.aws_availability_zones.available",
            "module.networking.module.vpc.aws_cloudwatch_log_group.flow_log",
            "module.networking.module.vpc.aws_customer_gateway.this",
            "module.networking.module.vpc.aws_db_subnet_group.database",
            "module.networking.module.vpc.aws_default_network_acl.this",
            "module.networking.module.vpc.aws_default_route_table.default",
            "module.networking.module.vpc.aws_default_security_group.this",
            "module.networking.module.vpc.aws_default_vpc.this",
            "module.networking.module.vpc.aws_egress_only_internet_gateway.this",
            "module.networking.module.vpc.aws_eip.nat",
            "module.networking.module.vpc.aws_elasticache_subnet_group.elasticache",
            "module.networking.module.vpc.aws_flow_log.this",
            "module.networking.module.vpc.aws_iam_policy.vpc_flow_log_cloudwatch",
            "module.networking.module.vpc.aws_iam_role.vpc_flow_log_cloudwatch",
            "module.networking.module.vpc.aws_iam_role_policy_attachment.vpc_flow_log_cloudwatch",
            "module.networking.module.vpc.aws_internet_gateway.this",
            "module.networking.module.vpc.aws_nat_gateway.this",
            "module.networking.module.vpc.aws_network_acl.database",
            "module.networking.module.vpc.aws_network_acl.elasticache",
            "module.networking.module.vpc.aws_network_acl.intra",
            "module.networking.module.vpc.aws_network_acl.outpost",
            "module.networking.module.vpc.aws_network_acl.private",
            "module.networking.module.vpc.aws_network_acl.public",
            "module.networking.module.vpc.aws_network_acl.redshift",
            "module.networking.module.vpc.aws_network_acl_rule.database_inbound",
            "module.networking.module.vpc.aws_network_acl_rule.database_outbound",
            "module.networking.module.vpc.aws_network_acl_rule.elasticache_inbound",
            "module.networking.module.vpc.aws_network_acl_rule.elasticache_outbound",
            "module.networking.module.vpc.aws_network_acl_rule.intra_inbound",
            "module.networking.module.vpc.aws_network_acl_rule.intra_outbound",
            "module.networking.module.vpc.aws_network_acl_rule.outpost_inbound",
            "module.networking.module.vpc.aws_network_acl_rule.outpost_outbound",
            "module.networking.module.vpc.aws_network_acl_rule.private_inbound",
            "module.networking.module.vpc.aws_network_acl_rule.private_outbound",
            "module.networking.module.vpc.aws_network_acl_rule.public_inbound",
            "module.networking.module.vpc.aws_network_acl_rule.public_outbound",
            "module.networking.module.vpc.aws_network_acl_rule.redshift_inbound",
            "module.networking.module.vpc.aws_network_acl_rule.redshift_outbound",
            "module.networking.module.vpc.aws_redshift_subnet_group.redshift",
            "module.networking.module.vpc.aws_route.database_internet_gateway",
            "module.networking.module.vpc.aws_route.database_ipv6_egress",
            "module.networking.module.vpc.aws_route.database_nat_gateway",
            "module.networking.module.vpc.aws_route.private_ipv6_egress",
            "module.networking.module.vpc.aws_route.private_nat_gateway",
            "module.networking.module.vpc.aws_route.public_internet_gateway",
            "module.networking.module.vpc.aws_route.public_internet_gateway_ipv6",
            "module.networking.module.vpc.aws_route_table.database",
            "module.networking.module.vpc.aws_route_table.elasticache",
            "module.networking.module.vpc.aws_route_table.intra",
            "module.networking.module.vpc.aws_route_table.private",
            "module.networking.module.vpc.aws_route_table.public",
            "module.networking.module.vpc.aws_route_table.redshift",
            "module.networking.module.vpc.aws_route_table_association.database",
            "module.networking.module.vpc.aws_route_table_association.elasticache",
            "module.networking.module.vpc.aws_route_table_association.intra",
            "module.networking.module.vpc.aws_route_table_association.outpost",
            "module.networking.module.vpc.aws_route_table_association.private",
            "module.networking.module.vpc.aws_route_table_association.public",
            "module.networking.module.vpc.aws_route_table_association.redshift",
            "module.networking.module.vpc.aws_route_table_association.redshift_public",
            "module.networking.module.vpc.aws_subnet.database",
            "module.networking.module.vpc.aws_subnet.elasticache",
            "module.networking.module.vpc.aws_subnet.intra",
            "module.networking.module.vpc.aws_subnet.outpost",
            "module.networking.module.vpc.aws_subnet.private",
            "module.networking.module.vpc.aws_subnet.public",
            "module.networking.module.vpc.aws_subnet.redshift",
            "module.networking.module.vpc.aws_vpc.this",
            "module.networking.module.vpc.aws_vpc_dhcp_options.this",
            "module.networking.module.vpc.aws_vpc_dhcp_options_association.this",
            "module.networking.module.vpc.aws_vpc_ipv4_cidr_block_association.this",
            "module.networking.module.vpc.aws_vpn_gateway.this",
            "module.networking.module.vpc.aws_vpn_gateway_attachment.this",
            "module.networking.module.vpc.aws_vpn_gateway_route_propagation.intra",
            "module.networking.module.vpc.aws_vpn_gateway_route_propagation.private",
            "module.networking.module.vpc.aws_vpn_gateway_route_propagation.public",
            "module.networking.module.vpc.data.aws_iam_policy_document.flow_log_cloudwatch_assume_role",
            "module.networking.module.vpc.data.aws_iam_policy_document.vpc_flow_log_cloudwatch",
            "module.ssh-key.aws_key_pair.key_pair",
            "module.ssh-key.tls_private_key.key",
            "random_password.db_master_pass",
            "random_password.queue_pass"
          ],
          "create_before_destroy": true
        }
      ]
    },
    {
      "module": "module.elb.module.alb",
      "mode": "managed",
      "type": "aws_lb",
      "name": "this",
      "provider": "provider[\"registry.terraform.io/hashicorp/aws\"]",
      "instances": [
        {
          "index_key": 0,
          "schema_version": 0,
          "attributes": {
            "access_logs": [
              {
                "bucket": "",
                "enabled": false,
                "prefix": ""
              }
            ],
            "arn": "arn:aws:elasticloadbalancing:us-west-2:872224457307:loadbalancer/app/spikademo-alb/d7f80323254447f8",
            "arn_suffix": "app/spikademo-alb/d7f80323254447f8",
            "customer_owned_ipv4_pool": "",
            "desync_mitigation_mode": "defensive",
            "dns_name": "spikademo-alb-2035704771.us-west-2.elb.amazonaws.com",
            "drop_invalid_header_fields": false,
            "enable_cross_zone_load_balancing": null,
            "enable_deletion_protection": false,
            "enable_http2": true,
            "enable_waf_fail_open": false,
            "id": "arn:aws:elasticloadbalancing:us-west-2:872224457307:loadbalancer/app/spikademo-alb/d7f80323254447f8",
            "idle_timeout": 60,
            "internal": false,
            "ip_address_type": "ipv4",
            "load_balancer_type": "application",
            "name": "spikademo-alb",
            "name_prefix": null,
            "preserve_host_header": false,
            "security_groups": [
              "sg-0d0acf16c675f06f5"
            ],
            "subnet_mapping": [
              {
                "allocation_id": "",
                "ipv6_address": "",
                "outpost_id": "",
                "private_ipv4_address": "",
                "subnet_id": "subnet-0466dfbb07bc3c3ae"
              },
              {
                "allocation_id": "",
                "ipv6_address": "",
                "outpost_id": "",
                "private_ipv4_address": "",
                "subnet_id": "subnet-062bd99b0da7f8d2f"
              }
            ],
            "subnets": [
              "subnet-0466dfbb07bc3c3ae",
              "subnet-062bd99b0da7f8d2f"
            ],
            "tags": {
              "Environment": "production",
              "Name": "spikademo-alb"
            },
            "tags_all": {
              "Environment": "production",
              "Name": "spikademo-alb"
            },
            "timeouts": {
              "create": "10m",
              "delete": "10m",
              "update": "10m"
            },
            "vpc_id": "vpc-07a113c4ad2d34a50",
            "zone_id": "Z1H1FL5HABSF5"
          },
          "sensitive_attributes": [],
          "private": "eyJlMmJmYjczMC1lY2FhLTExZTYtOGY4OC0zNDM2M2JjN2M0YzAiOnsiY3JlYXRlIjo2MDAwMDAwMDAwMDAsImRlbGV0ZSI6NjAwMDAwMDAwMDAwLCJ1cGRhdGUiOjYwMDAwMDAwMDAwMH19",
          "dependencies": [
            "module.networking.aws_security_group.allow_pub",
            "module.networking.data.aws_availability_zones.available",
            "module.networking.module.vpc.aws_cloudwatch_log_group.flow_log",
            "module.networking.module.vpc.aws_customer_gateway.this",
            "module.networking.module.vpc.aws_db_subnet_group.database",
            "module.networking.module.vpc.aws_default_network_acl.this",
            "module.networking.module.vpc.aws_default_route_table.default",
            "module.networking.module.vpc.aws_default_security_group.this",
            "module.networking.module.vpc.aws_default_vpc.this",
            "module.networking.module.vpc.aws_egress_only_internet_gateway.this",
            "module.networking.module.vpc.aws_eip.nat",
            "module.networking.module.vpc.aws_elasticache_subnet_group.elasticache",
            "module.networking.module.vpc.aws_flow_log.this",
            "module.networking.module.vpc.aws_iam_policy.vpc_flow_log_cloudwatch",
            "module.networking.module.vpc.aws_iam_role.vpc_flow_log_cloudwatch",
            "module.networking.module.vpc.aws_iam_role_policy_attachment.vpc_flow_log_cloudwatch",
            "module.networking.module.vpc.aws_internet_gateway.this",
            "module.networking.module.vpc.aws_nat_gateway.this",
            "module.networking.module.vpc.aws_network_acl.database",
            "module.networking.module.vpc.aws_network_acl.elasticache",
            "module.networking.module.vpc.aws_network_acl.intra",
            "module.networking.module.vpc.aws_network_acl.outpost",
            "module.networking.module.vpc.aws_network_acl.private",
            "module.networking.module.vpc.aws_network_acl.public",
            "module.networking.module.vpc.aws_network_acl.redshift",
            "module.networking.module.vpc.aws_network_acl_rule.database_inbound",
            "module.networking.module.vpc.aws_network_acl_rule.database_outbound",
            "module.networking.module.vpc.aws_network_acl_rule.elasticache_inbound",
            "module.networking.module.vpc.aws_network_acl_rule.elasticache_outbound",
            "module.networking.module.vpc.aws_network_acl_rule.intra_inbound",
            "module.networking.module.vpc.aws_network_acl_rule.intra_outbound",
            "module.networking.module.vpc.aws_network_acl_rule.outpost_inbound",
            "module.networking.module.vpc.aws_network_acl_rule.outpost_outbound",
            "module.networking.module.vpc.aws_network_acl_rule.private_inbound",
            "module.networking.module.vpc.aws_network_acl_rule.private_outbound",
            "module.networking.module.vpc.aws_network_acl_rule.public_inbound",
            "module.networking.module.vpc.aws_network_acl_rule.public_outbound",
            "module.networking.module.vpc.aws_network_acl_rule.redshift_inbound",
            "module.networking.module.vpc.aws_network_acl_rule.redshift_outbound",
            "module.networking.module.vpc.aws_redshift_subnet_group.redshift",
            "module.networking.module.vpc.aws_route.database_internet_gateway",
            "module.networking.module.vpc.aws_route.database_ipv6_egress",
            "module.networking.module.vpc.aws_route.database_nat_gateway",
            "module.networking.module.vpc.aws_route.private_ipv6_egress",
            "module.networking.module.vpc.aws_route.private_nat_gateway",
            "module.networking.module.vpc.aws_route.public_internet_gateway",
            "module.networking.module.vpc.aws_route.public_internet_gateway_ipv6",
            "module.networking.module.vpc.aws_route_table.database",
            "module.networking.module.vpc.aws_route_table.elasticache",
            "module.networking.module.vpc.aws_route_table.intra",
            "module.networking.module.vpc.aws_route_table.private",
            "module.networking.module.vpc.aws_route_table.public",
            "module.networking.module.vpc.aws_route_table.redshift",
            "module.networking.module.vpc.aws_route_table_association.database",
            "module.networking.module.vpc.aws_route_table_association.elasticache",
            "module.networking.module.vpc.aws_route_table_association.intra",
            "module.networking.module.vpc.aws_route_table_association.outpost",
            "module.networking.module.vpc.aws_route_table_association.private",
            "module.networking.module.vpc.aws_route_table_association.public",
            "module.networking.module.vpc.aws_route_table_association.redshift",
            "module.networking.module.vpc.aws_route_table_association.redshift_public",
            "module.networking.module.vpc.aws_subnet.database",
            "module.networking.module.vpc.aws_subnet.elasticache",
            "module.networking.module.vpc.aws_subnet.intra",
            "module.networking.module.vpc.aws_subnet.outpost",
            "module.networking.module.vpc.aws_subnet.private",
            "module.networking.module.vpc.aws_subnet.public",
            "module.networking.module.vpc.aws_subnet.redshift",
            "module.networking.module.vpc.aws_vpc.this",
            "module.networking.module.vpc.aws_vpc_dhcp_options.this",
            "module.networking.module.vpc.aws_vpc_dhcp_options_association.this",
            "module.networking.module.vpc.aws_vpc_ipv4_cidr_block_association.this",
            "module.networking.module.vpc.aws_vpn_gateway.this",
            "module.networking.module.vpc.aws_vpn_gateway_attachment.this",
            "module.networking.module.vpc.aws_vpn_gateway_route_propagation.intra",
            "module.networking.module.vpc.aws_vpn_gateway_route_propagation.private",
            "module.networking.module.vpc.aws_vpn_gateway_route_propagation.public",
            "module.networking.module.vpc.data.aws_iam_policy_document.flow_log_cloudwatch_assume_role",
            "module.networking.module.vpc.data.aws_iam_policy_document.vpc_flow_log_cloudwatch"
          ],
          "create_before_destroy": true
        }
      ]
    },
    {
      "module": "module.elb.module.alb",
      "mode": "managed",
      "type": "aws_lb_listener",
      "name": "frontend_http_tcp",
      "provider": "provider[\"registry.terraform.io/hashicorp/aws\"]",
      "instances": [
        {
          "index_key": 0,
          "schema_version": 0,
          "attributes": {
            "alpn_policy": null,
            "arn": "arn:aws:elasticloadbalancing:us-west-2:872224457307:listener/app/spikademo-alb/d7f80323254447f8/243ad0c67f74c107",
            "certificate_arn": null,
            "default_action": [
              {
                "authenticate_cognito": [],
                "authenticate_oidc": [],
                "fixed_response": [],
                "forward": [],
                "order": 1,
                "redirect": [],
                "target_group_arn": "arn:aws:elasticloadbalancing:us-west-2:872224457307:targetgroup/pref-20221104122916965600000001/e0d1abfe644ead88",
                "type": "forward"
              }
            ],
            "id": "arn:aws:elasticloadbalancing:us-west-2:872224457307:listener/app/spikademo-alb/d7f80323254447f8/243ad0c67f74c107",
            "load_balancer_arn": "arn:aws:elasticloadbalancing:us-west-2:872224457307:loadbalancer/app/spikademo-alb/d7f80323254447f8",
            "port": 80,
            "protocol": "HTTP",
            "ssl_policy": "",
            "tags": {
              "Environment": "production"
            },
            "tags_all": {
              "Environment": "production"
            },
            "timeouts": null
          },
          "sensitive_attributes": [],
          "private": "eyJlMmJmYjczMC1lY2FhLTExZTYtOGY4OC0zNDM2M2JjN2M0YzAiOnsicmVhZCI6NjAwMDAwMDAwMDAwfX0=",
          "dependencies": [
            "module.ec2.aws_instance.ec2_app",
            "module.ec2.aws_instance.ec2_db",
            "module.ec2.data.aws_ami.ubuntu-linux-2204",
            "module.ec2.data.template_file.env",
            "module.ec2.data.template_file.init_app",
            "module.ec2.data.template_file.init_db",
            "module.elb.module.alb.aws_lb.this",
            "module.elb.module.alb.aws_lb_target_group.main",
            "module.networking.aws_security_group.allow_pub",
            "module.networking.data.aws_availability_zones.available",
            "module.networking.module.vpc.aws_cloudwatch_log_group.flow_log",
            "module.networking.module.vpc.aws_customer_gateway.this",
            "module.networking.module.vpc.aws_db_subnet_group.database",
            "module.networking.module.vpc.aws_default_network_acl.this",
            "module.networking.module.vpc.aws_default_route_table.default",
            "module.networking.module.vpc.aws_default_security_group.this",
            "module.networking.module.vpc.aws_default_vpc.this",
            "module.networking.module.vpc.aws_egress_only_internet_gateway.this",
            "module.networking.module.vpc.aws_eip.nat",
            "module.networking.module.vpc.aws_elasticache_subnet_group.elasticache",
            "module.networking.module.vpc.aws_flow_log.this",
            "module.networking.module.vpc.aws_iam_policy.vpc_flow_log_cloudwatch",
            "module.networking.module.vpc.aws_iam_role.vpc_flow_log_cloudwatch",
            "module.networking.module.vpc.aws_iam_role_policy_attachment.vpc_flow_log_cloudwatch",
            "module.networking.module.vpc.aws_internet_gateway.this",
            "module.networking.module.vpc.aws_nat_gateway.this",
            "module.networking.module.vpc.aws_network_acl.database",
            "module.networking.module.vpc.aws_network_acl.elasticache",
            "module.networking.module.vpc.aws_network_acl.intra",
            "module.networking.module.vpc.aws_network_acl.outpost",
            "module.networking.module.vpc.aws_network_acl.private",
            "module.networking.module.vpc.aws_network_acl.public",
            "module.networking.module.vpc.aws_network_acl.redshift",
            "module.networking.module.vpc.aws_network_acl_rule.database_inbound",
            "module.networking.module.vpc.aws_network_acl_rule.database_outbound",
            "module.networking.module.vpc.aws_network_acl_rule.elasticache_inbound",
            "module.networking.module.vpc.aws_network_acl_rule.elasticache_outbound",
            "module.networking.module.vpc.aws_network_acl_rule.intra_inbound",
            "module.networking.module.vpc.aws_network_acl_rule.intra_outbound",
            "module.networking.module.vpc.aws_network_acl_rule.outpost_inbound",
            "module.networking.module.vpc.aws_network_acl_rule.outpost_outbound",
            "module.networking.module.vpc.aws_network_acl_rule.private_inbound",
            "module.networking.module.vpc.aws_network_acl_rule.private_outbound",
            "module.networking.module.vpc.aws_network_acl_rule.public_inbound",
            "module.networking.module.vpc.aws_network_acl_rule.public_outbound",
            "module.networking.module.vpc.aws_network_acl_rule.redshift_inbound",
            "module.networking.module.vpc.aws_network_acl_rule.redshift_outbound",
            "module.networking.module.vpc.aws_redshift_subnet_group.redshift",
            "module.networking.module.vpc.aws_route.database_internet_gateway",
            "module.networking.module.vpc.aws_route.database_ipv6_egress",
            "module.networking.module.vpc.aws_route.database_nat_gateway",
            "module.networking.module.vpc.aws_route.private_ipv6_egress",
            "module.networking.module.vpc.aws_route.private_nat_gateway",
            "module.networking.module.vpc.aws_route.public_internet_gateway",
            "module.networking.module.vpc.aws_route.public_internet_gateway_ipv6",
            "module.networking.module.vpc.aws_route_table.database",
            "module.networking.module.vpc.aws_route_table.elasticache",
            "module.networking.module.vpc.aws_route_table.intra",
            "module.networking.module.vpc.aws_route_table.private",
            "module.networking.module.vpc.aws_route_table.public",
            "module.networking.module.vpc.aws_route_table.redshift",
            "module.networking.module.vpc.aws_route_table_association.database",
            "module.networking.module.vpc.aws_route_table_association.elasticache",
            "module.networking.module.vpc.aws_route_table_association.intra",
            "module.networking.module.vpc.aws_route_table_association.outpost",
            "module.networking.module.vpc.aws_route_table_association.private",
            "module.networking.module.vpc.aws_route_table_association.public",
            "module.networking.module.vpc.aws_route_table_association.redshift",
            "module.networking.module.vpc.aws_route_table_association.redshift_public",
            "module.networking.module.vpc.aws_subnet.database",
            "module.networking.module.vpc.aws_subnet.elasticache",
            "module.networking.module.vpc.aws_subnet.intra",
            "module.networking.module.vpc.aws_subnet.outpost",
            "module.networking.module.vpc.aws_subnet.private",
            "module.networking.module.vpc.aws_subnet.public",
            "module.networking.module.vpc.aws_subnet.redshift",
            "module.networking.module.vpc.aws_vpc.this",
            "module.networking.module.vpc.aws_vpc_dhcp_options.this",
            "module.networking.module.vpc.aws_vpc_dhcp_options_association.this",
            "module.networking.module.vpc.aws_vpc_ipv4_cidr_block_association.this",
            "module.networking.module.vpc.aws_vpn_gateway.this",
            "module.networking.module.vpc.aws_vpn_gateway_attachment.this",
            "module.networking.module.vpc.aws_vpn_gateway_route_propagation.intra",
            "module.networking.module.vpc.aws_vpn_gateway_route_propagation.private",
            "module.networking.module.vpc.aws_vpn_gateway_route_propagation.public",
            "module.networking.module.vpc.data.aws_iam_policy_document.flow_log_cloudwatch_assume_role",
            "module.networking.module.vpc.data.aws_iam_policy_document.vpc_flow_log_cloudwatch",
            "module.ssh-key.aws_key_pair.key_pair",
            "module.ssh-key.tls_private_key.key",
            "module.storage.aws_efs_file_system.efs",
            "random_password.db_master_pass",
            "random_password.queue_pass"
          ]
        }
      ]
    },
    {
      "module": "module.elb.module.alb",
      "mode": "managed",
      "type": "aws_lb_target_group",
      "name": "main",
      "provider": "provider[\"registry.terraform.io/hashicorp/aws\"]",
      "instances": [
        {
          "index_key": 0,
          "schema_version": 0,
          "attributes": {
            "arn": "arn:aws:elasticloadbalancing:us-west-2:872224457307:targetgroup/pref-20221104122916965600000001/e0d1abfe644ead88",
            "arn_suffix": "targetgroup/pref-20221104122916965600000001/e0d1abfe644ead88",
            "connection_termination": false,
            "deregistration_delay": "300",
            "health_check": [
              {
                "enabled": true,
                "healthy_threshold": 5,
                "interval": 30,
                "matcher": "200",
                "path": "/",
                "port": "traffic-port",
                "protocol": "HTTP",
                "timeout": 5,
                "unhealthy_threshold": 2
              }
            ],
            "id": "arn:aws:elasticloadbalancing:us-west-2:872224457307:targetgroup/pref-20221104122916965600000001/e0d1abfe644ead88",
            "ip_address_type": null,
            "lambda_multi_value_headers_enabled": false,
            "load_balancing_algorithm_type": "round_robin",
            "name": "pref-20221104122916965600000001",
            "name_prefix": "pref-",
            "port": 8080,
            "preserve_client_ip": null,
            "protocol": "HTTP",
            "protocol_version": "HTTP1",
            "proxy_protocol_v2": false,
            "slow_start": 0,
            "stickiness": [
              {
                "cookie_duration": 86400,
                "cookie_name": "",
                "enabled": false,
                "type": "lb_cookie"
              }
            ],
            "tags": {
              "Environment": "production",
              "Name": "pref-"
            },
            "tags_all": {
              "Environment": "production",
              "Name": "pref-"
            },
            "target_type": "instance",
            "vpc_id": "vpc-07a113c4ad2d34a50"
          },
          "sensitive_attributes": [],
          "private": "bnVsbA==",
          "dependencies": [
            "module.ec2.aws_instance.ec2_app",
            "module.ec2.aws_instance.ec2_db",
            "module.ec2.data.aws_ami.ubuntu-linux-2204",
            "module.ec2.data.template_file.env",
            "module.ec2.data.template_file.init_app",
            "module.ec2.data.template_file.init_db",
            "module.elb.module.alb.aws_lb.this",
            "module.networking.aws_security_group.allow_pub",
            "module.networking.data.aws_availability_zones.available",
            "module.networking.module.vpc.aws_cloudwatch_log_group.flow_log",
            "module.networking.module.vpc.aws_customer_gateway.this",
            "module.networking.module.vpc.aws_db_subnet_group.database",
            "module.networking.module.vpc.aws_default_network_acl.this",
            "module.networking.module.vpc.aws_default_route_table.default",
            "module.networking.module.vpc.aws_default_security_group.this",
            "module.networking.module.vpc.aws_default_vpc.this",
            "module.networking.module.vpc.aws_egress_only_internet_gateway.this",
            "module.networking.module.vpc.aws_eip.nat",
            "module.networking.module.vpc.aws_elasticache_subnet_group.elasticache",
            "module.networking.module.vpc.aws_flow_log.this",
            "module.networking.module.vpc.aws_iam_policy.vpc_flow_log_cloudwatch",
            "module.networking.module.vpc.aws_iam_role.vpc_flow_log_cloudwatch",
            "module.networking.module.vpc.aws_iam_role_policy_attachment.vpc_flow_log_cloudwatch",
            "module.networking.module.vpc.aws_internet_gateway.this",
            "module.networking.module.vpc.aws_nat_gateway.this",
            "module.networking.module.vpc.aws_network_acl.database",
            "module.networking.module.vpc.aws_network_acl.elasticache",
            "module.networking.module.vpc.aws_network_acl.intra",
            "module.networking.module.vpc.aws_network_acl.outpost",
            "module.networking.module.vpc.aws_network_acl.private",
            "module.networking.module.vpc.aws_network_acl.public",
            "module.networking.module.vpc.aws_network_acl.redshift",
            "module.networking.module.vpc.aws_network_acl_rule.database_inbound",
            "module.networking.module.vpc.aws_network_acl_rule.database_outbound",
            "module.networking.module.vpc.aws_network_acl_rule.elasticache_inbound",
            "module.networking.module.vpc.aws_network_acl_rule.elasticache_outbound",
            "module.networking.module.vpc.aws_network_acl_rule.intra_inbound",
            "module.networking.module.vpc.aws_network_acl_rule.intra_outbound",
            "module.networking.module.vpc.aws_network_acl_rule.outpost_inbound",
            "module.networking.module.vpc.aws_network_acl_rule.outpost_outbound",
            "module.networking.module.vpc.aws_network_acl_rule.private_inbound",
            "module.networking.module.vpc.aws_network_acl_rule.private_outbound",
            "module.networking.module.vpc.aws_network_acl_rule.public_inbound",
            "module.networking.module.vpc.aws_network_acl_rule.public_outbound",
            "module.networking.module.vpc.aws_network_acl_rule.redshift_inbound",
            "module.networking.module.vpc.aws_network_acl_rule.redshift_outbound",
            "module.networking.module.vpc.aws_redshift_subnet_group.redshift",
            "module.networking.module.vpc.aws_route.database_internet_gateway",
            "module.networking.module.vpc.aws_route.database_ipv6_egress",
            "module.networking.module.vpc.aws_route.database_nat_gateway",
            "module.networking.module.vpc.aws_route.private_ipv6_egress",
            "module.networking.module.vpc.aws_route.private_nat_gateway",
            "module.networking.module.vpc.aws_route.public_internet_gateway",
            "module.networking.module.vpc.aws_route.public_internet_gateway_ipv6",
            "module.networking.module.vpc.aws_route_table.database",
            "module.networking.module.vpc.aws_route_table.elasticache",
            "module.networking.module.vpc.aws_route_table.intra",
            "module.networking.module.vpc.aws_route_table.private",
            "module.networking.module.vpc.aws_route_table.public",
            "module.networking.module.vpc.aws_route_table.redshift",
            "module.networking.module.vpc.aws_route_table_association.database",
            "module.networking.module.vpc.aws_route_table_association.elasticache",
            "module.networking.module.vpc.aws_route_table_association.intra",
            "module.networking.module.vpc.aws_route_table_association.outpost",
            "module.networking.module.vpc.aws_route_table_association.private",
            "module.networking.module.vpc.aws_route_table_association.public",
            "module.networking.module.vpc.aws_route_table_association.redshift",
            "module.networking.module.vpc.aws_route_table_association.redshift_public",
            "module.networking.module.vpc.aws_subnet.database",
            "module.networking.module.vpc.aws_subnet.elasticache",
            "module.networking.module.vpc.aws_subnet.intra",
            "module.networking.module.vpc.aws_subnet.outpost",
            "module.networking.module.vpc.aws_subnet.private",
            "module.networking.module.vpc.aws_subnet.public",
            "module.networking.module.vpc.aws_subnet.redshift",
            "module.networking.module.vpc.aws_vpc.this",
            "module.networking.module.vpc.aws_vpc_dhcp_options.this",
            "module.networking.module.vpc.aws_vpc_dhcp_options_association.this",
            "module.networking.module.vpc.aws_vpc_ipv4_cidr_block_association.this",
            "module.networking.module.vpc.aws_vpn_gateway.this",
            "module.networking.module.vpc.aws_vpn_gateway_attachment.this",
            "module.networking.module.vpc.aws_vpn_gateway_route_propagation.intra",
            "module.networking.module.vpc.aws_vpn_gateway_route_propagation.private",
            "module.networking.module.vpc.aws_vpn_gateway_route_propagation.public",
            "module.networking.module.vpc.data.aws_iam_policy_document.flow_log_cloudwatch_assume_role",
            "module.networking.module.vpc.data.aws_iam_policy_document.vpc_flow_log_cloudwatch",
            "module.ssh-key.aws_key_pair.key_pair",
            "module.ssh-key.tls_private_key.key",
            "module.storage.aws_efs_file_system.efs",
            "random_password.db_master_pass",
            "random_password.queue_pass"
          ],
          "create_before_destroy": true
        }
      ]
    },
    {
      "module": "module.elb.module.alb",
      "mode": "managed",
      "type": "aws_lb_target_group_attachment",
      "name": "this",
      "provider": "provider[\"registry.terraform.io/hashicorp/aws\"]",
      "instances": [
        {
          "index_key": "0.instance_1",
          "schema_version": 0,
          "attributes": {
            "availability_zone": null,
            "id": "arn:aws:elasticloadbalancing:us-west-2:872224457307:targetgroup/pref-20221104122916965600000001/e0d1abfe644ead88-20221104122918833800000002",
            "port": 8080,
            "target_group_arn": "arn:aws:elasticloadbalancing:us-west-2:872224457307:targetgroup/pref-20221104122916965600000001/e0d1abfe644ead88",
            "target_id": "i-0fd817d502f06fca2"
          },
          "sensitive_attributes": [],
          "private": "bnVsbA==",
          "dependencies": [
            "module.ec2.aws_instance.ec2_app",
            "module.ec2.aws_instance.ec2_db",
            "module.ec2.data.aws_ami.ubuntu-linux-2204",
            "module.ec2.data.template_file.env",
            "module.ec2.data.template_file.init_app",
            "module.ec2.data.template_file.init_db",
            "module.elb.module.alb.aws_lambda_permission.lb",
            "module.elb.module.alb.aws_lb.this",
            "module.elb.module.alb.aws_lb_target_group.main",
            "module.networking.aws_security_group.allow_pub",
            "module.networking.data.aws_availability_zones.available",
            "module.networking.module.vpc.aws_cloudwatch_log_group.flow_log",
            "module.networking.module.vpc.aws_customer_gateway.this",
            "module.networking.module.vpc.aws_db_subnet_group.database",
            "module.networking.module.vpc.aws_default_network_acl.this",
            "module.networking.module.vpc.aws_default_route_table.default",
            "module.networking.module.vpc.aws_default_security_group.this",
            "module.networking.module.vpc.aws_default_vpc.this",
            "module.networking.module.vpc.aws_egress_only_internet_gateway.this",
            "module.networking.module.vpc.aws_eip.nat",
            "module.networking.module.vpc.aws_elasticache_subnet_group.elasticache",
            "module.networking.module.vpc.aws_flow_log.this",
            "module.networking.module.vpc.aws_iam_policy.vpc_flow_log_cloudwatch",
            "module.networking.module.vpc.aws_iam_role.vpc_flow_log_cloudwatch",
            "module.networking.module.vpc.aws_iam_role_policy_attachment.vpc_flow_log_cloudwatch",
            "module.networking.module.vpc.aws_internet_gateway.this",
            "module.networking.module.vpc.aws_nat_gateway.this",
            "module.networking.module.vpc.aws_network_acl.database",
            "module.networking.module.vpc.aws_network_acl.elasticache",
            "module.networking.module.vpc.aws_network_acl.intra",
            "module.networking.module.vpc.aws_network_acl.outpost",
            "module.networking.module.vpc.aws_network_acl.private",
            "module.networking.module.vpc.aws_network_acl.public",
            "module.networking.module.vpc.aws_network_acl.redshift",
            "module.networking.module.vpc.aws_network_acl_rule.database_inbound",
            "module.networking.module.vpc.aws_network_acl_rule.database_outbound",
            "module.networking.module.vpc.aws_network_acl_rule.elasticache_inbound",
            "module.networking.module.vpc.aws_network_acl_rule.elasticache_outbound",
            "module.networking.module.vpc.aws_network_acl_rule.intra_inbound",
            "module.networking.module.vpc.aws_network_acl_rule.intra_outbound",
            "module.networking.module.vpc.aws_network_acl_rule.outpost_inbound",
            "module.networking.module.vpc.aws_network_acl_rule.outpost_outbound",
            "module.networking.module.vpc.aws_network_acl_rule.private_inbound",
            "module.networking.module.vpc.aws_network_acl_rule.private_outbound",
            "module.networking.module.vpc.aws_network_acl_rule.public_inbound",
            "module.networking.module.vpc.aws_network_acl_rule.public_outbound",
            "module.networking.module.vpc.aws_network_acl_rule.redshift_inbound",
            "module.networking.module.vpc.aws_network_acl_rule.redshift_outbound",
            "module.networking.module.vpc.aws_redshift_subnet_group.redshift",
            "module.networking.module.vpc.aws_route.database_internet_gateway",
            "module.networking.module.vpc.aws_route.database_ipv6_egress",
            "module.networking.module.vpc.aws_route.database_nat_gateway",
            "module.networking.module.vpc.aws_route.private_ipv6_egress",
            "module.networking.module.vpc.aws_route.private_nat_gateway",
            "module.networking.module.vpc.aws_route.public_internet_gateway",
            "module.networking.module.vpc.aws_route.public_internet_gateway_ipv6",
            "module.networking.module.vpc.aws_route_table.database",
            "module.networking.module.vpc.aws_route_table.elasticache",
            "module.networking.module.vpc.aws_route_table.intra",
            "module.networking.module.vpc.aws_route_table.private",
            "module.networking.module.vpc.aws_route_table.public",
            "module.networking.module.vpc.aws_route_table.redshift",
            "module.networking.module.vpc.aws_route_table_association.database",
            "module.networking.module.vpc.aws_route_table_association.elasticache",
            "module.networking.module.vpc.aws_route_table_association.intra",
            "module.networking.module.vpc.aws_route_table_association.outpost",
            "module.networking.module.vpc.aws_route_table_association.private",
            "module.networking.module.vpc.aws_route_table_association.public",
            "module.networking.module.vpc.aws_route_table_association.redshift",
            "module.networking.module.vpc.aws_route_table_association.redshift_public",
            "module.networking.module.vpc.aws_subnet.database",
            "module.networking.module.vpc.aws_subnet.elasticache",
            "module.networking.module.vpc.aws_subnet.intra",
            "module.networking.module.vpc.aws_subnet.outpost",
            "module.networking.module.vpc.aws_subnet.private",
            "module.networking.module.vpc.aws_subnet.public",
            "module.networking.module.vpc.aws_subnet.redshift",
            "module.networking.module.vpc.aws_vpc.this",
            "module.networking.module.vpc.aws_vpc_dhcp_options.this",
            "module.networking.module.vpc.aws_vpc_dhcp_options_association.this",
            "module.networking.module.vpc.aws_vpc_ipv4_cidr_block_association.this",
            "module.networking.module.vpc.aws_vpn_gateway.this",
            "module.networking.module.vpc.aws_vpn_gateway_attachment.this",
            "module.networking.module.vpc.aws_vpn_gateway_route_propagation.intra",
            "module.networking.module.vpc.aws_vpn_gateway_route_propagation.private",
            "module.networking.module.vpc.aws_vpn_gateway_route_propagation.public",
            "module.networking.module.vpc.data.aws_iam_policy_document.flow_log_cloudwatch_assume_role",
            "module.networking.module.vpc.data.aws_iam_policy_document.vpc_flow_log_cloudwatch",
            "module.ssh-key.aws_key_pair.key_pair",
            "module.ssh-key.tls_private_key.key",
            "module.storage.aws_efs_file_system.efs",
            "random_password.db_master_pass",
            "random_password.queue_pass"
          ]
        },
        {
          "index_key": "0.instance_2",
          "schema_version": 0,
          "attributes": {
            "availability_zone": null,
            "id": "arn:aws:elasticloadbalancing:us-west-2:872224457307:targetgroup/pref-20221104122916965600000001/e0d1abfe644ead88-20221104122919154400000003",
            "port": 8080,
            "target_group_arn": "arn:aws:elasticloadbalancing:us-west-2:872224457307:targetgroup/pref-20221104122916965600000001/e0d1abfe644ead88",
            "target_id": "i-0e850eded77005c73"
          },
          "sensitive_attributes": [],
          "private": "bnVsbA==",
          "dependencies": [
            "module.ec2.aws_instance.ec2_app",
            "module.ec2.aws_instance.ec2_db",
            "module.ec2.data.aws_ami.ubuntu-linux-2204",
            "module.ec2.data.template_file.env",
            "module.ec2.data.template_file.init_app",
            "module.ec2.data.template_file.init_db",
            "module.elb.module.alb.aws_lambda_permission.lb",
            "module.elb.module.alb.aws_lb.this",
            "module.elb.module.alb.aws_lb_target_group.main",
            "module.networking.aws_security_group.allow_pub",
            "module.networking.data.aws_availability_zones.available",
            "module.networking.module.vpc.aws_cloudwatch_log_group.flow_log",
            "module.networking.module.vpc.aws_customer_gateway.this",
            "module.networking.module.vpc.aws_db_subnet_group.database",
            "module.networking.module.vpc.aws_default_network_acl.this",
            "module.networking.module.vpc.aws_default_route_table.default",
            "module.networking.module.vpc.aws_default_security_group.this",
            "module.networking.module.vpc.aws_default_vpc.this",
            "module.networking.module.vpc.aws_egress_only_internet_gateway.this",
            "module.networking.module.vpc.aws_eip.nat",
            "module.networking.module.vpc.aws_elasticache_subnet_group.elasticache",
            "module.networking.module.vpc.aws_flow_log.this",
            "module.networking.module.vpc.aws_iam_policy.vpc_flow_log_cloudwatch",
            "module.networking.module.vpc.aws_iam_role.vpc_flow_log_cloudwatch",
            "module.networking.module.vpc.aws_iam_role_policy_attachment.vpc_flow_log_cloudwatch",
            "module.networking.module.vpc.aws_internet_gateway.this",
            "module.networking.module.vpc.aws_nat_gateway.this",
            "module.networking.module.vpc.aws_network_acl.database",
            "module.networking.module.vpc.aws_network_acl.elasticache",
            "module.networking.module.vpc.aws_network_acl.intra",
            "module.networking.module.vpc.aws_network_acl.outpost",
            "module.networking.module.vpc.aws_network_acl.private",
            "module.networking.module.vpc.aws_network_acl.public",
            "module.networking.module.vpc.aws_network_acl.redshift",
            "module.networking.module.vpc.aws_network_acl_rule.database_inbound",
            "module.networking.module.vpc.aws_network_acl_rule.database_outbound",
            "module.networking.module.vpc.aws_network_acl_rule.elasticache_inbound",
            "module.networking.module.vpc.aws_network_acl_rule.elasticache_outbound",
            "module.networking.module.vpc.aws_network_acl_rule.intra_inbound",
            "module.networking.module.vpc.aws_network_acl_rule.intra_outbound",
            "module.networking.module.vpc.aws_network_acl_rule.outpost_inbound",
            "module.networking.module.vpc.aws_network_acl_rule.outpost_outbound",
            "module.networking.module.vpc.aws_network_acl_rule.private_inbound",
            "module.networking.module.vpc.aws_network_acl_rule.private_outbound",
            "module.networking.module.vpc.aws_network_acl_rule.public_inbound",
            "module.networking.module.vpc.aws_network_acl_rule.public_outbound",
            "module.networking.module.vpc.aws_network_acl_rule.redshift_inbound",
            "module.networking.module.vpc.aws_network_acl_rule.redshift_outbound",
            "module.networking.module.vpc.aws_redshift_subnet_group.redshift",
            "module.networking.module.vpc.aws_route.database_internet_gateway",
            "module.networking.module.vpc.aws_route.database_ipv6_egress",
            "module.networking.module.vpc.aws_route.database_nat_gateway",
            "module.networking.module.vpc.aws_route.private_ipv6_egress",
            "module.networking.module.vpc.aws_route.private_nat_gateway",
            "module.networking.module.vpc.aws_route.public_internet_gateway",
            "module.networking.module.vpc.aws_route.public_internet_gateway_ipv6",
            "module.networking.module.vpc.aws_route_table.database",
            "module.networking.module.vpc.aws_route_table.elasticache",
            "module.networking.module.vpc.aws_route_table.intra",
            "module.networking.module.vpc.aws_route_table.private",
            "module.networking.module.vpc.aws_route_table.public",
            "module.networking.module.vpc.aws_route_table.redshift",
            "module.networking.module.vpc.aws_route_table_association.database",
            "module.networking.module.vpc.aws_route_table_association.elasticache",
            "module.networking.module.vpc.aws_route_table_association.intra",
            "module.networking.module.vpc.aws_route_table_association.outpost",
            "module.networking.module.vpc.aws_route_table_association.private",
            "module.networking.module.vpc.aws_route_table_association.public",
            "module.networking.module.vpc.aws_route_table_association.redshift",
            "module.networking.module.vpc.aws_route_table_association.redshift_public",
            "module.networking.module.vpc.aws_subnet.database",
            "module.networking.module.vpc.aws_subnet.elasticache",
            "module.networking.module.vpc.aws_subnet.intra",
            "module.networking.module.vpc.aws_subnet.outpost",
            "module.networking.module.vpc.aws_subnet.private",
            "module.networking.module.vpc.aws_subnet.public",
            "module.networking.module.vpc.aws_subnet.redshift",
            "module.networking.module.vpc.aws_vpc.this",
            "module.networking.module.vpc.aws_vpc_dhcp_options.this",
            "module.networking.module.vpc.aws_vpc_dhcp_options_association.this",
            "module.networking.module.vpc.aws_vpc_ipv4_cidr_block_association.this",
            "module.networking.module.vpc.aws_vpn_gateway.this",
            "module.networking.module.vpc.aws_vpn_gateway_attachment.this",
            "module.networking.module.vpc.aws_vpn_gateway_route_propagation.intra",
            "module.networking.module.vpc.aws_vpn_gateway_route_propagation.private",
            "module.networking.module.vpc.aws_vpn_gateway_route_propagation.public",
            "module.networking.module.vpc.data.aws_iam_policy_document.flow_log_cloudwatch_assume_role",
            "module.networking.module.vpc.data.aws_iam_policy_document.vpc_flow_log_cloudwatch",
            "module.ssh-key.aws_key_pair.key_pair",
            "module.ssh-key.tls_private_key.key",
            "module.storage.aws_efs_file_system.efs",
            "random_password.db_master_pass",
            "random_password.queue_pass"
          ]
        }
      ]
    },
    {
      "module": "module.networking",
      "mode": "data",
      "type": "aws_availability_zones",
      "name": "available",
      "provider": "provider[\"registry.terraform.io/hashicorp/aws\"]",
      "instances": [
        {
          "schema_version": 0,
          "attributes": {
            "all_availability_zones": null,
            "exclude_names": null,
            "exclude_zone_ids": null,
            "filter": null,
            "group_names": [
              "us-west-2"
            ],
            "id": "us-west-2",
            "names": [
              "us-west-2a",
              "us-west-2b",
              "us-west-2c",
              "us-west-2d"
            ],
            "state": "available",
            "timeouts": null,
            "zone_ids": [
              "usw2-az2",
              "usw2-az1",
              "usw2-az3",
              "usw2-az4"
            ]
          },
          "sensitive_attributes": []
        }
      ]
    },
    {
      "module": "module.networking",
      "mode": "managed",
      "type": "aws_security_group",
      "name": "allow_pub",
      "provider": "provider[\"registry.terraform.io/hashicorp/aws\"]",
      "instances": [
        {
          "schema_version": 1,
          "attributes": {
            "arn": "arn:aws:ec2:us-west-2:872224457307:security-group/sg-0d0acf16c675f06f5",
            "description": "Allow SSH inbound traffic",
            "egress": [
              {
                "cidr_blocks": [
                  "0.0.0.0/0"
                ],
                "description": "",
                "from_port": 0,
                "ipv6_cidr_blocks": [],
                "prefix_list_ids": [],
                "protocol": "-1",
                "security_groups": [],
                "self": false,
                "to_port": 0
              }
            ],
            "id": "sg-0d0acf16c675f06f5",
            "ingress": [
              {
                "cidr_blocks": [
                  "0.0.0.0/0"
                ],
                "description": "EFS mount target",
                "from_port": 2049,
                "ipv6_cidr_blocks": [],
                "prefix_list_ids": [],
                "protocol": "tcp",
                "security_groups": [],
                "self": false,
                "to_port": 2049
              },
              {
                "cidr_blocks": [
                  "0.0.0.0/0"
                ],
                "description": "HTTP for app servers",
                "from_port": 8080,
                "ipv6_cidr_blocks": [],
                "prefix_list_ids": [],
                "protocol": "tcp",
                "security_groups": [],
                "self": false,
                "to_port": 8080
              },
              {
                "cidr_blocks": [
                  "0.0.0.0/0"
                ],
                "description": "HTTP from the internet",
                "from_port": 80,
                "ipv6_cidr_blocks": [],
                "prefix_list_ids": [],
                "protocol": "tcp",
                "security_groups": [],
                "self": false,
                "to_port": 80
              },
              {
                "cidr_blocks": [
                  "0.0.0.0/0"
                ],
                "description": "HTTPS from the internet",
                "from_port": 443,
                "ipv6_cidr_blocks": [],
                "prefix_list_ids": [],
                "protocol": "tcp",
                "security_groups": [],
                "self": false,
                "to_port": 443
              },
              {
                "cidr_blocks": [
                  "0.0.0.0/0"
                ],
                "description": "Mysql",
                "from_port": 3306,
                "ipv6_cidr_blocks": [],
                "prefix_list_ids": [],
                "protocol": "tcp",
                "security_groups": [],
                "self": false,
                "to_port": 3306
              },
              {
                "cidr_blocks": [
                  "0.0.0.0/0"
                ],
                "description": "RabbitMQ Erlang",
                "from_port": 4639,
                "ipv6_cidr_blocks": [],
                "prefix_list_ids": [],
                "protocol": "tcp",
                "security_groups": [],
                "self": false,
                "to_port": 4639
              },
              {
                "cidr_blocks": [
                  "0.0.0.0/0"
                ],
                "description": "RabbitMQ admin",
                "from_port": 15671,
                "ipv6_cidr_blocks": [],
                "prefix_list_ids": [],
                "protocol": "tcp",
                "security_groups": [],
                "self": false,
                "to_port": 15671
              },
              {
                "cidr_blocks": [
                  "0.0.0.0/0"
                ],
                "description": "RabbitMQ",
                "from_port": 5671,
                "ipv6_cidr_blocks": [],
                "prefix_list_ids": [],
                "protocol": "tcp",
                "security_groups": [],
                "self": false,
                "to_port": 5671
              },
              {
                "cidr_blocks": [
                  "0.0.0.0/0"
                ],
                "description": "Redis",
                "from_port": 6379,
                "ipv6_cidr_blocks": [],
                "prefix_list_ids": [],
                "protocol": "tcp",
                "security_groups": [],
                "self": false,
                "to_port": 6379
              },
              {
                "cidr_blocks": [
                  "0.0.0.0/0"
                ],
                "description": "SSH from the internet",
                "from_port": 22,
                "ipv6_cidr_blocks": [],
                "prefix_list_ids": [],
                "protocol": "tcp",
                "security_groups": [],
                "self": false,
                "to_port": 22
              }
            ],
            "name": "spikademo-public",
            "name_prefix": "",
            "owner_id": "872224457307",
            "revoke_rules_on_delete": false,
            "tags": {
              "Name": "spikademo-allow_pub"
            },
            "tags_all": {
              "Name": "spikademo-allow_pub"
            },
            "timeouts": null,
            "vpc_id": "vpc-07a113c4ad2d34a50"
          },
          "sensitive_attributes": [],
          "private": "eyJlMmJmYjczMC1lY2FhLTExZTYtOGY4OC0zNDM2M2JjN2M0YzAiOnsiY3JlYXRlIjo2MDAwMDAwMDAwMDAsImRlbGV0ZSI6OTAwMDAwMDAwMDAwfSwic2NoZW1hX3ZlcnNpb24iOiIxIn0=",
          "dependencies": [
            "module.networking.module.vpc.aws_vpc.this"
          ],
          "create_before_destroy": true
        }
      ]
    },
    {
      "module": "module.networking",
      "mode": "managed",
      "type": "aws_security_group",
      "name": "allow_ssh_priv",
      "provider": "provider[\"registry.terraform.io/hashicorp/aws\"]",
      "instances": [
        {
          "schema_version": 1,
          "attributes": {
            "arn": "arn:aws:ec2:us-west-2:872224457307:security-group/sg-0bdf682a7c803a93d",
            "description": "Allow SSH inbound traffic",
            "egress": [
              {
                "cidr_blocks": [
                  "0.0.0.0/0"
                ],
                "description": "",
                "from_port": 0,
                "ipv6_cidr_blocks": [],
                "prefix_list_ids": [],
                "protocol": "-1",
                "security_groups": [],
                "self": false,
                "to_port": 0
              }
            ],
            "id": "sg-0bdf682a7c803a93d",
            "ingress": [
              {
                "cidr_blocks": [
                  "0.0.0.0/0"
                ],
                "description": "EFS mount target",
                "from_port": 2049,
                "ipv6_cidr_blocks": [],
                "prefix_list_ids": [],
                "protocol": "tcp",
                "security_groups": [],
                "self": false,
                "to_port": 2049
              },
              {
                "cidr_blocks": [
                  "10.0.0.0/16"
                ],
                "description": "SSH only from internal VPC clients",
                "from_port": 22,
                "ipv6_cidr_blocks": [],
                "prefix_list_ids": [],
                "protocol": "tcp",
                "security_groups": [],
                "self": false,
                "to_port": 22
              }
            ],
            "name": "spikademo-allow_ssh_priv",
            "name_prefix": "",
            "owner_id": "872224457307",
            "revoke_rules_on_delete": false,
            "tags": {
              "Name": "spikademo-allow_ssh_priv"
            },
            "tags_all": {
              "Name": "spikademo-allow_ssh_priv"
            },
            "timeouts": null,
            "vpc_id": "vpc-07a113c4ad2d34a50"
          },
          "sensitive_attributes": [],
          "private": "eyJlMmJmYjczMC1lY2FhLTExZTYtOGY4OC0zNDM2M2JjN2M0YzAiOnsiY3JlYXRlIjo2MDAwMDAwMDAwMDAsImRlbGV0ZSI6OTAwMDAwMDAwMDAwfSwic2NoZW1hX3ZlcnNpb24iOiIxIn0=",
          "dependencies": [
            "module.networking.module.vpc.aws_vpc.this"
          ]
        }
      ]
    },
    {
      "module": "module.networking.module.vpc",
      "mode": "managed",
      "type": "aws_db_subnet_group",
      "name": "database",
      "provider": "provider[\"registry.terraform.io/hashicorp/aws\"]",
      "instances": [
        {
          "index_key": 0,
          "schema_version": 0,
          "attributes": {
            "arn": "arn:aws:rds:us-west-2:872224457307:subgrp:spikademo-vpc",
            "description": "Database subnet group for spikademo-vpc",
            "id": "spikademo-vpc",
            "name": "spikademo-vpc",
            "name_prefix": "",
            "subnet_ids": [
              "subnet-04e830c3c4afcf969",
              "subnet-0af93353d6a3087ba"
            ],
            "supported_network_types": [
              "IPV4"
            ],
            "tags": {
              "Name": "spikademo-vpc"
            },
            "tags_all": {
              "Name": "spikademo-vpc"
            }
          },
          "sensitive_attributes": [],
          "private": "bnVsbA==",
          "dependencies": [
            "module.networking.data.aws_availability_zones.available",
            "module.networking.module.vpc.aws_subnet.database",
            "module.networking.module.vpc.aws_vpc.this",
            "module.networking.module.vpc.aws_vpc_ipv4_cidr_block_association.this"
          ],
          "create_before_destroy": true
        }
      ]
    },
    {
      "module": "module.networking.module.vpc",
      "mode": "managed",
      "type": "aws_eip",
      "name": "nat",
      "provider": "provider[\"registry.terraform.io/hashicorp/aws\"]",
      "instances": [
        {
          "index_key": 0,
          "schema_version": 0,
          "attributes": {
            "address": null,
            "allocation_id": "eipalloc-0a52f0ad142775e51",
            "associate_with_private_ip": null,
            "association_id": "",
            "carrier_ip": "",
            "customer_owned_ip": "",
            "customer_owned_ipv4_pool": "",
            "domain": "vpc",
            "id": "eipalloc-0a52f0ad142775e51",
            "instance": "",
            "network_border_group": "us-west-2",
            "network_interface": "",
            "private_dns": null,
            "private_ip": "",
            "public_dns": "ec2-44-230-131-143.us-west-2.compute.amazonaws.com",
            "public_ip": "44.230.131.143",
            "public_ipv4_pool": "amazon",
            "tags": {
              "Name": "spikademo-vpc-us-west-2a"
            },
            "tags_all": {
              "Name": "spikademo-vpc-us-west-2a"
            },
            "timeouts": null,
            "vpc": true
          },
          "sensitive_attributes": [],
          "private": "eyJlMmJmYjczMC1lY2FhLTExZTYtOGY4OC0zNDM2M2JjN2M0YzAiOnsiZGVsZXRlIjoxODAwMDAwMDAwMDAsInJlYWQiOjkwMDAwMDAwMDAwMCwidXBkYXRlIjozMDAwMDAwMDAwMDB9fQ==",
          "dependencies": [
            "module.networking.data.aws_availability_zones.available"
          ],
          "create_before_destroy": true
        }
      ]
    },
    {
      "module": "module.networking.module.vpc",
      "mode": "managed",
      "type": "aws_elasticache_subnet_group",
      "name": "elasticache",
      "provider": "provider[\"registry.terraform.io/hashicorp/aws\"]",
      "instances": [
        {
          "index_key": 0,
          "schema_version": 0,
          "attributes": {
            "arn": "arn:aws:elasticache:us-west-2:872224457307:subnetgroup:spikademo-vpc",
            "description": "ElastiCache subnet group for spikademo-vpc",
            "id": "spikademo-vpc",
            "name": "spikademo-vpc",
            "subnet_ids": [
              "subnet-011a34250b6d7f55e",
              "subnet-050fe50a0fad7b94e"
            ],
            "tags": {
              "Name": "spikademo-vpc"
            },
            "tags_all": {
              "Name": "spikademo-vpc"
            }
          },
          "sensitive_attributes": [],
          "private": "bnVsbA==",
          "dependencies": [
            "module.networking.data.aws_availability_zones.available",
            "module.networking.module.vpc.aws_subnet.elasticache",
            "module.networking.module.vpc.aws_vpc.this",
            "module.networking.module.vpc.aws_vpc_ipv4_cidr_block_association.this"
          ],
          "create_before_destroy": true
        }
      ]
    },
    {
      "module": "module.networking.module.vpc",
      "mode": "managed",
      "type": "aws_internet_gateway",
      "name": "this",
      "provider": "provider[\"registry.terraform.io/hashicorp/aws\"]",
      "instances": [
        {
          "index_key": 0,
          "schema_version": 0,
          "attributes": {
            "arn": "arn:aws:ec2:us-west-2:872224457307:internet-gateway/igw-0ba8eeb7ebdae74f2",
            "id": "igw-0ba8eeb7ebdae74f2",
            "owner_id": "872224457307",
            "tags": {
              "Name": "spikademo-vpc"
            },
            "tags_all": {
              "Name": "spikademo-vpc"
            },
            "timeouts": null,
            "vpc_id": "vpc-07a113c4ad2d34a50"
          },
          "sensitive_attributes": [],
          "private": "eyJlMmJmYjczMC1lY2FhLTExZTYtOGY4OC0zNDM2M2JjN2M0YzAiOnsiY3JlYXRlIjoxMjAwMDAwMDAwMDAwLCJkZWxldGUiOjEyMDAwMDAwMDAwMDAsInVwZGF0ZSI6MTIwMDAwMDAwMDAwMH19",
          "dependencies": [
            "module.networking.module.vpc.aws_vpc.this",
            "module.networking.module.vpc.aws_vpc_ipv4_cidr_block_association.this"
          ],
          "create_before_destroy": true
        }
      ]
    },
    {
      "module": "module.networking.module.vpc",
      "mode": "managed",
      "type": "aws_nat_gateway",
      "name": "this",
      "provider": "provider[\"registry.terraform.io/hashicorp/aws\"]",
      "instances": [
        {
          "index_key": 0,
          "schema_version": 0,
          "attributes": {
            "allocation_id": "eipalloc-0a52f0ad142775e51",
            "connectivity_type": "public",
            "id": "nat-0ae50c016b28e2bae",
            "network_interface_id": "eni-0673264285b755a36",
            "private_ip": "10.0.101.52",
            "public_ip": "44.230.131.143",
            "subnet_id": "subnet-062bd99b0da7f8d2f",
            "tags": {
              "Name": "spikademo-vpc-us-west-2a"
            },
            "tags_all": {
              "Name": "spikademo-vpc-us-west-2a"
            }
          },
          "sensitive_attributes": [],
          "private": "bnVsbA==",
          "dependencies": [
            "module.networking.data.aws_availability_zones.available",
            "module.networking.module.vpc.aws_eip.nat",
            "module.networking.module.vpc.aws_internet_gateway.this",
            "module.networking.module.vpc.aws_subnet.public",
            "module.networking.module.vpc.aws_vpc.this",
            "module.networking.module.vpc.aws_vpc_ipv4_cidr_block_association.this"
          ],
          "create_before_destroy": true
        }
      ]
    },
    {
      "module": "module.networking.module.vpc",
      "mode": "managed",
      "type": "aws_route",
      "name": "private_nat_gateway",
      "provider": "provider[\"registry.terraform.io/hashicorp/aws\"]",
      "instances": [
        {
          "index_key": 0,
          "schema_version": 0,
          "attributes": {
            "carrier_gateway_id": "",
            "core_network_arn": "",
            "destination_cidr_block": "0.0.0.0/0",
            "destination_ipv6_cidr_block": "",
            "destination_prefix_list_id": "",
            "egress_only_gateway_id": "",
            "gateway_id": "",
            "id": "r-rtb-07782d029551fc28b1080289494",
            "instance_id": "",
            "instance_owner_id": "",
            "local_gateway_id": "",
            "nat_gateway_id": "nat-0ae50c016b28e2bae",
            "network_interface_id": "",
            "origin": "CreateRoute",
            "route_table_id": "rtb-07782d029551fc28b",
            "state": "active",
            "timeouts": {
              "create": "5m",
              "delete": null,
              "update": null
            },
            "transit_gateway_id": "",
            "vpc_endpoint_id": "",
            "vpc_peering_connection_id": ""
          },
          "sensitive_attributes": [],
          "private": "eyJlMmJmYjczMC1lY2FhLTExZTYtOGY4OC0zNDM2M2JjN2M0YzAiOnsiY3JlYXRlIjozMDAwMDAwMDAwMDAsImRlbGV0ZSI6MzAwMDAwMDAwMDAwLCJ1cGRhdGUiOjEyMDAwMDAwMDAwMH19",
          "dependencies": [
            "module.networking.data.aws_availability_zones.available",
            "module.networking.module.vpc.aws_eip.nat",
            "module.networking.module.vpc.aws_internet_gateway.this",
            "module.networking.module.vpc.aws_nat_gateway.this",
            "module.networking.module.vpc.aws_route_table.private",
            "module.networking.module.vpc.aws_subnet.public",
            "module.networking.module.vpc.aws_vpc.this",
            "module.networking.module.vpc.aws_vpc_ipv4_cidr_block_association.this"
          ],
          "create_before_destroy": true
        }
      ]
    },
    {
      "module": "module.networking.module.vpc",
      "mode": "managed",
      "type": "aws_route",
      "name": "public_internet_gateway",
      "provider": "provider[\"registry.terraform.io/hashicorp/aws\"]",
      "instances": [
        {
          "index_key": 0,
          "schema_version": 0,
          "attributes": {
            "carrier_gateway_id": "",
            "core_network_arn": "",
            "destination_cidr_block": "0.0.0.0/0",
            "destination_ipv6_cidr_block": "",
            "destination_prefix_list_id": "",
            "egress_only_gateway_id": "",
            "gateway_id": "igw-0ba8eeb7ebdae74f2",
            "id": "r-rtb-00117922147586db71080289494",
            "instance_id": "",
            "instance_owner_id": "",
            "local_gateway_id": "",
            "nat_gateway_id": "",
            "network_interface_id": "",
            "origin": "CreateRoute",
            "route_table_id": "rtb-00117922147586db7",
            "state": "active",
            "timeouts": {
              "create": "5m",
              "delete": null,
              "update": null
            },
            "transit_gateway_id": "",
            "vpc_endpoint_id": "",
            "vpc_peering_connection_id": ""
          },
          "sensitive_attributes": [],
          "private": "eyJlMmJmYjczMC1lY2FhLTExZTYtOGY4OC0zNDM2M2JjN2M0YzAiOnsiY3JlYXRlIjozMDAwMDAwMDAwMDAsImRlbGV0ZSI6MzAwMDAwMDAwMDAwLCJ1cGRhdGUiOjEyMDAwMDAwMDAwMH19",
          "dependencies": [
            "module.networking.module.vpc.aws_internet_gateway.this",
            "module.networking.module.vpc.aws_route_table.public",
            "module.networking.module.vpc.aws_vpc.this",
            "module.networking.module.vpc.aws_vpc_ipv4_cidr_block_association.this"
          ],
          "create_before_destroy": true
        }
      ]
    },
    {
      "module": "module.networking.module.vpc",
      "mode": "managed",
      "type": "aws_route_table",
      "name": "private",
      "provider": "provider[\"registry.terraform.io/hashicorp/aws\"]",
      "instances": [
        {
          "index_key": 0,
          "schema_version": 0,
          "attributes": {
            "arn": "arn:aws:ec2:us-west-2:872224457307:route-table/rtb-07782d029551fc28b",
            "id": "rtb-07782d029551fc28b",
            "owner_id": "872224457307",
            "propagating_vgws": [],
            "route": [],
            "tags": {
              "Name": "spikademo-vpc-private"
            },
            "tags_all": {
              "Name": "spikademo-vpc-private"
            },
            "timeouts": null,
            "vpc_id": "vpc-07a113c4ad2d34a50"
          },
          "sensitive_attributes": [],
          "private": "eyJlMmJmYjczMC1lY2FhLTExZTYtOGY4OC0zNDM2M2JjN2M0YzAiOnsiY3JlYXRlIjozMDAwMDAwMDAwMDAsImRlbGV0ZSI6MzAwMDAwMDAwMDAwLCJ1cGRhdGUiOjEyMDAwMDAwMDAwMH19",
          "dependencies": [
            "module.networking.data.aws_availability_zones.available",
            "module.networking.module.vpc.aws_vpc.this",
            "module.networking.module.vpc.aws_vpc_ipv4_cidr_block_association.this"
          ],
          "create_before_destroy": true
        }
      ]
    },
    {
      "module": "module.networking.module.vpc",
      "mode": "managed",
      "type": "aws_route_table",
      "name": "public",
      "provider": "provider[\"registry.terraform.io/hashicorp/aws\"]",
      "instances": [
        {
          "index_key": 0,
          "schema_version": 0,
          "attributes": {
            "arn": "arn:aws:ec2:us-west-2:872224457307:route-table/rtb-00117922147586db7",
            "id": "rtb-00117922147586db7",
            "owner_id": "872224457307",
            "propagating_vgws": [],
            "route": [],
            "tags": {
              "Name": "spikademo-vpc-public"
            },
            "tags_all": {
              "Name": "spikademo-vpc-public"
            },
            "timeouts": null,
            "vpc_id": "vpc-07a113c4ad2d34a50"
          },
          "sensitive_attributes": [],
          "private": "eyJlMmJmYjczMC1lY2FhLTExZTYtOGY4OC0zNDM2M2JjN2M0YzAiOnsiY3JlYXRlIjozMDAwMDAwMDAwMDAsImRlbGV0ZSI6MzAwMDAwMDAwMDAwLCJ1cGRhdGUiOjEyMDAwMDAwMDAwMH19",
          "dependencies": [
            "module.networking.module.vpc.aws_vpc.this",
            "module.networking.module.vpc.aws_vpc_ipv4_cidr_block_association.this"
          ],
          "create_before_destroy": true
        }
      ]
    },
    {
      "module": "module.networking.module.vpc",
      "mode": "managed",
      "type": "aws_route_table_association",
      "name": "database",
      "provider": "provider[\"registry.terraform.io/hashicorp/aws\"]",
      "instances": [
        {
          "index_key": 0,
          "schema_version": 0,
          "attributes": {
            "gateway_id": "",
            "id": "rtbassoc-0e32f36783a1f3302",
            "route_table_id": "rtb-07782d029551fc28b",
            "subnet_id": "subnet-0af93353d6a3087ba"
          },
          "sensitive_attributes": [],
          "private": "bnVsbA==",
          "dependencies": [
            "module.networking.data.aws_availability_zones.available",
            "module.networking.module.vpc.aws_route_table.database",
            "module.networking.module.vpc.aws_route_table.private",
            "module.networking.module.vpc.aws_subnet.database",
            "module.networking.module.vpc.aws_vpc.this",
            "module.networking.module.vpc.aws_vpc_ipv4_cidr_block_association.this"
          ],
          "create_before_destroy": true
        },
        {
          "index_key": 1,
          "schema_version": 0,
          "attributes": {
            "gateway_id": "",
            "id": "rtbassoc-03c238d59a918c9d3",
            "route_table_id": "rtb-07782d029551fc28b",
            "subnet_id": "subnet-04e830c3c4afcf969"
          },
          "sensitive_attributes": [],
          "private": "bnVsbA==",
          "dependencies": [
            "module.networking.data.aws_availability_zones.available",
            "module.networking.module.vpc.aws_route_table.database",
            "module.networking.module.vpc.aws_route_table.private",
            "module.networking.module.vpc.aws_subnet.database",
            "module.networking.module.vpc.aws_vpc.this",
            "module.networking.module.vpc.aws_vpc_ipv4_cidr_block_association.this"
          ],
          "create_before_destroy": true
        }
      ]
    },
    {
      "module": "module.networking.module.vpc",
      "mode": "managed",
      "type": "aws_route_table_association",
      "name": "elasticache",
      "provider": "provider[\"registry.terraform.io/hashicorp/aws\"]",
      "instances": [
        {
          "index_key": 0,
          "schema_version": 0,
          "attributes": {
            "gateway_id": "",
            "id": "rtbassoc-0c46d96ab7337a723",
            "route_table_id": "rtb-07782d029551fc28b",
            "subnet_id": "subnet-011a34250b6d7f55e"
          },
          "sensitive_attributes": [],
          "private": "bnVsbA==",
          "dependencies": [
            "module.networking.data.aws_availability_zones.available",
            "module.networking.module.vpc.aws_route_table.elasticache",
            "module.networking.module.vpc.aws_route_table.private",
            "module.networking.module.vpc.aws_subnet.elasticache",
            "module.networking.module.vpc.aws_vpc.this",
            "module.networking.module.vpc.aws_vpc_ipv4_cidr_block_association.this"
          ],
          "create_before_destroy": true
        },
        {
          "index_key": 1,
          "schema_version": 0,
          "attributes": {
            "gateway_id": "",
            "id": "rtbassoc-0894876c9bd38f49c",
            "route_table_id": "rtb-07782d029551fc28b",
            "subnet_id": "subnet-050fe50a0fad7b94e"
          },
          "sensitive_attributes": [],
          "private": "bnVsbA==",
          "dependencies": [
            "module.networking.data.aws_availability_zones.available",
            "module.networking.module.vpc.aws_route_table.elasticache",
            "module.networking.module.vpc.aws_route_table.private",
            "module.networking.module.vpc.aws_subnet.elasticache",
            "module.networking.module.vpc.aws_vpc.this",
            "module.networking.module.vpc.aws_vpc_ipv4_cidr_block_association.this"
          ],
          "create_before_destroy": true
        }
      ]
    },
    {
      "module": "module.networking.module.vpc",
      "mode": "managed",
      "type": "aws_route_table_association",
      "name": "private",
      "provider": "provider[\"registry.terraform.io/hashicorp/aws\"]",
      "instances": [
        {
          "index_key": 0,
          "schema_version": 0,
          "attributes": {
            "gateway_id": "",
            "id": "rtbassoc-0345f7bdf0be35542",
            "route_table_id": "rtb-07782d029551fc28b",
            "subnet_id": "subnet-0c1dca35417d091e8"
          },
          "sensitive_attributes": [],
          "private": "bnVsbA==",
          "dependencies": [
            "module.networking.data.aws_availability_zones.available",
            "module.networking.module.vpc.aws_route_table.private",
            "module.networking.module.vpc.aws_subnet.private",
            "module.networking.module.vpc.aws_vpc.this",
            "module.networking.module.vpc.aws_vpc_ipv4_cidr_block_association.this"
          ],
          "create_before_destroy": true
        },
        {
          "index_key": 1,
          "schema_version": 0,
          "attributes": {
            "gateway_id": "",
            "id": "rtbassoc-0c1fd2da0654cc5b9",
            "route_table_id": "rtb-07782d029551fc28b",
            "subnet_id": "subnet-0832b3e0d39604897"
          },
          "sensitive_attributes": [],
          "private": "bnVsbA==",
          "dependencies": [
            "module.networking.data.aws_availability_zones.available",
            "module.networking.module.vpc.aws_route_table.private",
            "module.networking.module.vpc.aws_subnet.private",
            "module.networking.module.vpc.aws_vpc.this",
            "module.networking.module.vpc.aws_vpc_ipv4_cidr_block_association.this"
          ],
          "create_before_destroy": true
        }
      ]
    },
    {
      "module": "module.networking.module.vpc",
      "mode": "managed",
      "type": "aws_route_table_association",
      "name": "public",
      "provider": "provider[\"registry.terraform.io/hashicorp/aws\"]",
      "instances": [
        {
          "index_key": 0,
          "schema_version": 0,
          "attributes": {
            "gateway_id": "",
            "id": "rtbassoc-05a2d735734ea2b75",
            "route_table_id": "rtb-00117922147586db7",
            "subnet_id": "subnet-062bd99b0da7f8d2f"
          },
          "sensitive_attributes": [],
          "private": "bnVsbA==",
          "dependencies": [
            "module.networking.data.aws_availability_zones.available",
            "module.networking.module.vpc.aws_route_table.public",
            "module.networking.module.vpc.aws_subnet.public",
            "module.networking.module.vpc.aws_vpc.this",
            "module.networking.module.vpc.aws_vpc_ipv4_cidr_block_association.this"
          ],
          "create_before_destroy": true
        },
        {
          "index_key": 1,
          "schema_version": 0,
          "attributes": {
            "gateway_id": "",
            "id": "rtbassoc-0df1cdab5c6df62b4",
            "route_table_id": "rtb-00117922147586db7",
            "subnet_id": "subnet-0466dfbb07bc3c3ae"
          },
          "sensitive_attributes": [],
          "private": "bnVsbA==",
          "dependencies": [
            "module.networking.data.aws_availability_zones.available",
            "module.networking.module.vpc.aws_route_table.public",
            "module.networking.module.vpc.aws_subnet.public",
            "module.networking.module.vpc.aws_vpc.this",
            "module.networking.module.vpc.aws_vpc_ipv4_cidr_block_association.this"
          ],
          "create_before_destroy": true
        }
      ]
    },
    {
      "module": "module.networking.module.vpc",
      "mode": "managed",
      "type": "aws_subnet",
      "name": "database",
      "provider": "provider[\"registry.terraform.io/hashicorp/aws\"]",
      "instances": [
        {
          "index_key": 0,
          "schema_version": 1,
          "attributes": {
            "arn": "arn:aws:ec2:us-west-2:872224457307:subnet/subnet-0af93353d6a3087ba",
            "assign_ipv6_address_on_creation": false,
            "availability_zone": "us-west-2a",
            "availability_zone_id": "usw2-az2",
            "cidr_block": "10.0.3.0/24",
            "customer_owned_ipv4_pool": "",
            "enable_dns64": false,
            "enable_resource_name_dns_a_record_on_launch": false,
            "enable_resource_name_dns_aaaa_record_on_launch": false,
            "id": "subnet-0af93353d6a3087ba",
            "ipv6_cidr_block": "",
            "ipv6_cidr_block_association_id": "",
            "ipv6_native": false,
            "map_customer_owned_ip_on_launch": false,
            "map_public_ip_on_launch": false,
            "outpost_arn": "",
            "owner_id": "872224457307",
            "private_dns_hostname_type_on_launch": "ip-name",
            "tags": {
              "Name": "spikademo-vpc-db-us-west-2a"
            },
            "tags_all": {
              "Name": "spikademo-vpc-db-us-west-2a"
            },
            "timeouts": null,
            "vpc_id": "vpc-07a113c4ad2d34a50"
          },
          "sensitive_attributes": [],
          "private": "eyJlMmJmYjczMC1lY2FhLTExZTYtOGY4OC0zNDM2M2JjN2M0YzAiOnsiY3JlYXRlIjo2MDAwMDAwMDAwMDAsImRlbGV0ZSI6MTIwMDAwMDAwMDAwMH0sInNjaGVtYV92ZXJzaW9uIjoiMSJ9",
          "dependencies": [
            "module.networking.data.aws_availability_zones.available",
            "module.networking.module.vpc.aws_vpc.this",
            "module.networking.module.vpc.aws_vpc_ipv4_cidr_block_association.this"
          ],
          "create_before_destroy": true
        },
        {
          "index_key": 1,
          "schema_version": 1,
          "attributes": {
            "arn": "arn:aws:ec2:us-west-2:872224457307:subnet/subnet-04e830c3c4afcf969",
            "assign_ipv6_address_on_creation": false,
            "availability_zone": "us-west-2b",
            "availability_zone_id": "usw2-az1",
            "cidr_block": "10.0.4.0/24",
            "customer_owned_ipv4_pool": "",
            "enable_dns64": false,
            "enable_resource_name_dns_a_record_on_launch": false,
            "enable_resource_name_dns_aaaa_record_on_launch": false,
            "id": "subnet-04e830c3c4afcf969",
            "ipv6_cidr_block": "",
            "ipv6_cidr_block_association_id": "",
            "ipv6_native": false,
            "map_customer_owned_ip_on_launch": false,
            "map_public_ip_on_launch": false,
            "outpost_arn": "",
            "owner_id": "872224457307",
            "private_dns_hostname_type_on_launch": "ip-name",
            "tags": {
              "Name": "spikademo-vpc-db-us-west-2b"
            },
            "tags_all": {
              "Name": "spikademo-vpc-db-us-west-2b"
            },
            "timeouts": null,
            "vpc_id": "vpc-07a113c4ad2d34a50"
          },
          "sensitive_attributes": [],
          "private": "eyJlMmJmYjczMC1lY2FhLTExZTYtOGY4OC0zNDM2M2JjN2M0YzAiOnsiY3JlYXRlIjo2MDAwMDAwMDAwMDAsImRlbGV0ZSI6MTIwMDAwMDAwMDAwMH0sInNjaGVtYV92ZXJzaW9uIjoiMSJ9",
          "dependencies": [
            "module.networking.data.aws_availability_zones.available",
            "module.networking.module.vpc.aws_vpc.this",
            "module.networking.module.vpc.aws_vpc_ipv4_cidr_block_association.this"
          ],
          "create_before_destroy": true
        }
      ]
    },
    {
      "module": "module.networking.module.vpc",
      "mode": "managed",
      "type": "aws_subnet",
      "name": "elasticache",
      "provider": "provider[\"registry.terraform.io/hashicorp/aws\"]",
      "instances": [
        {
          "index_key": 0,
          "schema_version": 1,
          "attributes": {
            "arn": "arn:aws:ec2:us-west-2:872224457307:subnet/subnet-011a34250b6d7f55e",
            "assign_ipv6_address_on_creation": false,
            "availability_zone": "us-west-2a",
            "availability_zone_id": "usw2-az2",
            "cidr_block": "10.0.5.0/24",
            "customer_owned_ipv4_pool": "",
            "enable_dns64": false,
            "enable_resource_name_dns_a_record_on_launch": false,
            "enable_resource_name_dns_aaaa_record_on_launch": false,
            "id": "subnet-011a34250b6d7f55e",
            "ipv6_cidr_block": "",
            "ipv6_cidr_block_association_id": "",
            "ipv6_native": false,
            "map_customer_owned_ip_on_launch": false,
            "map_public_ip_on_launch": false,
            "outpost_arn": "",
            "owner_id": "872224457307",
            "private_dns_hostname_type_on_launch": "ip-name",
            "tags": {
              "Name": "spikademo-vpc-elasticache-us-west-2a"
            },
            "tags_all": {
              "Name": "spikademo-vpc-elasticache-us-west-2a"
            },
            "timeouts": null,
            "vpc_id": "vpc-07a113c4ad2d34a50"
          },
          "sensitive_attributes": [],
          "private": "eyJlMmJmYjczMC1lY2FhLTExZTYtOGY4OC0zNDM2M2JjN2M0YzAiOnsiY3JlYXRlIjo2MDAwMDAwMDAwMDAsImRlbGV0ZSI6MTIwMDAwMDAwMDAwMH0sInNjaGVtYV92ZXJzaW9uIjoiMSJ9",
          "dependencies": [
            "module.networking.data.aws_availability_zones.available",
            "module.networking.module.vpc.aws_vpc.this",
            "module.networking.module.vpc.aws_vpc_ipv4_cidr_block_association.this"
          ],
          "create_before_destroy": true
        },
        {
          "index_key": 1,
          "schema_version": 1,
          "attributes": {
            "arn": "arn:aws:ec2:us-west-2:872224457307:subnet/subnet-050fe50a0fad7b94e",
            "assign_ipv6_address_on_creation": false,
            "availability_zone": "us-west-2b",
            "availability_zone_id": "usw2-az1",
            "cidr_block": "10.0.6.0/24",
            "customer_owned_ipv4_pool": "",
            "enable_dns64": false,
            "enable_resource_name_dns_a_record_on_launch": false,
            "enable_resource_name_dns_aaaa_record_on_launch": false,
            "id": "subnet-050fe50a0fad7b94e",
            "ipv6_cidr_block": "",
            "ipv6_cidr_block_association_id": "",
            "ipv6_native": false,
            "map_customer_owned_ip_on_launch": false,
            "map_public_ip_on_launch": false,
            "outpost_arn": "",
            "owner_id": "872224457307",
            "private_dns_hostname_type_on_launch": "ip-name",
            "tags": {
              "Name": "spikademo-vpc-elasticache-us-west-2b"
            },
            "tags_all": {
              "Name": "spikademo-vpc-elasticache-us-west-2b"
            },
            "timeouts": null,
            "vpc_id": "vpc-07a113c4ad2d34a50"
          },
          "sensitive_attributes": [],
          "private": "eyJlMmJmYjczMC1lY2FhLTExZTYtOGY4OC0zNDM2M2JjN2M0YzAiOnsiY3JlYXRlIjo2MDAwMDAwMDAwMDAsImRlbGV0ZSI6MTIwMDAwMDAwMDAwMH0sInNjaGVtYV92ZXJzaW9uIjoiMSJ9",
          "dependencies": [
            "module.networking.data.aws_availability_zones.available",
            "module.networking.module.vpc.aws_vpc.this",
            "module.networking.module.vpc.aws_vpc_ipv4_cidr_block_association.this"
          ],
          "create_before_destroy": true
        }
      ]
    },
    {
      "module": "module.networking.module.vpc",
      "mode": "managed",
      "type": "aws_subnet",
      "name": "private",
      "provider": "provider[\"registry.terraform.io/hashicorp/aws\"]",
      "instances": [
        {
          "index_key": 0,
          "schema_version": 1,
          "attributes": {
            "arn": "arn:aws:ec2:us-west-2:872224457307:subnet/subnet-0c1dca35417d091e8",
            "assign_ipv6_address_on_creation": false,
            "availability_zone": "us-west-2a",
            "availability_zone_id": "usw2-az2",
            "cidr_block": "10.0.1.0/24",
            "customer_owned_ipv4_pool": "",
            "enable_dns64": false,
            "enable_resource_name_dns_a_record_on_launch": false,
            "enable_resource_name_dns_aaaa_record_on_launch": false,
            "id": "subnet-0c1dca35417d091e8",
            "ipv6_cidr_block": "",
            "ipv6_cidr_block_association_id": "",
            "ipv6_native": false,
            "map_customer_owned_ip_on_launch": false,
            "map_public_ip_on_launch": false,
            "outpost_arn": "",
            "owner_id": "872224457307",
            "private_dns_hostname_type_on_launch": "ip-name",
            "tags": {
              "Name": "spikademo-vpc-private-us-west-2a"
            },
            "tags_all": {
              "Name": "spikademo-vpc-private-us-west-2a"
            },
            "timeouts": null,
            "vpc_id": "vpc-07a113c4ad2d34a50"
          },
          "sensitive_attributes": [],
          "private": "eyJlMmJmYjczMC1lY2FhLTExZTYtOGY4OC0zNDM2M2JjN2M0YzAiOnsiY3JlYXRlIjo2MDAwMDAwMDAwMDAsImRlbGV0ZSI6MTIwMDAwMDAwMDAwMH0sInNjaGVtYV92ZXJzaW9uIjoiMSJ9",
          "dependencies": [
            "module.networking.data.aws_availability_zones.available",
            "module.networking.module.vpc.aws_vpc.this",
            "module.networking.module.vpc.aws_vpc_ipv4_cidr_block_association.this"
          ],
          "create_before_destroy": true
        },
        {
          "index_key": 1,
          "schema_version": 1,
          "attributes": {
            "arn": "arn:aws:ec2:us-west-2:872224457307:subnet/subnet-0832b3e0d39604897",
            "assign_ipv6_address_on_creation": false,
            "availability_zone": "us-west-2b",
            "availability_zone_id": "usw2-az1",
            "cidr_block": "10.0.2.0/24",
            "customer_owned_ipv4_pool": "",
            "enable_dns64": false,
            "enable_resource_name_dns_a_record_on_launch": false,
            "enable_resource_name_dns_aaaa_record_on_launch": false,
            "id": "subnet-0832b3e0d39604897",
            "ipv6_cidr_block": "",
            "ipv6_cidr_block_association_id": "",
            "ipv6_native": false,
            "map_customer_owned_ip_on_launch": false,
            "map_public_ip_on_launch": false,
            "outpost_arn": "",
            "owner_id": "872224457307",
            "private_dns_hostname_type_on_launch": "ip-name",
            "tags": {
              "Name": "spikademo-vpc-private-us-west-2b"
            },
            "tags_all": {
              "Name": "spikademo-vpc-private-us-west-2b"
            },
            "timeouts": null,
            "vpc_id": "vpc-07a113c4ad2d34a50"
          },
          "sensitive_attributes": [],
          "private": "eyJlMmJmYjczMC1lY2FhLTExZTYtOGY4OC0zNDM2M2JjN2M0YzAiOnsiY3JlYXRlIjo2MDAwMDAwMDAwMDAsImRlbGV0ZSI6MTIwMDAwMDAwMDAwMH0sInNjaGVtYV92ZXJzaW9uIjoiMSJ9",
          "dependencies": [
            "module.networking.data.aws_availability_zones.available",
            "module.networking.module.vpc.aws_vpc.this",
            "module.networking.module.vpc.aws_vpc_ipv4_cidr_block_association.this"
          ],
          "create_before_destroy": true
        }
      ]
    },
    {
      "module": "module.networking.module.vpc",
      "mode": "managed",
      "type": "aws_subnet",
      "name": "public",
      "provider": "provider[\"registry.terraform.io/hashicorp/aws\"]",
      "instances": [
        {
          "index_key": 0,
          "schema_version": 1,
          "attributes": {
            "arn": "arn:aws:ec2:us-west-2:872224457307:subnet/subnet-062bd99b0da7f8d2f",
            "assign_ipv6_address_on_creation": false,
            "availability_zone": "us-west-2a",
            "availability_zone_id": "usw2-az2",
            "cidr_block": "10.0.101.0/24",
            "customer_owned_ipv4_pool": "",
            "enable_dns64": false,
            "enable_resource_name_dns_a_record_on_launch": false,
            "enable_resource_name_dns_aaaa_record_on_launch": false,
            "id": "subnet-062bd99b0da7f8d2f",
            "ipv6_cidr_block": "",
            "ipv6_cidr_block_association_id": "",
            "ipv6_native": false,
            "map_customer_owned_ip_on_launch": false,
            "map_public_ip_on_launch": true,
            "outpost_arn": "",
            "owner_id": "872224457307",
            "private_dns_hostname_type_on_launch": "ip-name",
            "tags": {
              "Name": "spikademo-vpc-public-us-west-2a"
            },
            "tags_all": {
              "Name": "spikademo-vpc-public-us-west-2a"
            },
            "timeouts": null,
            "vpc_id": "vpc-07a113c4ad2d34a50"
          },
          "sensitive_attributes": [],
          "private": "eyJlMmJmYjczMC1lY2FhLTExZTYtOGY4OC0zNDM2M2JjN2M0YzAiOnsiY3JlYXRlIjo2MDAwMDAwMDAwMDAsImRlbGV0ZSI6MTIwMDAwMDAwMDAwMH0sInNjaGVtYV92ZXJzaW9uIjoiMSJ9",
          "dependencies": [
            "module.networking.data.aws_availability_zones.available",
            "module.networking.module.vpc.aws_vpc.this",
            "module.networking.module.vpc.aws_vpc_ipv4_cidr_block_association.this"
          ],
          "create_before_destroy": true
        },
        {
          "index_key": 1,
          "schema_version": 1,
          "attributes": {
            "arn": "arn:aws:ec2:us-west-2:872224457307:subnet/subnet-0466dfbb07bc3c3ae",
            "assign_ipv6_address_on_creation": false,
            "availability_zone": "us-west-2b",
            "availability_zone_id": "usw2-az1",
            "cidr_block": "10.0.102.0/24",
            "customer_owned_ipv4_pool": "",
            "enable_dns64": false,
            "enable_resource_name_dns_a_record_on_launch": false,
            "enable_resource_name_dns_aaaa_record_on_launch": false,
            "id": "subnet-0466dfbb07bc3c3ae",
            "ipv6_cidr_block": "",
            "ipv6_cidr_block_association_id": "",
            "ipv6_native": false,
            "map_customer_owned_ip_on_launch": false,
            "map_public_ip_on_launch": true,
            "outpost_arn": "",
            "owner_id": "872224457307",
            "private_dns_hostname_type_on_launch": "ip-name",
            "tags": {
              "Name": "spikademo-vpc-public-us-west-2b"
            },
            "tags_all": {
              "Name": "spikademo-vpc-public-us-west-2b"
            },
            "timeouts": null,
            "vpc_id": "vpc-07a113c4ad2d34a50"
          },
          "sensitive_attributes": [],
          "private": "eyJlMmJmYjczMC1lY2FhLTExZTYtOGY4OC0zNDM2M2JjN2M0YzAiOnsiY3JlYXRlIjo2MDAwMDAwMDAwMDAsImRlbGV0ZSI6MTIwMDAwMDAwMDAwMH0sInNjaGVtYV92ZXJzaW9uIjoiMSJ9",
          "dependencies": [
            "module.networking.data.aws_availability_zones.available",
            "module.networking.module.vpc.aws_vpc.this",
            "module.networking.module.vpc.aws_vpc_ipv4_cidr_block_association.this"
          ],
          "create_before_destroy": true
        }
      ]
    },
    {
      "module": "module.networking.module.vpc",
      "mode": "managed",
      "type": "aws_vpc",
      "name": "this",
      "provider": "provider[\"registry.terraform.io/hashicorp/aws\"]",
      "instances": [
        {
          "index_key": 0,
          "schema_version": 1,
          "attributes": {
            "arn": "arn:aws:ec2:us-west-2:872224457307:vpc/vpc-07a113c4ad2d34a50",
            "assign_generated_ipv6_cidr_block": false,
            "cidr_block": "10.0.0.0/16",
            "default_network_acl_id": "acl-0221c82c140a29304",
            "default_route_table_id": "rtb-0be8e79633eb17798",
            "default_security_group_id": "sg-0c4f4bba5b71c48fa",
            "dhcp_options_id": "dopt-47fee32f",
            "enable_classiclink": false,
            "enable_classiclink_dns_support": false,
            "enable_dns_hostnames": true,
            "enable_dns_support": true,
            "enable_network_address_usage_metrics": false,
            "id": "vpc-07a113c4ad2d34a50",
            "instance_tenancy": "default",
            "ipv4_ipam_pool_id": null,
            "ipv4_netmask_length": null,
            "ipv6_association_id": "",
            "ipv6_cidr_block": "",
            "ipv6_cidr_block_network_border_group": "",
            "ipv6_ipam_pool_id": "",
            "ipv6_netmask_length": 0,
            "main_route_table_id": "rtb-0be8e79633eb17798",
            "owner_id": "872224457307",
            "tags": {
              "Name": "spikademo-vpc"
            },
            "tags_all": {
              "Name": "spikademo-vpc"
            }
          },
          "sensitive_attributes": [],
          "private": "eyJzY2hlbWFfdmVyc2lvbiI6IjEifQ==",
          "create_before_destroy": true
        }
      ]
    },
    {
      "module": "module.ssh-key",
      "mode": "managed",
      "type": "aws_key_pair",
      "name": "key_pair",
      "provider": "provider[\"registry.terraform.io/hashicorp/aws\"]",
      "instances": [
        {
          "schema_version": 1,
          "attributes": {
            "arn": "arn:aws:ec2:us-west-2:872224457307:key-pair/spikademo-key",
            "fingerprint": "8c:ce:ba:3b:43:9c:25:6f:3f:6b:aa:c2:03:82:b4:5e",
            "id": "spikademo-key",
            "key_name": "spikademo-key",
            "key_name_prefix": "",
            "key_pair_id": "key-0aed317d96a253e86",
            "key_type": "rsa",
            "public_key": "ssh-rsa AAAAB3NzaC1yc2EAAAADAQABAAABAQC2ovmfeQHNtjWoyd9xtfcsMgi+dkoSxgueF4bgL5GT+4wqzFIOFSzwpFJR+LWYyLNaR46FML1ndAsjvzboDkzDiY6Ac6JIHcpN9Lyg2tIaqR8py7QeQuIt7C7UOQUvRPxeRLf+HuEft6mBtr9mxjUwAhLfCcU4oN5atUjc1ptwMy64NeNmMqjG4a3kxQp1NIKi3BtMM3Tzz8+c4d6eUCoC16pi+CFfTVMPEqzGwv+FouT8cHov/UqkmhHKh3t9a3G0WWa2hL1XSsC90FAuxLHRUjkyhWI3Ebn9sGhuyB8vLOqMC6JILFpurrj8JudjWGiDYnX87pxE6QK2OlzOJ8Kr",
            "tags": null,
            "tags_all": {}
          },
          "sensitive_attributes": [],
          "private": "eyJzY2hlbWFfdmVyc2lvbiI6IjEifQ==",
          "dependencies": [
            "module.ssh-key.tls_private_key.key"
          ],
          "create_before_destroy": true
        }
      ]
    },
    {
      "module": "module.ssh-key",
      "mode": "managed",
      "type": "local_file",
      "name": "private_key",
      "provider": "provider[\"registry.terraform.io/hashicorp/local\"]",
      "instances": [
        {
          "schema_version": 0,
          "attributes": {
            "content": null,
            "content_base64": null,
            "directory_permission": "0777",
            "file_permission": "0400",
            "filename": "spikademo-key.pem",
            "id": "a806726546f01c75a7cae8d8e07575a3bddf2719",
            "sensitive_content": "-----BEGIN RSA PRIVATE KEY-----\nMIIEowIBAAKCAQEAtqL5n3kBzbY1qMnfcbX3LDIIvnZKEsYLnheG4C+Rk/uMKsxS\nDhUs8KRSUfi1mMizWkeOhTC9Z3QLI7826A5Mw4mOgHOiSB3KTfS8oNrSGqkfKcu0\nHkLiLewu1DkFL0T8XkS3/h7hH7epgba/ZsY1MAIS3wnFOKDeWrVI3NabcDMuuDXj\nZjKoxuGt5MUKdTSCotwbTDN088/PnOHenlAqAteqYvghX01TDxKsxsL/haLk/HB6\nL/1KpJoRyod7fWtxtFlmtoS9V0rAvdBQLsSx0VI5MoViNxG5/bBobsgfLyzqjAui\nSCxabq64/CbnY1hog2J1/O6cROkCtjpczifCqwIDAQABAoIBAAV4bjernTU3LvZG\nTa4PQD8PpJln26IiUnjCxaRzaE3ha/pgMlj/o1/13A1egLn50P10RT2SDypJHIhO\nkutyejQlK6KHVCYK1mNtYDUFOOPZivhqhJOfdzze5SwwJQqca167ejNfY2jazHX5\nLlR6vV8ZwMzzcvfWQbK/2VXcC73ZjZW/bj3pQd05/F7ZKt5ETYXiryGBArC90t5O\no2JWgFikrQBxICtJY3R2+69naASzyk2Sc/53mdqPccljpznxsPmTb1cawaG5inIA\n1En2UvqsUJsopwM2EXTS1chg5gQ8iF4qpaTdfeitcwXTgkONVBVSWUX6sxcFobDf\nUwoX++kCgYEAwdGXGzi2UBbjgDZQGPKIjn0fdlUjv2Jdke8VzUFOWotp7TGw6L9w\nX3sEueEuV6l05THJZF7diDGg/axwjFQaKt9D97EaU2Idxp/yX2QqMqWgzq6nvou8\nyMfzp5JZrmmgtWMFkk42a+4r9dGA19bTh2L/11CUIsirGd6hgZ2dbu8CgYEA8Tr+\nxFnkLyc1qAe4JJNXmqjnra2e4IGZamSzMwNMUTVOfH4TG1u3CPwycd5EAXB72tZr\n7zmjLHQbl7m+seuDPDvtBEX1E7E1TR5aUO7HPGZXIlXL4YCtJP9ymZQ5cQPQNEld\nM+dLQD+mJK3npYP3Cbr/jxyDBhtAS15PtMs06AUCgYEAidIJyzeWnHjKKT910WeV\nJw1eM/zywIKn2r/SFvRbTRNZrWrqS3bl519IywyOsZM0Jk4y0QaMLO5tdjUKix66\nxMWiRR1QhP5+AeF2rdJCF2WjZZTYfyxKf9N/NSdiUh2WQ6U4LwMiu7jO1au2HMUM\nAXeqSWdpDxr2YBzpZ4u2iU0CgYBTA4NS3MBavbqIRYfIBnB6R6/ao8nt5ot+AoNs\nhbEIrTiCPPykSI6XZ/qQFvX+LNBigbGJFKOjk50/PGt0XOC/pLuu4cgx66S1EkHw\nYgtsLKfFqBLOWnK7LbEpSsntq2tF4w1Q5EKQLJcnPjVeTyh/T7vMavpn6o7YoO76\n/4cIZQKBgFDGJBBIdj/fTyHz1VB+M2zOy6WCj2Ogdk1XL8hiCeRAuWo0vuR1bSK9\n3qOl0jHP5FYR3oflyj+GSvLUwa2dLoFLC7r2hmnc2izaeSDrhFbBYy+64avBq7ok\nTF7hRKD9YFt12nBgovyfHU5NYK+ryxIImXxv3asEzpKsyjpoKNhf\n-----END RSA PRIVATE KEY-----\n",
            "source": null
          },
          "sensitive_attributes": [
            [
              {
                "type": "get_attr",
                "value": "sensitive_content"
              }
            ]
          ],
          "private": "bnVsbA==",
          "dependencies": [
            "module.ssh-key.tls_private_key.key"
          ]
        }
      ]
    },
    {
      "module": "module.ssh-key",
      "mode": "managed",
      "type": "tls_private_key",
      "name": "key",
      "provider": "provider[\"registry.terraform.io/hashicorp/tls\"]",
      "instances": [
        {
          "schema_version": 1,
          "attributes": {
            "algorithm": "RSA",
            "ecdsa_curve": "P224",
            "id": "eee07902a0539625e0731314b58a2119451e4f2a",
            "private_key_openssh": "-----BEGIN OPENSSH PRIVATE KEY-----\nb3BlbnNzaC1rZXktdjEAAAAABG5vbmUAAAAEbm9uZQAAAAAAAAABAAABFwAAAAdz\nc2gtcnNhAAAAAwEAAQAAAQEAtqL5n3kBzbY1qMnfcbX3LDIIvnZKEsYLnheG4C+R\nk/uMKsxSDhUs8KRSUfi1mMizWkeOhTC9Z3QLI7826A5Mw4mOgHOiSB3KTfS8oNrS\nGqkfKcu0HkLiLewu1DkFL0T8XkS3/h7hH7epgba/ZsY1MAIS3wnFOKDeWrVI3Nab\ncDMuuDXjZjKoxuGt5MUKdTSCotwbTDN088/PnOHenlAqAteqYvghX01TDxKsxsL/\nhaLk/HB6L/1KpJoRyod7fWtxtFlmtoS9V0rAvdBQLsSx0VI5MoViNxG5/bBobsgf\nLyzqjAuiSCxabq64/CbnY1hog2J1/O6cROkCtjpczifCqwAAA7gC506wAudOsAAA\nAAdzc2gtcnNhAAABAQC2ovmfeQHNtjWoyd9xtfcsMgi+dkoSxgueF4bgL5GT+4wq\nzFIOFSzwpFJR+LWYyLNaR46FML1ndAsjvzboDkzDiY6Ac6JIHcpN9Lyg2tIaqR8p\ny7QeQuIt7C7UOQUvRPxeRLf+HuEft6mBtr9mxjUwAhLfCcU4oN5atUjc1ptwMy64\nNeNmMqjG4a3kxQp1NIKi3BtMM3Tzz8+c4d6eUCoC16pi+CFfTVMPEqzGwv+FouT8\ncHov/UqkmhHKh3t9a3G0WWa2hL1XSsC90FAuxLHRUjkyhWI3Ebn9sGhuyB8vLOqM\nC6JILFpurrj8JudjWGiDYnX87pxE6QK2OlzOJ8KrAAAAAwEAAQAAAQAFeG43q501\nNy72Rk2uD0A/D6SZZ9uiIlJ4wsWkc2hN4Wv6YDJY/6Nf9dwNXoC5+dD9dEU9kg8q\nSRyITpLrcno0JSuih1QmCtZjbWA1BTjj2Yr4aoSTn3c83uUsMCUKnGteu3ozX2No\n2sx1+S5Uer1fGcDM83L31kGyv9lV3Au92Y2Vv2496UHdOfxe2SreRE2F4q8hgQKw\nvdLeTqNiVoBYpK0AcSArSWN0dvuvZ2gEs8pNknP+d5naj3HJY6c58bD5k29XGsGh\nuYpyANRJ9lL6rFCbKKcDNhF00tXIYOYEPIheKqWk3X3orXMF04JDjVQVUllF+rMX\nBaGw31MKF/vpAAAAgFDGJBBIdj/fTyHz1VB+M2zOy6WCj2Ogdk1XL8hiCeRAuWo0\nvuR1bSK93qOl0jHP5FYR3oflyj+GSvLUwa2dLoFLC7r2hmnc2izaeSDrhFbBYy+6\n4avBq7okTF7hRKD9YFt12nBgovyfHU5NYK+ryxIImXxv3asEzpKsyjpoKNhfAAAA\ngQDB0ZcbOLZQFuOANlAY8oiOfR92VSO/Yl2R7xXNQU5ai2ntMbDov3BfewS54S5X\nqXTlMclkXt2IMaD9rHCMVBoq30P3sRpTYh3Gn/JfZCoypaDOrqe+i7zIx/Onklmu\naaC1YwWSTjZr7iv10YDX1tOHYv/XUJQiyKsZ3qGBnZ1u7wAAAIEA8Tr+xFnkLyc1\nqAe4JJNXmqjnra2e4IGZamSzMwNMUTVOfH4TG1u3CPwycd5EAXB72tZr7zmjLHQb\nl7m+seuDPDvtBEX1E7E1TR5aUO7HPGZXIlXL4YCtJP9ymZQ5cQPQNEldM+dLQD+m\nJK3npYP3Cbr/jxyDBhtAS15PtMs06AUAAAAAAQID\n-----END OPENSSH PRIVATE KEY-----\n",
            "private_key_pem": "-----BEGIN RSA PRIVATE KEY-----\nMIIEowIBAAKCAQEAtqL5n3kBzbY1qMnfcbX3LDIIvnZKEsYLnheG4C+Rk/uMKsxS\nDhUs8KRSUfi1mMizWkeOhTC9Z3QLI7826A5Mw4mOgHOiSB3KTfS8oNrSGqkfKcu0\nHkLiLewu1DkFL0T8XkS3/h7hH7epgba/ZsY1MAIS3wnFOKDeWrVI3NabcDMuuDXj\nZjKoxuGt5MUKdTSCotwbTDN088/PnOHenlAqAteqYvghX01TDxKsxsL/haLk/HB6\nL/1KpJoRyod7fWtxtFlmtoS9V0rAvdBQLsSx0VI5MoViNxG5/bBobsgfLyzqjAui\nSCxabq64/CbnY1hog2J1/O6cROkCtjpczifCqwIDAQABAoIBAAV4bjernTU3LvZG\nTa4PQD8PpJln26IiUnjCxaRzaE3ha/pgMlj/o1/13A1egLn50P10RT2SDypJHIhO\nkutyejQlK6KHVCYK1mNtYDUFOOPZivhqhJOfdzze5SwwJQqca167ejNfY2jazHX5\nLlR6vV8ZwMzzcvfWQbK/2VXcC73ZjZW/bj3pQd05/F7ZKt5ETYXiryGBArC90t5O\no2JWgFikrQBxICtJY3R2+69naASzyk2Sc/53mdqPccljpznxsPmTb1cawaG5inIA\n1En2UvqsUJsopwM2EXTS1chg5gQ8iF4qpaTdfeitcwXTgkONVBVSWUX6sxcFobDf\nUwoX++kCgYEAwdGXGzi2UBbjgDZQGPKIjn0fdlUjv2Jdke8VzUFOWotp7TGw6L9w\nX3sEueEuV6l05THJZF7diDGg/axwjFQaKt9D97EaU2Idxp/yX2QqMqWgzq6nvou8\nyMfzp5JZrmmgtWMFkk42a+4r9dGA19bTh2L/11CUIsirGd6hgZ2dbu8CgYEA8Tr+\nxFnkLyc1qAe4JJNXmqjnra2e4IGZamSzMwNMUTVOfH4TG1u3CPwycd5EAXB72tZr\n7zmjLHQbl7m+seuDPDvtBEX1E7E1TR5aUO7HPGZXIlXL4YCtJP9ymZQ5cQPQNEld\nM+dLQD+mJK3npYP3Cbr/jxyDBhtAS15PtMs06AUCgYEAidIJyzeWnHjKKT910WeV\nJw1eM/zywIKn2r/SFvRbTRNZrWrqS3bl519IywyOsZM0Jk4y0QaMLO5tdjUKix66\nxMWiRR1QhP5+AeF2rdJCF2WjZZTYfyxKf9N/NSdiUh2WQ6U4LwMiu7jO1au2HMUM\nAXeqSWdpDxr2YBzpZ4u2iU0CgYBTA4NS3MBavbqIRYfIBnB6R6/ao8nt5ot+AoNs\nhbEIrTiCPPykSI6XZ/qQFvX+LNBigbGJFKOjk50/PGt0XOC/pLuu4cgx66S1EkHw\nYgtsLKfFqBLOWnK7LbEpSsntq2tF4w1Q5EKQLJcnPjVeTyh/T7vMavpn6o7YoO76\n/4cIZQKBgFDGJBBIdj/fTyHz1VB+M2zOy6WCj2Ogdk1XL8hiCeRAuWo0vuR1bSK9\n3qOl0jHP5FYR3oflyj+GSvLUwa2dLoFLC7r2hmnc2izaeSDrhFbBYy+64avBq7ok\nTF7hRKD9YFt12nBgovyfHU5NYK+ryxIImXxv3asEzpKsyjpoKNhf\n-----END RSA PRIVATE KEY-----\n",
            "private_key_pem_pkcs8": "-----BEGIN PRIVATE KEY-----\nMIIEvQIBADANBgkqhkiG9w0BAQEFAASCBKcwggSjAgEAAoIBAQC2ovmfeQHNtjWo\nyd9xtfcsMgi+dkoSxgueF4bgL5GT+4wqzFIOFSzwpFJR+LWYyLNaR46FML1ndAsj\nvzboDkzDiY6Ac6JIHcpN9Lyg2tIaqR8py7QeQuIt7C7UOQUvRPxeRLf+HuEft6mB\ntr9mxjUwAhLfCcU4oN5atUjc1ptwMy64NeNmMqjG4a3kxQp1NIKi3BtMM3Tzz8+c\n4d6eUCoC16pi+CFfTVMPEqzGwv+FouT8cHov/UqkmhHKh3t9a3G0WWa2hL1XSsC9\n0FAuxLHRUjkyhWI3Ebn9sGhuyB8vLOqMC6JILFpurrj8JudjWGiDYnX87pxE6QK2\nOlzOJ8KrAgMBAAECggEABXhuN6udNTcu9kZNrg9APw+kmWfboiJSeMLFpHNoTeFr\n+mAyWP+jX/XcDV6AufnQ/XRFPZIPKkkciE6S63J6NCUroodUJgrWY21gNQU449mK\n+GqEk593PN7lLDAlCpxrXrt6M19jaNrMdfkuVHq9XxnAzPNy99ZBsr/ZVdwLvdmN\nlb9uPelB3Tn8Xtkq3kRNheKvIYECsL3S3k6jYlaAWKStAHEgK0ljdHb7r2doBLPK\nTZJz/neZ2o9xyWOnOfGw+ZNvVxrBobmKcgDUSfZS+qxQmyinAzYRdNLVyGDmBDyI\nXiqlpN196K1zBdOCQ41UFVJZRfqzFwWhsN9TChf76QKBgQDB0ZcbOLZQFuOANlAY\n8oiOfR92VSO/Yl2R7xXNQU5ai2ntMbDov3BfewS54S5XqXTlMclkXt2IMaD9rHCM\nVBoq30P3sRpTYh3Gn/JfZCoypaDOrqe+i7zIx/OnklmuaaC1YwWSTjZr7iv10YDX\n1tOHYv/XUJQiyKsZ3qGBnZ1u7wKBgQDxOv7EWeQvJzWoB7gkk1eaqOetrZ7ggZlq\nZLMzA0xRNU58fhMbW7cI/DJx3kQBcHva1mvvOaMsdBuXub6x64M8O+0ERfUTsTVN\nHlpQ7sc8ZlciVcvhgK0k/3KZlDlxA9A0SV0z50tAP6Ykreelg/cJuv+PHIMGG0BL\nXk+0yzToBQKBgQCJ0gnLN5aceMopP3XRZ5UnDV4z/PLAgqfav9IW9FtNE1mtaupL\nduXnX0jLDI6xkzQmTjLRBows7m12NQqLHrrExaJFHVCE/n4B4Xat0kIXZaNllNh/\nLEp/0381J2JSHZZDpTgvAyK7uM7Vq7YcxQwBd6pJZ2kPGvZgHOlni7aJTQKBgFMD\ng1LcwFq9uohFh8gGcHpHr9qjye3mi34Cg2yFsQitOII8/KRIjpdn+pAW9f4s0GKB\nsYkUo6OTnT88a3Rc4L+ku67hyDHrpLUSQfBiC2wsp8WoEs5acrstsSlKye2ra0Xj\nDVDkQpAslyc+NV5PKH9Pu8xq+mfqjtig7vr/hwhlAoGAUMYkEEh2P99PIfPVUH4z\nbM7LpYKPY6B2TVcvyGIJ5EC5ajS+5HVtIr3eo6XSMc/kVhHeh+XKP4ZK8tTBrZ0u\ngUsLuvaGadzaLNp5IOuEVsFjL7rhq8GruiRMXuFEoP1gW3XacGCi/J8dTk1gr6vL\nEgiZfG/dqwTOkqzKOmgo2F8=\n-----END PRIVATE KEY-----\n",
            "public_key_fingerprint_md5": "14:f4:eb:83:15:ea:63:1f:f7:71:b7:e4:3c:72:48:62",
            "public_key_fingerprint_sha256": "SHA256:4RYOM9a6Dui9qrk/Hpxv3+KBw0YK1Gytgbo9XGztw00",
            "public_key_openssh": "ssh-rsa AAAAB3NzaC1yc2EAAAADAQABAAABAQC2ovmfeQHNtjWoyd9xtfcsMgi+dkoSxgueF4bgL5GT+4wqzFIOFSzwpFJR+LWYyLNaR46FML1ndAsjvzboDkzDiY6Ac6JIHcpN9Lyg2tIaqR8py7QeQuIt7C7UOQUvRPxeRLf+HuEft6mBtr9mxjUwAhLfCcU4oN5atUjc1ptwMy64NeNmMqjG4a3kxQp1NIKi3BtMM3Tzz8+c4d6eUCoC16pi+CFfTVMPEqzGwv+FouT8cHov/UqkmhHKh3t9a3G0WWa2hL1XSsC90FAuxLHRUjkyhWI3Ebn9sGhuyB8vLOqMC6JILFpurrj8JudjWGiDYnX87pxE6QK2OlzOJ8Kr\n",
            "public_key_pem": "-----BEGIN PUBLIC KEY-----\nMIIBIjANBgkqhkiG9w0BAQEFAAOCAQ8AMIIBCgKCAQEAtqL5n3kBzbY1qMnfcbX3\nLDIIvnZKEsYLnheG4C+Rk/uMKsxSDhUs8KRSUfi1mMizWkeOhTC9Z3QLI7826A5M\nw4mOgHOiSB3KTfS8oNrSGqkfKcu0HkLiLewu1DkFL0T8XkS3/h7hH7epgba/ZsY1\nMAIS3wnFOKDeWrVI3NabcDMuuDXjZjKoxuGt5MUKdTSCotwbTDN088/PnOHenlAq\nAteqYvghX01TDxKsxsL/haLk/HB6L/1KpJoRyod7fWtxtFlmtoS9V0rAvdBQLsSx\n0VI5MoViNxG5/bBobsgfLyzqjAuiSCxabq64/CbnY1hog2J1/O6cROkCtjpczifC\nqwIDAQAB\n-----END PUBLIC KEY-----\n",
            "rsa_bits": 2048
          },
          "sensitive_attributes": [],
          "create_before_destroy": true
        }
      ]
    },
    {
      "module": "module.storage",
      "mode": "managed",
      "type": "aws_efs_file_system",
      "name": "efs",
      "provider": "provider[\"registry.terraform.io/hashicorp/aws\"]",
      "instances": [
        {
          "schema_version": 0,
          "attributes": {
            "arn": "arn:aws:elasticfilesystem:us-west-2:872224457307:file-system/fs-011792c843635e5a2",
            "availability_zone_id": "",
            "availability_zone_name": "",
            "creation_token": "spikademo-efs",
            "dns_name": "fs-011792c843635e5a2.efs.us-west-2.amazonaws.com",
            "encrypted": false,
            "id": "fs-011792c843635e5a2",
            "kms_key_id": "",
            "lifecycle_policy": [],
            "number_of_mount_targets": 0,
            "owner_id": "872224457307",
            "performance_mode": "generalPurpose",
            "provisioned_throughput_in_mibps": 0,
            "size_in_bytes": [
              {
                "value": 6144,
                "value_in_ia": 0,
                "value_in_standard": 6144
              }
            ],
            "tags": {
              "Name": "spikademo-filestorage"
            },
            "tags_all": {
              "Name": "spikademo-filestorage"
            },
            "throughput_mode": "bursting"
          },
          "sensitive_attributes": [],
          "private": "bnVsbA==",
          "create_before_destroy": true
        }
      ]
    },
    {
      "module": "module.storage",
      "mode": "managed",
      "type": "aws_efs_mount_target",
      "name": "mount",
      "provider": "provider[\"registry.terraform.io/hashicorp/aws\"]",
      "instances": [
        {
          "schema_version": 0,
          "attributes": {
            "availability_zone_id": "usw2-az2",
            "availability_zone_name": "us-west-2a",
            "dns_name": "fs-011792c843635e5a2.efs.us-west-2.amazonaws.com",
            "file_system_arn": "arn:aws:elasticfilesystem:us-west-2:872224457307:file-system/fs-011792c843635e5a2",
            "file_system_id": "fs-011792c843635e5a2",
            "id": "fsmt-00f3b3365819d7d61",
            "ip_address": "10.0.101.104",
            "mount_target_dns_name": "us-west-2a.fs-011792c843635e5a2.efs.us-west-2.amazonaws.com",
            "network_interface_id": "eni-058b5ff4f14b2343b",
            "owner_id": "872224457307",
            "security_groups": [
              "sg-0d0acf16c675f06f5"
            ],
            "subnet_id": "subnet-062bd99b0da7f8d2f"
          },
          "sensitive_attributes": [],
          "private": "bnVsbA==",
          "dependencies": [
            "module.networking.aws_security_group.allow_pub",
            "module.networking.data.aws_availability_zones.available",
            "module.networking.module.vpc.aws_subnet.public",
            "module.networking.module.vpc.aws_vpc.this",
            "module.networking.module.vpc.aws_vpc_ipv4_cidr_block_association.this",
            "module.storage.aws_efs_file_system.efs"
          ]
        }
      ]
    }
  ],
  "check_results": []
}
